{
  "version": 4,
  "terraform_version": "1.3.9",
  "serial": 107,
  "lineage": "b5136c3c-456f-ccd3-4f1a-d57df23c591e",
  "outputs": {
    "application_teams_configure_kubectl": {
      "value": "aws eks --region ap-southeast-1 update-kubeconfig --name eks-blueprints-no-cilium  --role-arn arn:aws:iam::535479350247:role/eks-blueprints-no-cilium-team-riker-access",
      "type": "string"
    },
    "configure_kubectl": {
      "value": "aws eks --region ap-southeast-1 update-kubeconfig --name eks-blueprints-no-cilium",
      "type": "string"
    },
    "platform_teams_configure_kubectl": {
      "value": "aws eks --region ap-southeast-1 update-kubeconfig --name eks-blueprints-no-cilium  --role-arn arn:aws:iam::535479350247:role/eks-blueprints-no-cilium-admin-access",
      "type": "string"
    },
    "teams": {
      "value": [
        {
          "application_teams_configure_kubectl": {
            "team-riker": "aws eks --region ap-southeast-1 update-kubeconfig --name eks-blueprints-no-cilium  --role-arn arn:aws:iam::535479350247:role/eks-blueprints-no-cilium-team-riker-access"
          },
          "application_teams_iam_role_arn": {
            "team-riker": "arn:aws:iam::535479350247:role/eks-blueprints-no-cilium-team-riker-access"
          },
          "platform_teams_configure_kubectl": {
            "admin": "aws eks --region ap-southeast-1 update-kubeconfig --name eks-blueprints-no-cilium  --role-arn arn:aws:iam::535479350247:role/eks-blueprints-no-cilium-admin-access"
          },
          "platform_teams_iam_role_arn": {
            "admin": "arn:aws:iam::535479350247:role/eks-blueprints-no-cilium-admin-access"
          },
          "team_sa_irsa_iam_role": {
            "team-riker": "eks-blueprints-no-cilium-team-riker-sa-role"
          },
          "team_sa_irsa_iam_role_arn": {
            "team-riker": "arn:aws:iam::535479350247:role/eks-blueprints-no-cilium-team-riker-sa-role"
          }
        }
      ],
      "type": [
        "list",
        [
          "object",
          {
            "application_teams_configure_kubectl": [
              "map",
              "string"
            ],
            "application_teams_iam_role_arn": [
              "map",
              "string"
            ],
            "platform_teams_configure_kubectl": [
              "map",
              "string"
            ],
            "platform_teams_iam_role_arn": [
              "map",
              "string"
            ],
            "team_sa_irsa_iam_role": [
              "map",
              "string"
            ],
            "team_sa_irsa_iam_role_arn": [
              "map",
              "string"
            ]
          }
        ]
      ]
    }
  },
  "resources": [
    {
      "mode": "data",
      "type": "aws_availability_zones",
      "name": "available",
      "provider": "provider[\"registry.terraform.io/hashicorp/aws\"]",
      "instances": [
        {
          "schema_version": 0,
          "attributes": {
            "all_availability_zones": null,
            "exclude_names": null,
            "exclude_zone_ids": null,
            "filter": null,
            "group_names": [
              "ap-southeast-1"
            ],
            "id": "ap-southeast-1",
            "names": [
              "ap-southeast-1a",
              "ap-southeast-1b",
              "ap-southeast-1c"
            ],
            "state": "available",
            "timeouts": null,
            "zone_ids": [
              "apse1-az1",
              "apse1-az2",
              "apse1-az3"
            ]
          },
          "sensitive_attributes": []
        }
      ]
    },
    {
      "mode": "data",
      "type": "aws_caller_identity",
      "name": "current",
      "provider": "provider[\"registry.terraform.io/hashicorp/aws\"]",
      "instances": [
        {
          "schema_version": 0,
          "attributes": {
            "account_id": "535479350247",
            "arn": "arn:aws:sts::535479350247:assumed-role/AWSReservedSSO_AWSAdministratorAccess_9e93d8e0500e8de7/deepyan+main-dev@amazon.com",
            "id": "535479350247",
            "user_id": "AROAXZLIOOPTSIGI7NIOW:deepyan+main-dev@amazon.com"
          },
          "sensitive_attributes": []
        }
      ]
    },
    {
      "mode": "data",
      "type": "aws_eks_cluster",
      "name": "cluster",
      "provider": "provider[\"registry.terraform.io/hashicorp/aws\"]",
      "instances": [
        {
          "schema_version": 0,
          "attributes": {
            "arn": "arn:aws:eks:ap-southeast-1:535479350247:cluster/eks-blueprints-no-cilium",
            "certificate_authority": [
              {
                "data": "LS0tLS1CRUdJTiBDRVJUSUZJQ0FURS0tLS0tCk1JSUMvakNDQWVhZ0F3SUJBZ0lCQURBTkJna3Foa2lHOXcwQkFRc0ZBREFWTVJNd0VRWURWUVFERXdwcmRXSmwKY201bGRHVnpNQjRYRFRJek1EUXhPREE0TXpRMU9Gb1hEVE16TURReE5UQTRNelExT0Zvd0ZURVRNQkVHQTFVRQpBeE1LYTNWaVpYSnVaWFJsY3pDQ0FTSXdEUVlKS29aSWh2Y05BUUVCQlFBRGdnRVBBRENDQVFvQ2dnRUJBTmpUClB4SHE2M1Q4NFJYdUpKTUlvWnRaeDFWSnh2QU1qTEU5ZmtVeThnNk8vRGthY1RveG5uaytZSGJkYTdFV1E1SzkKR3JzZVh0T011dXI4cVRYZGNuVGxTaXo0ZithUHUzV3U0M2x1Ylp0TU1Fd0tPSHM1QzdPZXF4MjFlbEhsaTNNSAoxbUdvTE9xZ3Bpd3dpZU10Tm4zZHRSbnVtUldMU3JWelRyUDJaWG1TcFNXcWk2b1RCQWp1d1Z3L3NYamg4S2ZLCnMwcEZ5WExYVUNsb0NrY3NaOS82c0hwRW85aVVyQkZ4R3VNKyticlYxVkowWVhENnovbFNXcGw4NFRkanhIeU4KR1k4QUF1dkdXUnpCM1JueFovQUI0R2piRU5RcDFKd2Nvclppc3RGcmxsam1pUWFsaGw3UWJDbnFGRERRZTJ0MgpMd1VHMHk4MUtPdHVBYW1aSFVFQ0F3RUFBYU5aTUZjd0RnWURWUjBQQVFIL0JBUURBZ0trTUE4R0ExVWRFd0VCCi93UUZNQU1CQWY4d0hRWURWUjBPQkJZRUZPLzVYVUlCZExCYUxuZEJzbjY5dG5pRHpKaW1NQlVHQTFVZEVRUU8KTUF5Q0NtdDFZbVZ5Ym1WMFpYTXdEUVlKS29aSWh2Y05BUUVMQlFBRGdnRUJBTUhXekNNanVjSkRlUUJGbWJ3YwordzgxaXZHZTRLR0FnWU5NWk9LYmVza1dpejY3MTRIS3E5L0xFcDJIS0tmUkxScTZJRmZpUFdsTmRLemJNSXo0ClNkaFlkRmdwbUhJM3N5TFdHNFVaZjlHcWdGV0JJMmNnQS95aWp4UVNJMkN4SXZxR3kyeVgrV25pdG5RTm5MUmkKcGVZaXJsVUlkdnRFN2kxUzJiOE9jeE55Mm00SG9sdW1SRTJpbUg0MlgvRWQvL3FBWEgzYVRJNVB4V09uT0V2OQpaakpkaHErQzBsczA1Y0xsOFNXVms1SDdSd1BzSXNjM3pMZkpNU1BkVFB0VmtkdmYvY0s2eTBta1p3RU9RWEZ4Clp5ZUg3RW9MYUxIL2lsQ0FlQmJmWkVEbXZaWXo5NTBWTURiSDFTdDEwUWFLRXo1QkRYcGZuUnpkNWlyeVVrQmMKOVkwPQotLS0tLUVORCBDRVJUSUZJQ0FURS0tLS0tCg=="
              }
            ],
            "cluster_id": null,
            "created_at": "2023-04-18 08:29:52.389 +0000 UTC",
            "enabled_cluster_log_types": [
              "api",
              "audit",
              "authenticator",
              "controllerManager",
              "scheduler"
            ],
            "endpoint": "https://4E1D1891A6BC9B4979B6F5C288CF37CC.gr7.ap-southeast-1.eks.amazonaws.com",
            "id": "eks-blueprints-no-cilium",
            "identity": [
              {
                "oidc": [
                  {
                    "issuer": "https://oidc.eks.ap-southeast-1.amazonaws.com/id/4E1D1891A6BC9B4979B6F5C288CF37CC"
                  }
                ]
              }
            ],
            "kubernetes_network_config": [
              {
                "ip_family": "ipv4",
                "service_ipv4_cidr": "10.100.0.0/16",
                "service_ipv6_cidr": ""
              }
            ],
            "name": "eks-blueprints-no-cilium",
            "outpost_config": [],
            "platform_version": "eks.5",
            "role_arn": "arn:aws:iam::535479350247:role/eks-blueprints-no-cilium-cluster-role",
            "status": "ACTIVE",
            "tags": {
              "Blueprint": "eks-blueprints-no-cilium",
              "GithubRepo": "https://github.com/aws-ia/terraform-aws-eks-blueprints/tree/v4.24.0/examples"
            },
            "version": "1.24",
            "vpc_config": [
              {
                "cluster_security_group_id": "sg-063af89de600fe989",
                "endpoint_private_access": false,
                "endpoint_public_access": true,
                "public_access_cidrs": [
                  "0.0.0.0/0"
                ],
                "security_group_ids": [
                  "sg-074da5918f6bd0ae5"
                ],
                "subnet_ids": [
                  "subnet-0a421732677fa63d2",
                  "subnet-0ee314ff01d715733"
                ],
                "vpc_id": "vpc-00e8a5494e255e7e6"
              }
            ]
          },
          "sensitive_attributes": []
        }
      ]
    },
    {
      "mode": "data",
      "type": "aws_eks_cluster_auth",
      "name": "this",
      "provider": "provider[\"registry.terraform.io/hashicorp/aws\"]",
      "instances": [
        {
          "schema_version": 0,
          "attributes": {
            "id": "eks-blueprints-no-cilium",
            "name": "eks-blueprints-no-cilium",
            "token": "k8s-aws-v1.aHR0cHM6Ly9zdHMuYW1hem9uYXdzLmNvbS8_QWN0aW9uPUdldENhbGxlcklkZW50aXR5JlZlcnNpb249MjAxMS0wNi0xNSZYLUFtei1BbGdvcml0aG09QVdTNC1ITUFDLVNIQTI1NiZYLUFtei1DcmVkZW50aWFsPUFTSUFYWkxJT09QVFlFWkJBWEtNJTJGMjAyMzA0MTglMkZ1cy1lYXN0LTElMkZzdHMlMkZhd3M0X3JlcXVlc3QmWC1BbXotRGF0ZT0yMDIzMDQxOFQwODU0MjdaJlgtQW16LUV4cGlyZXM9MCZYLUFtei1TZWN1cml0eS1Ub2tlbj1JUW9KYjNKcFoybHVYMlZqRUdFYURtRndMWE52ZFhSb1pXRnpkQzB4SWtjd1JRSWdaOXh3TzBMenphUmtNejdIbk9GdXVRclQyeUtVJTJCZjllWW1lWjVrMXc5eUFDSVFDbkV5T0hvUVRkd3lqMkdiQXZHcyUyRlg0Q1ZtWm02MkdBZzhnMWJHc2FHWGtTcWdBd2hhRUFBYUREVXpOVFEzT1RNMU1ESTBOeUlNZ2JyaklmbkF5VE5JV0FiRkt2MEMxcTZoZXFyZCUyRklxWnFQaFhmWDVLbkJUSzFUTGNvR1ozVHglMkJ2UjU4aDhVJTJGNTF3a2VTV0NnWmtyTjFuVDB2NnRHUjZKYllvTUI3WU1FckFtUWs5T2dlUHZPMDJSVkE4QWxDaUJVVG9YcUJjaEElMkIzSWYyVEUlMkJGUmhXTTVKcExYRkVIc3BaWG1RdmpCUG91R3JjaGclMkZlRGI0b3ZweHQlMkY4Mnp5NFBsdFolMkZFUkZsTUJ2R0t4bFI3dHF2SU4wUEZZSVdmRFRacnIlMkJlRnlwZWpkR1J3ajl3ZVdsaVE2V1JKUm1rbSUyRkNBQmpVZGklMkZqV2dTYW5UZmdKUno2ejk2a3J0ak42V0VTRFpRJTJCbk5vZlNONktqVXdaN1cyRUJ1ajJlQyUyRnNmN0N3dUZUTTBXMmY2ZkVjMHlsT0xGaVVxR3lzdnowOFcwaCUyRnlWcjZocGpKT2JheW9KalpPemtOR0hmZ3RFM3JXWDVnNklLVFhTOW1oNDJCbFltM1FSbUlOVUVFVmJmd0FiaFBnUndMT1hJT1JOWUJTNyUyQmQlMkZlc2ZYcjBkNFZUdE00Rzh0RjclMkJ3dXpNMEp4cm8lMkIxJTJCMTVURXNsemRYNm14eHlJN1FMdlRaOFJOOTJxJTJCT0xFcm1ibmhwSUZqQ3Q1RlJKZHNaS1BLS3FTYU0xeGMycXBaSFF6Z1Q2MlJzTk1MeTElMkJhRUdPcVlCVUZmOXZTT0FFWCUyQmJoJTJGNjRwM3VWNXJybzJVb2k1S1YlMkJaM1FFdXo4TjJjOWdYUlhWYmYlMkZQN0hmV2ZoaVp4M05FZ1hEM00wbUFOaWl5VTBjM1VNNVN1RVJWaWNWcTYwJTJCM2NMWWxURnBidlg1ZHFKY0tMYUUlMkJFUGRDeTdmWHBEN0glMkZxREhKM3R5N3hzc3VydFdVT2tjN0M5ZzFNTXdYRXRkOWU3OU5ON1lYbGE3Q1M3bDZ2VDRKT3RKMUFiakpZbUx2RGRyMWszblBTekd2JTJCbWtIR21FRXlrYXBqekslMkZRJTNEJTNEJlgtQW16LVNpZ25lZEhlYWRlcnM9aG9zdCUzQngtazhzLWF3cy1pZCZYLUFtei1TaWduYXR1cmU9MWVhNDFlZjI4YzFkYjgyZmUyZDIyM2RlMTdhMTNiZDZiMGYxYmY0N2UxN2I5NTg3N2I4MjFkNGVkYTc5MzhlYw"
          },
          "sensitive_attributes": []
        }
      ]
    },
    {
      "mode": "data",
      "type": "aws_region",
      "name": "current",
      "provider": "provider[\"registry.terraform.io/hashicorp/aws\"]",
      "instances": [
        {
          "schema_version": 0,
          "attributes": {
            "description": "Asia Pacific (Singapore)",
            "endpoint": "ec2.ap-southeast-1.amazonaws.com",
            "id": "ap-southeast-1",
            "name": "ap-southeast-1"
          },
          "sensitive_attributes": []
        }
      ]
    },
    {
      "mode": "data",
      "type": "kubectl_path_documents",
      "name": "karpenter_provisioners",
      "provider": "provider[\"registry.terraform.io/gavinbunney/kubectl\"]",
      "instances": [
        {
          "schema_version": 0,
          "attributes": {
            "disable_template": false,
            "documents": [
              "apiVersion: karpenter.k8s.aws/v1alpha1\nkind: AWSNodeTemplate\nmetadata:\n  name: karpenter-default\nspec:\n  instanceProfile: eks-blueprints-no-cilium-managed-ondemand\n  subnetSelector:\n    kubernetes.io/cluster/eks-blueprints-no-cilium: '*'\n    kubernetes.io/role/internal-elb: '1'\n  securityGroupSelector:\n    aws:eks:cluster-name: eks-blueprints-no-cilium\n  tags:\n    karpenter.sh/cluster_name: eks-blueprints-no-cilium\n    karpenter.sh/provisioner: team",
              "apiVersion: karpenter.sh/v1alpha5\nkind: Provisioner\nmetadata:\n  name: default\nspec:\n  requirements:\n    - key: karpenter.k8s.aws/instance-family\n      operator: NotIn\n      values:\n      - a1\n      - c1\n      - c3\n      - inf1\n      - t3\n      - t2\n    - key: karpenter.k8s.aws/instance-cpu\n      operator: Lt\n      values:\n        - \"33\"\n    - key: 'kubernetes.io/arch'\n      operator: In\n      values: ['amd64']\n    - key: karpenter.sh/capacity-type\n      operator: In\n      values: ['on-demand', 'spot']\n  providerRef:\n    name: karpenter-default\n    tags:\n      karpenter.sh/cluster_name: eks-blueprints-no-cilium\n      karpenter.sh/provisioner: default\n  ttlSecondsAfterEmpty: 60\n  limits:\n    resources:\n      cpu: '200'\n  labels:\n    billing-team: default\n    team: default\n    type: karpenter",
              "apiVersion: karpenter.k8s.aws/v1alpha1\nkind: AWSNodeTemplate\nmetadata:\n  name: karpenter-team-riker\nspec:\n  amiFamily: Bottlerocket\n  instanceProfile: eks-blueprints-no-cilium-managed-ondemand\n  subnetSelector:\n    kubernetes.io/cluster/eks-blueprints-no-cilium: '*'\n    kubernetes.io/role/internal-elb: '1'\n  securityGroupSelector:\n    aws:eks:cluster-name: eks-blueprints-no-cilium\n  tags:\n    karpenter.sh/cluster_name: eks-blueprints-no-cilium\n    karpenter.sh/provisioner: team-riker\n    used_by: team-riker",
              "apiVersion: karpenter.sh/v1alpha5\nkind: Provisioner\nmetadata:\n  name: team-riker\nspec:\n  requirements:\n    - key: karpenter.k8s.aws/instance-family\n      operator: NotIn\n      values:\n      - a1\n      - c1\n      - c3\n      - inf1\n      - t3\n      - t2\n    - key: karpenter.k8s.aws/instance-cpu\n      operator: Lt\n      values:\n        - \"33\"\n    - key: 'kubernetes.io/arch'\n      operator: In\n      values: ['amd64']\n    - key: karpenter.sh/capacity-type\n      operator: In\n      values: ['on-demand', 'spot']\n  providerRef:\n    name: karpenter-team-riker\n    tags:\n      karpenter.sh/cluster_name: eks-blueprints-no-cilium\n      karpenter.sh/provisioner: team-riker\n  ttlSecondsAfterEmpty: 60\n  limits:\n    resources:\n      cpu: '200'\n  labels:\n    billing-team: team-riker\n    team: team-riker\n    type: karpenter\n  taints:\n    - key: karpenter\n      value: 'true'\n      effect: NoSchedule\n    - key: billing-team\n      value: 'team-riker'\n      effect: NoSchedule"
            ],
            "id": "7e94d5c57f35c333b8fd985e6f7e1cfeea5a77cd8fe7fbd1df71327703f958f8",
            "manifests": {
              "/apis/karpenter.k8s.aws/v1alpha1/awsnodetemplates/karpenter-default": "apiVersion: karpenter.k8s.aws/v1alpha1\nkind: AWSNodeTemplate\nmetadata:\n  name: karpenter-default\nspec:\n  instanceProfile: eks-blueprints-no-cilium-managed-ondemand\n  securityGroupSelector:\n    aws:eks:cluster-name: eks-blueprints-no-cilium\n  subnetSelector:\n    kubernetes.io/cluster/eks-blueprints-no-cilium: '*'\n    kubernetes.io/role/internal-elb: \"1\"\n  tags:\n    karpenter.sh/cluster_name: eks-blueprints-no-cilium\n    karpenter.sh/provisioner: team\n",
              "/apis/karpenter.k8s.aws/v1alpha1/awsnodetemplates/karpenter-team-riker": "apiVersion: karpenter.k8s.aws/v1alpha1\nkind: AWSNodeTemplate\nmetadata:\n  name: karpenter-team-riker\nspec:\n  amiFamily: Bottlerocket\n  instanceProfile: eks-blueprints-no-cilium-managed-ondemand\n  securityGroupSelector:\n    aws:eks:cluster-name: eks-blueprints-no-cilium\n  subnetSelector:\n    kubernetes.io/cluster/eks-blueprints-no-cilium: '*'\n    kubernetes.io/role/internal-elb: \"1\"\n  tags:\n    karpenter.sh/cluster_name: eks-blueprints-no-cilium\n    karpenter.sh/provisioner: team-riker\n    used_by: team-riker\n",
              "/apis/karpenter.sh/v1alpha5/provisioners/default": "apiVersion: karpenter.sh/v1alpha5\nkind: Provisioner\nmetadata:\n  name: default\nspec:\n  labels:\n    billing-team: default\n    team: default\n    type: karpenter\n  limits:\n    resources:\n      cpu: \"200\"\n  providerRef:\n    name: karpenter-default\n    tags:\n      karpenter.sh/cluster_name: eks-blueprints-no-cilium\n      karpenter.sh/provisioner: default\n  requirements:\n  - key: karpenter.k8s.aws/instance-family\n    operator: NotIn\n    values:\n    - a1\n    - c1\n    - c3\n    - inf1\n    - t3\n    - t2\n  - key: karpenter.k8s.aws/instance-cpu\n    operator: Lt\n    values:\n    - \"33\"\n  - key: kubernetes.io/arch\n    operator: In\n    values:\n    - amd64\n  - key: karpenter.sh/capacity-type\n    operator: In\n    values:\n    - on-demand\n    - spot\n  ttlSecondsAfterEmpty: 60\n",
              "/apis/karpenter.sh/v1alpha5/provisioners/team-riker": "apiVersion: karpenter.sh/v1alpha5\nkind: Provisioner\nmetadata:\n  name: team-riker\nspec:\n  labels:\n    billing-team: team-riker\n    team: team-riker\n    type: karpenter\n  limits:\n    resources:\n      cpu: \"200\"\n  providerRef:\n    name: karpenter-team-riker\n    tags:\n      karpenter.sh/cluster_name: eks-blueprints-no-cilium\n      karpenter.sh/provisioner: team-riker\n  requirements:\n  - key: karpenter.k8s.aws/instance-family\n    operator: NotIn\n    values:\n    - a1\n    - c1\n    - c3\n    - inf1\n    - t3\n    - t2\n  - key: karpenter.k8s.aws/instance-cpu\n    operator: Lt\n    values:\n    - \"33\"\n  - key: kubernetes.io/arch\n    operator: In\n    values:\n    - amd64\n  - key: karpenter.sh/capacity-type\n    operator: In\n    values:\n    - on-demand\n    - spot\n  taints:\n  - effect: NoSchedule\n    key: karpenter\n    value: \"true\"\n  - effect: NoSchedule\n    key: billing-team\n    value: team-riker\n  ttlSecondsAfterEmpty: 60\n"
            },
            "pattern": "./kubernetes/karpenter/*",
            "sensitive_vars": null,
            "vars": {
              "azs": "ap-southeast-1a,ap-southeast-1b,ap-southeast-1c",
              "eks-cluster-id": "eks-blueprints-no-cilium",
              "eks-vpc_name": "eks-blueprints-no-cilium",
              "iam-instance-profile-id": "eks-blueprints-no-cilium-managed-ondemand"
            }
          },
          "sensitive_attributes": []
        }
      ]
    },
    {
      "mode": "managed",
      "type": "aws_iam_policy",
      "name": "policy",
      "provider": "provider[\"registry.terraform.io/hashicorp/aws\"]",
      "instances": [
        {
          "schema_version": 0,
          "attributes": {
            "arn": "arn:aws:iam::535479350247:policy/eks-blueprints-no-cilium-application-policy",
            "description": "A test policy for application team to read EKS",
            "id": "arn:aws:iam::535479350247:policy/eks-blueprints-no-cilium-application-policy",
            "name": "eks-blueprints-no-cilium-application-policy",
            "name_prefix": "",
            "path": "/",
            "policy": "{\"Statement\":[{\"Action\":[\"eks:Describe*\"],\"Effect\":\"Allow\",\"Resource\":\"arn:aws:eks:ap-southeast-1:535479350247:cluster/eks-blueprints-no-cilium\"}],\"Version\":\"2012-10-17\"}",
            "policy_id": "ANPAXZLIOOPT3DO32FCN5",
            "tags": {},
            "tags_all": {}
          },
          "sensitive_attributes": [],
          "private": "bnVsbA==",
          "dependencies": [
            "module.eks_blueprints.data.aws_caller_identity.current",
            "module.eks_blueprints.data.aws_iam_policy_document.eks_key",
            "module.eks_blueprints.data.aws_iam_session_context.current",
            "module.eks_blueprints.data.aws_partition.current",
            "module.eks_blueprints.data.aws_region.current",
            "module.eks_blueprints.module.aws_eks.aws_cloudwatch_log_group.this",
            "module.eks_blueprints.module.aws_eks.aws_eks_cluster.this",
            "module.eks_blueprints.module.aws_eks.aws_iam_role.this",
            "module.eks_blueprints.module.aws_eks.aws_iam_role_policy_attachment.this",
            "module.eks_blueprints.module.aws_eks.aws_security_group.cluster",
            "module.eks_blueprints.module.aws_eks.aws_security_group.node",
            "module.eks_blueprints.module.aws_eks.aws_security_group_rule.cluster",
            "module.eks_blueprints.module.aws_eks.aws_security_group_rule.node",
            "module.eks_blueprints.module.aws_eks.data.aws_caller_identity.current",
            "module.eks_blueprints.module.aws_eks.data.aws_iam_policy_document.assume_role_policy",
            "module.eks_blueprints.module.aws_eks.data.aws_partition.current",
            "module.eks_blueprints.module.aws_eks.module.kms.aws_kms_external_key.this",
            "module.eks_blueprints.module.aws_eks.module.kms.aws_kms_key.this",
            "module.eks_blueprints.module.aws_eks.module.kms.data.aws_caller_identity.current",
            "module.eks_blueprints.module.aws_eks.module.kms.data.aws_iam_policy_document.this",
            "module.eks_blueprints.module.aws_eks.module.kms.data.aws_partition.current",
            "module.eks_blueprints.module.kms.aws_kms_key.this"
          ]
        }
      ]
    },
    {
      "mode": "managed",
      "type": "aws_iam_role_policy_attachment",
      "name": "test-attach",
      "provider": "provider[\"registry.terraform.io/hashicorp/aws\"]",
      "instances": [
        {
          "index_key": "team-riker",
          "schema_version": 0,
          "attributes": {
            "id": "eks-blueprints-no-cilium-team-riker-access-20230418083835157800000007",
            "policy_arn": "arn:aws:iam::535479350247:policy/eks-blueprints-no-cilium-application-policy",
            "role": "eks-blueprints-no-cilium-team-riker-access"
          },
          "sensitive_attributes": [],
          "private": "bnVsbA==",
          "dependencies": [
            "aws_iam_policy.policy",
            "data.aws_caller_identity.current",
            "data.aws_eks_cluster_auth.this",
            "module.eks_blueprints.data.aws_caller_identity.current",
            "module.eks_blueprints.data.aws_eks_cluster.cluster",
            "module.eks_blueprints.data.aws_iam_policy_document.eks_key",
            "module.eks_blueprints.data.aws_iam_session_context.current",
            "module.eks_blueprints.data.aws_partition.current",
            "module.eks_blueprints.data.aws_region.current",
            "module.eks_blueprints.data.http.eks_cluster_readiness",
            "module.eks_blueprints.module.aws_eks.aws_cloudwatch_log_group.this",
            "module.eks_blueprints.module.aws_eks.aws_eks_cluster.this",
            "module.eks_blueprints.module.aws_eks.aws_iam_role.this",
            "module.eks_blueprints.module.aws_eks.aws_iam_role_policy_attachment.this",
            "module.eks_blueprints.module.aws_eks.aws_security_group.cluster",
            "module.eks_blueprints.module.aws_eks.aws_security_group.node",
            "module.eks_blueprints.module.aws_eks.aws_security_group_rule.cluster",
            "module.eks_blueprints.module.aws_eks.aws_security_group_rule.node",
            "module.eks_blueprints.module.aws_eks.data.aws_caller_identity.current",
            "module.eks_blueprints.module.aws_eks.data.aws_iam_policy_document.assume_role_policy",
            "module.eks_blueprints.module.aws_eks.data.aws_partition.current",
            "module.eks_blueprints.module.aws_eks.module.kms.aws_kms_external_key.this",
            "module.eks_blueprints.module.aws_eks.module.kms.aws_kms_key.this",
            "module.eks_blueprints.module.aws_eks.module.kms.data.aws_caller_identity.current",
            "module.eks_blueprints.module.aws_eks.module.kms.data.aws_iam_policy_document.this",
            "module.eks_blueprints.module.aws_eks.module.kms.data.aws_partition.current",
            "module.eks_blueprints.module.aws_eks_teams.aws_iam_policy.platform_team_eks_access",
            "module.eks_blueprints.module.aws_eks_teams.aws_iam_role.platform_team",
            "module.eks_blueprints.module.aws_eks_teams.aws_iam_role.team_access",
            "module.eks_blueprints.module.aws_eks_teams.aws_iam_role.team_sa_irsa",
            "module.eks_blueprints.module.aws_eks_teams.data.aws_caller_identity.current",
            "module.eks_blueprints.module.aws_eks_teams.data.aws_eks_cluster.eks_cluster",
            "module.eks_blueprints.module.aws_eks_teams.data.aws_iam_policy_document.platform_team_eks_access",
            "module.eks_blueprints.module.aws_eks_teams.data.aws_partition.current",
            "module.eks_blueprints.module.aws_eks_teams.data.aws_region.current",
            "module.eks_blueprints.module.aws_eks_teams.kubectl_manifest.team",
            "module.eks_blueprints.module.aws_eks_teams.kubernetes_cluster_role.team",
            "module.eks_blueprints.module.aws_eks_teams.kubernetes_cluster_role_binding.team",
            "module.eks_blueprints.module.aws_eks_teams.kubernetes_namespace.team",
            "module.eks_blueprints.module.aws_eks_teams.kubernetes_resource_quota.this",
            "module.eks_blueprints.module.aws_eks_teams.kubernetes_role.team",
            "module.eks_blueprints.module.aws_eks_teams.kubernetes_role_binding.team",
            "module.eks_blueprints.module.aws_eks_teams.kubernetes_service_account.team",
            "module.eks_blueprints.module.kms.aws_kms_key.this"
          ]
        }
      ]
    },
    {
      "mode": "managed",
      "type": "kubectl_manifest",
      "name": "karpenter_provisioner",
      "provider": "provider[\"registry.terraform.io/gavinbunney/kubectl\"]",
      "instances": [
        {
          "index_key": "apiVersion: karpenter.k8s.aws/v1alpha1\nkind: AWSNodeTemplate\nmetadata:\n  name: karpenter-default\nspec:\n  instanceProfile: eks-blueprints-no-cilium-managed-ondemand\n  subnetSelector:\n    kubernetes.io/cluster/eks-blueprints-no-cilium: '*'\n    kubernetes.io/role/internal-elb: '1'\n  securityGroupSelector:\n    aws:eks:cluster-name: eks-blueprints-no-cilium\n  tags:\n    karpenter.sh/cluster_name: eks-blueprints-no-cilium\n    karpenter.sh/provisioner: team",
          "schema_version": 1,
          "attributes": {
            "api_version": "karpenter.k8s.aws/v1alpha1",
            "apply_only": false,
            "force_conflicts": false,
            "force_new": false,
            "id": "/apis/karpenter.k8s.aws/v1alpha1/awsnodetemplates/karpenter-default",
            "ignore_fields": null,
            "kind": "AWSNodeTemplate",
            "live_manifest_incluster": "52a0a23dcb2124338aa7114d492d206f89a63b55d5bd54051e33758c6e2ef22a",
            "live_uid": "3c6a0484-a1c0-45ed-84a8-965a3c24d04b",
            "name": "karpenter-default",
            "namespace": null,
            "override_namespace": null,
            "sensitive_fields": null,
            "server_side_apply": false,
            "timeouts": null,
            "uid": "3c6a0484-a1c0-45ed-84a8-965a3c24d04b",
            "validate_schema": true,
            "wait": null,
            "wait_for_rollout": true,
            "yaml_body": "apiVersion: karpenter.k8s.aws/v1alpha1\nkind: AWSNodeTemplate\nmetadata:\n  name: karpenter-default\nspec:\n  instanceProfile: eks-blueprints-no-cilium-managed-ondemand\n  subnetSelector:\n    kubernetes.io/cluster/eks-blueprints-no-cilium: '*'\n    kubernetes.io/role/internal-elb: '1'\n  securityGroupSelector:\n    aws:eks:cluster-name: eks-blueprints-no-cilium\n  tags:\n    karpenter.sh/cluster_name: eks-blueprints-no-cilium\n    karpenter.sh/provisioner: team",
            "yaml_body_parsed": "apiVersion: karpenter.k8s.aws/v1alpha1\nkind: AWSNodeTemplate\nmetadata:\n  name: karpenter-default\nspec:\n  instanceProfile: eks-blueprints-no-cilium-managed-ondemand\n  securityGroupSelector:\n    aws:eks:cluster-name: eks-blueprints-no-cilium\n  subnetSelector:\n    kubernetes.io/cluster/eks-blueprints-no-cilium: '*'\n    kubernetes.io/role/internal-elb: \"1\"\n  tags:\n    karpenter.sh/cluster_name: eks-blueprints-no-cilium\n    karpenter.sh/provisioner: team\n",
            "yaml_incluster": "52a0a23dcb2124338aa7114d492d206f89a63b55d5bd54051e33758c6e2ef22a"
          },
          "sensitive_attributes": [],
          "private": "eyJlMmJmYjczMC1lY2FhLTExZTYtOGY4OC0zNDM2M2JjN2M0YzAiOnsiY3JlYXRlIjo2MDAwMDAwMDAwMDB9LCJzY2hlbWFfdmVyc2lvbiI6IjEifQ==",
          "dependencies": [
            "data.aws_eks_cluster_auth.this",
            "data.kubectl_path_documents.karpenter_provisioners",
            "module.eks_blueprints.module.aws_eks.aws_eks_cluster.this"
          ]
        },
        {
          "index_key": "apiVersion: karpenter.k8s.aws/v1alpha1\nkind: AWSNodeTemplate\nmetadata:\n  name: karpenter-team-riker\nspec:\n  amiFamily: Bottlerocket\n  instanceProfile: eks-blueprints-no-cilium-managed-ondemand\n  subnetSelector:\n    kubernetes.io/cluster/eks-blueprints-no-cilium: '*'\n    kubernetes.io/role/internal-elb: '1'\n  securityGroupSelector:\n    aws:eks:cluster-name: eks-blueprints-no-cilium\n  tags:\n    karpenter.sh/cluster_name: eks-blueprints-no-cilium\n    karpenter.sh/provisioner: team-riker\n    used_by: team-riker",
          "schema_version": 1,
          "attributes": {
            "api_version": "karpenter.k8s.aws/v1alpha1",
            "apply_only": false,
            "force_conflicts": false,
            "force_new": false,
            "id": "/apis/karpenter.k8s.aws/v1alpha1/awsnodetemplates/karpenter-team-riker",
            "ignore_fields": null,
            "kind": "AWSNodeTemplate",
            "live_manifest_incluster": "d1a71cc65ed2c2d386af0d331d934357b60e0403a43ff0d632e08d3a16d0d3c1",
            "live_uid": "3324478b-05b7-466b-8f6f-2cd0246d23c7",
            "name": "karpenter-team-riker",
            "namespace": null,
            "override_namespace": null,
            "sensitive_fields": null,
            "server_side_apply": false,
            "timeouts": null,
            "uid": "3324478b-05b7-466b-8f6f-2cd0246d23c7",
            "validate_schema": true,
            "wait": null,
            "wait_for_rollout": true,
            "yaml_body": "apiVersion: karpenter.k8s.aws/v1alpha1\nkind: AWSNodeTemplate\nmetadata:\n  name: karpenter-team-riker\nspec:\n  amiFamily: Bottlerocket\n  instanceProfile: eks-blueprints-no-cilium-managed-ondemand\n  subnetSelector:\n    kubernetes.io/cluster/eks-blueprints-no-cilium: '*'\n    kubernetes.io/role/internal-elb: '1'\n  securityGroupSelector:\n    aws:eks:cluster-name: eks-blueprints-no-cilium\n  tags:\n    karpenter.sh/cluster_name: eks-blueprints-no-cilium\n    karpenter.sh/provisioner: team-riker\n    used_by: team-riker",
            "yaml_body_parsed": "apiVersion: karpenter.k8s.aws/v1alpha1\nkind: AWSNodeTemplate\nmetadata:\n  name: karpenter-team-riker\nspec:\n  amiFamily: Bottlerocket\n  instanceProfile: eks-blueprints-no-cilium-managed-ondemand\n  securityGroupSelector:\n    aws:eks:cluster-name: eks-blueprints-no-cilium\n  subnetSelector:\n    kubernetes.io/cluster/eks-blueprints-no-cilium: '*'\n    kubernetes.io/role/internal-elb: \"1\"\n  tags:\n    karpenter.sh/cluster_name: eks-blueprints-no-cilium\n    karpenter.sh/provisioner: team-riker\n    used_by: team-riker\n",
            "yaml_incluster": "d1a71cc65ed2c2d386af0d331d934357b60e0403a43ff0d632e08d3a16d0d3c1"
          },
          "sensitive_attributes": [],
          "private": "eyJlMmJmYjczMC1lY2FhLTExZTYtOGY4OC0zNDM2M2JjN2M0YzAiOnsiY3JlYXRlIjo2MDAwMDAwMDAwMDB9LCJzY2hlbWFfdmVyc2lvbiI6IjEifQ==",
          "dependencies": [
            "data.aws_eks_cluster_auth.this",
            "data.kubectl_path_documents.karpenter_provisioners",
            "module.eks_blueprints.module.aws_eks.aws_eks_cluster.this"
          ]
        },
        {
          "index_key": "apiVersion: karpenter.sh/v1alpha5\nkind: Provisioner\nmetadata:\n  name: default\nspec:\n  requirements:\n    - key: karpenter.k8s.aws/instance-family\n      operator: NotIn\n      values:\n      - a1\n      - c1\n      - c3\n      - inf1\n      - t3\n      - t2\n    - key: karpenter.k8s.aws/instance-cpu\n      operator: Lt\n      values:\n        - \"33\"\n    - key: 'kubernetes.io/arch'\n      operator: In\n      values: ['amd64']\n    - key: karpenter.sh/capacity-type\n      operator: In\n      values: ['on-demand', 'spot']\n  providerRef:\n    name: karpenter-default\n    tags:\n      karpenter.sh/cluster_name: eks-blueprints-no-cilium\n      karpenter.sh/provisioner: default\n  ttlSecondsAfterEmpty: 60\n  limits:\n    resources:\n      cpu: '200'\n  labels:\n    billing-team: default\n    team: default\n    type: karpenter",
          "schema_version": 1,
          "attributes": {
            "api_version": "karpenter.sh/v1alpha5",
            "apply_only": false,
            "force_conflicts": false,
            "force_new": false,
            "id": "/apis/karpenter.sh/v1alpha5/provisioners/default",
            "ignore_fields": null,
            "kind": "Provisioner",
            "live_manifest_incluster": "4f56b6eef30e730fc8f4059abb407da6780e7435f5ae65d6e4504a9ff4c787a8",
            "live_uid": "1718a9d6-a26c-4b6b-8e8c-19d5dd471d63",
            "name": "default",
            "namespace": null,
            "override_namespace": null,
            "sensitive_fields": null,
            "server_side_apply": false,
            "timeouts": null,
            "uid": "1718a9d6-a26c-4b6b-8e8c-19d5dd471d63",
            "validate_schema": true,
            "wait": null,
            "wait_for_rollout": true,
            "yaml_body": "apiVersion: karpenter.sh/v1alpha5\nkind: Provisioner\nmetadata:\n  name: default\nspec:\n  requirements:\n    - key: karpenter.k8s.aws/instance-family\n      operator: NotIn\n      values:\n      - a1\n      - c1\n      - c3\n      - inf1\n      - t3\n      - t2\n    - key: karpenter.k8s.aws/instance-cpu\n      operator: Lt\n      values:\n        - \"33\"\n    - key: 'kubernetes.io/arch'\n      operator: In\n      values: ['amd64']\n    - key: karpenter.sh/capacity-type\n      operator: In\n      values: ['on-demand', 'spot']\n  providerRef:\n    name: karpenter-default\n    tags:\n      karpenter.sh/cluster_name: eks-blueprints-no-cilium\n      karpenter.sh/provisioner: default\n  ttlSecondsAfterEmpty: 60\n  limits:\n    resources:\n      cpu: '200'\n  labels:\n    billing-team: default\n    team: default\n    type: karpenter",
            "yaml_body_parsed": "apiVersion: karpenter.sh/v1alpha5\nkind: Provisioner\nmetadata:\n  name: default\nspec:\n  labels:\n    billing-team: default\n    team: default\n    type: karpenter\n  limits:\n    resources:\n      cpu: \"200\"\n  providerRef:\n    name: karpenter-default\n    tags:\n      karpenter.sh/cluster_name: eks-blueprints-no-cilium\n      karpenter.sh/provisioner: default\n  requirements:\n  - key: karpenter.k8s.aws/instance-family\n    operator: NotIn\n    values:\n    - a1\n    - c1\n    - c3\n    - inf1\n    - t3\n    - t2\n  - key: karpenter.k8s.aws/instance-cpu\n    operator: Lt\n    values:\n    - \"33\"\n  - key: kubernetes.io/arch\n    operator: In\n    values:\n    - amd64\n  - key: karpenter.sh/capacity-type\n    operator: In\n    values:\n    - on-demand\n    - spot\n  ttlSecondsAfterEmpty: 60\n",
            "yaml_incluster": "4f56b6eef30e730fc8f4059abb407da6780e7435f5ae65d6e4504a9ff4c787a8"
          },
          "sensitive_attributes": [],
          "private": "eyJlMmJmYjczMC1lY2FhLTExZTYtOGY4OC0zNDM2M2JjN2M0YzAiOnsiY3JlYXRlIjo2MDAwMDAwMDAwMDB9LCJzY2hlbWFfdmVyc2lvbiI6IjEifQ==",
          "dependencies": [
            "data.aws_eks_cluster_auth.this",
            "data.kubectl_path_documents.karpenter_provisioners",
            "module.eks_blueprints.module.aws_eks.aws_eks_cluster.this"
          ]
        },
        {
          "index_key": "apiVersion: karpenter.sh/v1alpha5\nkind: Provisioner\nmetadata:\n  name: team-riker\nspec:\n  requirements:\n    - key: karpenter.k8s.aws/instance-family\n      operator: NotIn\n      values:\n      - a1\n      - c1\n      - c3\n      - inf1\n      - t3\n      - t2\n    - key: karpenter.k8s.aws/instance-cpu\n      operator: Lt\n      values:\n        - \"33\"\n    - key: 'kubernetes.io/arch'\n      operator: In\n      values: ['amd64']\n    - key: karpenter.sh/capacity-type\n      operator: In\n      values: ['on-demand', 'spot']\n  providerRef:\n    name: karpenter-team-riker\n    tags:\n      karpenter.sh/cluster_name: eks-blueprints-no-cilium\n      karpenter.sh/provisioner: team-riker\n  ttlSecondsAfterEmpty: 60\n  limits:\n    resources:\n      cpu: '200'\n  labels:\n    billing-team: team-riker\n    team: team-riker\n    type: karpenter\n  taints:\n    - key: karpenter\n      value: 'true'\n      effect: NoSchedule\n    - key: billing-team\n      value: 'team-riker'\n      effect: NoSchedule",
          "schema_version": 1,
          "attributes": {
            "api_version": "karpenter.sh/v1alpha5",
            "apply_only": false,
            "force_conflicts": false,
            "force_new": false,
            "id": "/apis/karpenter.sh/v1alpha5/provisioners/team-riker",
            "ignore_fields": null,
            "kind": "Provisioner",
            "live_manifest_incluster": "381c265fcfd47aaa3d1351d03537699fec3febe6e259bbf6b660fddfadbf6cc6",
            "live_uid": "61231187-aa02-4473-8cfe-3fb332115354",
            "name": "team-riker",
            "namespace": null,
            "override_namespace": null,
            "sensitive_fields": null,
            "server_side_apply": false,
            "timeouts": null,
            "uid": "61231187-aa02-4473-8cfe-3fb332115354",
            "validate_schema": true,
            "wait": null,
            "wait_for_rollout": true,
            "yaml_body": "apiVersion: karpenter.sh/v1alpha5\nkind: Provisioner\nmetadata:\n  name: team-riker\nspec:\n  requirements:\n    - key: karpenter.k8s.aws/instance-family\n      operator: NotIn\n      values:\n      - a1\n      - c1\n      - c3\n      - inf1\n      - t3\n      - t2\n    - key: karpenter.k8s.aws/instance-cpu\n      operator: Lt\n      values:\n        - \"33\"\n    - key: 'kubernetes.io/arch'\n      operator: In\n      values: ['amd64']\n    - key: karpenter.sh/capacity-type\n      operator: In\n      values: ['on-demand', 'spot']\n  providerRef:\n    name: karpenter-team-riker\n    tags:\n      karpenter.sh/cluster_name: eks-blueprints-no-cilium\n      karpenter.sh/provisioner: team-riker\n  ttlSecondsAfterEmpty: 60\n  limits:\n    resources:\n      cpu: '200'\n  labels:\n    billing-team: team-riker\n    team: team-riker\n    type: karpenter\n  taints:\n    - key: karpenter\n      value: 'true'\n      effect: NoSchedule\n    - key: billing-team\n      value: 'team-riker'\n      effect: NoSchedule",
            "yaml_body_parsed": "apiVersion: karpenter.sh/v1alpha5\nkind: Provisioner\nmetadata:\n  name: team-riker\nspec:\n  labels:\n    billing-team: team-riker\n    team: team-riker\n    type: karpenter\n  limits:\n    resources:\n      cpu: \"200\"\n  providerRef:\n    name: karpenter-team-riker\n    tags:\n      karpenter.sh/cluster_name: eks-blueprints-no-cilium\n      karpenter.sh/provisioner: team-riker\n  requirements:\n  - key: karpenter.k8s.aws/instance-family\n    operator: NotIn\n    values:\n    - a1\n    - c1\n    - c3\n    - inf1\n    - t3\n    - t2\n  - key: karpenter.k8s.aws/instance-cpu\n    operator: Lt\n    values:\n    - \"33\"\n  - key: kubernetes.io/arch\n    operator: In\n    values:\n    - amd64\n  - key: karpenter.sh/capacity-type\n    operator: In\n    values:\n    - on-demand\n    - spot\n  taints:\n  - effect: NoSchedule\n    key: karpenter\n    value: \"true\"\n  - effect: NoSchedule\n    key: billing-team\n    value: team-riker\n  ttlSecondsAfterEmpty: 60\n",
            "yaml_incluster": "381c265fcfd47aaa3d1351d03537699fec3febe6e259bbf6b660fddfadbf6cc6"
          },
          "sensitive_attributes": [],
          "private": "eyJlMmJmYjczMC1lY2FhLTExZTYtOGY4OC0zNDM2M2JjN2M0YzAiOnsiY3JlYXRlIjo2MDAwMDAwMDAwMDB9LCJzY2hlbWFfdmVyc2lvbiI6IjEifQ==",
          "dependencies": [
            "data.aws_eks_cluster_auth.this",
            "data.kubectl_path_documents.karpenter_provisioners",
            "module.eks_blueprints.module.aws_eks.aws_eks_cluster.this"
          ]
        }
      ]
    },
    {
      "module": "module.eks_blueprints",
      "mode": "data",
      "type": "aws_caller_identity",
      "name": "current",
      "provider": "provider[\"registry.terraform.io/hashicorp/aws\"]",
      "instances": [
        {
          "schema_version": 0,
          "attributes": {
            "account_id": "535479350247",
            "arn": "arn:aws:sts::535479350247:assumed-role/AWSReservedSSO_AWSAdministratorAccess_9e93d8e0500e8de7/deepyan+main-dev@amazon.com",
            "id": "535479350247",
            "user_id": "AROAXZLIOOPTSIGI7NIOW:deepyan+main-dev@amazon.com"
          },
          "sensitive_attributes": []
        }
      ]
    },
    {
      "module": "module.eks_blueprints",
      "mode": "data",
      "type": "aws_eks_cluster",
      "name": "cluster",
      "provider": "provider[\"registry.terraform.io/hashicorp/aws\"]",
      "instances": [
        {
          "index_key": 0,
          "schema_version": 0,
          "attributes": {
            "arn": "arn:aws:eks:ap-southeast-1:535479350247:cluster/eks-blueprints-no-cilium",
            "certificate_authority": [
              {
                "data": "LS0tLS1CRUdJTiBDRVJUSUZJQ0FURS0tLS0tCk1JSUMvakNDQWVhZ0F3SUJBZ0lCQURBTkJna3Foa2lHOXcwQkFRc0ZBREFWTVJNd0VRWURWUVFERXdwcmRXSmwKY201bGRHVnpNQjRYRFRJek1EUXhPREE0TXpRMU9Gb1hEVE16TURReE5UQTRNelExT0Zvd0ZURVRNQkVHQTFVRQpBeE1LYTNWaVpYSnVaWFJsY3pDQ0FTSXdEUVlKS29aSWh2Y05BUUVCQlFBRGdnRVBBRENDQVFvQ2dnRUJBTmpUClB4SHE2M1Q4NFJYdUpKTUlvWnRaeDFWSnh2QU1qTEU5ZmtVeThnNk8vRGthY1RveG5uaytZSGJkYTdFV1E1SzkKR3JzZVh0T011dXI4cVRYZGNuVGxTaXo0ZithUHUzV3U0M2x1Ylp0TU1Fd0tPSHM1QzdPZXF4MjFlbEhsaTNNSAoxbUdvTE9xZ3Bpd3dpZU10Tm4zZHRSbnVtUldMU3JWelRyUDJaWG1TcFNXcWk2b1RCQWp1d1Z3L3NYamg4S2ZLCnMwcEZ5WExYVUNsb0NrY3NaOS82c0hwRW85aVVyQkZ4R3VNKyticlYxVkowWVhENnovbFNXcGw4NFRkanhIeU4KR1k4QUF1dkdXUnpCM1JueFovQUI0R2piRU5RcDFKd2Nvclppc3RGcmxsam1pUWFsaGw3UWJDbnFGRERRZTJ0MgpMd1VHMHk4MUtPdHVBYW1aSFVFQ0F3RUFBYU5aTUZjd0RnWURWUjBQQVFIL0JBUURBZ0trTUE4R0ExVWRFd0VCCi93UUZNQU1CQWY4d0hRWURWUjBPQkJZRUZPLzVYVUlCZExCYUxuZEJzbjY5dG5pRHpKaW1NQlVHQTFVZEVRUU8KTUF5Q0NtdDFZbVZ5Ym1WMFpYTXdEUVlKS29aSWh2Y05BUUVMQlFBRGdnRUJBTUhXekNNanVjSkRlUUJGbWJ3YwordzgxaXZHZTRLR0FnWU5NWk9LYmVza1dpejY3MTRIS3E5L0xFcDJIS0tmUkxScTZJRmZpUFdsTmRLemJNSXo0ClNkaFlkRmdwbUhJM3N5TFdHNFVaZjlHcWdGV0JJMmNnQS95aWp4UVNJMkN4SXZxR3kyeVgrV25pdG5RTm5MUmkKcGVZaXJsVUlkdnRFN2kxUzJiOE9jeE55Mm00SG9sdW1SRTJpbUg0MlgvRWQvL3FBWEgzYVRJNVB4V09uT0V2OQpaakpkaHErQzBsczA1Y0xsOFNXVms1SDdSd1BzSXNjM3pMZkpNU1BkVFB0VmtkdmYvY0s2eTBta1p3RU9RWEZ4Clp5ZUg3RW9MYUxIL2lsQ0FlQmJmWkVEbXZaWXo5NTBWTURiSDFTdDEwUWFLRXo1QkRYcGZuUnpkNWlyeVVrQmMKOVkwPQotLS0tLUVORCBDRVJUSUZJQ0FURS0tLS0tCg=="
              }
            ],
            "cluster_id": null,
            "created_at": "2023-04-18 08:29:52.389 +0000 UTC",
            "enabled_cluster_log_types": [
              "api",
              "audit",
              "authenticator",
              "controllerManager",
              "scheduler"
            ],
            "endpoint": "https://4E1D1891A6BC9B4979B6F5C288CF37CC.gr7.ap-southeast-1.eks.amazonaws.com",
            "id": "eks-blueprints-no-cilium",
            "identity": [
              {
                "oidc": [
                  {
                    "issuer": "https://oidc.eks.ap-southeast-1.amazonaws.com/id/4E1D1891A6BC9B4979B6F5C288CF37CC"
                  }
                ]
              }
            ],
            "kubernetes_network_config": [
              {
                "ip_family": "ipv4",
                "service_ipv4_cidr": "10.100.0.0/16",
                "service_ipv6_cidr": ""
              }
            ],
            "name": "eks-blueprints-no-cilium",
            "outpost_config": [],
            "platform_version": "eks.5",
            "role_arn": "arn:aws:iam::535479350247:role/eks-blueprints-no-cilium-cluster-role",
            "status": "ACTIVE",
            "tags": {
              "Blueprint": "eks-blueprints-no-cilium",
              "GithubRepo": "https://github.com/aws-ia/terraform-aws-eks-blueprints/tree/v4.24.0/examples"
            },
            "version": "1.24",
            "vpc_config": [
              {
                "cluster_security_group_id": "sg-063af89de600fe989",
                "endpoint_private_access": false,
                "endpoint_public_access": true,
                "public_access_cidrs": [
                  "0.0.0.0/0"
                ],
                "security_group_ids": [
                  "sg-074da5918f6bd0ae5"
                ],
                "subnet_ids": [
                  "subnet-0a421732677fa63d2",
                  "subnet-0ee314ff01d715733"
                ],
                "vpc_id": "vpc-00e8a5494e255e7e6"
              }
            ]
          },
          "sensitive_attributes": []
        }
      ]
    },
    {
      "module": "module.eks_blueprints",
      "mode": "data",
      "type": "aws_iam_policy_document",
      "name": "eks_key",
      "provider": "provider[\"registry.terraform.io/hashicorp/aws\"]",
      "instances": [
        {
          "schema_version": 0,
          "attributes": {
            "id": "631727744",
            "json": "{\n  \"Version\": \"2012-10-17\",\n  \"Statement\": [\n    {\n      \"Sid\": \"Allow access for all principals in the account that are authorized\",\n      \"Effect\": \"Allow\",\n      \"Action\": [\n        \"kms:ReEncrypt*\",\n        \"kms:GenerateDataKey*\",\n        \"kms:Encrypt\",\n        \"kms:DescribeKey\",\n        \"kms:Decrypt\",\n        \"kms:CreateGrant\"\n      ],\n      \"Resource\": \"*\",\n      \"Principal\": {\n        \"AWS\": \"arn:aws:iam::535479350247:root\"\n      },\n      \"Condition\": {\n        \"StringEquals\": {\n          \"kms:CallerAccount\": \"535479350247\",\n          \"kms:ViaService\": \"eks.ap-southeast-1.amazonaws.com\"\n        }\n      }\n    },\n    {\n      \"Sid\": \"Allow direct access to key metadata to the account\",\n      \"Effect\": \"Allow\",\n      \"Action\": [\n        \"kms:RevokeGrant\",\n        \"kms:List*\",\n        \"kms:Get*\",\n        \"kms:Describe*\"\n      ],\n      \"Resource\": \"*\",\n      \"Principal\": {\n        \"AWS\": \"arn:aws:iam::535479350247:root\"\n      }\n    },\n    {\n      \"Sid\": \"Allow access for Key Administrators\",\n      \"Effect\": \"Allow\",\n      \"Action\": \"kms:*\",\n      \"Resource\": \"*\",\n      \"Principal\": {\n        \"AWS\": \"arn:aws:iam::535479350247:role/aws-reserved/sso.amazonaws.com/ap-southeast-1/AWSReservedSSO_AWSAdministratorAccess_9e93d8e0500e8de7\"\n      }\n    },\n    {\n      \"Sid\": \"Allow use of the key\",\n      \"Effect\": \"Allow\",\n      \"Action\": [\n        \"kms:ReEncrypt*\",\n        \"kms:GenerateDataKey*\",\n        \"kms:Encrypt\",\n        \"kms:DescribeKey\",\n        \"kms:Decrypt\"\n      ],\n      \"Resource\": \"*\",\n      \"Principal\": {\n        \"AWS\": \"arn:aws:iam::535479350247:role/eks-blueprints-no-cilium-cluster-role\"\n      }\n    },\n    {\n      \"Sid\": \"Allow attachment of persistent resources\",\n      \"Effect\": \"Allow\",\n      \"Action\": [\n        \"kms:RevokeGrant\",\n        \"kms:ListGrants\",\n        \"kms:CreateGrant\"\n      ],\n      \"Resource\": \"*\",\n      \"Principal\": {\n        \"AWS\": \"arn:aws:iam::535479350247:role/eks-blueprints-no-cilium-cluster-role\"\n      },\n      \"Condition\": {\n        \"Bool\": {\n          \"kms:GrantIsForAWSResource\": \"true\"\n        }\n      }\n    }\n  ]\n}",
            "override_json": null,
            "override_policy_documents": null,
            "policy_id": null,
            "source_json": null,
            "source_policy_documents": null,
            "statement": [
              {
                "actions": [
                  "kms:CreateGrant",
                  "kms:Decrypt",
                  "kms:DescribeKey",
                  "kms:Encrypt",
                  "kms:GenerateDataKey*",
                  "kms:ReEncrypt*"
                ],
                "condition": [
                  {
                    "test": "StringEquals",
                    "values": [
                      "535479350247"
                    ],
                    "variable": "kms:CallerAccount"
                  },
                  {
                    "test": "StringEquals",
                    "values": [
                      "eks.ap-southeast-1.amazonaws.com"
                    ],
                    "variable": "kms:ViaService"
                  }
                ],
                "effect": "Allow",
                "not_actions": [],
                "not_principals": [],
                "not_resources": [],
                "principals": [
                  {
                    "identifiers": [
                      "arn:aws:iam::535479350247:root"
                    ],
                    "type": "AWS"
                  }
                ],
                "resources": [
                  "*"
                ],
                "sid": "Allow access for all principals in the account that are authorized"
              },
              {
                "actions": [
                  "kms:Describe*",
                  "kms:Get*",
                  "kms:List*",
                  "kms:RevokeGrant"
                ],
                "condition": [],
                "effect": "Allow",
                "not_actions": [],
                "not_principals": [],
                "not_resources": [],
                "principals": [
                  {
                    "identifiers": [
                      "arn:aws:iam::535479350247:root"
                    ],
                    "type": "AWS"
                  }
                ],
                "resources": [
                  "*"
                ],
                "sid": "Allow direct access to key metadata to the account"
              },
              {
                "actions": [
                  "kms:*"
                ],
                "condition": [],
                "effect": "Allow",
                "not_actions": [],
                "not_principals": [],
                "not_resources": [],
                "principals": [
                  {
                    "identifiers": [
                      "arn:aws:iam::535479350247:role/aws-reserved/sso.amazonaws.com/ap-southeast-1/AWSReservedSSO_AWSAdministratorAccess_9e93d8e0500e8de7"
                    ],
                    "type": "AWS"
                  }
                ],
                "resources": [
                  "*"
                ],
                "sid": "Allow access for Key Administrators"
              },
              {
                "actions": [
                  "kms:Decrypt",
                  "kms:DescribeKey",
                  "kms:Encrypt",
                  "kms:GenerateDataKey*",
                  "kms:ReEncrypt*"
                ],
                "condition": [],
                "effect": "Allow",
                "not_actions": [],
                "not_principals": [],
                "not_resources": [],
                "principals": [
                  {
                    "identifiers": [
                      "arn:aws:iam::535479350247:role/eks-blueprints-no-cilium-cluster-role"
                    ],
                    "type": "AWS"
                  }
                ],
                "resources": [
                  "*"
                ],
                "sid": "Allow use of the key"
              },
              {
                "actions": [
                  "kms:CreateGrant",
                  "kms:ListGrants",
                  "kms:RevokeGrant"
                ],
                "condition": [
                  {
                    "test": "Bool",
                    "values": [
                      "true"
                    ],
                    "variable": "kms:GrantIsForAWSResource"
                  }
                ],
                "effect": "Allow",
                "not_actions": [],
                "not_principals": [],
                "not_resources": [],
                "principals": [
                  {
                    "identifiers": [
                      "arn:aws:iam::535479350247:role/eks-blueprints-no-cilium-cluster-role"
                    ],
                    "type": "AWS"
                  }
                ],
                "resources": [
                  "*"
                ],
                "sid": "Allow attachment of persistent resources"
              }
            ],
            "version": "2012-10-17"
          },
          "sensitive_attributes": []
        }
      ]
    },
    {
      "module": "module.eks_blueprints",
      "mode": "data",
      "type": "aws_iam_session_context",
      "name": "current",
      "provider": "provider[\"registry.terraform.io/hashicorp/aws\"]",
      "instances": [
        {
          "schema_version": 0,
          "attributes": {
            "arn": "arn:aws:sts::535479350247:assumed-role/AWSReservedSSO_AWSAdministratorAccess_9e93d8e0500e8de7/deepyan+main-dev@amazon.com",
            "id": "arn:aws:sts::535479350247:assumed-role/AWSReservedSSO_AWSAdministratorAccess_9e93d8e0500e8de7/deepyan+main-dev@amazon.com",
            "issuer_arn": "arn:aws:iam::535479350247:role/aws-reserved/sso.amazonaws.com/ap-southeast-1/AWSReservedSSO_AWSAdministratorAccess_9e93d8e0500e8de7",
            "issuer_id": "AROAXZLIOOPTSIGI7NIOW",
            "issuer_name": "AWSReservedSSO_AWSAdministratorAccess_9e93d8e0500e8de7",
            "session_name": "deepyan+main-dev@amazon.com"
          },
          "sensitive_attributes": []
        }
      ]
    },
    {
      "module": "module.eks_blueprints",
      "mode": "data",
      "type": "aws_partition",
      "name": "current",
      "provider": "provider[\"registry.terraform.io/hashicorp/aws\"]",
      "instances": [
        {
          "schema_version": 0,
          "attributes": {
            "dns_suffix": "amazonaws.com",
            "id": "aws",
            "partition": "aws",
            "reverse_dns_prefix": "com.amazonaws"
          },
          "sensitive_attributes": []
        }
      ]
    },
    {
      "module": "module.eks_blueprints",
      "mode": "data",
      "type": "aws_region",
      "name": "current",
      "provider": "provider[\"registry.terraform.io/hashicorp/aws\"]",
      "instances": [
        {
          "schema_version": 0,
          "attributes": {
            "description": "Asia Pacific (Singapore)",
            "endpoint": "ec2.ap-southeast-1.amazonaws.com",
            "id": "ap-southeast-1",
            "name": "ap-southeast-1"
          },
          "sensitive_attributes": []
        }
      ]
    },
    {
      "module": "module.eks_blueprints",
      "mode": "data",
      "type": "http",
      "name": "eks_cluster_readiness",
      "provider": "provider[\"registry.terraform.io/terraform-aws-modules/http\"]",
      "instances": [
        {
          "index_key": 0,
          "schema_version": 0,
          "attributes": {
            "body": "ok",
            "ca_certificate": "-----BEGIN CERTIFICATE-----\nMIIC/jCCAeagAwIBAgIBADANBgkqhkiG9w0BAQsFADAVMRMwEQYDVQQDEwprdWJl\ncm5ldGVzMB4XDTIzMDQxODA4MzQ1OFoXDTMzMDQxNTA4MzQ1OFowFTETMBEGA1UE\nAxMKa3ViZXJuZXRlczCCASIwDQYJKoZIhvcNAQEBBQADggEPADCCAQoCggEBANjT\nPxHq63T84RXuJJMIoZtZx1VJxvAMjLE9fkUy8g6O/DkacToxnnk+YHbda7EWQ5K9\nGrseXtOMuur8qTXdcnTlSiz4f+aPu3Wu43lubZtMMEwKOHs5C7Oeqx21elHli3MH\n1mGoLOqgpiwwieMtNn3dtRnumRWLSrVzTrP2ZXmSpSWqi6oTBAjuwVw/sXjh8KfK\ns0pFyXLXUCloCkcsZ9/6sHpEo9iUrBFxGuM++brV1VJ0YXD6z/lSWpl84TdjxHyN\nGY8AAuvGWRzB3RnxZ/AB4GjbENQp1JwcorZistFrlljmiQalhl7QbCnqFDDQe2t2\nLwUG0y81KOtuAamZHUECAwEAAaNZMFcwDgYDVR0PAQH/BAQDAgKkMA8GA1UdEwEB\n/wQFMAMBAf8wHQYDVR0OBBYEFO/5XUIBdLBaLndBsn69tniDzJimMBUGA1UdEQQO\nMAyCCmt1YmVybmV0ZXMwDQYJKoZIhvcNAQELBQADggEBAMHWzCMjucJDeQBFmbwc\n+w81ivGe4KGAgYNMZOKbeskWiz6714HKq9/LEp2HKKfRLRq6IFfiPWlNdKzbMIz4\nSdhYdFgpmHI3syLWG4UZf9GqgFWBI2cgA/yijxQSI2CxIvqGy2yX+WnitnQNnLRi\npeYirlUIdvtE7i1S2b8OcxNy2m4HolumRE2imH42X/Ed//qAXH3aTI5PxWOnOEv9\nZjJdhq+C0ls05cLl8SWVk5H7RwPsIsc3zLfJMSPdTPtVkdvf/cK6y0mkZwEOQXFx\nZyeH7EoLaLH/ilCAeBbfZEDmvZYz950VMDbH1St10QaKEz5BDXpfnRzd5iryUkBc\n9Y0=\n-----END CERTIFICATE-----\n",
            "id": "https://4E1D1891A6BC9B4979B6F5C288CF37CC.gr7.ap-southeast-1.eks.amazonaws.com/healthz",
            "insecure": false,
            "request_headers": null,
            "response_headers": {
              "Audit-Id": "f7d37d10-ff66-4fa1-955d-d525c39ba912",
              "Cache-Control": "no-cache, private",
              "Content-Length": "2",
              "Content-Type": "text/plain; charset=utf-8",
              "Date": "Tue, 18 Apr 2023 08:54:29 GMT",
              "X-Content-Type-Options": "nosniff",
              "X-Kubernetes-Pf-Flowschema-Uid": "46af4f22-b567-4ce2-a170-5ad140aeec22",
              "X-Kubernetes-Pf-Prioritylevel-Uid": "219c1c0b-187e-4d84-b7d5-e19c33b9457e"
            },
            "timeout": 600,
            "url": "https://4E1D1891A6BC9B4979B6F5C288CF37CC.gr7.ap-southeast-1.eks.amazonaws.com/healthz"
          },
          "sensitive_attributes": []
        }
      ]
    },
    {
      "module": "module.eks_blueprints",
      "mode": "managed",
      "type": "kubernetes_config_map",
      "name": "aws_auth",
      "provider": "provider[\"registry.terraform.io/hashicorp/kubernetes\"]",
      "instances": [
        {
          "index_key": 0,
          "schema_version": 0,
          "attributes": {
            "binary_data": {},
            "data": {
              "mapAccounts": "[]\n",
              "mapRoles": "- \"groups\":\n  - \"system:bootstrappers\"\n  - \"system:nodes\"\n  \"rolearn\": \"arn:aws:iam::535479350247:role/eks-blueprints-no-cilium-managed-ondemand\"\n  \"username\": \"system:node:{{EC2PrivateDNSName}}\"\n- \"groups\":\n  - \"team-riker-group\"\n  \"rolearn\": \"arn:aws:iam::535479350247:role/eks-blueprints-no-cilium-team-riker-access\"\n  \"username\": \"team-riker\"\n- \"groups\":\n  - \"system:masters\"\n  \"rolearn\": \"arn:aws:iam::535479350247:role/eks-blueprints-no-cilium-admin-access\"\n  \"username\": \"admin\"\n- \"groups\":\n  - \"system:masters\"\n  \"rolearn\": \"arn:aws:iam::535479350247:role/TeamRole\"\n  \"username\": \"ops-role\"\n",
              "mapUsers": "[]\n"
            },
            "id": "kube-system/aws-auth",
            "immutable": false,
            "metadata": [
              {
                "annotations": {},
                "generate_name": "",
                "generation": 0,
                "labels": {
                  "app.kubernetes.io/created-by": "terraform-aws-eks-blueprints",
                  "app.kubernetes.io/managed-by": "terraform-aws-eks-blueprints"
                },
                "name": "aws-auth",
                "namespace": "kube-system",
                "resource_version": "762",
                "uid": "bb82ed39-6174-4595-add0-4be40ec749b2"
              }
            ]
          },
          "sensitive_attributes": [],
          "private": "bnVsbA==",
          "dependencies": [
            "data.aws_caller_identity.current",
            "data.aws_eks_cluster_auth.this",
            "module.eks_blueprints.data.aws_caller_identity.current",
            "module.eks_blueprints.data.aws_eks_cluster.cluster",
            "module.eks_blueprints.data.aws_iam_policy_document.eks_key",
            "module.eks_blueprints.data.aws_iam_session_context.current",
            "module.eks_blueprints.data.aws_partition.current",
            "module.eks_blueprints.data.aws_region.current",
            "module.eks_blueprints.data.http.eks_cluster_readiness",
            "module.eks_blueprints.module.aws_eks.aws_cloudwatch_log_group.this",
            "module.eks_blueprints.module.aws_eks.aws_eks_cluster.this",
            "module.eks_blueprints.module.aws_eks.aws_iam_role.this",
            "module.eks_blueprints.module.aws_eks.aws_iam_role_policy_attachment.this",
            "module.eks_blueprints.module.aws_eks.aws_security_group.cluster",
            "module.eks_blueprints.module.aws_eks.aws_security_group.node",
            "module.eks_blueprints.module.aws_eks.aws_security_group_rule.cluster",
            "module.eks_blueprints.module.aws_eks.aws_security_group_rule.node",
            "module.eks_blueprints.module.aws_eks.data.aws_caller_identity.current",
            "module.eks_blueprints.module.aws_eks.data.aws_iam_policy_document.assume_role_policy",
            "module.eks_blueprints.module.aws_eks.data.aws_partition.current",
            "module.eks_blueprints.module.aws_eks.module.kms.aws_kms_external_key.this",
            "module.eks_blueprints.module.aws_eks.module.kms.aws_kms_key.this",
            "module.eks_blueprints.module.aws_eks.module.kms.data.aws_caller_identity.current",
            "module.eks_blueprints.module.aws_eks.module.kms.data.aws_iam_policy_document.this",
            "module.eks_blueprints.module.aws_eks.module.kms.data.aws_partition.current",
            "module.eks_blueprints.module.kms.aws_kms_key.this"
          ],
          "create_before_destroy": true
        }
      ]
    },
    {
      "module": "module.eks_blueprints.module.aws_eks",
      "mode": "data",
      "type": "aws_caller_identity",
      "name": "current",
      "provider": "provider[\"registry.terraform.io/hashicorp/aws\"]",
      "instances": [
        {
          "schema_version": 0,
          "attributes": {
            "account_id": "535479350247",
            "arn": "arn:aws:sts::535479350247:assumed-role/AWSReservedSSO_AWSAdministratorAccess_9e93d8e0500e8de7/deepyan+main-dev@amazon.com",
            "id": "535479350247",
            "user_id": "AROAXZLIOOPTSIGI7NIOW:deepyan+main-dev@amazon.com"
          },
          "sensitive_attributes": []
        }
      ]
    },
    {
      "module": "module.eks_blueprints.module.aws_eks",
      "mode": "data",
      "type": "aws_iam_policy_document",
      "name": "assume_role_policy",
      "provider": "provider[\"registry.terraform.io/hashicorp/aws\"]",
      "instances": [
        {
          "index_key": 0,
          "schema_version": 0,
          "attributes": {
            "id": "2764486067",
            "json": "{\n  \"Version\": \"2012-10-17\",\n  \"Statement\": [\n    {\n      \"Sid\": \"EKSClusterAssumeRole\",\n      \"Effect\": \"Allow\",\n      \"Action\": \"sts:AssumeRole\",\n      \"Principal\": {\n        \"Service\": \"eks.amazonaws.com\"\n      }\n    }\n  ]\n}",
            "override_json": null,
            "override_policy_documents": null,
            "policy_id": null,
            "source_json": null,
            "source_policy_documents": null,
            "statement": [
              {
                "actions": [
                  "sts:AssumeRole"
                ],
                "condition": [],
                "effect": "Allow",
                "not_actions": [],
                "not_principals": [],
                "not_resources": [],
                "principals": [
                  {
                    "identifiers": [
                      "eks.amazonaws.com"
                    ],
                    "type": "Service"
                  }
                ],
                "resources": [],
                "sid": "EKSClusterAssumeRole"
              }
            ],
            "version": "2012-10-17"
          },
          "sensitive_attributes": []
        }
      ]
    },
    {
      "module": "module.eks_blueprints.module.aws_eks",
      "mode": "data",
      "type": "aws_partition",
      "name": "current",
      "provider": "provider[\"registry.terraform.io/hashicorp/aws\"]",
      "instances": [
        {
          "schema_version": 0,
          "attributes": {
            "dns_suffix": "amazonaws.com",
            "id": "aws",
            "partition": "aws",
            "reverse_dns_prefix": "com.amazonaws"
          },
          "sensitive_attributes": []
        }
      ]
    },
    {
      "module": "module.eks_blueprints.module.aws_eks",
      "mode": "data",
      "type": "tls_certificate",
      "name": "this",
      "provider": "provider[\"registry.terraform.io/hashicorp/tls\"]",
      "instances": [
        {
          "index_key": 0,
          "schema_version": 0,
          "attributes": {
            "certificates": [
              {
                "cert_pem": "-----BEGIN CERTIFICATE-----\nMIIEdTCCA12gAwIBAgIJAKcOSkw0grd/MA0GCSqGSIb3DQEBCwUAMGgxCzAJBgNV\nBAYTAlVTMSUwIwYDVQQKExxTdGFyZmllbGQgVGVjaG5vbG9naWVzLCBJbmMuMTIw\nMAYDVQQLEylTdGFyZmllbGQgQ2xhc3MgMiBDZXJ0aWZpY2F0aW9uIEF1dGhvcml0\neTAeFw0wOTA5MDIwMDAwMDBaFw0zNDA2MjgxNzM5MTZaMIGYMQswCQYDVQQGEwJV\nUzEQMA4GA1UECBMHQXJpem9uYTETMBEGA1UEBxMKU2NvdHRzZGFsZTElMCMGA1UE\nChMcU3RhcmZpZWxkIFRlY2hub2xvZ2llcywgSW5jLjE7MDkGA1UEAxMyU3RhcmZp\nZWxkIFNlcnZpY2VzIFJvb3QgQ2VydGlmaWNhdGUgQXV0aG9yaXR5IC0gRzIwggEi\nMA0GCSqGSIb3DQEBAQUAA4IBDwAwggEKAoIBAQDVDDrEKvlO4vW+GZdfjohTsR8/\ny8+fIBNtKTrID30892t2OGPZNmCom15cAICyL1l/9of5JUOG52kbUpqQ4XHj2C0N\nTm/2yEnZtvMaVq4rtnQU68/7JuMauh2WLmo7WJSJR1b/JaCTcFOD2oR0FMNnngRo\nOt+OQFodSk7PQ5E751bWAHDLUu57fa4657wx+UX2wmDPE1kCK4DMNEffud6QZW0C\nzyyRpqbn3oUYSXxmTqM6bam17jQuug0DuDPfR+uxa40l2ZvOgdFFRjKWcIfeAg5J\nQ4W2bHO7ZOphQazJ1FTfhy/HIrImzJ9ZVGif/L4qL8RVHHVAYBeFAlU5i38FAgMB\nAAGjgfAwge0wDwYDVR0TAQH/BAUwAwEB/zAOBgNVHQ8BAf8EBAMCAYYwHQYDVR0O\nBBYEFJxfAN+qAdcwKziIorhtSpzyEZGDMB8GA1UdIwQYMBaAFL9ft9HO3R+G9FtV\nrNzXEMIOqYjnME8GCCsGAQUFBwEBBEMwQTAcBggrBgEFBQcwAYYQaHR0cDovL28u\nc3MyLnVzLzAhBggrBgEFBQcwAoYVaHR0cDovL3guc3MyLnVzL3guY2VyMCYGA1Ud\nHwQfMB0wG6AZoBeGFWh0dHA6Ly9zLnNzMi51cy9yLmNybDARBgNVHSAECjAIMAYG\nBFUdIAAwDQYJKoZIhvcNAQELBQADggEBACMd44pXyn3pF3lM8R5V/cxTbj5HD9/G\nVfKyBDbtgB9TxF00KGu+x1X8Z+rLP3+QsjPNG1gQggL4+C/1E2DUBc7xgQjB3ad1\nl08YuW3e95ORCLp+QCztweq7dp4zBncdDQh/U90bZKuCJ/Fp1U1ervShw3WnWEQt\n8jxwmKy6abaVd38PMV4s/KCHOkdp8Hlf9BRUpJVeEXgSYCfOn8J3/yNTd126/+pZ\n59vPr5KW7ySaNRB6nJHGDn2Z9j8Z3/VyVOEVqQdZe4O/Ui5GjLIAZHYcSNPYeehu\nVsyuLAOQ1xk4meTKCRlb/weWsKh/NEnfVqn3sF/tM+2MR7cwA130A4w=\n-----END CERTIFICATE-----\n",
                "is_ca": true,
                "issuer": "OU=Starfield Class 2 Certification Authority,O=Starfield Technologies\\, Inc.,C=US",
                "not_after": "2034-06-28T17:39:16Z",
                "not_before": "2009-09-02T00:00:00Z",
                "public_key_algorithm": "RSA",
                "serial_number": "12037640545166866303",
                "sha1_fingerprint": "9e99a48a9960b14926bb7f3b02e22da2b0ab7280",
                "signature_algorithm": "SHA256-RSA",
                "subject": "CN=Starfield Services Root Certificate Authority - G2,O=Starfield Technologies\\, Inc.,L=Scottsdale,ST=Arizona,C=US",
                "version": 3
              },
              {
                "cert_pem": "-----BEGIN CERTIFICATE-----\nMIIEkjCCA3qgAwIBAgITBn+USionzfP6wq4rAfkI7rnExjANBgkqhkiG9w0BAQsF\nADCBmDELMAkGA1UEBhMCVVMxEDAOBgNVBAgTB0FyaXpvbmExEzARBgNVBAcTClNj\nb3R0c2RhbGUxJTAjBgNVBAoTHFN0YXJmaWVsZCBUZWNobm9sb2dpZXMsIEluYy4x\nOzA5BgNVBAMTMlN0YXJmaWVsZCBTZXJ2aWNlcyBSb290IENlcnRpZmljYXRlIEF1\ndGhvcml0eSAtIEcyMB4XDTE1MDUyNTEyMDAwMFoXDTM3MTIzMTAxMDAwMFowOTEL\nMAkGA1UEBhMCVVMxDzANBgNVBAoTBkFtYXpvbjEZMBcGA1UEAxMQQW1hem9uIFJv\nb3QgQ0EgMTCCASIwDQYJKoZIhvcNAQEBBQADggEPADCCAQoCggEBALJ4gHHKeNXj\nca9HgFB0fW7Y14h29Jlo91ghYPl0hAEvrAIthtOgQ3pOsqTQNroBvo3bSMgHFzZM\n9O6II8c+6zf1tRn4SWiw3te5djgdYZ6k/oI2peVKVuRF4fn9tBb6dNqcmzU5L/qw\nIFAGbHrQgLKm+a/sRxmPUDgH3KKHOVj4utWp+UhnMJbulHheb4mjUcAwhmahRWa6\nVOujw5H5SNz/0egwLX0tdHA114gk957EWW67c4cX8jJGKLhD+rcdqsq08p8kDi1L\n93FcXmn/6pUCyziKrlA4b9v7LWIbxcceVOF34GfID5yHI9Y/QCB/IIDEgEw+OyQm\njgSubJrIqg0CAwEAAaOCATEwggEtMA8GA1UdEwEB/wQFMAMBAf8wDgYDVR0PAQH/\nBAQDAgGGMB0GA1UdDgQWBBSEGMyFNOy8DJSULghZnMeyEE4KCDAfBgNVHSMEGDAW\ngBScXwDfqgHXMCs4iKK4bUqc8hGRgzB4BggrBgEFBQcBAQRsMGowLgYIKwYBBQUH\nMAGGImh0dHA6Ly9vY3NwLnJvb3RnMi5hbWF6b250cnVzdC5jb20wOAYIKwYBBQUH\nMAKGLGh0dHA6Ly9jcnQucm9vdGcyLmFtYXpvbnRydXN0LmNvbS9yb290ZzIuY2Vy\nMD0GA1UdHwQ2MDQwMqAwoC6GLGh0dHA6Ly9jcmwucm9vdGcyLmFtYXpvbnRydXN0\nLmNvbS9yb290ZzIuY3JsMBEGA1UdIAQKMAgwBgYEVR0gADANBgkqhkiG9w0BAQsF\nAAOCAQEAYjdCXLwQtT6LLOkMm2xF4gcAevnFWAu5CIw+7bMlPLVvUOTNNWqnkzSW\nMiGpSESrnO09tKpzbeR/FoCJbM8oAxiDR3mjEH4wW6w7sGDgd9QIpuEdfF7Au/ma\neyKdpwAJfqxGF4PcnCZXmTA5YpaP7dreqsXMGz7KQ2hsVxa81Q4gLv7/wmpdLqBK\nbRRYh5TmOTFffHPLkIhqhBGWJ6bt2YFGpn6jcgAKUj6DiAdjd4lpFw85hdKrCEVN\n0FE6/V1dN2RMfjCyVSRCnTawXZwXgWHxyvkQAiSr6w10kY17RSlQOYiypok1JR4U\nakcjMS9cmvqtmg5iUaQqqcT5NJ0hGA==\n-----END CERTIFICATE-----\n",
                "is_ca": true,
                "issuer": "CN=Starfield Services Root Certificate Authority - G2,O=Starfield Technologies\\, Inc.,L=Scottsdale,ST=Arizona,C=US",
                "not_after": "2037-12-31T01:00:00Z",
                "not_before": "2015-05-25T12:00:00Z",
                "public_key_algorithm": "RSA",
                "serial_number": "144918191876577076464031512351042010504348870",
                "sha1_fingerprint": "06b25927c42a721631c1efd9431e648fa62e1e39",
                "signature_algorithm": "SHA256-RSA",
                "subject": "CN=Amazon Root CA 1,O=Amazon,C=US",
                "version": 3
              },
              {
                "cert_pem": "-----BEGIN CERTIFICATE-----\nMIIEXjCCA0agAwIBAgITB3MSOAudZoijOx7Zv5zNpo4ODzANBgkqhkiG9w0BAQsF\nADA5MQswCQYDVQQGEwJVUzEPMA0GA1UEChMGQW1hem9uMRkwFwYDVQQDExBBbWF6\nb24gUm9vdCBDQSAxMB4XDTIyMDgyMzIyMjEyOFoXDTMwMDgyMzIyMjEyOFowPDEL\nMAkGA1UEBhMCVVMxDzANBgNVBAoTBkFtYXpvbjEcMBoGA1UEAxMTQW1hem9uIFJT\nQSAyMDQ4IE0wMTCCASIwDQYJKoZIhvcNAQEBBQADggEPADCCAQoCggEBAOtxLKnL\nH4gokjIwr4pXD3i3NyWVVYesZ1yX0yLI2qIUZ2t88Gfa4gMqs1YSXca1R/lnCKeT\nepWSGA+0+fkQNpp/L4C2T7oTTsddUx7g3ZYzByDTlrwS5HRQQqEFE3O1T5tEJP4t\nf+28IoXsNiEzl3UGzicYgtzj2cWCB41eJgEmJmcf2T8TzzK6a614ZPyq/w4CPAff\nnAV4coz96nW3AyiE2uhuB4zQUIXvgVSycW7sbWLvj5TDXunEpNCRwC4kkZjK7rol\njtT2cbb7W2s4Bkg3R42G3PLqBvt2N32e/0JOTViCk8/iccJ4sXqrS1uUN4iB5Nmv\nJK74csVl+0u0UecCAwEAAaOCAVowggFWMBIGA1UdEwEB/wQIMAYBAf8CAQAwDgYD\nVR0PAQH/BAQDAgGGMB0GA1UdJQQWMBQGCCsGAQUFBwMBBggrBgEFBQcDAjAdBgNV\nHQ4EFgQUgbgOY4qJEhjl+js7UJWf5uWQE4UwHwYDVR0jBBgwFoAUhBjMhTTsvAyU\nlC4IWZzHshBOCggwewYIKwYBBQUHAQEEbzBtMC8GCCsGAQUFBzABhiNodHRwOi8v\nb2NzcC5yb290Y2ExLmFtYXpvbnRydXN0LmNvbTA6BggrBgEFBQcwAoYuaHR0cDov\nL2NydC5yb290Y2ExLmFtYXpvbnRydXN0LmNvbS9yb290Y2ExLmNlcjA/BgNVHR8E\nODA2MDSgMqAwhi5odHRwOi8vY3JsLnJvb3RjYTEuYW1hem9udHJ1c3QuY29tL3Jv\nb3RjYTEuY3JsMBMGA1UdIAQMMAowCAYGZ4EMAQIBMA0GCSqGSIb3DQEBCwUAA4IB\nAQCtAN4CBSMuBjJitGuxlBbkEUDeK/pZwTXv4KqPK0G50fOHOQAd8j21p0cMBgbG\nkfMHVwLU7b0XwZCav0h1ogdPMN1KakK1DT0VwA/+hFvGPJnMV1Kx2G4S1ZaSk0uU\n5QfoiYIIano01J5k4T2HapKQmmOhS/iPtuo00wW+IMLeBuKMn3OLn005hcrOGTad\nhcmeyfhQP7Z+iKHvyoQGi1C0ClymHETx/chhQGDyYSWqB/THwnN15AwLQo0E5V9E\nSJlbe4mBlqeInUsNYugExNf+tOiybcrswBy8OFsd34XOW3rjSUtsuafd9AWySa3h\nxRRrwszrzX/WWGm6wyB+f7C4\n-----END CERTIFICATE-----\n",
                "is_ca": true,
                "issuer": "CN=Amazon Root CA 1,O=Amazon,C=US",
                "not_after": "2030-08-23T22:21:28Z",
                "not_before": "2022-08-23T22:21:28Z",
                "public_key_algorithm": "RSA",
                "serial_number": "166129328851546858514271303855646110030630415",
                "sha1_fingerprint": "2ad974a775f73cbdbbd8f5ac3a49255fa8fb1f8c",
                "signature_algorithm": "SHA256-RSA",
                "subject": "CN=Amazon RSA 2048 M01,O=Amazon,C=US",
                "version": 3
              },
              {
                "cert_pem": "-----BEGIN CERTIFICATE-----\nMIIF8zCCBNugAwIBAgIQBUiNwveUCnmlC+CXJXKZuTANBgkqhkiG9w0BAQsFADA8\nMQswCQYDVQQGEwJVUzEPMA0GA1UEChMGQW1hem9uMRwwGgYDVQQDExNBbWF6b24g\nUlNBIDIwNDggTTAxMB4XDTIzMDQxNDAwMDAwMFoXDTI0MDUxMjIzNTk1OVowMDEu\nMCwGA1UEAxMlb2lkYy5la3MuYXAtc291dGhlYXN0LTEuYW1hem9uYXdzLmNvbTCC\nASIwDQYJKoZIhvcNAQEBBQADggEPADCCAQoCggEBALI3th6s8nYdzj8ZXGeUwCmc\n3HIMzt6sdQILE2QZN1Vp5mwWDH9xaZpJIX0S4r6MKhnAv9pqATVo9lg6mRaCdaQB\nvhtOWKIBYmqahPZMBoQ+htP2JXCUoNhetzjxvLsQdi6916FwNF5vMqCeK92cLMke\nh0x84L9VCm5TWEHmHf5BaEt01+icBXoTHeTfAgTV2hBIjGA4t7Zc3sm0fRF7c4eU\nTnmkyt72CCSQmmZkDEJx3aswg7G2HARrwh5HyDRwIylDD7+G5J3qiZFqBm4xcoE7\nR7aBdapdL/gIbO7Dm4pAo/HlE4nx3dodqhnWZul4XVo0vAanIcHXUuMRMaMEc/8C\nAwEAAaOCAvswggL3MB8GA1UdIwQYMBaAFIG4DmOKiRIY5fo7O1CVn+blkBOFMB0G\nA1UdDgQWBBQAiDjtFl9j4Fma5DL6ghDiH/MjmjAwBgNVHREEKTAngiVvaWRjLmVr\ncy5hcC1zb3V0aGVhc3QtMS5hbWF6b25hd3MuY29tMA4GA1UdDwEB/wQEAwIFoDAd\nBgNVHSUEFjAUBggrBgEFBQcDAQYIKwYBBQUHAwIwOwYDVR0fBDQwMjAwoC6gLIYq\naHR0cDovL2NybC5yMm0wMS5hbWF6b250cnVzdC5jb20vcjJtMDEuY3JsMBMGA1Ud\nIAQMMAowCAYGZ4EMAQIBMHUGCCsGAQUFBwEBBGkwZzAtBggrBgEFBQcwAYYhaHR0\ncDovL29jc3AucjJtMDEuYW1hem9udHJ1c3QuY29tMDYGCCsGAQUFBzAChipodHRw\nOi8vY3J0LnIybTAxLmFtYXpvbnRydXN0LmNvbS9yMm0wMS5jZXIwDAYDVR0TAQH/\nBAIwADCCAXsGCisGAQQB1nkCBAIEggFrBIIBZwFlAHUA7s3QZNXbGs7FXLedtM0T\nojKHRny87N7DUUhZRnEftZsAAAGHfSj1tgAABAMARjBEAiANTpO6aKMSUawTgbBl\nofnz2eg16LUY0+9m25TV2rVnugIgfiU4mVoW3yhSnhqgL5ML2/PUNJYrd6T53fwD\n6rCB/RQAdQBIsONr2qZHNA/lagL6nTDrHFIBy1bdLIHZu7+rOdiEcwAAAYd9KPXh\nAAAEAwBGMEQCIBWyWi4JyNhclvzSEhGc7nyDtmJ1ssm/yWLErsxSb02MAiB+aTfL\n7qpBmjAOFCqKFo90NmW3o7qOBxi2e6V8tFV5PwB1ANq2v2s/tbYin5vCu1xr6HCR\ncWy7UYSFNL2kPTBI1/urAAABh30o9a4AAAQDAEYwRAIgCMdhQfTAEWmBiO4Uy8Kr\nleNO8Etw2CSLJ7UnCCQ9Cg8CIE0I15cgCihuPBjXfwwBLFuMO+lmw8hLjiJfrXcp\nISjPMA0GCSqGSIb3DQEBCwUAA4IBAQAHndyIE+QXE0GWW3kXuZDhX9kwn9uznQ64\nHn2Zxgq+86uUPWGfhAGju7z9cp3S8/LGEBMdqRwf+xV8xFGhhvT7kLysWIOQHLPU\n2XUUvpDnvco9+YZoLqebbR08oU5oTMi8PdqNuQqYp/Qz+kW04LkHbVDDQD40JJDd\nGWe1SQbXbRjTZKJbWvyZgbsoiQJytRt8fOXsEcdqRcySVa/dOag6sORidPKQwi55\nwzF2KhnCbNGs8OJPQP8QlWQS5EsfrxQ13S6b8u5CS0UqjA8ACTb7SCFSxyFuq2Z6\nrpjNHm+Mn5QJBpp5+m4y33L9Hui9GHklvyElKi7MJ9GQcOW1D2fS\n-----END CERTIFICATE-----\n",
                "is_ca": false,
                "issuer": "CN=Amazon RSA 2048 M01,O=Amazon,C=US",
                "not_after": "2024-05-12T23:59:59Z",
                "not_before": "2023-04-14T00:00:00Z",
                "public_key_algorithm": "RSA",
                "serial_number": "7022860619378497521373405636023458233",
                "sha1_fingerprint": "30e620af3b44d4a30c0a64d1ecb8713fab02ca9f",
                "signature_algorithm": "SHA256-RSA",
                "subject": "CN=oidc.eks.ap-southeast-1.amazonaws.com",
                "version": 3
              }
            ],
            "content": null,
            "id": "5f0630e8a1c4ee9bd3e7e715837e311bdbd1cd3d",
            "url": "https://oidc.eks.ap-southeast-1.amazonaws.com/id/4E1D1891A6BC9B4979B6F5C288CF37CC",
            "verify_chain": true
          },
          "sensitive_attributes": []
        }
      ]
    },
    {
      "module": "module.eks_blueprints.module.aws_eks",
      "mode": "managed",
      "type": "aws_ec2_tag",
      "name": "cluster_primary_security_group",
      "provider": "provider[\"registry.terraform.io/hashicorp/aws\"]",
      "instances": [
        {
          "index_key": "Blueprint",
          "schema_version": 0,
          "attributes": {
            "id": "sg-063af89de600fe989,Blueprint",
            "key": "Blueprint",
            "resource_id": "sg-063af89de600fe989",
            "value": "eks-blueprints-no-cilium"
          },
          "sensitive_attributes": [],
          "private": "bnVsbA==",
          "dependencies": [
            "module.eks_blueprints.data.aws_caller_identity.current",
            "module.eks_blueprints.data.aws_iam_policy_document.eks_key",
            "module.eks_blueprints.data.aws_iam_session_context.current",
            "module.eks_blueprints.data.aws_partition.current",
            "module.eks_blueprints.data.aws_region.current",
            "module.eks_blueprints.module.aws_eks.aws_cloudwatch_log_group.this",
            "module.eks_blueprints.module.aws_eks.aws_eks_cluster.this",
            "module.eks_blueprints.module.aws_eks.aws_iam_role.this",
            "module.eks_blueprints.module.aws_eks.aws_iam_role_policy_attachment.this",
            "module.eks_blueprints.module.aws_eks.aws_security_group.cluster",
            "module.eks_blueprints.module.aws_eks.aws_security_group.node",
            "module.eks_blueprints.module.aws_eks.aws_security_group_rule.cluster",
            "module.eks_blueprints.module.aws_eks.aws_security_group_rule.node",
            "module.eks_blueprints.module.aws_eks.data.aws_caller_identity.current",
            "module.eks_blueprints.module.aws_eks.data.aws_iam_policy_document.assume_role_policy",
            "module.eks_blueprints.module.aws_eks.data.aws_partition.current",
            "module.eks_blueprints.module.aws_eks.module.kms.aws_kms_external_key.this",
            "module.eks_blueprints.module.aws_eks.module.kms.aws_kms_key.this",
            "module.eks_blueprints.module.aws_eks.module.kms.data.aws_caller_identity.current",
            "module.eks_blueprints.module.aws_eks.module.kms.data.aws_iam_policy_document.this",
            "module.eks_blueprints.module.aws_eks.module.kms.data.aws_partition.current",
            "module.eks_blueprints.module.kms.aws_kms_key.this"
          ]
        },
        {
          "index_key": "GithubRepo",
          "schema_version": 0,
          "attributes": {
            "id": "sg-063af89de600fe989,GithubRepo",
            "key": "GithubRepo",
            "resource_id": "sg-063af89de600fe989",
            "value": "https://github.com/aws-ia/terraform-aws-eks-blueprints/tree/v4.24.0/examples"
          },
          "sensitive_attributes": [],
          "private": "bnVsbA==",
          "dependencies": [
            "module.eks_blueprints.data.aws_caller_identity.current",
            "module.eks_blueprints.data.aws_iam_policy_document.eks_key",
            "module.eks_blueprints.data.aws_iam_session_context.current",
            "module.eks_blueprints.data.aws_partition.current",
            "module.eks_blueprints.data.aws_region.current",
            "module.eks_blueprints.module.aws_eks.aws_cloudwatch_log_group.this",
            "module.eks_blueprints.module.aws_eks.aws_eks_cluster.this",
            "module.eks_blueprints.module.aws_eks.aws_iam_role.this",
            "module.eks_blueprints.module.aws_eks.aws_iam_role_policy_attachment.this",
            "module.eks_blueprints.module.aws_eks.aws_security_group.cluster",
            "module.eks_blueprints.module.aws_eks.aws_security_group.node",
            "module.eks_blueprints.module.aws_eks.aws_security_group_rule.cluster",
            "module.eks_blueprints.module.aws_eks.aws_security_group_rule.node",
            "module.eks_blueprints.module.aws_eks.data.aws_caller_identity.current",
            "module.eks_blueprints.module.aws_eks.data.aws_iam_policy_document.assume_role_policy",
            "module.eks_blueprints.module.aws_eks.data.aws_partition.current",
            "module.eks_blueprints.module.aws_eks.module.kms.aws_kms_external_key.this",
            "module.eks_blueprints.module.aws_eks.module.kms.aws_kms_key.this",
            "module.eks_blueprints.module.aws_eks.module.kms.data.aws_caller_identity.current",
            "module.eks_blueprints.module.aws_eks.module.kms.data.aws_iam_policy_document.this",
            "module.eks_blueprints.module.aws_eks.module.kms.data.aws_partition.current",
            "module.eks_blueprints.module.kms.aws_kms_key.this"
          ]
        }
      ]
    },
    {
      "module": "module.eks_blueprints.module.aws_eks",
      "mode": "managed",
      "type": "aws_eks_cluster",
      "name": "this",
      "provider": "provider[\"registry.terraform.io/hashicorp/aws\"]",
      "instances": [
        {
          "index_key": 0,
          "schema_version": 0,
          "attributes": {
            "arn": "arn:aws:eks:ap-southeast-1:535479350247:cluster/eks-blueprints-no-cilium",
            "certificate_authority": [
              {
                "data": "LS0tLS1CRUdJTiBDRVJUSUZJQ0FURS0tLS0tCk1JSUMvakNDQWVhZ0F3SUJBZ0lCQURBTkJna3Foa2lHOXcwQkFRc0ZBREFWTVJNd0VRWURWUVFERXdwcmRXSmwKY201bGRHVnpNQjRYRFRJek1EUXhPREE0TXpRMU9Gb1hEVE16TURReE5UQTRNelExT0Zvd0ZURVRNQkVHQTFVRQpBeE1LYTNWaVpYSnVaWFJsY3pDQ0FTSXdEUVlKS29aSWh2Y05BUUVCQlFBRGdnRVBBRENDQVFvQ2dnRUJBTmpUClB4SHE2M1Q4NFJYdUpKTUlvWnRaeDFWSnh2QU1qTEU5ZmtVeThnNk8vRGthY1RveG5uaytZSGJkYTdFV1E1SzkKR3JzZVh0T011dXI4cVRYZGNuVGxTaXo0ZithUHUzV3U0M2x1Ylp0TU1Fd0tPSHM1QzdPZXF4MjFlbEhsaTNNSAoxbUdvTE9xZ3Bpd3dpZU10Tm4zZHRSbnVtUldMU3JWelRyUDJaWG1TcFNXcWk2b1RCQWp1d1Z3L3NYamg4S2ZLCnMwcEZ5WExYVUNsb0NrY3NaOS82c0hwRW85aVVyQkZ4R3VNKyticlYxVkowWVhENnovbFNXcGw4NFRkanhIeU4KR1k4QUF1dkdXUnpCM1JueFovQUI0R2piRU5RcDFKd2Nvclppc3RGcmxsam1pUWFsaGw3UWJDbnFGRERRZTJ0MgpMd1VHMHk4MUtPdHVBYW1aSFVFQ0F3RUFBYU5aTUZjd0RnWURWUjBQQVFIL0JBUURBZ0trTUE4R0ExVWRFd0VCCi93UUZNQU1CQWY4d0hRWURWUjBPQkJZRUZPLzVYVUlCZExCYUxuZEJzbjY5dG5pRHpKaW1NQlVHQTFVZEVRUU8KTUF5Q0NtdDFZbVZ5Ym1WMFpYTXdEUVlKS29aSWh2Y05BUUVMQlFBRGdnRUJBTUhXekNNanVjSkRlUUJGbWJ3YwordzgxaXZHZTRLR0FnWU5NWk9LYmVza1dpejY3MTRIS3E5L0xFcDJIS0tmUkxScTZJRmZpUFdsTmRLemJNSXo0ClNkaFlkRmdwbUhJM3N5TFdHNFVaZjlHcWdGV0JJMmNnQS95aWp4UVNJMkN4SXZxR3kyeVgrV25pdG5RTm5MUmkKcGVZaXJsVUlkdnRFN2kxUzJiOE9jeE55Mm00SG9sdW1SRTJpbUg0MlgvRWQvL3FBWEgzYVRJNVB4V09uT0V2OQpaakpkaHErQzBsczA1Y0xsOFNXVms1SDdSd1BzSXNjM3pMZkpNU1BkVFB0VmtkdmYvY0s2eTBta1p3RU9RWEZ4Clp5ZUg3RW9MYUxIL2lsQ0FlQmJmWkVEbXZaWXo5NTBWTURiSDFTdDEwUWFLRXo1QkRYcGZuUnpkNWlyeVVrQmMKOVkwPQotLS0tLUVORCBDRVJUSUZJQ0FURS0tLS0tCg=="
              }
            ],
            "cluster_id": null,
            "created_at": "2023-04-18 08:29:52.389 +0000 UTC",
            "enabled_cluster_log_types": [
              "api",
              "audit",
              "authenticator",
              "controllerManager",
              "scheduler"
            ],
            "encryption_config": [
              {
                "provider": [
                  {
                    "key_arn": "arn:aws:kms:ap-southeast-1:535479350247:key/b02ba307-4fe5-46ef-bdd0-5d9bca08a6fe"
                  }
                ],
                "resources": [
                  "secrets"
                ]
              }
            ],
            "endpoint": "https://4E1D1891A6BC9B4979B6F5C288CF37CC.gr7.ap-southeast-1.eks.amazonaws.com",
            "id": "eks-blueprints-no-cilium",
            "identity": [
              {
                "oidc": [
                  {
                    "issuer": "https://oidc.eks.ap-southeast-1.amazonaws.com/id/4E1D1891A6BC9B4979B6F5C288CF37CC"
                  }
                ]
              }
            ],
            "kubernetes_network_config": [
              {
                "ip_family": "ipv4",
                "service_ipv4_cidr": "10.100.0.0/16",
                "service_ipv6_cidr": ""
              }
            ],
            "name": "eks-blueprints-no-cilium",
            "outpost_config": [],
            "platform_version": "eks.5",
            "role_arn": "arn:aws:iam::535479350247:role/eks-blueprints-no-cilium-cluster-role",
            "status": "ACTIVE",
            "tags": {
              "Blueprint": "eks-blueprints-no-cilium",
              "GithubRepo": "https://github.com/aws-ia/terraform-aws-eks-blueprints/tree/v4.24.0/examples"
            },
            "tags_all": {
              "Blueprint": "eks-blueprints-no-cilium",
              "GithubRepo": "https://github.com/aws-ia/terraform-aws-eks-blueprints/tree/v4.24.0/examples"
            },
            "timeouts": {
              "create": null,
              "delete": null,
              "update": null
            },
            "version": "1.24",
            "vpc_config": [
              {
                "cluster_security_group_id": "sg-063af89de600fe989",
                "endpoint_private_access": false,
                "endpoint_public_access": true,
                "public_access_cidrs": [
                  "0.0.0.0/0"
                ],
                "security_group_ids": [
                  "sg-074da5918f6bd0ae5"
                ],
                "subnet_ids": [
                  "subnet-0a421732677fa63d2",
                  "subnet-0ee314ff01d715733"
                ],
                "vpc_id": "vpc-00e8a5494e255e7e6"
              }
            ]
          },
          "sensitive_attributes": [],
          "private": "eyJlMmJmYjczMC1lY2FhLTExZTYtOGY4OC0zNDM2M2JjN2M0YzAiOnsiY3JlYXRlIjoxODAwMDAwMDAwMDAwLCJkZWxldGUiOjkwMDAwMDAwMDAwMCwidXBkYXRlIjozNjAwMDAwMDAwMDAwfX0=",
          "dependencies": [
            "module.eks_blueprints.data.aws_caller_identity.current",
            "module.eks_blueprints.data.aws_iam_policy_document.eks_key",
            "module.eks_blueprints.data.aws_iam_session_context.current",
            "module.eks_blueprints.data.aws_partition.current",
            "module.eks_blueprints.data.aws_region.current",
            "module.eks_blueprints.module.aws_eks.aws_cloudwatch_log_group.this",
            "module.eks_blueprints.module.aws_eks.aws_iam_role.this",
            "module.eks_blueprints.module.aws_eks.aws_iam_role_policy_attachment.this",
            "module.eks_blueprints.module.aws_eks.aws_security_group.cluster",
            "module.eks_blueprints.module.aws_eks.aws_security_group.node",
            "module.eks_blueprints.module.aws_eks.aws_security_group_rule.cluster",
            "module.eks_blueprints.module.aws_eks.aws_security_group_rule.node",
            "module.eks_blueprints.module.aws_eks.data.aws_caller_identity.current",
            "module.eks_blueprints.module.aws_eks.data.aws_iam_policy_document.assume_role_policy",
            "module.eks_blueprints.module.aws_eks.data.aws_partition.current",
            "module.eks_blueprints.module.aws_eks.module.kms.aws_kms_external_key.this",
            "module.eks_blueprints.module.aws_eks.module.kms.aws_kms_key.this",
            "module.eks_blueprints.module.aws_eks.module.kms.data.aws_caller_identity.current",
            "module.eks_blueprints.module.aws_eks.module.kms.data.aws_iam_policy_document.this",
            "module.eks_blueprints.module.aws_eks.module.kms.data.aws_partition.current",
            "module.eks_blueprints.module.kms.aws_kms_key.this"
          ],
          "create_before_destroy": true
        }
      ]
    },
    {
      "module": "module.eks_blueprints.module.aws_eks",
      "mode": "managed",
      "type": "aws_iam_openid_connect_provider",
      "name": "oidc_provider",
      "provider": "provider[\"registry.terraform.io/hashicorp/aws\"]",
      "instances": [
        {
          "index_key": 0,
          "schema_version": 0,
          "attributes": {
            "arn": "arn:aws:iam::535479350247:oidc-provider/oidc.eks.ap-southeast-1.amazonaws.com/id/4E1D1891A6BC9B4979B6F5C288CF37CC",
            "client_id_list": [
              "sts.amazonaws.com"
            ],
            "id": "arn:aws:iam::535479350247:oidc-provider/oidc.eks.ap-southeast-1.amazonaws.com/id/4E1D1891A6BC9B4979B6F5C288CF37CC",
            "tags": {
              "Blueprint": "eks-blueprints-no-cilium",
              "GithubRepo": "https://github.com/aws-ia/terraform-aws-eks-blueprints/tree/v4.24.0/examples",
              "Name": "eks-blueprints-no-cilium-eks-irsa"
            },
            "tags_all": {
              "Blueprint": "eks-blueprints-no-cilium",
              "GithubRepo": "https://github.com/aws-ia/terraform-aws-eks-blueprints/tree/v4.24.0/examples",
              "Name": "eks-blueprints-no-cilium-eks-irsa"
            },
            "thumbprint_list": [
              "9e99a48a9960b14926bb7f3b02e22da2b0ab7280"
            ],
            "url": "oidc.eks.ap-southeast-1.amazonaws.com/id/4E1D1891A6BC9B4979B6F5C288CF37CC"
          },
          "sensitive_attributes": [],
          "private": "bnVsbA==",
          "dependencies": [
            "module.eks_blueprints.data.aws_caller_identity.current",
            "module.eks_blueprints.data.aws_iam_policy_document.eks_key",
            "module.eks_blueprints.data.aws_iam_session_context.current",
            "module.eks_blueprints.data.aws_partition.current",
            "module.eks_blueprints.data.aws_region.current",
            "module.eks_blueprints.module.aws_eks.aws_cloudwatch_log_group.this",
            "module.eks_blueprints.module.aws_eks.aws_eks_cluster.this",
            "module.eks_blueprints.module.aws_eks.aws_iam_role.this",
            "module.eks_blueprints.module.aws_eks.aws_iam_role_policy_attachment.this",
            "module.eks_blueprints.module.aws_eks.aws_security_group.cluster",
            "module.eks_blueprints.module.aws_eks.aws_security_group.node",
            "module.eks_blueprints.module.aws_eks.aws_security_group_rule.cluster",
            "module.eks_blueprints.module.aws_eks.aws_security_group_rule.node",
            "module.eks_blueprints.module.aws_eks.data.aws_caller_identity.current",
            "module.eks_blueprints.module.aws_eks.data.aws_iam_policy_document.assume_role_policy",
            "module.eks_blueprints.module.aws_eks.data.aws_partition.current",
            "module.eks_blueprints.module.aws_eks.data.tls_certificate.this",
            "module.eks_blueprints.module.aws_eks.module.kms.aws_kms_external_key.this",
            "module.eks_blueprints.module.aws_eks.module.kms.aws_kms_key.this",
            "module.eks_blueprints.module.aws_eks.module.kms.data.aws_caller_identity.current",
            "module.eks_blueprints.module.aws_eks.module.kms.data.aws_iam_policy_document.this",
            "module.eks_blueprints.module.aws_eks.module.kms.data.aws_partition.current",
            "module.eks_blueprints.module.kms.aws_kms_key.this"
          ]
        }
      ]
    },
    {
      "module": "module.eks_blueprints.module.aws_eks",
      "mode": "managed",
      "type": "aws_iam_role",
      "name": "this",
      "provider": "provider[\"registry.terraform.io/hashicorp/aws\"]",
      "instances": [
        {
          "index_key": 0,
          "schema_version": 0,
          "attributes": {
            "arn": "arn:aws:iam::535479350247:role/eks-blueprints-no-cilium-cluster-role",
            "assume_role_policy": "{\"Statement\":[{\"Action\":\"sts:AssumeRole\",\"Effect\":\"Allow\",\"Principal\":{\"Service\":\"eks.amazonaws.com\"},\"Sid\":\"EKSClusterAssumeRole\"}],\"Version\":\"2012-10-17\"}",
            "create_date": "2023-04-18T08:29:28Z",
            "description": "",
            "force_detach_policies": true,
            "id": "eks-blueprints-no-cilium-cluster-role",
            "inline_policy": [],
            "managed_policy_arns": [
              "arn:aws:iam::aws:policy/AmazonEKSClusterPolicy",
              "arn:aws:iam::aws:policy/AmazonEKSVPCResourceController"
            ],
            "max_session_duration": 3600,
            "name": "eks-blueprints-no-cilium-cluster-role",
            "name_prefix": "",
            "path": "/",
            "permissions_boundary": null,
            "tags": {
              "Blueprint": "eks-blueprints-no-cilium",
              "GithubRepo": "https://github.com/aws-ia/terraform-aws-eks-blueprints/tree/v4.24.0/examples"
            },
            "tags_all": {
              "Blueprint": "eks-blueprints-no-cilium",
              "GithubRepo": "https://github.com/aws-ia/terraform-aws-eks-blueprints/tree/v4.24.0/examples"
            },
            "unique_id": "AROAXZLIOOPTXHQ74K5AD"
          },
          "sensitive_attributes": [],
          "private": "bnVsbA==",
          "dependencies": [
            "module.eks_blueprints.module.aws_eks.aws_cloudwatch_log_group.this",
            "module.eks_blueprints.module.aws_eks.data.aws_iam_policy_document.assume_role_policy",
            "module.eks_blueprints.module.aws_eks.data.aws_partition.current"
          ],
          "create_before_destroy": true
        }
      ]
    },
    {
      "module": "module.eks_blueprints.module.aws_eks",
      "mode": "managed",
      "type": "aws_iam_role_policy_attachment",
      "name": "this",
      "provider": "provider[\"registry.terraform.io/hashicorp/aws\"]",
      "instances": [
        {
          "index_key": "arn:aws:iam::aws:policy/AmazonEKSClusterPolicy",
          "schema_version": 0,
          "attributes": {
            "id": "eks-blueprints-no-cilium-cluster-role-20230418082929020500000001",
            "policy_arn": "arn:aws:iam::aws:policy/AmazonEKSClusterPolicy",
            "role": "eks-blueprints-no-cilium-cluster-role"
          },
          "sensitive_attributes": [],
          "private": "bnVsbA==",
          "dependencies": [
            "module.eks_blueprints.module.aws_eks.aws_cloudwatch_log_group.this",
            "module.eks_blueprints.module.aws_eks.aws_iam_role.this",
            "module.eks_blueprints.module.aws_eks.data.aws_iam_policy_document.assume_role_policy",
            "module.eks_blueprints.module.aws_eks.data.aws_partition.current"
          ],
          "create_before_destroy": true
        },
        {
          "index_key": "arn:aws:iam::aws:policy/AmazonEKSVPCResourceController",
          "schema_version": 0,
          "attributes": {
            "id": "eks-blueprints-no-cilium-cluster-role-20230418082929301900000002",
            "policy_arn": "arn:aws:iam::aws:policy/AmazonEKSVPCResourceController",
            "role": "eks-blueprints-no-cilium-cluster-role"
          },
          "sensitive_attributes": [],
          "private": "bnVsbA==",
          "dependencies": [
            "module.eks_blueprints.module.aws_eks.aws_cloudwatch_log_group.this",
            "module.eks_blueprints.module.aws_eks.aws_iam_role.this",
            "module.eks_blueprints.module.aws_eks.data.aws_iam_policy_document.assume_role_policy",
            "module.eks_blueprints.module.aws_eks.data.aws_partition.current"
          ],
          "create_before_destroy": true
        }
      ]
    },
    {
      "module": "module.eks_blueprints.module.aws_eks",
      "mode": "managed",
      "type": "aws_security_group",
      "name": "cluster",
      "provider": "provider[\"registry.terraform.io/hashicorp/aws\"]",
      "instances": [
        {
          "index_key": 0,
          "schema_version": 1,
          "attributes": {
            "arn": "arn:aws:ec2:ap-southeast-1:535479350247:security-group/sg-074da5918f6bd0ae5",
            "description": "EKS cluster security group",
            "egress": [
              {
                "cidr_blocks": [],
                "description": "Cluster API to node groups",
                "from_port": 443,
                "ipv6_cidr_blocks": [],
                "prefix_list_ids": [],
                "protocol": "tcp",
                "security_groups": [
                  "sg-01966d2194cc0e150"
                ],
                "self": false,
                "to_port": 443
              },
              {
                "cidr_blocks": [],
                "description": "Cluster API to node kubelets",
                "from_port": 10250,
                "ipv6_cidr_blocks": [],
                "prefix_list_ids": [],
                "protocol": "tcp",
                "security_groups": [
                  "sg-01966d2194cc0e150"
                ],
                "self": false,
                "to_port": 10250
              }
            ],
            "id": "sg-074da5918f6bd0ae5",
            "ingress": [
              {
                "cidr_blocks": [],
                "description": "Node groups to cluster API",
                "from_port": 443,
                "ipv6_cidr_blocks": [],
                "prefix_list_ids": [],
                "protocol": "tcp",
                "security_groups": [
                  "sg-01966d2194cc0e150"
                ],
                "self": false,
                "to_port": 443
              }
            ],
            "name": "eks-blueprints-no-cilium-cluster-20230418082550140000000002",
            "name_prefix": "eks-blueprints-no-cilium-cluster-",
            "owner_id": "535479350247",
            "revoke_rules_on_delete": false,
            "tags": {
              "Blueprint": "eks-blueprints-no-cilium",
              "GithubRepo": "https://github.com/aws-ia/terraform-aws-eks-blueprints/tree/v4.24.0/examples",
              "Name": "eks-blueprints-no-cilium-cluster"
            },
            "tags_all": {
              "Blueprint": "eks-blueprints-no-cilium",
              "GithubRepo": "https://github.com/aws-ia/terraform-aws-eks-blueprints/tree/v4.24.0/examples",
              "Name": "eks-blueprints-no-cilium-cluster"
            },
            "timeouts": null,
            "vpc_id": "vpc-00e8a5494e255e7e6"
          },
          "sensitive_attributes": [],
          "private": "eyJlMmJmYjczMC1lY2FhLTExZTYtOGY4OC0zNDM2M2JjN2M0YzAiOnsiY3JlYXRlIjo2MDAwMDAwMDAwMDAsImRlbGV0ZSI6OTAwMDAwMDAwMDAwfSwic2NoZW1hX3ZlcnNpb24iOiIxIn0=",
          "create_before_destroy": true
        }
      ]
    },
    {
      "module": "module.eks_blueprints.module.aws_eks",
      "mode": "managed",
      "type": "aws_security_group",
      "name": "node",
      "provider": "provider[\"registry.terraform.io/hashicorp/aws\"]",
      "instances": [
        {
          "index_key": 0,
          "schema_version": 1,
          "attributes": {
            "arn": "arn:aws:ec2:ap-southeast-1:535479350247:security-group/sg-01966d2194cc0e150",
            "description": "EKS node shared security group",
            "egress": [
              {
                "cidr_blocks": [
                  "0.0.0.0/0"
                ],
                "description": "Egress NTP/TCP to internet",
                "from_port": 123,
                "ipv6_cidr_blocks": [],
                "prefix_list_ids": [],
                "protocol": "tcp",
                "security_groups": [],
                "self": false,
                "to_port": 123
              },
              {
                "cidr_blocks": [
                  "0.0.0.0/0"
                ],
                "description": "Egress NTP/UDP to internet",
                "from_port": 123,
                "ipv6_cidr_blocks": [],
                "prefix_list_ids": [],
                "protocol": "udp",
                "security_groups": [],
                "self": false,
                "to_port": 123
              },
              {
                "cidr_blocks": [
                  "0.0.0.0/0"
                ],
                "description": "Egress all HTTPS to internet",
                "from_port": 443,
                "ipv6_cidr_blocks": [],
                "prefix_list_ids": [],
                "protocol": "tcp",
                "security_groups": [],
                "self": false,
                "to_port": 443
              },
              {
                "cidr_blocks": [],
                "description": "Node groups to cluster API",
                "from_port": 443,
                "ipv6_cidr_blocks": [],
                "prefix_list_ids": [],
                "protocol": "tcp",
                "security_groups": [
                  "sg-074da5918f6bd0ae5"
                ],
                "self": false,
                "to_port": 443
              },
              {
                "cidr_blocks": [],
                "description": "Node to node CoreDNS",
                "from_port": 53,
                "ipv6_cidr_blocks": [],
                "prefix_list_ids": [],
                "protocol": "tcp",
                "security_groups": [],
                "self": true,
                "to_port": 53
              },
              {
                "cidr_blocks": [],
                "description": "Node to node CoreDNS",
                "from_port": 53,
                "ipv6_cidr_blocks": [],
                "prefix_list_ids": [],
                "protocol": "udp",
                "security_groups": [],
                "self": true,
                "to_port": 53
              }
            ],
            "id": "sg-01966d2194cc0e150",
            "ingress": [
              {
                "cidr_blocks": [],
                "description": "Cluster API to node groups",
                "from_port": 443,
                "ipv6_cidr_blocks": [],
                "prefix_list_ids": [],
                "protocol": "tcp",
                "security_groups": [
                  "sg-074da5918f6bd0ae5"
                ],
                "self": false,
                "to_port": 443
              },
              {
                "cidr_blocks": [],
                "description": "Cluster API to node kubelets",
                "from_port": 10250,
                "ipv6_cidr_blocks": [],
                "prefix_list_ids": [],
                "protocol": "tcp",
                "security_groups": [
                  "sg-074da5918f6bd0ae5"
                ],
                "self": false,
                "to_port": 10250
              },
              {
                "cidr_blocks": [],
                "description": "Node to node CoreDNS",
                "from_port": 53,
                "ipv6_cidr_blocks": [],
                "prefix_list_ids": [],
                "protocol": "tcp",
                "security_groups": [],
                "self": true,
                "to_port": 53
              },
              {
                "cidr_blocks": [],
                "description": "Node to node CoreDNS",
                "from_port": 53,
                "ipv6_cidr_blocks": [],
                "prefix_list_ids": [],
                "protocol": "udp",
                "security_groups": [],
                "self": true,
                "to_port": 53
              }
            ],
            "name": "eks-blueprints-no-cilium-node-20230418082550139900000001",
            "name_prefix": "eks-blueprints-no-cilium-node-",
            "owner_id": "535479350247",
            "revoke_rules_on_delete": false,
            "tags": {
              "Blueprint": "eks-blueprints-no-cilium",
              "GithubRepo": "https://github.com/aws-ia/terraform-aws-eks-blueprints/tree/v4.24.0/examples",
              "Name": "eks-blueprints-no-cilium-node",
              "kubernetes.io/cluster/eks-blueprints-no-cilium": "owned"
            },
            "tags_all": {
              "Blueprint": "eks-blueprints-no-cilium",
              "GithubRepo": "https://github.com/aws-ia/terraform-aws-eks-blueprints/tree/v4.24.0/examples",
              "Name": "eks-blueprints-no-cilium-node",
              "kubernetes.io/cluster/eks-blueprints-no-cilium": "owned"
            },
            "timeouts": null,
            "vpc_id": "vpc-00e8a5494e255e7e6"
          },
          "sensitive_attributes": [],
          "private": "eyJlMmJmYjczMC1lY2FhLTExZTYtOGY4OC0zNDM2M2JjN2M0YzAiOnsiY3JlYXRlIjo2MDAwMDAwMDAwMDAsImRlbGV0ZSI6OTAwMDAwMDAwMDAwfSwic2NoZW1hX3ZlcnNpb24iOiIxIn0=",
          "create_before_destroy": true
        }
      ]
    },
    {
      "module": "module.eks_blueprints.module.aws_eks",
      "mode": "managed",
      "type": "aws_security_group_rule",
      "name": "cluster",
      "provider": "provider[\"registry.terraform.io/hashicorp/aws\"]",
      "instances": [
        {
          "index_key": "egress_nodes_443",
          "schema_version": 2,
          "attributes": {
            "cidr_blocks": null,
            "description": "Cluster API to node groups",
            "from_port": 443,
            "id": "sgrule-4092473933",
            "ipv6_cidr_blocks": null,
            "prefix_list_ids": [],
            "protocol": "tcp",
            "security_group_id": "sg-074da5918f6bd0ae5",
            "security_group_rule_id": "sgr-0e0a234fd095e61cc",
            "self": false,
            "source_security_group_id": "sg-01966d2194cc0e150",
            "timeouts": null,
            "to_port": 443,
            "type": "egress"
          },
          "sensitive_attributes": [],
          "private": "eyJlMmJmYjczMC1lY2FhLTExZTYtOGY4OC0zNDM2M2JjN2M0YzAiOnsiY3JlYXRlIjozMDAwMDAwMDAwMDB9LCJzY2hlbWFfdmVyc2lvbiI6IjIifQ==",
          "dependencies": [
            "module.eks_blueprints.module.aws_eks.aws_security_group.cluster",
            "module.eks_blueprints.module.aws_eks.aws_security_group.node"
          ],
          "create_before_destroy": true
        },
        {
          "index_key": "egress_nodes_kubelet",
          "schema_version": 2,
          "attributes": {
            "cidr_blocks": null,
            "description": "Cluster API to node kubelets",
            "from_port": 10250,
            "id": "sgrule-538646865",
            "ipv6_cidr_blocks": null,
            "prefix_list_ids": [],
            "protocol": "tcp",
            "security_group_id": "sg-074da5918f6bd0ae5",
            "security_group_rule_id": "sgr-04760f81945c924f3",
            "self": false,
            "source_security_group_id": "sg-01966d2194cc0e150",
            "timeouts": null,
            "to_port": 10250,
            "type": "egress"
          },
          "sensitive_attributes": [],
          "private": "eyJlMmJmYjczMC1lY2FhLTExZTYtOGY4OC0zNDM2M2JjN2M0YzAiOnsiY3JlYXRlIjozMDAwMDAwMDAwMDB9LCJzY2hlbWFfdmVyc2lvbiI6IjIifQ==",
          "dependencies": [
            "module.eks_blueprints.module.aws_eks.aws_security_group.cluster",
            "module.eks_blueprints.module.aws_eks.aws_security_group.node"
          ],
          "create_before_destroy": true
        },
        {
          "index_key": "ingress_nodes_443",
          "schema_version": 2,
          "attributes": {
            "cidr_blocks": null,
            "description": "Node groups to cluster API",
            "from_port": 443,
            "id": "sgrule-3852547484",
            "ipv6_cidr_blocks": null,
            "prefix_list_ids": [],
            "protocol": "tcp",
            "security_group_id": "sg-074da5918f6bd0ae5",
            "security_group_rule_id": "sgr-0e0a234fd095e61cc",
            "self": false,
            "source_security_group_id": "sg-01966d2194cc0e150",
            "timeouts": null,
            "to_port": 443,
            "type": "ingress"
          },
          "sensitive_attributes": [],
          "private": "eyJlMmJmYjczMC1lY2FhLTExZTYtOGY4OC0zNDM2M2JjN2M0YzAiOnsiY3JlYXRlIjozMDAwMDAwMDAwMDB9LCJzY2hlbWFfdmVyc2lvbiI6IjIifQ==",
          "dependencies": [
            "module.eks_blueprints.module.aws_eks.aws_security_group.cluster",
            "module.eks_blueprints.module.aws_eks.aws_security_group.node"
          ],
          "create_before_destroy": true
        }
      ]
    },
    {
      "module": "module.eks_blueprints.module.aws_eks",
      "mode": "managed",
      "type": "aws_security_group_rule",
      "name": "node",
      "provider": "provider[\"registry.terraform.io/hashicorp/aws\"]",
      "instances": [
        {
          "index_key": "egress_cluster_443",
          "schema_version": 2,
          "attributes": {
            "cidr_blocks": null,
            "description": "Node groups to cluster API",
            "from_port": 443,
            "id": "sgrule-3523434107",
            "ipv6_cidr_blocks": null,
            "prefix_list_ids": [],
            "protocol": "tcp",
            "security_group_id": "sg-01966d2194cc0e150",
            "security_group_rule_id": "sgr-028d0be65269e1542",
            "self": false,
            "source_security_group_id": "sg-074da5918f6bd0ae5",
            "timeouts": null,
            "to_port": 443,
            "type": "egress"
          },
          "sensitive_attributes": [],
          "private": "eyJlMmJmYjczMC1lY2FhLTExZTYtOGY4OC0zNDM2M2JjN2M0YzAiOnsiY3JlYXRlIjozMDAwMDAwMDAwMDB9LCJzY2hlbWFfdmVyc2lvbiI6IjIifQ==",
          "dependencies": [
            "module.eks_blueprints.module.aws_eks.aws_security_group.cluster",
            "module.eks_blueprints.module.aws_eks.aws_security_group.node"
          ],
          "create_before_destroy": true
        },
        {
          "index_key": "egress_https",
          "schema_version": 2,
          "attributes": {
            "cidr_blocks": [
              "0.0.0.0/0"
            ],
            "description": "Egress all HTTPS to internet",
            "from_port": 443,
            "id": "sgrule-1674099576",
            "ipv6_cidr_blocks": null,
            "prefix_list_ids": [],
            "protocol": "tcp",
            "security_group_id": "sg-01966d2194cc0e150",
            "security_group_rule_id": "sgr-044373f5edb4cd371",
            "self": false,
            "source_security_group_id": null,
            "timeouts": null,
            "to_port": 443,
            "type": "egress"
          },
          "sensitive_attributes": [],
          "private": "eyJlMmJmYjczMC1lY2FhLTExZTYtOGY4OC0zNDM2M2JjN2M0YzAiOnsiY3JlYXRlIjozMDAwMDAwMDAwMDB9LCJzY2hlbWFfdmVyc2lvbiI6IjIifQ==",
          "dependencies": [
            "module.eks_blueprints.module.aws_eks.aws_security_group.cluster",
            "module.eks_blueprints.module.aws_eks.aws_security_group.node"
          ],
          "create_before_destroy": true
        },
        {
          "index_key": "egress_ntp_tcp",
          "schema_version": 2,
          "attributes": {
            "cidr_blocks": [
              "0.0.0.0/0"
            ],
            "description": "Egress NTP/TCP to internet",
            "from_port": 123,
            "id": "sgrule-3155592806",
            "ipv6_cidr_blocks": null,
            "prefix_list_ids": [],
            "protocol": "tcp",
            "security_group_id": "sg-01966d2194cc0e150",
            "security_group_rule_id": "sgr-083d155913ea1f50e",
            "self": false,
            "source_security_group_id": null,
            "timeouts": null,
            "to_port": 123,
            "type": "egress"
          },
          "sensitive_attributes": [],
          "private": "eyJlMmJmYjczMC1lY2FhLTExZTYtOGY4OC0zNDM2M2JjN2M0YzAiOnsiY3JlYXRlIjozMDAwMDAwMDAwMDB9LCJzY2hlbWFfdmVyc2lvbiI6IjIifQ==",
          "dependencies": [
            "module.eks_blueprints.module.aws_eks.aws_security_group.cluster",
            "module.eks_blueprints.module.aws_eks.aws_security_group.node"
          ],
          "create_before_destroy": true
        },
        {
          "index_key": "egress_ntp_udp",
          "schema_version": 2,
          "attributes": {
            "cidr_blocks": [
              "0.0.0.0/0"
            ],
            "description": "Egress NTP/UDP to internet",
            "from_port": 123,
            "id": "sgrule-3263734635",
            "ipv6_cidr_blocks": null,
            "prefix_list_ids": [],
            "protocol": "udp",
            "security_group_id": "sg-01966d2194cc0e150",
            "security_group_rule_id": "sgr-0d714758ab9249360",
            "self": false,
            "source_security_group_id": null,
            "timeouts": null,
            "to_port": 123,
            "type": "egress"
          },
          "sensitive_attributes": [],
          "private": "eyJlMmJmYjczMC1lY2FhLTExZTYtOGY4OC0zNDM2M2JjN2M0YzAiOnsiY3JlYXRlIjozMDAwMDAwMDAwMDB9LCJzY2hlbWFfdmVyc2lvbiI6IjIifQ==",
          "dependencies": [
            "module.eks_blueprints.module.aws_eks.aws_security_group.cluster",
            "module.eks_blueprints.module.aws_eks.aws_security_group.node"
          ],
          "create_before_destroy": true
        },
        {
          "index_key": "egress_self_coredns_tcp",
          "schema_version": 2,
          "attributes": {
            "cidr_blocks": null,
            "description": "Node to node CoreDNS",
            "from_port": 53,
            "id": "sgrule-715057672",
            "ipv6_cidr_blocks": null,
            "prefix_list_ids": [],
            "protocol": "tcp",
            "security_group_id": "sg-01966d2194cc0e150",
            "security_group_rule_id": "sgr-0914905b51d77a6bc",
            "self": true,
            "source_security_group_id": null,
            "timeouts": null,
            "to_port": 53,
            "type": "egress"
          },
          "sensitive_attributes": [],
          "private": "eyJlMmJmYjczMC1lY2FhLTExZTYtOGY4OC0zNDM2M2JjN2M0YzAiOnsiY3JlYXRlIjozMDAwMDAwMDAwMDB9LCJzY2hlbWFfdmVyc2lvbiI6IjIifQ==",
          "dependencies": [
            "module.eks_blueprints.module.aws_eks.aws_security_group.cluster",
            "module.eks_blueprints.module.aws_eks.aws_security_group.node"
          ],
          "create_before_destroy": true
        },
        {
          "index_key": "egress_self_coredns_udp",
          "schema_version": 2,
          "attributes": {
            "cidr_blocks": null,
            "description": "Node to node CoreDNS",
            "from_port": 53,
            "id": "sgrule-2767808622",
            "ipv6_cidr_blocks": null,
            "prefix_list_ids": [],
            "protocol": "udp",
            "security_group_id": "sg-01966d2194cc0e150",
            "security_group_rule_id": "sgr-0d6ac9bb4c0a3ae87",
            "self": true,
            "source_security_group_id": null,
            "timeouts": null,
            "to_port": 53,
            "type": "egress"
          },
          "sensitive_attributes": [],
          "private": "eyJlMmJmYjczMC1lY2FhLTExZTYtOGY4OC0zNDM2M2JjN2M0YzAiOnsiY3JlYXRlIjozMDAwMDAwMDAwMDB9LCJzY2hlbWFfdmVyc2lvbiI6IjIifQ==",
          "dependencies": [
            "module.eks_blueprints.module.aws_eks.aws_security_group.cluster",
            "module.eks_blueprints.module.aws_eks.aws_security_group.node"
          ],
          "create_before_destroy": true
        },
        {
          "index_key": "ingress_cluster_443",
          "schema_version": 2,
          "attributes": {
            "cidr_blocks": null,
            "description": "Cluster API to node groups",
            "from_port": 443,
            "id": "sgrule-705559446",
            "ipv6_cidr_blocks": null,
            "prefix_list_ids": [],
            "protocol": "tcp",
            "security_group_id": "sg-01966d2194cc0e150",
            "security_group_rule_id": "sgr-0c5bfaef3e23420ff",
            "self": false,
            "source_security_group_id": "sg-074da5918f6bd0ae5",
            "timeouts": null,
            "to_port": 443,
            "type": "ingress"
          },
          "sensitive_attributes": [],
          "private": "eyJlMmJmYjczMC1lY2FhLTExZTYtOGY4OC0zNDM2M2JjN2M0YzAiOnsiY3JlYXRlIjozMDAwMDAwMDAwMDB9LCJzY2hlbWFfdmVyc2lvbiI6IjIifQ==",
          "dependencies": [
            "module.eks_blueprints.module.aws_eks.aws_security_group.cluster",
            "module.eks_blueprints.module.aws_eks.aws_security_group.node"
          ],
          "create_before_destroy": true
        },
        {
          "index_key": "ingress_cluster_kubelet",
          "schema_version": 2,
          "attributes": {
            "cidr_blocks": null,
            "description": "Cluster API to node kubelets",
            "from_port": 10250,
            "id": "sgrule-3962479996",
            "ipv6_cidr_blocks": null,
            "prefix_list_ids": [],
            "protocol": "tcp",
            "security_group_id": "sg-01966d2194cc0e150",
            "security_group_rule_id": "sgr-0ac4d5db3cd3fbb90",
            "self": false,
            "source_security_group_id": "sg-074da5918f6bd0ae5",
            "timeouts": null,
            "to_port": 10250,
            "type": "ingress"
          },
          "sensitive_attributes": [],
          "private": "eyJlMmJmYjczMC1lY2FhLTExZTYtOGY4OC0zNDM2M2JjN2M0YzAiOnsiY3JlYXRlIjozMDAwMDAwMDAwMDB9LCJzY2hlbWFfdmVyc2lvbiI6IjIifQ==",
          "dependencies": [
            "module.eks_blueprints.module.aws_eks.aws_security_group.cluster",
            "module.eks_blueprints.module.aws_eks.aws_security_group.node"
          ],
          "create_before_destroy": true
        },
        {
          "index_key": "ingress_self_coredns_tcp",
          "schema_version": 2,
          "attributes": {
            "cidr_blocks": null,
            "description": "Node to node CoreDNS",
            "from_port": 53,
            "id": "sgrule-3821989979",
            "ipv6_cidr_blocks": null,
            "prefix_list_ids": [],
            "protocol": "tcp",
            "security_group_id": "sg-01966d2194cc0e150",
            "security_group_rule_id": "sgr-0914905b51d77a6bc",
            "self": true,
            "source_security_group_id": null,
            "timeouts": null,
            "to_port": 53,
            "type": "ingress"
          },
          "sensitive_attributes": [],
          "private": "eyJlMmJmYjczMC1lY2FhLTExZTYtOGY4OC0zNDM2M2JjN2M0YzAiOnsiY3JlYXRlIjozMDAwMDAwMDAwMDB9LCJzY2hlbWFfdmVyc2lvbiI6IjIifQ==",
          "dependencies": [
            "module.eks_blueprints.module.aws_eks.aws_security_group.cluster",
            "module.eks_blueprints.module.aws_eks.aws_security_group.node"
          ],
          "create_before_destroy": true
        },
        {
          "index_key": "ingress_self_coredns_udp",
          "schema_version": 2,
          "attributes": {
            "cidr_blocks": null,
            "description": "Node to node CoreDNS",
            "from_port": 53,
            "id": "sgrule-1200706484",
            "ipv6_cidr_blocks": null,
            "prefix_list_ids": [],
            "protocol": "udp",
            "security_group_id": "sg-01966d2194cc0e150",
            "security_group_rule_id": "sgr-0d6ac9bb4c0a3ae87",
            "self": true,
            "source_security_group_id": null,
            "timeouts": null,
            "to_port": 53,
            "type": "ingress"
          },
          "sensitive_attributes": [],
          "private": "eyJlMmJmYjczMC1lY2FhLTExZTYtOGY4OC0zNDM2M2JjN2M0YzAiOnsiY3JlYXRlIjozMDAwMDAwMDAwMDB9LCJzY2hlbWFfdmVyc2lvbiI6IjIifQ==",
          "dependencies": [
            "module.eks_blueprints.module.aws_eks.aws_security_group.cluster",
            "module.eks_blueprints.module.aws_eks.aws_security_group.node"
          ],
          "create_before_destroy": true
        }
      ]
    },
    {
      "module": "module.eks_blueprints.module.aws_eks.module.kms",
      "mode": "data",
      "type": "aws_caller_identity",
      "name": "current",
      "provider": "provider[\"registry.terraform.io/hashicorp/aws\"]",
      "instances": [
        {
          "schema_version": 0,
          "attributes": {
            "account_id": "535479350247",
            "arn": "arn:aws:sts::535479350247:assumed-role/AWSReservedSSO_AWSAdministratorAccess_9e93d8e0500e8de7/deepyan+main-dev@amazon.com",
            "id": "535479350247",
            "user_id": "AROAXZLIOOPTSIGI7NIOW:deepyan+main-dev@amazon.com"
          },
          "sensitive_attributes": []
        }
      ]
    },
    {
      "module": "module.eks_blueprints.module.aws_eks.module.kms",
      "mode": "data",
      "type": "aws_partition",
      "name": "current",
      "provider": "provider[\"registry.terraform.io/hashicorp/aws\"]",
      "instances": [
        {
          "schema_version": 0,
          "attributes": {
            "dns_suffix": "amazonaws.com",
            "id": "aws",
            "partition": "aws",
            "reverse_dns_prefix": "com.amazonaws"
          },
          "sensitive_attributes": []
        }
      ]
    },
    {
      "module": "module.eks_blueprints.module.aws_eks_managed_node_groups[\"mg_5\"]",
      "mode": "data",
      "type": "aws_iam_policy_document",
      "name": "managed_ng_assume_role_policy",
      "provider": "provider[\"registry.terraform.io/hashicorp/aws\"]",
      "instances": [
        {
          "schema_version": 0,
          "attributes": {
            "id": "3778018924",
            "json": "{\n  \"Version\": \"2012-10-17\",\n  \"Statement\": [\n    {\n      \"Sid\": \"EKSWorkerAssumeRole\",\n      \"Effect\": \"Allow\",\n      \"Action\": \"sts:AssumeRole\",\n      \"Principal\": {\n        \"Service\": \"ec2.amazonaws.com\"\n      }\n    }\n  ]\n}",
            "override_json": null,
            "override_policy_documents": null,
            "policy_id": null,
            "source_json": null,
            "source_policy_documents": null,
            "statement": [
              {
                "actions": [
                  "sts:AssumeRole"
                ],
                "condition": [],
                "effect": "Allow",
                "not_actions": [],
                "not_principals": [],
                "not_resources": [],
                "principals": [
                  {
                    "identifiers": [
                      "ec2.amazonaws.com"
                    ],
                    "type": "Service"
                  }
                ],
                "resources": [],
                "sid": "EKSWorkerAssumeRole"
              }
            ],
            "version": "2012-10-17"
          },
          "sensitive_attributes": []
        }
      ]
    },
    {
      "module": "module.eks_blueprints.module.aws_eks_managed_node_groups[\"mg_5\"]",
      "mode": "managed",
      "type": "aws_eks_node_group",
      "name": "managed_ng",
      "provider": "provider[\"registry.terraform.io/hashicorp/aws\"]",
      "instances": [
        {
          "schema_version": 0,
          "attributes": {
            "ami_type": "AL2_x86_64",
            "arn": "arn:aws:eks:ap-southeast-1:535479350247:nodegroup/eks-blueprints-no-cilium/managed-ondemand-20230418083835684400000008/e4c3c9c2-03bf-ea9d-09fc-4e6195c7bbd1",
            "capacity_type": "ON_DEMAND",
            "cluster_name": "eks-blueprints-no-cilium",
            "disk_size": 50,
            "force_update_version": null,
            "id": "eks-blueprints-no-cilium:managed-ondemand-20230418083835684400000008",
            "instance_types": [
              "m5.xlarge"
            ],
            "labels": {},
            "launch_template": [],
            "node_group_name": "managed-ondemand-20230418083835684400000008",
            "node_group_name_prefix": "managed-ondemand-",
            "node_role_arn": "arn:aws:iam::535479350247:role/eks-blueprints-no-cilium-managed-ondemand",
            "release_version": "1.24.11-20230406",
            "remote_access": [],
            "resources": [
              {
                "autoscaling_groups": [
                  {
                    "name": "eks-managed-ondemand-20230418083835684400000008-e4c3c9c2-03bf-ea9d-09fc-4e6195c7bbd1"
                  }
                ],
                "remote_access_security_group_id": ""
              }
            ],
            "scaling_config": [
              {
                "desired_size": 4,
                "max_size": 6,
                "min_size": 3
              }
            ],
            "status": "ACTIVE",
            "subnet_ids": [
              "subnet-0a421732677fa63d2",
              "subnet-0ee314ff01d715733"
            ],
            "tags": {
              "Blueprint": "eks-blueprints-no-cilium",
              "GithubRepo": "https://github.com/aws-ia/terraform-aws-eks-blueprints/tree/v4.24.0/examples",
              "Name": "eks-blueprints-no-cilium-managed-ondemand",
              "k8s.io/cluster-autoscaler/eks-blueprints-no-cilium": "owned",
              "k8s.io/cluster-autoscaler/enabled": "TRUE",
              "kubernetes.io/cluster/eks-blueprints-no-cilium": "owned",
              "managed-by": "terraform-aws-eks-blueprints"
            },
            "tags_all": {
              "Blueprint": "eks-blueprints-no-cilium",
              "GithubRepo": "https://github.com/aws-ia/terraform-aws-eks-blueprints/tree/v4.24.0/examples",
              "Name": "eks-blueprints-no-cilium-managed-ondemand",
              "k8s.io/cluster-autoscaler/eks-blueprints-no-cilium": "owned",
              "k8s.io/cluster-autoscaler/enabled": "TRUE",
              "kubernetes.io/cluster/eks-blueprints-no-cilium": "owned",
              "managed-by": "terraform-aws-eks-blueprints"
            },
            "taint": [],
            "timeouts": {
              "create": "30m",
              "delete": "30m",
              "update": "2h"
            },
            "update_config": [
              {
                "max_unavailable": 1,
                "max_unavailable_percentage": 0
              }
            ],
            "version": "1.24"
          },
          "sensitive_attributes": [],
          "private": "eyJlMmJmYjczMC1lY2FhLTExZTYtOGY4OC0zNDM2M2JjN2M0YzAiOnsiY3JlYXRlIjoxODAwMDAwMDAwMDAwLCJkZWxldGUiOjE4MDAwMDAwMDAwMDAsInVwZGF0ZSI6NzIwMDAwMDAwMDAwMH19",
          "dependencies": [
            "data.aws_caller_identity.current",
            "data.aws_eks_cluster_auth.this",
            "module.eks_blueprints.data.aws_caller_identity.current",
            "module.eks_blueprints.data.aws_eks_cluster.cluster",
            "module.eks_blueprints.data.aws_iam_policy_document.eks_key",
            "module.eks_blueprints.data.aws_iam_session_context.current",
            "module.eks_blueprints.data.aws_partition.current",
            "module.eks_blueprints.data.aws_region.current",
            "module.eks_blueprints.data.http.eks_cluster_readiness",
            "module.eks_blueprints.kubernetes_config_map.aws_auth",
            "module.eks_blueprints.module.aws_eks.aws_cloudwatch_log_group.this",
            "module.eks_blueprints.module.aws_eks.aws_eks_cluster.this",
            "module.eks_blueprints.module.aws_eks.aws_iam_role.this",
            "module.eks_blueprints.module.aws_eks.aws_iam_role_policy_attachment.this",
            "module.eks_blueprints.module.aws_eks.aws_security_group.cluster",
            "module.eks_blueprints.module.aws_eks.aws_security_group.node",
            "module.eks_blueprints.module.aws_eks.aws_security_group_rule.cluster",
            "module.eks_blueprints.module.aws_eks.aws_security_group_rule.node",
            "module.eks_blueprints.module.aws_eks.data.aws_caller_identity.current",
            "module.eks_blueprints.module.aws_eks.data.aws_iam_policy_document.assume_role_policy",
            "module.eks_blueprints.module.aws_eks.data.aws_partition.current",
            "module.eks_blueprints.module.aws_eks.module.kms.aws_kms_external_key.this",
            "module.eks_blueprints.module.aws_eks.module.kms.aws_kms_key.this",
            "module.eks_blueprints.module.aws_eks.module.kms.data.aws_caller_identity.current",
            "module.eks_blueprints.module.aws_eks.module.kms.data.aws_iam_policy_document.this",
            "module.eks_blueprints.module.aws_eks.module.kms.data.aws_partition.current",
            "module.eks_blueprints.module.aws_eks_managed_node_groups.aws_iam_instance_profile.managed_ng",
            "module.eks_blueprints.module.aws_eks_managed_node_groups.aws_iam_role.managed_ng",
            "module.eks_blueprints.module.aws_eks_managed_node_groups.aws_iam_role_policy_attachment.managed_ng",
            "module.eks_blueprints.module.aws_eks_managed_node_groups.aws_launch_template.managed_node_groups",
            "module.eks_blueprints.module.aws_eks_managed_node_groups.data.aws_iam_policy_document.managed_ng_assume_role_policy",
            "module.eks_blueprints.module.kms.aws_kms_key.this"
          ],
          "create_before_destroy": true
        }
      ]
    },
    {
      "module": "module.eks_blueprints.module.aws_eks_managed_node_groups[\"mg_5\"]",
      "mode": "managed",
      "type": "aws_iam_instance_profile",
      "name": "managed_ng",
      "provider": "provider[\"registry.terraform.io/hashicorp/aws\"]",
      "instances": [
        {
          "index_key": 0,
          "schema_version": 0,
          "attributes": {
            "arn": "arn:aws:iam::535479350247:instance-profile/eks-blueprints-no-cilium-managed-ondemand",
            "create_date": "2023-04-18T08:38:34Z",
            "id": "eks-blueprints-no-cilium-managed-ondemand",
            "name": "eks-blueprints-no-cilium-managed-ondemand",
            "name_prefix": "",
            "path": "/",
            "role": "eks-blueprints-no-cilium-managed-ondemand",
            "tags": {
              "Blueprint": "eks-blueprints-no-cilium",
              "GithubRepo": "https://github.com/aws-ia/terraform-aws-eks-blueprints/tree/v4.24.0/examples"
            },
            "tags_all": {
              "Blueprint": "eks-blueprints-no-cilium",
              "GithubRepo": "https://github.com/aws-ia/terraform-aws-eks-blueprints/tree/v4.24.0/examples"
            },
            "unique_id": "AIPAXZLIOOPTQ3ZNLDA4E"
          },
          "sensitive_attributes": [],
          "private": "bnVsbA==",
          "dependencies": [
            "data.aws_caller_identity.current",
            "data.aws_eks_cluster_auth.this",
            "module.eks_blueprints.data.aws_caller_identity.current",
            "module.eks_blueprints.data.aws_eks_cluster.cluster",
            "module.eks_blueprints.data.aws_iam_policy_document.eks_key",
            "module.eks_blueprints.data.aws_iam_session_context.current",
            "module.eks_blueprints.data.aws_partition.current",
            "module.eks_blueprints.data.aws_region.current",
            "module.eks_blueprints.data.http.eks_cluster_readiness",
            "module.eks_blueprints.kubernetes_config_map.aws_auth",
            "module.eks_blueprints.module.aws_eks.aws_cloudwatch_log_group.this",
            "module.eks_blueprints.module.aws_eks.aws_eks_cluster.this",
            "module.eks_blueprints.module.aws_eks.aws_iam_role.this",
            "module.eks_blueprints.module.aws_eks.aws_iam_role_policy_attachment.this",
            "module.eks_blueprints.module.aws_eks.aws_security_group.cluster",
            "module.eks_blueprints.module.aws_eks.aws_security_group.node",
            "module.eks_blueprints.module.aws_eks.aws_security_group_rule.cluster",
            "module.eks_blueprints.module.aws_eks.aws_security_group_rule.node",
            "module.eks_blueprints.module.aws_eks.data.aws_caller_identity.current",
            "module.eks_blueprints.module.aws_eks.data.aws_iam_policy_document.assume_role_policy",
            "module.eks_blueprints.module.aws_eks.data.aws_partition.current",
            "module.eks_blueprints.module.aws_eks.module.kms.aws_kms_external_key.this",
            "module.eks_blueprints.module.aws_eks.module.kms.aws_kms_key.this",
            "module.eks_blueprints.module.aws_eks.module.kms.data.aws_caller_identity.current",
            "module.eks_blueprints.module.aws_eks.module.kms.data.aws_iam_policy_document.this",
            "module.eks_blueprints.module.aws_eks.module.kms.data.aws_partition.current",
            "module.eks_blueprints.module.aws_eks_managed_node_groups.aws_iam_role.managed_ng",
            "module.eks_blueprints.module.aws_eks_managed_node_groups.data.aws_iam_policy_document.managed_ng_assume_role_policy",
            "module.eks_blueprints.module.kms.aws_kms_key.this"
          ],
          "create_before_destroy": true
        }
      ]
    },
    {
      "module": "module.eks_blueprints.module.aws_eks_managed_node_groups[\"mg_5\"]",
      "mode": "managed",
      "type": "aws_iam_role",
      "name": "managed_ng",
      "provider": "provider[\"registry.terraform.io/hashicorp/aws\"]",
      "instances": [
        {
          "index_key": 0,
          "schema_version": 0,
          "attributes": {
            "arn": "arn:aws:iam::535479350247:role/eks-blueprints-no-cilium-managed-ondemand",
            "assume_role_policy": "{\"Statement\":[{\"Action\":\"sts:AssumeRole\",\"Effect\":\"Allow\",\"Principal\":{\"Service\":\"ec2.amazonaws.com\"},\"Sid\":\"EKSWorkerAssumeRole\"}],\"Version\":\"2012-10-17\"}",
            "create_date": "2023-04-18T08:38:33Z",
            "description": "EKS Managed Node group IAM Role",
            "force_detach_policies": true,
            "id": "eks-blueprints-no-cilium-managed-ondemand",
            "inline_policy": [],
            "managed_policy_arns": [
              "arn:aws:iam::aws:policy/AmazonEC2ContainerRegistryReadOnly",
              "arn:aws:iam::aws:policy/AmazonEKSWorkerNodePolicy",
              "arn:aws:iam::aws:policy/AmazonEKS_CNI_Policy",
              "arn:aws:iam::aws:policy/AmazonSSMManagedInstanceCore"
            ],
            "max_session_duration": 3600,
            "name": "eks-blueprints-no-cilium-managed-ondemand",
            "name_prefix": "",
            "path": "/",
            "permissions_boundary": null,
            "tags": {
              "Blueprint": "eks-blueprints-no-cilium",
              "GithubRepo": "https://github.com/aws-ia/terraform-aws-eks-blueprints/tree/v4.24.0/examples"
            },
            "tags_all": {
              "Blueprint": "eks-blueprints-no-cilium",
              "GithubRepo": "https://github.com/aws-ia/terraform-aws-eks-blueprints/tree/v4.24.0/examples"
            },
            "unique_id": "AROAXZLIOOPT4ZYGFPUPW"
          },
          "sensitive_attributes": [],
          "private": "bnVsbA==",
          "dependencies": [
            "data.aws_caller_identity.current",
            "data.aws_eks_cluster_auth.this",
            "module.eks_blueprints.data.aws_caller_identity.current",
            "module.eks_blueprints.data.aws_eks_cluster.cluster",
            "module.eks_blueprints.data.aws_iam_policy_document.eks_key",
            "module.eks_blueprints.data.aws_iam_session_context.current",
            "module.eks_blueprints.data.aws_partition.current",
            "module.eks_blueprints.data.aws_region.current",
            "module.eks_blueprints.data.http.eks_cluster_readiness",
            "module.eks_blueprints.kubernetes_config_map.aws_auth",
            "module.eks_blueprints.module.aws_eks.aws_cloudwatch_log_group.this",
            "module.eks_blueprints.module.aws_eks.aws_eks_cluster.this",
            "module.eks_blueprints.module.aws_eks.aws_iam_role.this",
            "module.eks_blueprints.module.aws_eks.aws_iam_role_policy_attachment.this",
            "module.eks_blueprints.module.aws_eks.aws_security_group.cluster",
            "module.eks_blueprints.module.aws_eks.aws_security_group.node",
            "module.eks_blueprints.module.aws_eks.aws_security_group_rule.cluster",
            "module.eks_blueprints.module.aws_eks.aws_security_group_rule.node",
            "module.eks_blueprints.module.aws_eks.data.aws_caller_identity.current",
            "module.eks_blueprints.module.aws_eks.data.aws_iam_policy_document.assume_role_policy",
            "module.eks_blueprints.module.aws_eks.data.aws_partition.current",
            "module.eks_blueprints.module.aws_eks.module.kms.aws_kms_external_key.this",
            "module.eks_blueprints.module.aws_eks.module.kms.aws_kms_key.this",
            "module.eks_blueprints.module.aws_eks.module.kms.data.aws_caller_identity.current",
            "module.eks_blueprints.module.aws_eks.module.kms.data.aws_iam_policy_document.this",
            "module.eks_blueprints.module.aws_eks.module.kms.data.aws_partition.current",
            "module.eks_blueprints.module.aws_eks_managed_node_groups.data.aws_iam_policy_document.managed_ng_assume_role_policy",
            "module.eks_blueprints.module.kms.aws_kms_key.this"
          ],
          "create_before_destroy": true
        }
      ]
    },
    {
      "module": "module.eks_blueprints.module.aws_eks_managed_node_groups[\"mg_5\"]",
      "mode": "managed",
      "type": "aws_iam_role_policy_attachment",
      "name": "managed_ng",
      "provider": "provider[\"registry.terraform.io/hashicorp/aws\"]",
      "instances": [
        {
          "index_key": "arn:aws:iam::aws:policy/AmazonEC2ContainerRegistryReadOnly",
          "schema_version": 0,
          "attributes": {
            "id": "eks-blueprints-no-cilium-managed-ondemand-20230418083834555100000004",
            "policy_arn": "arn:aws:iam::aws:policy/AmazonEC2ContainerRegistryReadOnly",
            "role": "eks-blueprints-no-cilium-managed-ondemand"
          },
          "sensitive_attributes": [],
          "private": "bnVsbA==",
          "dependencies": [
            "data.aws_caller_identity.current",
            "data.aws_eks_cluster_auth.this",
            "module.eks_blueprints.data.aws_caller_identity.current",
            "module.eks_blueprints.data.aws_eks_cluster.cluster",
            "module.eks_blueprints.data.aws_iam_policy_document.eks_key",
            "module.eks_blueprints.data.aws_iam_session_context.current",
            "module.eks_blueprints.data.aws_partition.current",
            "module.eks_blueprints.data.aws_region.current",
            "module.eks_blueprints.data.http.eks_cluster_readiness",
            "module.eks_blueprints.kubernetes_config_map.aws_auth",
            "module.eks_blueprints.module.aws_eks.aws_cloudwatch_log_group.this",
            "module.eks_blueprints.module.aws_eks.aws_eks_cluster.this",
            "module.eks_blueprints.module.aws_eks.aws_iam_role.this",
            "module.eks_blueprints.module.aws_eks.aws_iam_role_policy_attachment.this",
            "module.eks_blueprints.module.aws_eks.aws_security_group.cluster",
            "module.eks_blueprints.module.aws_eks.aws_security_group.node",
            "module.eks_blueprints.module.aws_eks.aws_security_group_rule.cluster",
            "module.eks_blueprints.module.aws_eks.aws_security_group_rule.node",
            "module.eks_blueprints.module.aws_eks.data.aws_caller_identity.current",
            "module.eks_blueprints.module.aws_eks.data.aws_iam_policy_document.assume_role_policy",
            "module.eks_blueprints.module.aws_eks.data.aws_partition.current",
            "module.eks_blueprints.module.aws_eks.module.kms.aws_kms_external_key.this",
            "module.eks_blueprints.module.aws_eks.module.kms.aws_kms_key.this",
            "module.eks_blueprints.module.aws_eks.module.kms.data.aws_caller_identity.current",
            "module.eks_blueprints.module.aws_eks.module.kms.data.aws_iam_policy_document.this",
            "module.eks_blueprints.module.aws_eks.module.kms.data.aws_partition.current",
            "module.eks_blueprints.module.aws_eks_managed_node_groups.aws_iam_role.managed_ng",
            "module.eks_blueprints.module.aws_eks_managed_node_groups.data.aws_iam_policy_document.managed_ng_assume_role_policy",
            "module.eks_blueprints.module.kms.aws_kms_key.this"
          ],
          "create_before_destroy": true
        },
        {
          "index_key": "arn:aws:iam::aws:policy/AmazonEKSWorkerNodePolicy",
          "schema_version": 0,
          "attributes": {
            "id": "eks-blueprints-no-cilium-managed-ondemand-20230418083834320000000003",
            "policy_arn": "arn:aws:iam::aws:policy/AmazonEKSWorkerNodePolicy",
            "role": "eks-blueprints-no-cilium-managed-ondemand"
          },
          "sensitive_attributes": [],
          "private": "bnVsbA==",
          "dependencies": [
            "data.aws_caller_identity.current",
            "data.aws_eks_cluster_auth.this",
            "module.eks_blueprints.data.aws_caller_identity.current",
            "module.eks_blueprints.data.aws_eks_cluster.cluster",
            "module.eks_blueprints.data.aws_iam_policy_document.eks_key",
            "module.eks_blueprints.data.aws_iam_session_context.current",
            "module.eks_blueprints.data.aws_partition.current",
            "module.eks_blueprints.data.aws_region.current",
            "module.eks_blueprints.data.http.eks_cluster_readiness",
            "module.eks_blueprints.kubernetes_config_map.aws_auth",
            "module.eks_blueprints.module.aws_eks.aws_cloudwatch_log_group.this",
            "module.eks_blueprints.module.aws_eks.aws_eks_cluster.this",
            "module.eks_blueprints.module.aws_eks.aws_iam_role.this",
            "module.eks_blueprints.module.aws_eks.aws_iam_role_policy_attachment.this",
            "module.eks_blueprints.module.aws_eks.aws_security_group.cluster",
            "module.eks_blueprints.module.aws_eks.aws_security_group.node",
            "module.eks_blueprints.module.aws_eks.aws_security_group_rule.cluster",
            "module.eks_blueprints.module.aws_eks.aws_security_group_rule.node",
            "module.eks_blueprints.module.aws_eks.data.aws_caller_identity.current",
            "module.eks_blueprints.module.aws_eks.data.aws_iam_policy_document.assume_role_policy",
            "module.eks_blueprints.module.aws_eks.data.aws_partition.current",
            "module.eks_blueprints.module.aws_eks.module.kms.aws_kms_external_key.this",
            "module.eks_blueprints.module.aws_eks.module.kms.aws_kms_key.this",
            "module.eks_blueprints.module.aws_eks.module.kms.data.aws_caller_identity.current",
            "module.eks_blueprints.module.aws_eks.module.kms.data.aws_iam_policy_document.this",
            "module.eks_blueprints.module.aws_eks.module.kms.data.aws_partition.current",
            "module.eks_blueprints.module.aws_eks_managed_node_groups.aws_iam_role.managed_ng",
            "module.eks_blueprints.module.aws_eks_managed_node_groups.data.aws_iam_policy_document.managed_ng_assume_role_policy",
            "module.eks_blueprints.module.kms.aws_kms_key.this"
          ],
          "create_before_destroy": true
        },
        {
          "index_key": "arn:aws:iam::aws:policy/AmazonEKS_CNI_Policy",
          "schema_version": 0,
          "attributes": {
            "id": "eks-blueprints-no-cilium-managed-ondemand-20230418083834928000000006",
            "policy_arn": "arn:aws:iam::aws:policy/AmazonEKS_CNI_Policy",
            "role": "eks-blueprints-no-cilium-managed-ondemand"
          },
          "sensitive_attributes": [],
          "private": "bnVsbA==",
          "dependencies": [
            "data.aws_caller_identity.current",
            "data.aws_eks_cluster_auth.this",
            "module.eks_blueprints.data.aws_caller_identity.current",
            "module.eks_blueprints.data.aws_eks_cluster.cluster",
            "module.eks_blueprints.data.aws_iam_policy_document.eks_key",
            "module.eks_blueprints.data.aws_iam_session_context.current",
            "module.eks_blueprints.data.aws_partition.current",
            "module.eks_blueprints.data.aws_region.current",
            "module.eks_blueprints.data.http.eks_cluster_readiness",
            "module.eks_blueprints.kubernetes_config_map.aws_auth",
            "module.eks_blueprints.module.aws_eks.aws_cloudwatch_log_group.this",
            "module.eks_blueprints.module.aws_eks.aws_eks_cluster.this",
            "module.eks_blueprints.module.aws_eks.aws_iam_role.this",
            "module.eks_blueprints.module.aws_eks.aws_iam_role_policy_attachment.this",
            "module.eks_blueprints.module.aws_eks.aws_security_group.cluster",
            "module.eks_blueprints.module.aws_eks.aws_security_group.node",
            "module.eks_blueprints.module.aws_eks.aws_security_group_rule.cluster",
            "module.eks_blueprints.module.aws_eks.aws_security_group_rule.node",
            "module.eks_blueprints.module.aws_eks.data.aws_caller_identity.current",
            "module.eks_blueprints.module.aws_eks.data.aws_iam_policy_document.assume_role_policy",
            "module.eks_blueprints.module.aws_eks.data.aws_partition.current",
            "module.eks_blueprints.module.aws_eks.module.kms.aws_kms_external_key.this",
            "module.eks_blueprints.module.aws_eks.module.kms.aws_kms_key.this",
            "module.eks_blueprints.module.aws_eks.module.kms.data.aws_caller_identity.current",
            "module.eks_blueprints.module.aws_eks.module.kms.data.aws_iam_policy_document.this",
            "module.eks_blueprints.module.aws_eks.module.kms.data.aws_partition.current",
            "module.eks_blueprints.module.aws_eks_managed_node_groups.aws_iam_role.managed_ng",
            "module.eks_blueprints.module.aws_eks_managed_node_groups.data.aws_iam_policy_document.managed_ng_assume_role_policy",
            "module.eks_blueprints.module.kms.aws_kms_key.this"
          ],
          "create_before_destroy": true
        },
        {
          "index_key": "arn:aws:iam::aws:policy/AmazonSSMManagedInstanceCore",
          "schema_version": 0,
          "attributes": {
            "id": "eks-blueprints-no-cilium-managed-ondemand-20230418083834792600000005",
            "policy_arn": "arn:aws:iam::aws:policy/AmazonSSMManagedInstanceCore",
            "role": "eks-blueprints-no-cilium-managed-ondemand"
          },
          "sensitive_attributes": [],
          "private": "bnVsbA==",
          "dependencies": [
            "data.aws_caller_identity.current",
            "data.aws_eks_cluster_auth.this",
            "module.eks_blueprints.data.aws_caller_identity.current",
            "module.eks_blueprints.data.aws_eks_cluster.cluster",
            "module.eks_blueprints.data.aws_iam_policy_document.eks_key",
            "module.eks_blueprints.data.aws_iam_session_context.current",
            "module.eks_blueprints.data.aws_partition.current",
            "module.eks_blueprints.data.aws_region.current",
            "module.eks_blueprints.data.http.eks_cluster_readiness",
            "module.eks_blueprints.kubernetes_config_map.aws_auth",
            "module.eks_blueprints.module.aws_eks.aws_cloudwatch_log_group.this",
            "module.eks_blueprints.module.aws_eks.aws_eks_cluster.this",
            "module.eks_blueprints.module.aws_eks.aws_iam_role.this",
            "module.eks_blueprints.module.aws_eks.aws_iam_role_policy_attachment.this",
            "module.eks_blueprints.module.aws_eks.aws_security_group.cluster",
            "module.eks_blueprints.module.aws_eks.aws_security_group.node",
            "module.eks_blueprints.module.aws_eks.aws_security_group_rule.cluster",
            "module.eks_blueprints.module.aws_eks.aws_security_group_rule.node",
            "module.eks_blueprints.module.aws_eks.data.aws_caller_identity.current",
            "module.eks_blueprints.module.aws_eks.data.aws_iam_policy_document.assume_role_policy",
            "module.eks_blueprints.module.aws_eks.data.aws_partition.current",
            "module.eks_blueprints.module.aws_eks.module.kms.aws_kms_external_key.this",
            "module.eks_blueprints.module.aws_eks.module.kms.aws_kms_key.this",
            "module.eks_blueprints.module.aws_eks.module.kms.data.aws_caller_identity.current",
            "module.eks_blueprints.module.aws_eks.module.kms.data.aws_iam_policy_document.this",
            "module.eks_blueprints.module.aws_eks.module.kms.data.aws_partition.current",
            "module.eks_blueprints.module.aws_eks_managed_node_groups.aws_iam_role.managed_ng",
            "module.eks_blueprints.module.aws_eks_managed_node_groups.data.aws_iam_policy_document.managed_ng_assume_role_policy",
            "module.eks_blueprints.module.kms.aws_kms_key.this"
          ],
          "create_before_destroy": true
        }
      ]
    },
    {
      "module": "module.eks_blueprints.module.aws_eks_teams[0]",
      "mode": "data",
      "type": "aws_caller_identity",
      "name": "current",
      "provider": "provider[\"registry.terraform.io/hashicorp/aws\"]",
      "instances": [
        {
          "schema_version": 0,
          "attributes": {
            "account_id": "535479350247",
            "arn": "arn:aws:sts::535479350247:assumed-role/AWSReservedSSO_AWSAdministratorAccess_9e93d8e0500e8de7/deepyan+main-dev@amazon.com",
            "id": "535479350247",
            "user_id": "AROAXZLIOOPTSIGI7NIOW:deepyan+main-dev@amazon.com"
          },
          "sensitive_attributes": []
        }
      ]
    },
    {
      "module": "module.eks_blueprints.module.aws_eks_teams[0]",
      "mode": "data",
      "type": "aws_eks_cluster",
      "name": "eks_cluster",
      "provider": "provider[\"registry.terraform.io/hashicorp/aws\"]",
      "instances": [
        {
          "schema_version": 0,
          "attributes": {
            "arn": "arn:aws:eks:ap-southeast-1:535479350247:cluster/eks-blueprints-no-cilium",
            "certificate_authority": [
              {
                "data": "LS0tLS1CRUdJTiBDRVJUSUZJQ0FURS0tLS0tCk1JSUMvakNDQWVhZ0F3SUJBZ0lCQURBTkJna3Foa2lHOXcwQkFRc0ZBREFWTVJNd0VRWURWUVFERXdwcmRXSmwKY201bGRHVnpNQjRYRFRJek1EUXhPREE0TXpRMU9Gb1hEVE16TURReE5UQTRNelExT0Zvd0ZURVRNQkVHQTFVRQpBeE1LYTNWaVpYSnVaWFJsY3pDQ0FTSXdEUVlKS29aSWh2Y05BUUVCQlFBRGdnRVBBRENDQVFvQ2dnRUJBTmpUClB4SHE2M1Q4NFJYdUpKTUlvWnRaeDFWSnh2QU1qTEU5ZmtVeThnNk8vRGthY1RveG5uaytZSGJkYTdFV1E1SzkKR3JzZVh0T011dXI4cVRYZGNuVGxTaXo0ZithUHUzV3U0M2x1Ylp0TU1Fd0tPSHM1QzdPZXF4MjFlbEhsaTNNSAoxbUdvTE9xZ3Bpd3dpZU10Tm4zZHRSbnVtUldMU3JWelRyUDJaWG1TcFNXcWk2b1RCQWp1d1Z3L3NYamg4S2ZLCnMwcEZ5WExYVUNsb0NrY3NaOS82c0hwRW85aVVyQkZ4R3VNKyticlYxVkowWVhENnovbFNXcGw4NFRkanhIeU4KR1k4QUF1dkdXUnpCM1JueFovQUI0R2piRU5RcDFKd2Nvclppc3RGcmxsam1pUWFsaGw3UWJDbnFGRERRZTJ0MgpMd1VHMHk4MUtPdHVBYW1aSFVFQ0F3RUFBYU5aTUZjd0RnWURWUjBQQVFIL0JBUURBZ0trTUE4R0ExVWRFd0VCCi93UUZNQU1CQWY4d0hRWURWUjBPQkJZRUZPLzVYVUlCZExCYUxuZEJzbjY5dG5pRHpKaW1NQlVHQTFVZEVRUU8KTUF5Q0NtdDFZbVZ5Ym1WMFpYTXdEUVlKS29aSWh2Y05BUUVMQlFBRGdnRUJBTUhXekNNanVjSkRlUUJGbWJ3YwordzgxaXZHZTRLR0FnWU5NWk9LYmVza1dpejY3MTRIS3E5L0xFcDJIS0tmUkxScTZJRmZpUFdsTmRLemJNSXo0ClNkaFlkRmdwbUhJM3N5TFdHNFVaZjlHcWdGV0JJMmNnQS95aWp4UVNJMkN4SXZxR3kyeVgrV25pdG5RTm5MUmkKcGVZaXJsVUlkdnRFN2kxUzJiOE9jeE55Mm00SG9sdW1SRTJpbUg0MlgvRWQvL3FBWEgzYVRJNVB4V09uT0V2OQpaakpkaHErQzBsczA1Y0xsOFNXVms1SDdSd1BzSXNjM3pMZkpNU1BkVFB0VmtkdmYvY0s2eTBta1p3RU9RWEZ4Clp5ZUg3RW9MYUxIL2lsQ0FlQmJmWkVEbXZaWXo5NTBWTURiSDFTdDEwUWFLRXo1QkRYcGZuUnpkNWlyeVVrQmMKOVkwPQotLS0tLUVORCBDRVJUSUZJQ0FURS0tLS0tCg=="
              }
            ],
            "cluster_id": null,
            "created_at": "2023-04-18 08:29:52.389 +0000 UTC",
            "enabled_cluster_log_types": [
              "api",
              "audit",
              "authenticator",
              "controllerManager",
              "scheduler"
            ],
            "endpoint": "https://4E1D1891A6BC9B4979B6F5C288CF37CC.gr7.ap-southeast-1.eks.amazonaws.com",
            "id": "eks-blueprints-no-cilium",
            "identity": [
              {
                "oidc": [
                  {
                    "issuer": "https://oidc.eks.ap-southeast-1.amazonaws.com/id/4E1D1891A6BC9B4979B6F5C288CF37CC"
                  }
                ]
              }
            ],
            "kubernetes_network_config": [
              {
                "ip_family": "ipv4",
                "service_ipv4_cidr": "10.100.0.0/16",
                "service_ipv6_cidr": ""
              }
            ],
            "name": "eks-blueprints-no-cilium",
            "outpost_config": [],
            "platform_version": "eks.5",
            "role_arn": "arn:aws:iam::535479350247:role/eks-blueprints-no-cilium-cluster-role",
            "status": "ACTIVE",
            "tags": {
              "Blueprint": "eks-blueprints-no-cilium",
              "GithubRepo": "https://github.com/aws-ia/terraform-aws-eks-blueprints/tree/v4.24.0/examples"
            },
            "version": "1.24",
            "vpc_config": [
              {
                "cluster_security_group_id": "sg-063af89de600fe989",
                "endpoint_private_access": false,
                "endpoint_public_access": true,
                "public_access_cidrs": [
                  "0.0.0.0/0"
                ],
                "security_group_ids": [
                  "sg-074da5918f6bd0ae5"
                ],
                "subnet_ids": [
                  "subnet-0a421732677fa63d2",
                  "subnet-0ee314ff01d715733"
                ],
                "vpc_id": "vpc-00e8a5494e255e7e6"
              }
            ]
          },
          "sensitive_attributes": []
        }
      ]
    },
    {
      "module": "module.eks_blueprints.module.aws_eks_teams[0]",
      "mode": "data",
      "type": "aws_iam_policy_document",
      "name": "platform_team_eks_access",
      "provider": "provider[\"registry.terraform.io/hashicorp/aws\"]",
      "instances": [
        {
          "index_key": 0,
          "schema_version": 0,
          "attributes": {
            "id": "3582172282",
            "json": "{\n  \"Version\": \"2012-10-17\",\n  \"Statement\": [\n    {\n      \"Sid\": \"AllowPlatformTeamEKSAccess\",\n      \"Effect\": \"Allow\",\n      \"Action\": [\n        \"ssm:GetParameter\",\n        \"eks:ListUpdates\",\n        \"eks:ListNodegroups\",\n        \"eks:ListFargateProfiles\",\n        \"eks:ListClusters\",\n        \"eks:DescribeNodegroup\",\n        \"eks:DescribeCluster\",\n        \"eks:AccessKubernetesApi\"\n      ],\n      \"Resource\": \"arn:aws:eks:ap-southeast-1:535479350247:cluster/eks-blueprints-no-cilium\"\n    },\n    {\n      \"Sid\": \"AllowListClusters\",\n      \"Effect\": \"Allow\",\n      \"Action\": \"eks:ListClusters\",\n      \"Resource\": \"*\"\n    }\n  ]\n}",
            "override_json": null,
            "override_policy_documents": null,
            "policy_id": null,
            "source_json": null,
            "source_policy_documents": null,
            "statement": [
              {
                "actions": [
                  "eks:AccessKubernetesApi",
                  "eks:DescribeCluster",
                  "eks:DescribeNodegroup",
                  "eks:ListClusters",
                  "eks:ListFargateProfiles",
                  "eks:ListNodegroups",
                  "eks:ListUpdates",
                  "ssm:GetParameter"
                ],
                "condition": [],
                "effect": "Allow",
                "not_actions": [],
                "not_principals": [],
                "not_resources": [],
                "principals": [],
                "resources": [
                  "arn:aws:eks:ap-southeast-1:535479350247:cluster/eks-blueprints-no-cilium"
                ],
                "sid": "AllowPlatformTeamEKSAccess"
              },
              {
                "actions": [
                  "eks:ListClusters"
                ],
                "condition": [],
                "effect": "Allow",
                "not_actions": [],
                "not_principals": [],
                "not_resources": [],
                "principals": [],
                "resources": [
                  "*"
                ],
                "sid": "AllowListClusters"
              }
            ],
            "version": "2012-10-17"
          },
          "sensitive_attributes": []
        }
      ]
    },
    {
      "module": "module.eks_blueprints.module.aws_eks_teams[0]",
      "mode": "data",
      "type": "aws_partition",
      "name": "current",
      "provider": "provider[\"registry.terraform.io/hashicorp/aws\"]",
      "instances": [
        {
          "schema_version": 0,
          "attributes": {
            "dns_suffix": "amazonaws.com",
            "id": "aws",
            "partition": "aws",
            "reverse_dns_prefix": "com.amazonaws"
          },
          "sensitive_attributes": []
        }
      ]
    },
    {
      "module": "module.eks_blueprints.module.aws_eks_teams[0]",
      "mode": "data",
      "type": "aws_region",
      "name": "current",
      "provider": "provider[\"registry.terraform.io/hashicorp/aws\"]",
      "instances": [
        {
          "schema_version": 0,
          "attributes": {
            "description": "Asia Pacific (Singapore)",
            "endpoint": "ec2.ap-southeast-1.amazonaws.com",
            "id": "ap-southeast-1",
            "name": "ap-southeast-1"
          },
          "sensitive_attributes": []
        }
      ]
    },
    {
      "module": "module.eks_blueprints.module.aws_eks_teams[0]",
      "mode": "managed",
      "type": "aws_iam_policy",
      "name": "platform_team_eks_access",
      "provider": "provider[\"registry.terraform.io/hashicorp/aws\"]",
      "instances": [
        {
          "index_key": 0,
          "schema_version": 0,
          "attributes": {
            "arn": "arn:aws:iam::535479350247:policy/eks-blueprints-no-cilium-PlatformTeamEKSAccess",
            "description": "Platform Team EKS Console Access",
            "id": "arn:aws:iam::535479350247:policy/eks-blueprints-no-cilium-PlatformTeamEKSAccess",
            "name": "eks-blueprints-no-cilium-PlatformTeamEKSAccess",
            "name_prefix": "",
            "path": "/",
            "policy": "{\"Statement\":[{\"Action\":[\"ssm:GetParameter\",\"eks:ListUpdates\",\"eks:ListNodegroups\",\"eks:ListFargateProfiles\",\"eks:ListClusters\",\"eks:DescribeNodegroup\",\"eks:DescribeCluster\",\"eks:AccessKubernetesApi\"],\"Effect\":\"Allow\",\"Resource\":\"arn:aws:eks:ap-southeast-1:535479350247:cluster/eks-blueprints-no-cilium\",\"Sid\":\"AllowPlatformTeamEKSAccess\"},{\"Action\":\"eks:ListClusters\",\"Effect\":\"Allow\",\"Resource\":\"*\",\"Sid\":\"AllowListClusters\"}],\"Version\":\"2012-10-17\"}",
            "policy_id": "ANPAXZLIOOPTWOFO6VAXM",
            "tags": {
              "Blueprint": "eks-blueprints-no-cilium",
              "GithubRepo": "https://github.com/aws-ia/terraform-aws-eks-blueprints/tree/v4.24.0/examples"
            },
            "tags_all": {
              "Blueprint": "eks-blueprints-no-cilium",
              "GithubRepo": "https://github.com/aws-ia/terraform-aws-eks-blueprints/tree/v4.24.0/examples"
            }
          },
          "sensitive_attributes": [],
          "private": "bnVsbA==",
          "dependencies": [
            "data.aws_caller_identity.current",
            "module.eks_blueprints.data.aws_caller_identity.current",
            "module.eks_blueprints.data.aws_eks_cluster.cluster",
            "module.eks_blueprints.data.aws_iam_policy_document.eks_key",
            "module.eks_blueprints.data.aws_iam_session_context.current",
            "module.eks_blueprints.data.aws_partition.current",
            "module.eks_blueprints.data.aws_region.current",
            "module.eks_blueprints.data.http.eks_cluster_readiness",
            "module.eks_blueprints.module.aws_eks.aws_cloudwatch_log_group.this",
            "module.eks_blueprints.module.aws_eks.aws_eks_cluster.this",
            "module.eks_blueprints.module.aws_eks.aws_iam_role.this",
            "module.eks_blueprints.module.aws_eks.aws_iam_role_policy_attachment.this",
            "module.eks_blueprints.module.aws_eks.aws_security_group.cluster",
            "module.eks_blueprints.module.aws_eks.aws_security_group.node",
            "module.eks_blueprints.module.aws_eks.aws_security_group_rule.cluster",
            "module.eks_blueprints.module.aws_eks.aws_security_group_rule.node",
            "module.eks_blueprints.module.aws_eks.data.aws_caller_identity.current",
            "module.eks_blueprints.module.aws_eks.data.aws_iam_policy_document.assume_role_policy",
            "module.eks_blueprints.module.aws_eks.data.aws_partition.current",
            "module.eks_blueprints.module.aws_eks.module.kms.aws_kms_external_key.this",
            "module.eks_blueprints.module.aws_eks.module.kms.aws_kms_key.this",
            "module.eks_blueprints.module.aws_eks.module.kms.data.aws_caller_identity.current",
            "module.eks_blueprints.module.aws_eks.module.kms.data.aws_iam_policy_document.this",
            "module.eks_blueprints.module.aws_eks.module.kms.data.aws_partition.current",
            "module.eks_blueprints.module.aws_eks_teams.data.aws_eks_cluster.eks_cluster",
            "module.eks_blueprints.module.aws_eks_teams.data.aws_iam_policy_document.platform_team_eks_access",
            "module.eks_blueprints.module.kms.aws_kms_key.this"
          ]
        }
      ]
    },
    {
      "module": "module.eks_blueprints.module.aws_eks_teams[0]",
      "mode": "managed",
      "type": "aws_iam_role",
      "name": "platform_team",
      "provider": "provider[\"registry.terraform.io/hashicorp/aws\"]",
      "instances": [
        {
          "index_key": "admin",
          "schema_version": 0,
          "attributes": {
            "arn": "arn:aws:iam::535479350247:role/eks-blueprints-no-cilium-admin-access",
            "assume_role_policy": "{\"Statement\":[{\"Action\":\"sts:AssumeRole\",\"Effect\":\"Allow\",\"Principal\":{\"AWS\":[\"arn:aws:sts::535479350247:assumed-role/AWSReservedSSO_AWSAdministratorAccess_9e93d8e0500e8de7/deepyan+main-dev@amazon.com\"]}}],\"Version\":\"2012-10-17\"}",
            "create_date": "2023-04-18T08:38:33Z",
            "description": "",
            "force_detach_policies": false,
            "id": "eks-blueprints-no-cilium-admin-access",
            "inline_policy": [],
            "managed_policy_arns": [
              "arn:aws:iam::535479350247:policy/eks-blueprints-no-cilium-PlatformTeamEKSAccess"
            ],
            "max_session_duration": 3600,
            "name": "eks-blueprints-no-cilium-admin-access",
            "name_prefix": "",
            "path": "/",
            "permissions_boundary": null,
            "tags": {
              "Blueprint": "eks-blueprints-no-cilium",
              "GithubRepo": "https://github.com/aws-ia/terraform-aws-eks-blueprints/tree/v4.24.0/examples"
            },
            "tags_all": {
              "Blueprint": "eks-blueprints-no-cilium",
              "GithubRepo": "https://github.com/aws-ia/terraform-aws-eks-blueprints/tree/v4.24.0/examples"
            },
            "unique_id": "AROAXZLIOOPTQ5BOGG6L6"
          },
          "sensitive_attributes": [],
          "private": "bnVsbA==",
          "dependencies": [
            "data.aws_caller_identity.current",
            "module.eks_blueprints.data.aws_caller_identity.current",
            "module.eks_blueprints.data.aws_eks_cluster.cluster",
            "module.eks_blueprints.data.aws_iam_policy_document.eks_key",
            "module.eks_blueprints.data.aws_iam_session_context.current",
            "module.eks_blueprints.data.aws_partition.current",
            "module.eks_blueprints.data.aws_region.current",
            "module.eks_blueprints.data.http.eks_cluster_readiness",
            "module.eks_blueprints.module.aws_eks.aws_cloudwatch_log_group.this",
            "module.eks_blueprints.module.aws_eks.aws_eks_cluster.this",
            "module.eks_blueprints.module.aws_eks.aws_iam_role.this",
            "module.eks_blueprints.module.aws_eks.aws_iam_role_policy_attachment.this",
            "module.eks_blueprints.module.aws_eks.aws_security_group.cluster",
            "module.eks_blueprints.module.aws_eks.aws_security_group.node",
            "module.eks_blueprints.module.aws_eks.aws_security_group_rule.cluster",
            "module.eks_blueprints.module.aws_eks.aws_security_group_rule.node",
            "module.eks_blueprints.module.aws_eks.data.aws_caller_identity.current",
            "module.eks_blueprints.module.aws_eks.data.aws_iam_policy_document.assume_role_policy",
            "module.eks_blueprints.module.aws_eks.data.aws_partition.current",
            "module.eks_blueprints.module.aws_eks.module.kms.aws_kms_external_key.this",
            "module.eks_blueprints.module.aws_eks.module.kms.aws_kms_key.this",
            "module.eks_blueprints.module.aws_eks.module.kms.data.aws_caller_identity.current",
            "module.eks_blueprints.module.aws_eks.module.kms.data.aws_iam_policy_document.this",
            "module.eks_blueprints.module.aws_eks.module.kms.data.aws_partition.current",
            "module.eks_blueprints.module.aws_eks_teams.aws_iam_policy.platform_team_eks_access",
            "module.eks_blueprints.module.aws_eks_teams.data.aws_eks_cluster.eks_cluster",
            "module.eks_blueprints.module.aws_eks_teams.data.aws_iam_policy_document.platform_team_eks_access",
            "module.eks_blueprints.module.kms.aws_kms_key.this"
          ]
        }
      ]
    },
    {
      "module": "module.eks_blueprints.module.aws_eks_teams[0]",
      "mode": "managed",
      "type": "aws_iam_role",
      "name": "team_access",
      "provider": "provider[\"registry.terraform.io/hashicorp/aws\"]",
      "instances": [
        {
          "index_key": "team-riker",
          "schema_version": 0,
          "attributes": {
            "arn": "arn:aws:iam::535479350247:role/eks-blueprints-no-cilium-team-riker-access",
            "assume_role_policy": "{\"Statement\":[{\"Action\":\"sts:AssumeRole\",\"Effect\":\"Allow\",\"Principal\":{\"AWS\":[\"arn:aws:sts::535479350247:assumed-role/AWSReservedSSO_AWSAdministratorAccess_9e93d8e0500e8de7/deepyan+main-dev@amazon.com\",\"arn:aws:iam::800463389991:role/aws-reserved/sso.amazonaws.com/ap-southeast-1/AWSReservedSSO_AWSAdministratorAccess_e025828db5986b3b\"]}}],\"Version\":\"2012-10-17\"}",
            "create_date": "2023-04-18T08:38:31Z",
            "description": "",
            "force_detach_policies": false,
            "id": "eks-blueprints-no-cilium-team-riker-access",
            "inline_policy": [],
            "managed_policy_arns": [
              "arn:aws:iam::535479350247:policy/eks-blueprints-no-cilium-application-policy"
            ],
            "max_session_duration": 3600,
            "name": "eks-blueprints-no-cilium-team-riker-access",
            "name_prefix": "",
            "path": "/",
            "permissions_boundary": null,
            "tags": {
              "Blueprint": "eks-blueprints-no-cilium",
              "GithubRepo": "https://github.com/aws-ia/terraform-aws-eks-blueprints/tree/v4.24.0/examples"
            },
            "tags_all": {
              "Blueprint": "eks-blueprints-no-cilium",
              "GithubRepo": "https://github.com/aws-ia/terraform-aws-eks-blueprints/tree/v4.24.0/examples"
            },
            "unique_id": "AROAXZLIOOPT6CPQCHRME"
          },
          "sensitive_attributes": [],
          "private": "bnVsbA==",
          "dependencies": [
            "data.aws_caller_identity.current",
            "module.eks_blueprints.data.aws_caller_identity.current",
            "module.eks_blueprints.data.aws_eks_cluster.cluster",
            "module.eks_blueprints.data.aws_iam_policy_document.eks_key",
            "module.eks_blueprints.data.aws_iam_session_context.current",
            "module.eks_blueprints.data.aws_partition.current",
            "module.eks_blueprints.data.aws_region.current",
            "module.eks_blueprints.data.http.eks_cluster_readiness",
            "module.eks_blueprints.module.aws_eks.aws_cloudwatch_log_group.this",
            "module.eks_blueprints.module.aws_eks.aws_eks_cluster.this",
            "module.eks_blueprints.module.aws_eks.aws_iam_role.this",
            "module.eks_blueprints.module.aws_eks.aws_iam_role_policy_attachment.this",
            "module.eks_blueprints.module.aws_eks.aws_security_group.cluster",
            "module.eks_blueprints.module.aws_eks.aws_security_group.node",
            "module.eks_blueprints.module.aws_eks.aws_security_group_rule.cluster",
            "module.eks_blueprints.module.aws_eks.aws_security_group_rule.node",
            "module.eks_blueprints.module.aws_eks.data.aws_caller_identity.current",
            "module.eks_blueprints.module.aws_eks.data.aws_iam_policy_document.assume_role_policy",
            "module.eks_blueprints.module.aws_eks.data.aws_partition.current",
            "module.eks_blueprints.module.aws_eks.module.kms.aws_kms_external_key.this",
            "module.eks_blueprints.module.aws_eks.module.kms.aws_kms_key.this",
            "module.eks_blueprints.module.aws_eks.module.kms.data.aws_caller_identity.current",
            "module.eks_blueprints.module.aws_eks.module.kms.data.aws_iam_policy_document.this",
            "module.eks_blueprints.module.aws_eks.module.kms.data.aws_partition.current",
            "module.eks_blueprints.module.kms.aws_kms_key.this"
          ]
        }
      ]
    },
    {
      "module": "module.eks_blueprints.module.aws_eks_teams[0]",
      "mode": "managed",
      "type": "aws_iam_role",
      "name": "team_sa_irsa",
      "provider": "provider[\"registry.terraform.io/hashicorp/aws\"]",
      "instances": [
        {
          "index_key": "team-riker",
          "schema_version": 0,
          "attributes": {
            "arn": "arn:aws:iam::535479350247:role/eks-blueprints-no-cilium-team-riker-sa-role",
            "assume_role_policy": "{\"Statement\":[{\"Action\":\"sts:AssumeRoleWithWebIdentity\",\"Condition\":{\"StringEquals\":{\"oidc.eks.ap-southeast-1.amazonaws.com/id/4E1D1891A6BC9B4979B6F5C288CF37CC:aud\":\"sts.amazonaws.com\",\"oidc.eks.ap-southeast-1.amazonaws.com/id/4E1D1891A6BC9B4979B6F5C288CF37CC:sub\":\"system:serviceaccount:team-riker:team-riker-sa\"}},\"Effect\":\"Allow\",\"Principal\":{\"Federated\":\"arn:aws:iam::535479350247:oidc-provider/oidc.eks.ap-southeast-1.amazonaws.com/id/4E1D1891A6BC9B4979B6F5C288CF37CC\"}}],\"Version\":\"2012-10-17\"}",
            "create_date": "2023-04-18T08:38:32Z",
            "description": "",
            "force_detach_policies": false,
            "id": "eks-blueprints-no-cilium-team-riker-sa-role",
            "inline_policy": [],
            "managed_policy_arns": [],
            "max_session_duration": 3600,
            "name": "eks-blueprints-no-cilium-team-riker-sa-role",
            "name_prefix": "",
            "path": "/",
            "permissions_boundary": null,
            "tags": {
              "Blueprint": "eks-blueprints-no-cilium",
              "GithubRepo": "https://github.com/aws-ia/terraform-aws-eks-blueprints/tree/v4.24.0/examples"
            },
            "tags_all": {
              "Blueprint": "eks-blueprints-no-cilium",
              "GithubRepo": "https://github.com/aws-ia/terraform-aws-eks-blueprints/tree/v4.24.0/examples"
            },
            "unique_id": "AROAXZLIOOPTSQ5VNFBSY"
          },
          "sensitive_attributes": [],
          "private": "bnVsbA==",
          "dependencies": [
            "data.aws_caller_identity.current",
            "module.eks_blueprints.data.aws_caller_identity.current",
            "module.eks_blueprints.data.aws_eks_cluster.cluster",
            "module.eks_blueprints.data.aws_iam_policy_document.eks_key",
            "module.eks_blueprints.data.aws_iam_session_context.current",
            "module.eks_blueprints.data.aws_partition.current",
            "module.eks_blueprints.data.aws_region.current",
            "module.eks_blueprints.data.http.eks_cluster_readiness",
            "module.eks_blueprints.module.aws_eks.aws_cloudwatch_log_group.this",
            "module.eks_blueprints.module.aws_eks.aws_eks_cluster.this",
            "module.eks_blueprints.module.aws_eks.aws_iam_role.this",
            "module.eks_blueprints.module.aws_eks.aws_iam_role_policy_attachment.this",
            "module.eks_blueprints.module.aws_eks.aws_security_group.cluster",
            "module.eks_blueprints.module.aws_eks.aws_security_group.node",
            "module.eks_blueprints.module.aws_eks.aws_security_group_rule.cluster",
            "module.eks_blueprints.module.aws_eks.aws_security_group_rule.node",
            "module.eks_blueprints.module.aws_eks.data.aws_caller_identity.current",
            "module.eks_blueprints.module.aws_eks.data.aws_iam_policy_document.assume_role_policy",
            "module.eks_blueprints.module.aws_eks.data.aws_partition.current",
            "module.eks_blueprints.module.aws_eks.module.kms.aws_kms_external_key.this",
            "module.eks_blueprints.module.aws_eks.module.kms.aws_kms_key.this",
            "module.eks_blueprints.module.aws_eks.module.kms.data.aws_caller_identity.current",
            "module.eks_blueprints.module.aws_eks.module.kms.data.aws_iam_policy_document.this",
            "module.eks_blueprints.module.aws_eks.module.kms.data.aws_partition.current",
            "module.eks_blueprints.module.aws_eks_teams.data.aws_caller_identity.current",
            "module.eks_blueprints.module.aws_eks_teams.data.aws_eks_cluster.eks_cluster",
            "module.eks_blueprints.module.aws_eks_teams.data.aws_partition.current",
            "module.eks_blueprints.module.kms.aws_kms_key.this"
          ]
        }
      ]
    },
    {
      "module": "module.eks_blueprints.module.aws_eks_teams[0]",
      "mode": "managed",
      "type": "kubectl_manifest",
      "name": "team",
      "provider": "provider[\"registry.terraform.io/gavinbunney/kubectl\"]",
      "instances": [
        {
          "index_key": "kubernetes/team-riker/limit-range.yaml",
          "schema_version": 1,
          "attributes": {
            "api_version": "v1",
            "apply_only": false,
            "force_conflicts": false,
            "force_new": false,
            "id": "/api/v1/namespaces/team-riker/limitranges/resource-limits",
            "ignore_fields": null,
            "kind": "LimitRange",
            "live_manifest_incluster": "17692c9d4b460ad94a788e68ee119244ed61b20a360ca561aeed1fef8442908e",
            "live_uid": "a4f7debf-0344-49f2-82ea-68181d94270d",
            "name": "resource-limits",
            "namespace": "team-riker",
            "override_namespace": null,
            "sensitive_fields": null,
            "server_side_apply": false,
            "timeouts": null,
            "uid": "a4f7debf-0344-49f2-82ea-68181d94270d",
            "validate_schema": true,
            "wait": null,
            "wait_for_rollout": true,
            "yaml_body": "apiVersion: 'v1'\nkind: 'LimitRange'\nmetadata:\n  name: 'resource-limits'\n  namespace: team-riker\nspec:\n  limits:\n    - type: 'Container'\n      max:\n        cpu: '2'\n        memory: '1Gi'\n      min:\n        cpu: '50m'\n        memory: '4Mi'\n      default:\n        cpu: '300m'\n        memory: '200Mi'\n      defaultRequest:\n        cpu: '200m'\n        memory: '100Mi'\n      maxLimitRequestRatio:\n        cpu: '10'\n---\napiVersion: rbac.authorization.k8s.io/v1\nkind: Role\nmetadata:\n  labels:\n    app.kubernetes.io/component: application-controller\n    app.kubernetes.io/name: argocd-application-controller\n    app.kubernetes.io/part-of: argocd\n  name: argocd-application-controller\nrules:\n  - apiGroups:\n      - \"\"\n    resources:\n      - secrets\n      - configmaps\n    verbs:\n      - get\n      - list\n      - watch\n  - apiGroups:\n      - argoproj.io\n    resources:\n      - applications\n      - appprojects\n    verbs:\n      - create\n      - get\n      - list\n      - watch\n      - update\n      - patch\n      - delete\n  - apiGroups:\n      - \"\"\n    resources:\n      - events\n    verbs:\n      - create\n      - list\n---\napiVersion: rbac.authorization.k8s.io/v1\nkind: Role\nmetadata:\n  labels:\n    app.kubernetes.io/component: controller\n    app.kubernetes.io/name: argocd-applicationset-controller\n    app.kubernetes.io/part-of: argocd-applicationset\n  name: argocd-applicationset-controller\nrules:\n  - apiGroups:\n      - argoproj.io\n    resources:\n      - applications\n      - applicationsets\n      - applicationsets/finalizers\n    verbs:\n      - create\n      - delete\n      - get\n      - list\n      - patch\n      - update\n      - watch\n  - apiGroups:\n      - argoproj.io\n    resources:\n      - appprojects\n    verbs:\n      - get\n  - apiGroups:\n      - argoproj.io\n    resources:\n      - applicationsets/status\n    verbs:\n      - get\n      - patch\n      - update\n  - apiGroups:\n      - \"\"\n    resources:\n      - events\n    verbs:\n      - create\n      - get\n      - list\n      - patch\n      - watch\n  - apiGroups:\n      - \"\"\n    resources:\n      - secrets\n      - configmaps\n    verbs:\n      - get\n      - list\n      - watch\n  - apiGroups:\n      - apps\n      - extensions\n    resources:\n      - deployments\n    verbs:\n      - get\n      - list\n      - watch\n---\napiVersion: rbac.authorization.k8s.io/v1\nkind: Role\nmetadata:\n  labels:\n    app.kubernetes.io/component: dex-server\n    app.kubernetes.io/name: argocd-dex-server\n    app.kubernetes.io/part-of: argocd\n  name: argocd-dex-server\nrules:\n  - apiGroups:\n      - \"\"\n    resources:\n      - secrets\n      - configmaps\n    verbs:\n      - get\n      - list\n      - watch\n---\napiVersion: rbac.authorization.k8s.io/v1\nkind: Role\nmetadata:\n  name: argocd-notifications-controller\nrules:\n  - apiGroups:\n      - argoproj.io\n    resources:\n      - applications\n      - appprojects\n    verbs:\n      - get\n      - list\n      - watch\n      - update\n      - patch\n  - apiGroups:\n      - \"\"\n    resources:\n      - configmaps\n      - secrets\n    verbs:\n      - list\n      - watch\n  - apiGroups:\n      - \"\"\n    resourceNames:\n      - argocd-notifications-cm\n    resources:\n      - configmaps\n    verbs:\n      - get\n  - apiGroups:\n      - \"\"\n    resourceNames:\n      - argocd-notifications-secret\n    resources:\n      - secrets\n    verbs:\n      - get\n---\napiVersion: rbac.authorization.k8s.io/v1\nkind: Role\nmetadata:\n  labels:\n    app.kubernetes.io/component: server\n    app.kubernetes.io/name: argocd-server\n    app.kubernetes.io/part-of: argocd\n  name: argocd-server\nrules:\n  - apiGroups:\n      - \"\"\n    resources:\n      - secrets\n      - configmaps\n    verbs:\n      - create\n      - get\n      - list\n      - watch\n      - update\n      - patch\n      - delete\n  - apiGroups:\n      - argoproj.io\n    resources:\n      - applications\n      - appprojects\n      - applicationsets\n    verbs:\n      - create\n      - get\n      - list\n      - watch\n      - update\n      - delete\n      - patch\n  - apiGroups:\n      - \"\"\n    resources:\n      - events\n    verbs:\n      - create\n      - list\n---\napiVersion: rbac.authorization.k8s.io/v1\nkind: RoleBinding\nmetadata:\n  labels:\n    app.kubernetes.io/component: redis\n    app.kubernetes.io/name: argocd-redis\n    app.kubernetes.io/part-of: argocd\n  name: argocd-redis\nroleRef:\n  apiGroup: rbac.authorization.k8s.io\n  kind: Role\n  name: argocd-redis\nsubjects:\n  - kind: ServiceAccount\n    name: argocd-redis\n---\napiVersion: rbac.authorization.k8s.io/v1\nkind: RoleBinding\nmetadata:\n  labels:\n    app.kubernetes.io/component: controller\n    app.kubernetes.io/name: argocd-applicationset-controller\n    app.kubernetes.io/part-of: argocd-applicationset\n  name: argocd-applicationset-controller\nroleRef:\n  apiGroup: rbac.authorization.k8s.io\n  kind: Role\n  name: argocd-applicationset-controller\nsubjects:\n  - kind: ServiceAccount\n    name: argocd-applicationset-controller",
            "yaml_body_parsed": "apiVersion: v1\nkind: LimitRange\nmetadata:\n  name: resource-limits\n  namespace: team-riker\nspec:\n  limits:\n  - default:\n      cpu: 300m\n      memory: 200Mi\n    defaultRequest:\n      cpu: 200m\n      memory: 100Mi\n    max:\n      cpu: \"2\"\n      memory: 1Gi\n    maxLimitRequestRatio:\n      cpu: \"10\"\n    min:\n      cpu: 50m\n      memory: 4Mi\n    type: Container\n",
            "yaml_incluster": "17692c9d4b460ad94a788e68ee119244ed61b20a360ca561aeed1fef8442908e"
          },
          "sensitive_attributes": [],
          "private": "eyJlMmJmYjczMC1lY2FhLTExZTYtOGY4OC0zNDM2M2JjN2M0YzAiOnsiY3JlYXRlIjo2MDAwMDAwMDAwMDB9LCJzY2hlbWFfdmVyc2lvbiI6IjEifQ==",
          "dependencies": [
            "data.aws_caller_identity.current",
            "data.aws_eks_cluster_auth.this",
            "module.eks_blueprints.data.aws_caller_identity.current",
            "module.eks_blueprints.data.aws_eks_cluster.cluster",
            "module.eks_blueprints.data.aws_iam_policy_document.eks_key",
            "module.eks_blueprints.data.aws_iam_session_context.current",
            "module.eks_blueprints.data.aws_partition.current",
            "module.eks_blueprints.data.aws_region.current",
            "module.eks_blueprints.data.http.eks_cluster_readiness",
            "module.eks_blueprints.module.aws_eks.aws_cloudwatch_log_group.this",
            "module.eks_blueprints.module.aws_eks.aws_eks_cluster.this",
            "module.eks_blueprints.module.aws_eks.aws_iam_role.this",
            "module.eks_blueprints.module.aws_eks.aws_iam_role_policy_attachment.this",
            "module.eks_blueprints.module.aws_eks.aws_security_group.cluster",
            "module.eks_blueprints.module.aws_eks.aws_security_group.node",
            "module.eks_blueprints.module.aws_eks.aws_security_group_rule.cluster",
            "module.eks_blueprints.module.aws_eks.aws_security_group_rule.node",
            "module.eks_blueprints.module.aws_eks.data.aws_caller_identity.current",
            "module.eks_blueprints.module.aws_eks.data.aws_iam_policy_document.assume_role_policy",
            "module.eks_blueprints.module.aws_eks.data.aws_partition.current",
            "module.eks_blueprints.module.aws_eks.module.kms.aws_kms_external_key.this",
            "module.eks_blueprints.module.aws_eks.module.kms.aws_kms_key.this",
            "module.eks_blueprints.module.aws_eks.module.kms.data.aws_caller_identity.current",
            "module.eks_blueprints.module.aws_eks.module.kms.data.aws_iam_policy_document.this",
            "module.eks_blueprints.module.aws_eks.module.kms.data.aws_partition.current",
            "module.eks_blueprints.module.aws_eks_teams.kubernetes_namespace.team",
            "module.eks_blueprints.module.kms.aws_kms_key.this"
          ]
        }
      ]
    },
    {
      "module": "module.eks_blueprints.module.aws_eks_teams[0]",
      "mode": "managed",
      "type": "kubernetes_cluster_role",
      "name": "team",
      "provider": "provider[\"registry.terraform.io/hashicorp/kubernetes\"]",
      "instances": [
        {
          "index_key": "team-riker",
          "schema_version": 0,
          "attributes": {
            "aggregation_rule": [],
            "id": "team-riker-team-cluster-role",
            "metadata": [
              {
                "annotations": {},
                "generate_name": "",
                "generation": 0,
                "labels": {},
                "name": "team-riker-team-cluster-role",
                "resource_version": "767",
                "uid": "1671c7b7-d837-4bb6-9052-1b95fc4f2e27"
              }
            ],
            "rule": [
              {
                "api_groups": [
                  ""
                ],
                "non_resource_urls": [],
                "resource_names": [],
                "resources": [
                  "namespaces",
                  "nodes"
                ],
                "verbs": [
                  "get",
                  "list",
                  "watch"
                ]
              }
            ]
          },
          "sensitive_attributes": [],
          "private": "bnVsbA==",
          "dependencies": [
            "data.aws_caller_identity.current",
            "data.aws_eks_cluster_auth.this",
            "module.eks_blueprints.data.aws_caller_identity.current",
            "module.eks_blueprints.data.aws_eks_cluster.cluster",
            "module.eks_blueprints.data.aws_iam_policy_document.eks_key",
            "module.eks_blueprints.data.aws_iam_session_context.current",
            "module.eks_blueprints.data.aws_partition.current",
            "module.eks_blueprints.data.aws_region.current",
            "module.eks_blueprints.data.http.eks_cluster_readiness",
            "module.eks_blueprints.module.aws_eks.aws_cloudwatch_log_group.this",
            "module.eks_blueprints.module.aws_eks.aws_eks_cluster.this",
            "module.eks_blueprints.module.aws_eks.aws_iam_role.this",
            "module.eks_blueprints.module.aws_eks.aws_iam_role_policy_attachment.this",
            "module.eks_blueprints.module.aws_eks.aws_security_group.cluster",
            "module.eks_blueprints.module.aws_eks.aws_security_group.node",
            "module.eks_blueprints.module.aws_eks.aws_security_group_rule.cluster",
            "module.eks_blueprints.module.aws_eks.aws_security_group_rule.node",
            "module.eks_blueprints.module.aws_eks.data.aws_caller_identity.current",
            "module.eks_blueprints.module.aws_eks.data.aws_iam_policy_document.assume_role_policy",
            "module.eks_blueprints.module.aws_eks.data.aws_partition.current",
            "module.eks_blueprints.module.aws_eks.module.kms.aws_kms_external_key.this",
            "module.eks_blueprints.module.aws_eks.module.kms.aws_kms_key.this",
            "module.eks_blueprints.module.aws_eks.module.kms.data.aws_caller_identity.current",
            "module.eks_blueprints.module.aws_eks.module.kms.data.aws_iam_policy_document.this",
            "module.eks_blueprints.module.aws_eks.module.kms.data.aws_partition.current",
            "module.eks_blueprints.module.kms.aws_kms_key.this"
          ]
        }
      ]
    },
    {
      "module": "module.eks_blueprints.module.aws_eks_teams[0]",
      "mode": "managed",
      "type": "kubernetes_cluster_role_binding",
      "name": "team",
      "provider": "provider[\"registry.terraform.io/hashicorp/kubernetes\"]",
      "instances": [
        {
          "index_key": "team-riker",
          "schema_version": 0,
          "attributes": {
            "id": "team-riker-team-cluster-role-binding",
            "metadata": [
              {
                "annotations": {},
                "generate_name": "",
                "generation": 0,
                "labels": {},
                "name": "team-riker-team-cluster-role-binding",
                "resource_version": "768",
                "uid": "5edf178d-f4b6-46eb-a159-5dcfe988d964"
              }
            ],
            "role_ref": [
              {
                "api_group": "rbac.authorization.k8s.io",
                "kind": "ClusterRole",
                "name": "team-riker-team-cluster-role"
              }
            ],
            "subject": [
              {
                "api_group": "rbac.authorization.k8s.io",
                "kind": "Group",
                "name": "team-riker-group",
                "namespace": "default"
              }
            ]
          },
          "sensitive_attributes": [],
          "private": "bnVsbA==",
          "dependencies": [
            "data.aws_caller_identity.current",
            "data.aws_eks_cluster_auth.this",
            "module.eks_blueprints.data.aws_caller_identity.current",
            "module.eks_blueprints.data.aws_eks_cluster.cluster",
            "module.eks_blueprints.data.aws_iam_policy_document.eks_key",
            "module.eks_blueprints.data.aws_iam_session_context.current",
            "module.eks_blueprints.data.aws_partition.current",
            "module.eks_blueprints.data.aws_region.current",
            "module.eks_blueprints.data.http.eks_cluster_readiness",
            "module.eks_blueprints.module.aws_eks.aws_cloudwatch_log_group.this",
            "module.eks_blueprints.module.aws_eks.aws_eks_cluster.this",
            "module.eks_blueprints.module.aws_eks.aws_iam_role.this",
            "module.eks_blueprints.module.aws_eks.aws_iam_role_policy_attachment.this",
            "module.eks_blueprints.module.aws_eks.aws_security_group.cluster",
            "module.eks_blueprints.module.aws_eks.aws_security_group.node",
            "module.eks_blueprints.module.aws_eks.aws_security_group_rule.cluster",
            "module.eks_blueprints.module.aws_eks.aws_security_group_rule.node",
            "module.eks_blueprints.module.aws_eks.data.aws_caller_identity.current",
            "module.eks_blueprints.module.aws_eks.data.aws_iam_policy_document.assume_role_policy",
            "module.eks_blueprints.module.aws_eks.data.aws_partition.current",
            "module.eks_blueprints.module.aws_eks.module.kms.aws_kms_external_key.this",
            "module.eks_blueprints.module.aws_eks.module.kms.aws_kms_key.this",
            "module.eks_blueprints.module.aws_eks.module.kms.data.aws_caller_identity.current",
            "module.eks_blueprints.module.aws_eks.module.kms.data.aws_iam_policy_document.this",
            "module.eks_blueprints.module.aws_eks.module.kms.data.aws_partition.current",
            "module.eks_blueprints.module.kms.aws_kms_key.this"
          ]
        }
      ]
    },
    {
      "module": "module.eks_blueprints.module.aws_eks_teams[0]",
      "mode": "managed",
      "type": "kubernetes_namespace",
      "name": "team",
      "provider": "provider[\"registry.terraform.io/hashicorp/kubernetes\"]",
      "instances": [
        {
          "index_key": "team-riker",
          "schema_version": 0,
          "attributes": {
            "id": "team-riker",
            "metadata": [
              {
                "annotations": {},
                "generate_name": "",
                "generation": 0,
                "labels": {
                  "appName": "riker-team-app",
                  "billingCode": "example",
                  "branch": "example",
                  "domain": "example",
                  "environment": "dev",
                  "projectName": "project-riker",
                  "uuid": "example"
                },
                "name": "team-riker",
                "resource_version": "769",
                "uid": "8b0225b7-08a0-4407-9fd0-f1360048eb08"
              }
            ],
            "timeouts": null
          },
          "sensitive_attributes": [],
          "private": "eyJlMmJmYjczMC1lY2FhLTExZTYtOGY4OC0zNDM2M2JjN2M0YzAiOnsiZGVsZXRlIjozMDAwMDAwMDAwMDB9fQ==",
          "dependencies": [
            "data.aws_caller_identity.current",
            "data.aws_eks_cluster_auth.this",
            "module.eks_blueprints.data.aws_caller_identity.current",
            "module.eks_blueprints.data.aws_eks_cluster.cluster",
            "module.eks_blueprints.data.aws_iam_policy_document.eks_key",
            "module.eks_blueprints.data.aws_iam_session_context.current",
            "module.eks_blueprints.data.aws_partition.current",
            "module.eks_blueprints.data.aws_region.current",
            "module.eks_blueprints.data.http.eks_cluster_readiness",
            "module.eks_blueprints.module.aws_eks.aws_cloudwatch_log_group.this",
            "module.eks_blueprints.module.aws_eks.aws_eks_cluster.this",
            "module.eks_blueprints.module.aws_eks.aws_iam_role.this",
            "module.eks_blueprints.module.aws_eks.aws_iam_role_policy_attachment.this",
            "module.eks_blueprints.module.aws_eks.aws_security_group.cluster",
            "module.eks_blueprints.module.aws_eks.aws_security_group.node",
            "module.eks_blueprints.module.aws_eks.aws_security_group_rule.cluster",
            "module.eks_blueprints.module.aws_eks.aws_security_group_rule.node",
            "module.eks_blueprints.module.aws_eks.data.aws_caller_identity.current",
            "module.eks_blueprints.module.aws_eks.data.aws_iam_policy_document.assume_role_policy",
            "module.eks_blueprints.module.aws_eks.data.aws_partition.current",
            "module.eks_blueprints.module.aws_eks.module.kms.aws_kms_external_key.this",
            "module.eks_blueprints.module.aws_eks.module.kms.aws_kms_key.this",
            "module.eks_blueprints.module.aws_eks.module.kms.data.aws_caller_identity.current",
            "module.eks_blueprints.module.aws_eks.module.kms.data.aws_iam_policy_document.this",
            "module.eks_blueprints.module.aws_eks.module.kms.data.aws_partition.current",
            "module.eks_blueprints.module.kms.aws_kms_key.this"
          ]
        }
      ]
    },
    {
      "module": "module.eks_blueprints.module.aws_eks_teams[0]",
      "mode": "managed",
      "type": "kubernetes_resource_quota",
      "name": "this",
      "provider": "provider[\"registry.terraform.io/hashicorp/kubernetes\"]",
      "instances": [
        {
          "index_key": "team-riker",
          "schema_version": 0,
          "attributes": {
            "id": "team-riker/quotas",
            "metadata": [
              {
                "annotations": {},
                "generate_name": "",
                "generation": 0,
                "labels": {},
                "name": "quotas",
                "namespace": "team-riker",
                "resource_version": "5948",
                "uid": "329535e1-4609-424b-ad1d-ea7358bda10b"
              }
            ],
            "spec": [
              {
                "hard": {
                  "limits.cpu": "20",
                  "limits.memory": "50Gi",
                  "pods": "50",
                  "requests.cpu": "10",
                  "requests.memory": "20Gi",
                  "secrets": "50",
                  "services": "50"
                },
                "scope_selector": [],
                "scopes": []
              }
            ],
            "timeouts": null
          },
          "sensitive_attributes": [],
          "private": "eyJlMmJmYjczMC1lY2FhLTExZTYtOGY4OC0zNDM2M2JjN2M0YzAiOnsiY3JlYXRlIjo2MDAwMDAwMDAwMCwidXBkYXRlIjo2MDAwMDAwMDAwMH19",
          "dependencies": [
            "data.aws_caller_identity.current",
            "data.aws_eks_cluster_auth.this",
            "module.eks_blueprints.data.aws_caller_identity.current",
            "module.eks_blueprints.data.aws_eks_cluster.cluster",
            "module.eks_blueprints.data.aws_iam_policy_document.eks_key",
            "module.eks_blueprints.data.aws_iam_session_context.current",
            "module.eks_blueprints.data.aws_partition.current",
            "module.eks_blueprints.data.aws_region.current",
            "module.eks_blueprints.data.http.eks_cluster_readiness",
            "module.eks_blueprints.module.aws_eks.aws_cloudwatch_log_group.this",
            "module.eks_blueprints.module.aws_eks.aws_eks_cluster.this",
            "module.eks_blueprints.module.aws_eks.aws_iam_role.this",
            "module.eks_blueprints.module.aws_eks.aws_iam_role_policy_attachment.this",
            "module.eks_blueprints.module.aws_eks.aws_security_group.cluster",
            "module.eks_blueprints.module.aws_eks.aws_security_group.node",
            "module.eks_blueprints.module.aws_eks.aws_security_group_rule.cluster",
            "module.eks_blueprints.module.aws_eks.aws_security_group_rule.node",
            "module.eks_blueprints.module.aws_eks.data.aws_caller_identity.current",
            "module.eks_blueprints.module.aws_eks.data.aws_iam_policy_document.assume_role_policy",
            "module.eks_blueprints.module.aws_eks.data.aws_partition.current",
            "module.eks_blueprints.module.aws_eks.module.kms.aws_kms_external_key.this",
            "module.eks_blueprints.module.aws_eks.module.kms.aws_kms_key.this",
            "module.eks_blueprints.module.aws_eks.module.kms.data.aws_caller_identity.current",
            "module.eks_blueprints.module.aws_eks.module.kms.data.aws_iam_policy_document.this",
            "module.eks_blueprints.module.aws_eks.module.kms.data.aws_partition.current",
            "module.eks_blueprints.module.aws_eks_teams.kubernetes_namespace.team",
            "module.eks_blueprints.module.kms.aws_kms_key.this"
          ]
        }
      ]
    },
    {
      "module": "module.eks_blueprints.module.aws_eks_teams[0]",
      "mode": "managed",
      "type": "kubernetes_role",
      "name": "team",
      "provider": "provider[\"registry.terraform.io/hashicorp/kubernetes\"]",
      "instances": [
        {
          "index_key": "team-riker",
          "schema_version": 0,
          "attributes": {
            "id": "team-riker/team-riker-role",
            "metadata": [
              {
                "annotations": {},
                "generate_name": "",
                "generation": 0,
                "labels": {},
                "name": "team-riker-role",
                "namespace": "team-riker",
                "resource_version": "774",
                "uid": "2e2d0e88-c5ff-4e7c-b4ae-d38f0169b3d1"
              }
            ],
            "rule": [
              {
                "api_groups": [
                  "*"
                ],
                "resource_names": [],
                "resources": [
                  "configmaps",
                  "deployments",
                  "horizontalpodautoscalers",
                  "networkpolicies",
                  "pods",
                  "podtemplates",
                  "replicasets",
                  "secrets",
                  "serviceaccounts",
                  "services",
                  "statefulsets"
                ],
                "verbs": [
                  "get",
                  "list",
                  "watch"
                ]
              },
              {
                "api_groups": [
                  "*"
                ],
                "resource_names": [],
                "resources": [
                  "resourcequotas"
                ],
                "verbs": [
                  "get",
                  "list",
                  "watch"
                ]
              }
            ]
          },
          "sensitive_attributes": [],
          "private": "bnVsbA==",
          "dependencies": [
            "data.aws_caller_identity.current",
            "data.aws_eks_cluster_auth.this",
            "module.eks_blueprints.data.aws_caller_identity.current",
            "module.eks_blueprints.data.aws_eks_cluster.cluster",
            "module.eks_blueprints.data.aws_iam_policy_document.eks_key",
            "module.eks_blueprints.data.aws_iam_session_context.current",
            "module.eks_blueprints.data.aws_partition.current",
            "module.eks_blueprints.data.aws_region.current",
            "module.eks_blueprints.data.http.eks_cluster_readiness",
            "module.eks_blueprints.module.aws_eks.aws_cloudwatch_log_group.this",
            "module.eks_blueprints.module.aws_eks.aws_eks_cluster.this",
            "module.eks_blueprints.module.aws_eks.aws_iam_role.this",
            "module.eks_blueprints.module.aws_eks.aws_iam_role_policy_attachment.this",
            "module.eks_blueprints.module.aws_eks.aws_security_group.cluster",
            "module.eks_blueprints.module.aws_eks.aws_security_group.node",
            "module.eks_blueprints.module.aws_eks.aws_security_group_rule.cluster",
            "module.eks_blueprints.module.aws_eks.aws_security_group_rule.node",
            "module.eks_blueprints.module.aws_eks.data.aws_caller_identity.current",
            "module.eks_blueprints.module.aws_eks.data.aws_iam_policy_document.assume_role_policy",
            "module.eks_blueprints.module.aws_eks.data.aws_partition.current",
            "module.eks_blueprints.module.aws_eks.module.kms.aws_kms_external_key.this",
            "module.eks_blueprints.module.aws_eks.module.kms.aws_kms_key.this",
            "module.eks_blueprints.module.aws_eks.module.kms.data.aws_caller_identity.current",
            "module.eks_blueprints.module.aws_eks.module.kms.data.aws_iam_policy_document.this",
            "module.eks_blueprints.module.aws_eks.module.kms.data.aws_partition.current",
            "module.eks_blueprints.module.aws_eks_teams.kubernetes_namespace.team",
            "module.eks_blueprints.module.kms.aws_kms_key.this"
          ]
        }
      ]
    },
    {
      "module": "module.eks_blueprints.module.aws_eks_teams[0]",
      "mode": "managed",
      "type": "kubernetes_role_binding",
      "name": "team",
      "provider": "provider[\"registry.terraform.io/hashicorp/kubernetes\"]",
      "instances": [
        {
          "index_key": "team-riker",
          "schema_version": 0,
          "attributes": {
            "id": "team-riker/team-riker-role-binding",
            "metadata": [
              {
                "annotations": {},
                "generate_name": "",
                "generation": 0,
                "labels": {},
                "name": "team-riker-role-binding",
                "namespace": "team-riker",
                "resource_version": "772",
                "uid": "e9dffbff-432d-4d2b-83c5-730c2cd9457e"
              }
            ],
            "role_ref": [
              {
                "api_group": "rbac.authorization.k8s.io",
                "kind": "Role",
                "name": "team-riker-role"
              }
            ],
            "subject": [
              {
                "api_group": "rbac.authorization.k8s.io",
                "kind": "Group",
                "name": "team-riker-group",
                "namespace": "team-riker"
              }
            ]
          },
          "sensitive_attributes": [],
          "private": "bnVsbA==",
          "dependencies": [
            "data.aws_caller_identity.current",
            "data.aws_eks_cluster_auth.this",
            "module.eks_blueprints.data.aws_caller_identity.current",
            "module.eks_blueprints.data.aws_eks_cluster.cluster",
            "module.eks_blueprints.data.aws_iam_policy_document.eks_key",
            "module.eks_blueprints.data.aws_iam_session_context.current",
            "module.eks_blueprints.data.aws_partition.current",
            "module.eks_blueprints.data.aws_region.current",
            "module.eks_blueprints.data.http.eks_cluster_readiness",
            "module.eks_blueprints.module.aws_eks.aws_cloudwatch_log_group.this",
            "module.eks_blueprints.module.aws_eks.aws_eks_cluster.this",
            "module.eks_blueprints.module.aws_eks.aws_iam_role.this",
            "module.eks_blueprints.module.aws_eks.aws_iam_role_policy_attachment.this",
            "module.eks_blueprints.module.aws_eks.aws_security_group.cluster",
            "module.eks_blueprints.module.aws_eks.aws_security_group.node",
            "module.eks_blueprints.module.aws_eks.aws_security_group_rule.cluster",
            "module.eks_blueprints.module.aws_eks.aws_security_group_rule.node",
            "module.eks_blueprints.module.aws_eks.data.aws_caller_identity.current",
            "module.eks_blueprints.module.aws_eks.data.aws_iam_policy_document.assume_role_policy",
            "module.eks_blueprints.module.aws_eks.data.aws_partition.current",
            "module.eks_blueprints.module.aws_eks.module.kms.aws_kms_external_key.this",
            "module.eks_blueprints.module.aws_eks.module.kms.aws_kms_key.this",
            "module.eks_blueprints.module.aws_eks.module.kms.data.aws_caller_identity.current",
            "module.eks_blueprints.module.aws_eks.module.kms.data.aws_iam_policy_document.this",
            "module.eks_blueprints.module.aws_eks.module.kms.data.aws_partition.current",
            "module.eks_blueprints.module.aws_eks_teams.kubernetes_namespace.team",
            "module.eks_blueprints.module.kms.aws_kms_key.this"
          ]
        }
      ]
    },
    {
      "module": "module.eks_blueprints.module.aws_eks_teams[0]",
      "mode": "managed",
      "type": "kubernetes_service_account",
      "name": "team",
      "provider": "provider[\"registry.terraform.io/hashicorp/kubernetes\"]",
      "instances": [
        {
          "index_key": "team-riker",
          "schema_version": 0,
          "attributes": {
            "automount_service_account_token": true,
            "default_secret_name": "",
            "id": "team-riker/team-riker-sa",
            "image_pull_secret": [],
            "metadata": [
              {
                "annotations": {
                  "eks.amazonaws.com/role-arn": "arn:aws:iam::535479350247:role/eks-blueprints-no-cilium-team-riker-sa-role"
                },
                "generate_name": "",
                "generation": 0,
                "labels": {},
                "name": "team-riker-sa",
                "namespace": "team-riker",
                "resource_version": "782",
                "uid": "c59c7b4d-a77a-4fb0-b1c2-d1472e33b3d5"
              }
            ],
            "secret": [],
            "timeouts": null
          },
          "sensitive_attributes": [],
          "private": "eyJlMmJmYjczMC1lY2FhLTExZTYtOGY4OC0zNDM2M2JjN2M0YzAiOnsiY3JlYXRlIjozMDAwMDAwMDAwMH19",
          "dependencies": [
            "data.aws_caller_identity.current",
            "data.aws_eks_cluster_auth.this",
            "module.eks_blueprints.data.aws_caller_identity.current",
            "module.eks_blueprints.data.aws_eks_cluster.cluster",
            "module.eks_blueprints.data.aws_iam_policy_document.eks_key",
            "module.eks_blueprints.data.aws_iam_session_context.current",
            "module.eks_blueprints.data.aws_partition.current",
            "module.eks_blueprints.data.aws_region.current",
            "module.eks_blueprints.data.http.eks_cluster_readiness",
            "module.eks_blueprints.module.aws_eks.aws_cloudwatch_log_group.this",
            "module.eks_blueprints.module.aws_eks.aws_eks_cluster.this",
            "module.eks_blueprints.module.aws_eks.aws_iam_role.this",
            "module.eks_blueprints.module.aws_eks.aws_iam_role_policy_attachment.this",
            "module.eks_blueprints.module.aws_eks.aws_security_group.cluster",
            "module.eks_blueprints.module.aws_eks.aws_security_group.node",
            "module.eks_blueprints.module.aws_eks.aws_security_group_rule.cluster",
            "module.eks_blueprints.module.aws_eks.aws_security_group_rule.node",
            "module.eks_blueprints.module.aws_eks.data.aws_caller_identity.current",
            "module.eks_blueprints.module.aws_eks.data.aws_iam_policy_document.assume_role_policy",
            "module.eks_blueprints.module.aws_eks.data.aws_partition.current",
            "module.eks_blueprints.module.aws_eks.module.kms.aws_kms_external_key.this",
            "module.eks_blueprints.module.aws_eks.module.kms.aws_kms_key.this",
            "module.eks_blueprints.module.aws_eks.module.kms.data.aws_caller_identity.current",
            "module.eks_blueprints.module.aws_eks.module.kms.data.aws_iam_policy_document.this",
            "module.eks_blueprints.module.aws_eks.module.kms.data.aws_partition.current",
            "module.eks_blueprints.module.aws_eks_teams.aws_iam_role.team_sa_irsa",
            "module.eks_blueprints.module.aws_eks_teams.data.aws_caller_identity.current",
            "module.eks_blueprints.module.aws_eks_teams.data.aws_eks_cluster.eks_cluster",
            "module.eks_blueprints.module.aws_eks_teams.data.aws_partition.current",
            "module.eks_blueprints.module.aws_eks_teams.kubernetes_namespace.team",
            "module.eks_blueprints.module.kms.aws_kms_key.this"
          ]
        }
      ]
    },
    {
      "module": "module.eks_blueprints.module.kms[0]",
      "mode": "managed",
      "type": "aws_kms_alias",
      "name": "this",
      "provider": "provider[\"registry.terraform.io/hashicorp/aws\"]",
      "instances": [
        {
          "schema_version": 0,
          "attributes": {
            "arn": "arn:aws:kms:ap-southeast-1:535479350247:alias/eks-blueprints-no-cilium",
            "id": "alias/eks-blueprints-no-cilium",
            "name": "alias/eks-blueprints-no-cilium",
            "name_prefix": "",
            "target_key_arn": "arn:aws:kms:ap-southeast-1:535479350247:key/b02ba307-4fe5-46ef-bdd0-5d9bca08a6fe",
            "target_key_id": "b02ba307-4fe5-46ef-bdd0-5d9bca08a6fe"
          },
          "sensitive_attributes": [],
          "private": "bnVsbA==",
          "dependencies": [
            "module.eks_blueprints.data.aws_caller_identity.current",
            "module.eks_blueprints.data.aws_iam_policy_document.eks_key",
            "module.eks_blueprints.data.aws_iam_session_context.current",
            "module.eks_blueprints.data.aws_partition.current",
            "module.eks_blueprints.data.aws_region.current",
            "module.eks_blueprints.module.kms.aws_kms_key.this"
          ]
        }
      ]
    },
    {
      "module": "module.eks_blueprints.module.kms[0]",
      "mode": "managed",
      "type": "aws_kms_key",
      "name": "this",
      "provider": "provider[\"registry.terraform.io/hashicorp/aws\"]",
      "instances": [
        {
          "schema_version": 0,
          "attributes": {
            "arn": "arn:aws:kms:ap-southeast-1:535479350247:key/b02ba307-4fe5-46ef-bdd0-5d9bca08a6fe",
            "bypass_policy_lockout_safety_check": false,
            "custom_key_store_id": "",
            "customer_master_key_spec": "SYMMETRIC_DEFAULT",
            "deletion_window_in_days": 30,
            "description": "eks-blueprints-no-cilium EKS cluster secret encryption key",
            "enable_key_rotation": true,
            "id": "b02ba307-4fe5-46ef-bdd0-5d9bca08a6fe",
            "is_enabled": true,
            "key_id": "b02ba307-4fe5-46ef-bdd0-5d9bca08a6fe",
            "key_usage": "ENCRYPT_DECRYPT",
            "multi_region": false,
            "policy": "{\"Statement\":[{\"Action\":[\"kms:ReEncrypt*\",\"kms:GenerateDataKey*\",\"kms:Encrypt\",\"kms:DescribeKey\",\"kms:Decrypt\",\"kms:CreateGrant\"],\"Condition\":{\"StringEquals\":{\"kms:CallerAccount\":\"535479350247\",\"kms:ViaService\":\"eks.ap-southeast-1.amazonaws.com\"}},\"Effect\":\"Allow\",\"Principal\":{\"AWS\":\"arn:aws:iam::535479350247:root\"},\"Resource\":\"*\",\"Sid\":\"Allow access for all principals in the account that are authorized\"},{\"Action\":[\"kms:RevokeGrant\",\"kms:List*\",\"kms:Get*\",\"kms:Describe*\"],\"Effect\":\"Allow\",\"Principal\":{\"AWS\":\"arn:aws:iam::535479350247:root\"},\"Resource\":\"*\",\"Sid\":\"Allow direct access to key metadata to the account\"},{\"Action\":\"kms:*\",\"Effect\":\"Allow\",\"Principal\":{\"AWS\":\"arn:aws:iam::535479350247:role/aws-reserved/sso.amazonaws.com/ap-southeast-1/AWSReservedSSO_AWSAdministratorAccess_9e93d8e0500e8de7\"},\"Resource\":\"*\",\"Sid\":\"Allow access for Key Administrators\"},{\"Action\":[\"kms:ReEncrypt*\",\"kms:GenerateDataKey*\",\"kms:Encrypt\",\"kms:DescribeKey\",\"kms:Decrypt\"],\"Effect\":\"Allow\",\"Principal\":{\"AWS\":\"arn:aws:iam::535479350247:role/eks-blueprints-no-cilium-cluster-role\"},\"Resource\":\"*\",\"Sid\":\"Allow use of the key\"},{\"Action\":[\"kms:RevokeGrant\",\"kms:ListGrants\",\"kms:CreateGrant\"],\"Condition\":{\"Bool\":{\"kms:GrantIsForAWSResource\":\"true\"}},\"Effect\":\"Allow\",\"Principal\":{\"AWS\":\"arn:aws:iam::535479350247:role/eks-blueprints-no-cilium-cluster-role\"},\"Resource\":\"*\",\"Sid\":\"Allow attachment of persistent resources\"}],\"Version\":\"2012-10-17\"}",
            "tags": {
              "Blueprint": "eks-blueprints-no-cilium",
              "GithubRepo": "https://github.com/aws-ia/terraform-aws-eks-blueprints/tree/v4.24.0/examples"
            },
            "tags_all": {
              "Blueprint": "eks-blueprints-no-cilium",
              "GithubRepo": "https://github.com/aws-ia/terraform-aws-eks-blueprints/tree/v4.24.0/examples"
            }
          },
          "sensitive_attributes": [],
          "private": "bnVsbA==",
          "dependencies": [
            "module.eks_blueprints.data.aws_caller_identity.current",
            "module.eks_blueprints.data.aws_iam_policy_document.eks_key",
            "module.eks_blueprints.data.aws_iam_session_context.current",
            "module.eks_blueprints.data.aws_partition.current",
            "module.eks_blueprints.data.aws_region.current"
          ],
          "create_before_destroy": true
        }
      ]
    },
    {
      "module": "module.kubernetes_addons",
      "mode": "data",
      "type": "aws_caller_identity",
      "name": "current",
      "provider": "provider[\"registry.terraform.io/hashicorp/aws\"]",
      "instances": [
        {
          "schema_version": 0,
          "attributes": {
            "account_id": "535479350247",
            "arn": "arn:aws:sts::535479350247:assumed-role/AWSReservedSSO_AWSAdministratorAccess_9e93d8e0500e8de7/deepyan+main-dev@amazon.com",
            "id": "535479350247",
            "user_id": "AROAXZLIOOPTSIGI7NIOW:deepyan+main-dev@amazon.com"
          },
          "sensitive_attributes": []
        }
      ]
    },
    {
      "module": "module.kubernetes_addons",
      "mode": "data",
      "type": "aws_eks_cluster",
      "name": "eks_cluster",
      "provider": "provider[\"registry.terraform.io/hashicorp/aws\"]",
      "instances": [
        {
          "schema_version": 0,
          "attributes": {
            "arn": "arn:aws:eks:ap-southeast-1:535479350247:cluster/eks-blueprints-no-cilium",
            "certificate_authority": [
              {
                "data": "LS0tLS1CRUdJTiBDRVJUSUZJQ0FURS0tLS0tCk1JSUMvakNDQWVhZ0F3SUJBZ0lCQURBTkJna3Foa2lHOXcwQkFRc0ZBREFWTVJNd0VRWURWUVFERXdwcmRXSmwKY201bGRHVnpNQjRYRFRJek1EUXhPREE0TXpRMU9Gb1hEVE16TURReE5UQTRNelExT0Zvd0ZURVRNQkVHQTFVRQpBeE1LYTNWaVpYSnVaWFJsY3pDQ0FTSXdEUVlKS29aSWh2Y05BUUVCQlFBRGdnRVBBRENDQVFvQ2dnRUJBTmpUClB4SHE2M1Q4NFJYdUpKTUlvWnRaeDFWSnh2QU1qTEU5ZmtVeThnNk8vRGthY1RveG5uaytZSGJkYTdFV1E1SzkKR3JzZVh0T011dXI4cVRYZGNuVGxTaXo0ZithUHUzV3U0M2x1Ylp0TU1Fd0tPSHM1QzdPZXF4MjFlbEhsaTNNSAoxbUdvTE9xZ3Bpd3dpZU10Tm4zZHRSbnVtUldMU3JWelRyUDJaWG1TcFNXcWk2b1RCQWp1d1Z3L3NYamg4S2ZLCnMwcEZ5WExYVUNsb0NrY3NaOS82c0hwRW85aVVyQkZ4R3VNKyticlYxVkowWVhENnovbFNXcGw4NFRkanhIeU4KR1k4QUF1dkdXUnpCM1JueFovQUI0R2piRU5RcDFKd2Nvclppc3RGcmxsam1pUWFsaGw3UWJDbnFGRERRZTJ0MgpMd1VHMHk4MUtPdHVBYW1aSFVFQ0F3RUFBYU5aTUZjd0RnWURWUjBQQVFIL0JBUURBZ0trTUE4R0ExVWRFd0VCCi93UUZNQU1CQWY4d0hRWURWUjBPQkJZRUZPLzVYVUlCZExCYUxuZEJzbjY5dG5pRHpKaW1NQlVHQTFVZEVRUU8KTUF5Q0NtdDFZbVZ5Ym1WMFpYTXdEUVlKS29aSWh2Y05BUUVMQlFBRGdnRUJBTUhXekNNanVjSkRlUUJGbWJ3YwordzgxaXZHZTRLR0FnWU5NWk9LYmVza1dpejY3MTRIS3E5L0xFcDJIS0tmUkxScTZJRmZpUFdsTmRLemJNSXo0ClNkaFlkRmdwbUhJM3N5TFdHNFVaZjlHcWdGV0JJMmNnQS95aWp4UVNJMkN4SXZxR3kyeVgrV25pdG5RTm5MUmkKcGVZaXJsVUlkdnRFN2kxUzJiOE9jeE55Mm00SG9sdW1SRTJpbUg0MlgvRWQvL3FBWEgzYVRJNVB4V09uT0V2OQpaakpkaHErQzBsczA1Y0xsOFNXVms1SDdSd1BzSXNjM3pMZkpNU1BkVFB0VmtkdmYvY0s2eTBta1p3RU9RWEZ4Clp5ZUg3RW9MYUxIL2lsQ0FlQmJmWkVEbXZaWXo5NTBWTURiSDFTdDEwUWFLRXo1QkRYcGZuUnpkNWlyeVVrQmMKOVkwPQotLS0tLUVORCBDRVJUSUZJQ0FURS0tLS0tCg=="
              }
            ],
            "cluster_id": null,
            "created_at": "2023-04-18 08:29:52.389 +0000 UTC",
            "enabled_cluster_log_types": [
              "api",
              "audit",
              "authenticator",
              "controllerManager",
              "scheduler"
            ],
            "endpoint": "https://4E1D1891A6BC9B4979B6F5C288CF37CC.gr7.ap-southeast-1.eks.amazonaws.com",
            "id": "eks-blueprints-no-cilium",
            "identity": [
              {
                "oidc": [
                  {
                    "issuer": "https://oidc.eks.ap-southeast-1.amazonaws.com/id/4E1D1891A6BC9B4979B6F5C288CF37CC"
                  }
                ]
              }
            ],
            "kubernetes_network_config": [
              {
                "ip_family": "ipv4",
                "service_ipv4_cidr": "10.100.0.0/16",
                "service_ipv6_cidr": ""
              }
            ],
            "name": "eks-blueprints-no-cilium",
            "outpost_config": [],
            "platform_version": "eks.5",
            "role_arn": "arn:aws:iam::535479350247:role/eks-blueprints-no-cilium-cluster-role",
            "status": "ACTIVE",
            "tags": {
              "Blueprint": "eks-blueprints-no-cilium",
              "GithubRepo": "https://github.com/aws-ia/terraform-aws-eks-blueprints/tree/v4.24.0/examples"
            },
            "version": "1.24",
            "vpc_config": [
              {
                "cluster_security_group_id": "sg-063af89de600fe989",
                "endpoint_private_access": false,
                "endpoint_public_access": true,
                "public_access_cidrs": [
                  "0.0.0.0/0"
                ],
                "security_group_ids": [
                  "sg-074da5918f6bd0ae5"
                ],
                "subnet_ids": [
                  "subnet-0a421732677fa63d2",
                  "subnet-0ee314ff01d715733"
                ],
                "vpc_id": "vpc-00e8a5494e255e7e6"
              }
            ]
          },
          "sensitive_attributes": []
        }
      ]
    },
    {
      "module": "module.kubernetes_addons",
      "mode": "data",
      "type": "aws_partition",
      "name": "current",
      "provider": "provider[\"registry.terraform.io/hashicorp/aws\"]",
      "instances": [
        {
          "schema_version": 0,
          "attributes": {
            "dns_suffix": "amazonaws.com",
            "id": "aws",
            "partition": "aws",
            "reverse_dns_prefix": "com.amazonaws"
          },
          "sensitive_attributes": []
        }
      ]
    },
    {
      "module": "module.kubernetes_addons",
      "mode": "data",
      "type": "aws_region",
      "name": "current",
      "provider": "provider[\"registry.terraform.io/hashicorp/aws\"]",
      "instances": [
        {
          "schema_version": 0,
          "attributes": {
            "description": "Asia Pacific (Singapore)",
            "endpoint": "ec2.ap-southeast-1.amazonaws.com",
            "id": "ap-southeast-1",
            "name": "ap-southeast-1"
          },
          "sensitive_attributes": []
        }
      ]
    },
    {
      "module": "module.kubernetes_addons",
      "mode": "managed",
      "type": "time_sleep",
      "name": "dataplane",
      "provider": "provider[\"registry.terraform.io/hashicorp/time\"]",
      "instances": [
        {
          "schema_version": 0,
          "attributes": {
            "create_duration": "10s",
            "destroy_duration": null,
            "id": "2023-04-18T08:38:38Z",
            "triggers": {
              "data_plane_wait_arn": "",
              "eks_cluster_id": "eks-blueprints-no-cilium"
            }
          },
          "sensitive_attributes": [],
          "dependencies": [
            "module.eks_blueprints.data.aws_caller_identity.current",
            "module.eks_blueprints.data.aws_iam_policy_document.eks_key",
            "module.eks_blueprints.data.aws_iam_session_context.current",
            "module.eks_blueprints.data.aws_partition.current",
            "module.eks_blueprints.data.aws_region.current",
            "module.eks_blueprints.module.aws_eks.aws_cloudwatch_log_group.this",
            "module.eks_blueprints.module.aws_eks.aws_eks_cluster.this",
            "module.eks_blueprints.module.aws_eks.aws_iam_role.this",
            "module.eks_blueprints.module.aws_eks.aws_iam_role_policy_attachment.this",
            "module.eks_blueprints.module.aws_eks.aws_security_group.cluster",
            "module.eks_blueprints.module.aws_eks.aws_security_group.node",
            "module.eks_blueprints.module.aws_eks.aws_security_group_rule.cluster",
            "module.eks_blueprints.module.aws_eks.aws_security_group_rule.node",
            "module.eks_blueprints.module.aws_eks.data.aws_caller_identity.current",
            "module.eks_blueprints.module.aws_eks.data.aws_iam_policy_document.assume_role_policy",
            "module.eks_blueprints.module.aws_eks.data.aws_partition.current",
            "module.eks_blueprints.module.aws_eks.module.kms.aws_kms_external_key.this",
            "module.eks_blueprints.module.aws_eks.module.kms.aws_kms_key.this",
            "module.eks_blueprints.module.aws_eks.module.kms.data.aws_caller_identity.current",
            "module.eks_blueprints.module.aws_eks.module.kms.data.aws_iam_policy_document.this",
            "module.eks_blueprints.module.aws_eks.module.kms.data.aws_partition.current",
            "module.eks_blueprints.module.kms.aws_kms_key.this"
          ]
        }
      ]
    },
    {
      "module": "module.kubernetes_addons.module.argocd[0]",
      "mode": "managed",
      "type": "helm_release",
      "name": "argocd_application",
      "provider": "provider[\"registry.terraform.io/hashicorp/helm\"]",
      "instances": [
        {
          "index_key": "addons",
          "schema_version": 1,
          "attributes": {
            "atomic": false,
            "chart": ".terraform/modules/kubernetes_addons/modules/kubernetes-addons/argocd/argocd-application/helm",
            "cleanup_on_fail": false,
            "create_namespace": false,
            "dependency_update": false,
            "description": null,
            "devel": null,
            "disable_crd_hooks": false,
            "disable_openapi_validation": false,
            "disable_webhooks": false,
            "force_update": false,
            "id": "addons",
            "keyring": null,
            "lint": false,
            "manifest": null,
            "max_history": 0,
            "metadata": [
              {
                "app_version": "0.1.0",
                "chart": "argo-application",
                "name": "addons",
                "namespace": "argocd",
                "revision": 1,
                "values": "{\"destination\":{\"server\":\"https://kubernetes.default.svc\"},\"ignoreDifferences\":[],\"name\":\"addons\",\"project\":\"default\",\"source\":{\"helm\":{\"releaseName\":\"addons\",\"values\":\"\\\"account\\\": \\\"535479350247\\\"\\n\\\"awsForFluentBit\\\":\\n  \\\"enable\\\": \\\"true\\\"\\n  \\\"logGroupName\\\": \\\"/eks-blueprints-no-cilium/worker-fluentbit-logs\\\"\\n  \\\"serviceAccountName\\\": \\\"aws-for-fluent-bit-sa\\\"\\n\\\"awsLoadBalancerController\\\":\\n  \\\"enable\\\": \\\"true\\\"\\n  \\\"serviceAccountName\\\": \\\"aws-load-balancer-controller-sa\\\"\\n\\\"clusterName\\\": \\\"eks-blueprints-no-cilium\\\"\\n\\\"karpenter\\\":\\n  \\\"awsDefaultInstanceProfile\\\": \\\"\\\"\\n  \\\"awsInterruptionQueueName\\\": \\\"\\\"\\n  \\\"controllerClusterEndpoint\\\": \\\"https://4E1D1891A6BC9B4979B6F5C288CF37CC.gr7.ap-southeast-1.eks.amazonaws.com\\\"\\n  \\\"enable\\\": \\\"true\\\"\\n  \\\"serviceAccountName\\\": \\\"karpenter\\\"\\n\\\"metricsServer\\\":\\n  \\\"enable\\\": \\\"true\\\"\\n\\\"prometheus\\\":\\n  \\\"ampWorkspaceUrl\\\": \\\"\\\"\\n  \\\"enable\\\": \\\"true\\\"\\n  \\\"roleArn\\\": \\\"arn:aws:iam::535479350247:role/eks-blueprints-no-cilium-amp-ingest-irsa\\\"\\n  \\\"serviceAccountName\\\": \\\"amp-ingest\\\"\\n\\\"region\\\": \\\"ap-southeast-1\\\"\\n\\\"repoUrl\\\": \\\"https://github.com/aws-devday-eks/eks-blueprints-add-ons-v2.git\\\"\\n\"},\"path\":\"chart\",\"repoUrl\":\"https://github.com/aws-devday-eks/eks-blueprints-add-ons-v2.git\",\"targetRevision\":\"HEAD\"}}",
                "version": "0.1.0"
              }
            ],
            "name": "addons",
            "namespace": "argocd",
            "pass_credentials": false,
            "postrender": [],
            "recreate_pods": false,
            "render_subchart_notes": true,
            "replace": false,
            "repository": null,
            "repository_ca_file": null,
            "repository_cert_file": null,
            "repository_key_file": null,
            "repository_password": null,
            "repository_username": null,
            "reset_values": false,
            "reuse_values": false,
            "set": [
              {
                "name": "destination.server",
                "type": "string",
                "value": "https://kubernetes.default.svc"
              },
              {
                "name": "name",
                "type": "string",
                "value": "addons"
              },
              {
                "name": "project",
                "type": "string",
                "value": "default"
              },
              {
                "name": "source.helm.releaseName",
                "type": "string",
                "value": "addons"
              },
              {
                "name": "source.helm.values",
                "type": "auto",
                "value": "\"account\": \"535479350247\"\n\"awsForFluentBit\":\n  \"enable\": \"true\"\n  \"logGroupName\": \"/eks-blueprints-no-cilium/worker-fluentbit-logs\"\n  \"serviceAccountName\": \"aws-for-fluent-bit-sa\"\n\"awsLoadBalancerController\":\n  \"enable\": \"true\"\n  \"serviceAccountName\": \"aws-load-balancer-controller-sa\"\n\"clusterName\": \"eks-blueprints-no-cilium\"\n\"karpenter\":\n  \"awsDefaultInstanceProfile\": \"\"\n  \"awsInterruptionQueueName\": \"\"\n  \"controllerClusterEndpoint\": \"https://4E1D1891A6BC9B4979B6F5C288CF37CC.gr7.ap-southeast-1.eks.amazonaws.com\"\n  \"enable\": \"true\"\n  \"serviceAccountName\": \"karpenter\"\n\"metricsServer\":\n  \"enable\": \"true\"\n\"prometheus\":\n  \"ampWorkspaceUrl\": \"\"\n  \"enable\": \"true\"\n  \"roleArn\": \"arn:aws:iam::535479350247:role/eks-blueprints-no-cilium-amp-ingest-irsa\"\n  \"serviceAccountName\": \"amp-ingest\"\n\"region\": \"ap-southeast-1\"\n\"repoUrl\": \"https://github.com/aws-devday-eks/eks-blueprints-add-ons-v2.git\"\n"
              },
              {
                "name": "source.path",
                "type": "string",
                "value": "chart"
              },
              {
                "name": "source.repoUrl",
                "type": "string",
                "value": "https://github.com/aws-devday-eks/eks-blueprints-add-ons-v2.git"
              },
              {
                "name": "source.targetRevision",
                "type": "string",
                "value": "HEAD"
              }
            ],
            "set_sensitive": [],
            "skip_crds": false,
            "status": "deployed",
            "timeout": 300,
            "values": [
              "\"ignoreDifferences\": []\n"
            ],
            "verify": false,
            "version": "0.1.0",
            "wait": true,
            "wait_for_jobs": false
          },
          "sensitive_attributes": [],
          "private": "eyJzY2hlbWFfdmVyc2lvbiI6IjEifQ==",
          "dependencies": [
            "data.aws_eks_cluster_auth.this",
            "module.eks_blueprints.data.aws_caller_identity.current",
            "module.eks_blueprints.data.aws_iam_policy_document.eks_key",
            "module.eks_blueprints.data.aws_iam_session_context.current",
            "module.eks_blueprints.data.aws_partition.current",
            "module.eks_blueprints.data.aws_region.current",
            "module.eks_blueprints.module.aws_eks.aws_cloudwatch_log_group.this",
            "module.eks_blueprints.module.aws_eks.aws_eks_cluster.this",
            "module.eks_blueprints.module.aws_eks.aws_iam_role.this",
            "module.eks_blueprints.module.aws_eks.aws_iam_role_policy_attachment.this",
            "module.eks_blueprints.module.aws_eks.aws_security_group.cluster",
            "module.eks_blueprints.module.aws_eks.aws_security_group.node",
            "module.eks_blueprints.module.aws_eks.aws_security_group_rule.cluster",
            "module.eks_blueprints.module.aws_eks.aws_security_group_rule.node",
            "module.eks_blueprints.module.aws_eks.data.aws_caller_identity.current",
            "module.eks_blueprints.module.aws_eks.data.aws_iam_policy_document.assume_role_policy",
            "module.eks_blueprints.module.aws_eks.data.aws_partition.current",
            "module.eks_blueprints.module.aws_eks.module.kms.aws_kms_external_key.this",
            "module.eks_blueprints.module.aws_eks.module.kms.aws_kms_key.this",
            "module.eks_blueprints.module.aws_eks.module.kms.data.aws_caller_identity.current",
            "module.eks_blueprints.module.aws_eks.module.kms.data.aws_iam_policy_document.this",
            "module.eks_blueprints.module.aws_eks.module.kms.data.aws_partition.current",
            "module.eks_blueprints.module.kms.aws_kms_key.this",
            "module.kubernetes_addons.data.aws_caller_identity.current",
            "module.kubernetes_addons.data.aws_eks_cluster.eks_cluster",
            "module.kubernetes_addons.data.aws_partition.current",
            "module.kubernetes_addons.data.aws_region.current",
            "module.kubernetes_addons.module.argocd.kubernetes_namespace_v1.this",
            "module.kubernetes_addons.module.argocd.module.helm_addon.helm_release.addon",
            "module.kubernetes_addons.module.argocd.module.helm_addon.module.irsa.aws_iam_role.irsa",
            "module.kubernetes_addons.module.argocd.module.helm_addon.module.irsa.aws_iam_role_policy_attachment.irsa",
            "module.kubernetes_addons.module.argocd.module.helm_addon.module.irsa.kubernetes_namespace_v1.irsa",
            "module.kubernetes_addons.module.argocd.module.helm_addon.module.irsa.kubernetes_secret_v1.irsa",
            "module.kubernetes_addons.module.argocd.module.helm_addon.module.irsa.kubernetes_service_account_v1.irsa",
            "module.kubernetes_addons.module.aws_node_termination_handler.aws_sqs_queue.aws_node_termination_handler_queue",
            "module.kubernetes_addons.module.karpenter.data.aws_arn.queue",
            "module.kubernetes_addons.module.ondat.kubernetes_namespace.storageos",
            "module.kubernetes_addons.module.ondat.kubernetes_secret.etcd",
            "module.kubernetes_addons.module.prometheus.aws_iam_policy.ingest",
            "module.kubernetes_addons.module.prometheus.data.aws_iam_policy_document.ingest",
            "module.kubernetes_addons.module.prometheus.kubernetes_namespace_v1.prometheus",
            "module.kubernetes_addons.module.prometheus.module.irsa_amp_ingest.aws_iam_role.irsa",
            "module.kubernetes_addons.time_sleep.dataplane"
          ]
        },
        {
          "index_key": "workloads",
          "schema_version": 1,
          "attributes": {
            "atomic": false,
            "chart": ".terraform/modules/kubernetes_addons/modules/kubernetes-addons/argocd/argocd-application/helm",
            "cleanup_on_fail": false,
            "create_namespace": false,
            "dependency_update": false,
            "description": null,
            "devel": null,
            "disable_crd_hooks": false,
            "disable_openapi_validation": false,
            "disable_webhooks": false,
            "force_update": false,
            "id": "workloads",
            "keyring": null,
            "lint": false,
            "manifest": null,
            "max_history": 0,
            "metadata": [
              {
                "app_version": "0.1.0",
                "chart": "argo-application",
                "name": "workloads",
                "namespace": "argocd",
                "revision": 1,
                "values": "{\"destination\":{\"server\":\"https://kubernetes.default.svc\"},\"ignoreDifferences\":[],\"name\":\"workloads\",\"project\":\"default\",\"source\":{\"helm\":{\"releaseName\":\"workloads\",\"values\":\"\\\"account\\\": \\\"535479350247\\\"\\n\\\"clusterName\\\": \\\"eks-blueprints-no-cilium\\\"\\n\\\"region\\\": \\\"ap-southeast-1\\\"\\n\\\"repoUrl\\\": \\\"https://github.com/aws-devday-eks/eks-blueprints-workloads.git\\\"\\n\"},\"path\":\"charts\",\"repoUrl\":\"https://github.com/aws-devday-eks/eks-blueprints-workloads.git\",\"targetRevision\":\"HEAD\"}}",
                "version": "0.1.0"
              }
            ],
            "name": "workloads",
            "namespace": "argocd",
            "pass_credentials": false,
            "postrender": [],
            "recreate_pods": false,
            "render_subchart_notes": true,
            "replace": false,
            "repository": null,
            "repository_ca_file": null,
            "repository_cert_file": null,
            "repository_key_file": null,
            "repository_password": null,
            "repository_username": null,
            "reset_values": false,
            "reuse_values": false,
            "set": [
              {
                "name": "destination.server",
                "type": "string",
                "value": "https://kubernetes.default.svc"
              },
              {
                "name": "name",
                "type": "string",
                "value": "workloads"
              },
              {
                "name": "project",
                "type": "string",
                "value": "default"
              },
              {
                "name": "source.helm.releaseName",
                "type": "string",
                "value": "workloads"
              },
              {
                "name": "source.helm.values",
                "type": "auto",
                "value": "\"account\": \"535479350247\"\n\"clusterName\": \"eks-blueprints-no-cilium\"\n\"region\": \"ap-southeast-1\"\n\"repoUrl\": \"https://github.com/aws-devday-eks/eks-blueprints-workloads.git\"\n"
              },
              {
                "name": "source.path",
                "type": "string",
                "value": "charts"
              },
              {
                "name": "source.repoUrl",
                "type": "string",
                "value": "https://github.com/aws-devday-eks/eks-blueprints-workloads.git"
              },
              {
                "name": "source.targetRevision",
                "type": "string",
                "value": "HEAD"
              }
            ],
            "set_sensitive": [],
            "skip_crds": false,
            "status": "deployed",
            "timeout": 300,
            "values": [
              "\"ignoreDifferences\": []\n"
            ],
            "verify": false,
            "version": "0.1.0",
            "wait": true,
            "wait_for_jobs": false
          },
          "sensitive_attributes": [],
          "private": "eyJzY2hlbWFfdmVyc2lvbiI6IjEifQ==",
          "dependencies": [
            "data.aws_eks_cluster_auth.this",
            "module.eks_blueprints.data.aws_caller_identity.current",
            "module.eks_blueprints.data.aws_iam_policy_document.eks_key",
            "module.eks_blueprints.data.aws_iam_session_context.current",
            "module.eks_blueprints.data.aws_partition.current",
            "module.eks_blueprints.data.aws_region.current",
            "module.eks_blueprints.module.aws_eks.aws_cloudwatch_log_group.this",
            "module.eks_blueprints.module.aws_eks.aws_eks_cluster.this",
            "module.eks_blueprints.module.aws_eks.aws_iam_role.this",
            "module.eks_blueprints.module.aws_eks.aws_iam_role_policy_attachment.this",
            "module.eks_blueprints.module.aws_eks.aws_security_group.cluster",
            "module.eks_blueprints.module.aws_eks.aws_security_group.node",
            "module.eks_blueprints.module.aws_eks.aws_security_group_rule.cluster",
            "module.eks_blueprints.module.aws_eks.aws_security_group_rule.node",
            "module.eks_blueprints.module.aws_eks.data.aws_caller_identity.current",
            "module.eks_blueprints.module.aws_eks.data.aws_iam_policy_document.assume_role_policy",
            "module.eks_blueprints.module.aws_eks.data.aws_partition.current",
            "module.eks_blueprints.module.aws_eks.module.kms.aws_kms_external_key.this",
            "module.eks_blueprints.module.aws_eks.module.kms.aws_kms_key.this",
            "module.eks_blueprints.module.aws_eks.module.kms.data.aws_caller_identity.current",
            "module.eks_blueprints.module.aws_eks.module.kms.data.aws_iam_policy_document.this",
            "module.eks_blueprints.module.aws_eks.module.kms.data.aws_partition.current",
            "module.eks_blueprints.module.kms.aws_kms_key.this",
            "module.kubernetes_addons.data.aws_caller_identity.current",
            "module.kubernetes_addons.data.aws_eks_cluster.eks_cluster",
            "module.kubernetes_addons.data.aws_partition.current",
            "module.kubernetes_addons.data.aws_region.current",
            "module.kubernetes_addons.module.argocd.kubernetes_namespace_v1.this",
            "module.kubernetes_addons.module.argocd.module.helm_addon.helm_release.addon",
            "module.kubernetes_addons.module.argocd.module.helm_addon.module.irsa.aws_iam_role.irsa",
            "module.kubernetes_addons.module.argocd.module.helm_addon.module.irsa.aws_iam_role_policy_attachment.irsa",
            "module.kubernetes_addons.module.argocd.module.helm_addon.module.irsa.kubernetes_namespace_v1.irsa",
            "module.kubernetes_addons.module.argocd.module.helm_addon.module.irsa.kubernetes_secret_v1.irsa",
            "module.kubernetes_addons.module.argocd.module.helm_addon.module.irsa.kubernetes_service_account_v1.irsa",
            "module.kubernetes_addons.module.aws_node_termination_handler.aws_sqs_queue.aws_node_termination_handler_queue",
            "module.kubernetes_addons.module.karpenter.data.aws_arn.queue",
            "module.kubernetes_addons.module.ondat.kubernetes_namespace.storageos",
            "module.kubernetes_addons.module.ondat.kubernetes_secret.etcd",
            "module.kubernetes_addons.module.prometheus.aws_iam_policy.ingest",
            "module.kubernetes_addons.module.prometheus.data.aws_iam_policy_document.ingest",
            "module.kubernetes_addons.module.prometheus.kubernetes_namespace_v1.prometheus",
            "module.kubernetes_addons.module.prometheus.module.irsa_amp_ingest.aws_iam_role.irsa",
            "module.kubernetes_addons.time_sleep.dataplane"
          ]
        }
      ]
    },
    {
      "module": "module.kubernetes_addons.module.argocd[0]",
      "mode": "managed",
      "type": "kubernetes_namespace_v1",
      "name": "this",
      "provider": "provider[\"registry.terraform.io/hashicorp/kubernetes\"]",
      "instances": [
        {
          "index_key": 0,
          "schema_version": 0,
          "attributes": {
            "id": "argocd",
            "metadata": [
              {
                "annotations": {},
                "generate_name": "",
                "generation": 0,
                "labels": {},
                "name": "argocd",
                "resource_version": "761",
                "uid": "f9bd9986-64f2-44e9-8297-3616967095d5"
              }
            ],
            "timeouts": null
          },
          "sensitive_attributes": [],
          "private": "eyJlMmJmYjczMC1lY2FhLTExZTYtOGY4OC0zNDM2M2JjN2M0YzAiOnsiZGVsZXRlIjozMDAwMDAwMDAwMDB9fQ==",
          "dependencies": [
            "data.aws_eks_cluster_auth.this",
            "module.eks_blueprints.data.aws_caller_identity.current",
            "module.eks_blueprints.data.aws_iam_policy_document.eks_key",
            "module.eks_blueprints.data.aws_iam_session_context.current",
            "module.eks_blueprints.data.aws_partition.current",
            "module.eks_blueprints.data.aws_region.current",
            "module.eks_blueprints.module.aws_eks.aws_cloudwatch_log_group.this",
            "module.eks_blueprints.module.aws_eks.aws_eks_cluster.this",
            "module.eks_blueprints.module.aws_eks.aws_iam_role.this",
            "module.eks_blueprints.module.aws_eks.aws_iam_role_policy_attachment.this",
            "module.eks_blueprints.module.aws_eks.aws_security_group.cluster",
            "module.eks_blueprints.module.aws_eks.aws_security_group.node",
            "module.eks_blueprints.module.aws_eks.aws_security_group_rule.cluster",
            "module.eks_blueprints.module.aws_eks.aws_security_group_rule.node",
            "module.eks_blueprints.module.aws_eks.data.aws_caller_identity.current",
            "module.eks_blueprints.module.aws_eks.data.aws_iam_policy_document.assume_role_policy",
            "module.eks_blueprints.module.aws_eks.data.aws_partition.current",
            "module.eks_blueprints.module.aws_eks.module.kms.aws_kms_external_key.this",
            "module.eks_blueprints.module.aws_eks.module.kms.aws_kms_key.this",
            "module.eks_blueprints.module.aws_eks.module.kms.data.aws_caller_identity.current",
            "module.eks_blueprints.module.aws_eks.module.kms.data.aws_iam_policy_document.this",
            "module.eks_blueprints.module.aws_eks.module.kms.data.aws_partition.current",
            "module.eks_blueprints.module.kms.aws_kms_key.this"
          ]
        }
      ]
    },
    {
      "module": "module.kubernetes_addons.module.argocd[0].module.helm_addon",
      "mode": "managed",
      "type": "helm_release",
      "name": "addon",
      "provider": "provider[\"registry.terraform.io/hashicorp/helm\"]",
      "instances": [
        {
          "index_key": 0,
          "schema_version": 1,
          "attributes": {
            "atomic": false,
            "chart": "argo-cd",
            "cleanup_on_fail": false,
            "create_namespace": true,
            "dependency_update": false,
            "description": "The ArgoCD Helm Chart deployment configuration",
            "devel": null,
            "disable_crd_hooks": false,
            "disable_openapi_validation": false,
            "disable_webhooks": false,
            "force_update": false,
            "id": "argo-cd",
            "keyring": "",
            "lint": false,
            "manifest": null,
            "max_history": 0,
            "metadata": [
              {
                "app_version": "v2.5.2",
                "chart": "argo-cd",
                "name": "argo-cd",
                "namespace": "argocd",
                "revision": 1,
                "values": "{\"configs\":{\"cm\":{\"application.resourceTrackingMethod\":\"annotation+label\"}},\"controller\":{\"enableStatefulSet\":true},\"redis-ha\":{\"enabled\":true},\"repoServer\":{\"autoscaling\":{\"enabled\":true,\"minReplicas\":2}},\"server\":{\"autoscaling\":{\"enabled\":true,\"minReplicas\":2},\"service\":{\"type\":\"LoadBalancer\"}}}",
                "version": "5.13.8"
              }
            ],
            "name": "argo-cd",
            "namespace": "argocd",
            "pass_credentials": false,
            "postrender": [
              {
                "args": [],
                "binary_path": ""
              }
            ],
            "recreate_pods": false,
            "render_subchart_notes": true,
            "replace": false,
            "repository": "https://argoproj.github.io/argo-helm",
            "repository_ca_file": null,
            "repository_cert_file": "",
            "repository_key_file": "",
            "repository_password": "",
            "repository_username": "",
            "reset_values": false,
            "reuse_values": false,
            "set": [
              {
                "name": "server.service.type",
                "type": "",
                "value": "LoadBalancer"
              }
            ],
            "set_sensitive": [],
            "skip_crds": false,
            "status": "deployed",
            "timeout": 1200,
            "values": [
              "redis-ha:\n  enabled: true\n\ncontroller:\n  enableStatefulSet: true\n\nserver:\n  autoscaling:\n    enabled: true\n    minReplicas: 2\n\nrepoServer:\n  autoscaling:\n    enabled: true\n    minReplicas: 2\n\nconfigs:\n  cm:\n    #use annotation for tracking but keep labels for compatibility with other tools\n    application.resourceTrackingMethod: annotation+label\n"
            ],
            "verify": false,
            "version": "5.13.8",
            "wait": false,
            "wait_for_jobs": false
          },
          "sensitive_attributes": [],
          "private": "eyJzY2hlbWFfdmVyc2lvbiI6IjEifQ==",
          "dependencies": [
            "data.aws_eks_cluster_auth.this",
            "module.eks_blueprints.data.aws_caller_identity.current",
            "module.eks_blueprints.data.aws_iam_policy_document.eks_key",
            "module.eks_blueprints.data.aws_iam_session_context.current",
            "module.eks_blueprints.data.aws_partition.current",
            "module.eks_blueprints.data.aws_region.current",
            "module.eks_blueprints.module.aws_eks.aws_cloudwatch_log_group.this",
            "module.eks_blueprints.module.aws_eks.aws_eks_cluster.this",
            "module.eks_blueprints.module.aws_eks.aws_iam_role.this",
            "module.eks_blueprints.module.aws_eks.aws_iam_role_policy_attachment.this",
            "module.eks_blueprints.module.aws_eks.aws_security_group.cluster",
            "module.eks_blueprints.module.aws_eks.aws_security_group.node",
            "module.eks_blueprints.module.aws_eks.aws_security_group_rule.cluster",
            "module.eks_blueprints.module.aws_eks.aws_security_group_rule.node",
            "module.eks_blueprints.module.aws_eks.data.aws_caller_identity.current",
            "module.eks_blueprints.module.aws_eks.data.aws_iam_policy_document.assume_role_policy",
            "module.eks_blueprints.module.aws_eks.data.aws_partition.current",
            "module.eks_blueprints.module.aws_eks.module.kms.aws_kms_external_key.this",
            "module.eks_blueprints.module.aws_eks.module.kms.aws_kms_key.this",
            "module.eks_blueprints.module.aws_eks.module.kms.data.aws_caller_identity.current",
            "module.eks_blueprints.module.aws_eks.module.kms.data.aws_iam_policy_document.this",
            "module.eks_blueprints.module.aws_eks.module.kms.data.aws_partition.current",
            "module.eks_blueprints.module.kms.aws_kms_key.this",
            "module.kubernetes_addons.data.aws_caller_identity.current",
            "module.kubernetes_addons.data.aws_eks_cluster.eks_cluster",
            "module.kubernetes_addons.data.aws_partition.current",
            "module.kubernetes_addons.data.aws_region.current",
            "module.kubernetes_addons.module.argocd.kubernetes_namespace_v1.this",
            "module.kubernetes_addons.module.argocd.module.helm_addon.module.irsa.aws_iam_role.irsa",
            "module.kubernetes_addons.module.argocd.module.helm_addon.module.irsa.aws_iam_role_policy_attachment.irsa",
            "module.kubernetes_addons.module.argocd.module.helm_addon.module.irsa.kubernetes_namespace_v1.irsa",
            "module.kubernetes_addons.module.argocd.module.helm_addon.module.irsa.kubernetes_secret_v1.irsa",
            "module.kubernetes_addons.module.argocd.module.helm_addon.module.irsa.kubernetes_service_account_v1.irsa",
            "module.kubernetes_addons.time_sleep.dataplane"
          ]
        }
      ]
    },
    {
      "module": "module.kubernetes_addons.module.aws_ebs_csi_driver[0]",
      "mode": "data",
      "type": "aws_eks_addon_version",
      "name": "this",
      "provider": "provider[\"registry.terraform.io/hashicorp/aws\"]",
      "instances": [
        {
          "schema_version": 0,
          "attributes": {
            "addon_name": "aws-ebs-csi-driver",
            "id": "aws-ebs-csi-driver",
            "kubernetes_version": "1.24",
            "most_recent": false,
            "version": "v1.17.0-eksbuild.1"
          },
          "sensitive_attributes": []
        }
      ]
    },
    {
      "module": "module.kubernetes_addons.module.aws_ebs_csi_driver[0]",
      "mode": "data",
      "type": "aws_iam_policy_document",
      "name": "aws_ebs_csi_driver",
      "provider": "provider[\"registry.terraform.io/hashicorp/aws\"]",
      "instances": [
        {
          "index_key": 0,
          "schema_version": 0,
          "attributes": {
            "id": "1888929143",
            "json": "{\n  \"Version\": \"2012-10-17\",\n  \"Statement\": [\n    {\n      \"Sid\": \"\",\n      \"Effect\": \"Allow\",\n      \"Action\": [\n        \"ec2:ModifyVolume\",\n        \"ec2:DetachVolume\",\n        \"ec2:DescribeVolumesModifications\",\n        \"ec2:DescribeVolumes\",\n        \"ec2:DescribeTags\",\n        \"ec2:DescribeSnapshots\",\n        \"ec2:DescribeInstances\",\n        \"ec2:DescribeAvailabilityZones\",\n        \"ec2:CreateSnapshot\",\n        \"ec2:AttachVolume\"\n      ],\n      \"Resource\": \"*\"\n    },\n    {\n      \"Sid\": \"\",\n      \"Effect\": \"Allow\",\n      \"Action\": \"ec2:CreateTags\",\n      \"Resource\": [\n        \"arn:aws:ec2:*:*:volume/*\",\n        \"arn:aws:ec2:*:*:snapshot/*\"\n      ],\n      \"Condition\": {\n        \"StringEquals\": {\n          \"ec2:CreateAction\": [\n            \"CreateVolume\",\n            \"CreateSnapshot\"\n          ]\n        }\n      }\n    },\n    {\n      \"Sid\": \"\",\n      \"Effect\": \"Allow\",\n      \"Action\": \"ec2:DeleteTags\",\n      \"Resource\": [\n        \"arn:aws:ec2:*:*:volume/*\",\n        \"arn:aws:ec2:*:*:snapshot/*\"\n      ]\n    },\n    {\n      \"Sid\": \"\",\n      \"Effect\": \"Allow\",\n      \"Action\": \"ec2:CreateVolume\",\n      \"Resource\": \"*\",\n      \"Condition\": {\n        \"StringLike\": {\n          \"aws:RequestTag/ebs.csi.aws.com/cluster\": \"true\"\n        }\n      }\n    },\n    {\n      \"Sid\": \"\",\n      \"Effect\": \"Allow\",\n      \"Action\": \"ec2:CreateVolume\",\n      \"Resource\": \"*\",\n      \"Condition\": {\n        \"StringLike\": {\n          \"aws:RequestTag/CSIVolumeName\": \"*\"\n        }\n      }\n    },\n    {\n      \"Sid\": \"\",\n      \"Effect\": \"Allow\",\n      \"Action\": \"ec2:CreateVolume\",\n      \"Resource\": \"*\",\n      \"Condition\": {\n        \"StringLike\": {\n          \"aws:RequestTag/kubernetes.io/cluster/*\": \"owned\"\n        }\n      }\n    },\n    {\n      \"Sid\": \"\",\n      \"Effect\": \"Allow\",\n      \"Action\": \"ec2:DeleteVolume\",\n      \"Resource\": \"*\",\n      \"Condition\": {\n        \"StringLike\": {\n          \"ec2:ResourceTag/ebs.csi.aws.com/cluster\": \"true\"\n        }\n      }\n    },\n    {\n      \"Sid\": \"\",\n      \"Effect\": \"Allow\",\n      \"Action\": \"ec2:DeleteVolume\",\n      \"Resource\": \"*\",\n      \"Condition\": {\n        \"StringLike\": {\n          \"ec2:ResourceTag/CSIVolumeName\": \"*\"\n        }\n      }\n    },\n    {\n      \"Sid\": \"\",\n      \"Effect\": \"Allow\",\n      \"Action\": \"ec2:DeleteVolume\",\n      \"Resource\": \"*\",\n      \"Condition\": {\n        \"StringLike\": {\n          \"ec2:ResourceTag/kubernetes.io/cluster/*\": \"owned\"\n        }\n      }\n    },\n    {\n      \"Sid\": \"\",\n      \"Effect\": \"Allow\",\n      \"Action\": \"ec2:DeleteSnapshot\",\n      \"Resource\": \"*\",\n      \"Condition\": {\n        \"StringLike\": {\n          \"ec2:ResourceTag/CSIVolumeSnapshotName\": \"*\"\n        }\n      }\n    },\n    {\n      \"Sid\": \"\",\n      \"Effect\": \"Allow\",\n      \"Action\": \"ec2:DeleteSnapshot\",\n      \"Resource\": \"*\",\n      \"Condition\": {\n        \"StringLike\": {\n          \"ec2:ResourceTag/ebs.csi.aws.com/cluster\": \"true\"\n        }\n      }\n    }\n  ]\n}",
            "override_json": null,
            "override_policy_documents": null,
            "policy_id": null,
            "source_json": null,
            "source_policy_documents": null,
            "statement": [
              {
                "actions": [
                  "ec2:AttachVolume",
                  "ec2:CreateSnapshot",
                  "ec2:DescribeAvailabilityZones",
                  "ec2:DescribeInstances",
                  "ec2:DescribeSnapshots",
                  "ec2:DescribeTags",
                  "ec2:DescribeVolumes",
                  "ec2:DescribeVolumesModifications",
                  "ec2:DetachVolume",
                  "ec2:ModifyVolume"
                ],
                "condition": [],
                "effect": "Allow",
                "not_actions": [],
                "not_principals": [],
                "not_resources": [],
                "principals": [],
                "resources": [
                  "*"
                ],
                "sid": ""
              },
              {
                "actions": [
                  "ec2:CreateTags"
                ],
                "condition": [
                  {
                    "test": "StringEquals",
                    "values": [
                      "CreateVolume",
                      "CreateSnapshot"
                    ],
                    "variable": "ec2:CreateAction"
                  }
                ],
                "effect": "Allow",
                "not_actions": [],
                "not_principals": [],
                "not_resources": [],
                "principals": [],
                "resources": [
                  "arn:aws:ec2:*:*:snapshot/*",
                  "arn:aws:ec2:*:*:volume/*"
                ],
                "sid": ""
              },
              {
                "actions": [
                  "ec2:DeleteTags"
                ],
                "condition": [],
                "effect": "Allow",
                "not_actions": [],
                "not_principals": [],
                "not_resources": [],
                "principals": [],
                "resources": [
                  "arn:aws:ec2:*:*:snapshot/*",
                  "arn:aws:ec2:*:*:volume/*"
                ],
                "sid": ""
              },
              {
                "actions": [
                  "ec2:CreateVolume"
                ],
                "condition": [
                  {
                    "test": "StringLike",
                    "values": [
                      "true"
                    ],
                    "variable": "aws:RequestTag/ebs.csi.aws.com/cluster"
                  }
                ],
                "effect": "Allow",
                "not_actions": [],
                "not_principals": [],
                "not_resources": [],
                "principals": [],
                "resources": [
                  "*"
                ],
                "sid": ""
              },
              {
                "actions": [
                  "ec2:CreateVolume"
                ],
                "condition": [
                  {
                    "test": "StringLike",
                    "values": [
                      "*"
                    ],
                    "variable": "aws:RequestTag/CSIVolumeName"
                  }
                ],
                "effect": "Allow",
                "not_actions": [],
                "not_principals": [],
                "not_resources": [],
                "principals": [],
                "resources": [
                  "*"
                ],
                "sid": ""
              },
              {
                "actions": [
                  "ec2:CreateVolume"
                ],
                "condition": [
                  {
                    "test": "StringLike",
                    "values": [
                      "owned"
                    ],
                    "variable": "aws:RequestTag/kubernetes.io/cluster/*"
                  }
                ],
                "effect": "Allow",
                "not_actions": [],
                "not_principals": [],
                "not_resources": [],
                "principals": [],
                "resources": [
                  "*"
                ],
                "sid": ""
              },
              {
                "actions": [
                  "ec2:DeleteVolume"
                ],
                "condition": [
                  {
                    "test": "StringLike",
                    "values": [
                      "true"
                    ],
                    "variable": "ec2:ResourceTag/ebs.csi.aws.com/cluster"
                  }
                ],
                "effect": "Allow",
                "not_actions": [],
                "not_principals": [],
                "not_resources": [],
                "principals": [],
                "resources": [
                  "*"
                ],
                "sid": ""
              },
              {
                "actions": [
                  "ec2:DeleteVolume"
                ],
                "condition": [
                  {
                    "test": "StringLike",
                    "values": [
                      "*"
                    ],
                    "variable": "ec2:ResourceTag/CSIVolumeName"
                  }
                ],
                "effect": "Allow",
                "not_actions": [],
                "not_principals": [],
                "not_resources": [],
                "principals": [],
                "resources": [
                  "*"
                ],
                "sid": ""
              },
              {
                "actions": [
                  "ec2:DeleteVolume"
                ],
                "condition": [
                  {
                    "test": "StringLike",
                    "values": [
                      "owned"
                    ],
                    "variable": "ec2:ResourceTag/kubernetes.io/cluster/*"
                  }
                ],
                "effect": "Allow",
                "not_actions": [],
                "not_principals": [],
                "not_resources": [],
                "principals": [],
                "resources": [
                  "*"
                ],
                "sid": ""
              },
              {
                "actions": [
                  "ec2:DeleteSnapshot"
                ],
                "condition": [
                  {
                    "test": "StringLike",
                    "values": [
                      "*"
                    ],
                    "variable": "ec2:ResourceTag/CSIVolumeSnapshotName"
                  }
                ],
                "effect": "Allow",
                "not_actions": [],
                "not_principals": [],
                "not_resources": [],
                "principals": [],
                "resources": [
                  "*"
                ],
                "sid": ""
              },
              {
                "actions": [
                  "ec2:DeleteSnapshot"
                ],
                "condition": [
                  {
                    "test": "StringLike",
                    "values": [
                      "true"
                    ],
                    "variable": "ec2:ResourceTag/ebs.csi.aws.com/cluster"
                  }
                ],
                "effect": "Allow",
                "not_actions": [],
                "not_principals": [],
                "not_resources": [],
                "principals": [],
                "resources": [
                  "*"
                ],
                "sid": ""
              }
            ],
            "version": "2012-10-17"
          },
          "sensitive_attributes": []
        }
      ]
    },
    {
      "module": "module.kubernetes_addons.module.aws_ebs_csi_driver[0]",
      "mode": "managed",
      "type": "aws_eks_addon",
      "name": "aws_ebs_csi_driver",
      "provider": "provider[\"registry.terraform.io/hashicorp/aws\"]",
      "instances": [
        {
          "index_key": 0,
          "schema_version": 0,
          "attributes": {
            "addon_name": "aws-ebs-csi-driver",
            "addon_version": "v1.17.0-eksbuild.1",
            "arn": "arn:aws:eks:ap-southeast-1:535479350247:addon/eks-blueprints-no-cilium/aws-ebs-csi-driver/aec3c9c2-1060-758d-786c-d9d999602b9f",
            "cluster_name": "eks-blueprints-no-cilium",
            "configuration_values": "",
            "created_at": "2023-04-18T08:38:43Z",
            "id": "eks-blueprints-no-cilium:aws-ebs-csi-driver",
            "modified_at": "2023-04-18T08:53:47Z",
            "preserve": true,
            "resolve_conflicts": "OVERWRITE",
            "service_account_role_arn": "arn:aws:iam::535479350247:role/eks-blueprints-no-cilium-ebs-csi-controller-sa-irsa",
            "tags": {},
            "tags_all": {},
            "timeouts": null
          },
          "sensitive_attributes": [],
          "private": "eyJlMmJmYjczMC1lY2FhLTExZTYtOGY4OC0zNDM2M2JjN2M0YzAiOnsiY3JlYXRlIjoxMjAwMDAwMDAwMDAwLCJkZWxldGUiOjI0MDAwMDAwMDAwMDAsInVwZGF0ZSI6MTIwMDAwMDAwMDAwMH19",
          "dependencies": [
            "module.eks_blueprints.data.aws_caller_identity.current",
            "module.eks_blueprints.data.aws_iam_policy_document.eks_key",
            "module.eks_blueprints.data.aws_iam_session_context.current",
            "module.eks_blueprints.data.aws_partition.current",
            "module.eks_blueprints.data.aws_region.current",
            "module.eks_blueprints.module.aws_eks.aws_cloudwatch_log_group.this",
            "module.eks_blueprints.module.aws_eks.aws_eks_cluster.this",
            "module.eks_blueprints.module.aws_eks.aws_iam_role.this",
            "module.eks_blueprints.module.aws_eks.aws_iam_role_policy_attachment.this",
            "module.eks_blueprints.module.aws_eks.aws_security_group.cluster",
            "module.eks_blueprints.module.aws_eks.aws_security_group.node",
            "module.eks_blueprints.module.aws_eks.aws_security_group_rule.cluster",
            "module.eks_blueprints.module.aws_eks.aws_security_group_rule.node",
            "module.eks_blueprints.module.aws_eks.data.aws_caller_identity.current",
            "module.eks_blueprints.module.aws_eks.data.aws_iam_policy_document.assume_role_policy",
            "module.eks_blueprints.module.aws_eks.data.aws_partition.current",
            "module.eks_blueprints.module.aws_eks.module.kms.aws_kms_external_key.this",
            "module.eks_blueprints.module.aws_eks.module.kms.aws_kms_key.this",
            "module.eks_blueprints.module.aws_eks.module.kms.data.aws_caller_identity.current",
            "module.eks_blueprints.module.aws_eks.module.kms.data.aws_iam_policy_document.this",
            "module.eks_blueprints.module.aws_eks.module.kms.data.aws_partition.current",
            "module.eks_blueprints.module.kms.aws_kms_key.this",
            "module.kubernetes_addons.data.aws_caller_identity.current",
            "module.kubernetes_addons.data.aws_eks_cluster.eks_cluster",
            "module.kubernetes_addons.data.aws_partition.current",
            "module.kubernetes_addons.data.aws_region.current",
            "module.kubernetes_addons.module.aws_ebs_csi_driver.aws_iam_policy.aws_ebs_csi_driver",
            "module.kubernetes_addons.module.aws_ebs_csi_driver.data.aws_eks_addon_version.this",
            "module.kubernetes_addons.module.aws_ebs_csi_driver.data.aws_iam_policy_document.aws_ebs_csi_driver",
            "module.kubernetes_addons.module.aws_ebs_csi_driver.module.irsa_addon.aws_iam_role.irsa",
            "module.kubernetes_addons.time_sleep.dataplane"
          ]
        }
      ]
    },
    {
      "module": "module.kubernetes_addons.module.aws_ebs_csi_driver[0]",
      "mode": "managed",
      "type": "aws_iam_policy",
      "name": "aws_ebs_csi_driver",
      "provider": "provider[\"registry.terraform.io/hashicorp/aws\"]",
      "instances": [
        {
          "index_key": 0,
          "schema_version": 0,
          "attributes": {
            "arn": "arn:aws:iam::535479350247:policy/eks-blueprints-no-cilium-aws-ebs-csi-driver-irsa",
            "description": "IAM Policy for AWS EBS CSI Driver",
            "id": "arn:aws:iam::535479350247:policy/eks-blueprints-no-cilium-aws-ebs-csi-driver-irsa",
            "name": "eks-blueprints-no-cilium-aws-ebs-csi-driver-irsa",
            "name_prefix": "",
            "path": "/",
            "policy": "{\"Statement\":[{\"Action\":[\"ec2:ModifyVolume\",\"ec2:DetachVolume\",\"ec2:DescribeVolumesModifications\",\"ec2:DescribeVolumes\",\"ec2:DescribeTags\",\"ec2:DescribeSnapshots\",\"ec2:DescribeInstances\",\"ec2:DescribeAvailabilityZones\",\"ec2:CreateSnapshot\",\"ec2:AttachVolume\"],\"Effect\":\"Allow\",\"Resource\":\"*\",\"Sid\":\"\"},{\"Action\":\"ec2:CreateTags\",\"Condition\":{\"StringEquals\":{\"ec2:CreateAction\":[\"CreateVolume\",\"CreateSnapshot\"]}},\"Effect\":\"Allow\",\"Resource\":[\"arn:aws:ec2:*:*:volume/*\",\"arn:aws:ec2:*:*:snapshot/*\"],\"Sid\":\"\"},{\"Action\":\"ec2:DeleteTags\",\"Effect\":\"Allow\",\"Resource\":[\"arn:aws:ec2:*:*:volume/*\",\"arn:aws:ec2:*:*:snapshot/*\"],\"Sid\":\"\"},{\"Action\":\"ec2:CreateVolume\",\"Condition\":{\"StringLike\":{\"aws:RequestTag/ebs.csi.aws.com/cluster\":\"true\"}},\"Effect\":\"Allow\",\"Resource\":\"*\",\"Sid\":\"\"},{\"Action\":\"ec2:CreateVolume\",\"Condition\":{\"StringLike\":{\"aws:RequestTag/CSIVolumeName\":\"*\"}},\"Effect\":\"Allow\",\"Resource\":\"*\",\"Sid\":\"\"},{\"Action\":\"ec2:CreateVolume\",\"Condition\":{\"StringLike\":{\"aws:RequestTag/kubernetes.io/cluster/*\":\"owned\"}},\"Effect\":\"Allow\",\"Resource\":\"*\",\"Sid\":\"\"},{\"Action\":\"ec2:DeleteVolume\",\"Condition\":{\"StringLike\":{\"ec2:ResourceTag/ebs.csi.aws.com/cluster\":\"true\"}},\"Effect\":\"Allow\",\"Resource\":\"*\",\"Sid\":\"\"},{\"Action\":\"ec2:DeleteVolume\",\"Condition\":{\"StringLike\":{\"ec2:ResourceTag/CSIVolumeName\":\"*\"}},\"Effect\":\"Allow\",\"Resource\":\"*\",\"Sid\":\"\"},{\"Action\":\"ec2:DeleteVolume\",\"Condition\":{\"StringLike\":{\"ec2:ResourceTag/kubernetes.io/cluster/*\":\"owned\"}},\"Effect\":\"Allow\",\"Resource\":\"*\",\"Sid\":\"\"},{\"Action\":\"ec2:DeleteSnapshot\",\"Condition\":{\"StringLike\":{\"ec2:ResourceTag/CSIVolumeSnapshotName\":\"*\"}},\"Effect\":\"Allow\",\"Resource\":\"*\",\"Sid\":\"\"},{\"Action\":\"ec2:DeleteSnapshot\",\"Condition\":{\"StringLike\":{\"ec2:ResourceTag/ebs.csi.aws.com/cluster\":\"true\"}},\"Effect\":\"Allow\",\"Resource\":\"*\",\"Sid\":\"\"}],\"Version\":\"2012-10-17\"}",
            "policy_id": "ANPAXZLIOOPT2MJVDBWIK",
            "tags": {},
            "tags_all": {}
          },
          "sensitive_attributes": [],
          "private": "bnVsbA==",
          "dependencies": [
            "module.eks_blueprints.data.aws_caller_identity.current",
            "module.eks_blueprints.data.aws_iam_policy_document.eks_key",
            "module.eks_blueprints.data.aws_iam_session_context.current",
            "module.eks_blueprints.data.aws_partition.current",
            "module.eks_blueprints.data.aws_region.current",
            "module.eks_blueprints.module.aws_eks.aws_cloudwatch_log_group.this",
            "module.eks_blueprints.module.aws_eks.aws_eks_cluster.this",
            "module.eks_blueprints.module.aws_eks.aws_iam_role.this",
            "module.eks_blueprints.module.aws_eks.aws_iam_role_policy_attachment.this",
            "module.eks_blueprints.module.aws_eks.aws_security_group.cluster",
            "module.eks_blueprints.module.aws_eks.aws_security_group.node",
            "module.eks_blueprints.module.aws_eks.aws_security_group_rule.cluster",
            "module.eks_blueprints.module.aws_eks.aws_security_group_rule.node",
            "module.eks_blueprints.module.aws_eks.data.aws_caller_identity.current",
            "module.eks_blueprints.module.aws_eks.data.aws_iam_policy_document.assume_role_policy",
            "module.eks_blueprints.module.aws_eks.data.aws_partition.current",
            "module.eks_blueprints.module.aws_eks.module.kms.aws_kms_external_key.this",
            "module.eks_blueprints.module.aws_eks.module.kms.aws_kms_key.this",
            "module.eks_blueprints.module.aws_eks.module.kms.data.aws_caller_identity.current",
            "module.eks_blueprints.module.aws_eks.module.kms.data.aws_iam_policy_document.this",
            "module.eks_blueprints.module.aws_eks.module.kms.data.aws_partition.current",
            "module.eks_blueprints.module.kms.aws_kms_key.this",
            "module.kubernetes_addons.data.aws_caller_identity.current",
            "module.kubernetes_addons.data.aws_eks_cluster.eks_cluster",
            "module.kubernetes_addons.data.aws_partition.current",
            "module.kubernetes_addons.data.aws_region.current",
            "module.kubernetes_addons.module.aws_ebs_csi_driver.data.aws_iam_policy_document.aws_ebs_csi_driver",
            "module.kubernetes_addons.time_sleep.dataplane"
          ]
        }
      ]
    },
    {
      "module": "module.kubernetes_addons.module.aws_ebs_csi_driver[0].module.irsa_addon[0]",
      "mode": "managed",
      "type": "aws_iam_role",
      "name": "irsa",
      "provider": "provider[\"registry.terraform.io/hashicorp/aws\"]",
      "instances": [
        {
          "index_key": 0,
          "schema_version": 0,
          "attributes": {
            "arn": "arn:aws:iam::535479350247:role/eks-blueprints-no-cilium-ebs-csi-controller-sa-irsa",
            "assume_role_policy": "{\"Statement\":[{\"Action\":\"sts:AssumeRoleWithWebIdentity\",\"Condition\":{\"StringLike\":{\"oidc.eks.ap-southeast-1.amazonaws.com/id/4E1D1891A6BC9B4979B6F5C288CF37CC:aud\":\"sts.amazonaws.com\",\"oidc.eks.ap-southeast-1.amazonaws.com/id/4E1D1891A6BC9B4979B6F5C288CF37CC:sub\":\"system:serviceaccount:kube-system:ebs-csi-controller-sa\"}},\"Effect\":\"Allow\",\"Principal\":{\"Federated\":\"arn:aws:iam::535479350247:oidc-provider/oidc.eks.ap-southeast-1.amazonaws.com/id/4E1D1891A6BC9B4979B6F5C288CF37CC\"}}],\"Version\":\"2012-10-17\"}",
            "create_date": "2023-04-18T08:38:40Z",
            "description": "AWS IAM Role for the Kubernetes service account ebs-csi-controller-sa.",
            "force_detach_policies": true,
            "id": "eks-blueprints-no-cilium-ebs-csi-controller-sa-irsa",
            "inline_policy": [],
            "managed_policy_arns": [
              "arn:aws:iam::535479350247:policy/eks-blueprints-no-cilium-aws-ebs-csi-driver-irsa"
            ],
            "max_session_duration": 3600,
            "name": "eks-blueprints-no-cilium-ebs-csi-controller-sa-irsa",
            "name_prefix": "",
            "path": "/",
            "permissions_boundary": "",
            "tags": {},
            "tags_all": {},
            "unique_id": "AROAXZLIOOPTWYNYHOS5E"
          },
          "sensitive_attributes": [],
          "private": "bnVsbA==",
          "dependencies": [
            "module.eks_blueprints.data.aws_caller_identity.current",
            "module.eks_blueprints.data.aws_iam_policy_document.eks_key",
            "module.eks_blueprints.data.aws_iam_session_context.current",
            "module.eks_blueprints.data.aws_partition.current",
            "module.eks_blueprints.data.aws_region.current",
            "module.eks_blueprints.module.aws_eks.aws_cloudwatch_log_group.this",
            "module.eks_blueprints.module.aws_eks.aws_eks_cluster.this",
            "module.eks_blueprints.module.aws_eks.aws_iam_role.this",
            "module.eks_blueprints.module.aws_eks.aws_iam_role_policy_attachment.this",
            "module.eks_blueprints.module.aws_eks.aws_security_group.cluster",
            "module.eks_blueprints.module.aws_eks.aws_security_group.node",
            "module.eks_blueprints.module.aws_eks.aws_security_group_rule.cluster",
            "module.eks_blueprints.module.aws_eks.aws_security_group_rule.node",
            "module.eks_blueprints.module.aws_eks.data.aws_caller_identity.current",
            "module.eks_blueprints.module.aws_eks.data.aws_iam_policy_document.assume_role_policy",
            "module.eks_blueprints.module.aws_eks.data.aws_partition.current",
            "module.eks_blueprints.module.aws_eks.module.kms.aws_kms_external_key.this",
            "module.eks_blueprints.module.aws_eks.module.kms.aws_kms_key.this",
            "module.eks_blueprints.module.aws_eks.module.kms.data.aws_caller_identity.current",
            "module.eks_blueprints.module.aws_eks.module.kms.data.aws_iam_policy_document.this",
            "module.eks_blueprints.module.aws_eks.module.kms.data.aws_partition.current",
            "module.eks_blueprints.module.kms.aws_kms_key.this",
            "module.kubernetes_addons.data.aws_caller_identity.current",
            "module.kubernetes_addons.data.aws_eks_cluster.eks_cluster",
            "module.kubernetes_addons.data.aws_partition.current",
            "module.kubernetes_addons.data.aws_region.current",
            "module.kubernetes_addons.module.aws_ebs_csi_driver.aws_iam_policy.aws_ebs_csi_driver",
            "module.kubernetes_addons.module.aws_ebs_csi_driver.data.aws_iam_policy_document.aws_ebs_csi_driver",
            "module.kubernetes_addons.time_sleep.dataplane"
          ]
        }
      ]
    },
    {
      "module": "module.kubernetes_addons.module.aws_ebs_csi_driver[0].module.irsa_addon[0]",
      "mode": "managed",
      "type": "aws_iam_role_policy_attachment",
      "name": "irsa",
      "provider": "provider[\"registry.terraform.io/hashicorp/aws\"]",
      "instances": [
        {
          "index_key": 0,
          "schema_version": 0,
          "attributes": {
            "id": "eks-blueprints-no-cilium-ebs-csi-controller-sa-irsa-2023041808384141610000000a",
            "policy_arn": "arn:aws:iam::535479350247:policy/eks-blueprints-no-cilium-aws-ebs-csi-driver-irsa",
            "role": "eks-blueprints-no-cilium-ebs-csi-controller-sa-irsa"
          },
          "sensitive_attributes": [],
          "private": "bnVsbA==",
          "dependencies": [
            "module.eks_blueprints.data.aws_caller_identity.current",
            "module.eks_blueprints.data.aws_iam_policy_document.eks_key",
            "module.eks_blueprints.data.aws_iam_session_context.current",
            "module.eks_blueprints.data.aws_partition.current",
            "module.eks_blueprints.data.aws_region.current",
            "module.eks_blueprints.module.aws_eks.aws_cloudwatch_log_group.this",
            "module.eks_blueprints.module.aws_eks.aws_eks_cluster.this",
            "module.eks_blueprints.module.aws_eks.aws_iam_role.this",
            "module.eks_blueprints.module.aws_eks.aws_iam_role_policy_attachment.this",
            "module.eks_blueprints.module.aws_eks.aws_security_group.cluster",
            "module.eks_blueprints.module.aws_eks.aws_security_group.node",
            "module.eks_blueprints.module.aws_eks.aws_security_group_rule.cluster",
            "module.eks_blueprints.module.aws_eks.aws_security_group_rule.node",
            "module.eks_blueprints.module.aws_eks.data.aws_caller_identity.current",
            "module.eks_blueprints.module.aws_eks.data.aws_iam_policy_document.assume_role_policy",
            "module.eks_blueprints.module.aws_eks.data.aws_partition.current",
            "module.eks_blueprints.module.aws_eks.module.kms.aws_kms_external_key.this",
            "module.eks_blueprints.module.aws_eks.module.kms.aws_kms_key.this",
            "module.eks_blueprints.module.aws_eks.module.kms.data.aws_caller_identity.current",
            "module.eks_blueprints.module.aws_eks.module.kms.data.aws_iam_policy_document.this",
            "module.eks_blueprints.module.aws_eks.module.kms.data.aws_partition.current",
            "module.eks_blueprints.module.kms.aws_kms_key.this",
            "module.kubernetes_addons.data.aws_caller_identity.current",
            "module.kubernetes_addons.data.aws_eks_cluster.eks_cluster",
            "module.kubernetes_addons.data.aws_partition.current",
            "module.kubernetes_addons.data.aws_region.current",
            "module.kubernetes_addons.module.aws_ebs_csi_driver.aws_iam_policy.aws_ebs_csi_driver",
            "module.kubernetes_addons.module.aws_ebs_csi_driver.data.aws_iam_policy_document.aws_ebs_csi_driver",
            "module.kubernetes_addons.module.aws_ebs_csi_driver.module.irsa_addon.aws_iam_role.irsa",
            "module.kubernetes_addons.time_sleep.dataplane"
          ]
        }
      ]
    },
    {
      "module": "module.kubernetes_addons.module.aws_for_fluent_bit[0]",
      "mode": "data",
      "type": "aws_iam_policy_document",
      "name": "irsa",
      "provider": "provider[\"registry.terraform.io/hashicorp/aws\"]",
      "instances": [
        {
          "schema_version": 0,
          "attributes": {
            "id": "301613505",
            "json": "{\n  \"Version\": \"2012-10-17\",\n  \"Statement\": [\n    {\n      \"Sid\": \"PutLogEvents\",\n      \"Effect\": \"Allow\",\n      \"Action\": \"logs:PutLogEvents\",\n      \"Resource\": \"arn:aws:logs:ap-southeast-1:535479350247:log-group:*:log-stream:*\"\n    },\n    {\n      \"Sid\": \"CreateCWLogs\",\n      \"Effect\": \"Allow\",\n      \"Action\": [\n        \"logs:DescribeLogStreams\",\n        \"logs:DescribeLogGroups\",\n        \"logs:CreateLogStream\",\n        \"logs:CreateLogGroup\"\n      ],\n      \"Resource\": \"arn:aws:logs:ap-southeast-1:535479350247:log-group:*\"\n    }\n  ]\n}",
            "override_json": null,
            "override_policy_documents": null,
            "policy_id": null,
            "source_json": null,
            "source_policy_documents": null,
            "statement": [
              {
                "actions": [
                  "logs:PutLogEvents"
                ],
                "condition": [],
                "effect": "Allow",
                "not_actions": [],
                "not_principals": [],
                "not_resources": [],
                "principals": [],
                "resources": [
                  "arn:aws:logs:ap-southeast-1:535479350247:log-group:*:log-stream:*"
                ],
                "sid": "PutLogEvents"
              },
              {
                "actions": [
                  "logs:CreateLogGroup",
                  "logs:CreateLogStream",
                  "logs:DescribeLogGroups",
                  "logs:DescribeLogStreams"
                ],
                "condition": [],
                "effect": "Allow",
                "not_actions": [],
                "not_principals": [],
                "not_resources": [],
                "principals": [],
                "resources": [
                  "arn:aws:logs:ap-southeast-1:535479350247:log-group:*"
                ],
                "sid": "CreateCWLogs"
              }
            ],
            "version": "2012-10-17"
          },
          "sensitive_attributes": []
        }
      ]
    },
    {
      "module": "module.kubernetes_addons.module.aws_for_fluent_bit[0]",
      "mode": "data",
      "type": "aws_iam_policy_document",
      "name": "kms",
      "provider": "provider[\"registry.terraform.io/hashicorp/aws\"]",
      "instances": [
        {
          "schema_version": 0,
          "attributes": {
            "id": "4048994029",
            "json": "{\n  \"Version\": \"2012-10-17\",\n  \"Statement\": [\n    {\n      \"Sid\": \"Enable IAM User Permissions\",\n      \"Effect\": \"Allow\",\n      \"Action\": \"kms:*\",\n      \"Resource\": \"*\",\n      \"Principal\": {\n        \"AWS\": [\n          \"arn:aws:iam::535479350247:root\",\n          \"arn:aws:iam::535479350247:role/aws-reserved/sso.amazonaws.com/ap-southeast-1/AWSReservedSSO_AWSAdministratorAccess_9e93d8e0500e8de7\"\n        ]\n      }\n    },\n    {\n      \"Sid\": \"Enable Encryption for LogGroup\",\n      \"Effect\": \"Allow\",\n      \"Action\": [\n        \"kms:ReEncrypt*\",\n        \"kms:GenerateDataKey*\",\n        \"kms:Encrypt*\",\n        \"kms:Describe*\",\n        \"kms:Decrypt*\"\n      ],\n      \"Resource\": \"*\",\n      \"Principal\": {\n        \"Service\": \"logs.ap-southeast-1.amazonaws.com\"\n      },\n      \"Condition\": {\n        \"ArnEquals\": {\n          \"kms:EncryptionContext:aws:logs:arn\": \"arn:aws:logs:ap-southeast-1:535479350247:log-group:/eks-blueprints-no-cilium/worker-fluentbit-logs\"\n        }\n      }\n    }\n  ]\n}",
            "override_json": null,
            "override_policy_documents": null,
            "policy_id": null,
            "source_json": null,
            "source_policy_documents": null,
            "statement": [
              {
                "actions": [
                  "kms:*"
                ],
                "condition": [],
                "effect": "Allow",
                "not_actions": [],
                "not_principals": [],
                "not_resources": [],
                "principals": [
                  {
                    "identifiers": [
                      "arn:aws:iam::535479350247:role/aws-reserved/sso.amazonaws.com/ap-southeast-1/AWSReservedSSO_AWSAdministratorAccess_9e93d8e0500e8de7",
                      "arn:aws:iam::535479350247:root"
                    ],
                    "type": "AWS"
                  }
                ],
                "resources": [
                  "*"
                ],
                "sid": "Enable IAM User Permissions"
              },
              {
                "actions": [
                  "kms:Decrypt*",
                  "kms:Describe*",
                  "kms:Encrypt*",
                  "kms:GenerateDataKey*",
                  "kms:ReEncrypt*"
                ],
                "condition": [
                  {
                    "test": "ArnEquals",
                    "values": [
                      "arn:aws:logs:ap-southeast-1:535479350247:log-group:/eks-blueprints-no-cilium/worker-fluentbit-logs"
                    ],
                    "variable": "kms:EncryptionContext:aws:logs:arn"
                  }
                ],
                "effect": "Allow",
                "not_actions": [],
                "not_principals": [],
                "not_resources": [],
                "principals": [
                  {
                    "identifiers": [
                      "logs.ap-southeast-1.amazonaws.com"
                    ],
                    "type": "Service"
                  }
                ],
                "resources": [
                  "*"
                ],
                "sid": "Enable Encryption for LogGroup"
              }
            ],
            "version": "2012-10-17"
          },
          "sensitive_attributes": []
        }
      ]
    },
    {
      "module": "module.kubernetes_addons.module.aws_for_fluent_bit[0]",
      "mode": "data",
      "type": "aws_iam_session_context",
      "name": "current",
      "provider": "provider[\"registry.terraform.io/hashicorp/aws\"]",
      "instances": [
        {
          "schema_version": 0,
          "attributes": {
            "arn": "arn:aws:sts::535479350247:assumed-role/AWSReservedSSO_AWSAdministratorAccess_9e93d8e0500e8de7/deepyan+main-dev@amazon.com",
            "id": "arn:aws:sts::535479350247:assumed-role/AWSReservedSSO_AWSAdministratorAccess_9e93d8e0500e8de7/deepyan+main-dev@amazon.com",
            "issuer_arn": "arn:aws:iam::535479350247:role/aws-reserved/sso.amazonaws.com/ap-southeast-1/AWSReservedSSO_AWSAdministratorAccess_9e93d8e0500e8de7",
            "issuer_id": "AROAXZLIOOPTSIGI7NIOW",
            "issuer_name": "AWSReservedSSO_AWSAdministratorAccess_9e93d8e0500e8de7",
            "session_name": "deepyan+main-dev@amazon.com"
          },
          "sensitive_attributes": []
        }
      ]
    },
    {
      "module": "module.kubernetes_addons.module.aws_for_fluent_bit[0]",
      "mode": "managed",
      "type": "aws_cloudwatch_log_group",
      "name": "aws_for_fluent_bit",
      "provider": "provider[\"registry.terraform.io/hashicorp/aws\"]",
      "instances": [
        {
          "index_key": 0,
          "schema_version": 0,
          "attributes": {
            "arn": "arn:aws:logs:ap-southeast-1:535479350247:log-group:/eks-blueprints-no-cilium/worker-fluentbit-logs",
            "id": "/eks-blueprints-no-cilium/worker-fluentbit-logs",
            "kms_key_id": "arn:aws:kms:ap-southeast-1:535479350247:key/532cc3f5-711c-44ff-a59d-c3ba3a8f1155",
            "name": "/eks-blueprints-no-cilium/worker-fluentbit-logs",
            "name_prefix": "",
            "retention_in_days": 90,
            "skip_destroy": false,
            "tags": {},
            "tags_all": {}
          },
          "sensitive_attributes": [],
          "private": "bnVsbA==",
          "dependencies": [
            "module.eks_blueprints.data.aws_caller_identity.current",
            "module.eks_blueprints.data.aws_iam_policy_document.eks_key",
            "module.eks_blueprints.data.aws_iam_session_context.current",
            "module.eks_blueprints.data.aws_partition.current",
            "module.eks_blueprints.data.aws_region.current",
            "module.eks_blueprints.module.aws_eks.aws_cloudwatch_log_group.this",
            "module.eks_blueprints.module.aws_eks.aws_eks_cluster.this",
            "module.eks_blueprints.module.aws_eks.aws_iam_role.this",
            "module.eks_blueprints.module.aws_eks.aws_iam_role_policy_attachment.this",
            "module.eks_blueprints.module.aws_eks.aws_security_group.cluster",
            "module.eks_blueprints.module.aws_eks.aws_security_group.node",
            "module.eks_blueprints.module.aws_eks.aws_security_group_rule.cluster",
            "module.eks_blueprints.module.aws_eks.aws_security_group_rule.node",
            "module.eks_blueprints.module.aws_eks.data.aws_caller_identity.current",
            "module.eks_blueprints.module.aws_eks.data.aws_iam_policy_document.assume_role_policy",
            "module.eks_blueprints.module.aws_eks.data.aws_partition.current",
            "module.eks_blueprints.module.aws_eks.module.kms.aws_kms_external_key.this",
            "module.eks_blueprints.module.aws_eks.module.kms.aws_kms_key.this",
            "module.eks_blueprints.module.aws_eks.module.kms.data.aws_caller_identity.current",
            "module.eks_blueprints.module.aws_eks.module.kms.data.aws_iam_policy_document.this",
            "module.eks_blueprints.module.aws_eks.module.kms.data.aws_partition.current",
            "module.eks_blueprints.module.kms.aws_kms_key.this",
            "module.kubernetes_addons.data.aws_caller_identity.current",
            "module.kubernetes_addons.data.aws_eks_cluster.eks_cluster",
            "module.kubernetes_addons.data.aws_partition.current",
            "module.kubernetes_addons.data.aws_region.current",
            "module.kubernetes_addons.module.aws_for_fluent_bit.data.aws_iam_policy_document.kms",
            "module.kubernetes_addons.module.aws_for_fluent_bit.data.aws_iam_session_context.current",
            "module.kubernetes_addons.module.aws_for_fluent_bit.module.kms.aws_kms_key.this",
            "module.kubernetes_addons.time_sleep.dataplane"
          ]
        }
      ]
    },
    {
      "module": "module.kubernetes_addons.module.aws_for_fluent_bit[0]",
      "mode": "managed",
      "type": "aws_iam_policy",
      "name": "aws_for_fluent_bit",
      "provider": "provider[\"registry.terraform.io/hashicorp/aws\"]",
      "instances": [
        {
          "schema_version": 0,
          "attributes": {
            "arn": "arn:aws:iam::535479350247:policy/eks-blueprints-no-cilium-fluentbit",
            "description": "IAM Policy for AWS for FluentBit",
            "id": "arn:aws:iam::535479350247:policy/eks-blueprints-no-cilium-fluentbit",
            "name": "eks-blueprints-no-cilium-fluentbit",
            "name_prefix": "",
            "path": "/",
            "policy": "{\"Statement\":[{\"Action\":\"logs:PutLogEvents\",\"Effect\":\"Allow\",\"Resource\":\"arn:aws:logs:ap-southeast-1:535479350247:log-group:*:log-stream:*\",\"Sid\":\"PutLogEvents\"},{\"Action\":[\"logs:DescribeLogStreams\",\"logs:DescribeLogGroups\",\"logs:CreateLogStream\",\"logs:CreateLogGroup\"],\"Effect\":\"Allow\",\"Resource\":\"arn:aws:logs:ap-southeast-1:535479350247:log-group:*\",\"Sid\":\"CreateCWLogs\"}],\"Version\":\"2012-10-17\"}",
            "policy_id": "ANPAXZLIOOPT3A6P4HDC7",
            "tags": {},
            "tags_all": {}
          },
          "sensitive_attributes": [],
          "private": "bnVsbA==",
          "dependencies": [
            "module.eks_blueprints.data.aws_caller_identity.current",
            "module.eks_blueprints.data.aws_iam_policy_document.eks_key",
            "module.eks_blueprints.data.aws_iam_session_context.current",
            "module.eks_blueprints.data.aws_partition.current",
            "module.eks_blueprints.data.aws_region.current",
            "module.eks_blueprints.module.aws_eks.aws_cloudwatch_log_group.this",
            "module.eks_blueprints.module.aws_eks.aws_eks_cluster.this",
            "module.eks_blueprints.module.aws_eks.aws_iam_role.this",
            "module.eks_blueprints.module.aws_eks.aws_iam_role_policy_attachment.this",
            "module.eks_blueprints.module.aws_eks.aws_security_group.cluster",
            "module.eks_blueprints.module.aws_eks.aws_security_group.node",
            "module.eks_blueprints.module.aws_eks.aws_security_group_rule.cluster",
            "module.eks_blueprints.module.aws_eks.aws_security_group_rule.node",
            "module.eks_blueprints.module.aws_eks.data.aws_caller_identity.current",
            "module.eks_blueprints.module.aws_eks.data.aws_iam_policy_document.assume_role_policy",
            "module.eks_blueprints.module.aws_eks.data.aws_partition.current",
            "module.eks_blueprints.module.aws_eks.module.kms.aws_kms_external_key.this",
            "module.eks_blueprints.module.aws_eks.module.kms.aws_kms_key.this",
            "module.eks_blueprints.module.aws_eks.module.kms.data.aws_caller_identity.current",
            "module.eks_blueprints.module.aws_eks.module.kms.data.aws_iam_policy_document.this",
            "module.eks_blueprints.module.aws_eks.module.kms.data.aws_partition.current",
            "module.eks_blueprints.module.kms.aws_kms_key.this",
            "module.kubernetes_addons.data.aws_caller_identity.current",
            "module.kubernetes_addons.data.aws_eks_cluster.eks_cluster",
            "module.kubernetes_addons.data.aws_partition.current",
            "module.kubernetes_addons.data.aws_region.current",
            "module.kubernetes_addons.module.aws_for_fluent_bit.data.aws_iam_policy_document.irsa",
            "module.kubernetes_addons.time_sleep.dataplane"
          ]
        }
      ]
    },
    {
      "module": "module.kubernetes_addons.module.aws_for_fluent_bit[0].module.helm_addon.module.irsa[0]",
      "mode": "managed",
      "type": "aws_iam_role",
      "name": "irsa",
      "provider": "provider[\"registry.terraform.io/hashicorp/aws\"]",
      "instances": [
        {
          "index_key": 0,
          "schema_version": 0,
          "attributes": {
            "arn": "arn:aws:iam::535479350247:role/eks-blueprints-no-cilium-aws-for-fluent-bit-sa-irsa",
            "assume_role_policy": "{\"Statement\":[{\"Action\":\"sts:AssumeRoleWithWebIdentity\",\"Condition\":{\"StringLike\":{\"oidc.eks.ap-southeast-1.amazonaws.com/id/4E1D1891A6BC9B4979B6F5C288CF37CC:aud\":\"sts.amazonaws.com\",\"oidc.eks.ap-southeast-1.amazonaws.com/id/4E1D1891A6BC9B4979B6F5C288CF37CC:sub\":\"system:serviceaccount:aws-for-fluent-bit:aws-for-fluent-bit-sa\"}},\"Effect\":\"Allow\",\"Principal\":{\"Federated\":\"arn:aws:iam::535479350247:oidc-provider/oidc.eks.ap-southeast-1.amazonaws.com/id/4E1D1891A6BC9B4979B6F5C288CF37CC\"}}],\"Version\":\"2012-10-17\"}",
            "create_date": "2023-04-18T08:38:44Z",
            "description": "AWS IAM Role for the Kubernetes service account aws-for-fluent-bit-sa.",
            "force_detach_policies": true,
            "id": "eks-blueprints-no-cilium-aws-for-fluent-bit-sa-irsa",
            "inline_policy": [],
            "managed_policy_arns": [
              "arn:aws:iam::535479350247:policy/eks-blueprints-no-cilium-fluentbit"
            ],
            "max_session_duration": 3600,
            "name": "eks-blueprints-no-cilium-aws-for-fluent-bit-sa-irsa",
            "name_prefix": "",
            "path": "/",
            "permissions_boundary": "",
            "tags": {},
            "tags_all": {},
            "unique_id": "AROAXZLIOOPTR4AAGGZHJ"
          },
          "sensitive_attributes": [],
          "private": "bnVsbA==",
          "dependencies": [
            "module.eks_blueprints.data.aws_caller_identity.current",
            "module.eks_blueprints.data.aws_iam_policy_document.eks_key",
            "module.eks_blueprints.data.aws_iam_session_context.current",
            "module.eks_blueprints.data.aws_partition.current",
            "module.eks_blueprints.data.aws_region.current",
            "module.eks_blueprints.module.aws_eks.aws_cloudwatch_log_group.this",
            "module.eks_blueprints.module.aws_eks.aws_eks_cluster.this",
            "module.eks_blueprints.module.aws_eks.aws_iam_role.this",
            "module.eks_blueprints.module.aws_eks.aws_iam_role_policy_attachment.this",
            "module.eks_blueprints.module.aws_eks.aws_security_group.cluster",
            "module.eks_blueprints.module.aws_eks.aws_security_group.node",
            "module.eks_blueprints.module.aws_eks.aws_security_group_rule.cluster",
            "module.eks_blueprints.module.aws_eks.aws_security_group_rule.node",
            "module.eks_blueprints.module.aws_eks.data.aws_caller_identity.current",
            "module.eks_blueprints.module.aws_eks.data.aws_iam_policy_document.assume_role_policy",
            "module.eks_blueprints.module.aws_eks.data.aws_partition.current",
            "module.eks_blueprints.module.aws_eks.module.kms.aws_kms_external_key.this",
            "module.eks_blueprints.module.aws_eks.module.kms.aws_kms_key.this",
            "module.eks_blueprints.module.aws_eks.module.kms.data.aws_caller_identity.current",
            "module.eks_blueprints.module.aws_eks.module.kms.data.aws_iam_policy_document.this",
            "module.eks_blueprints.module.aws_eks.module.kms.data.aws_partition.current",
            "module.eks_blueprints.module.kms.aws_kms_key.this",
            "module.kubernetes_addons.data.aws_caller_identity.current",
            "module.kubernetes_addons.data.aws_eks_cluster.eks_cluster",
            "module.kubernetes_addons.data.aws_partition.current",
            "module.kubernetes_addons.data.aws_region.current",
            "module.kubernetes_addons.module.aws_for_fluent_bit.aws_iam_policy.aws_for_fluent_bit",
            "module.kubernetes_addons.module.aws_for_fluent_bit.data.aws_iam_policy_document.irsa",
            "module.kubernetes_addons.time_sleep.dataplane"
          ]
        }
      ]
    },
    {
      "module": "module.kubernetes_addons.module.aws_for_fluent_bit[0].module.helm_addon.module.irsa[0]",
      "mode": "managed",
      "type": "aws_iam_role_policy_attachment",
      "name": "irsa",
      "provider": "provider[\"registry.terraform.io/hashicorp/aws\"]",
      "instances": [
        {
          "index_key": 0,
          "schema_version": 0,
          "attributes": {
            "id": "eks-blueprints-no-cilium-aws-for-fluent-bit-sa-irsa-2023041808384574460000000f",
            "policy_arn": "arn:aws:iam::535479350247:policy/eks-blueprints-no-cilium-fluentbit",
            "role": "eks-blueprints-no-cilium-aws-for-fluent-bit-sa-irsa"
          },
          "sensitive_attributes": [],
          "private": "bnVsbA==",
          "dependencies": [
            "module.eks_blueprints.data.aws_caller_identity.current",
            "module.eks_blueprints.data.aws_iam_policy_document.eks_key",
            "module.eks_blueprints.data.aws_iam_session_context.current",
            "module.eks_blueprints.data.aws_partition.current",
            "module.eks_blueprints.data.aws_region.current",
            "module.eks_blueprints.module.aws_eks.aws_cloudwatch_log_group.this",
            "module.eks_blueprints.module.aws_eks.aws_eks_cluster.this",
            "module.eks_blueprints.module.aws_eks.aws_iam_role.this",
            "module.eks_blueprints.module.aws_eks.aws_iam_role_policy_attachment.this",
            "module.eks_blueprints.module.aws_eks.aws_security_group.cluster",
            "module.eks_blueprints.module.aws_eks.aws_security_group.node",
            "module.eks_blueprints.module.aws_eks.aws_security_group_rule.cluster",
            "module.eks_blueprints.module.aws_eks.aws_security_group_rule.node",
            "module.eks_blueprints.module.aws_eks.data.aws_caller_identity.current",
            "module.eks_blueprints.module.aws_eks.data.aws_iam_policy_document.assume_role_policy",
            "module.eks_blueprints.module.aws_eks.data.aws_partition.current",
            "module.eks_blueprints.module.aws_eks.module.kms.aws_kms_external_key.this",
            "module.eks_blueprints.module.aws_eks.module.kms.aws_kms_key.this",
            "module.eks_blueprints.module.aws_eks.module.kms.data.aws_caller_identity.current",
            "module.eks_blueprints.module.aws_eks.module.kms.data.aws_iam_policy_document.this",
            "module.eks_blueprints.module.aws_eks.module.kms.data.aws_partition.current",
            "module.eks_blueprints.module.kms.aws_kms_key.this",
            "module.kubernetes_addons.data.aws_caller_identity.current",
            "module.kubernetes_addons.data.aws_eks_cluster.eks_cluster",
            "module.kubernetes_addons.data.aws_partition.current",
            "module.kubernetes_addons.data.aws_region.current",
            "module.kubernetes_addons.module.aws_for_fluent_bit.aws_iam_policy.aws_for_fluent_bit",
            "module.kubernetes_addons.module.aws_for_fluent_bit.data.aws_iam_policy_document.irsa",
            "module.kubernetes_addons.module.aws_for_fluent_bit.module.helm_addon.module.irsa.aws_iam_role.irsa",
            "module.kubernetes_addons.time_sleep.dataplane"
          ]
        }
      ]
    },
    {
      "module": "module.kubernetes_addons.module.aws_for_fluent_bit[0].module.helm_addon.module.irsa[0]",
      "mode": "managed",
      "type": "kubernetes_namespace_v1",
      "name": "irsa",
      "provider": "provider[\"registry.terraform.io/hashicorp/kubernetes\"]",
      "instances": [
        {
          "index_key": 0,
          "schema_version": 0,
          "attributes": {
            "id": "aws-for-fluent-bit",
            "metadata": [
              {
                "annotations": {},
                "generate_name": "",
                "generation": 0,
                "labels": {},
                "name": "aws-for-fluent-bit",
                "resource_version": "800",
                "uid": "a89d149a-7f7e-40f1-9515-808af617ee8d"
              }
            ],
            "timeouts": {
              "delete": "15m"
            }
          },
          "sensitive_attributes": [],
          "private": "eyJlMmJmYjczMC1lY2FhLTExZTYtOGY4OC0zNDM2M2JjN2M0YzAiOnsiZGVsZXRlIjo5MDAwMDAwMDAwMDB9fQ==",
          "dependencies": [
            "data.aws_eks_cluster_auth.this",
            "module.eks_blueprints.data.aws_caller_identity.current",
            "module.eks_blueprints.data.aws_iam_policy_document.eks_key",
            "module.eks_blueprints.data.aws_iam_session_context.current",
            "module.eks_blueprints.data.aws_partition.current",
            "module.eks_blueprints.data.aws_region.current",
            "module.eks_blueprints.module.aws_eks.aws_cloudwatch_log_group.this",
            "module.eks_blueprints.module.aws_eks.aws_eks_cluster.this",
            "module.eks_blueprints.module.aws_eks.aws_iam_role.this",
            "module.eks_blueprints.module.aws_eks.aws_iam_role_policy_attachment.this",
            "module.eks_blueprints.module.aws_eks.aws_security_group.cluster",
            "module.eks_blueprints.module.aws_eks.aws_security_group.node",
            "module.eks_blueprints.module.aws_eks.aws_security_group_rule.cluster",
            "module.eks_blueprints.module.aws_eks.aws_security_group_rule.node",
            "module.eks_blueprints.module.aws_eks.data.aws_caller_identity.current",
            "module.eks_blueprints.module.aws_eks.data.aws_iam_policy_document.assume_role_policy",
            "module.eks_blueprints.module.aws_eks.data.aws_partition.current",
            "module.eks_blueprints.module.aws_eks.module.kms.aws_kms_external_key.this",
            "module.eks_blueprints.module.aws_eks.module.kms.aws_kms_key.this",
            "module.eks_blueprints.module.aws_eks.module.kms.data.aws_caller_identity.current",
            "module.eks_blueprints.module.aws_eks.module.kms.data.aws_iam_policy_document.this",
            "module.eks_blueprints.module.aws_eks.module.kms.data.aws_partition.current",
            "module.eks_blueprints.module.kms.aws_kms_key.this",
            "module.kubernetes_addons.data.aws_caller_identity.current",
            "module.kubernetes_addons.data.aws_eks_cluster.eks_cluster",
            "module.kubernetes_addons.data.aws_partition.current",
            "module.kubernetes_addons.data.aws_region.current",
            "module.kubernetes_addons.module.aws_for_fluent_bit.aws_iam_policy.aws_for_fluent_bit",
            "module.kubernetes_addons.module.aws_for_fluent_bit.data.aws_iam_policy_document.irsa",
            "module.kubernetes_addons.time_sleep.dataplane"
          ]
        }
      ]
    },
    {
      "module": "module.kubernetes_addons.module.aws_for_fluent_bit[0].module.helm_addon.module.irsa[0]",
      "mode": "managed",
      "type": "kubernetes_service_account_v1",
      "name": "irsa",
      "provider": "provider[\"registry.terraform.io/hashicorp/kubernetes\"]",
      "instances": [
        {
          "index_key": 0,
          "schema_version": 0,
          "attributes": {
            "automount_service_account_token": true,
            "default_secret_name": "",
            "id": "aws-for-fluent-bit/aws-for-fluent-bit-sa",
            "image_pull_secret": [],
            "metadata": [
              {
                "annotations": {
                  "eks.amazonaws.com/role-arn": "arn:aws:iam::535479350247:role/eks-blueprints-no-cilium-aws-for-fluent-bit-sa-irsa"
                },
                "generate_name": "",
                "generation": 0,
                "labels": {},
                "name": "aws-for-fluent-bit-sa",
                "namespace": "aws-for-fluent-bit",
                "resource_version": "844",
                "uid": "01d1d06e-21a5-4a73-b087-9311c8935d54"
              }
            ],
            "secret": [],
            "timeouts": null
          },
          "sensitive_attributes": [],
          "private": "eyJlMmJmYjczMC1lY2FhLTExZTYtOGY4OC0zNDM2M2JjN2M0YzAiOnsiY3JlYXRlIjozMDAwMDAwMDAwMH19",
          "dependencies": [
            "data.aws_eks_cluster_auth.this",
            "module.eks_blueprints.data.aws_caller_identity.current",
            "module.eks_blueprints.data.aws_iam_policy_document.eks_key",
            "module.eks_blueprints.data.aws_iam_session_context.current",
            "module.eks_blueprints.data.aws_partition.current",
            "module.eks_blueprints.data.aws_region.current",
            "module.eks_blueprints.module.aws_eks.aws_cloudwatch_log_group.this",
            "module.eks_blueprints.module.aws_eks.aws_eks_cluster.this",
            "module.eks_blueprints.module.aws_eks.aws_iam_role.this",
            "module.eks_blueprints.module.aws_eks.aws_iam_role_policy_attachment.this",
            "module.eks_blueprints.module.aws_eks.aws_security_group.cluster",
            "module.eks_blueprints.module.aws_eks.aws_security_group.node",
            "module.eks_blueprints.module.aws_eks.aws_security_group_rule.cluster",
            "module.eks_blueprints.module.aws_eks.aws_security_group_rule.node",
            "module.eks_blueprints.module.aws_eks.data.aws_caller_identity.current",
            "module.eks_blueprints.module.aws_eks.data.aws_iam_policy_document.assume_role_policy",
            "module.eks_blueprints.module.aws_eks.data.aws_partition.current",
            "module.eks_blueprints.module.aws_eks.module.kms.aws_kms_external_key.this",
            "module.eks_blueprints.module.aws_eks.module.kms.aws_kms_key.this",
            "module.eks_blueprints.module.aws_eks.module.kms.data.aws_caller_identity.current",
            "module.eks_blueprints.module.aws_eks.module.kms.data.aws_iam_policy_document.this",
            "module.eks_blueprints.module.aws_eks.module.kms.data.aws_partition.current",
            "module.eks_blueprints.module.kms.aws_kms_key.this",
            "module.kubernetes_addons.data.aws_caller_identity.current",
            "module.kubernetes_addons.data.aws_eks_cluster.eks_cluster",
            "module.kubernetes_addons.data.aws_partition.current",
            "module.kubernetes_addons.data.aws_region.current",
            "module.kubernetes_addons.module.aws_for_fluent_bit.aws_iam_policy.aws_for_fluent_bit",
            "module.kubernetes_addons.module.aws_for_fluent_bit.data.aws_iam_policy_document.irsa",
            "module.kubernetes_addons.module.aws_for_fluent_bit.module.helm_addon.module.irsa.aws_iam_role.irsa",
            "module.kubernetes_addons.module.aws_for_fluent_bit.module.helm_addon.module.irsa.kubernetes_namespace_v1.irsa",
            "module.kubernetes_addons.time_sleep.dataplane"
          ]
        }
      ]
    },
    {
      "module": "module.kubernetes_addons.module.aws_for_fluent_bit[0].module.kms[0]",
      "mode": "managed",
      "type": "aws_kms_alias",
      "name": "this",
      "provider": "provider[\"registry.terraform.io/hashicorp/aws\"]",
      "instances": [
        {
          "schema_version": 0,
          "attributes": {
            "arn": "arn:aws:kms:ap-southeast-1:535479350247:alias/eks-blueprints-no-cilium-cw-fluent-bit",
            "id": "alias/eks-blueprints-no-cilium-cw-fluent-bit",
            "name": "alias/eks-blueprints-no-cilium-cw-fluent-bit",
            "name_prefix": "",
            "target_key_arn": "arn:aws:kms:ap-southeast-1:535479350247:key/532cc3f5-711c-44ff-a59d-c3ba3a8f1155",
            "target_key_id": "532cc3f5-711c-44ff-a59d-c3ba3a8f1155"
          },
          "sensitive_attributes": [],
          "private": "bnVsbA==",
          "dependencies": [
            "module.eks_blueprints.data.aws_caller_identity.current",
            "module.eks_blueprints.data.aws_iam_policy_document.eks_key",
            "module.eks_blueprints.data.aws_iam_session_context.current",
            "module.eks_blueprints.data.aws_partition.current",
            "module.eks_blueprints.data.aws_region.current",
            "module.eks_blueprints.module.aws_eks.aws_cloudwatch_log_group.this",
            "module.eks_blueprints.module.aws_eks.aws_eks_cluster.this",
            "module.eks_blueprints.module.aws_eks.aws_iam_role.this",
            "module.eks_blueprints.module.aws_eks.aws_iam_role_policy_attachment.this",
            "module.eks_blueprints.module.aws_eks.aws_security_group.cluster",
            "module.eks_blueprints.module.aws_eks.aws_security_group.node",
            "module.eks_blueprints.module.aws_eks.aws_security_group_rule.cluster",
            "module.eks_blueprints.module.aws_eks.aws_security_group_rule.node",
            "module.eks_blueprints.module.aws_eks.data.aws_caller_identity.current",
            "module.eks_blueprints.module.aws_eks.data.aws_iam_policy_document.assume_role_policy",
            "module.eks_blueprints.module.aws_eks.data.aws_partition.current",
            "module.eks_blueprints.module.aws_eks.module.kms.aws_kms_external_key.this",
            "module.eks_blueprints.module.aws_eks.module.kms.aws_kms_key.this",
            "module.eks_blueprints.module.aws_eks.module.kms.data.aws_caller_identity.current",
            "module.eks_blueprints.module.aws_eks.module.kms.data.aws_iam_policy_document.this",
            "module.eks_blueprints.module.aws_eks.module.kms.data.aws_partition.current",
            "module.eks_blueprints.module.kms.aws_kms_key.this",
            "module.kubernetes_addons.data.aws_caller_identity.current",
            "module.kubernetes_addons.data.aws_eks_cluster.eks_cluster",
            "module.kubernetes_addons.data.aws_partition.current",
            "module.kubernetes_addons.data.aws_region.current",
            "module.kubernetes_addons.module.aws_for_fluent_bit.data.aws_iam_policy_document.kms",
            "module.kubernetes_addons.module.aws_for_fluent_bit.data.aws_iam_session_context.current",
            "module.kubernetes_addons.module.aws_for_fluent_bit.module.kms.aws_kms_key.this",
            "module.kubernetes_addons.time_sleep.dataplane"
          ]
        }
      ]
    },
    {
      "module": "module.kubernetes_addons.module.aws_for_fluent_bit[0].module.kms[0]",
      "mode": "managed",
      "type": "aws_kms_key",
      "name": "this",
      "provider": "provider[\"registry.terraform.io/hashicorp/aws\"]",
      "instances": [
        {
          "schema_version": 0,
          "attributes": {
            "arn": "arn:aws:kms:ap-southeast-1:535479350247:key/532cc3f5-711c-44ff-a59d-c3ba3a8f1155",
            "bypass_policy_lockout_safety_check": false,
            "custom_key_store_id": "",
            "customer_master_key_spec": "SYMMETRIC_DEFAULT",
            "deletion_window_in_days": 30,
            "description": "EKS Workers FluentBit CloudWatch Log group KMS Key",
            "enable_key_rotation": true,
            "id": "532cc3f5-711c-44ff-a59d-c3ba3a8f1155",
            "is_enabled": true,
            "key_id": "532cc3f5-711c-44ff-a59d-c3ba3a8f1155",
            "key_usage": "ENCRYPT_DECRYPT",
            "multi_region": false,
            "policy": "{\"Statement\":[{\"Action\":\"kms:*\",\"Effect\":\"Allow\",\"Principal\":{\"AWS\":[\"arn:aws:iam::535479350247:root\",\"arn:aws:iam::535479350247:role/aws-reserved/sso.amazonaws.com/ap-southeast-1/AWSReservedSSO_AWSAdministratorAccess_9e93d8e0500e8de7\"]},\"Resource\":\"*\",\"Sid\":\"Enable IAM User Permissions\"},{\"Action\":[\"kms:ReEncrypt*\",\"kms:GenerateDataKey*\",\"kms:Encrypt*\",\"kms:Describe*\",\"kms:Decrypt*\"],\"Condition\":{\"ArnEquals\":{\"kms:EncryptionContext:aws:logs:arn\":\"arn:aws:logs:ap-southeast-1:535479350247:log-group:/eks-blueprints-no-cilium/worker-fluentbit-logs\"}},\"Effect\":\"Allow\",\"Principal\":{\"Service\":\"logs.ap-southeast-1.amazonaws.com\"},\"Resource\":\"*\",\"Sid\":\"Enable Encryption for LogGroup\"}],\"Version\":\"2012-10-17\"}",
            "tags": {},
            "tags_all": {}
          },
          "sensitive_attributes": [],
          "private": "bnVsbA==",
          "dependencies": [
            "module.eks_blueprints.data.aws_caller_identity.current",
            "module.eks_blueprints.data.aws_iam_policy_document.eks_key",
            "module.eks_blueprints.data.aws_iam_session_context.current",
            "module.eks_blueprints.data.aws_partition.current",
            "module.eks_blueprints.data.aws_region.current",
            "module.eks_blueprints.module.aws_eks.aws_cloudwatch_log_group.this",
            "module.eks_blueprints.module.aws_eks.aws_eks_cluster.this",
            "module.eks_blueprints.module.aws_eks.aws_iam_role.this",
            "module.eks_blueprints.module.aws_eks.aws_iam_role_policy_attachment.this",
            "module.eks_blueprints.module.aws_eks.aws_security_group.cluster",
            "module.eks_blueprints.module.aws_eks.aws_security_group.node",
            "module.eks_blueprints.module.aws_eks.aws_security_group_rule.cluster",
            "module.eks_blueprints.module.aws_eks.aws_security_group_rule.node",
            "module.eks_blueprints.module.aws_eks.data.aws_caller_identity.current",
            "module.eks_blueprints.module.aws_eks.data.aws_iam_policy_document.assume_role_policy",
            "module.eks_blueprints.module.aws_eks.data.aws_partition.current",
            "module.eks_blueprints.module.aws_eks.module.kms.aws_kms_external_key.this",
            "module.eks_blueprints.module.aws_eks.module.kms.aws_kms_key.this",
            "module.eks_blueprints.module.aws_eks.module.kms.data.aws_caller_identity.current",
            "module.eks_blueprints.module.aws_eks.module.kms.data.aws_iam_policy_document.this",
            "module.eks_blueprints.module.aws_eks.module.kms.data.aws_partition.current",
            "module.eks_blueprints.module.kms.aws_kms_key.this",
            "module.kubernetes_addons.data.aws_caller_identity.current",
            "module.kubernetes_addons.data.aws_eks_cluster.eks_cluster",
            "module.kubernetes_addons.data.aws_partition.current",
            "module.kubernetes_addons.data.aws_region.current",
            "module.kubernetes_addons.module.aws_for_fluent_bit.data.aws_iam_policy_document.kms",
            "module.kubernetes_addons.module.aws_for_fluent_bit.data.aws_iam_session_context.current",
            "module.kubernetes_addons.time_sleep.dataplane"
          ]
        }
      ]
    },
    {
      "module": "module.kubernetes_addons.module.aws_load_balancer_controller[0]",
      "mode": "data",
      "type": "aws_iam_policy_document",
      "name": "aws_lb",
      "provider": "provider[\"registry.terraform.io/hashicorp/aws\"]",
      "instances": [
        {
          "schema_version": 0,
          "attributes": {
            "id": "2633998141",
            "json": "{\n  \"Version\": \"2012-10-17\",\n  \"Statement\": [\n    {\n      \"Sid\": \"\",\n      \"Effect\": \"Allow\",\n      \"Action\": \"iam:CreateServiceLinkedRole\",\n      \"Resource\": \"*\",\n      \"Condition\": {\n        \"StringEquals\": {\n          \"iam:AWSServiceName\": \"elasticloadbalancing.amazonaws.com\"\n        }\n      }\n    },\n    {\n      \"Sid\": \"\",\n      \"Effect\": \"Allow\",\n      \"Action\": [\n        \"elasticloadbalancing:DescribeTargetHealth\",\n        \"elasticloadbalancing:DescribeTargetGroups\",\n        \"elasticloadbalancing:DescribeTargetGroupAttributes\",\n        \"elasticloadbalancing:DescribeTags\",\n        \"elasticloadbalancing:DescribeSSLPolicies\",\n        \"elasticloadbalancing:DescribeRules\",\n        \"elasticloadbalancing:DescribeLoadBalancers\",\n        \"elasticloadbalancing:DescribeLoadBalancerAttributes\",\n        \"elasticloadbalancing:DescribeListeners\",\n        \"elasticloadbalancing:DescribeListenerCertificates\",\n        \"ec2:GetCoipPoolUsage\",\n        \"ec2:DescribeVpcs\",\n        \"ec2:DescribeVpcPeeringConnections\",\n        \"ec2:DescribeTags\",\n        \"ec2:DescribeSubnets\",\n        \"ec2:DescribeSecurityGroups\",\n        \"ec2:DescribeNetworkInterfaces\",\n        \"ec2:DescribeInternetGateways\",\n        \"ec2:DescribeInstances\",\n        \"ec2:DescribeCoipPools\",\n        \"ec2:DescribeAvailabilityZones\",\n        \"ec2:DescribeAddresses\",\n        \"ec2:DescribeAccountAttributes\"\n      ],\n      \"Resource\": \"*\"\n    },\n    {\n      \"Sid\": \"\",\n      \"Effect\": \"Allow\",\n      \"Action\": [\n        \"wafv2:GetWebACLForResource\",\n        \"wafv2:GetWebACL\",\n        \"wafv2:DisassociateWebACL\",\n        \"wafv2:AssociateWebACL\",\n        \"waf-regional:GetWebACLForResource\",\n        \"waf-regional:GetWebACL\",\n        \"waf-regional:DisassociateWebACL\",\n        \"waf-regional:AssociateWebACL\",\n        \"shield:GetSubscriptionState\",\n        \"shield:DescribeProtection\",\n        \"shield:DeleteProtection\",\n        \"shield:CreateProtection\",\n        \"iam:ListServerCertificates\",\n        \"iam:GetServerCertificate\",\n        \"cognito-idp:DescribeUserPoolClient\",\n        \"acm:ListCertificates\",\n        \"acm:DescribeCertificate\"\n      ],\n      \"Resource\": \"*\"\n    },\n    {\n      \"Sid\": \"\",\n      \"Effect\": \"Allow\",\n      \"Action\": [\n        \"ec2:RevokeSecurityGroupIngress\",\n        \"ec2:AuthorizeSecurityGroupIngress\"\n      ],\n      \"Resource\": \"*\"\n    },\n    {\n      \"Sid\": \"\",\n      \"Effect\": \"Allow\",\n      \"Action\": \"ec2:CreateSecurityGroup\",\n      \"Resource\": \"*\"\n    },\n    {\n      \"Sid\": \"\",\n      \"Effect\": \"Allow\",\n      \"Action\": \"ec2:CreateTags\",\n      \"Resource\": \"arn:aws:ec2:*:*:security-group/*\",\n      \"Condition\": {\n        \"Null\": {\n          \"aws:RequestTag/elbv2.k8s.aws/cluster\": \"false\"\n        },\n        \"StringEquals\": {\n          \"ec2:CreateAction\": \"CreateSecurityGroup\"\n        }\n      }\n    },\n    {\n      \"Sid\": \"\",\n      \"Effect\": \"Allow\",\n      \"Action\": [\n        \"ec2:DeleteTags\",\n        \"ec2:CreateTags\"\n      ],\n      \"Resource\": \"arn:aws:ec2:*:*:security-group/*\",\n      \"Condition\": {\n        \"Null\": {\n          \"aws:ResourceTag/ingress.k8s.aws/cluster\": \"false\"\n        }\n      }\n    },\n    {\n      \"Sid\": \"\",\n      \"Effect\": \"Allow\",\n      \"Action\": [\n        \"elasticloadbalancing:RemoveTags\",\n        \"elasticloadbalancing:DeleteTargetGroup\",\n        \"elasticloadbalancing:AddTags\"\n      ],\n      \"Resource\": [\n        \"arn:aws:elasticloadbalancing:*:*:targetgroup/*/*\",\n        \"arn:aws:elasticloadbalancing:*:*:loadbalancer/net/*/*\",\n        \"arn:aws:elasticloadbalancing:*:*:loadbalancer/app/*/*\"\n      ],\n      \"Condition\": {\n        \"Null\": {\n          \"aws:ResourceTag/ingress.k8s.aws/cluster\": \"false\"\n        }\n      }\n    },\n    {\n      \"Sid\": \"\",\n      \"Effect\": \"Allow\",\n      \"Action\": [\n        \"ec2:DeleteTags\",\n        \"ec2:CreateTags\"\n      ],\n      \"Resource\": \"arn:aws:ec2:*:*:security-group/*\",\n      \"Condition\": {\n        \"Null\": {\n          \"aws:RequestTag/elbv2.k8s.aws/cluster\": \"true\",\n          \"aws:ResourceTag/elbv2.k8s.aws/cluster\": \"false\"\n        }\n      }\n    },\n    {\n      \"Sid\": \"\",\n      \"Effect\": \"Allow\",\n      \"Action\": [\n        \"ec2:RevokeSecurityGroupIngress\",\n        \"ec2:DeleteSecurityGroup\",\n        \"ec2:AuthorizeSecurityGroupIngress\"\n      ],\n      \"Resource\": \"*\",\n      \"Condition\": {\n        \"Null\": {\n          \"aws:ResourceTag/elbv2.k8s.aws/cluster\": \"false\"\n        }\n      }\n    },\n    {\n      \"Sid\": \"\",\n      \"Effect\": \"Allow\",\n      \"Action\": [\n        \"elasticloadbalancing:CreateTargetGroup\",\n        \"elasticloadbalancing:CreateLoadBalancer\"\n      ],\n      \"Resource\": \"*\",\n      \"Condition\": {\n        \"Null\": {\n          \"aws:RequestTag/elbv2.k8s.aws/cluster\": \"false\"\n        }\n      }\n    },\n    {\n      \"Sid\": \"\",\n      \"Effect\": \"Allow\",\n      \"Action\": [\n        \"elasticloadbalancing:DeleteRule\",\n        \"elasticloadbalancing:DeleteListener\",\n        \"elasticloadbalancing:CreateRule\",\n        \"elasticloadbalancing:CreateListener\"\n      ],\n      \"Resource\": \"*\"\n    },\n    {\n      \"Sid\": \"\",\n      \"Effect\": \"Allow\",\n      \"Action\": [\n        \"elasticloadbalancing:RemoveTags\",\n        \"elasticloadbalancing:AddTags\"\n      ],\n      \"Resource\": [\n        \"arn:aws:elasticloadbalancing:*:*:targetgroup/*/*\",\n        \"arn:aws:elasticloadbalancing:*:*:loadbalancer/net/*/*\",\n        \"arn:aws:elasticloadbalancing:*:*:loadbalancer/app/*/*\"\n      ],\n      \"Condition\": {\n        \"Null\": {\n          \"aws:RequestTag/elbv2.k8s.aws/cluster\": \"true\",\n          \"aws:ResourceTag/elbv2.k8s.aws/cluster\": \"false\"\n        }\n      }\n    },\n    {\n      \"Sid\": \"\",\n      \"Effect\": \"Allow\",\n      \"Action\": [\n        \"elasticloadbalancing:RemoveTags\",\n        \"elasticloadbalancing:AddTags\"\n      ],\n      \"Resource\": [\n        \"arn:aws:elasticloadbalancing:*:*:listener/net/*/*/*\",\n        \"arn:aws:elasticloadbalancing:*:*:listener/app/*/*/*\",\n        \"arn:aws:elasticloadbalancing:*:*:listener-rule/net/*/*/*\",\n        \"arn:aws:elasticloadbalancing:*:*:listener-rule/app/*/*/*\"\n      ]\n    },\n    {\n      \"Sid\": \"\",\n      \"Effect\": \"Allow\",\n      \"Action\": [\n        \"elasticloadbalancing:SetSubnets\",\n        \"elasticloadbalancing:SetSecurityGroups\",\n        \"elasticloadbalancing:SetIpAddressType\",\n        \"elasticloadbalancing:ModifyTargetGroupAttributes\",\n        \"elasticloadbalancing:ModifyTargetGroup\",\n        \"elasticloadbalancing:ModifyLoadBalancerAttributes\",\n        \"elasticloadbalancing:DeleteTargetGroup\",\n        \"elasticloadbalancing:DeleteLoadBalancer\"\n      ],\n      \"Resource\": \"*\",\n      \"Condition\": {\n        \"Null\": {\n          \"aws:ResourceTag/elbv2.k8s.aws/cluster\": \"false\"\n        }\n      }\n    },\n    {\n      \"Sid\": \"\",\n      \"Effect\": \"Allow\",\n      \"Action\": [\n        \"elasticloadbalancing:RegisterTargets\",\n        \"elasticloadbalancing:DeregisterTargets\"\n      ],\n      \"Resource\": \"arn:aws:elasticloadbalancing:*:*:targetgroup/*/*\"\n    },\n    {\n      \"Sid\": \"\",\n      \"Effect\": \"Allow\",\n      \"Action\": [\n        \"elasticloadbalancing:SetWebAcl\",\n        \"elasticloadbalancing:RemoveListenerCertificates\",\n        \"elasticloadbalancing:ModifyRule\",\n        \"elasticloadbalancing:ModifyListener\",\n        \"elasticloadbalancing:AddListenerCertificates\"\n      ],\n      \"Resource\": \"*\"\n    }\n  ]\n}",
            "override_json": null,
            "override_policy_documents": null,
            "policy_id": null,
            "source_json": null,
            "source_policy_documents": null,
            "statement": [
              {
                "actions": [
                  "iam:CreateServiceLinkedRole"
                ],
                "condition": [
                  {
                    "test": "StringEquals",
                    "values": [
                      "elasticloadbalancing.amazonaws.com"
                    ],
                    "variable": "iam:AWSServiceName"
                  }
                ],
                "effect": "Allow",
                "not_actions": [],
                "not_principals": [],
                "not_resources": [],
                "principals": [],
                "resources": [
                  "*"
                ],
                "sid": ""
              },
              {
                "actions": [
                  "ec2:DescribeAccountAttributes",
                  "ec2:DescribeAddresses",
                  "ec2:DescribeAvailabilityZones",
                  "ec2:DescribeCoipPools",
                  "ec2:DescribeInstances",
                  "ec2:DescribeInternetGateways",
                  "ec2:DescribeNetworkInterfaces",
                  "ec2:DescribeSecurityGroups",
                  "ec2:DescribeSubnets",
                  "ec2:DescribeTags",
                  "ec2:DescribeVpcPeeringConnections",
                  "ec2:DescribeVpcs",
                  "ec2:GetCoipPoolUsage",
                  "elasticloadbalancing:DescribeListenerCertificates",
                  "elasticloadbalancing:DescribeListeners",
                  "elasticloadbalancing:DescribeLoadBalancerAttributes",
                  "elasticloadbalancing:DescribeLoadBalancers",
                  "elasticloadbalancing:DescribeRules",
                  "elasticloadbalancing:DescribeSSLPolicies",
                  "elasticloadbalancing:DescribeTags",
                  "elasticloadbalancing:DescribeTargetGroupAttributes",
                  "elasticloadbalancing:DescribeTargetGroups",
                  "elasticloadbalancing:DescribeTargetHealth"
                ],
                "condition": [],
                "effect": "Allow",
                "not_actions": [],
                "not_principals": [],
                "not_resources": [],
                "principals": [],
                "resources": [
                  "*"
                ],
                "sid": ""
              },
              {
                "actions": [
                  "acm:DescribeCertificate",
                  "acm:ListCertificates",
                  "cognito-idp:DescribeUserPoolClient",
                  "iam:GetServerCertificate",
                  "iam:ListServerCertificates",
                  "shield:CreateProtection",
                  "shield:DeleteProtection",
                  "shield:DescribeProtection",
                  "shield:GetSubscriptionState",
                  "waf-regional:AssociateWebACL",
                  "waf-regional:DisassociateWebACL",
                  "waf-regional:GetWebACL",
                  "waf-regional:GetWebACLForResource",
                  "wafv2:AssociateWebACL",
                  "wafv2:DisassociateWebACL",
                  "wafv2:GetWebACL",
                  "wafv2:GetWebACLForResource"
                ],
                "condition": [],
                "effect": "Allow",
                "not_actions": [],
                "not_principals": [],
                "not_resources": [],
                "principals": [],
                "resources": [
                  "*"
                ],
                "sid": ""
              },
              {
                "actions": [
                  "ec2:AuthorizeSecurityGroupIngress",
                  "ec2:RevokeSecurityGroupIngress"
                ],
                "condition": [],
                "effect": "Allow",
                "not_actions": [],
                "not_principals": [],
                "not_resources": [],
                "principals": [],
                "resources": [
                  "*"
                ],
                "sid": ""
              },
              {
                "actions": [
                  "ec2:CreateSecurityGroup"
                ],
                "condition": [],
                "effect": "Allow",
                "not_actions": [],
                "not_principals": [],
                "not_resources": [],
                "principals": [],
                "resources": [
                  "*"
                ],
                "sid": ""
              },
              {
                "actions": [
                  "ec2:CreateTags"
                ],
                "condition": [
                  {
                    "test": "Null",
                    "values": [
                      "false"
                    ],
                    "variable": "aws:RequestTag/elbv2.k8s.aws/cluster"
                  },
                  {
                    "test": "StringEquals",
                    "values": [
                      "CreateSecurityGroup"
                    ],
                    "variable": "ec2:CreateAction"
                  }
                ],
                "effect": "Allow",
                "not_actions": [],
                "not_principals": [],
                "not_resources": [],
                "principals": [],
                "resources": [
                  "arn:aws:ec2:*:*:security-group/*"
                ],
                "sid": ""
              },
              {
                "actions": [
                  "ec2:CreateTags",
                  "ec2:DeleteTags"
                ],
                "condition": [
                  {
                    "test": "Null",
                    "values": [
                      "false"
                    ],
                    "variable": "aws:ResourceTag/ingress.k8s.aws/cluster"
                  }
                ],
                "effect": "Allow",
                "not_actions": [],
                "not_principals": [],
                "not_resources": [],
                "principals": [],
                "resources": [
                  "arn:aws:ec2:*:*:security-group/*"
                ],
                "sid": ""
              },
              {
                "actions": [
                  "elasticloadbalancing:AddTags",
                  "elasticloadbalancing:DeleteTargetGroup",
                  "elasticloadbalancing:RemoveTags"
                ],
                "condition": [
                  {
                    "test": "Null",
                    "values": [
                      "false"
                    ],
                    "variable": "aws:ResourceTag/ingress.k8s.aws/cluster"
                  }
                ],
                "effect": "Allow",
                "not_actions": [],
                "not_principals": [],
                "not_resources": [],
                "principals": [],
                "resources": [
                  "arn:aws:elasticloadbalancing:*:*:loadbalancer/app/*/*",
                  "arn:aws:elasticloadbalancing:*:*:loadbalancer/net/*/*",
                  "arn:aws:elasticloadbalancing:*:*:targetgroup/*/*"
                ],
                "sid": ""
              },
              {
                "actions": [
                  "ec2:CreateTags",
                  "ec2:DeleteTags"
                ],
                "condition": [
                  {
                    "test": "Null",
                    "values": [
                      "false"
                    ],
                    "variable": "aws:ResourceTag/elbv2.k8s.aws/cluster"
                  },
                  {
                    "test": "Null",
                    "values": [
                      "true"
                    ],
                    "variable": "aws:RequestTag/elbv2.k8s.aws/cluster"
                  }
                ],
                "effect": "Allow",
                "not_actions": [],
                "not_principals": [],
                "not_resources": [],
                "principals": [],
                "resources": [
                  "arn:aws:ec2:*:*:security-group/*"
                ],
                "sid": ""
              },
              {
                "actions": [
                  "ec2:AuthorizeSecurityGroupIngress",
                  "ec2:DeleteSecurityGroup",
                  "ec2:RevokeSecurityGroupIngress"
                ],
                "condition": [
                  {
                    "test": "Null",
                    "values": [
                      "false"
                    ],
                    "variable": "aws:ResourceTag/elbv2.k8s.aws/cluster"
                  }
                ],
                "effect": "Allow",
                "not_actions": [],
                "not_principals": [],
                "not_resources": [],
                "principals": [],
                "resources": [
                  "*"
                ],
                "sid": ""
              },
              {
                "actions": [
                  "elasticloadbalancing:CreateLoadBalancer",
                  "elasticloadbalancing:CreateTargetGroup"
                ],
                "condition": [
                  {
                    "test": "Null",
                    "values": [
                      "false"
                    ],
                    "variable": "aws:RequestTag/elbv2.k8s.aws/cluster"
                  }
                ],
                "effect": "Allow",
                "not_actions": [],
                "not_principals": [],
                "not_resources": [],
                "principals": [],
                "resources": [
                  "*"
                ],
                "sid": ""
              },
              {
                "actions": [
                  "elasticloadbalancing:CreateListener",
                  "elasticloadbalancing:CreateRule",
                  "elasticloadbalancing:DeleteListener",
                  "elasticloadbalancing:DeleteRule"
                ],
                "condition": [],
                "effect": "Allow",
                "not_actions": [],
                "not_principals": [],
                "not_resources": [],
                "principals": [],
                "resources": [
                  "*"
                ],
                "sid": ""
              },
              {
                "actions": [
                  "elasticloadbalancing:AddTags",
                  "elasticloadbalancing:RemoveTags"
                ],
                "condition": [
                  {
                    "test": "Null",
                    "values": [
                      "false"
                    ],
                    "variable": "aws:ResourceTag/elbv2.k8s.aws/cluster"
                  },
                  {
                    "test": "Null",
                    "values": [
                      "true"
                    ],
                    "variable": "aws:RequestTag/elbv2.k8s.aws/cluster"
                  }
                ],
                "effect": "Allow",
                "not_actions": [],
                "not_principals": [],
                "not_resources": [],
                "principals": [],
                "resources": [
                  "arn:aws:elasticloadbalancing:*:*:loadbalancer/app/*/*",
                  "arn:aws:elasticloadbalancing:*:*:loadbalancer/net/*/*",
                  "arn:aws:elasticloadbalancing:*:*:targetgroup/*/*"
                ],
                "sid": ""
              },
              {
                "actions": [
                  "elasticloadbalancing:AddTags",
                  "elasticloadbalancing:RemoveTags"
                ],
                "condition": [],
                "effect": "Allow",
                "not_actions": [],
                "not_principals": [],
                "not_resources": [],
                "principals": [],
                "resources": [
                  "arn:aws:elasticloadbalancing:*:*:listener-rule/app/*/*/*",
                  "arn:aws:elasticloadbalancing:*:*:listener-rule/net/*/*/*",
                  "arn:aws:elasticloadbalancing:*:*:listener/app/*/*/*",
                  "arn:aws:elasticloadbalancing:*:*:listener/net/*/*/*"
                ],
                "sid": ""
              },
              {
                "actions": [
                  "elasticloadbalancing:DeleteLoadBalancer",
                  "elasticloadbalancing:DeleteTargetGroup",
                  "elasticloadbalancing:ModifyLoadBalancerAttributes",
                  "elasticloadbalancing:ModifyTargetGroup",
                  "elasticloadbalancing:ModifyTargetGroupAttributes",
                  "elasticloadbalancing:SetIpAddressType",
                  "elasticloadbalancing:SetSecurityGroups",
                  "elasticloadbalancing:SetSubnets"
                ],
                "condition": [
                  {
                    "test": "Null",
                    "values": [
                      "false"
                    ],
                    "variable": "aws:ResourceTag/elbv2.k8s.aws/cluster"
                  }
                ],
                "effect": "Allow",
                "not_actions": [],
                "not_principals": [],
                "not_resources": [],
                "principals": [],
                "resources": [
                  "*"
                ],
                "sid": ""
              },
              {
                "actions": [
                  "elasticloadbalancing:DeregisterTargets",
                  "elasticloadbalancing:RegisterTargets"
                ],
                "condition": [],
                "effect": "Allow",
                "not_actions": [],
                "not_principals": [],
                "not_resources": [],
                "principals": [],
                "resources": [
                  "arn:aws:elasticloadbalancing:*:*:targetgroup/*/*"
                ],
                "sid": ""
              },
              {
                "actions": [
                  "elasticloadbalancing:AddListenerCertificates",
                  "elasticloadbalancing:ModifyListener",
                  "elasticloadbalancing:ModifyRule",
                  "elasticloadbalancing:RemoveListenerCertificates",
                  "elasticloadbalancing:SetWebAcl"
                ],
                "condition": [],
                "effect": "Allow",
                "not_actions": [],
                "not_principals": [],
                "not_resources": [],
                "principals": [],
                "resources": [
                  "*"
                ],
                "sid": ""
              }
            ],
            "version": "2012-10-17"
          },
          "sensitive_attributes": []
        }
      ]
    },
    {
      "module": "module.kubernetes_addons.module.aws_load_balancer_controller[0]",
      "mode": "managed",
      "type": "aws_iam_policy",
      "name": "aws_load_balancer_controller",
      "provider": "provider[\"registry.terraform.io/hashicorp/aws\"]",
      "instances": [
        {
          "schema_version": 0,
          "attributes": {
            "arn": "arn:aws:iam::535479350247:policy/eks-blueprints-no-cilium-lb-irsa",
            "description": "Allows lb controller to manage ALB and NLB",
            "id": "arn:aws:iam::535479350247:policy/eks-blueprints-no-cilium-lb-irsa",
            "name": "eks-blueprints-no-cilium-lb-irsa",
            "name_prefix": "",
            "path": "/",
            "policy": "{\"Statement\":[{\"Action\":\"iam:CreateServiceLinkedRole\",\"Condition\":{\"StringEquals\":{\"iam:AWSServiceName\":\"elasticloadbalancing.amazonaws.com\"}},\"Effect\":\"Allow\",\"Resource\":\"*\",\"Sid\":\"\"},{\"Action\":[\"elasticloadbalancing:DescribeTargetHealth\",\"elasticloadbalancing:DescribeTargetGroups\",\"elasticloadbalancing:DescribeTargetGroupAttributes\",\"elasticloadbalancing:DescribeTags\",\"elasticloadbalancing:DescribeSSLPolicies\",\"elasticloadbalancing:DescribeRules\",\"elasticloadbalancing:DescribeLoadBalancers\",\"elasticloadbalancing:DescribeLoadBalancerAttributes\",\"elasticloadbalancing:DescribeListeners\",\"elasticloadbalancing:DescribeListenerCertificates\",\"ec2:GetCoipPoolUsage\",\"ec2:DescribeVpcs\",\"ec2:DescribeVpcPeeringConnections\",\"ec2:DescribeTags\",\"ec2:DescribeSubnets\",\"ec2:DescribeSecurityGroups\",\"ec2:DescribeNetworkInterfaces\",\"ec2:DescribeInternetGateways\",\"ec2:DescribeInstances\",\"ec2:DescribeCoipPools\",\"ec2:DescribeAvailabilityZones\",\"ec2:DescribeAddresses\",\"ec2:DescribeAccountAttributes\"],\"Effect\":\"Allow\",\"Resource\":\"*\",\"Sid\":\"\"},{\"Action\":[\"wafv2:GetWebACLForResource\",\"wafv2:GetWebACL\",\"wafv2:DisassociateWebACL\",\"wafv2:AssociateWebACL\",\"waf-regional:GetWebACLForResource\",\"waf-regional:GetWebACL\",\"waf-regional:DisassociateWebACL\",\"waf-regional:AssociateWebACL\",\"shield:GetSubscriptionState\",\"shield:DescribeProtection\",\"shield:DeleteProtection\",\"shield:CreateProtection\",\"iam:ListServerCertificates\",\"iam:GetServerCertificate\",\"cognito-idp:DescribeUserPoolClient\",\"acm:ListCertificates\",\"acm:DescribeCertificate\"],\"Effect\":\"Allow\",\"Resource\":\"*\",\"Sid\":\"\"},{\"Action\":[\"ec2:RevokeSecurityGroupIngress\",\"ec2:AuthorizeSecurityGroupIngress\"],\"Effect\":\"Allow\",\"Resource\":\"*\",\"Sid\":\"\"},{\"Action\":\"ec2:CreateSecurityGroup\",\"Effect\":\"Allow\",\"Resource\":\"*\",\"Sid\":\"\"},{\"Action\":\"ec2:CreateTags\",\"Condition\":{\"Null\":{\"aws:RequestTag/elbv2.k8s.aws/cluster\":\"false\"},\"StringEquals\":{\"ec2:CreateAction\":\"CreateSecurityGroup\"}},\"Effect\":\"Allow\",\"Resource\":\"arn:aws:ec2:*:*:security-group/*\",\"Sid\":\"\"},{\"Action\":[\"ec2:DeleteTags\",\"ec2:CreateTags\"],\"Condition\":{\"Null\":{\"aws:ResourceTag/ingress.k8s.aws/cluster\":\"false\"}},\"Effect\":\"Allow\",\"Resource\":\"arn:aws:ec2:*:*:security-group/*\",\"Sid\":\"\"},{\"Action\":[\"elasticloadbalancing:RemoveTags\",\"elasticloadbalancing:DeleteTargetGroup\",\"elasticloadbalancing:AddTags\"],\"Condition\":{\"Null\":{\"aws:ResourceTag/ingress.k8s.aws/cluster\":\"false\"}},\"Effect\":\"Allow\",\"Resource\":[\"arn:aws:elasticloadbalancing:*:*:targetgroup/*/*\",\"arn:aws:elasticloadbalancing:*:*:loadbalancer/net/*/*\",\"arn:aws:elasticloadbalancing:*:*:loadbalancer/app/*/*\"],\"Sid\":\"\"},{\"Action\":[\"ec2:DeleteTags\",\"ec2:CreateTags\"],\"Condition\":{\"Null\":{\"aws:RequestTag/elbv2.k8s.aws/cluster\":\"true\",\"aws:ResourceTag/elbv2.k8s.aws/cluster\":\"false\"}},\"Effect\":\"Allow\",\"Resource\":\"arn:aws:ec2:*:*:security-group/*\",\"Sid\":\"\"},{\"Action\":[\"ec2:RevokeSecurityGroupIngress\",\"ec2:DeleteSecurityGroup\",\"ec2:AuthorizeSecurityGroupIngress\"],\"Condition\":{\"Null\":{\"aws:ResourceTag/elbv2.k8s.aws/cluster\":\"false\"}},\"Effect\":\"Allow\",\"Resource\":\"*\",\"Sid\":\"\"},{\"Action\":[\"elasticloadbalancing:CreateTargetGroup\",\"elasticloadbalancing:CreateLoadBalancer\"],\"Condition\":{\"Null\":{\"aws:RequestTag/elbv2.k8s.aws/cluster\":\"false\"}},\"Effect\":\"Allow\",\"Resource\":\"*\",\"Sid\":\"\"},{\"Action\":[\"elasticloadbalancing:DeleteRule\",\"elasticloadbalancing:DeleteListener\",\"elasticloadbalancing:CreateRule\",\"elasticloadbalancing:CreateListener\"],\"Effect\":\"Allow\",\"Resource\":\"*\",\"Sid\":\"\"},{\"Action\":[\"elasticloadbalancing:RemoveTags\",\"elasticloadbalancing:AddTags\"],\"Condition\":{\"Null\":{\"aws:RequestTag/elbv2.k8s.aws/cluster\":\"true\",\"aws:ResourceTag/elbv2.k8s.aws/cluster\":\"false\"}},\"Effect\":\"Allow\",\"Resource\":[\"arn:aws:elasticloadbalancing:*:*:targetgroup/*/*\",\"arn:aws:elasticloadbalancing:*:*:loadbalancer/net/*/*\",\"arn:aws:elasticloadbalancing:*:*:loadbalancer/app/*/*\"],\"Sid\":\"\"},{\"Action\":[\"elasticloadbalancing:RemoveTags\",\"elasticloadbalancing:AddTags\"],\"Effect\":\"Allow\",\"Resource\":[\"arn:aws:elasticloadbalancing:*:*:listener/net/*/*/*\",\"arn:aws:elasticloadbalancing:*:*:listener/app/*/*/*\",\"arn:aws:elasticloadbalancing:*:*:listener-rule/net/*/*/*\",\"arn:aws:elasticloadbalancing:*:*:listener-rule/app/*/*/*\"],\"Sid\":\"\"},{\"Action\":[\"elasticloadbalancing:SetSubnets\",\"elasticloadbalancing:SetSecurityGroups\",\"elasticloadbalancing:SetIpAddressType\",\"elasticloadbalancing:ModifyTargetGroupAttributes\",\"elasticloadbalancing:ModifyTargetGroup\",\"elasticloadbalancing:ModifyLoadBalancerAttributes\",\"elasticloadbalancing:DeleteTargetGroup\",\"elasticloadbalancing:DeleteLoadBalancer\"],\"Condition\":{\"Null\":{\"aws:ResourceTag/elbv2.k8s.aws/cluster\":\"false\"}},\"Effect\":\"Allow\",\"Resource\":\"*\",\"Sid\":\"\"},{\"Action\":[\"elasticloadbalancing:RegisterTargets\",\"elasticloadbalancing:DeregisterTargets\"],\"Effect\":\"Allow\",\"Resource\":\"arn:aws:elasticloadbalancing:*:*:targetgroup/*/*\",\"Sid\":\"\"},{\"Action\":[\"elasticloadbalancing:SetWebAcl\",\"elasticloadbalancing:RemoveListenerCertificates\",\"elasticloadbalancing:ModifyRule\",\"elasticloadbalancing:ModifyListener\",\"elasticloadbalancing:AddListenerCertificates\"],\"Effect\":\"Allow\",\"Resource\":\"*\",\"Sid\":\"\"}],\"Version\":\"2012-10-17\"}",
            "policy_id": "ANPAXZLIOOPTSEOBWOFRI",
            "tags": {},
            "tags_all": {}
          },
          "sensitive_attributes": [],
          "private": "bnVsbA==",
          "dependencies": [
            "module.eks_blueprints.data.aws_caller_identity.current",
            "module.eks_blueprints.data.aws_iam_policy_document.eks_key",
            "module.eks_blueprints.data.aws_iam_session_context.current",
            "module.eks_blueprints.data.aws_partition.current",
            "module.eks_blueprints.data.aws_region.current",
            "module.eks_blueprints.module.aws_eks.aws_cloudwatch_log_group.this",
            "module.eks_blueprints.module.aws_eks.aws_eks_cluster.this",
            "module.eks_blueprints.module.aws_eks.aws_iam_role.this",
            "module.eks_blueprints.module.aws_eks.aws_iam_role_policy_attachment.this",
            "module.eks_blueprints.module.aws_eks.aws_security_group.cluster",
            "module.eks_blueprints.module.aws_eks.aws_security_group.node",
            "module.eks_blueprints.module.aws_eks.aws_security_group_rule.cluster",
            "module.eks_blueprints.module.aws_eks.aws_security_group_rule.node",
            "module.eks_blueprints.module.aws_eks.data.aws_caller_identity.current",
            "module.eks_blueprints.module.aws_eks.data.aws_iam_policy_document.assume_role_policy",
            "module.eks_blueprints.module.aws_eks.data.aws_partition.current",
            "module.eks_blueprints.module.aws_eks.module.kms.aws_kms_external_key.this",
            "module.eks_blueprints.module.aws_eks.module.kms.aws_kms_key.this",
            "module.eks_blueprints.module.aws_eks.module.kms.data.aws_caller_identity.current",
            "module.eks_blueprints.module.aws_eks.module.kms.data.aws_iam_policy_document.this",
            "module.eks_blueprints.module.aws_eks.module.kms.data.aws_partition.current",
            "module.eks_blueprints.module.kms.aws_kms_key.this",
            "module.kubernetes_addons.data.aws_caller_identity.current",
            "module.kubernetes_addons.data.aws_eks_cluster.eks_cluster",
            "module.kubernetes_addons.data.aws_partition.current",
            "module.kubernetes_addons.data.aws_region.current",
            "module.kubernetes_addons.module.aws_load_balancer_controller.data.aws_iam_policy_document.aws_lb",
            "module.kubernetes_addons.time_sleep.dataplane"
          ]
        }
      ]
    },
    {
      "module": "module.kubernetes_addons.module.aws_load_balancer_controller[0].module.helm_addon.module.irsa[0]",
      "mode": "managed",
      "type": "aws_iam_role",
      "name": "irsa",
      "provider": "provider[\"registry.terraform.io/hashicorp/aws\"]",
      "instances": [
        {
          "index_key": 0,
          "schema_version": 0,
          "attributes": {
            "arn": "arn:aws:iam::535479350247:role/eks-blueprints-no-cilium-aws-load-balancer-controller-sa-irsa",
            "assume_role_policy": "{\"Statement\":[{\"Action\":\"sts:AssumeRoleWithWebIdentity\",\"Condition\":{\"StringLike\":{\"oidc.eks.ap-southeast-1.amazonaws.com/id/4E1D1891A6BC9B4979B6F5C288CF37CC:aud\":\"sts.amazonaws.com\",\"oidc.eks.ap-southeast-1.amazonaws.com/id/4E1D1891A6BC9B4979B6F5C288CF37CC:sub\":\"system:serviceaccount:kube-system:aws-load-balancer-controller-sa\"}},\"Effect\":\"Allow\",\"Principal\":{\"Federated\":\"arn:aws:iam::535479350247:oidc-provider/oidc.eks.ap-southeast-1.amazonaws.com/id/4E1D1891A6BC9B4979B6F5C288CF37CC\"}}],\"Version\":\"2012-10-17\"}",
            "create_date": "2023-04-18T08:38:42Z",
            "description": "AWS IAM Role for the Kubernetes service account aws-load-balancer-controller-sa.",
            "force_detach_policies": true,
            "id": "eks-blueprints-no-cilium-aws-load-balancer-controller-sa-irsa",
            "inline_policy": [],
            "managed_policy_arns": [
              "arn:aws:iam::535479350247:policy/eks-blueprints-no-cilium-lb-irsa"
            ],
            "max_session_duration": 3600,
            "name": "eks-blueprints-no-cilium-aws-load-balancer-controller-sa-irsa",
            "name_prefix": "",
            "path": "/",
            "permissions_boundary": "",
            "tags": {},
            "tags_all": {},
            "unique_id": "AROAXZLIOOPTY6WA7FC5Q"
          },
          "sensitive_attributes": [],
          "private": "bnVsbA==",
          "dependencies": [
            "module.eks_blueprints.data.aws_caller_identity.current",
            "module.eks_blueprints.data.aws_iam_policy_document.eks_key",
            "module.eks_blueprints.data.aws_iam_session_context.current",
            "module.eks_blueprints.data.aws_partition.current",
            "module.eks_blueprints.data.aws_region.current",
            "module.eks_blueprints.module.aws_eks.aws_cloudwatch_log_group.this",
            "module.eks_blueprints.module.aws_eks.aws_eks_cluster.this",
            "module.eks_blueprints.module.aws_eks.aws_iam_role.this",
            "module.eks_blueprints.module.aws_eks.aws_iam_role_policy_attachment.this",
            "module.eks_blueprints.module.aws_eks.aws_security_group.cluster",
            "module.eks_blueprints.module.aws_eks.aws_security_group.node",
            "module.eks_blueprints.module.aws_eks.aws_security_group_rule.cluster",
            "module.eks_blueprints.module.aws_eks.aws_security_group_rule.node",
            "module.eks_blueprints.module.aws_eks.data.aws_caller_identity.current",
            "module.eks_blueprints.module.aws_eks.data.aws_iam_policy_document.assume_role_policy",
            "module.eks_blueprints.module.aws_eks.data.aws_partition.current",
            "module.eks_blueprints.module.aws_eks.module.kms.aws_kms_external_key.this",
            "module.eks_blueprints.module.aws_eks.module.kms.aws_kms_key.this",
            "module.eks_blueprints.module.aws_eks.module.kms.data.aws_caller_identity.current",
            "module.eks_blueprints.module.aws_eks.module.kms.data.aws_iam_policy_document.this",
            "module.eks_blueprints.module.aws_eks.module.kms.data.aws_partition.current",
            "module.eks_blueprints.module.kms.aws_kms_key.this",
            "module.kubernetes_addons.data.aws_caller_identity.current",
            "module.kubernetes_addons.data.aws_eks_cluster.eks_cluster",
            "module.kubernetes_addons.data.aws_partition.current",
            "module.kubernetes_addons.data.aws_region.current",
            "module.kubernetes_addons.module.aws_load_balancer_controller.aws_iam_policy.aws_load_balancer_controller",
            "module.kubernetes_addons.module.aws_load_balancer_controller.data.aws_iam_policy_document.aws_lb",
            "module.kubernetes_addons.time_sleep.dataplane"
          ]
        }
      ]
    },
    {
      "module": "module.kubernetes_addons.module.aws_load_balancer_controller[0].module.helm_addon.module.irsa[0]",
      "mode": "managed",
      "type": "aws_iam_role_policy_attachment",
      "name": "irsa",
      "provider": "provider[\"registry.terraform.io/hashicorp/aws\"]",
      "instances": [
        {
          "index_key": 0,
          "schema_version": 0,
          "attributes": {
            "id": "eks-blueprints-no-cilium-aws-load-balancer-controller-sa-irsa-2023041808384541190000000e",
            "policy_arn": "arn:aws:iam::535479350247:policy/eks-blueprints-no-cilium-lb-irsa",
            "role": "eks-blueprints-no-cilium-aws-load-balancer-controller-sa-irsa"
          },
          "sensitive_attributes": [],
          "private": "bnVsbA==",
          "dependencies": [
            "module.eks_blueprints.data.aws_caller_identity.current",
            "module.eks_blueprints.data.aws_iam_policy_document.eks_key",
            "module.eks_blueprints.data.aws_iam_session_context.current",
            "module.eks_blueprints.data.aws_partition.current",
            "module.eks_blueprints.data.aws_region.current",
            "module.eks_blueprints.module.aws_eks.aws_cloudwatch_log_group.this",
            "module.eks_blueprints.module.aws_eks.aws_eks_cluster.this",
            "module.eks_blueprints.module.aws_eks.aws_iam_role.this",
            "module.eks_blueprints.module.aws_eks.aws_iam_role_policy_attachment.this",
            "module.eks_blueprints.module.aws_eks.aws_security_group.cluster",
            "module.eks_blueprints.module.aws_eks.aws_security_group.node",
            "module.eks_blueprints.module.aws_eks.aws_security_group_rule.cluster",
            "module.eks_blueprints.module.aws_eks.aws_security_group_rule.node",
            "module.eks_blueprints.module.aws_eks.data.aws_caller_identity.current",
            "module.eks_blueprints.module.aws_eks.data.aws_iam_policy_document.assume_role_policy",
            "module.eks_blueprints.module.aws_eks.data.aws_partition.current",
            "module.eks_blueprints.module.aws_eks.module.kms.aws_kms_external_key.this",
            "module.eks_blueprints.module.aws_eks.module.kms.aws_kms_key.this",
            "module.eks_blueprints.module.aws_eks.module.kms.data.aws_caller_identity.current",
            "module.eks_blueprints.module.aws_eks.module.kms.data.aws_iam_policy_document.this",
            "module.eks_blueprints.module.aws_eks.module.kms.data.aws_partition.current",
            "module.eks_blueprints.module.kms.aws_kms_key.this",
            "module.kubernetes_addons.data.aws_caller_identity.current",
            "module.kubernetes_addons.data.aws_eks_cluster.eks_cluster",
            "module.kubernetes_addons.data.aws_partition.current",
            "module.kubernetes_addons.data.aws_region.current",
            "module.kubernetes_addons.module.aws_load_balancer_controller.aws_iam_policy.aws_load_balancer_controller",
            "module.kubernetes_addons.module.aws_load_balancer_controller.data.aws_iam_policy_document.aws_lb",
            "module.kubernetes_addons.module.aws_load_balancer_controller.module.helm_addon.module.irsa.aws_iam_role.irsa",
            "module.kubernetes_addons.time_sleep.dataplane"
          ]
        }
      ]
    },
    {
      "module": "module.kubernetes_addons.module.aws_load_balancer_controller[0].module.helm_addon.module.irsa[0]",
      "mode": "managed",
      "type": "kubernetes_service_account_v1",
      "name": "irsa",
      "provider": "provider[\"registry.terraform.io/hashicorp/kubernetes\"]",
      "instances": [
        {
          "index_key": 0,
          "schema_version": 0,
          "attributes": {
            "automount_service_account_token": true,
            "default_secret_name": "",
            "id": "kube-system/aws-load-balancer-controller-sa",
            "image_pull_secret": [],
            "metadata": [
              {
                "annotations": {
                  "eks.amazonaws.com/role-arn": "arn:aws:iam::535479350247:role/eks-blueprints-no-cilium-aws-load-balancer-controller-sa-irsa"
                },
                "generate_name": "",
                "generation": 0,
                "labels": {},
                "name": "aws-load-balancer-controller-sa",
                "namespace": "kube-system",
                "resource_version": "831",
                "uid": "38f56985-52a3-4991-80e1-28d9c3f98813"
              }
            ],
            "secret": [],
            "timeouts": null
          },
          "sensitive_attributes": [],
          "private": "eyJlMmJmYjczMC1lY2FhLTExZTYtOGY4OC0zNDM2M2JjN2M0YzAiOnsiY3JlYXRlIjozMDAwMDAwMDAwMH19",
          "dependencies": [
            "data.aws_eks_cluster_auth.this",
            "module.eks_blueprints.data.aws_caller_identity.current",
            "module.eks_blueprints.data.aws_iam_policy_document.eks_key",
            "module.eks_blueprints.data.aws_iam_session_context.current",
            "module.eks_blueprints.data.aws_partition.current",
            "module.eks_blueprints.data.aws_region.current",
            "module.eks_blueprints.module.aws_eks.aws_cloudwatch_log_group.this",
            "module.eks_blueprints.module.aws_eks.aws_eks_cluster.this",
            "module.eks_blueprints.module.aws_eks.aws_iam_role.this",
            "module.eks_blueprints.module.aws_eks.aws_iam_role_policy_attachment.this",
            "module.eks_blueprints.module.aws_eks.aws_security_group.cluster",
            "module.eks_blueprints.module.aws_eks.aws_security_group.node",
            "module.eks_blueprints.module.aws_eks.aws_security_group_rule.cluster",
            "module.eks_blueprints.module.aws_eks.aws_security_group_rule.node",
            "module.eks_blueprints.module.aws_eks.data.aws_caller_identity.current",
            "module.eks_blueprints.module.aws_eks.data.aws_iam_policy_document.assume_role_policy",
            "module.eks_blueprints.module.aws_eks.data.aws_partition.current",
            "module.eks_blueprints.module.aws_eks.module.kms.aws_kms_external_key.this",
            "module.eks_blueprints.module.aws_eks.module.kms.aws_kms_key.this",
            "module.eks_blueprints.module.aws_eks.module.kms.data.aws_caller_identity.current",
            "module.eks_blueprints.module.aws_eks.module.kms.data.aws_iam_policy_document.this",
            "module.eks_blueprints.module.aws_eks.module.kms.data.aws_partition.current",
            "module.eks_blueprints.module.kms.aws_kms_key.this",
            "module.kubernetes_addons.data.aws_caller_identity.current",
            "module.kubernetes_addons.data.aws_eks_cluster.eks_cluster",
            "module.kubernetes_addons.data.aws_partition.current",
            "module.kubernetes_addons.data.aws_region.current",
            "module.kubernetes_addons.module.aws_load_balancer_controller.aws_iam_policy.aws_load_balancer_controller",
            "module.kubernetes_addons.module.aws_load_balancer_controller.data.aws_iam_policy_document.aws_lb",
            "module.kubernetes_addons.module.aws_load_balancer_controller.module.helm_addon.module.irsa.aws_iam_role.irsa",
            "module.kubernetes_addons.module.aws_load_balancer_controller.module.helm_addon.module.irsa.kubernetes_namespace_v1.irsa",
            "module.kubernetes_addons.time_sleep.dataplane"
          ]
        }
      ]
    },
    {
      "module": "module.kubernetes_addons.module.karpenter[0]",
      "mode": "data",
      "type": "aws_iam_policy_document",
      "name": "karpenter",
      "provider": "provider[\"registry.terraform.io/hashicorp/aws\"]",
      "instances": [
        {
          "schema_version": 0,
          "attributes": {
            "id": "1593403314",
            "json": "{\n  \"Version\": \"2012-10-17\",\n  \"Statement\": [\n    {\n      \"Sid\": \"AllowEc2DescribeActions\",\n      \"Effect\": \"Allow\",\n      \"Action\": [\n        \"ec2:DescribeSubnets\",\n        \"ec2:DescribeSpotPriceHistory\",\n        \"ec2:DescribeSecurityGroups\",\n        \"ec2:DescribeLaunchTemplates\",\n        \"ec2:DescribeInstances\",\n        \"ec2:DescribeInstanceTypes\",\n        \"ec2:DescribeInstanceTypeOfferings\",\n        \"ec2:DescribeImages\",\n        \"ec2:DescribeAvailabilityZones\"\n      ],\n      \"Resource\": \"*\"\n    },\n    {\n      \"Sid\": \"AllowEc2Actions\",\n      \"Effect\": \"Allow\",\n      \"Action\": [\n        \"ec2:RunInstances\",\n        \"ec2:DeleteLaunchTemplate\",\n        \"ec2:CreateTags\",\n        \"ec2:CreateLaunchTemplate\",\n        \"ec2:CreateFleet\"\n      ],\n      \"Resource\": [\n        \"arn:aws:ec2:ap-southeast-1::image/*\",\n        \"arn:aws:ec2:ap-southeast-1:535479350247:*\"\n      ]\n    },\n    {\n      \"Sid\": \"AllowPassRole\",\n      \"Effect\": \"Allow\",\n      \"Action\": \"iam:PassRole\",\n      \"Resource\": \"arn:aws:iam::535479350247:role/*\"\n    },\n    {\n      \"Sid\": \"AllowGetPrice\",\n      \"Effect\": \"Allow\",\n      \"Action\": \"pricing:GetProducts\",\n      \"Resource\": \"*\"\n    },\n    {\n      \"Sid\": \"AllowGetParameters\",\n      \"Effect\": \"Allow\",\n      \"Action\": \"ssm:GetParameter\",\n      \"Resource\": \"arn:aws:ssm:ap-southeast-1::parameter/*\"\n    },\n    {\n      \"Sid\": \"\",\n      \"Effect\": \"Allow\",\n      \"Action\": \"eks:DescribeCluster\",\n      \"Resource\": \"arn:aws:eks:*:535479350247:cluster/eks-blueprints-no-cilium\"\n    },\n    {\n      \"Sid\": \"ConditionalEC2Termination\",\n      \"Effect\": \"Allow\",\n      \"Action\": \"ec2:TerminateInstances\",\n      \"Resource\": \"arn:aws:ec2:ap-southeast-1:535479350247:instance/*\",\n      \"Condition\": {\n        \"StringLike\": {\n          \"ec2:ResourceTag/Name\": \"*karpenter*\"\n        }\n      }\n    }\n  ]\n}",
            "override_json": null,
            "override_policy_documents": null,
            "policy_id": null,
            "source_json": null,
            "source_policy_documents": null,
            "statement": [
              {
                "actions": [
                  "ec2:DescribeAvailabilityZones",
                  "ec2:DescribeImages",
                  "ec2:DescribeInstanceTypeOfferings",
                  "ec2:DescribeInstanceTypes",
                  "ec2:DescribeInstances",
                  "ec2:DescribeLaunchTemplates",
                  "ec2:DescribeSecurityGroups",
                  "ec2:DescribeSpotPriceHistory",
                  "ec2:DescribeSubnets"
                ],
                "condition": [],
                "effect": "Allow",
                "not_actions": [],
                "not_principals": [],
                "not_resources": [],
                "principals": [],
                "resources": [
                  "*"
                ],
                "sid": "AllowEc2DescribeActions"
              },
              {
                "actions": [
                  "ec2:CreateFleet",
                  "ec2:CreateLaunchTemplate",
                  "ec2:CreateTags",
                  "ec2:DeleteLaunchTemplate",
                  "ec2:RunInstances"
                ],
                "condition": [],
                "effect": "Allow",
                "not_actions": [],
                "not_principals": [],
                "not_resources": [],
                "principals": [],
                "resources": [
                  "arn:aws:ec2:ap-southeast-1:535479350247:*",
                  "arn:aws:ec2:ap-southeast-1::image/*"
                ],
                "sid": "AllowEc2Actions"
              },
              {
                "actions": [
                  "iam:PassRole"
                ],
                "condition": [],
                "effect": "Allow",
                "not_actions": [],
                "not_principals": [],
                "not_resources": [],
                "principals": [],
                "resources": [
                  "arn:aws:iam::535479350247:role/*"
                ],
                "sid": "AllowPassRole"
              },
              {
                "actions": [
                  "pricing:GetProducts"
                ],
                "condition": [],
                "effect": "Allow",
                "not_actions": [],
                "not_principals": [],
                "not_resources": [],
                "principals": [],
                "resources": [
                  "*"
                ],
                "sid": "AllowGetPrice"
              },
              {
                "actions": [
                  "ssm:GetParameter"
                ],
                "condition": [],
                "effect": "Allow",
                "not_actions": [],
                "not_principals": [],
                "not_resources": [],
                "principals": [],
                "resources": [
                  "arn:aws:ssm:ap-southeast-1::parameter/*"
                ],
                "sid": "AllowGetParameters"
              },
              {
                "actions": [
                  "eks:DescribeCluster"
                ],
                "condition": [],
                "effect": "Allow",
                "not_actions": [],
                "not_principals": [],
                "not_resources": [],
                "principals": [],
                "resources": [
                  "arn:aws:eks:*:535479350247:cluster/eks-blueprints-no-cilium"
                ],
                "sid": ""
              },
              {
                "actions": [
                  "ec2:TerminateInstances"
                ],
                "condition": [
                  {
                    "test": "StringLike",
                    "values": [
                      "*karpenter*"
                    ],
                    "variable": "ec2:ResourceTag/Name"
                  }
                ],
                "effect": "Allow",
                "not_actions": [],
                "not_principals": [],
                "not_resources": [],
                "principals": [],
                "resources": [
                  "arn:aws:ec2:ap-southeast-1:535479350247:instance/*"
                ],
                "sid": "ConditionalEC2Termination"
              }
            ],
            "version": "2012-10-17"
          },
          "sensitive_attributes": []
        }
      ]
    },
    {
      "module": "module.kubernetes_addons.module.karpenter[0]",
      "mode": "managed",
      "type": "aws_iam_policy",
      "name": "karpenter",
      "provider": "provider[\"registry.terraform.io/hashicorp/aws\"]",
      "instances": [
        {
          "schema_version": 0,
          "attributes": {
            "arn": "arn:aws:iam::535479350247:policy/eks-blueprints-no-cilium-karpenter",
            "description": "IAM Policy for Karpenter",
            "id": "arn:aws:iam::535479350247:policy/eks-blueprints-no-cilium-karpenter",
            "name": "eks-blueprints-no-cilium-karpenter",
            "name_prefix": "",
            "path": "/",
            "policy": "{\"Statement\":[{\"Action\":[\"ec2:DescribeSubnets\",\"ec2:DescribeSpotPriceHistory\",\"ec2:DescribeSecurityGroups\",\"ec2:DescribeLaunchTemplates\",\"ec2:DescribeInstances\",\"ec2:DescribeInstanceTypes\",\"ec2:DescribeInstanceTypeOfferings\",\"ec2:DescribeImages\",\"ec2:DescribeAvailabilityZones\"],\"Effect\":\"Allow\",\"Resource\":\"*\",\"Sid\":\"AllowEc2DescribeActions\"},{\"Action\":[\"ec2:RunInstances\",\"ec2:DeleteLaunchTemplate\",\"ec2:CreateTags\",\"ec2:CreateLaunchTemplate\",\"ec2:CreateFleet\"],\"Effect\":\"Allow\",\"Resource\":[\"arn:aws:ec2:ap-southeast-1::image/*\",\"arn:aws:ec2:ap-southeast-1:535479350247:*\"],\"Sid\":\"AllowEc2Actions\"},{\"Action\":\"iam:PassRole\",\"Effect\":\"Allow\",\"Resource\":\"arn:aws:iam::535479350247:role/*\",\"Sid\":\"AllowPassRole\"},{\"Action\":\"pricing:GetProducts\",\"Effect\":\"Allow\",\"Resource\":\"*\",\"Sid\":\"AllowGetPrice\"},{\"Action\":\"ssm:GetParameter\",\"Effect\":\"Allow\",\"Resource\":\"arn:aws:ssm:ap-southeast-1::parameter/*\",\"Sid\":\"AllowGetParameters\"},{\"Action\":\"eks:DescribeCluster\",\"Effect\":\"Allow\",\"Resource\":\"arn:aws:eks:*:535479350247:cluster/eks-blueprints-no-cilium\",\"Sid\":\"\"},{\"Action\":\"ec2:TerminateInstances\",\"Condition\":{\"StringLike\":{\"ec2:ResourceTag/Name\":\"*karpenter*\"}},\"Effect\":\"Allow\",\"Resource\":\"arn:aws:ec2:ap-southeast-1:535479350247:instance/*\",\"Sid\":\"ConditionalEC2Termination\"}],\"Version\":\"2012-10-17\"}",
            "policy_id": "ANPAXZLIOOPTYPSP2MMED",
            "tags": {},
            "tags_all": {}
          },
          "sensitive_attributes": [],
          "private": "bnVsbA==",
          "dependencies": [
            "module.eks_blueprints.data.aws_caller_identity.current",
            "module.eks_blueprints.data.aws_iam_policy_document.eks_key",
            "module.eks_blueprints.data.aws_iam_session_context.current",
            "module.eks_blueprints.data.aws_partition.current",
            "module.eks_blueprints.data.aws_region.current",
            "module.eks_blueprints.module.aws_eks.aws_cloudwatch_log_group.this",
            "module.eks_blueprints.module.aws_eks.aws_eks_cluster.this",
            "module.eks_blueprints.module.aws_eks.aws_iam_role.this",
            "module.eks_blueprints.module.aws_eks.aws_iam_role_policy_attachment.this",
            "module.eks_blueprints.module.aws_eks.aws_security_group.cluster",
            "module.eks_blueprints.module.aws_eks.aws_security_group.node",
            "module.eks_blueprints.module.aws_eks.aws_security_group_rule.cluster",
            "module.eks_blueprints.module.aws_eks.aws_security_group_rule.node",
            "module.eks_blueprints.module.aws_eks.data.aws_caller_identity.current",
            "module.eks_blueprints.module.aws_eks.data.aws_iam_policy_document.assume_role_policy",
            "module.eks_blueprints.module.aws_eks.data.aws_partition.current",
            "module.eks_blueprints.module.aws_eks.module.kms.aws_kms_external_key.this",
            "module.eks_blueprints.module.aws_eks.module.kms.aws_kms_key.this",
            "module.eks_blueprints.module.aws_eks.module.kms.data.aws_caller_identity.current",
            "module.eks_blueprints.module.aws_eks.module.kms.data.aws_iam_policy_document.this",
            "module.eks_blueprints.module.aws_eks.module.kms.data.aws_partition.current",
            "module.eks_blueprints.module.kms.aws_kms_key.this",
            "module.kubernetes_addons.data.aws_caller_identity.current",
            "module.kubernetes_addons.data.aws_eks_cluster.eks_cluster",
            "module.kubernetes_addons.data.aws_partition.current",
            "module.kubernetes_addons.data.aws_region.current",
            "module.kubernetes_addons.module.karpenter.data.aws_iam_policy_document.karpenter",
            "module.kubernetes_addons.time_sleep.dataplane"
          ]
        }
      ]
    },
    {
      "module": "module.kubernetes_addons.module.karpenter[0].module.helm_addon.module.irsa[0]",
      "mode": "managed",
      "type": "aws_iam_role",
      "name": "irsa",
      "provider": "provider[\"registry.terraform.io/hashicorp/aws\"]",
      "instances": [
        {
          "index_key": 0,
          "schema_version": 0,
          "attributes": {
            "arn": "arn:aws:iam::535479350247:role/eks-blueprints-no-cilium-karpenter-irsa",
            "assume_role_policy": "{\"Statement\":[{\"Action\":\"sts:AssumeRoleWithWebIdentity\",\"Condition\":{\"StringLike\":{\"oidc.eks.ap-southeast-1.amazonaws.com/id/4E1D1891A6BC9B4979B6F5C288CF37CC:aud\":\"sts.amazonaws.com\",\"oidc.eks.ap-southeast-1.amazonaws.com/id/4E1D1891A6BC9B4979B6F5C288CF37CC:sub\":\"system:serviceaccount:karpenter:karpenter\"}},\"Effect\":\"Allow\",\"Principal\":{\"Federated\":\"arn:aws:iam::535479350247:oidc-provider/oidc.eks.ap-southeast-1.amazonaws.com/id/4E1D1891A6BC9B4979B6F5C288CF37CC\"}}],\"Version\":\"2012-10-17\"}",
            "create_date": "2023-04-18T08:38:44Z",
            "description": "AWS IAM Role for the Kubernetes service account karpenter.",
            "force_detach_policies": true,
            "id": "eks-blueprints-no-cilium-karpenter-irsa",
            "inline_policy": [],
            "managed_policy_arns": [
              "arn:aws:iam::535479350247:policy/eks-blueprints-no-cilium-karpenter"
            ],
            "max_session_duration": 3600,
            "name": "eks-blueprints-no-cilium-karpenter-irsa",
            "name_prefix": "",
            "path": "/",
            "permissions_boundary": "",
            "tags": {},
            "tags_all": {},
            "unique_id": "AROAXZLIOOPT2RHAOUJCI"
          },
          "sensitive_attributes": [],
          "private": "bnVsbA==",
          "dependencies": [
            "module.eks_blueprints.data.aws_caller_identity.current",
            "module.eks_blueprints.data.aws_iam_policy_document.eks_key",
            "module.eks_blueprints.data.aws_iam_session_context.current",
            "module.eks_blueprints.data.aws_partition.current",
            "module.eks_blueprints.data.aws_region.current",
            "module.eks_blueprints.module.aws_eks.aws_cloudwatch_log_group.this",
            "module.eks_blueprints.module.aws_eks.aws_eks_cluster.this",
            "module.eks_blueprints.module.aws_eks.aws_iam_role.this",
            "module.eks_blueprints.module.aws_eks.aws_iam_role_policy_attachment.this",
            "module.eks_blueprints.module.aws_eks.aws_security_group.cluster",
            "module.eks_blueprints.module.aws_eks.aws_security_group.node",
            "module.eks_blueprints.module.aws_eks.aws_security_group_rule.cluster",
            "module.eks_blueprints.module.aws_eks.aws_security_group_rule.node",
            "module.eks_blueprints.module.aws_eks.data.aws_caller_identity.current",
            "module.eks_blueprints.module.aws_eks.data.aws_iam_policy_document.assume_role_policy",
            "module.eks_blueprints.module.aws_eks.data.aws_partition.current",
            "module.eks_blueprints.module.aws_eks.module.kms.aws_kms_external_key.this",
            "module.eks_blueprints.module.aws_eks.module.kms.aws_kms_key.this",
            "module.eks_blueprints.module.aws_eks.module.kms.data.aws_caller_identity.current",
            "module.eks_blueprints.module.aws_eks.module.kms.data.aws_iam_policy_document.this",
            "module.eks_blueprints.module.aws_eks.module.kms.data.aws_partition.current",
            "module.eks_blueprints.module.kms.aws_kms_key.this",
            "module.kubernetes_addons.data.aws_caller_identity.current",
            "module.kubernetes_addons.data.aws_eks_cluster.eks_cluster",
            "module.kubernetes_addons.data.aws_partition.current",
            "module.kubernetes_addons.data.aws_region.current",
            "module.kubernetes_addons.module.karpenter.aws_iam_policy.karpenter",
            "module.kubernetes_addons.module.karpenter.data.aws_arn.queue",
            "module.kubernetes_addons.module.karpenter.data.aws_iam_policy_document.karpenter",
            "module.kubernetes_addons.time_sleep.dataplane"
          ]
        }
      ]
    },
    {
      "module": "module.kubernetes_addons.module.karpenter[0].module.helm_addon.module.irsa[0]",
      "mode": "managed",
      "type": "aws_iam_role_policy_attachment",
      "name": "irsa",
      "provider": "provider[\"registry.terraform.io/hashicorp/aws\"]",
      "instances": [
        {
          "index_key": 0,
          "schema_version": 0,
          "attributes": {
            "id": "eks-blueprints-no-cilium-karpenter-irsa-20230418083846532400000010",
            "policy_arn": "arn:aws:iam::535479350247:policy/eks-blueprints-no-cilium-karpenter",
            "role": "eks-blueprints-no-cilium-karpenter-irsa"
          },
          "sensitive_attributes": [],
          "private": "bnVsbA==",
          "dependencies": [
            "module.eks_blueprints.data.aws_caller_identity.current",
            "module.eks_blueprints.data.aws_iam_policy_document.eks_key",
            "module.eks_blueprints.data.aws_iam_session_context.current",
            "module.eks_blueprints.data.aws_partition.current",
            "module.eks_blueprints.data.aws_region.current",
            "module.eks_blueprints.module.aws_eks.aws_cloudwatch_log_group.this",
            "module.eks_blueprints.module.aws_eks.aws_eks_cluster.this",
            "module.eks_blueprints.module.aws_eks.aws_iam_role.this",
            "module.eks_blueprints.module.aws_eks.aws_iam_role_policy_attachment.this",
            "module.eks_blueprints.module.aws_eks.aws_security_group.cluster",
            "module.eks_blueprints.module.aws_eks.aws_security_group.node",
            "module.eks_blueprints.module.aws_eks.aws_security_group_rule.cluster",
            "module.eks_blueprints.module.aws_eks.aws_security_group_rule.node",
            "module.eks_blueprints.module.aws_eks.data.aws_caller_identity.current",
            "module.eks_blueprints.module.aws_eks.data.aws_iam_policy_document.assume_role_policy",
            "module.eks_blueprints.module.aws_eks.data.aws_partition.current",
            "module.eks_blueprints.module.aws_eks.module.kms.aws_kms_external_key.this",
            "module.eks_blueprints.module.aws_eks.module.kms.aws_kms_key.this",
            "module.eks_blueprints.module.aws_eks.module.kms.data.aws_caller_identity.current",
            "module.eks_blueprints.module.aws_eks.module.kms.data.aws_iam_policy_document.this",
            "module.eks_blueprints.module.aws_eks.module.kms.data.aws_partition.current",
            "module.eks_blueprints.module.kms.aws_kms_key.this",
            "module.kubernetes_addons.data.aws_caller_identity.current",
            "module.kubernetes_addons.data.aws_eks_cluster.eks_cluster",
            "module.kubernetes_addons.data.aws_partition.current",
            "module.kubernetes_addons.data.aws_region.current",
            "module.kubernetes_addons.module.karpenter.aws_iam_policy.karpenter",
            "module.kubernetes_addons.module.karpenter.data.aws_arn.queue",
            "module.kubernetes_addons.module.karpenter.data.aws_iam_policy_document.karpenter",
            "module.kubernetes_addons.module.karpenter.module.helm_addon.module.irsa.aws_iam_role.irsa",
            "module.kubernetes_addons.time_sleep.dataplane"
          ]
        }
      ]
    },
    {
      "module": "module.kubernetes_addons.module.karpenter[0].module.helm_addon.module.irsa[0]",
      "mode": "managed",
      "type": "kubernetes_namespace_v1",
      "name": "irsa",
      "provider": "provider[\"registry.terraform.io/hashicorp/kubernetes\"]",
      "instances": [
        {
          "index_key": 0,
          "schema_version": 0,
          "attributes": {
            "id": "karpenter",
            "metadata": [
              {
                "annotations": {},
                "generate_name": "",
                "generation": 0,
                "labels": {},
                "name": "karpenter",
                "resource_version": "804",
                "uid": "7b3e8bc8-fe8d-4ee4-964b-765dfc2a5570"
              }
            ],
            "timeouts": {
              "delete": "15m"
            }
          },
          "sensitive_attributes": [],
          "private": "eyJlMmJmYjczMC1lY2FhLTExZTYtOGY4OC0zNDM2M2JjN2M0YzAiOnsiZGVsZXRlIjo5MDAwMDAwMDAwMDB9fQ==",
          "dependencies": [
            "data.aws_eks_cluster_auth.this",
            "module.eks_blueprints.data.aws_caller_identity.current",
            "module.eks_blueprints.data.aws_iam_policy_document.eks_key",
            "module.eks_blueprints.data.aws_iam_session_context.current",
            "module.eks_blueprints.data.aws_partition.current",
            "module.eks_blueprints.data.aws_region.current",
            "module.eks_blueprints.module.aws_eks.aws_cloudwatch_log_group.this",
            "module.eks_blueprints.module.aws_eks.aws_eks_cluster.this",
            "module.eks_blueprints.module.aws_eks.aws_iam_role.this",
            "module.eks_blueprints.module.aws_eks.aws_iam_role_policy_attachment.this",
            "module.eks_blueprints.module.aws_eks.aws_security_group.cluster",
            "module.eks_blueprints.module.aws_eks.aws_security_group.node",
            "module.eks_blueprints.module.aws_eks.aws_security_group_rule.cluster",
            "module.eks_blueprints.module.aws_eks.aws_security_group_rule.node",
            "module.eks_blueprints.module.aws_eks.data.aws_caller_identity.current",
            "module.eks_blueprints.module.aws_eks.data.aws_iam_policy_document.assume_role_policy",
            "module.eks_blueprints.module.aws_eks.data.aws_partition.current",
            "module.eks_blueprints.module.aws_eks.module.kms.aws_kms_external_key.this",
            "module.eks_blueprints.module.aws_eks.module.kms.aws_kms_key.this",
            "module.eks_blueprints.module.aws_eks.module.kms.data.aws_caller_identity.current",
            "module.eks_blueprints.module.aws_eks.module.kms.data.aws_iam_policy_document.this",
            "module.eks_blueprints.module.aws_eks.module.kms.data.aws_partition.current",
            "module.eks_blueprints.module.kms.aws_kms_key.this",
            "module.kubernetes_addons.data.aws_caller_identity.current",
            "module.kubernetes_addons.data.aws_eks_cluster.eks_cluster",
            "module.kubernetes_addons.data.aws_partition.current",
            "module.kubernetes_addons.data.aws_region.current",
            "module.kubernetes_addons.module.karpenter.aws_iam_policy.karpenter",
            "module.kubernetes_addons.module.karpenter.data.aws_arn.queue",
            "module.kubernetes_addons.module.karpenter.data.aws_iam_policy_document.karpenter",
            "module.kubernetes_addons.time_sleep.dataplane"
          ]
        }
      ]
    },
    {
      "module": "module.kubernetes_addons.module.karpenter[0].module.helm_addon.module.irsa[0]",
      "mode": "managed",
      "type": "kubernetes_service_account_v1",
      "name": "irsa",
      "provider": "provider[\"registry.terraform.io/hashicorp/kubernetes\"]",
      "instances": [
        {
          "index_key": 0,
          "schema_version": 0,
          "attributes": {
            "automount_service_account_token": true,
            "default_secret_name": "",
            "id": "karpenter/karpenter",
            "image_pull_secret": [],
            "metadata": [
              {
                "annotations": {
                  "eks.amazonaws.com/role-arn": "arn:aws:iam::535479350247:role/eks-blueprints-no-cilium-karpenter-irsa"
                },
                "generate_name": "",
                "generation": 0,
                "labels": {},
                "name": "karpenter",
                "namespace": "karpenter",
                "resource_version": "861",
                "uid": "d24b86df-8e89-44af-9a9c-c200b8d06d37"
              }
            ],
            "secret": [],
            "timeouts": null
          },
          "sensitive_attributes": [],
          "private": "eyJlMmJmYjczMC1lY2FhLTExZTYtOGY4OC0zNDM2M2JjN2M0YzAiOnsiY3JlYXRlIjozMDAwMDAwMDAwMH19",
          "dependencies": [
            "data.aws_eks_cluster_auth.this",
            "module.eks_blueprints.data.aws_caller_identity.current",
            "module.eks_blueprints.data.aws_iam_policy_document.eks_key",
            "module.eks_blueprints.data.aws_iam_session_context.current",
            "module.eks_blueprints.data.aws_partition.current",
            "module.eks_blueprints.data.aws_region.current",
            "module.eks_blueprints.module.aws_eks.aws_cloudwatch_log_group.this",
            "module.eks_blueprints.module.aws_eks.aws_eks_cluster.this",
            "module.eks_blueprints.module.aws_eks.aws_iam_role.this",
            "module.eks_blueprints.module.aws_eks.aws_iam_role_policy_attachment.this",
            "module.eks_blueprints.module.aws_eks.aws_security_group.cluster",
            "module.eks_blueprints.module.aws_eks.aws_security_group.node",
            "module.eks_blueprints.module.aws_eks.aws_security_group_rule.cluster",
            "module.eks_blueprints.module.aws_eks.aws_security_group_rule.node",
            "module.eks_blueprints.module.aws_eks.data.aws_caller_identity.current",
            "module.eks_blueprints.module.aws_eks.data.aws_iam_policy_document.assume_role_policy",
            "module.eks_blueprints.module.aws_eks.data.aws_partition.current",
            "module.eks_blueprints.module.aws_eks.module.kms.aws_kms_external_key.this",
            "module.eks_blueprints.module.aws_eks.module.kms.aws_kms_key.this",
            "module.eks_blueprints.module.aws_eks.module.kms.data.aws_caller_identity.current",
            "module.eks_blueprints.module.aws_eks.module.kms.data.aws_iam_policy_document.this",
            "module.eks_blueprints.module.aws_eks.module.kms.data.aws_partition.current",
            "module.eks_blueprints.module.kms.aws_kms_key.this",
            "module.kubernetes_addons.data.aws_caller_identity.current",
            "module.kubernetes_addons.data.aws_eks_cluster.eks_cluster",
            "module.kubernetes_addons.data.aws_partition.current",
            "module.kubernetes_addons.data.aws_region.current",
            "module.kubernetes_addons.module.karpenter.aws_iam_policy.karpenter",
            "module.kubernetes_addons.module.karpenter.data.aws_arn.queue",
            "module.kubernetes_addons.module.karpenter.data.aws_iam_policy_document.karpenter",
            "module.kubernetes_addons.module.karpenter.module.helm_addon.module.irsa.aws_iam_role.irsa",
            "module.kubernetes_addons.module.karpenter.module.helm_addon.module.irsa.kubernetes_namespace_v1.irsa",
            "module.kubernetes_addons.time_sleep.dataplane"
          ]
        }
      ]
    },
    {
      "module": "module.kubernetes_addons.module.prometheus[0]",
      "mode": "data",
      "type": "aws_iam_policy_document",
      "name": "ingest",
      "provider": "provider[\"registry.terraform.io/hashicorp/aws\"]",
      "instances": [
        {
          "schema_version": 0,
          "attributes": {
            "id": "3888770325",
            "json": "{\n  \"Version\": \"2012-10-17\",\n  \"Statement\": [\n    {\n      \"Sid\": \"\",\n      \"Effect\": \"Allow\",\n      \"Action\": [\n        \"aps:RemoteWrite\",\n        \"aps:ListWorkspaces\",\n        \"aps:GetSeries\",\n        \"aps:GetMetricMetadata\",\n        \"aps:GetLabels\"\n      ],\n      \"Resource\": [\n        \"arn:aws:aps:ap-southeast-1:535479350247:workspace/*/*\",\n        \"arn:aws:aps:ap-southeast-1:535479350247:workspace/*\"\n      ]\n    }\n  ]\n}",
            "override_json": null,
            "override_policy_documents": null,
            "policy_id": null,
            "source_json": null,
            "source_policy_documents": null,
            "statement": [
              {
                "actions": [
                  "aps:GetLabels",
                  "aps:GetMetricMetadata",
                  "aps:GetSeries",
                  "aps:ListWorkspaces",
                  "aps:RemoteWrite"
                ],
                "condition": [],
                "effect": "Allow",
                "not_actions": [],
                "not_principals": [],
                "not_resources": [],
                "principals": [],
                "resources": [
                  "arn:aws:aps:ap-southeast-1:535479350247:workspace/*",
                  "arn:aws:aps:ap-southeast-1:535479350247:workspace/*/*"
                ],
                "sid": ""
              }
            ],
            "version": "2012-10-17"
          },
          "sensitive_attributes": []
        }
      ]
    },
    {
      "module": "module.kubernetes_addons.module.prometheus[0]",
      "mode": "data",
      "type": "aws_iam_policy_document",
      "name": "query",
      "provider": "provider[\"registry.terraform.io/hashicorp/aws\"]",
      "instances": [
        {
          "schema_version": 0,
          "attributes": {
            "id": "3100321047",
            "json": "{\n  \"Version\": \"2012-10-17\",\n  \"Statement\": [\n    {\n      \"Sid\": \"\",\n      \"Effect\": \"Allow\",\n      \"Action\": [\n        \"aps:QueryMetrics\",\n        \"aps:ListWorkspaces\",\n        \"aps:GetSeries\",\n        \"aps:GetMetricMetadata\",\n        \"aps:GetLabels\"\n      ],\n      \"Resource\": [\n        \"arn:aws:aps:ap-southeast-1:535479350247:workspace/*/*\",\n        \"arn:aws:aps:ap-southeast-1:535479350247:workspace/*\"\n      ]\n    }\n  ]\n}",
            "override_json": null,
            "override_policy_documents": null,
            "policy_id": null,
            "source_json": null,
            "source_policy_documents": null,
            "statement": [
              {
                "actions": [
                  "aps:GetLabels",
                  "aps:GetMetricMetadata",
                  "aps:GetSeries",
                  "aps:ListWorkspaces",
                  "aps:QueryMetrics"
                ],
                "condition": [],
                "effect": "Allow",
                "not_actions": [],
                "not_principals": [],
                "not_resources": [],
                "principals": [],
                "resources": [
                  "arn:aws:aps:ap-southeast-1:535479350247:workspace/*",
                  "arn:aws:aps:ap-southeast-1:535479350247:workspace/*/*"
                ],
                "sid": ""
              }
            ],
            "version": "2012-10-17"
          },
          "sensitive_attributes": []
        }
      ]
    },
    {
      "module": "module.kubernetes_addons.module.prometheus[0]",
      "mode": "managed",
      "type": "aws_iam_policy",
      "name": "ingest",
      "provider": "provider[\"registry.terraform.io/hashicorp/aws\"]",
      "instances": [
        {
          "index_key": 0,
          "schema_version": 0,
          "attributes": {
            "arn": "arn:aws:iam::535479350247:policy/amp-ingest-eks-blueprints-no-cilium",
            "description": "Set up the permission policy that grants ingest (remote write) permissions for AMP workspace",
            "id": "arn:aws:iam::535479350247:policy/amp-ingest-eks-blueprints-no-cilium",
            "name": "amp-ingest-eks-blueprints-no-cilium",
            "name_prefix": "",
            "path": "/",
            "policy": "{\"Statement\":[{\"Action\":[\"aps:RemoteWrite\",\"aps:ListWorkspaces\",\"aps:GetSeries\",\"aps:GetMetricMetadata\",\"aps:GetLabels\"],\"Effect\":\"Allow\",\"Resource\":[\"arn:aws:aps:ap-southeast-1:535479350247:workspace/*/*\",\"arn:aws:aps:ap-southeast-1:535479350247:workspace/*\"],\"Sid\":\"\"}],\"Version\":\"2012-10-17\"}",
            "policy_id": "ANPAXZLIOOPT4G3AZFK2X",
            "tags": {},
            "tags_all": {}
          },
          "sensitive_attributes": [],
          "private": "bnVsbA==",
          "dependencies": [
            "module.eks_blueprints.data.aws_caller_identity.current",
            "module.eks_blueprints.data.aws_iam_policy_document.eks_key",
            "module.eks_blueprints.data.aws_iam_session_context.current",
            "module.eks_blueprints.data.aws_partition.current",
            "module.eks_blueprints.data.aws_region.current",
            "module.eks_blueprints.module.aws_eks.aws_cloudwatch_log_group.this",
            "module.eks_blueprints.module.aws_eks.aws_eks_cluster.this",
            "module.eks_blueprints.module.aws_eks.aws_iam_role.this",
            "module.eks_blueprints.module.aws_eks.aws_iam_role_policy_attachment.this",
            "module.eks_blueprints.module.aws_eks.aws_security_group.cluster",
            "module.eks_blueprints.module.aws_eks.aws_security_group.node",
            "module.eks_blueprints.module.aws_eks.aws_security_group_rule.cluster",
            "module.eks_blueprints.module.aws_eks.aws_security_group_rule.node",
            "module.eks_blueprints.module.aws_eks.data.aws_caller_identity.current",
            "module.eks_blueprints.module.aws_eks.data.aws_iam_policy_document.assume_role_policy",
            "module.eks_blueprints.module.aws_eks.data.aws_partition.current",
            "module.eks_blueprints.module.aws_eks.module.kms.aws_kms_external_key.this",
            "module.eks_blueprints.module.aws_eks.module.kms.aws_kms_key.this",
            "module.eks_blueprints.module.aws_eks.module.kms.data.aws_caller_identity.current",
            "module.eks_blueprints.module.aws_eks.module.kms.data.aws_iam_policy_document.this",
            "module.eks_blueprints.module.aws_eks.module.kms.data.aws_partition.current",
            "module.eks_blueprints.module.kms.aws_kms_key.this",
            "module.kubernetes_addons.data.aws_caller_identity.current",
            "module.kubernetes_addons.data.aws_eks_cluster.eks_cluster",
            "module.kubernetes_addons.data.aws_partition.current",
            "module.kubernetes_addons.data.aws_region.current",
            "module.kubernetes_addons.module.prometheus.data.aws_iam_policy_document.ingest",
            "module.kubernetes_addons.time_sleep.dataplane"
          ]
        }
      ]
    },
    {
      "module": "module.kubernetes_addons.module.prometheus[0]",
      "mode": "managed",
      "type": "aws_iam_policy",
      "name": "query",
      "provider": "provider[\"registry.terraform.io/hashicorp/aws\"]",
      "instances": [
        {
          "index_key": 0,
          "schema_version": 0,
          "attributes": {
            "arn": "arn:aws:iam::535479350247:policy/amp-query-eks-blueprints-no-cilium",
            "description": "Set up the permission policy that grants query permissions for AMP workspace",
            "id": "arn:aws:iam::535479350247:policy/amp-query-eks-blueprints-no-cilium",
            "name": "amp-query-eks-blueprints-no-cilium",
            "name_prefix": "",
            "path": "/",
            "policy": "{\"Statement\":[{\"Action\":[\"aps:QueryMetrics\",\"aps:ListWorkspaces\",\"aps:GetSeries\",\"aps:GetMetricMetadata\",\"aps:GetLabels\"],\"Effect\":\"Allow\",\"Resource\":[\"arn:aws:aps:ap-southeast-1:535479350247:workspace/*/*\",\"arn:aws:aps:ap-southeast-1:535479350247:workspace/*\"],\"Sid\":\"\"}],\"Version\":\"2012-10-17\"}",
            "policy_id": "ANPAXZLIOOPTTVIIDFZHI",
            "tags": {},
            "tags_all": {}
          },
          "sensitive_attributes": [],
          "private": "bnVsbA==",
          "dependencies": [
            "module.eks_blueprints.data.aws_caller_identity.current",
            "module.eks_blueprints.data.aws_iam_policy_document.eks_key",
            "module.eks_blueprints.data.aws_iam_session_context.current",
            "module.eks_blueprints.data.aws_partition.current",
            "module.eks_blueprints.data.aws_region.current",
            "module.eks_blueprints.module.aws_eks.aws_cloudwatch_log_group.this",
            "module.eks_blueprints.module.aws_eks.aws_eks_cluster.this",
            "module.eks_blueprints.module.aws_eks.aws_iam_role.this",
            "module.eks_blueprints.module.aws_eks.aws_iam_role_policy_attachment.this",
            "module.eks_blueprints.module.aws_eks.aws_security_group.cluster",
            "module.eks_blueprints.module.aws_eks.aws_security_group.node",
            "module.eks_blueprints.module.aws_eks.aws_security_group_rule.cluster",
            "module.eks_blueprints.module.aws_eks.aws_security_group_rule.node",
            "module.eks_blueprints.module.aws_eks.data.aws_caller_identity.current",
            "module.eks_blueprints.module.aws_eks.data.aws_iam_policy_document.assume_role_policy",
            "module.eks_blueprints.module.aws_eks.data.aws_partition.current",
            "module.eks_blueprints.module.aws_eks.module.kms.aws_kms_external_key.this",
            "module.eks_blueprints.module.aws_eks.module.kms.aws_kms_key.this",
            "module.eks_blueprints.module.aws_eks.module.kms.data.aws_caller_identity.current",
            "module.eks_blueprints.module.aws_eks.module.kms.data.aws_iam_policy_document.this",
            "module.eks_blueprints.module.aws_eks.module.kms.data.aws_partition.current",
            "module.eks_blueprints.module.kms.aws_kms_key.this",
            "module.kubernetes_addons.data.aws_caller_identity.current",
            "module.kubernetes_addons.data.aws_eks_cluster.eks_cluster",
            "module.kubernetes_addons.data.aws_partition.current",
            "module.kubernetes_addons.data.aws_region.current",
            "module.kubernetes_addons.module.prometheus.data.aws_iam_policy_document.query",
            "module.kubernetes_addons.time_sleep.dataplane"
          ]
        }
      ]
    },
    {
      "module": "module.kubernetes_addons.module.prometheus[0]",
      "mode": "managed",
      "type": "kubernetes_namespace_v1",
      "name": "prometheus",
      "provider": "provider[\"registry.terraform.io/hashicorp/kubernetes\"]",
      "instances": [
        {
          "index_key": 0,
          "schema_version": 0,
          "attributes": {
            "id": "prometheus",
            "metadata": [
              {
                "annotations": {},
                "generate_name": "",
                "generation": 0,
                "labels": {},
                "name": "prometheus",
                "resource_version": "760",
                "uid": "030b9677-6551-41da-b026-ed60648662b8"
              }
            ],
            "timeouts": null
          },
          "sensitive_attributes": [],
          "private": "eyJlMmJmYjczMC1lY2FhLTExZTYtOGY4OC0zNDM2M2JjN2M0YzAiOnsiZGVsZXRlIjozMDAwMDAwMDAwMDB9fQ==",
          "dependencies": [
            "data.aws_eks_cluster_auth.this",
            "module.eks_blueprints.data.aws_caller_identity.current",
            "module.eks_blueprints.data.aws_iam_policy_document.eks_key",
            "module.eks_blueprints.data.aws_iam_session_context.current",
            "module.eks_blueprints.data.aws_partition.current",
            "module.eks_blueprints.data.aws_region.current",
            "module.eks_blueprints.module.aws_eks.aws_cloudwatch_log_group.this",
            "module.eks_blueprints.module.aws_eks.aws_eks_cluster.this",
            "module.eks_blueprints.module.aws_eks.aws_iam_role.this",
            "module.eks_blueprints.module.aws_eks.aws_iam_role_policy_attachment.this",
            "module.eks_blueprints.module.aws_eks.aws_security_group.cluster",
            "module.eks_blueprints.module.aws_eks.aws_security_group.node",
            "module.eks_blueprints.module.aws_eks.aws_security_group_rule.cluster",
            "module.eks_blueprints.module.aws_eks.aws_security_group_rule.node",
            "module.eks_blueprints.module.aws_eks.data.aws_caller_identity.current",
            "module.eks_blueprints.module.aws_eks.data.aws_iam_policy_document.assume_role_policy",
            "module.eks_blueprints.module.aws_eks.data.aws_partition.current",
            "module.eks_blueprints.module.aws_eks.module.kms.aws_kms_external_key.this",
            "module.eks_blueprints.module.aws_eks.module.kms.aws_kms_key.this",
            "module.eks_blueprints.module.aws_eks.module.kms.data.aws_caller_identity.current",
            "module.eks_blueprints.module.aws_eks.module.kms.data.aws_iam_policy_document.this",
            "module.eks_blueprints.module.aws_eks.module.kms.data.aws_partition.current",
            "module.eks_blueprints.module.kms.aws_kms_key.this"
          ]
        }
      ]
    },
    {
      "module": "module.kubernetes_addons.module.prometheus[0].module.irsa_amp_ingest[0]",
      "mode": "managed",
      "type": "aws_iam_role",
      "name": "irsa",
      "provider": "provider[\"registry.terraform.io/hashicorp/aws\"]",
      "instances": [
        {
          "index_key": 0,
          "schema_version": 0,
          "attributes": {
            "arn": "arn:aws:iam::535479350247:role/eks-blueprints-no-cilium-amp-ingest-irsa",
            "assume_role_policy": "{\"Statement\":[{\"Action\":\"sts:AssumeRoleWithWebIdentity\",\"Condition\":{\"StringLike\":{\"oidc.eks.ap-southeast-1.amazonaws.com/id/4E1D1891A6BC9B4979B6F5C288CF37CC:aud\":\"sts.amazonaws.com\",\"oidc.eks.ap-southeast-1.amazonaws.com/id/4E1D1891A6BC9B4979B6F5C288CF37CC:sub\":\"system:serviceaccount:prometheus:amp-ingest\"}},\"Effect\":\"Allow\",\"Principal\":{\"Federated\":\"arn:aws:iam::535479350247:oidc-provider/oidc.eks.ap-southeast-1.amazonaws.com/id/4E1D1891A6BC9B4979B6F5C288CF37CC\"}}],\"Version\":\"2012-10-17\"}",
            "create_date": "2023-04-18T08:38:41Z",
            "description": "AWS IAM Role for the Kubernetes service account amp-ingest.",
            "force_detach_policies": true,
            "id": "eks-blueprints-no-cilium-amp-ingest-irsa",
            "inline_policy": [],
            "managed_policy_arns": [
              "arn:aws:iam::535479350247:policy/amp-ingest-eks-blueprints-no-cilium"
            ],
            "max_session_duration": 3600,
            "name": "eks-blueprints-no-cilium-amp-ingest-irsa",
            "name_prefix": "",
            "path": "/",
            "permissions_boundary": "",
            "tags": {},
            "tags_all": {},
            "unique_id": "AROAXZLIOOPTSWIEHM4AI"
          },
          "sensitive_attributes": [],
          "private": "bnVsbA==",
          "dependencies": [
            "data.aws_eks_cluster_auth.this",
            "module.eks_blueprints.data.aws_caller_identity.current",
            "module.eks_blueprints.data.aws_iam_policy_document.eks_key",
            "module.eks_blueprints.data.aws_iam_session_context.current",
            "module.eks_blueprints.data.aws_partition.current",
            "module.eks_blueprints.data.aws_region.current",
            "module.eks_blueprints.module.aws_eks.aws_cloudwatch_log_group.this",
            "module.eks_blueprints.module.aws_eks.aws_eks_cluster.this",
            "module.eks_blueprints.module.aws_eks.aws_iam_role.this",
            "module.eks_blueprints.module.aws_eks.aws_iam_role_policy_attachment.this",
            "module.eks_blueprints.module.aws_eks.aws_security_group.cluster",
            "module.eks_blueprints.module.aws_eks.aws_security_group.node",
            "module.eks_blueprints.module.aws_eks.aws_security_group_rule.cluster",
            "module.eks_blueprints.module.aws_eks.aws_security_group_rule.node",
            "module.eks_blueprints.module.aws_eks.data.aws_caller_identity.current",
            "module.eks_blueprints.module.aws_eks.data.aws_iam_policy_document.assume_role_policy",
            "module.eks_blueprints.module.aws_eks.data.aws_partition.current",
            "module.eks_blueprints.module.aws_eks.module.kms.aws_kms_external_key.this",
            "module.eks_blueprints.module.aws_eks.module.kms.aws_kms_key.this",
            "module.eks_blueprints.module.aws_eks.module.kms.data.aws_caller_identity.current",
            "module.eks_blueprints.module.aws_eks.module.kms.data.aws_iam_policy_document.this",
            "module.eks_blueprints.module.aws_eks.module.kms.data.aws_partition.current",
            "module.eks_blueprints.module.kms.aws_kms_key.this",
            "module.kubernetes_addons.data.aws_caller_identity.current",
            "module.kubernetes_addons.data.aws_eks_cluster.eks_cluster",
            "module.kubernetes_addons.data.aws_partition.current",
            "module.kubernetes_addons.data.aws_region.current",
            "module.kubernetes_addons.module.prometheus.aws_iam_policy.ingest",
            "module.kubernetes_addons.module.prometheus.data.aws_iam_policy_document.ingest",
            "module.kubernetes_addons.module.prometheus.kubernetes_namespace_v1.prometheus",
            "module.kubernetes_addons.time_sleep.dataplane"
          ]
        }
      ]
    },
    {
      "module": "module.kubernetes_addons.module.prometheus[0].module.irsa_amp_ingest[0]",
      "mode": "managed",
      "type": "aws_iam_role_policy_attachment",
      "name": "irsa",
      "provider": "provider[\"registry.terraform.io/hashicorp/aws\"]",
      "instances": [
        {
          "index_key": 0,
          "schema_version": 0,
          "attributes": {
            "id": "eks-blueprints-no-cilium-amp-ingest-irsa-2023041808384318900000000c",
            "policy_arn": "arn:aws:iam::535479350247:policy/amp-ingest-eks-blueprints-no-cilium",
            "role": "eks-blueprints-no-cilium-amp-ingest-irsa"
          },
          "sensitive_attributes": [],
          "private": "bnVsbA==",
          "dependencies": [
            "data.aws_eks_cluster_auth.this",
            "module.eks_blueprints.data.aws_caller_identity.current",
            "module.eks_blueprints.data.aws_iam_policy_document.eks_key",
            "module.eks_blueprints.data.aws_iam_session_context.current",
            "module.eks_blueprints.data.aws_partition.current",
            "module.eks_blueprints.data.aws_region.current",
            "module.eks_blueprints.module.aws_eks.aws_cloudwatch_log_group.this",
            "module.eks_blueprints.module.aws_eks.aws_eks_cluster.this",
            "module.eks_blueprints.module.aws_eks.aws_iam_role.this",
            "module.eks_blueprints.module.aws_eks.aws_iam_role_policy_attachment.this",
            "module.eks_blueprints.module.aws_eks.aws_security_group.cluster",
            "module.eks_blueprints.module.aws_eks.aws_security_group.node",
            "module.eks_blueprints.module.aws_eks.aws_security_group_rule.cluster",
            "module.eks_blueprints.module.aws_eks.aws_security_group_rule.node",
            "module.eks_blueprints.module.aws_eks.data.aws_caller_identity.current",
            "module.eks_blueprints.module.aws_eks.data.aws_iam_policy_document.assume_role_policy",
            "module.eks_blueprints.module.aws_eks.data.aws_partition.current",
            "module.eks_blueprints.module.aws_eks.module.kms.aws_kms_external_key.this",
            "module.eks_blueprints.module.aws_eks.module.kms.aws_kms_key.this",
            "module.eks_blueprints.module.aws_eks.module.kms.data.aws_caller_identity.current",
            "module.eks_blueprints.module.aws_eks.module.kms.data.aws_iam_policy_document.this",
            "module.eks_blueprints.module.aws_eks.module.kms.data.aws_partition.current",
            "module.eks_blueprints.module.kms.aws_kms_key.this",
            "module.kubernetes_addons.data.aws_caller_identity.current",
            "module.kubernetes_addons.data.aws_eks_cluster.eks_cluster",
            "module.kubernetes_addons.data.aws_partition.current",
            "module.kubernetes_addons.data.aws_region.current",
            "module.kubernetes_addons.module.prometheus.aws_iam_policy.ingest",
            "module.kubernetes_addons.module.prometheus.data.aws_iam_policy_document.ingest",
            "module.kubernetes_addons.module.prometheus.kubernetes_namespace_v1.prometheus",
            "module.kubernetes_addons.module.prometheus.module.irsa_amp_ingest.aws_iam_role.irsa",
            "module.kubernetes_addons.time_sleep.dataplane"
          ]
        }
      ]
    },
    {
      "module": "module.kubernetes_addons.module.prometheus[0].module.irsa_amp_ingest[0]",
      "mode": "managed",
      "type": "kubernetes_service_account_v1",
      "name": "irsa",
      "provider": "provider[\"registry.terraform.io/hashicorp/kubernetes\"]",
      "instances": [
        {
          "index_key": 0,
          "schema_version": 0,
          "attributes": {
            "automount_service_account_token": true,
            "default_secret_name": "",
            "id": "prometheus/amp-ingest",
            "image_pull_secret": [],
            "metadata": [
              {
                "annotations": {
                  "eks.amazonaws.com/role-arn": "arn:aws:iam::535479350247:role/eks-blueprints-no-cilium-amp-ingest-irsa"
                },
                "generate_name": "",
                "generation": 0,
                "labels": {},
                "name": "amp-ingest",
                "namespace": "prometheus",
                "resource_version": "7552",
                "uid": "d8f390f6-d0b4-4d0c-a67f-f0ed2fa7e155"
              }
            ],
            "secret": [],
            "timeouts": null
          },
          "sensitive_attributes": [],
          "private": "eyJlMmJmYjczMC1lY2FhLTExZTYtOGY4OC0zNDM2M2JjN2M0YzAiOnsiY3JlYXRlIjozMDAwMDAwMDAwMH19",
          "dependencies": [
            "data.aws_eks_cluster_auth.this",
            "module.eks_blueprints.module.aws_eks.aws_eks_cluster.this",
            "module.kubernetes_addons.module.prometheus.aws_iam_policy.ingest",
            "module.kubernetes_addons.module.prometheus.kubernetes_namespace_v1.prometheus",
            "module.kubernetes_addons.module.prometheus.module.irsa_amp_ingest.aws_iam_role.irsa",
            "module.kubernetes_addons.module.prometheus.module.irsa_amp_ingest.kubernetes_namespace_v1.irsa"
          ]
        }
      ]
    },
    {
      "module": "module.kubernetes_addons.module.prometheus[0].module.irsa_amp_query[0]",
      "mode": "managed",
      "type": "aws_iam_role",
      "name": "irsa",
      "provider": "provider[\"registry.terraform.io/hashicorp/aws\"]",
      "instances": [
        {
          "index_key": 0,
          "schema_version": 0,
          "attributes": {
            "arn": "arn:aws:iam::535479350247:role/eks-blueprints-no-cilium-amp-query-irsa",
            "assume_role_policy": "{\"Statement\":[{\"Action\":\"sts:AssumeRoleWithWebIdentity\",\"Condition\":{\"StringLike\":{\"oidc.eks.ap-southeast-1.amazonaws.com/id/4E1D1891A6BC9B4979B6F5C288CF37CC:aud\":\"sts.amazonaws.com\",\"oidc.eks.ap-southeast-1.amazonaws.com/id/4E1D1891A6BC9B4979B6F5C288CF37CC:sub\":\"system:serviceaccount:prometheus:amp-query\"}},\"Effect\":\"Allow\",\"Principal\":{\"Federated\":\"arn:aws:iam::535479350247:oidc-provider/oidc.eks.ap-southeast-1.amazonaws.com/id/4E1D1891A6BC9B4979B6F5C288CF37CC\"}}],\"Version\":\"2012-10-17\"}",
            "create_date": "2023-04-18T08:38:41Z",
            "description": "AWS IAM Role for the Kubernetes service account amp-query.",
            "force_detach_policies": true,
            "id": "eks-blueprints-no-cilium-amp-query-irsa",
            "inline_policy": [],
            "managed_policy_arns": [
              "arn:aws:iam::535479350247:policy/amp-query-eks-blueprints-no-cilium"
            ],
            "max_session_duration": 3600,
            "name": "eks-blueprints-no-cilium-amp-query-irsa",
            "name_prefix": "",
            "path": "/",
            "permissions_boundary": "",
            "tags": {},
            "tags_all": {},
            "unique_id": "AROAXZLIOOPTQCJHBV3LB"
          },
          "sensitive_attributes": [],
          "private": "bnVsbA==",
          "dependencies": [
            "data.aws_eks_cluster_auth.this",
            "module.eks_blueprints.data.aws_caller_identity.current",
            "module.eks_blueprints.data.aws_iam_policy_document.eks_key",
            "module.eks_blueprints.data.aws_iam_session_context.current",
            "module.eks_blueprints.data.aws_partition.current",
            "module.eks_blueprints.data.aws_region.current",
            "module.eks_blueprints.module.aws_eks.aws_cloudwatch_log_group.this",
            "module.eks_blueprints.module.aws_eks.aws_eks_cluster.this",
            "module.eks_blueprints.module.aws_eks.aws_iam_role.this",
            "module.eks_blueprints.module.aws_eks.aws_iam_role_policy_attachment.this",
            "module.eks_blueprints.module.aws_eks.aws_security_group.cluster",
            "module.eks_blueprints.module.aws_eks.aws_security_group.node",
            "module.eks_blueprints.module.aws_eks.aws_security_group_rule.cluster",
            "module.eks_blueprints.module.aws_eks.aws_security_group_rule.node",
            "module.eks_blueprints.module.aws_eks.data.aws_caller_identity.current",
            "module.eks_blueprints.module.aws_eks.data.aws_iam_policy_document.assume_role_policy",
            "module.eks_blueprints.module.aws_eks.data.aws_partition.current",
            "module.eks_blueprints.module.aws_eks.module.kms.aws_kms_external_key.this",
            "module.eks_blueprints.module.aws_eks.module.kms.aws_kms_key.this",
            "module.eks_blueprints.module.aws_eks.module.kms.data.aws_caller_identity.current",
            "module.eks_blueprints.module.aws_eks.module.kms.data.aws_iam_policy_document.this",
            "module.eks_blueprints.module.aws_eks.module.kms.data.aws_partition.current",
            "module.eks_blueprints.module.kms.aws_kms_key.this",
            "module.kubernetes_addons.data.aws_caller_identity.current",
            "module.kubernetes_addons.data.aws_eks_cluster.eks_cluster",
            "module.kubernetes_addons.data.aws_partition.current",
            "module.kubernetes_addons.data.aws_region.current",
            "module.kubernetes_addons.module.prometheus.aws_iam_policy.query",
            "module.kubernetes_addons.module.prometheus.data.aws_iam_policy_document.query",
            "module.kubernetes_addons.module.prometheus.kubernetes_namespace_v1.prometheus",
            "module.kubernetes_addons.time_sleep.dataplane"
          ]
        }
      ]
    },
    {
      "module": "module.kubernetes_addons.module.prometheus[0].module.irsa_amp_query[0]",
      "mode": "managed",
      "type": "aws_iam_role_policy_attachment",
      "name": "irsa",
      "provider": "provider[\"registry.terraform.io/hashicorp/aws\"]",
      "instances": [
        {
          "index_key": 0,
          "schema_version": 0,
          "attributes": {
            "id": "eks-blueprints-no-cilium-amp-query-irsa-2023041808384351220000000d",
            "policy_arn": "arn:aws:iam::535479350247:policy/amp-query-eks-blueprints-no-cilium",
            "role": "eks-blueprints-no-cilium-amp-query-irsa"
          },
          "sensitive_attributes": [],
          "private": "bnVsbA==",
          "dependencies": [
            "data.aws_eks_cluster_auth.this",
            "module.eks_blueprints.data.aws_caller_identity.current",
            "module.eks_blueprints.data.aws_iam_policy_document.eks_key",
            "module.eks_blueprints.data.aws_iam_session_context.current",
            "module.eks_blueprints.data.aws_partition.current",
            "module.eks_blueprints.data.aws_region.current",
            "module.eks_blueprints.module.aws_eks.aws_cloudwatch_log_group.this",
            "module.eks_blueprints.module.aws_eks.aws_eks_cluster.this",
            "module.eks_blueprints.module.aws_eks.aws_iam_role.this",
            "module.eks_blueprints.module.aws_eks.aws_iam_role_policy_attachment.this",
            "module.eks_blueprints.module.aws_eks.aws_security_group.cluster",
            "module.eks_blueprints.module.aws_eks.aws_security_group.node",
            "module.eks_blueprints.module.aws_eks.aws_security_group_rule.cluster",
            "module.eks_blueprints.module.aws_eks.aws_security_group_rule.node",
            "module.eks_blueprints.module.aws_eks.data.aws_caller_identity.current",
            "module.eks_blueprints.module.aws_eks.data.aws_iam_policy_document.assume_role_policy",
            "module.eks_blueprints.module.aws_eks.data.aws_partition.current",
            "module.eks_blueprints.module.aws_eks.module.kms.aws_kms_external_key.this",
            "module.eks_blueprints.module.aws_eks.module.kms.aws_kms_key.this",
            "module.eks_blueprints.module.aws_eks.module.kms.data.aws_caller_identity.current",
            "module.eks_blueprints.module.aws_eks.module.kms.data.aws_iam_policy_document.this",
            "module.eks_blueprints.module.aws_eks.module.kms.data.aws_partition.current",
            "module.eks_blueprints.module.kms.aws_kms_key.this",
            "module.kubernetes_addons.data.aws_caller_identity.current",
            "module.kubernetes_addons.data.aws_eks_cluster.eks_cluster",
            "module.kubernetes_addons.data.aws_partition.current",
            "module.kubernetes_addons.data.aws_region.current",
            "module.kubernetes_addons.module.prometheus.aws_iam_policy.query",
            "module.kubernetes_addons.module.prometheus.data.aws_iam_policy_document.query",
            "module.kubernetes_addons.module.prometheus.kubernetes_namespace_v1.prometheus",
            "module.kubernetes_addons.module.prometheus.module.irsa_amp_query.aws_iam_role.irsa",
            "module.kubernetes_addons.time_sleep.dataplane"
          ]
        }
      ]
    },
    {
      "module": "module.kubernetes_addons.module.prometheus[0].module.irsa_amp_query[0]",
      "mode": "managed",
      "type": "kubernetes_service_account_v1",
      "name": "irsa",
      "provider": "provider[\"registry.terraform.io/hashicorp/kubernetes\"]",
      "instances": [
        {
          "index_key": 0,
          "schema_version": 0,
          "attributes": {
            "automount_service_account_token": true,
            "default_secret_name": "",
            "id": "prometheus/amp-query",
            "image_pull_secret": [],
            "metadata": [
              {
                "annotations": {
                  "eks.amazonaws.com/role-arn": "arn:aws:iam::535479350247:role/eks-blueprints-no-cilium-amp-query-irsa"
                },
                "generate_name": "",
                "generation": 0,
                "labels": {},
                "name": "amp-query",
                "namespace": "prometheus",
                "resource_version": "812",
                "uid": "68252c38-aa5f-4987-8d08-dc4d78d296d3"
              }
            ],
            "secret": [],
            "timeouts": null
          },
          "sensitive_attributes": [],
          "private": "eyJlMmJmYjczMC1lY2FhLTExZTYtOGY4OC0zNDM2M2JjN2M0YzAiOnsiY3JlYXRlIjozMDAwMDAwMDAwMH19",
          "dependencies": [
            "data.aws_eks_cluster_auth.this",
            "module.eks_blueprints.data.aws_caller_identity.current",
            "module.eks_blueprints.data.aws_iam_policy_document.eks_key",
            "module.eks_blueprints.data.aws_iam_session_context.current",
            "module.eks_blueprints.data.aws_partition.current",
            "module.eks_blueprints.data.aws_region.current",
            "module.eks_blueprints.module.aws_eks.aws_cloudwatch_log_group.this",
            "module.eks_blueprints.module.aws_eks.aws_eks_cluster.this",
            "module.eks_blueprints.module.aws_eks.aws_iam_role.this",
            "module.eks_blueprints.module.aws_eks.aws_iam_role_policy_attachment.this",
            "module.eks_blueprints.module.aws_eks.aws_security_group.cluster",
            "module.eks_blueprints.module.aws_eks.aws_security_group.node",
            "module.eks_blueprints.module.aws_eks.aws_security_group_rule.cluster",
            "module.eks_blueprints.module.aws_eks.aws_security_group_rule.node",
            "module.eks_blueprints.module.aws_eks.data.aws_caller_identity.current",
            "module.eks_blueprints.module.aws_eks.data.aws_iam_policy_document.assume_role_policy",
            "module.eks_blueprints.module.aws_eks.data.aws_partition.current",
            "module.eks_blueprints.module.aws_eks.module.kms.aws_kms_external_key.this",
            "module.eks_blueprints.module.aws_eks.module.kms.aws_kms_key.this",
            "module.eks_blueprints.module.aws_eks.module.kms.data.aws_caller_identity.current",
            "module.eks_blueprints.module.aws_eks.module.kms.data.aws_iam_policy_document.this",
            "module.eks_blueprints.module.aws_eks.module.kms.data.aws_partition.current",
            "module.eks_blueprints.module.kms.aws_kms_key.this",
            "module.kubernetes_addons.data.aws_caller_identity.current",
            "module.kubernetes_addons.data.aws_eks_cluster.eks_cluster",
            "module.kubernetes_addons.data.aws_partition.current",
            "module.kubernetes_addons.data.aws_region.current",
            "module.kubernetes_addons.module.prometheus.aws_iam_policy.query",
            "module.kubernetes_addons.module.prometheus.data.aws_iam_policy_document.query",
            "module.kubernetes_addons.module.prometheus.kubernetes_namespace_v1.prometheus",
            "module.kubernetes_addons.module.prometheus.module.irsa_amp_query.aws_iam_role.irsa",
            "module.kubernetes_addons.module.prometheus.module.irsa_amp_query.kubernetes_namespace_v1.irsa",
            "module.kubernetes_addons.time_sleep.dataplane"
          ]
        }
      ]
    }
  ],
  "check_results": null
}
