{
  "version": 4,
  "terraform_version": "1.3.7",
  "serial": 205,
  "lineage": "bdc80ce7-6824-3223-e202-10245c5d729f",
  "outputs": {
    "cloud9_url": {
      "value": "https://ap-southeast-1.console.aws.amazon.com/cloud9/ide/e89ea20f9c8f4441a1098d25a2e97a34",
      "type": "string"
    },
    "private_subnets": {
      "value": [
        "subnet-02c8807aa87203293",
        "subnet-07f5f1ba24b3977a3",
        "subnet-06ce4b34d71610ca9"
      ],
      "type": [
        "tuple",
        [
          "string",
          "string",
          "string"
        ]
      ]
    },
    "vpc_id": {
      "value": "vpc-0af288edccf304e96",
      "type": "string"
    }
  },
  "resources": [
    {
      "mode": "data",
      "type": "aws_availability_zones",
      "name": "available",
      "provider": "provider[\"registry.terraform.io/hashicorp/aws\"]",
      "instances": [
        {
          "schema_version": 0,
          "attributes": {
            "all_availability_zones": null,
            "exclude_names": null,
            "exclude_zone_ids": null,
            "filter": null,
            "group_names": [
              "ap-southeast-1"
            ],
            "id": "ap-southeast-1",
            "names": [
              "ap-southeast-1a",
              "ap-southeast-1b",
              "ap-southeast-1c"
            ],
            "state": null,
            "timeouts": null,
            "zone_ids": [
              "apse1-az1",
              "apse1-az2",
              "apse1-az3"
            ]
          },
          "sensitive_attributes": []
        }
      ]
    },
    {
      "mode": "managed",
      "type": "aws_cloud9_environment_ec2",
      "name": "eks_cloud9",
      "provider": "provider[\"registry.terraform.io/hashicorp/aws\"]",
      "instances": [
        {
          "schema_version": 0,
          "attributes": {
            "arn": "arn:aws:cloud9:ap-southeast-1:535479350247:environment:e89ea20f9c8f4441a1098d25a2e97a34",
            "automatic_stop_time_minutes": null,
            "connection_type": "CONNECT_SSH",
            "description": "Cloud9 Env to build a private EKS cluster",
            "id": "e89ea20f9c8f4441a1098d25a2e97a34",
            "image_id": null,
            "instance_type": "t3.small",
            "name": "EKS-Cloud9",
            "owner_arn": "arn:aws:sts::535479350247:assumed-role/AWSReservedSSO_AWSAdministratorAccess_9e93d8e0500e8de7/deepyan+tf-ct-aft@amazon.com",
            "subnet_id": "subnet-06f738424af2e7c2a",
            "tags": {
              "Blueprint": "private-eks-vpc",
              "GithubRepo": "github.com/aws-ia/terraform-aws-eks-blueprints"
            },
            "tags_all": {
              "Blueprint": "private-eks-vpc",
              "GithubRepo": "github.com/aws-ia/terraform-aws-eks-blueprints"
            },
            "type": "ec2"
          },
          "sensitive_attributes": [],
          "private": "bnVsbA==",
          "dependencies": [
            "data.aws_availability_zones.available",
            "module.cloud9_vpc.aws_subnet.public",
            "module.cloud9_vpc.aws_vpc.this",
            "module.cloud9_vpc.aws_vpc_ipv4_cidr_block_association.this"
          ]
        }
      ]
    },
    {
      "module": "module.aws_vpc",
      "mode": "managed",
      "type": "aws_subnet",
      "name": "private",
      "provider": "provider[\"registry.terraform.io/hashicorp/aws\"]",
      "instances": [
        {
          "index_key": 0,
          "schema_version": 1,
          "attributes": {
            "arn": "arn:aws:ec2:ap-southeast-1:535479350247:subnet/subnet-06edb80377e5d6e4c",
            "assign_ipv6_address_on_creation": false,
            "availability_zone": "ap-southeast-1a",
            "availability_zone_id": "apse1-az1",
            "cidr_block": "10.0.0.0/18",
            "customer_owned_ipv4_pool": "",
            "enable_dns64": false,
            "enable_resource_name_dns_a_record_on_launch": false,
            "enable_resource_name_dns_aaaa_record_on_launch": false,
            "id": "subnet-06edb80377e5d6e4c",
            "ipv6_cidr_block": "",
            "ipv6_cidr_block_association_id": "",
            "ipv6_native": false,
            "map_customer_owned_ip_on_launch": false,
            "map_public_ip_on_launch": false,
            "outpost_arn": "",
            "owner_id": "535479350247",
            "private_dns_hostname_type_on_launch": "ip-name",
            "tags": {
              "Blueprint": "private-eks-vpc",
              "GithubRepo": "github.com/aws-ia/terraform-aws-eks-blueprints",
              "Name": "private-eks-vpc-private-ap-southeast-1a",
              "kubernetes.io/cluster/private-eks-vpc": "shared",
              "kubernetes.io/role/internal-elb": "1"
            },
            "tags_all": {
              "Blueprint": "private-eks-vpc",
              "GithubRepo": "github.com/aws-ia/terraform-aws-eks-blueprints",
              "Name": "private-eks-vpc-private-ap-southeast-1a",
              "kubernetes.io/cluster/private-eks-vpc": "shared",
              "kubernetes.io/role/internal-elb": "1"
            },
            "timeouts": null,
            "vpc_id": "vpc-055e76ab56b6d6e06"
          },
          "sensitive_attributes": [],
          "private": "eyJlMmJmYjczMC1lY2FhLTExZTYtOGY4OC0zNDM2M2JjN2M0YzAiOnsiY3JlYXRlIjo2MDAwMDAwMDAwMDAsImRlbGV0ZSI6MTIwMDAwMDAwMDAwMH0sInNjaGVtYV92ZXJzaW9uIjoiMSJ9",
          "dependencies": [
            "data.aws_availability_zones.available",
            "module.aws_vpc.aws_vpc.this",
            "module.aws_vpc.aws_vpc_ipv4_cidr_block_association.this"
          ]
        }
      ]
    },
    {
      "module": "module.aws_vpc",
      "mode": "managed",
      "type": "aws_vpc",
      "name": "this",
      "provider": "provider[\"registry.terraform.io/hashicorp/aws\"]",
      "instances": [
        {
          "index_key": 0,
          "schema_version": 1,
          "attributes": {
            "arn": "arn:aws:ec2:ap-southeast-1:535479350247:vpc/vpc-055e76ab56b6d6e06",
            "assign_generated_ipv6_cidr_block": false,
            "cidr_block": "10.0.0.0/16",
            "default_network_acl_id": "acl-0e53d3c6fb62ab500",
            "default_route_table_id": "rtb-0423f7a1b6b79942f",
            "default_security_group_id": "sg-050fe0f798df5244e",
            "dhcp_options_id": "dopt-0ac80475708c18eec",
            "enable_classiclink": false,
            "enable_classiclink_dns_support": false,
            "enable_dns_hostnames": true,
            "enable_dns_support": true,
            "enable_network_address_usage_metrics": false,
            "id": "vpc-055e76ab56b6d6e06",
            "instance_tenancy": "default",
            "ipv4_ipam_pool_id": null,
            "ipv4_netmask_length": null,
            "ipv6_association_id": "",
            "ipv6_cidr_block": "",
            "ipv6_cidr_block_network_border_group": "",
            "ipv6_ipam_pool_id": "",
            "ipv6_netmask_length": 0,
            "main_route_table_id": "rtb-0423f7a1b6b79942f",
            "owner_id": "535479350247",
            "tags": {
              "Blueprint": "private-eks-vpc",
              "GithubRepo": "github.com/aws-ia/terraform-aws-eks-blueprints",
              "Name": "private-eks-vpc"
            },
            "tags_all": {
              "Blueprint": "private-eks-vpc",
              "GithubRepo": "github.com/aws-ia/terraform-aws-eks-blueprints",
              "Name": "private-eks-vpc"
            }
          },
          "sensitive_attributes": [],
          "private": "eyJzY2hlbWFfdmVyc2lvbiI6IjEifQ==",
          "create_before_destroy": true
        }
      ]
    },
    {
      "module": "module.cloud9_vpc",
      "mode": "managed",
      "type": "aws_default_network_acl",
      "name": "this",
      "provider": "provider[\"registry.terraform.io/hashicorp/aws\"]",
      "instances": [
        {
          "index_key": 0,
          "schema_version": 0,
          "attributes": {
            "arn": "arn:aws:ec2:ap-southeast-1:535479350247:network-acl/acl-00897d91020371103",
            "default_network_acl_id": "acl-00897d91020371103",
            "egress": [
              {
                "action": "allow",
                "cidr_block": "",
                "from_port": 0,
                "icmp_code": 0,
                "icmp_type": 0,
                "ipv6_cidr_block": "::/0",
                "protocol": "-1",
                "rule_no": 101,
                "to_port": 0
              },
              {
                "action": "allow",
                "cidr_block": "0.0.0.0/0",
                "from_port": 0,
                "icmp_code": 0,
                "icmp_type": 0,
                "ipv6_cidr_block": "",
                "protocol": "-1",
                "rule_no": 100,
                "to_port": 0
              }
            ],
            "id": "acl-00897d91020371103",
            "ingress": [
              {
                "action": "allow",
                "cidr_block": "",
                "from_port": 0,
                "icmp_code": 0,
                "icmp_type": 0,
                "ipv6_cidr_block": "::/0",
                "protocol": "-1",
                "rule_no": 101,
                "to_port": 0
              },
              {
                "action": "allow",
                "cidr_block": "0.0.0.0/0",
                "from_port": 0,
                "icmp_code": 0,
                "icmp_type": 0,
                "ipv6_cidr_block": "",
                "protocol": "-1",
                "rule_no": 100,
                "to_port": 0
              }
            ],
            "owner_id": "535479350247",
            "subnet_ids": [
              "subnet-02c8807aa87203293",
              "subnet-06ce4b34d71610ca9",
              "subnet-06f738424af2e7c2a",
              "subnet-07f5f1ba24b3977a3",
              "subnet-08cf93d80210aa3d0",
              "subnet-0cbb67fa7355ff904"
            ],
            "tags": {
              "Blueprint": "private-eks-vpc",
              "GithubRepo": "github.com/aws-ia/terraform-aws-eks-blueprints",
              "Name": "cloud9-vpc-default"
            },
            "tags_all": {
              "Blueprint": "private-eks-vpc",
              "GithubRepo": "github.com/aws-ia/terraform-aws-eks-blueprints",
              "Name": "cloud9-vpc-default"
            },
            "vpc_id": "vpc-0af288edccf304e96"
          },
          "sensitive_attributes": [],
          "private": "bnVsbA==",
          "dependencies": [
            "module.cloud9_vpc.aws_vpc.this"
          ]
        }
      ]
    },
    {
      "module": "module.cloud9_vpc",
      "mode": "managed",
      "type": "aws_default_route_table",
      "name": "default",
      "provider": "provider[\"registry.terraform.io/hashicorp/aws\"]",
      "instances": [
        {
          "index_key": 0,
          "schema_version": 0,
          "attributes": {
            "arn": "arn:aws:ec2:ap-southeast-1:535479350247:route-table/rtb-0eea8018b47561e8b",
            "default_route_table_id": "rtb-0eea8018b47561e8b",
            "id": "rtb-0eea8018b47561e8b",
            "owner_id": "535479350247",
            "propagating_vgws": [],
            "route": [],
            "tags": {
              "Blueprint": "private-eks-vpc",
              "GithubRepo": "github.com/aws-ia/terraform-aws-eks-blueprints",
              "Name": "cloud9-vpc-default"
            },
            "tags_all": {
              "Blueprint": "private-eks-vpc",
              "GithubRepo": "github.com/aws-ia/terraform-aws-eks-blueprints",
              "Name": "cloud9-vpc-default"
            },
            "timeouts": {
              "create": "5m",
              "update": "5m"
            },
            "vpc_id": "vpc-0af288edccf304e96"
          },
          "sensitive_attributes": [],
          "private": "eyJlMmJmYjczMC1lY2FhLTExZTYtOGY4OC0zNDM2M2JjN2M0YzAiOnsiY3JlYXRlIjozMDAwMDAwMDAwMDAsInVwZGF0ZSI6MzAwMDAwMDAwMDAwfX0=",
          "dependencies": [
            "module.cloud9_vpc.aws_vpc.this"
          ]
        }
      ]
    },
    {
      "module": "module.cloud9_vpc",
      "mode": "managed",
      "type": "aws_default_security_group",
      "name": "this",
      "provider": "provider[\"registry.terraform.io/hashicorp/aws\"]",
      "instances": [
        {
          "index_key": 0,
          "schema_version": 1,
          "attributes": {
            "arn": "arn:aws:ec2:ap-southeast-1:535479350247:security-group/sg-08f4e122cf3a04ee4",
            "description": "default VPC security group",
            "egress": [],
            "id": "sg-08f4e122cf3a04ee4",
            "ingress": [],
            "name": "default",
            "name_prefix": "",
            "owner_id": "535479350247",
            "revoke_rules_on_delete": false,
            "tags": {
              "Blueprint": "private-eks-vpc",
              "GithubRepo": "github.com/aws-ia/terraform-aws-eks-blueprints",
              "Name": "cloud9-vpc-default"
            },
            "tags_all": {
              "Blueprint": "private-eks-vpc",
              "GithubRepo": "github.com/aws-ia/terraform-aws-eks-blueprints",
              "Name": "cloud9-vpc-default"
            },
            "vpc_id": "vpc-0af288edccf304e96"
          },
          "sensitive_attributes": [],
          "private": "eyJzY2hlbWFfdmVyc2lvbiI6IjEifQ==",
          "dependencies": [
            "module.cloud9_vpc.aws_vpc.this"
          ]
        }
      ]
    },
    {
      "module": "module.cloud9_vpc",
      "mode": "managed",
      "type": "aws_eip",
      "name": "nat",
      "provider": "provider[\"registry.terraform.io/hashicorp/aws\"]",
      "instances": [
        {
          "index_key": 0,
          "schema_version": 0,
          "attributes": {
            "address": null,
            "allocation_id": "eipalloc-02f7c538922d2f0ed",
            "associate_with_private_ip": null,
            "association_id": "eipassoc-07b28dc43c3953758",
            "carrier_ip": "",
            "customer_owned_ip": "",
            "customer_owned_ipv4_pool": "",
            "domain": "vpc",
            "id": "eipalloc-02f7c538922d2f0ed",
            "instance": "",
            "network_border_group": "ap-southeast-1",
            "network_interface": "eni-066f6170542447936",
            "private_dns": "ip-172-31-0-245.ap-southeast-1.compute.internal",
            "private_ip": "172.31.0.245",
            "public_dns": "ec2-52-76-238-218.ap-southeast-1.compute.amazonaws.com",
            "public_ip": "52.76.238.218",
            "public_ipv4_pool": "amazon",
            "tags": {
              "Blueprint": "private-eks-vpc",
              "GithubRepo": "github.com/aws-ia/terraform-aws-eks-blueprints",
              "Name": "cloud9-vpc-ap-southeast-1a"
            },
            "tags_all": {
              "Blueprint": "private-eks-vpc",
              "GithubRepo": "github.com/aws-ia/terraform-aws-eks-blueprints",
              "Name": "cloud9-vpc-ap-southeast-1a"
            },
            "timeouts": null,
            "vpc": true
          },
          "sensitive_attributes": [],
          "private": "eyJlMmJmYjczMC1lY2FhLTExZTYtOGY4OC0zNDM2M2JjN2M0YzAiOnsiZGVsZXRlIjoxODAwMDAwMDAwMDAsInJlYWQiOjkwMDAwMDAwMDAwMCwidXBkYXRlIjozMDAwMDAwMDAwMDB9fQ==",
          "dependencies": [
            "data.aws_availability_zones.available"
          ]
        }
      ]
    },
    {
      "module": "module.cloud9_vpc",
      "mode": "managed",
      "type": "aws_internet_gateway",
      "name": "this",
      "provider": "provider[\"registry.terraform.io/hashicorp/aws\"]",
      "instances": [
        {
          "index_key": 0,
          "schema_version": 0,
          "attributes": {
            "arn": "arn:aws:ec2:ap-southeast-1:535479350247:internet-gateway/igw-0652fe2b26e574d8a",
            "id": "igw-0652fe2b26e574d8a",
            "owner_id": "535479350247",
            "tags": {
              "Blueprint": "private-eks-vpc",
              "GithubRepo": "github.com/aws-ia/terraform-aws-eks-blueprints",
              "Name": "cloud9-vpc"
            },
            "tags_all": {
              "Blueprint": "private-eks-vpc",
              "GithubRepo": "github.com/aws-ia/terraform-aws-eks-blueprints",
              "Name": "cloud9-vpc"
            },
            "timeouts": null,
            "vpc_id": "vpc-0af288edccf304e96"
          },
          "sensitive_attributes": [],
          "private": "eyJlMmJmYjczMC1lY2FhLTExZTYtOGY4OC0zNDM2M2JjN2M0YzAiOnsiY3JlYXRlIjoxMjAwMDAwMDAwMDAwLCJkZWxldGUiOjEyMDAwMDAwMDAwMDAsInVwZGF0ZSI6MTIwMDAwMDAwMDAwMH19",
          "dependencies": [
            "data.aws_availability_zones.available",
            "module.cloud9_vpc.aws_vpc.this",
            "module.cloud9_vpc.aws_vpc_ipv4_cidr_block_association.this"
          ]
        }
      ]
    },
    {
      "module": "module.cloud9_vpc",
      "mode": "managed",
      "type": "aws_nat_gateway",
      "name": "this",
      "provider": "provider[\"registry.terraform.io/hashicorp/aws\"]",
      "instances": [
        {
          "index_key": 0,
          "schema_version": 0,
          "attributes": {
            "allocation_id": "eipalloc-02f7c538922d2f0ed",
            "connectivity_type": "public",
            "id": "nat-093b5435af0771d52",
            "network_interface_id": "eni-066f6170542447936",
            "private_ip": "172.31.0.245",
            "public_ip": "52.76.238.218",
            "subnet_id": "subnet-06f738424af2e7c2a",
            "tags": {
              "Blueprint": "private-eks-vpc",
              "GithubRepo": "github.com/aws-ia/terraform-aws-eks-blueprints",
              "Name": "cloud9-vpc-ap-southeast-1a"
            },
            "tags_all": {
              "Blueprint": "private-eks-vpc",
              "GithubRepo": "github.com/aws-ia/terraform-aws-eks-blueprints",
              "Name": "cloud9-vpc-ap-southeast-1a"
            }
          },
          "sensitive_attributes": [],
          "private": "bnVsbA==",
          "dependencies": [
            "data.aws_availability_zones.available",
            "module.cloud9_vpc.aws_eip.nat",
            "module.cloud9_vpc.aws_internet_gateway.this",
            "module.cloud9_vpc.aws_subnet.public",
            "module.cloud9_vpc.aws_vpc.this",
            "module.cloud9_vpc.aws_vpc_ipv4_cidr_block_association.this"
          ]
        }
      ]
    },
    {
      "module": "module.cloud9_vpc",
      "mode": "managed",
      "type": "aws_route",
      "name": "private_nat_gateway",
      "provider": "provider[\"registry.terraform.io/hashicorp/aws\"]",
      "instances": [
        {
          "index_key": 0,
          "schema_version": 0,
          "attributes": {
            "carrier_gateway_id": "",
            "core_network_arn": "",
            "destination_cidr_block": "0.0.0.0/0",
            "destination_ipv6_cidr_block": "",
            "destination_prefix_list_id": "",
            "egress_only_gateway_id": "",
            "gateway_id": "",
            "id": "r-rtb-0e15c2f7c7e8020b31080289494",
            "instance_id": "",
            "instance_owner_id": "",
            "local_gateway_id": "",
            "nat_gateway_id": "nat-093b5435af0771d52",
            "network_interface_id": "",
            "origin": "CreateRoute",
            "route_table_id": "rtb-0e15c2f7c7e8020b3",
            "state": "active",
            "timeouts": {
              "create": "5m",
              "delete": null,
              "update": null
            },
            "transit_gateway_id": "",
            "vpc_endpoint_id": "",
            "vpc_peering_connection_id": ""
          },
          "sensitive_attributes": [],
          "private": "eyJlMmJmYjczMC1lY2FhLTExZTYtOGY4OC0zNDM2M2JjN2M0YzAiOnsiY3JlYXRlIjozMDAwMDAwMDAwMDAsImRlbGV0ZSI6MzAwMDAwMDAwMDAwLCJ1cGRhdGUiOjEyMDAwMDAwMDAwMH19",
          "dependencies": [
            "data.aws_availability_zones.available",
            "module.cloud9_vpc.aws_eip.nat",
            "module.cloud9_vpc.aws_internet_gateway.this",
            "module.cloud9_vpc.aws_nat_gateway.this",
            "module.cloud9_vpc.aws_route_table.private",
            "module.cloud9_vpc.aws_subnet.public",
            "module.cloud9_vpc.aws_vpc.this",
            "module.cloud9_vpc.aws_vpc_ipv4_cidr_block_association.this"
          ]
        }
      ]
    },
    {
      "module": "module.cloud9_vpc",
      "mode": "managed",
      "type": "aws_route",
      "name": "public_internet_gateway",
      "provider": "provider[\"registry.terraform.io/hashicorp/aws\"]",
      "instances": [
        {
          "index_key": 0,
          "schema_version": 0,
          "attributes": {
            "carrier_gateway_id": "",
            "core_network_arn": "",
            "destination_cidr_block": "0.0.0.0/0",
            "destination_ipv6_cidr_block": "",
            "destination_prefix_list_id": "",
            "egress_only_gateway_id": "",
            "gateway_id": "igw-0652fe2b26e574d8a",
            "id": "r-rtb-002becdd0162623771080289494",
            "instance_id": "",
            "instance_owner_id": "",
            "local_gateway_id": "",
            "nat_gateway_id": "",
            "network_interface_id": "",
            "origin": "CreateRoute",
            "route_table_id": "rtb-002becdd016262377",
            "state": "active",
            "timeouts": {
              "create": "5m",
              "delete": null,
              "update": null
            },
            "transit_gateway_id": "",
            "vpc_endpoint_id": "",
            "vpc_peering_connection_id": ""
          },
          "sensitive_attributes": [],
          "private": "eyJlMmJmYjczMC1lY2FhLTExZTYtOGY4OC0zNDM2M2JjN2M0YzAiOnsiY3JlYXRlIjozMDAwMDAwMDAwMDAsImRlbGV0ZSI6MzAwMDAwMDAwMDAwLCJ1cGRhdGUiOjEyMDAwMDAwMDAwMH19",
          "dependencies": [
            "data.aws_availability_zones.available",
            "module.cloud9_vpc.aws_internet_gateway.this",
            "module.cloud9_vpc.aws_route_table.public",
            "module.cloud9_vpc.aws_vpc.this",
            "module.cloud9_vpc.aws_vpc_ipv4_cidr_block_association.this"
          ]
        }
      ]
    },
    {
      "module": "module.cloud9_vpc",
      "mode": "managed",
      "type": "aws_route_table",
      "name": "private",
      "provider": "provider[\"registry.terraform.io/hashicorp/aws\"]",
      "instances": [
        {
          "index_key": 0,
          "schema_version": 0,
          "attributes": {
            "arn": "arn:aws:ec2:ap-southeast-1:535479350247:route-table/rtb-0e15c2f7c7e8020b3",
            "id": "rtb-0e15c2f7c7e8020b3",
            "owner_id": "535479350247",
            "propagating_vgws": [],
            "route": [
              {
                "carrier_gateway_id": "",
                "cidr_block": "0.0.0.0/0",
                "core_network_arn": "",
                "destination_prefix_list_id": "",
                "egress_only_gateway_id": "",
                "gateway_id": "",
                "instance_id": "",
                "ipv6_cidr_block": "",
                "local_gateway_id": "",
                "nat_gateway_id": "nat-093b5435af0771d52",
                "network_interface_id": "",
                "transit_gateway_id": "",
                "vpc_endpoint_id": "",
                "vpc_peering_connection_id": ""
              },
              {
                "carrier_gateway_id": "",
                "cidr_block": "10.0.0.0/16",
                "core_network_arn": "",
                "destination_prefix_list_id": "",
                "egress_only_gateway_id": "",
                "gateway_id": "",
                "instance_id": "",
                "ipv6_cidr_block": "",
                "local_gateway_id": "",
                "nat_gateway_id": "",
                "network_interface_id": "",
                "transit_gateway_id": "",
                "vpc_endpoint_id": "",
                "vpc_peering_connection_id": "pcx-0049f73e35a9487e7"
              }
            ],
            "tags": {
              "Blueprint": "private-eks-vpc",
              "GithubRepo": "github.com/aws-ia/terraform-aws-eks-blueprints",
              "Name": "cloud9-vpc-private"
            },
            "tags_all": {
              "Blueprint": "private-eks-vpc",
              "GithubRepo": "github.com/aws-ia/terraform-aws-eks-blueprints",
              "Name": "cloud9-vpc-private"
            },
            "timeouts": null,
            "vpc_id": "vpc-0af288edccf304e96"
          },
          "sensitive_attributes": [],
          "private": "eyJlMmJmYjczMC1lY2FhLTExZTYtOGY4OC0zNDM2M2JjN2M0YzAiOnsiY3JlYXRlIjozMDAwMDAwMDAwMDAsImRlbGV0ZSI6MzAwMDAwMDAwMDAwLCJ1cGRhdGUiOjEyMDAwMDAwMDAwMH19",
          "dependencies": [
            "data.aws_availability_zones.available",
            "module.cloud9_vpc.aws_vpc.this",
            "module.cloud9_vpc.aws_vpc_ipv4_cidr_block_association.this"
          ]
        }
      ]
    },
    {
      "module": "module.cloud9_vpc",
      "mode": "managed",
      "type": "aws_route_table",
      "name": "public",
      "provider": "provider[\"registry.terraform.io/hashicorp/aws\"]",
      "instances": [
        {
          "index_key": 0,
          "schema_version": 0,
          "attributes": {
            "arn": "arn:aws:ec2:ap-southeast-1:535479350247:route-table/rtb-002becdd016262377",
            "id": "rtb-002becdd016262377",
            "owner_id": "535479350247",
            "propagating_vgws": [],
            "route": [
              {
                "carrier_gateway_id": "",
                "cidr_block": "0.0.0.0/0",
                "core_network_arn": "",
                "destination_prefix_list_id": "",
                "egress_only_gateway_id": "",
                "gateway_id": "igw-0652fe2b26e574d8a",
                "instance_id": "",
                "ipv6_cidr_block": "",
                "local_gateway_id": "",
                "nat_gateway_id": "",
                "network_interface_id": "",
                "transit_gateway_id": "",
                "vpc_endpoint_id": "",
                "vpc_peering_connection_id": ""
              },
              {
                "carrier_gateway_id": "",
                "cidr_block": "10.0.0.0/16",
                "core_network_arn": "",
                "destination_prefix_list_id": "",
                "egress_only_gateway_id": "",
                "gateway_id": "",
                "instance_id": "",
                "ipv6_cidr_block": "",
                "local_gateway_id": "",
                "nat_gateway_id": "",
                "network_interface_id": "",
                "transit_gateway_id": "",
                "vpc_endpoint_id": "",
                "vpc_peering_connection_id": "pcx-0049f73e35a9487e7"
              }
            ],
            "tags": {
              "Blueprint": "private-eks-vpc",
              "GithubRepo": "github.com/aws-ia/terraform-aws-eks-blueprints",
              "Name": "cloud9-vpc-public"
            },
            "tags_all": {
              "Blueprint": "private-eks-vpc",
              "GithubRepo": "github.com/aws-ia/terraform-aws-eks-blueprints",
              "Name": "cloud9-vpc-public"
            },
            "timeouts": null,
            "vpc_id": "vpc-0af288edccf304e96"
          },
          "sensitive_attributes": [],
          "private": "eyJlMmJmYjczMC1lY2FhLTExZTYtOGY4OC0zNDM2M2JjN2M0YzAiOnsiY3JlYXRlIjozMDAwMDAwMDAwMDAsImRlbGV0ZSI6MzAwMDAwMDAwMDAwLCJ1cGRhdGUiOjEyMDAwMDAwMDAwMH19",
          "dependencies": [
            "data.aws_availability_zones.available",
            "module.cloud9_vpc.aws_vpc.this",
            "module.cloud9_vpc.aws_vpc_ipv4_cidr_block_association.this"
          ]
        }
      ]
    },
    {
      "module": "module.cloud9_vpc",
      "mode": "managed",
      "type": "aws_route_table_association",
      "name": "private",
      "provider": "provider[\"registry.terraform.io/hashicorp/aws\"]",
      "instances": [
        {
          "index_key": 0,
          "schema_version": 0,
          "attributes": {
            "gateway_id": "",
            "id": "rtbassoc-003c39d161acccd19",
            "route_table_id": "rtb-0e15c2f7c7e8020b3",
            "subnet_id": "subnet-02c8807aa87203293"
          },
          "sensitive_attributes": [],
          "private": "bnVsbA==",
          "dependencies": [
            "data.aws_availability_zones.available",
            "module.cloud9_vpc.aws_route_table.private",
            "module.cloud9_vpc.aws_subnet.private",
            "module.cloud9_vpc.aws_vpc.this",
            "module.cloud9_vpc.aws_vpc_ipv4_cidr_block_association.this"
          ]
        },
        {
          "index_key": 1,
          "schema_version": 0,
          "attributes": {
            "gateway_id": "",
            "id": "rtbassoc-08291d42f5bd0a153",
            "route_table_id": "rtb-0e15c2f7c7e8020b3",
            "subnet_id": "subnet-07f5f1ba24b3977a3"
          },
          "sensitive_attributes": [],
          "private": "bnVsbA==",
          "dependencies": [
            "data.aws_availability_zones.available",
            "module.cloud9_vpc.aws_route_table.private",
            "module.cloud9_vpc.aws_subnet.private",
            "module.cloud9_vpc.aws_vpc.this",
            "module.cloud9_vpc.aws_vpc_ipv4_cidr_block_association.this"
          ]
        },
        {
          "index_key": 2,
          "schema_version": 0,
          "attributes": {
            "gateway_id": "",
            "id": "rtbassoc-0841c6e228bac9119",
            "route_table_id": "rtb-0e15c2f7c7e8020b3",
            "subnet_id": "subnet-06ce4b34d71610ca9"
          },
          "sensitive_attributes": [],
          "private": "bnVsbA==",
          "dependencies": [
            "data.aws_availability_zones.available",
            "module.cloud9_vpc.aws_route_table.private",
            "module.cloud9_vpc.aws_subnet.private",
            "module.cloud9_vpc.aws_vpc.this",
            "module.cloud9_vpc.aws_vpc_ipv4_cidr_block_association.this"
          ]
        }
      ]
    },
    {
      "module": "module.cloud9_vpc",
      "mode": "managed",
      "type": "aws_route_table_association",
      "name": "public",
      "provider": "provider[\"registry.terraform.io/hashicorp/aws\"]",
      "instances": [
        {
          "index_key": 0,
          "schema_version": 0,
          "attributes": {
            "gateway_id": "",
            "id": "rtbassoc-02f77fe408d565005",
            "route_table_id": "rtb-002becdd016262377",
            "subnet_id": "subnet-06f738424af2e7c2a"
          },
          "sensitive_attributes": [],
          "private": "bnVsbA==",
          "dependencies": [
            "data.aws_availability_zones.available",
            "module.cloud9_vpc.aws_route_table.public",
            "module.cloud9_vpc.aws_subnet.public",
            "module.cloud9_vpc.aws_vpc.this",
            "module.cloud9_vpc.aws_vpc_ipv4_cidr_block_association.this"
          ]
        },
        {
          "index_key": 1,
          "schema_version": 0,
          "attributes": {
            "gateway_id": "",
            "id": "rtbassoc-0a4a5422ab195038d",
            "route_table_id": "rtb-002becdd016262377",
            "subnet_id": "subnet-0cbb67fa7355ff904"
          },
          "sensitive_attributes": [],
          "private": "bnVsbA==",
          "dependencies": [
            "data.aws_availability_zones.available",
            "module.cloud9_vpc.aws_route_table.public",
            "module.cloud9_vpc.aws_subnet.public",
            "module.cloud9_vpc.aws_vpc.this",
            "module.cloud9_vpc.aws_vpc_ipv4_cidr_block_association.this"
          ]
        },
        {
          "index_key": 2,
          "schema_version": 0,
          "attributes": {
            "gateway_id": "",
            "id": "rtbassoc-03c8d19bda5624c48",
            "route_table_id": "rtb-002becdd016262377",
            "subnet_id": "subnet-08cf93d80210aa3d0"
          },
          "sensitive_attributes": [],
          "private": "bnVsbA==",
          "dependencies": [
            "data.aws_availability_zones.available",
            "module.cloud9_vpc.aws_route_table.public",
            "module.cloud9_vpc.aws_subnet.public",
            "module.cloud9_vpc.aws_vpc.this",
            "module.cloud9_vpc.aws_vpc_ipv4_cidr_block_association.this"
          ]
        }
      ]
    },
    {
      "module": "module.cloud9_vpc",
      "mode": "managed",
      "type": "aws_subnet",
      "name": "private",
      "provider": "provider[\"registry.terraform.io/hashicorp/aws\"]",
      "instances": [
        {
          "index_key": 0,
          "schema_version": 1,
          "attributes": {
            "arn": "arn:aws:ec2:ap-southeast-1:535479350247:subnet/subnet-02c8807aa87203293",
            "assign_ipv6_address_on_creation": false,
            "availability_zone": "ap-southeast-1a",
            "availability_zone_id": "apse1-az1",
            "cidr_block": "172.31.10.0/24",
            "customer_owned_ipv4_pool": "",
            "enable_dns64": false,
            "enable_resource_name_dns_a_record_on_launch": false,
            "enable_resource_name_dns_aaaa_record_on_launch": false,
            "id": "subnet-02c8807aa87203293",
            "ipv6_cidr_block": "",
            "ipv6_cidr_block_association_id": "",
            "ipv6_native": false,
            "map_customer_owned_ip_on_launch": false,
            "map_public_ip_on_launch": false,
            "outpost_arn": "",
            "owner_id": "535479350247",
            "private_dns_hostname_type_on_launch": "ip-name",
            "tags": {
              "Blueprint": "private-eks-vpc",
              "GithubRepo": "github.com/aws-ia/terraform-aws-eks-blueprints",
              "Name": "cloud9-vpc-private-ap-southeast-1a"
            },
            "tags_all": {
              "Blueprint": "private-eks-vpc",
              "GithubRepo": "github.com/aws-ia/terraform-aws-eks-blueprints",
              "Name": "cloud9-vpc-private-ap-southeast-1a"
            },
            "timeouts": null,
            "vpc_id": "vpc-0af288edccf304e96"
          },
          "sensitive_attributes": [],
          "private": "eyJlMmJmYjczMC1lY2FhLTExZTYtOGY4OC0zNDM2M2JjN2M0YzAiOnsiY3JlYXRlIjo2MDAwMDAwMDAwMDAsImRlbGV0ZSI6MTIwMDAwMDAwMDAwMH0sInNjaGVtYV92ZXJzaW9uIjoiMSJ9",
          "dependencies": [
            "data.aws_availability_zones.available",
            "module.cloud9_vpc.aws_vpc.this",
            "module.cloud9_vpc.aws_vpc_ipv4_cidr_block_association.this"
          ]
        },
        {
          "index_key": 1,
          "schema_version": 1,
          "attributes": {
            "arn": "arn:aws:ec2:ap-southeast-1:535479350247:subnet/subnet-07f5f1ba24b3977a3",
            "assign_ipv6_address_on_creation": false,
            "availability_zone": "ap-southeast-1b",
            "availability_zone_id": "apse1-az2",
            "cidr_block": "172.31.11.0/24",
            "customer_owned_ipv4_pool": "",
            "enable_dns64": false,
            "enable_resource_name_dns_a_record_on_launch": false,
            "enable_resource_name_dns_aaaa_record_on_launch": false,
            "id": "subnet-07f5f1ba24b3977a3",
            "ipv6_cidr_block": "",
            "ipv6_cidr_block_association_id": "",
            "ipv6_native": false,
            "map_customer_owned_ip_on_launch": false,
            "map_public_ip_on_launch": false,
            "outpost_arn": "",
            "owner_id": "535479350247",
            "private_dns_hostname_type_on_launch": "ip-name",
            "tags": {
              "Blueprint": "private-eks-vpc",
              "GithubRepo": "github.com/aws-ia/terraform-aws-eks-blueprints",
              "Name": "cloud9-vpc-private-ap-southeast-1b"
            },
            "tags_all": {
              "Blueprint": "private-eks-vpc",
              "GithubRepo": "github.com/aws-ia/terraform-aws-eks-blueprints",
              "Name": "cloud9-vpc-private-ap-southeast-1b"
            },
            "timeouts": null,
            "vpc_id": "vpc-0af288edccf304e96"
          },
          "sensitive_attributes": [],
          "private": "eyJlMmJmYjczMC1lY2FhLTExZTYtOGY4OC0zNDM2M2JjN2M0YzAiOnsiY3JlYXRlIjo2MDAwMDAwMDAwMDAsImRlbGV0ZSI6MTIwMDAwMDAwMDAwMH0sInNjaGVtYV92ZXJzaW9uIjoiMSJ9",
          "dependencies": [
            "data.aws_availability_zones.available",
            "module.cloud9_vpc.aws_vpc.this",
            "module.cloud9_vpc.aws_vpc_ipv4_cidr_block_association.this"
          ]
        },
        {
          "index_key": 2,
          "schema_version": 1,
          "attributes": {
            "arn": "arn:aws:ec2:ap-southeast-1:535479350247:subnet/subnet-06ce4b34d71610ca9",
            "assign_ipv6_address_on_creation": false,
            "availability_zone": "ap-southeast-1c",
            "availability_zone_id": "apse1-az3",
            "cidr_block": "172.31.12.0/24",
            "customer_owned_ipv4_pool": "",
            "enable_dns64": false,
            "enable_resource_name_dns_a_record_on_launch": false,
            "enable_resource_name_dns_aaaa_record_on_launch": false,
            "id": "subnet-06ce4b34d71610ca9",
            "ipv6_cidr_block": "",
            "ipv6_cidr_block_association_id": "",
            "ipv6_native": false,
            "map_customer_owned_ip_on_launch": false,
            "map_public_ip_on_launch": false,
            "outpost_arn": "",
            "owner_id": "535479350247",
            "private_dns_hostname_type_on_launch": "ip-name",
            "tags": {
              "Blueprint": "private-eks-vpc",
              "GithubRepo": "github.com/aws-ia/terraform-aws-eks-blueprints",
              "Name": "cloud9-vpc-private-ap-southeast-1c"
            },
            "tags_all": {
              "Blueprint": "private-eks-vpc",
              "GithubRepo": "github.com/aws-ia/terraform-aws-eks-blueprints",
              "Name": "cloud9-vpc-private-ap-southeast-1c"
            },
            "timeouts": null,
            "vpc_id": "vpc-0af288edccf304e96"
          },
          "sensitive_attributes": [],
          "private": "eyJlMmJmYjczMC1lY2FhLTExZTYtOGY4OC0zNDM2M2JjN2M0YzAiOnsiY3JlYXRlIjo2MDAwMDAwMDAwMDAsImRlbGV0ZSI6MTIwMDAwMDAwMDAwMH0sInNjaGVtYV92ZXJzaW9uIjoiMSJ9",
          "dependencies": [
            "data.aws_availability_zones.available",
            "module.cloud9_vpc.aws_vpc.this",
            "module.cloud9_vpc.aws_vpc_ipv4_cidr_block_association.this"
          ]
        }
      ]
    },
    {
      "module": "module.cloud9_vpc",
      "mode": "managed",
      "type": "aws_subnet",
      "name": "public",
      "provider": "provider[\"registry.terraform.io/hashicorp/aws\"]",
      "instances": [
        {
          "index_key": 0,
          "schema_version": 1,
          "attributes": {
            "arn": "arn:aws:ec2:ap-southeast-1:535479350247:subnet/subnet-06f738424af2e7c2a",
            "assign_ipv6_address_on_creation": false,
            "availability_zone": "ap-southeast-1a",
            "availability_zone_id": "apse1-az1",
            "cidr_block": "172.31.0.0/24",
            "customer_owned_ipv4_pool": "",
            "enable_dns64": false,
            "enable_resource_name_dns_a_record_on_launch": false,
            "enable_resource_name_dns_aaaa_record_on_launch": false,
            "id": "subnet-06f738424af2e7c2a",
            "ipv6_cidr_block": "",
            "ipv6_cidr_block_association_id": "",
            "ipv6_native": false,
            "map_customer_owned_ip_on_launch": false,
            "map_public_ip_on_launch": true,
            "outpost_arn": "",
            "owner_id": "535479350247",
            "private_dns_hostname_type_on_launch": "ip-name",
            "tags": {
              "Blueprint": "private-eks-vpc",
              "GithubRepo": "github.com/aws-ia/terraform-aws-eks-blueprints",
              "Name": "cloud9-vpc-public-ap-southeast-1a"
            },
            "tags_all": {
              "Blueprint": "private-eks-vpc",
              "GithubRepo": "github.com/aws-ia/terraform-aws-eks-blueprints",
              "Name": "cloud9-vpc-public-ap-southeast-1a"
            },
            "timeouts": null,
            "vpc_id": "vpc-0af288edccf304e96"
          },
          "sensitive_attributes": [],
          "private": "eyJlMmJmYjczMC1lY2FhLTExZTYtOGY4OC0zNDM2M2JjN2M0YzAiOnsiY3JlYXRlIjo2MDAwMDAwMDAwMDAsImRlbGV0ZSI6MTIwMDAwMDAwMDAwMH0sInNjaGVtYV92ZXJzaW9uIjoiMSJ9",
          "dependencies": [
            "data.aws_availability_zones.available",
            "module.cloud9_vpc.aws_vpc.this",
            "module.cloud9_vpc.aws_vpc_ipv4_cidr_block_association.this"
          ]
        },
        {
          "index_key": 1,
          "schema_version": 1,
          "attributes": {
            "arn": "arn:aws:ec2:ap-southeast-1:535479350247:subnet/subnet-0cbb67fa7355ff904",
            "assign_ipv6_address_on_creation": false,
            "availability_zone": "ap-southeast-1b",
            "availability_zone_id": "apse1-az2",
            "cidr_block": "172.31.1.0/24",
            "customer_owned_ipv4_pool": "",
            "enable_dns64": false,
            "enable_resource_name_dns_a_record_on_launch": false,
            "enable_resource_name_dns_aaaa_record_on_launch": false,
            "id": "subnet-0cbb67fa7355ff904",
            "ipv6_cidr_block": "",
            "ipv6_cidr_block_association_id": "",
            "ipv6_native": false,
            "map_customer_owned_ip_on_launch": false,
            "map_public_ip_on_launch": true,
            "outpost_arn": "",
            "owner_id": "535479350247",
            "private_dns_hostname_type_on_launch": "ip-name",
            "tags": {
              "Blueprint": "private-eks-vpc",
              "GithubRepo": "github.com/aws-ia/terraform-aws-eks-blueprints",
              "Name": "cloud9-vpc-public-ap-southeast-1b"
            },
            "tags_all": {
              "Blueprint": "private-eks-vpc",
              "GithubRepo": "github.com/aws-ia/terraform-aws-eks-blueprints",
              "Name": "cloud9-vpc-public-ap-southeast-1b"
            },
            "timeouts": null,
            "vpc_id": "vpc-0af288edccf304e96"
          },
          "sensitive_attributes": [],
          "private": "eyJlMmJmYjczMC1lY2FhLTExZTYtOGY4OC0zNDM2M2JjN2M0YzAiOnsiY3JlYXRlIjo2MDAwMDAwMDAwMDAsImRlbGV0ZSI6MTIwMDAwMDAwMDAwMH0sInNjaGVtYV92ZXJzaW9uIjoiMSJ9",
          "dependencies": [
            "data.aws_availability_zones.available",
            "module.cloud9_vpc.aws_vpc.this",
            "module.cloud9_vpc.aws_vpc_ipv4_cidr_block_association.this"
          ]
        },
        {
          "index_key": 2,
          "schema_version": 1,
          "attributes": {
            "arn": "arn:aws:ec2:ap-southeast-1:535479350247:subnet/subnet-08cf93d80210aa3d0",
            "assign_ipv6_address_on_creation": false,
            "availability_zone": "ap-southeast-1c",
            "availability_zone_id": "apse1-az3",
            "cidr_block": "172.31.2.0/24",
            "customer_owned_ipv4_pool": "",
            "enable_dns64": false,
            "enable_resource_name_dns_a_record_on_launch": false,
            "enable_resource_name_dns_aaaa_record_on_launch": false,
            "id": "subnet-08cf93d80210aa3d0",
            "ipv6_cidr_block": "",
            "ipv6_cidr_block_association_id": "",
            "ipv6_native": false,
            "map_customer_owned_ip_on_launch": false,
            "map_public_ip_on_launch": true,
            "outpost_arn": "",
            "owner_id": "535479350247",
            "private_dns_hostname_type_on_launch": "ip-name",
            "tags": {
              "Blueprint": "private-eks-vpc",
              "GithubRepo": "github.com/aws-ia/terraform-aws-eks-blueprints",
              "Name": "cloud9-vpc-public-ap-southeast-1c"
            },
            "tags_all": {
              "Blueprint": "private-eks-vpc",
              "GithubRepo": "github.com/aws-ia/terraform-aws-eks-blueprints",
              "Name": "cloud9-vpc-public-ap-southeast-1c"
            },
            "timeouts": null,
            "vpc_id": "vpc-0af288edccf304e96"
          },
          "sensitive_attributes": [],
          "private": "eyJlMmJmYjczMC1lY2FhLTExZTYtOGY4OC0zNDM2M2JjN2M0YzAiOnsiY3JlYXRlIjo2MDAwMDAwMDAwMDAsImRlbGV0ZSI6MTIwMDAwMDAwMDAwMH0sInNjaGVtYV92ZXJzaW9uIjoiMSJ9",
          "dependencies": [
            "data.aws_availability_zones.available",
            "module.cloud9_vpc.aws_vpc.this",
            "module.cloud9_vpc.aws_vpc_ipv4_cidr_block_association.this"
          ]
        }
      ]
    },
    {
      "module": "module.cloud9_vpc",
      "mode": "managed",
      "type": "aws_vpc",
      "name": "this",
      "provider": "provider[\"registry.terraform.io/hashicorp/aws\"]",
      "instances": [
        {
          "index_key": 0,
          "schema_version": 1,
          "attributes": {
            "arn": "arn:aws:ec2:ap-southeast-1:535479350247:vpc/vpc-0af288edccf304e96",
            "assign_generated_ipv6_cidr_block": false,
            "cidr_block": "172.31.0.0/16",
            "default_network_acl_id": "acl-00897d91020371103",
            "default_route_table_id": "rtb-0eea8018b47561e8b",
            "default_security_group_id": "sg-08f4e122cf3a04ee4",
            "dhcp_options_id": "dopt-0ac80475708c18eec",
            "enable_classiclink": false,
            "enable_classiclink_dns_support": false,
            "enable_dns_hostnames": true,
            "enable_dns_support": true,
            "enable_network_address_usage_metrics": false,
            "id": "vpc-0af288edccf304e96",
            "instance_tenancy": "default",
            "ipv4_ipam_pool_id": null,
            "ipv4_netmask_length": null,
            "ipv6_association_id": "",
            "ipv6_cidr_block": "",
            "ipv6_cidr_block_network_border_group": "",
            "ipv6_ipam_pool_id": "",
            "ipv6_netmask_length": 0,
            "main_route_table_id": "rtb-0eea8018b47561e8b",
            "owner_id": "535479350247",
            "tags": {
              "Blueprint": "private-eks-vpc",
              "GithubRepo": "github.com/aws-ia/terraform-aws-eks-blueprints",
              "Name": "cloud9-vpc"
            },
            "tags_all": {
              "Blueprint": "private-eks-vpc",
              "GithubRepo": "github.com/aws-ia/terraform-aws-eks-blueprints",
              "Name": "cloud9-vpc"
            }
          },
          "sensitive_attributes": [],
          "private": "eyJzY2hlbWFfdmVyc2lvbiI6IjEifQ==",
          "create_before_destroy": true
        }
      ]
    },
    {
      "module": "module.vpc_endpoints",
      "mode": "data",
      "type": "aws_vpc_endpoint_service",
      "name": "this",
      "provider": "provider[\"registry.terraform.io/hashicorp/aws\"]",
      "instances": [
        {
          "index_key": "autoscaling",
          "schema_version": 0,
          "attributes": {
            "acceptance_required": false,
            "arn": "arn:aws:ec2:ap-southeast-1:535479350247:vpc-endpoint-service/vpce-svc-07feed8845242910f",
            "availability_zones": [
              "ap-southeast-1a",
              "ap-southeast-1b",
              "ap-southeast-1c"
            ],
            "base_endpoint_dns_names": [
              "autoscaling.ap-southeast-1.vpce.amazonaws.com"
            ],
            "filter": [
              {
                "name": "service-type",
                "values": [
                  "Interface"
                ]
              }
            ],
            "id": "1589743138",
            "manages_vpc_endpoints": false,
            "owner": "amazon",
            "private_dns_name": "autoscaling.ap-southeast-1.amazonaws.com",
            "service": "autoscaling",
            "service_id": "vpce-svc-07feed8845242910f",
            "service_name": "com.amazonaws.ap-southeast-1.autoscaling",
            "service_type": "Interface",
            "supported_ip_address_types": [
              "ipv4"
            ],
            "tags": {},
            "timeouts": null,
            "vpc_endpoint_policy_supported": true
          },
          "sensitive_attributes": []
        },
        {
          "index_key": "ec2",
          "schema_version": 0,
          "attributes": {
            "acceptance_required": false,
            "arn": "arn:aws:ec2:ap-southeast-1:535479350247:vpc-endpoint-service/vpce-svc-096bd18dbec7fdcef",
            "availability_zones": [
              "ap-southeast-1a",
              "ap-southeast-1b",
              "ap-southeast-1c"
            ],
            "base_endpoint_dns_names": [
              "ec2.ap-southeast-1.vpce.amazonaws.com"
            ],
            "filter": [
              {
                "name": "service-type",
                "values": [
                  "Interface"
                ]
              }
            ],
            "id": "3423416886",
            "manages_vpc_endpoints": false,
            "owner": "amazon",
            "private_dns_name": "ec2.ap-southeast-1.amazonaws.com",
            "service": "ec2",
            "service_id": "vpce-svc-096bd18dbec7fdcef",
            "service_name": "com.amazonaws.ap-southeast-1.ec2",
            "service_type": "Interface",
            "supported_ip_address_types": [
              "ipv4"
            ],
            "tags": {},
            "timeouts": null,
            "vpc_endpoint_policy_supported": true
          },
          "sensitive_attributes": []
        },
        {
          "index_key": "ec2messages",
          "schema_version": 0,
          "attributes": {
            "acceptance_required": false,
            "arn": "arn:aws:ec2:ap-southeast-1:535479350247:vpc-endpoint-service/vpce-svc-0f94edeeb1f6d63c6",
            "availability_zones": [
              "ap-southeast-1a",
              "ap-southeast-1b",
              "ap-southeast-1c"
            ],
            "base_endpoint_dns_names": [
              "ec2messages.ap-southeast-1.vpce.amazonaws.com"
            ],
            "filter": [
              {
                "name": "service-type",
                "values": [
                  "Interface"
                ]
              }
            ],
            "id": "925361683",
            "manages_vpc_endpoints": false,
            "owner": "amazon",
            "private_dns_name": "ec2messages.ap-southeast-1.amazonaws.com",
            "service": "ec2messages",
            "service_id": "vpce-svc-0f94edeeb1f6d63c6",
            "service_name": "com.amazonaws.ap-southeast-1.ec2messages",
            "service_type": "Interface",
            "supported_ip_address_types": [
              "ipv4"
            ],
            "tags": {},
            "timeouts": null,
            "vpc_endpoint_policy_supported": true
          },
          "sensitive_attributes": []
        },
        {
          "index_key": "ecr_api",
          "schema_version": 0,
          "attributes": {
            "acceptance_required": false,
            "arn": "arn:aws:ec2:ap-southeast-1:535479350247:vpc-endpoint-service/vpce-svc-0ce85592645619a59",
            "availability_zones": [
              "ap-southeast-1a",
              "ap-southeast-1b",
              "ap-southeast-1c"
            ],
            "base_endpoint_dns_names": [
              "api.ecr.ap-southeast-1.vpce.amazonaws.com"
            ],
            "filter": [
              {
                "name": "service-type",
                "values": [
                  "Interface"
                ]
              }
            ],
            "id": "3201120272",
            "manages_vpc_endpoints": false,
            "owner": "amazon",
            "private_dns_name": "api.ecr.ap-southeast-1.amazonaws.com",
            "service": "ecr.api",
            "service_id": "vpce-svc-0ce85592645619a59",
            "service_name": "com.amazonaws.ap-southeast-1.ecr.api",
            "service_type": "Interface",
            "supported_ip_address_types": [
              "ipv4"
            ],
            "tags": {},
            "timeouts": null,
            "vpc_endpoint_policy_supported": true
          },
          "sensitive_attributes": []
        },
        {
          "index_key": "ecr_dkr",
          "schema_version": 0,
          "attributes": {
            "acceptance_required": false,
            "arn": "arn:aws:ec2:ap-southeast-1:535479350247:vpc-endpoint-service/vpce-svc-05cf434ae5f3d1cd3",
            "availability_zones": [
              "ap-southeast-1a",
              "ap-southeast-1b",
              "ap-southeast-1c"
            ],
            "base_endpoint_dns_names": [
              "dkr.ecr.ap-southeast-1.vpce.amazonaws.com"
            ],
            "filter": [
              {
                "name": "service-type",
                "values": [
                  "Interface"
                ]
              }
            ],
            "id": "2606102669",
            "manages_vpc_endpoints": false,
            "owner": "amazon",
            "private_dns_name": "*.dkr.ecr.ap-southeast-1.amazonaws.com",
            "service": "ecr.dkr",
            "service_id": "vpce-svc-05cf434ae5f3d1cd3",
            "service_name": "com.amazonaws.ap-southeast-1.ecr.dkr",
            "service_type": "Interface",
            "supported_ip_address_types": [
              "ipv4"
            ],
            "tags": {},
            "timeouts": null,
            "vpc_endpoint_policy_supported": true
          },
          "sensitive_attributes": []
        },
        {
          "index_key": "elasticloadbalancing",
          "schema_version": 0,
          "attributes": {
            "acceptance_required": false,
            "arn": "arn:aws:ec2:ap-southeast-1:535479350247:vpc-endpoint-service/vpce-svc-0e2b8ef32951c21f2",
            "availability_zones": [
              "ap-southeast-1a",
              "ap-southeast-1b",
              "ap-southeast-1c"
            ],
            "base_endpoint_dns_names": [
              "elasticloadbalancing.ap-southeast-1.vpce.amazonaws.com"
            ],
            "filter": [
              {
                "name": "service-type",
                "values": [
                  "Interface"
                ]
              }
            ],
            "id": "4136820408",
            "manages_vpc_endpoints": false,
            "owner": "amazon",
            "private_dns_name": "elasticloadbalancing.ap-southeast-1.amazonaws.com",
            "service": "elasticloadbalancing",
            "service_id": "vpce-svc-0e2b8ef32951c21f2",
            "service_name": "com.amazonaws.ap-southeast-1.elasticloadbalancing",
            "service_type": "Interface",
            "supported_ip_address_types": [
              "ipv4"
            ],
            "tags": {},
            "timeouts": null,
            "vpc_endpoint_policy_supported": true
          },
          "sensitive_attributes": []
        },
        {
          "index_key": "kms",
          "schema_version": 0,
          "attributes": {
            "acceptance_required": false,
            "arn": "arn:aws:ec2:ap-southeast-1:535479350247:vpc-endpoint-service/vpce-svc-003aa0d0295d692ce",
            "availability_zones": [
              "ap-southeast-1a",
              "ap-southeast-1b",
              "ap-southeast-1c"
            ],
            "base_endpoint_dns_names": [
              "kms.ap-southeast-1.vpce.amazonaws.com"
            ],
            "filter": [
              {
                "name": "service-type",
                "values": [
                  "Interface"
                ]
              }
            ],
            "id": "1506493364",
            "manages_vpc_endpoints": false,
            "owner": "amazon",
            "private_dns_name": "kms.ap-southeast-1.amazonaws.com",
            "service": "kms",
            "service_id": "vpce-svc-003aa0d0295d692ce",
            "service_name": "com.amazonaws.ap-southeast-1.kms",
            "service_type": "Interface",
            "supported_ip_address_types": [
              "ipv4"
            ],
            "tags": {},
            "timeouts": null,
            "vpc_endpoint_policy_supported": true
          },
          "sensitive_attributes": []
        },
        {
          "index_key": "logs",
          "schema_version": 0,
          "attributes": {
            "acceptance_required": false,
            "arn": "arn:aws:ec2:ap-southeast-1:535479350247:vpc-endpoint-service/vpce-svc-003496a4aeecedfd8",
            "availability_zones": [
              "ap-southeast-1a",
              "ap-southeast-1b",
              "ap-southeast-1c"
            ],
            "base_endpoint_dns_names": [
              "logs.ap-southeast-1.vpce.amazonaws.com"
            ],
            "filter": [
              {
                "name": "service-type",
                "values": [
                  "Interface"
                ]
              }
            ],
            "id": "1738950751",
            "manages_vpc_endpoints": false,
            "owner": "amazon",
            "private_dns_name": "logs.ap-southeast-1.amazonaws.com",
            "service": "logs",
            "service_id": "vpce-svc-003496a4aeecedfd8",
            "service_name": "com.amazonaws.ap-southeast-1.logs",
            "service_type": "Interface",
            "supported_ip_address_types": [
              "ipv4"
            ],
            "tags": {},
            "timeouts": null,
            "vpc_endpoint_policy_supported": true
          },
          "sensitive_attributes": []
        },
        {
          "index_key": "s3",
          "schema_version": 0,
          "attributes": {
            "acceptance_required": false,
            "arn": "arn:aws:ec2:ap-southeast-1:535479350247:vpc-endpoint-service/vpce-svc-07e0b20ea35172a2c",
            "availability_zones": [
              "ap-southeast-1a",
              "ap-southeast-1b",
              "ap-southeast-1c"
            ],
            "base_endpoint_dns_names": [
              "s3.ap-southeast-1.amazonaws.com"
            ],
            "filter": [
              {
                "name": "service-type",
                "values": [
                  "Gateway"
                ]
              }
            ],
            "id": "2044475267",
            "manages_vpc_endpoints": false,
            "owner": "amazon",
            "private_dns_name": "",
            "service": "s3",
            "service_id": "vpce-svc-07e0b20ea35172a2c",
            "service_name": "com.amazonaws.ap-southeast-1.s3",
            "service_type": "Gateway",
            "supported_ip_address_types": [
              "ipv4"
            ],
            "tags": {},
            "timeouts": null,
            "vpc_endpoint_policy_supported": true
          },
          "sensitive_attributes": []
        },
        {
          "index_key": "ssm",
          "schema_version": 0,
          "attributes": {
            "acceptance_required": false,
            "arn": "arn:aws:ec2:ap-southeast-1:535479350247:vpc-endpoint-service/vpce-svc-09cd2b22bc4bdadd9",
            "availability_zones": [
              "ap-southeast-1a",
              "ap-southeast-1b",
              "ap-southeast-1c"
            ],
            "base_endpoint_dns_names": [
              "ssm.ap-southeast-1.vpce.amazonaws.com"
            ],
            "filter": [
              {
                "name": "service-type",
                "values": [
                  "Interface"
                ]
              }
            ],
            "id": "1706079168",
            "manages_vpc_endpoints": false,
            "owner": "amazon",
            "private_dns_name": "ssm.ap-southeast-1.amazonaws.com",
            "service": "ssm",
            "service_id": "vpce-svc-09cd2b22bc4bdadd9",
            "service_name": "com.amazonaws.ap-southeast-1.ssm",
            "service_type": "Interface",
            "supported_ip_address_types": [
              "ipv4"
            ],
            "tags": {},
            "timeouts": null,
            "vpc_endpoint_policy_supported": true
          },
          "sensitive_attributes": []
        },
        {
          "index_key": "ssmmessages",
          "schema_version": 0,
          "attributes": {
            "acceptance_required": false,
            "arn": "arn:aws:ec2:ap-southeast-1:535479350247:vpc-endpoint-service/vpce-svc-0ccdfccdbab3d6f34",
            "availability_zones": [
              "ap-southeast-1a",
              "ap-southeast-1b",
              "ap-southeast-1c"
            ],
            "base_endpoint_dns_names": [
              "ssmmessages.ap-southeast-1.vpce.amazonaws.com"
            ],
            "filter": [
              {
                "name": "service-type",
                "values": [
                  "Interface"
                ]
              }
            ],
            "id": "4213303252",
            "manages_vpc_endpoints": false,
            "owner": "amazon",
            "private_dns_name": "ssmmessages.ap-southeast-1.amazonaws.com",
            "service": "ssmmessages",
            "service_id": "vpce-svc-0ccdfccdbab3d6f34",
            "service_name": "com.amazonaws.ap-southeast-1.ssmmessages",
            "service_type": "Interface",
            "supported_ip_address_types": [
              "ipv4"
            ],
            "tags": {},
            "timeouts": null,
            "vpc_endpoint_policy_supported": true
          },
          "sensitive_attributes": []
        },
        {
          "index_key": "sts",
          "schema_version": 0,
          "attributes": {
            "acceptance_required": false,
            "arn": "arn:aws:ec2:ap-southeast-1:535479350247:vpc-endpoint-service/vpce-svc-019a0e8817e53515e",
            "availability_zones": [
              "ap-southeast-1a",
              "ap-southeast-1b",
              "ap-southeast-1c"
            ],
            "base_endpoint_dns_names": [
              "sts.ap-southeast-1.vpce.amazonaws.com"
            ],
            "filter": [
              {
                "name": "service-type",
                "values": [
                  "Interface"
                ]
              }
            ],
            "id": "3506313316",
            "manages_vpc_endpoints": false,
            "owner": "amazon",
            "private_dns_name": "sts.ap-southeast-1.amazonaws.com",
            "service": "sts",
            "service_id": "vpce-svc-019a0e8817e53515e",
            "service_name": "com.amazonaws.ap-southeast-1.sts",
            "service_type": "Interface",
            "supported_ip_address_types": [
              "ipv4"
            ],
            "tags": {},
            "timeouts": null,
            "vpc_endpoint_policy_supported": true
          },
          "sensitive_attributes": []
        }
      ]
    },
    {
      "module": "module.vpc_endpoints_sg",
      "mode": "managed",
      "type": "aws_security_group",
      "name": "this",
      "provider": "provider[\"registry.terraform.io/hashicorp/aws\"]",
      "instances": []
    },
    {
      "module": "module.vpc_endpoints_sg",
      "mode": "managed",
      "type": "aws_security_group",
      "name": "this_name_prefix",
      "provider": "provider[\"registry.terraform.io/hashicorp/aws\"]",
      "instances": [
        {
          "index_key": 0,
          "schema_version": 1,
          "attributes": {
            "arn": "arn:aws:ec2:ap-southeast-1:535479350247:security-group/sg-04424df905707cb13",
            "description": "Security group for VPC endpoint access",
            "egress": [],
            "id": "sg-04424df905707cb13",
            "ingress": [],
            "name": "private-eks-vpc-vpc-endpoints-20230117120812975900000001",
            "name_prefix": "private-eks-vpc-vpc-endpoints-",
            "owner_id": "535479350247",
            "revoke_rules_on_delete": false,
            "tags": {
              "Blueprint": "private-eks-vpc",
              "GithubRepo": "github.com/aws-ia/terraform-aws-eks-blueprints",
              "Name": "private-eks-vpc-vpc-endpoints"
            },
            "tags_all": {
              "Blueprint": "private-eks-vpc",
              "GithubRepo": "github.com/aws-ia/terraform-aws-eks-blueprints",
              "Name": "private-eks-vpc-vpc-endpoints"
            },
            "timeouts": {
              "create": "10m",
              "delete": "15m"
            },
            "vpc_id": "vpc-0af288edccf304e96"
          },
          "sensitive_attributes": [],
          "private": "eyJlMmJmYjczMC1lY2FhLTExZTYtOGY4OC0zNDM2M2JjN2M0YzAiOnsiY3JlYXRlIjo2MDAwMDAwMDAwMDAsImRlbGV0ZSI6OTAwMDAwMDAwMDAwfSwic2NoZW1hX3ZlcnNpb24iOiIxIn0=",
          "dependencies": [
            "module.cloud9_vpc.aws_vpc.this"
          ],
          "create_before_destroy": true
        },
        {
          "index_key": 0,
          "deposed": "5d51c5e1",
          "schema_version": 1,
          "attributes": {
            "arn": "arn:aws:ec2:ap-southeast-1:535479350247:security-group/sg-007eee0b0efc4c01a",
            "description": "Security group for VPC endpoint access",
            "egress": [
              {
                "cidr_blocks": [
                  "0.0.0.0/0"
                ],
                "description": "All egress HTTPS",
                "from_port": 443,
                "ipv6_cidr_blocks": [],
                "prefix_list_ids": [],
                "protocol": "tcp",
                "security_groups": [],
                "self": false,
                "to_port": 443
              }
            ],
            "id": "sg-007eee0b0efc4c01a",
            "ingress": [
              {
                "cidr_blocks": [
                  "10.0.0.0/18",
                  "10.0.64.0/18",
                  "10.0.128.0/18"
                ],
                "description": "VPC CIDR HTTPS",
                "from_port": 443,
                "ipv6_cidr_blocks": [],
                "prefix_list_ids": [],
                "protocol": "tcp",
                "security_groups": [],
                "self": false,
                "to_port": 443
              }
            ],
            "name": "private-eks-vpc-vpc-endpoints-20230117101815279200000001",
            "name_prefix": "private-eks-vpc-vpc-endpoints-",
            "owner_id": "535479350247",
            "revoke_rules_on_delete": false,
            "tags": {
              "Blueprint": "private-eks-vpc",
              "GithubRepo": "github.com/aws-ia/terraform-aws-eks-blueprints",
              "Name": "private-eks-vpc-vpc-endpoints"
            },
            "tags_all": {
              "Blueprint": "private-eks-vpc",
              "GithubRepo": "github.com/aws-ia/terraform-aws-eks-blueprints",
              "Name": "private-eks-vpc-vpc-endpoints"
            },
            "timeouts": {
              "create": "10m",
              "delete": "15m"
            },
            "vpc_id": "vpc-055e76ab56b6d6e06"
          },
          "sensitive_attributes": [],
          "private": "eyJlMmJmYjczMC1lY2FhLTExZTYtOGY4OC0zNDM2M2JjN2M0YzAiOnsiY3JlYXRlIjo2MDAwMDAwMDAwMDAsImRlbGV0ZSI6OTAwMDAwMDAwMDAwfSwic2NoZW1hX3ZlcnNpb24iOiIxIn0=",
          "dependencies": [
            "module.aws_vpc.aws_vpc.this",
            "module.cloud9_vpc.aws_vpc.this"
          ],
          "create_before_destroy": true
        }
      ]
    },
    {
      "module": "module.vpc_endpoints_sg",
      "mode": "managed",
      "type": "aws_security_group_rule",
      "name": "egress_with_cidr_blocks",
      "provider": "provider[\"registry.terraform.io/hashicorp/aws\"]",
      "instances": [
        {
          "index_key": 0,
          "schema_version": 2,
          "attributes": {
            "cidr_blocks": [
              "0.0.0.0/0"
            ],
            "description": "All egress HTTPS",
            "from_port": 443,
            "id": "sgrule-510057692",
            "ipv6_cidr_blocks": null,
            "prefix_list_ids": [],
            "protocol": "tcp",
            "security_group_id": "sg-04424df905707cb13",
            "security_group_rule_id": "sgr-0f214f3f286cd2797",
            "self": false,
            "source_security_group_id": null,
            "timeouts": null,
            "to_port": 443,
            "type": "egress"
          },
          "sensitive_attributes": [],
          "private": "eyJlMmJmYjczMC1lY2FhLTExZTYtOGY4OC0zNDM2M2JjN2M0YzAiOnsiY3JlYXRlIjozMDAwMDAwMDAwMDB9LCJzY2hlbWFfdmVyc2lvbiI6IjIifQ==",
          "dependencies": [
            "module.cloud9_vpc.aws_vpc.this",
            "module.vpc_endpoints_sg.aws_security_group.this",
            "module.vpc_endpoints_sg.aws_security_group.this_name_prefix"
          ]
        }
      ]
    },
    {
      "module": "module.vpc_endpoints_sg",
      "mode": "managed",
      "type": "aws_security_group_rule",
      "name": "ingress_with_cidr_blocks",
      "provider": "provider[\"registry.terraform.io/hashicorp/aws\"]",
      "instances": []
    }
  ],
  "check_results": null
}
