{
  "version": 4,
  "terraform_version": "1.4.5",
  "serial": 361,
  "lineage": "bdc80ce7-6824-3223-e202-10245c5d729f",
  "outputs": {},
  "resources": [
    {
      "module": "module.cloud9_vpc",
      "mode": "managed",
      "type": "aws_vpc",
      "name": "this",
      "provider": "provider[\"registry.terraform.io/hashicorp/aws\"]",
      "instances": [
        {
          "index_key": 0,
          "schema_version": 1,
          "attributes": {
            "arn": "arn:aws:ec2:ap-southeast-1:535479350247:vpc/vpc-0af288edccf304e96",
            "assign_generated_ipv6_cidr_block": false,
            "cidr_block": "172.31.0.0/16",
            "default_network_acl_id": "acl-00897d91020371103",
            "default_route_table_id": "rtb-0eea8018b47561e8b",
            "default_security_group_id": "sg-08f4e122cf3a04ee4",
            "dhcp_options_id": "dopt-0ac80475708c18eec",
            "enable_classiclink": false,
            "enable_classiclink_dns_support": false,
            "enable_dns_hostnames": true,
            "enable_dns_support": true,
            "enable_network_address_usage_metrics": false,
            "id": "vpc-0af288edccf304e96",
            "instance_tenancy": "default",
            "ipv4_ipam_pool_id": null,
            "ipv4_netmask_length": null,
            "ipv6_association_id": "",
            "ipv6_cidr_block": "",
            "ipv6_cidr_block_network_border_group": "",
            "ipv6_ipam_pool_id": "",
            "ipv6_netmask_length": 0,
            "main_route_table_id": "rtb-0eea8018b47561e8b",
            "owner_id": "535479350247",
            "tags": {
              "Blueprint": "private-eks-vpc",
              "GithubRepo": "github.com/aws-ia/terraform-aws-eks-blueprints",
              "Name": "cloud9-vpc"
            },
            "tags_all": {
              "Blueprint": "private-eks-vpc",
              "GithubRepo": "github.com/aws-ia/terraform-aws-eks-blueprints",
              "Name": "cloud9-vpc"
            }
          },
          "sensitive_attributes": [],
          "private": "eyJzY2hlbWFfdmVyc2lvbiI6IjEifQ==",
          "create_before_destroy": true
        }
      ]
    }
  ],
  "check_results": null
}
