{
  "version": 4,
  "terraform_version": "1.3.2",
  "serial": 143,
  "lineage": "32354e08-f5b5-1991-eb79-d6a5971c641b",
  "outputs": {
    "application_teams_configure_kubectl": {
      "value": "aws eks --region ap-southeast-1 update-kubeconfig --name eks-blueprints-no-cilium  --role-arn arn:aws:iam::535479350247:role/eks-blueprints-no-cilium-team-riker-access",
      "type": "string"
    },
    "configure_kubectl": {
      "value": "aws eks --region ap-southeast-1 update-kubeconfig --name eks-blueprints-no-cilium",
      "type": "string"
    },
    "platform_teams_configure_kubectl": {
      "value": "aws eks --region ap-southeast-1 update-kubeconfig --name eks-blueprints-no-cilium  --role-arn arn:aws:iam::535479350247:role/eks-blueprints-no-cilium-admin-access",
      "type": "string"
    },
    "teams": {
      "value": [
        {
          "application_teams_configure_kubectl": {
            "team-riker": "aws eks --region ap-southeast-1 update-kubeconfig --name eks-blueprints-no-cilium  --role-arn arn:aws:iam::535479350247:role/eks-blueprints-no-cilium-team-riker-access"
          },
          "application_teams_iam_role_arn": {
            "team-riker": "arn:aws:iam::535479350247:role/eks-blueprints-no-cilium-team-riker-access"
          },
          "platform_teams_configure_kubectl": {
            "admin": "aws eks --region ap-southeast-1 update-kubeconfig --name eks-blueprints-no-cilium  --role-arn arn:aws:iam::535479350247:role/eks-blueprints-no-cilium-admin-access"
          },
          "platform_teams_iam_role_arn": {
            "admin": "arn:aws:iam::535479350247:role/eks-blueprints-no-cilium-admin-access"
          },
          "team_sa_irsa_iam_role": {
            "team-riker": "eks-blueprints-no-cilium-team-riker-sa-role"
          },
          "team_sa_irsa_iam_role_arn": {
            "team-riker": "arn:aws:iam::535479350247:role/eks-blueprints-no-cilium-team-riker-sa-role"
          }
        }
      ],
      "type": [
        "list",
        [
          "object",
          {
            "application_teams_configure_kubectl": [
              "map",
              "string"
            ],
            "application_teams_iam_role_arn": [
              "map",
              "string"
            ],
            "platform_teams_configure_kubectl": [
              "map",
              "string"
            ],
            "platform_teams_iam_role_arn": [
              "map",
              "string"
            ],
            "team_sa_irsa_iam_role": [
              "map",
              "string"
            ],
            "team_sa_irsa_iam_role_arn": [
              "map",
              "string"
            ]
          }
        ]
      ]
    }
  },
  "resources": [
    {
      "mode": "data",
      "type": "aws_availability_zones",
      "name": "available",
      "provider": "provider[\"registry.terraform.io/hashicorp/aws\"]",
      "instances": [
        {
          "schema_version": 0,
          "attributes": {
            "all_availability_zones": null,
            "exclude_names": null,
            "exclude_zone_ids": null,
            "filter": null,
            "group_names": [
              "ap-southeast-1"
            ],
            "id": "ap-southeast-1",
            "names": [
              "ap-southeast-1a",
              "ap-southeast-1b",
              "ap-southeast-1c"
            ],
            "state": "available",
            "timeouts": null,
            "zone_ids": [
              "apse1-az1",
              "apse1-az2",
              "apse1-az3"
            ]
          },
          "sensitive_attributes": []
        }
      ]
    },
    {
      "mode": "data",
      "type": "aws_caller_identity",
      "name": "current",
      "provider": "provider[\"registry.terraform.io/hashicorp/aws\"]",
      "instances": [
        {
          "schema_version": 0,
          "attributes": {
            "account_id": "535479350247",
            "arn": "arn:aws:sts::535479350247:assumed-role/AWSReservedSSO_AWSAdministratorAccess_9e93d8e0500e8de7/deepyan+tf-ct-aft@amazon.com",
            "id": "535479350247",
            "user_id": "AROAXZLIOOPTSIGI7NIOW:deepyan+tf-ct-aft@amazon.com"
          },
          "sensitive_attributes": []
        }
      ]
    },
    {
      "mode": "data",
      "type": "aws_eks_cluster",
      "name": "cluster",
      "provider": "provider[\"registry.terraform.io/hashicorp/aws\"]",
      "instances": [
        {
          "schema_version": 0,
          "attributes": {
            "arn": "arn:aws:eks:ap-southeast-1:535479350247:cluster/eks-blueprints-no-cilium",
            "certificate_authority": [
              {
                "data": "LS0tLS1CRUdJTiBDRVJUSUZJQ0FURS0tLS0tCk1JSUMvakNDQWVhZ0F3SUJBZ0lCQURBTkJna3Foa2lHOXcwQkFRc0ZBREFWTVJNd0VRWURWUVFERXdwcmRXSmwKY201bGRHVnpNQjRYRFRJek1ERXhNREE0TkRNd05sb1hEVE16TURFd056QTRORE13Tmxvd0ZURVRNQkVHQTFVRQpBeE1LYTNWaVpYSnVaWFJsY3pDQ0FTSXdEUVlKS29aSWh2Y05BUUVCQlFBRGdnRVBBRENDQVFvQ2dnRUJBTVV0CnBDeGdYRWFYRWhzUk40WnpZaDhSWE5ZVVk5czd0ajgyUHpPV3YxNWtsYy9UaW1EMEdmSGpQc3JsZVBNd29FZDIKMmVlOFQ2c1RxdlFHTllYMUJNRzlkSHEyZ1psamlJWVQ1NThRZllTTFl6aDdzR2p6UDVkcG9sQUJSYXJCeThNegphQy81VVNkdXhqQXVyN1hFK0ZVb2NWOGJiQkI4VE1ZakY1SjJQOHo3bUNybXJ2RmhYblA4ZjVUdzZVQ2VNTDZGCi96T1BYWGZLRjhMWDBYOWViVml0cVF5VXExUmxUUHA3Y1JZV2VhOU93bHpJcXlFSStJTUVxUVJtNWVzaHFZUEkKc2s3dzA4VExLa1RTMmZJa1grT1BZY21NRHVJUlhKVU5DT3JPMVlYSlhuZTdmMkxWYmFMR0hBM3NEVnprdTlZQgpMSVFrdlc3RzVRUDNoSEl2dE9FQ0F3RUFBYU5aTUZjd0RnWURWUjBQQVFIL0JBUURBZ0trTUE4R0ExVWRFd0VCCi93UUZNQU1CQWY4d0hRWURWUjBPQkJZRUZEcHFCNmRPZUFScSsyTXN4TCtIZlVaYU50Z3RNQlVHQTFVZEVRUU8KTUF5Q0NtdDFZbVZ5Ym1WMFpYTXdEUVlKS29aSWh2Y05BUUVMQlFBRGdnRUJBTG9xOWtvbWlyUUFWZlhGZzhkUApweEJKZkw3VTROZUk0cEpQSGVoeGhJUGV5aFdVSTIyRm1raDhQVllRbW9TWmp6cER1NjZhaC9mRDE5L3dhS3Z1CnVhTFBuM2ZwQUx0cTYwQXNZc08zVHZNRFJyUjM0MTZjRXhBSytjMXprdUVpK09TNzlkeDJMQ0tDLzV5aFR1Q1UKdFFxeThCajFwbUh1YUxhQXIrNTBpQmMwN1RJTmJ2QXVnNFNGNVFpUUVjWlBNa3gxc1c3aEpESXpHNXVGQ2ozVwpEeFJIRitKRjFndkZkU01TQVZNT3NYZWpVSldDYmVKNDN3MnBFYnFtWjNMOGY5bG51d3IyU0EwSFdScXNoWTM5Cm1Ed2JOYVF4M3FaRmFxeWRWYmpYTzYyUDRPR0pkQ2ZhYW5hbUxvL2EzYklobm8yZURzMWRFUmk5YVBqMUtVVGEKSVY0PQotLS0tLUVORCBDRVJUSUZJQ0FURS0tLS0tCg=="
              }
            ],
            "cluster_id": null,
            "created_at": "2023-01-10 08:37:27.985 +0000 UTC",
            "enabled_cluster_log_types": [
              "api",
              "audit",
              "authenticator",
              "controllerManager",
              "scheduler"
            ],
            "endpoint": "https://AC1F65F971A7276CF0573C9D0E78D565.gr7.ap-southeast-1.eks.amazonaws.com",
            "id": "eks-blueprints-no-cilium",
            "identity": [
              {
                "oidc": [
                  {
                    "issuer": "https://oidc.eks.ap-southeast-1.amazonaws.com/id/AC1F65F971A7276CF0573C9D0E78D565"
                  }
                ]
              }
            ],
            "kubernetes_network_config": [
              {
                "ip_family": "ipv4",
                "service_ipv4_cidr": "10.100.0.0/16",
                "service_ipv6_cidr": ""
              }
            ],
            "name": "eks-blueprints-no-cilium",
            "outpost_config": [],
            "platform_version": "eks.3",
            "role_arn": "arn:aws:iam::535479350247:role/eks-blueprints-no-cilium-cluster-role",
            "status": "ACTIVE",
            "tags": {
              "Blueprint": "eks-blueprints-no-cilium",
              "GithubRepo": "github.com/badal-deep-shared/terraform-aws-eks-blueprints"
            },
            "version": "1.24",
            "vpc_config": [
              {
                "cluster_security_group_id": "sg-0f147e771e226cec7",
                "endpoint_private_access": false,
                "endpoint_public_access": true,
                "public_access_cidrs": [
                  "0.0.0.0/0"
                ],
                "security_group_ids": [
                  "sg-0c6f877ef7f923346"
                ],
                "subnet_ids": [
                  "subnet-0a421732677fa63d2",
                  "subnet-0ee314ff01d715733"
                ],
                "vpc_id": "vpc-00e8a5494e255e7e6"
              }
            ]
          },
          "sensitive_attributes": []
        }
      ]
    },
    {
      "mode": "data",
      "type": "aws_eks_cluster_auth",
      "name": "this",
      "provider": "provider[\"registry.terraform.io/hashicorp/aws\"]",
      "instances": [
        {
          "schema_version": 0,
          "attributes": {
            "id": "eks-blueprints-no-cilium",
            "name": "eks-blueprints-no-cilium",
            "token": "k8s-aws-v1.aHR0cHM6Ly9zdHMuYW1hem9uYXdzLmNvbS8_QWN0aW9uPUdldENhbGxlcklkZW50aXR5JlZlcnNpb249MjAxMS0wNi0xNSZYLUFtei1BbGdvcml0aG09QVdTNC1ITUFDLVNIQTI1NiZYLUFtei1DcmVkZW50aWFsPUFTSUFYWkxJT09QVDdKTFRQWk9PJTJGMjAyMzAxMTAlMkZ1cy1lYXN0LTElMkZzdHMlMkZhd3M0X3JlcXVlc3QmWC1BbXotRGF0ZT0yMDIzMDExMFQwODUxNDRaJlgtQW16LUV4cGlyZXM9MCZYLUFtei1TZWN1cml0eS1Ub2tlbj1JUW9KYjNKcFoybHVYMlZqRURFYURtRndMWE52ZFhSb1pXRnpkQzB4SWtnd1JnSWhBSzNVaDBsQmloSUpydEZYaDRpcE9OMUlOMXJZVVJ0RnhibFRNU3psWkRpc0FpRUFvTW5KY1o3dHpndno5aExqTHMlMkJXZGFsOWVJbE42T3pOZkM2ZGlQMXpuNEFxcXdNSWl2JTJGJTJGJTJGJTJGJTJGJTJGJTJGJTJGJTJGJTJGQVJBQUdndzFNelUwTnprek5UQXlORGNpREdHeVhPUEhHU3MlMkZLdE0lMkY0eXIlMkZBb2x3WCUyRmIxRHhHVWVtOHR3NnNreHNJNjFxbThieTlUeG9RRHdZdllhUzhoZzRmSzhiWEV0R2tOeFd1S3Y4UE9reWlUQjQlMkJRcGNweUZMUEswWlJ6cGZCT2h6ZzFkY0dSWm5TRDNVWlozWng1bDMzY083VWhsRERCZnJ3RElQYzhJYzU4cWJTaXYlMkJBRDd0ZksxQkNDajRhRUlVbWlQUDNLOWw3eDFFM3JaR056Z3NLdWhQTHJKUzJ2JTJGa1VRZHZMdTVoUWRvOENFcHVvNjlWNE5TWElmb2M0c2lRTDJVSWxqdVRvaGgwTmVNSWxnbGxYR05xcnFteWx3ZXNFc3c1cFRPc1ZQcWdZZ2s1WUxEYzFKU2tHMzB2MlFmdDlBZHRJOHM1MW5lR2VZWTVoJTJCS1MlMkZ1VEE5b2tVRnRJbTdoeVRMekg2VURNVE5qWGpGNTlLcVV4ZjliWG5nbllqRmc4dkVQVFgzeFA0ZkZJZ2clMkZQTFBPdk5Nd25oRFE2dnc1Y2FzNjlZRlBMTE1iR1dySjF6MGFxRkVtTFdLVXptNDhHV1ROJTJGcHFlM3V3c0hIVG5yR3oydTZDOGJvUVcwY0VXSyUyRnc4aGZGQnFFJTJGcTZuaW9BeGJSSU9melFtNHNCck5CTlViS21XTG9CclRzQUpSOCUyRjYlMkZhQXo0NTBmT2owQmpnYnIwc01KZk85SjBHT3FVQkRIVEJSSlNQZG82Ymg1azZWMG9hamolMkZRcU9rV1BPZnYwcnluUzVSJTJCZUFZWiUyRkJtckZ5MGczdHFzdHA2Nlc1WnlhRXJ6UGpIaDBJbkh2VUp2dmRCaENjelYzJTJCWDZLbXpPbiUyRklaVDJGbW8lMkI2bzZTTHFKcFdscXYwbExhVUV1S3ZLcEJUeCUyRjJZakc0Q3J4b1V6dEd3UW55WmRRdHZsb0J2cDMxWGxpczU0T1NwQjQlMkY1dXVlSkNiWkFianRYYnh4eUhlbnFJenRTa0hUelJJYWk1ZnRGJTJGb1RzNXlMZmImWC1BbXotU2lnbmVkSGVhZGVycz1ob3N0JTNCeC1rOHMtYXdzLWlkJlgtQW16LVNpZ25hdHVyZT0xZjk0N2VjZWY0NTc1YmNlZWY0YmFjNTAwMzM2YmE2OGYxMjlkODZiNGIxN2JkOTJmNjU5ZGFkZjkxNjJlMzY3"
          },
          "sensitive_attributes": []
        }
      ]
    },
    {
      "mode": "data",
      "type": "aws_region",
      "name": "current",
      "provider": "provider[\"registry.terraform.io/hashicorp/aws\"]",
      "instances": [
        {
          "schema_version": 0,
          "attributes": {
            "description": "Asia Pacific (Singapore)",
            "endpoint": "ec2.ap-southeast-1.amazonaws.com",
            "id": "ap-southeast-1",
            "name": "ap-southeast-1"
          },
          "sensitive_attributes": []
        }
      ]
    },
    {
      "mode": "data",
      "type": "kubectl_path_documents",
      "name": "karpenter_provisioners",
      "provider": "provider[\"registry.terraform.io/gavinbunney/kubectl\"]",
      "instances": [
        {
          "schema_version": 0,
          "attributes": {
            "disable_template": false,
            "documents": [
              "apiVersion: karpenter.k8s.aws/v1alpha1\nkind: AWSNodeTemplate\nmetadata:\n  name: karpenter-default\nspec:\n  instanceProfile: eks-blueprints-no-cilium-managed-ondemand\n  subnetSelector:\n    kubernetes.io/cluster/eks-blueprints-no-cilium: '*'\n    kubernetes.io/role/internal-elb: '1'\n  securityGroupSelector:\n    aws:eks:cluster-name: eks-blueprints-no-cilium\n  tags:\n    karpenter.sh/cluster_name: eks-blueprints-no-cilium\n    karpenter.sh/provisioner: team",
              "apiVersion: karpenter.sh/v1alpha5\nkind: Provisioner\nmetadata:\n  name: default\nspec:\n  requirements:\n    - key: karpenter.k8s.aws/instance-family\n      operator: NotIn\n      values:\n      - a1\n      - c1\n      - c3\n      - inf1\n      - t3\n      - t2\n    - key: karpenter.k8s.aws/instance-cpu\n      operator: Lt\n      values:\n        - \"33\"\n    - key: 'kubernetes.io/arch'\n      operator: In\n      values: ['amd64']\n    - key: karpenter.sh/capacity-type\n      operator: In\n      values: ['on-demand', 'spot']\n  providerRef:\n    name: karpenter-default\n    tags:\n      karpenter.sh/cluster_name: eks-blueprints-no-cilium\n      karpenter.sh/provisioner: default\n  ttlSecondsAfterEmpty: 60\n  limits:\n    resources:\n      cpu: '200'\n  labels:\n    billing-team: default\n    team: default\n    type: karpenter",
              "apiVersion: karpenter.k8s.aws/v1alpha1\nkind: AWSNodeTemplate\nmetadata:\n  name: karpenter-team-riker\nspec:\n  amiFamily: Bottlerocket\n  instanceProfile: eks-blueprints-no-cilium-managed-ondemand\n  subnetSelector:\n    kubernetes.io/cluster/eks-blueprints-no-cilium: '*'\n    kubernetes.io/role/internal-elb: '1'\n  securityGroupSelector:\n    aws:eks:cluster-name: eks-blueprints-no-cilium\n  tags:\n    karpenter.sh/cluster_name: eks-blueprints-no-cilium\n    karpenter.sh/provisioner: team-riker\n    used_by: team-riker",
              "apiVersion: karpenter.sh/v1alpha5\nkind: Provisioner\nmetadata:\n  name: team-riker\nspec:\n  requirements:\n    - key: karpenter.k8s.aws/instance-family\n      operator: NotIn\n      values:\n      - a1\n      - c1\n      - c3\n      - inf1\n      - t3\n      - t2\n    - key: karpenter.k8s.aws/instance-cpu\n      operator: Lt\n      values:\n        - \"33\"\n    - key: 'kubernetes.io/arch'\n      operator: In\n      values: ['amd64']\n    - key: karpenter.sh/capacity-type\n      operator: In\n      values: ['on-demand', 'spot']\n  providerRef:\n    name: karpenter-team-riker\n    tags:\n      karpenter.sh/cluster_name: eks-blueprints-no-cilium\n      karpenter.sh/provisioner: team-riker\n  ttlSecondsAfterEmpty: 60\n  limits:\n    resources:\n      cpu: '200'\n  labels:\n    billing-team: team-riker\n    team: team-riker\n    type: karpenter\n  taints:\n    - key: karpenter\n      value: 'true'\n      effect: NoSchedule\n    - key: billing-team\n      value: 'team-riker'\n      effect: NoSchedule"
            ],
            "id": "7e94d5c57f35c333b8fd985e6f7e1cfeea5a77cd8fe7fbd1df71327703f958f8",
            "manifests": {
              "/apis/karpenter.k8s.aws/v1alpha1/awsnodetemplates/karpenter-default": "apiVersion: karpenter.k8s.aws/v1alpha1\nkind: AWSNodeTemplate\nmetadata:\n  name: karpenter-default\nspec:\n  instanceProfile: eks-blueprints-no-cilium-managed-ondemand\n  securityGroupSelector:\n    aws:eks:cluster-name: eks-blueprints-no-cilium\n  subnetSelector:\n    kubernetes.io/cluster/eks-blueprints-no-cilium: '*'\n    kubernetes.io/role/internal-elb: \"1\"\n  tags:\n    karpenter.sh/cluster_name: eks-blueprints-no-cilium\n    karpenter.sh/provisioner: team\n",
              "/apis/karpenter.k8s.aws/v1alpha1/awsnodetemplates/karpenter-team-riker": "apiVersion: karpenter.k8s.aws/v1alpha1\nkind: AWSNodeTemplate\nmetadata:\n  name: karpenter-team-riker\nspec:\n  amiFamily: Bottlerocket\n  instanceProfile: eks-blueprints-no-cilium-managed-ondemand\n  securityGroupSelector:\n    aws:eks:cluster-name: eks-blueprints-no-cilium\n  subnetSelector:\n    kubernetes.io/cluster/eks-blueprints-no-cilium: '*'\n    kubernetes.io/role/internal-elb: \"1\"\n  tags:\n    karpenter.sh/cluster_name: eks-blueprints-no-cilium\n    karpenter.sh/provisioner: team-riker\n    used_by: team-riker\n",
              "/apis/karpenter.sh/v1alpha5/provisioners/default": "apiVersion: karpenter.sh/v1alpha5\nkind: Provisioner\nmetadata:\n  name: default\nspec:\n  labels:\n    billing-team: default\n    team: default\n    type: karpenter\n  limits:\n    resources:\n      cpu: \"200\"\n  providerRef:\n    name: karpenter-default\n    tags:\n      karpenter.sh/cluster_name: eks-blueprints-no-cilium\n      karpenter.sh/provisioner: default\n  requirements:\n  - key: karpenter.k8s.aws/instance-family\n    operator: NotIn\n    values:\n    - a1\n    - c1\n    - c3\n    - inf1\n    - t3\n    - t2\n  - key: karpenter.k8s.aws/instance-cpu\n    operator: Lt\n    values:\n    - \"33\"\n  - key: kubernetes.io/arch\n    operator: In\n    values:\n    - amd64\n  - key: karpenter.sh/capacity-type\n    operator: In\n    values:\n    - on-demand\n    - spot\n  ttlSecondsAfterEmpty: 60\n",
              "/apis/karpenter.sh/v1alpha5/provisioners/team-riker": "apiVersion: karpenter.sh/v1alpha5\nkind: Provisioner\nmetadata:\n  name: team-riker\nspec:\n  labels:\n    billing-team: team-riker\n    team: team-riker\n    type: karpenter\n  limits:\n    resources:\n      cpu: \"200\"\n  providerRef:\n    name: karpenter-team-riker\n    tags:\n      karpenter.sh/cluster_name: eks-blueprints-no-cilium\n      karpenter.sh/provisioner: team-riker\n  requirements:\n  - key: karpenter.k8s.aws/instance-family\n    operator: NotIn\n    values:\n    - a1\n    - c1\n    - c3\n    - inf1\n    - t3\n    - t2\n  - key: karpenter.k8s.aws/instance-cpu\n    operator: Lt\n    values:\n    - \"33\"\n  - key: kubernetes.io/arch\n    operator: In\n    values:\n    - amd64\n  - key: karpenter.sh/capacity-type\n    operator: In\n    values:\n    - on-demand\n    - spot\n  taints:\n  - effect: NoSchedule\n    key: karpenter\n    value: \"true\"\n  - effect: NoSchedule\n    key: billing-team\n    value: team-riker\n  ttlSecondsAfterEmpty: 60\n"
            },
            "pattern": "./kubernetes/karpenter/*",
            "sensitive_vars": null,
            "vars": {
              "azs": "ap-southeast-1a,ap-southeast-1b,ap-southeast-1c",
              "eks-cluster-id": "eks-blueprints-no-cilium",
              "eks-vpc_name": "eks-blueprints-no-cilium",
              "iam-instance-profile-id": "eks-blueprints-no-cilium-managed-ondemand"
            }
          },
          "sensitive_attributes": []
        }
      ]
    },
    {
      "mode": "managed",
      "type": "aws_iam_policy",
      "name": "policy",
      "provider": "provider[\"registry.terraform.io/hashicorp/aws\"]",
      "instances": [
        {
          "schema_version": 0,
          "attributes": {
            "arn": "arn:aws:iam::535479350247:policy/eks-blueprints-no-cilium-application-policy",
            "description": "A test policy for application team to read EKS",
            "id": "arn:aws:iam::535479350247:policy/eks-blueprints-no-cilium-application-policy",
            "name": "eks-blueprints-no-cilium-application-policy",
            "name_prefix": null,
            "path": "/",
            "policy": "{\"Statement\":[{\"Action\":[\"eks:Describe*\"],\"Effect\":\"Allow\",\"Resource\":\"arn:aws:eks:ap-southeast-1:535479350247:cluster/eks-blueprints-no-cilium\"}],\"Version\":\"2012-10-17\"}",
            "policy_id": "ANPAXZLIOOPT3NJ33TKOP",
            "tags": null,
            "tags_all": {}
          },
          "sensitive_attributes": [],
          "private": "bnVsbA==",
          "dependencies": [
            "module.eks_blueprints.data.aws_iam_policy_document.eks_key",
            "module.eks_blueprints.module.aws_eks.aws_cloudwatch_log_group.this",
            "module.eks_blueprints.module.aws_eks.aws_eks_cluster.this",
            "module.eks_blueprints.module.aws_eks.aws_iam_role.this",
            "module.eks_blueprints.module.aws_eks.aws_iam_role_policy_attachment.this",
            "module.eks_blueprints.module.aws_eks.aws_security_group.cluster",
            "module.eks_blueprints.module.aws_eks.aws_security_group.node",
            "module.eks_blueprints.module.aws_eks.aws_security_group_rule.cluster",
            "module.eks_blueprints.module.aws_eks.aws_security_group_rule.node",
            "module.eks_blueprints.module.aws_eks.data.aws_iam_policy_document.assume_role_policy",
            "module.eks_blueprints.module.aws_eks.data.aws_partition.current",
            "module.eks_blueprints.module.aws_eks.module.kms.aws_kms_external_key.this",
            "module.eks_blueprints.module.aws_eks.module.kms.aws_kms_key.this",
            "module.eks_blueprints.module.kms.aws_kms_key.this"
          ]
        }
      ]
    },
    {
      "mode": "managed",
      "type": "aws_iam_role_policy_attachment",
      "name": "test-attach",
      "provider": "provider[\"registry.terraform.io/hashicorp/aws\"]",
      "instances": [
        {
          "index_key": "team-riker",
          "schema_version": 0,
          "attributes": {
            "id": "eks-blueprints-no-cilium-team-riker-access-20230110085207546800000001",
            "policy_arn": "arn:aws:iam::535479350247:policy/eks-blueprints-no-cilium-application-policy",
            "role": "eks-blueprints-no-cilium-team-riker-access"
          },
          "sensitive_attributes": [],
          "private": "bnVsbA==",
          "dependencies": [
            "aws_iam_policy.policy",
            "data.aws_caller_identity.current",
            "data.aws_eks_cluster_auth.this",
            "module.eks_blueprints.data.aws_iam_policy_document.eks_key",
            "module.eks_blueprints.data.http.eks_cluster_readiness",
            "module.eks_blueprints.module.aws_eks.aws_cloudwatch_log_group.this",
            "module.eks_blueprints.module.aws_eks.aws_eks_cluster.this",
            "module.eks_blueprints.module.aws_eks.aws_iam_role.this",
            "module.eks_blueprints.module.aws_eks.aws_iam_role_policy_attachment.this",
            "module.eks_blueprints.module.aws_eks.aws_security_group.cluster",
            "module.eks_blueprints.module.aws_eks.aws_security_group.node",
            "module.eks_blueprints.module.aws_eks.aws_security_group_rule.cluster",
            "module.eks_blueprints.module.aws_eks.aws_security_group_rule.node",
            "module.eks_blueprints.module.aws_eks.data.aws_iam_policy_document.assume_role_policy",
            "module.eks_blueprints.module.aws_eks.data.aws_partition.current",
            "module.eks_blueprints.module.aws_eks.module.kms.aws_kms_external_key.this",
            "module.eks_blueprints.module.aws_eks.module.kms.aws_kms_key.this",
            "module.eks_blueprints.module.aws_eks_teams.aws_iam_policy.platform_team_eks_access",
            "module.eks_blueprints.module.aws_eks_teams.aws_iam_role.platform_team",
            "module.eks_blueprints.module.aws_eks_teams.aws_iam_role.team_access",
            "module.eks_blueprints.module.aws_eks_teams.aws_iam_role.team_sa_irsa",
            "module.eks_blueprints.module.aws_eks_teams.data.aws_caller_identity.current",
            "module.eks_blueprints.module.aws_eks_teams.data.aws_eks_cluster.eks_cluster",
            "module.eks_blueprints.module.aws_eks_teams.data.aws_iam_policy_document.platform_team_eks_access",
            "module.eks_blueprints.module.aws_eks_teams.data.aws_partition.current",
            "module.eks_blueprints.module.aws_eks_teams.data.aws_region.current",
            "module.eks_blueprints.module.aws_eks_teams.kubectl_manifest.team",
            "module.eks_blueprints.module.aws_eks_teams.kubernetes_cluster_role.team",
            "module.eks_blueprints.module.aws_eks_teams.kubernetes_cluster_role_binding.team",
            "module.eks_blueprints.module.aws_eks_teams.kubernetes_namespace.team",
            "module.eks_blueprints.module.aws_eks_teams.kubernetes_resource_quota.this",
            "module.eks_blueprints.module.aws_eks_teams.kubernetes_role.team",
            "module.eks_blueprints.module.aws_eks_teams.kubernetes_role_binding.team",
            "module.eks_blueprints.module.aws_eks_teams.kubernetes_service_account.team",
            "module.eks_blueprints.module.kms.aws_kms_key.this"
          ]
        }
      ]
    },
    {
      "module": "module.eks_blueprints",
      "mode": "data",
      "type": "aws_caller_identity",
      "name": "current",
      "provider": "provider[\"registry.terraform.io/hashicorp/aws\"]",
      "instances": [
        {
          "schema_version": 0,
          "attributes": {
            "account_id": "535479350247",
            "arn": "arn:aws:sts::535479350247:assumed-role/AWSReservedSSO_AWSAdministratorAccess_9e93d8e0500e8de7/deepyan+tf-ct-aft@amazon.com",
            "id": "535479350247",
            "user_id": "AROAXZLIOOPTSIGI7NIOW:deepyan+tf-ct-aft@amazon.com"
          },
          "sensitive_attributes": []
        }
      ]
    },
    {
      "module": "module.eks_blueprints",
      "mode": "data",
      "type": "aws_eks_cluster",
      "name": "cluster",
      "provider": "provider[\"registry.terraform.io/hashicorp/aws\"]",
      "instances": [
        {
          "index_key": 0,
          "schema_version": 0,
          "attributes": {
            "arn": "arn:aws:eks:ap-southeast-1:535479350247:cluster/eks-blueprints-no-cilium",
            "certificate_authority": [
              {
                "data": "LS0tLS1CRUdJTiBDRVJUSUZJQ0FURS0tLS0tCk1JSUMvakNDQWVhZ0F3SUJBZ0lCQURBTkJna3Foa2lHOXcwQkFRc0ZBREFWTVJNd0VRWURWUVFERXdwcmRXSmwKY201bGRHVnpNQjRYRFRJek1ERXhNREE0TkRNd05sb1hEVE16TURFd056QTRORE13Tmxvd0ZURVRNQkVHQTFVRQpBeE1LYTNWaVpYSnVaWFJsY3pDQ0FTSXdEUVlKS29aSWh2Y05BUUVCQlFBRGdnRVBBRENDQVFvQ2dnRUJBTVV0CnBDeGdYRWFYRWhzUk40WnpZaDhSWE5ZVVk5czd0ajgyUHpPV3YxNWtsYy9UaW1EMEdmSGpQc3JsZVBNd29FZDIKMmVlOFQ2c1RxdlFHTllYMUJNRzlkSHEyZ1psamlJWVQ1NThRZllTTFl6aDdzR2p6UDVkcG9sQUJSYXJCeThNegphQy81VVNkdXhqQXVyN1hFK0ZVb2NWOGJiQkI4VE1ZakY1SjJQOHo3bUNybXJ2RmhYblA4ZjVUdzZVQ2VNTDZGCi96T1BYWGZLRjhMWDBYOWViVml0cVF5VXExUmxUUHA3Y1JZV2VhOU93bHpJcXlFSStJTUVxUVJtNWVzaHFZUEkKc2s3dzA4VExLa1RTMmZJa1grT1BZY21NRHVJUlhKVU5DT3JPMVlYSlhuZTdmMkxWYmFMR0hBM3NEVnprdTlZQgpMSVFrdlc3RzVRUDNoSEl2dE9FQ0F3RUFBYU5aTUZjd0RnWURWUjBQQVFIL0JBUURBZ0trTUE4R0ExVWRFd0VCCi93UUZNQU1CQWY4d0hRWURWUjBPQkJZRUZEcHFCNmRPZUFScSsyTXN4TCtIZlVaYU50Z3RNQlVHQTFVZEVRUU8KTUF5Q0NtdDFZbVZ5Ym1WMFpYTXdEUVlKS29aSWh2Y05BUUVMQlFBRGdnRUJBTG9xOWtvbWlyUUFWZlhGZzhkUApweEJKZkw3VTROZUk0cEpQSGVoeGhJUGV5aFdVSTIyRm1raDhQVllRbW9TWmp6cER1NjZhaC9mRDE5L3dhS3Z1CnVhTFBuM2ZwQUx0cTYwQXNZc08zVHZNRFJyUjM0MTZjRXhBSytjMXprdUVpK09TNzlkeDJMQ0tDLzV5aFR1Q1UKdFFxeThCajFwbUh1YUxhQXIrNTBpQmMwN1RJTmJ2QXVnNFNGNVFpUUVjWlBNa3gxc1c3aEpESXpHNXVGQ2ozVwpEeFJIRitKRjFndkZkU01TQVZNT3NYZWpVSldDYmVKNDN3MnBFYnFtWjNMOGY5bG51d3IyU0EwSFdScXNoWTM5Cm1Ed2JOYVF4M3FaRmFxeWRWYmpYTzYyUDRPR0pkQ2ZhYW5hbUxvL2EzYklobm8yZURzMWRFUmk5YVBqMUtVVGEKSVY0PQotLS0tLUVORCBDRVJUSUZJQ0FURS0tLS0tCg=="
              }
            ],
            "cluster_id": null,
            "created_at": "2023-01-10 08:37:27.985 +0000 UTC",
            "enabled_cluster_log_types": [
              "api",
              "audit",
              "authenticator",
              "controllerManager",
              "scheduler"
            ],
            "endpoint": "https://AC1F65F971A7276CF0573C9D0E78D565.gr7.ap-southeast-1.eks.amazonaws.com",
            "id": "eks-blueprints-no-cilium",
            "identity": [
              {
                "oidc": [
                  {
                    "issuer": "https://oidc.eks.ap-southeast-1.amazonaws.com/id/AC1F65F971A7276CF0573C9D0E78D565"
                  }
                ]
              }
            ],
            "kubernetes_network_config": [
              {
                "ip_family": "ipv4",
                "service_ipv4_cidr": "10.100.0.0/16",
                "service_ipv6_cidr": ""
              }
            ],
            "name": "eks-blueprints-no-cilium",
            "outpost_config": [],
            "platform_version": "eks.3",
            "role_arn": "arn:aws:iam::535479350247:role/eks-blueprints-no-cilium-cluster-role",
            "status": "ACTIVE",
            "tags": {
              "Blueprint": "eks-blueprints-no-cilium",
              "GithubRepo": "github.com/badal-deep-shared/terraform-aws-eks-blueprints"
            },
            "version": "1.24",
            "vpc_config": [
              {
                "cluster_security_group_id": "sg-0f147e771e226cec7",
                "endpoint_private_access": false,
                "endpoint_public_access": true,
                "public_access_cidrs": [
                  "0.0.0.0/0"
                ],
                "security_group_ids": [
                  "sg-0c6f877ef7f923346"
                ],
                "subnet_ids": [
                  "subnet-0a421732677fa63d2",
                  "subnet-0ee314ff01d715733"
                ],
                "vpc_id": "vpc-00e8a5494e255e7e6"
              }
            ]
          },
          "sensitive_attributes": []
        }
      ]
    },
    {
      "module": "module.eks_blueprints",
      "mode": "data",
      "type": "aws_iam_policy_document",
      "name": "eks_key",
      "provider": "provider[\"registry.terraform.io/hashicorp/aws\"]",
      "instances": [
        {
          "schema_version": 0,
          "attributes": {
            "id": "631727744",
            "json": "{\n  \"Version\": \"2012-10-17\",\n  \"Statement\": [\n    {\n      \"Sid\": \"Allow access for all principals in the account that are authorized\",\n      \"Effect\": \"Allow\",\n      \"Action\": [\n        \"kms:ReEncrypt*\",\n        \"kms:GenerateDataKey*\",\n        \"kms:Encrypt\",\n        \"kms:DescribeKey\",\n        \"kms:Decrypt\",\n        \"kms:CreateGrant\"\n      ],\n      \"Resource\": \"*\",\n      \"Principal\": {\n        \"AWS\": \"arn:aws:iam::535479350247:root\"\n      },\n      \"Condition\": {\n        \"StringEquals\": {\n          \"kms:CallerAccount\": \"535479350247\",\n          \"kms:ViaService\": \"eks.ap-southeast-1.amazonaws.com\"\n        }\n      }\n    },\n    {\n      \"Sid\": \"Allow direct access to key metadata to the account\",\n      \"Effect\": \"Allow\",\n      \"Action\": [\n        \"kms:RevokeGrant\",\n        \"kms:List*\",\n        \"kms:Get*\",\n        \"kms:Describe*\"\n      ],\n      \"Resource\": \"*\",\n      \"Principal\": {\n        \"AWS\": \"arn:aws:iam::535479350247:root\"\n      }\n    },\n    {\n      \"Sid\": \"Allow access for Key Administrators\",\n      \"Effect\": \"Allow\",\n      \"Action\": \"kms:*\",\n      \"Resource\": \"*\",\n      \"Principal\": {\n        \"AWS\": \"arn:aws:iam::535479350247:role/aws-reserved/sso.amazonaws.com/ap-southeast-1/AWSReservedSSO_AWSAdministratorAccess_9e93d8e0500e8de7\"\n      }\n    },\n    {\n      \"Sid\": \"Allow use of the key\",\n      \"Effect\": \"Allow\",\n      \"Action\": [\n        \"kms:ReEncrypt*\",\n        \"kms:GenerateDataKey*\",\n        \"kms:Encrypt\",\n        \"kms:DescribeKey\",\n        \"kms:Decrypt\"\n      ],\n      \"Resource\": \"*\",\n      \"Principal\": {\n        \"AWS\": \"arn:aws:iam::535479350247:role/eks-blueprints-no-cilium-cluster-role\"\n      }\n    },\n    {\n      \"Sid\": \"Allow attachment of persistent resources\",\n      \"Effect\": \"Allow\",\n      \"Action\": [\n        \"kms:RevokeGrant\",\n        \"kms:ListGrants\",\n        \"kms:CreateGrant\"\n      ],\n      \"Resource\": \"*\",\n      \"Principal\": {\n        \"AWS\": \"arn:aws:iam::535479350247:role/eks-blueprints-no-cilium-cluster-role\"\n      },\n      \"Condition\": {\n        \"Bool\": {\n          \"kms:GrantIsForAWSResource\": \"true\"\n        }\n      }\n    }\n  ]\n}",
            "override_json": null,
            "override_policy_documents": null,
            "policy_id": null,
            "source_json": null,
            "source_policy_documents": null,
            "statement": [
              {
                "actions": [
                  "kms:CreateGrant",
                  "kms:Decrypt",
                  "kms:DescribeKey",
                  "kms:Encrypt",
                  "kms:GenerateDataKey*",
                  "kms:ReEncrypt*"
                ],
                "condition": [
                  {
                    "test": "StringEquals",
                    "values": [
                      "535479350247"
                    ],
                    "variable": "kms:CallerAccount"
                  },
                  {
                    "test": "StringEquals",
                    "values": [
                      "eks.ap-southeast-1.amazonaws.com"
                    ],
                    "variable": "kms:ViaService"
                  }
                ],
                "effect": "Allow",
                "not_actions": [],
                "not_principals": [],
                "not_resources": [],
                "principals": [
                  {
                    "identifiers": [
                      "arn:aws:iam::535479350247:root"
                    ],
                    "type": "AWS"
                  }
                ],
                "resources": [
                  "*"
                ],
                "sid": "Allow access for all principals in the account that are authorized"
              },
              {
                "actions": [
                  "kms:Describe*",
                  "kms:Get*",
                  "kms:List*",
                  "kms:RevokeGrant"
                ],
                "condition": [],
                "effect": "Allow",
                "not_actions": [],
                "not_principals": [],
                "not_resources": [],
                "principals": [
                  {
                    "identifiers": [
                      "arn:aws:iam::535479350247:root"
                    ],
                    "type": "AWS"
                  }
                ],
                "resources": [
                  "*"
                ],
                "sid": "Allow direct access to key metadata to the account"
              },
              {
                "actions": [
                  "kms:*"
                ],
                "condition": [],
                "effect": "Allow",
                "not_actions": [],
                "not_principals": [],
                "not_resources": [],
                "principals": [
                  {
                    "identifiers": [
                      "arn:aws:iam::535479350247:role/aws-reserved/sso.amazonaws.com/ap-southeast-1/AWSReservedSSO_AWSAdministratorAccess_9e93d8e0500e8de7"
                    ],
                    "type": "AWS"
                  }
                ],
                "resources": [
                  "*"
                ],
                "sid": "Allow access for Key Administrators"
              },
              {
                "actions": [
                  "kms:Decrypt",
                  "kms:DescribeKey",
                  "kms:Encrypt",
                  "kms:GenerateDataKey*",
                  "kms:ReEncrypt*"
                ],
                "condition": [],
                "effect": "Allow",
                "not_actions": [],
                "not_principals": [],
                "not_resources": [],
                "principals": [
                  {
                    "identifiers": [
                      "arn:aws:iam::535479350247:role/eks-blueprints-no-cilium-cluster-role"
                    ],
                    "type": "AWS"
                  }
                ],
                "resources": [
                  "*"
                ],
                "sid": "Allow use of the key"
              },
              {
                "actions": [
                  "kms:CreateGrant",
                  "kms:ListGrants",
                  "kms:RevokeGrant"
                ],
                "condition": [
                  {
                    "test": "Bool",
                    "values": [
                      "true"
                    ],
                    "variable": "kms:GrantIsForAWSResource"
                  }
                ],
                "effect": "Allow",
                "not_actions": [],
                "not_principals": [],
                "not_resources": [],
                "principals": [
                  {
                    "identifiers": [
                      "arn:aws:iam::535479350247:role/eks-blueprints-no-cilium-cluster-role"
                    ],
                    "type": "AWS"
                  }
                ],
                "resources": [
                  "*"
                ],
                "sid": "Allow attachment of persistent resources"
              }
            ],
            "version": "2012-10-17"
          },
          "sensitive_attributes": []
        }
      ]
    },
    {
      "module": "module.eks_blueprints",
      "mode": "data",
      "type": "aws_iam_session_context",
      "name": "current",
      "provider": "provider[\"registry.terraform.io/hashicorp/aws\"]",
      "instances": [
        {
          "schema_version": 0,
          "attributes": {
            "arn": "arn:aws:sts::535479350247:assumed-role/AWSReservedSSO_AWSAdministratorAccess_9e93d8e0500e8de7/deepyan+tf-ct-aft@amazon.com",
            "id": "arn:aws:sts::535479350247:assumed-role/AWSReservedSSO_AWSAdministratorAccess_9e93d8e0500e8de7/deepyan+tf-ct-aft@amazon.com",
            "issuer_arn": "arn:aws:iam::535479350247:role/aws-reserved/sso.amazonaws.com/ap-southeast-1/AWSReservedSSO_AWSAdministratorAccess_9e93d8e0500e8de7",
            "issuer_id": "AROAXZLIOOPTSIGI7NIOW",
            "issuer_name": "AWSReservedSSO_AWSAdministratorAccess_9e93d8e0500e8de7",
            "session_name": "deepyan+tf-ct-aft@amazon.com"
          },
          "sensitive_attributes": []
        }
      ]
    },
    {
      "module": "module.eks_blueprints",
      "mode": "data",
      "type": "aws_partition",
      "name": "current",
      "provider": "provider[\"registry.terraform.io/hashicorp/aws\"]",
      "instances": [
        {
          "schema_version": 0,
          "attributes": {
            "dns_suffix": "amazonaws.com",
            "id": "aws",
            "partition": "aws",
            "reverse_dns_prefix": "com.amazonaws"
          },
          "sensitive_attributes": []
        }
      ]
    },
    {
      "module": "module.eks_blueprints",
      "mode": "data",
      "type": "aws_region",
      "name": "current",
      "provider": "provider[\"registry.terraform.io/hashicorp/aws\"]",
      "instances": [
        {
          "schema_version": 0,
          "attributes": {
            "description": "Asia Pacific (Singapore)",
            "endpoint": "ec2.ap-southeast-1.amazonaws.com",
            "id": "ap-southeast-1",
            "name": "ap-southeast-1"
          },
          "sensitive_attributes": []
        }
      ]
    },
    {
      "module": "module.eks_blueprints",
      "mode": "data",
      "type": "http",
      "name": "eks_cluster_readiness",
      "provider": "provider[\"registry.terraform.io/terraform-aws-modules/http\"]",
      "instances": [
        {
          "index_key": 0,
          "schema_version": 0,
          "attributes": {
            "body": "ok",
            "ca_certificate": "-----BEGIN CERTIFICATE-----\nMIIC/jCCAeagAwIBAgIBADANBgkqhkiG9w0BAQsFADAVMRMwEQYDVQQDEwprdWJl\ncm5ldGVzMB4XDTIzMDExMDA4NDMwNloXDTMzMDEwNzA4NDMwNlowFTETMBEGA1UE\nAxMKa3ViZXJuZXRlczCCASIwDQYJKoZIhvcNAQEBBQADggEPADCCAQoCggEBAMUt\npCxgXEaXEhsRN4ZzYh8RXNYUY9s7tj82PzOWv15klc/TimD0GfHjPsrlePMwoEd2\n2ee8T6sTqvQGNYX1BMG9dHq2gZljiIYT558QfYSLYzh7sGjzP5dpolABRarBy8Mz\naC/5USduxjAur7XE+FUocV8bbBB8TMYjF5J2P8z7mCrmrvFhXnP8f5Tw6UCeML6F\n/zOPXXfKF8LX0X9ebVitqQyUq1RlTPp7cRYWea9OwlzIqyEI+IMEqQRm5eshqYPI\nsk7w08TLKkTS2fIkX+OPYcmMDuIRXJUNCOrO1YXJXne7f2LVbaLGHA3sDVzku9YB\nLIQkvW7G5QP3hHIvtOECAwEAAaNZMFcwDgYDVR0PAQH/BAQDAgKkMA8GA1UdEwEB\n/wQFMAMBAf8wHQYDVR0OBBYEFDpqB6dOeARq+2MsxL+HfUZaNtgtMBUGA1UdEQQO\nMAyCCmt1YmVybmV0ZXMwDQYJKoZIhvcNAQELBQADggEBALoq9komirQAVfXFg8dP\npxBJfL7U4NeI4pJPHehxhIPeyhWUI22Fmkh8PVYQmoSZjzpDu66ah/fD19/waKvu\nuaLPn3fpALtq60AsYsO3TvMDRrR3416cExAK+c1zkuEi+OS79dx2LCKC/5yhTuCU\ntQqy8Bj1pmHuaLaAr+50iBc07TINbvAug4SF5QiQEcZPMkx1sW7hJDIzG5uFCj3W\nDxRHF+JF1gvFdSMSAVMOsXejUJWCbeJ43w2pEbqmZ3L8f9lnuwr2SA0HWRqshY39\nmDwbNaQx3qZFaqydVbjXO62P4OGJdCfaanamLo/a3bIhno2eDs1dERi9aPj1KUTa\nIV4=\n-----END CERTIFICATE-----\n",
            "id": "https://AC1F65F971A7276CF0573C9D0E78D565.gr7.ap-southeast-1.eks.amazonaws.com/healthz",
            "insecure": false,
            "request_headers": null,
            "response_headers": {
              "Audit-Id": "f7295ac0-5d6c-4eb6-8605-88eafe9ca6ee",
              "Cache-Control": "no-cache, private",
              "Content-Length": "2",
              "Content-Type": "text/plain; charset=utf-8",
              "Date": "Tue, 10 Jan 2023 08:51:47 GMT",
              "X-Content-Type-Options": "nosniff",
              "X-Kubernetes-Pf-Flowschema-Uid": "5ed11fd8-8081-4f6f-a13f-4c28b841c2bc",
              "X-Kubernetes-Pf-Prioritylevel-Uid": "b30ada3e-7b11-439a-b73d-cc7fec13f0a9"
            },
            "timeout": 600,
            "url": "https://AC1F65F971A7276CF0573C9D0E78D565.gr7.ap-southeast-1.eks.amazonaws.com/healthz"
          },
          "sensitive_attributes": []
        }
      ]
    },
    {
      "module": "module.eks_blueprints",
      "mode": "managed",
      "type": "kubernetes_config_map",
      "name": "aws_auth",
      "provider": "provider[\"registry.terraform.io/hashicorp/kubernetes\"]",
      "instances": [
        {
          "index_key": 0,
          "schema_version": 0,
          "attributes": {
            "binary_data": {},
            "data": {
              "mapAccounts": "[]\n",
              "mapRoles": "- \"groups\":\n  - \"system:bootstrappers\"\n  - \"system:nodes\"\n  \"rolearn\": \"arn:aws:iam::535479350247:role/eks-blueprints-no-cilium-managed-ondemand\"\n  \"username\": \"system:node:{{EC2PrivateDNSName}}\"\n- \"groups\":\n  - \"team-riker-group\"\n  \"rolearn\": \"arn:aws:iam::535479350247:role/eks-blueprints-no-cilium-team-riker-access\"\n  \"username\": \"team-riker\"\n- \"groups\":\n  - \"system:masters\"\n  \"rolearn\": \"arn:aws:iam::535479350247:role/eks-blueprints-no-cilium-admin-access\"\n  \"username\": \"admin\"\n- \"groups\":\n  - \"system:masters\"\n  \"rolearn\": \"arn:aws:iam::535479350247:role/TeamRole\"\n  \"username\": \"ops-role\"\n",
              "mapUsers": "[]\n"
            },
            "id": "kube-system/aws-auth",
            "immutable": false,
            "metadata": [
              {
                "annotations": {},
                "generate_name": "",
                "generation": 0,
                "labels": {
                  "app.kubernetes.io/created-by": "terraform-aws-eks-blueprints",
                  "app.kubernetes.io/managed-by": "terraform-aws-eks-blueprints"
                },
                "name": "aws-auth",
                "namespace": "kube-system",
                "resource_version": "822",
                "uid": "01b7ec6e-71fb-444c-a773-1090772ee385"
              }
            ]
          },
          "sensitive_attributes": [],
          "private": "bnVsbA==",
          "dependencies": [
            "data.aws_caller_identity.current",
            "data.aws_eks_cluster_auth.this",
            "module.eks_blueprints.data.aws_caller_identity.current",
            "module.eks_blueprints.data.aws_iam_policy_document.eks_key",
            "module.eks_blueprints.data.aws_partition.current",
            "module.eks_blueprints.data.aws_region.current",
            "module.eks_blueprints.data.http.eks_cluster_readiness",
            "module.eks_blueprints.module.aws_eks.aws_cloudwatch_log_group.this",
            "module.eks_blueprints.module.aws_eks.aws_eks_cluster.this",
            "module.eks_blueprints.module.aws_eks.aws_iam_role.this",
            "module.eks_blueprints.module.aws_eks.aws_iam_role_policy_attachment.this",
            "module.eks_blueprints.module.aws_eks.aws_security_group.cluster",
            "module.eks_blueprints.module.aws_eks.aws_security_group.node",
            "module.eks_blueprints.module.aws_eks.aws_security_group_rule.cluster",
            "module.eks_blueprints.module.aws_eks.aws_security_group_rule.node",
            "module.eks_blueprints.module.aws_eks.data.aws_iam_policy_document.assume_role_policy",
            "module.eks_blueprints.module.aws_eks.data.aws_partition.current",
            "module.eks_blueprints.module.aws_eks.module.kms.aws_kms_external_key.this",
            "module.eks_blueprints.module.aws_eks.module.kms.aws_kms_key.this",
            "module.eks_blueprints.module.kms.aws_kms_key.this"
          ],
          "create_before_destroy": true
        }
      ]
    },
    {
      "module": "module.eks_blueprints.module.aws_eks",
      "mode": "data",
      "type": "aws_caller_identity",
      "name": "current",
      "provider": "provider[\"registry.terraform.io/hashicorp/aws\"]",
      "instances": [
        {
          "schema_version": 0,
          "attributes": {
            "account_id": "535479350247",
            "arn": "arn:aws:sts::535479350247:assumed-role/AWSReservedSSO_AWSAdministratorAccess_9e93d8e0500e8de7/deepyan+tf-ct-aft@amazon.com",
            "id": "535479350247",
            "user_id": "AROAXZLIOOPTSIGI7NIOW:deepyan+tf-ct-aft@amazon.com"
          },
          "sensitive_attributes": []
        }
      ]
    },
    {
      "module": "module.eks_blueprints.module.aws_eks",
      "mode": "data",
      "type": "aws_iam_policy_document",
      "name": "assume_role_policy",
      "provider": "provider[\"registry.terraform.io/hashicorp/aws\"]",
      "instances": [
        {
          "index_key": 0,
          "schema_version": 0,
          "attributes": {
            "id": "2764486067",
            "json": "{\n  \"Version\": \"2012-10-17\",\n  \"Statement\": [\n    {\n      \"Sid\": \"EKSClusterAssumeRole\",\n      \"Effect\": \"Allow\",\n      \"Action\": \"sts:AssumeRole\",\n      \"Principal\": {\n        \"Service\": \"eks.amazonaws.com\"\n      }\n    }\n  ]\n}",
            "override_json": null,
            "override_policy_documents": null,
            "policy_id": null,
            "source_json": null,
            "source_policy_documents": null,
            "statement": [
              {
                "actions": [
                  "sts:AssumeRole"
                ],
                "condition": [],
                "effect": "Allow",
                "not_actions": [],
                "not_principals": [],
                "not_resources": [],
                "principals": [
                  {
                    "identifiers": [
                      "eks.amazonaws.com"
                    ],
                    "type": "Service"
                  }
                ],
                "resources": [],
                "sid": "EKSClusterAssumeRole"
              }
            ],
            "version": "2012-10-17"
          },
          "sensitive_attributes": []
        }
      ]
    },
    {
      "module": "module.eks_blueprints.module.aws_eks",
      "mode": "data",
      "type": "aws_partition",
      "name": "current",
      "provider": "provider[\"registry.terraform.io/hashicorp/aws\"]",
      "instances": [
        {
          "schema_version": 0,
          "attributes": {
            "dns_suffix": "amazonaws.com",
            "id": "aws",
            "partition": "aws",
            "reverse_dns_prefix": "com.amazonaws"
          },
          "sensitive_attributes": []
        }
      ]
    },
    {
      "module": "module.eks_blueprints.module.aws_eks",
      "mode": "data",
      "type": "tls_certificate",
      "name": "this",
      "provider": "provider[\"registry.terraform.io/hashicorp/tls\"]",
      "instances": [
        {
          "index_key": 0,
          "schema_version": 0,
          "attributes": {
            "certificates": [
              {
                "cert_pem": "-----BEGIN CERTIFICATE-----\nMIIEdTCCA12gAwIBAgIJAKcOSkw0grd/MA0GCSqGSIb3DQEBCwUAMGgxCzAJBgNV\nBAYTAlVTMSUwIwYDVQQKExxTdGFyZmllbGQgVGVjaG5vbG9naWVzLCBJbmMuMTIw\nMAYDVQQLEylTdGFyZmllbGQgQ2xhc3MgMiBDZXJ0aWZpY2F0aW9uIEF1dGhvcml0\neTAeFw0wOTA5MDIwMDAwMDBaFw0zNDA2MjgxNzM5MTZaMIGYMQswCQYDVQQGEwJV\nUzEQMA4GA1UECBMHQXJpem9uYTETMBEGA1UEBxMKU2NvdHRzZGFsZTElMCMGA1UE\nChMcU3RhcmZpZWxkIFRlY2hub2xvZ2llcywgSW5jLjE7MDkGA1UEAxMyU3RhcmZp\nZWxkIFNlcnZpY2VzIFJvb3QgQ2VydGlmaWNhdGUgQXV0aG9yaXR5IC0gRzIwggEi\nMA0GCSqGSIb3DQEBAQUAA4IBDwAwggEKAoIBAQDVDDrEKvlO4vW+GZdfjohTsR8/\ny8+fIBNtKTrID30892t2OGPZNmCom15cAICyL1l/9of5JUOG52kbUpqQ4XHj2C0N\nTm/2yEnZtvMaVq4rtnQU68/7JuMauh2WLmo7WJSJR1b/JaCTcFOD2oR0FMNnngRo\nOt+OQFodSk7PQ5E751bWAHDLUu57fa4657wx+UX2wmDPE1kCK4DMNEffud6QZW0C\nzyyRpqbn3oUYSXxmTqM6bam17jQuug0DuDPfR+uxa40l2ZvOgdFFRjKWcIfeAg5J\nQ4W2bHO7ZOphQazJ1FTfhy/HIrImzJ9ZVGif/L4qL8RVHHVAYBeFAlU5i38FAgMB\nAAGjgfAwge0wDwYDVR0TAQH/BAUwAwEB/zAOBgNVHQ8BAf8EBAMCAYYwHQYDVR0O\nBBYEFJxfAN+qAdcwKziIorhtSpzyEZGDMB8GA1UdIwQYMBaAFL9ft9HO3R+G9FtV\nrNzXEMIOqYjnME8GCCsGAQUFBwEBBEMwQTAcBggrBgEFBQcwAYYQaHR0cDovL28u\nc3MyLnVzLzAhBggrBgEFBQcwAoYVaHR0cDovL3guc3MyLnVzL3guY2VyMCYGA1Ud\nHwQfMB0wG6AZoBeGFWh0dHA6Ly9zLnNzMi51cy9yLmNybDARBgNVHSAECjAIMAYG\nBFUdIAAwDQYJKoZIhvcNAQELBQADggEBACMd44pXyn3pF3lM8R5V/cxTbj5HD9/G\nVfKyBDbtgB9TxF00KGu+x1X8Z+rLP3+QsjPNG1gQggL4+C/1E2DUBc7xgQjB3ad1\nl08YuW3e95ORCLp+QCztweq7dp4zBncdDQh/U90bZKuCJ/Fp1U1ervShw3WnWEQt\n8jxwmKy6abaVd38PMV4s/KCHOkdp8Hlf9BRUpJVeEXgSYCfOn8J3/yNTd126/+pZ\n59vPr5KW7ySaNRB6nJHGDn2Z9j8Z3/VyVOEVqQdZe4O/Ui5GjLIAZHYcSNPYeehu\nVsyuLAOQ1xk4meTKCRlb/weWsKh/NEnfVqn3sF/tM+2MR7cwA130A4w=\n-----END CERTIFICATE-----\n",
                "is_ca": true,
                "issuer": "OU=Starfield Class 2 Certification Authority,O=Starfield Technologies\\, Inc.,C=US",
                "not_after": "2034-06-28T17:39:16Z",
                "not_before": "2009-09-02T00:00:00Z",
                "public_key_algorithm": "RSA",
                "serial_number": "12037640545166866303",
                "sha1_fingerprint": "9e99a48a9960b14926bb7f3b02e22da2b0ab7280",
                "signature_algorithm": "SHA256-RSA",
                "subject": "CN=Starfield Services Root Certificate Authority - G2,O=Starfield Technologies\\, Inc.,L=Scottsdale,ST=Arizona,C=US",
                "version": 3
              },
              {
                "cert_pem": "-----BEGIN CERTIFICATE-----\nMIIEkjCCA3qgAwIBAgITBn+USionzfP6wq4rAfkI7rnExjANBgkqhkiG9w0BAQsF\nADCBmDELMAkGA1UEBhMCVVMxEDAOBgNVBAgTB0FyaXpvbmExEzARBgNVBAcTClNj\nb3R0c2RhbGUxJTAjBgNVBAoTHFN0YXJmaWVsZCBUZWNobm9sb2dpZXMsIEluYy4x\nOzA5BgNVBAMTMlN0YXJmaWVsZCBTZXJ2aWNlcyBSb290IENlcnRpZmljYXRlIEF1\ndGhvcml0eSAtIEcyMB4XDTE1MDUyNTEyMDAwMFoXDTM3MTIzMTAxMDAwMFowOTEL\nMAkGA1UEBhMCVVMxDzANBgNVBAoTBkFtYXpvbjEZMBcGA1UEAxMQQW1hem9uIFJv\nb3QgQ0EgMTCCASIwDQYJKoZIhvcNAQEBBQADggEPADCCAQoCggEBALJ4gHHKeNXj\nca9HgFB0fW7Y14h29Jlo91ghYPl0hAEvrAIthtOgQ3pOsqTQNroBvo3bSMgHFzZM\n9O6II8c+6zf1tRn4SWiw3te5djgdYZ6k/oI2peVKVuRF4fn9tBb6dNqcmzU5L/qw\nIFAGbHrQgLKm+a/sRxmPUDgH3KKHOVj4utWp+UhnMJbulHheb4mjUcAwhmahRWa6\nVOujw5H5SNz/0egwLX0tdHA114gk957EWW67c4cX8jJGKLhD+rcdqsq08p8kDi1L\n93FcXmn/6pUCyziKrlA4b9v7LWIbxcceVOF34GfID5yHI9Y/QCB/IIDEgEw+OyQm\njgSubJrIqg0CAwEAAaOCATEwggEtMA8GA1UdEwEB/wQFMAMBAf8wDgYDVR0PAQH/\nBAQDAgGGMB0GA1UdDgQWBBSEGMyFNOy8DJSULghZnMeyEE4KCDAfBgNVHSMEGDAW\ngBScXwDfqgHXMCs4iKK4bUqc8hGRgzB4BggrBgEFBQcBAQRsMGowLgYIKwYBBQUH\nMAGGImh0dHA6Ly9vY3NwLnJvb3RnMi5hbWF6b250cnVzdC5jb20wOAYIKwYBBQUH\nMAKGLGh0dHA6Ly9jcnQucm9vdGcyLmFtYXpvbnRydXN0LmNvbS9yb290ZzIuY2Vy\nMD0GA1UdHwQ2MDQwMqAwoC6GLGh0dHA6Ly9jcmwucm9vdGcyLmFtYXpvbnRydXN0\nLmNvbS9yb290ZzIuY3JsMBEGA1UdIAQKMAgwBgYEVR0gADANBgkqhkiG9w0BAQsF\nAAOCAQEAYjdCXLwQtT6LLOkMm2xF4gcAevnFWAu5CIw+7bMlPLVvUOTNNWqnkzSW\nMiGpSESrnO09tKpzbeR/FoCJbM8oAxiDR3mjEH4wW6w7sGDgd9QIpuEdfF7Au/ma\neyKdpwAJfqxGF4PcnCZXmTA5YpaP7dreqsXMGz7KQ2hsVxa81Q4gLv7/wmpdLqBK\nbRRYh5TmOTFffHPLkIhqhBGWJ6bt2YFGpn6jcgAKUj6DiAdjd4lpFw85hdKrCEVN\n0FE6/V1dN2RMfjCyVSRCnTawXZwXgWHxyvkQAiSr6w10kY17RSlQOYiypok1JR4U\nakcjMS9cmvqtmg5iUaQqqcT5NJ0hGA==\n-----END CERTIFICATE-----\n",
                "is_ca": true,
                "issuer": "CN=Starfield Services Root Certificate Authority - G2,O=Starfield Technologies\\, Inc.,L=Scottsdale,ST=Arizona,C=US",
                "not_after": "2037-12-31T01:00:00Z",
                "not_before": "2015-05-25T12:00:00Z",
                "public_key_algorithm": "RSA",
                "serial_number": "144918191876577076464031512351042010504348870",
                "sha1_fingerprint": "06b25927c42a721631c1efd9431e648fa62e1e39",
                "signature_algorithm": "SHA256-RSA",
                "subject": "CN=Amazon Root CA 1,O=Amazon,C=US",
                "version": 3
              },
              {
                "cert_pem": "-----BEGIN CERTIFICATE-----\nMIIESTCCAzGgAwIBAgITBn+UV4WH6Kx33rJTMlu8mYtWDTANBgkqhkiG9w0BAQsF\nADA5MQswCQYDVQQGEwJVUzEPMA0GA1UEChMGQW1hem9uMRkwFwYDVQQDExBBbWF6\nb24gUm9vdCBDQSAxMB4XDTE1MTAyMjAwMDAwMFoXDTI1MTAxOTAwMDAwMFowRjEL\nMAkGA1UEBhMCVVMxDzANBgNVBAoTBkFtYXpvbjEVMBMGA1UECxMMU2VydmVyIENB\nIDFCMQ8wDQYDVQQDEwZBbWF6b24wggEiMA0GCSqGSIb3DQEBAQUAA4IBDwAwggEK\nAoIBAQDCThZn3c68asg3Wuw6MLAd5tES6BIoSMzoKcG5blPVo+sDORrMd4f2AbnZ\ncMzPa43j4wNxhplty6aUKk4T1qe9BOwKFjwK6zmxxLVYo7bHViXsPlJ6qOMpFge5\nblDP+18x+B26A0piiQOuPkfyDyeR4xQghfj66Yo19V+emU3nazfvpFA+ROz6WoVm\nB5x+F2pV8xeKNR7u6azDdU5YVX1TawprmxRC1+WsAYmz6qP+z8ArDITC2FMVy2fw\n0IjKOtEXc/VfmtTFch5+AfGYMGMqqvJ6LcXiAhqG5TI+Dr0RtM88k+8XUBCeQ8IG\nKuANaL7TiItKZYxK1MMuTJtV9IblAgMBAAGjggE7MIIBNzASBgNVHRMBAf8ECDAG\nAQH/AgEAMA4GA1UdDwEB/wQEAwIBhjAdBgNVHQ4EFgQUWaRmBlKge5WSPKOUByeW\ndFv5PdAwHwYDVR0jBBgwFoAUhBjMhTTsvAyUlC4IWZzHshBOCggwewYIKwYBBQUH\nAQEEbzBtMC8GCCsGAQUFBzABhiNodHRwOi8vb2NzcC5yb290Y2ExLmFtYXpvbnRy\ndXN0LmNvbTA6BggrBgEFBQcwAoYuaHR0cDovL2NydC5yb290Y2ExLmFtYXpvbnRy\ndXN0LmNvbS9yb290Y2ExLmNlcjA/BgNVHR8EODA2MDSgMqAwhi5odHRwOi8vY3Js\nLnJvb3RjYTEuYW1hem9udHJ1c3QuY29tL3Jvb3RjYTEuY3JsMBMGA1UdIAQMMAow\nCAYGZ4EMAQIBMA0GCSqGSIb3DQEBCwUAA4IBAQCFkr41u3nPo4FCHOTjY3NTOVI1\n59Gt/a6ZiqyJEi+752+a1U5y6iAwYfmXss2lJwJFqMp2PphKg5625kXg8kP2CN5t\n6G7bMQcT8C8xDZNtYTd7WPD8UZiRKAJPBXa30/AbwuZe0GaFEQ8ugcYQgSn+IGBI\n8/LwhBNTZTUVEWuCUUBVV18YtbAiPq3yXqMB48Oz+ctBWuZSkbvkNodPLamkB2g1\nupRyzQ7qDn1X8nn8N8V7YJ6y68AtkHcNSRAnpTitxBKjtKPISLMVCx7i4hncxHZS\nyLyKQXhw2W2Xs0qLeC1etA+jTGDK4UfLeC0SF7FSi8o5LL21L8IzApar2pR/\n-----END CERTIFICATE-----\n",
                "is_ca": true,
                "issuer": "CN=Amazon Root CA 1,O=Amazon,C=US",
                "not_after": "2025-10-19T00:00:00Z",
                "not_before": "2015-10-22T00:00:00Z",
                "public_key_algorithm": "RSA",
                "serial_number": "144918209630989264145272943054026349679957517",
                "sha1_fingerprint": "917e732d330f9a12404f73d8bea36948b929dffc",
                "signature_algorithm": "SHA256-RSA",
                "subject": "CN=Amazon,OU=Server CA 1B,O=Amazon,C=US",
                "version": 3
              },
              {
                "cert_pem": "-----BEGIN CERTIFICATE-----\nMIIGAzCCBOugAwIBAgIQCHHjPDlctwRyZnKGbEMyeDANBgkqhkiG9w0BAQsFADBG\nMQswCQYDVQQGEwJVUzEPMA0GA1UEChMGQW1hem9uMRUwEwYDVQQLEwxTZXJ2ZXIg\nQ0EgMUIxDzANBgNVBAMTBkFtYXpvbjAeFw0yMjA1MTQwMDAwMDBaFw0yMzA2MTIy\nMzU5NTlaMDAxLjAsBgNVBAMTJW9pZGMuZWtzLmFwLXNvdXRoZWFzdC0xLmFtYXpv\nbmF3cy5jb20wggEiMA0GCSqGSIb3DQEBAQUAA4IBDwAwggEKAoIBAQCO7RL4alJi\nHWFoU4Kvguud0Es9o7K7jkGkOL1w4s5B/LBRE2wyRXIm98CiSH5Li4iwuJ5m9c9U\nPWRzVgwShu3Z3ZYsFtSNo6dVeb9041+LI5gGpAUak+84YAxpO2v4y9Yz3/sxfMFq\nGdUHE4j7W8orFvZWQ3EC/M3PRzFS07qF52DyZhdDvD+yoeEilNDv2+LppjJFQ1ge\nDuNavocgOx9QDKdMaIBs+cmmhVk74jyYJPTO6VR+bSScx4Q5LZQrU1qzGCcgZntJ\nAevc8ePqFFRrErysZANMIQDkUXX8mh45A3yCecRNQ/MZm20zNC+OqBsRtDSsiBjl\nX+KeapgMAsg/AgMBAAGjggMBMIIC/TAfBgNVHSMEGDAWgBRZpGYGUqB7lZI8o5QH\nJ5Z0W/k90DAdBgNVHQ4EFgQUa5SKsWVDUt4EiizL5q0UcKOzT3UwMAYDVR0RBCkw\nJ4Ilb2lkYy5la3MuYXAtc291dGhlYXN0LTEuYW1hem9uYXdzLmNvbTAOBgNVHQ8B\nAf8EBAMCBaAwHQYDVR0lBBYwFAYIKwYBBQUHAwEGCCsGAQUFBwMCMD0GA1UdHwQ2\nMDQwMqAwoC6GLGh0dHA6Ly9jcmwuc2NhMWIuYW1hem9udHJ1c3QuY29tL3NjYTFi\nLTEuY3JsMBMGA1UdIAQMMAowCAYGZ4EMAQIBMHUGCCsGAQUFBwEBBGkwZzAtBggr\nBgEFBQcwAYYhaHR0cDovL29jc3Auc2NhMWIuYW1hem9udHJ1c3QuY29tMDYGCCsG\nAQUFBzAChipodHRwOi8vY3J0LnNjYTFiLmFtYXpvbnRydXN0LmNvbS9zY2ExYi5j\ncnQwDAYDVR0TAQH/BAIwADCCAX8GCisGAQQB1nkCBAIEggFvBIIBawFpAHcA6D7Q\n2j71BjUy51covIlryQPTy9ERa+zraeF3fW0GvW4AAAGAv/XMsAAABAMASDBGAiEA\n8BoXCWLgQDq1nYcXzyeTHIbsp1UX/GZMu5ukZ9ESzJ0CIQDTU40xiM8vmP/vZKAz\nsL+Z5ITMEHNgFZTZuNGfWQVrcwB2ADXPGRu/sWxXvw+tTG1Cy7u2JyAmUeo/4Srv\nqAPDO9ZMAAABgL/1zKwAAAQDAEcwRQIgYPHHJh4eL3OauuzWCDkPoH9tNiXstAlz\n85n4Y+pszGICIQCCthSnsjR0DV96I/UY92FrSzOPpNT/o/dJBdeO8nEk7AB2ALNz\ndwfhhFD4Y4bWBancEQlKeS2xZwwLh9zwAw55NqWaAAABgL/1zM0AAAQDAEcwRQIh\nAP4xOcjLJUsMMqpw+gTilAALQpwZQiWWUQqHZZT6EhOLAiAHsQ0EdFqNDrgAdU4m\n+FIFI690tL+bArJVWkO6iluDKzANBgkqhkiG9w0BAQsFAAOCAQEAZWCMOwk45d0O\nYOt67svWzSDpqQZ6s24vXLXPKzlz23L0HDOKJfG5RhcXJov2g1I+hEiNeDEOdlyT\nszfkFq+F3/KH5ptXasZrlabncLyXc5/ZkQAuUwvZI9fTdPGQmGqkVCbVFmoEXN7v\nnkyK5h3an9yq/e31PSICQAirBtd7Iq2djyIG0+x28LU1A4qKyv+D4ucL4bTgJsMo\n27jsBHMZbAR31J9D0gqqshtKzg6UpAxxaF49MT3Ar78yahVucOYWRMWExtLZZgN9\ngPbKhAWyuKja/kzTiJzguoWDjxLeqRx0/QI6/6+oWCUBReOJb9OJ5c7J2E0qpfNd\n4oI+vEGC+g==\n-----END CERTIFICATE-----\n",
                "is_ca": false,
                "issuer": "CN=Amazon,OU=Server CA 1B,O=Amazon,C=US",
                "not_after": "2023-06-12T23:59:59Z",
                "not_before": "2022-05-14T00:00:00Z",
                "public_key_algorithm": "RSA",
                "serial_number": "11225162389716273300618852537037173368",
                "sha1_fingerprint": "dbb5dfc2af72f6c8ca7b68b8bde4b414e2b96ab4",
                "signature_algorithm": "SHA256-RSA",
                "subject": "CN=oidc.eks.ap-southeast-1.amazonaws.com",
                "version": 3
              }
            ],
            "content": null,
            "id": "a21c21cd119f2a2e9cd579605264955aae419b3f",
            "url": "https://oidc.eks.ap-southeast-1.amazonaws.com/id/AC1F65F971A7276CF0573C9D0E78D565",
            "verify_chain": true
          },
          "sensitive_attributes": []
        }
      ]
    },
    {
      "module": "module.eks_blueprints.module.aws_eks",
      "mode": "managed",
      "type": "aws_ec2_tag",
      "name": "cluster_primary_security_group",
      "provider": "provider[\"registry.terraform.io/hashicorp/aws\"]",
      "instances": [
        {
          "index_key": "Blueprint",
          "schema_version": 0,
          "attributes": {
            "id": "sg-0f147e771e226cec7,Blueprint",
            "key": "Blueprint",
            "resource_id": "sg-0f147e771e226cec7",
            "value": "eks-blueprints-no-cilium"
          },
          "sensitive_attributes": [],
          "private": "bnVsbA==",
          "dependencies": [
            "module.eks_blueprints.data.aws_iam_policy_document.eks_key",
            "module.eks_blueprints.module.aws_eks.aws_cloudwatch_log_group.this",
            "module.eks_blueprints.module.aws_eks.aws_eks_cluster.this",
            "module.eks_blueprints.module.aws_eks.aws_iam_role.this",
            "module.eks_blueprints.module.aws_eks.aws_iam_role_policy_attachment.this",
            "module.eks_blueprints.module.aws_eks.aws_security_group.cluster",
            "module.eks_blueprints.module.aws_eks.aws_security_group.node",
            "module.eks_blueprints.module.aws_eks.aws_security_group_rule.cluster",
            "module.eks_blueprints.module.aws_eks.aws_security_group_rule.node",
            "module.eks_blueprints.module.aws_eks.data.aws_iam_policy_document.assume_role_policy",
            "module.eks_blueprints.module.aws_eks.data.aws_partition.current",
            "module.eks_blueprints.module.aws_eks.module.kms.aws_kms_external_key.this",
            "module.eks_blueprints.module.aws_eks.module.kms.aws_kms_key.this",
            "module.eks_blueprints.module.kms.aws_kms_key.this"
          ]
        },
        {
          "index_key": "GithubRepo",
          "schema_version": 0,
          "attributes": {
            "id": "sg-0f147e771e226cec7,GithubRepo",
            "key": "GithubRepo",
            "resource_id": "sg-0f147e771e226cec7",
            "value": "github.com/badal-deep-shared/terraform-aws-eks-blueprints"
          },
          "sensitive_attributes": [],
          "private": "bnVsbA==",
          "dependencies": [
            "module.eks_blueprints.data.aws_iam_policy_document.eks_key",
            "module.eks_blueprints.module.aws_eks.aws_cloudwatch_log_group.this",
            "module.eks_blueprints.module.aws_eks.aws_eks_cluster.this",
            "module.eks_blueprints.module.aws_eks.aws_iam_role.this",
            "module.eks_blueprints.module.aws_eks.aws_iam_role_policy_attachment.this",
            "module.eks_blueprints.module.aws_eks.aws_security_group.cluster",
            "module.eks_blueprints.module.aws_eks.aws_security_group.node",
            "module.eks_blueprints.module.aws_eks.aws_security_group_rule.cluster",
            "module.eks_blueprints.module.aws_eks.aws_security_group_rule.node",
            "module.eks_blueprints.module.aws_eks.data.aws_iam_policy_document.assume_role_policy",
            "module.eks_blueprints.module.aws_eks.data.aws_partition.current",
            "module.eks_blueprints.module.aws_eks.module.kms.aws_kms_external_key.this",
            "module.eks_blueprints.module.aws_eks.module.kms.aws_kms_key.this",
            "module.eks_blueprints.module.kms.aws_kms_key.this"
          ]
        }
      ]
    },
    {
      "module": "module.eks_blueprints.module.aws_eks",
      "mode": "managed",
      "type": "aws_eks_cluster",
      "name": "this",
      "provider": "provider[\"registry.terraform.io/hashicorp/aws\"]",
      "instances": [
        {
          "index_key": 0,
          "schema_version": 0,
          "attributes": {
            "arn": "arn:aws:eks:ap-southeast-1:535479350247:cluster/eks-blueprints-no-cilium",
            "certificate_authority": [
              {
                "data": "LS0tLS1CRUdJTiBDRVJUSUZJQ0FURS0tLS0tCk1JSUMvakNDQWVhZ0F3SUJBZ0lCQURBTkJna3Foa2lHOXcwQkFRc0ZBREFWTVJNd0VRWURWUVFERXdwcmRXSmwKY201bGRHVnpNQjRYRFRJek1ERXhNREE0TkRNd05sb1hEVE16TURFd056QTRORE13Tmxvd0ZURVRNQkVHQTFVRQpBeE1LYTNWaVpYSnVaWFJsY3pDQ0FTSXdEUVlKS29aSWh2Y05BUUVCQlFBRGdnRVBBRENDQVFvQ2dnRUJBTVV0CnBDeGdYRWFYRWhzUk40WnpZaDhSWE5ZVVk5czd0ajgyUHpPV3YxNWtsYy9UaW1EMEdmSGpQc3JsZVBNd29FZDIKMmVlOFQ2c1RxdlFHTllYMUJNRzlkSHEyZ1psamlJWVQ1NThRZllTTFl6aDdzR2p6UDVkcG9sQUJSYXJCeThNegphQy81VVNkdXhqQXVyN1hFK0ZVb2NWOGJiQkI4VE1ZakY1SjJQOHo3bUNybXJ2RmhYblA4ZjVUdzZVQ2VNTDZGCi96T1BYWGZLRjhMWDBYOWViVml0cVF5VXExUmxUUHA3Y1JZV2VhOU93bHpJcXlFSStJTUVxUVJtNWVzaHFZUEkKc2s3dzA4VExLa1RTMmZJa1grT1BZY21NRHVJUlhKVU5DT3JPMVlYSlhuZTdmMkxWYmFMR0hBM3NEVnprdTlZQgpMSVFrdlc3RzVRUDNoSEl2dE9FQ0F3RUFBYU5aTUZjd0RnWURWUjBQQVFIL0JBUURBZ0trTUE4R0ExVWRFd0VCCi93UUZNQU1CQWY4d0hRWURWUjBPQkJZRUZEcHFCNmRPZUFScSsyTXN4TCtIZlVaYU50Z3RNQlVHQTFVZEVRUU8KTUF5Q0NtdDFZbVZ5Ym1WMFpYTXdEUVlKS29aSWh2Y05BUUVMQlFBRGdnRUJBTG9xOWtvbWlyUUFWZlhGZzhkUApweEJKZkw3VTROZUk0cEpQSGVoeGhJUGV5aFdVSTIyRm1raDhQVllRbW9TWmp6cER1NjZhaC9mRDE5L3dhS3Z1CnVhTFBuM2ZwQUx0cTYwQXNZc08zVHZNRFJyUjM0MTZjRXhBSytjMXprdUVpK09TNzlkeDJMQ0tDLzV5aFR1Q1UKdFFxeThCajFwbUh1YUxhQXIrNTBpQmMwN1RJTmJ2QXVnNFNGNVFpUUVjWlBNa3gxc1c3aEpESXpHNXVGQ2ozVwpEeFJIRitKRjFndkZkU01TQVZNT3NYZWpVSldDYmVKNDN3MnBFYnFtWjNMOGY5bG51d3IyU0EwSFdScXNoWTM5Cm1Ed2JOYVF4M3FaRmFxeWRWYmpYTzYyUDRPR0pkQ2ZhYW5hbUxvL2EzYklobm8yZURzMWRFUmk5YVBqMUtVVGEKSVY0PQotLS0tLUVORCBDRVJUSUZJQ0FURS0tLS0tCg=="
              }
            ],
            "cluster_id": null,
            "created_at": "2023-01-10 08:37:27.985 +0000 UTC",
            "enabled_cluster_log_types": [
              "api",
              "audit",
              "authenticator",
              "controllerManager",
              "scheduler"
            ],
            "encryption_config": [
              {
                "provider": [
                  {
                    "key_arn": "arn:aws:kms:ap-southeast-1:535479350247:key/d3a28b17-e1f7-4725-8814-f404676c54eb"
                  }
                ],
                "resources": [
                  "secrets"
                ]
              }
            ],
            "endpoint": "https://AC1F65F971A7276CF0573C9D0E78D565.gr7.ap-southeast-1.eks.amazonaws.com",
            "id": "eks-blueprints-no-cilium",
            "identity": [
              {
                "oidc": [
                  {
                    "issuer": "https://oidc.eks.ap-southeast-1.amazonaws.com/id/AC1F65F971A7276CF0573C9D0E78D565"
                  }
                ]
              }
            ],
            "kubernetes_network_config": [
              {
                "ip_family": "ipv4",
                "service_ipv4_cidr": "10.100.0.0/16",
                "service_ipv6_cidr": ""
              }
            ],
            "name": "eks-blueprints-no-cilium",
            "outpost_config": [],
            "platform_version": "eks.3",
            "role_arn": "arn:aws:iam::535479350247:role/eks-blueprints-no-cilium-cluster-role",
            "status": "ACTIVE",
            "tags": {
              "Blueprint": "eks-blueprints-no-cilium",
              "GithubRepo": "github.com/badal-deep-shared/terraform-aws-eks-blueprints"
            },
            "tags_all": {
              "Blueprint": "eks-blueprints-no-cilium",
              "GithubRepo": "github.com/badal-deep-shared/terraform-aws-eks-blueprints"
            },
            "timeouts": {
              "create": null,
              "delete": null,
              "update": null
            },
            "version": "1.24",
            "vpc_config": [
              {
                "cluster_security_group_id": "sg-0f147e771e226cec7",
                "endpoint_private_access": false,
                "endpoint_public_access": true,
                "public_access_cidrs": [
                  "0.0.0.0/0"
                ],
                "security_group_ids": [
                  "sg-0c6f877ef7f923346"
                ],
                "subnet_ids": [
                  "subnet-0a421732677fa63d2",
                  "subnet-0ee314ff01d715733"
                ],
                "vpc_id": "vpc-00e8a5494e255e7e6"
              }
            ]
          },
          "sensitive_attributes": [],
          "private": "eyJlMmJmYjczMC1lY2FhLTExZTYtOGY4OC0zNDM2M2JjN2M0YzAiOnsiY3JlYXRlIjoxODAwMDAwMDAwMDAwLCJkZWxldGUiOjkwMDAwMDAwMDAwMCwidXBkYXRlIjozNjAwMDAwMDAwMDAwfX0=",
          "dependencies": [
            "module.eks_blueprints.data.aws_iam_policy_document.eks_key",
            "module.eks_blueprints.module.aws_eks.aws_cloudwatch_log_group.this",
            "module.eks_blueprints.module.aws_eks.aws_iam_role.this",
            "module.eks_blueprints.module.aws_eks.aws_iam_role_policy_attachment.this",
            "module.eks_blueprints.module.aws_eks.aws_security_group.cluster",
            "module.eks_blueprints.module.aws_eks.aws_security_group.node",
            "module.eks_blueprints.module.aws_eks.aws_security_group_rule.cluster",
            "module.eks_blueprints.module.aws_eks.aws_security_group_rule.node",
            "module.eks_blueprints.module.aws_eks.data.aws_iam_policy_document.assume_role_policy",
            "module.eks_blueprints.module.aws_eks.data.aws_partition.current",
            "module.eks_blueprints.module.aws_eks.module.kms.aws_kms_external_key.this",
            "module.eks_blueprints.module.aws_eks.module.kms.aws_kms_key.this",
            "module.eks_blueprints.module.kms.aws_kms_key.this"
          ],
          "create_before_destroy": true
        }
      ]
    },
    {
      "module": "module.eks_blueprints.module.aws_eks",
      "mode": "managed",
      "type": "aws_iam_openid_connect_provider",
      "name": "oidc_provider",
      "provider": "provider[\"registry.terraform.io/hashicorp/aws\"]",
      "instances": [
        {
          "index_key": 0,
          "schema_version": 0,
          "attributes": {
            "arn": "arn:aws:iam::535479350247:oidc-provider/oidc.eks.ap-southeast-1.amazonaws.com/id/AC1F65F971A7276CF0573C9D0E78D565",
            "client_id_list": [
              "sts.amazonaws.com"
            ],
            "id": "arn:aws:iam::535479350247:oidc-provider/oidc.eks.ap-southeast-1.amazonaws.com/id/AC1F65F971A7276CF0573C9D0E78D565",
            "tags": {
              "Blueprint": "eks-blueprints-no-cilium",
              "GithubRepo": "github.com/badal-deep-shared/terraform-aws-eks-blueprints",
              "Name": "eks-blueprints-no-cilium-eks-irsa"
            },
            "tags_all": {
              "Blueprint": "eks-blueprints-no-cilium",
              "GithubRepo": "github.com/badal-deep-shared/terraform-aws-eks-blueprints",
              "Name": "eks-blueprints-no-cilium-eks-irsa"
            },
            "thumbprint_list": [
              "9e99a48a9960b14926bb7f3b02e22da2b0ab7280"
            ],
            "url": "oidc.eks.ap-southeast-1.amazonaws.com/id/AC1F65F971A7276CF0573C9D0E78D565"
          },
          "sensitive_attributes": [],
          "private": "bnVsbA==",
          "dependencies": [
            "module.eks_blueprints.data.aws_iam_policy_document.eks_key",
            "module.eks_blueprints.module.aws_eks.aws_cloudwatch_log_group.this",
            "module.eks_blueprints.module.aws_eks.aws_eks_cluster.this",
            "module.eks_blueprints.module.aws_eks.aws_iam_role.this",
            "module.eks_blueprints.module.aws_eks.aws_iam_role_policy_attachment.this",
            "module.eks_blueprints.module.aws_eks.aws_security_group.cluster",
            "module.eks_blueprints.module.aws_eks.aws_security_group.node",
            "module.eks_blueprints.module.aws_eks.aws_security_group_rule.cluster",
            "module.eks_blueprints.module.aws_eks.aws_security_group_rule.node",
            "module.eks_blueprints.module.aws_eks.data.aws_iam_policy_document.assume_role_policy",
            "module.eks_blueprints.module.aws_eks.data.aws_partition.current",
            "module.eks_blueprints.module.aws_eks.data.tls_certificate.this",
            "module.eks_blueprints.module.aws_eks.module.kms.aws_kms_external_key.this",
            "module.eks_blueprints.module.aws_eks.module.kms.aws_kms_key.this",
            "module.eks_blueprints.module.kms.aws_kms_key.this"
          ]
        }
      ]
    },
    {
      "module": "module.eks_blueprints.module.aws_eks",
      "mode": "managed",
      "type": "aws_iam_role",
      "name": "this",
      "provider": "provider[\"registry.terraform.io/hashicorp/aws\"]",
      "instances": [
        {
          "index_key": 0,
          "schema_version": 0,
          "attributes": {
            "arn": "arn:aws:iam::535479350247:role/eks-blueprints-no-cilium-cluster-role",
            "assume_role_policy": "{\"Statement\":[{\"Action\":\"sts:AssumeRole\",\"Effect\":\"Allow\",\"Principal\":{\"Service\":\"eks.amazonaws.com\"},\"Sid\":\"EKSClusterAssumeRole\"}],\"Version\":\"2012-10-17\"}",
            "create_date": "2023-01-10T08:36:52Z",
            "description": "",
            "force_detach_policies": true,
            "id": "eks-blueprints-no-cilium-cluster-role",
            "inline_policy": [],
            "managed_policy_arns": [
              "arn:aws:iam::aws:policy/AmazonEKSClusterPolicy",
              "arn:aws:iam::aws:policy/AmazonEKSVPCResourceController"
            ],
            "max_session_duration": 3600,
            "name": "eks-blueprints-no-cilium-cluster-role",
            "name_prefix": "",
            "path": "/",
            "permissions_boundary": null,
            "tags": {
              "Blueprint": "eks-blueprints-no-cilium",
              "GithubRepo": "github.com/badal-deep-shared/terraform-aws-eks-blueprints"
            },
            "tags_all": {
              "Blueprint": "eks-blueprints-no-cilium",
              "GithubRepo": "github.com/badal-deep-shared/terraform-aws-eks-blueprints"
            },
            "unique_id": "AROAXZLIOOPTTKXKSTYWT"
          },
          "sensitive_attributes": [],
          "private": "bnVsbA==",
          "dependencies": [
            "module.eks_blueprints.module.aws_eks.aws_cloudwatch_log_group.this",
            "module.eks_blueprints.module.aws_eks.data.aws_iam_policy_document.assume_role_policy"
          ],
          "create_before_destroy": true
        }
      ]
    },
    {
      "module": "module.eks_blueprints.module.aws_eks",
      "mode": "managed",
      "type": "aws_iam_role_policy_attachment",
      "name": "this",
      "provider": "provider[\"registry.terraform.io/hashicorp/aws\"]",
      "instances": [
        {
          "index_key": "arn:aws:iam::aws:policy/AmazonEKSClusterPolicy",
          "schema_version": 0,
          "attributes": {
            "id": "eks-blueprints-no-cilium-cluster-role-20230110083656216900000004",
            "policy_arn": "arn:aws:iam::aws:policy/AmazonEKSClusterPolicy",
            "role": "eks-blueprints-no-cilium-cluster-role"
          },
          "sensitive_attributes": [],
          "private": "bnVsbA==",
          "dependencies": [
            "module.eks_blueprints.module.aws_eks.aws_cloudwatch_log_group.this",
            "module.eks_blueprints.module.aws_eks.aws_iam_role.this",
            "module.eks_blueprints.module.aws_eks.data.aws_iam_policy_document.assume_role_policy",
            "module.eks_blueprints.module.aws_eks.data.aws_partition.current"
          ],
          "create_before_destroy": true
        },
        {
          "index_key": "arn:aws:iam::aws:policy/AmazonEKSVPCResourceController",
          "schema_version": 0,
          "attributes": {
            "id": "eks-blueprints-no-cilium-cluster-role-20230110083655742500000003",
            "policy_arn": "arn:aws:iam::aws:policy/AmazonEKSVPCResourceController",
            "role": "eks-blueprints-no-cilium-cluster-role"
          },
          "sensitive_attributes": [],
          "private": "bnVsbA==",
          "dependencies": [
            "module.eks_blueprints.module.aws_eks.aws_cloudwatch_log_group.this",
            "module.eks_blueprints.module.aws_eks.aws_iam_role.this",
            "module.eks_blueprints.module.aws_eks.data.aws_iam_policy_document.assume_role_policy",
            "module.eks_blueprints.module.aws_eks.data.aws_partition.current"
          ],
          "create_before_destroy": true
        }
      ]
    },
    {
      "module": "module.eks_blueprints.module.aws_eks",
      "mode": "managed",
      "type": "aws_security_group",
      "name": "cluster",
      "provider": "provider[\"registry.terraform.io/hashicorp/aws\"]",
      "instances": [
        {
          "index_key": 0,
          "schema_version": 1,
          "attributes": {
            "arn": "arn:aws:ec2:ap-southeast-1:535479350247:security-group/sg-0c6f877ef7f923346",
            "description": "EKS cluster security group",
            "egress": [
              {
                "cidr_blocks": [],
                "description": "Cluster API to node groups",
                "from_port": 443,
                "ipv6_cidr_blocks": [],
                "prefix_list_ids": [],
                "protocol": "tcp",
                "security_groups": [
                  "sg-080b0e192e316a868"
                ],
                "self": false,
                "to_port": 443
              },
              {
                "cidr_blocks": [],
                "description": "Cluster API to node kubelets",
                "from_port": 10250,
                "ipv6_cidr_blocks": [],
                "prefix_list_ids": [],
                "protocol": "tcp",
                "security_groups": [
                  "sg-080b0e192e316a868"
                ],
                "self": false,
                "to_port": 10250
              }
            ],
            "id": "sg-0c6f877ef7f923346",
            "ingress": [
              {
                "cidr_blocks": [],
                "description": "Node groups to cluster API",
                "from_port": 443,
                "ipv6_cidr_blocks": [],
                "prefix_list_ids": [],
                "protocol": "tcp",
                "security_groups": [
                  "sg-080b0e192e316a868"
                ],
                "self": false,
                "to_port": 443
              }
            ],
            "name": "eks-blueprints-no-cilium-cluster-20230110083649797300000001",
            "name_prefix": "eks-blueprints-no-cilium-cluster-",
            "owner_id": "535479350247",
            "revoke_rules_on_delete": false,
            "tags": {
              "Blueprint": "eks-blueprints-no-cilium",
              "GithubRepo": "github.com/badal-deep-shared/terraform-aws-eks-blueprints",
              "Name": "eks-blueprints-no-cilium-cluster"
            },
            "tags_all": {
              "Blueprint": "eks-blueprints-no-cilium",
              "GithubRepo": "github.com/badal-deep-shared/terraform-aws-eks-blueprints",
              "Name": "eks-blueprints-no-cilium-cluster"
            },
            "timeouts": null,
            "vpc_id": "vpc-00e8a5494e255e7e6"
          },
          "sensitive_attributes": [],
          "private": "eyJlMmJmYjczMC1lY2FhLTExZTYtOGY4OC0zNDM2M2JjN2M0YzAiOnsiY3JlYXRlIjo2MDAwMDAwMDAwMDAsImRlbGV0ZSI6OTAwMDAwMDAwMDAwfSwic2NoZW1hX3ZlcnNpb24iOiIxIn0=",
          "create_before_destroy": true
        }
      ]
    },
    {
      "module": "module.eks_blueprints.module.aws_eks",
      "mode": "managed",
      "type": "aws_security_group",
      "name": "node",
      "provider": "provider[\"registry.terraform.io/hashicorp/aws\"]",
      "instances": [
        {
          "index_key": 0,
          "schema_version": 1,
          "attributes": {
            "arn": "arn:aws:ec2:ap-southeast-1:535479350247:security-group/sg-080b0e192e316a868",
            "description": "EKS node shared security group",
            "egress": [
              {
                "cidr_blocks": [
                  "0.0.0.0/0"
                ],
                "description": "Egress NTP/TCP to internet",
                "from_port": 123,
                "ipv6_cidr_blocks": [],
                "prefix_list_ids": [],
                "protocol": "tcp",
                "security_groups": [],
                "self": false,
                "to_port": 123
              },
              {
                "cidr_blocks": [
                  "0.0.0.0/0"
                ],
                "description": "Egress NTP/UDP to internet",
                "from_port": 123,
                "ipv6_cidr_blocks": [],
                "prefix_list_ids": [],
                "protocol": "udp",
                "security_groups": [],
                "self": false,
                "to_port": 123
              },
              {
                "cidr_blocks": [
                  "0.0.0.0/0"
                ],
                "description": "Egress all HTTPS to internet",
                "from_port": 443,
                "ipv6_cidr_blocks": [],
                "prefix_list_ids": [],
                "protocol": "tcp",
                "security_groups": [],
                "self": false,
                "to_port": 443
              },
              {
                "cidr_blocks": [],
                "description": "Node groups to cluster API",
                "from_port": 443,
                "ipv6_cidr_blocks": [],
                "prefix_list_ids": [],
                "protocol": "tcp",
                "security_groups": [
                  "sg-0c6f877ef7f923346"
                ],
                "self": false,
                "to_port": 443
              },
              {
                "cidr_blocks": [],
                "description": "Node to node CoreDNS",
                "from_port": 53,
                "ipv6_cidr_blocks": [],
                "prefix_list_ids": [],
                "protocol": "tcp",
                "security_groups": [],
                "self": true,
                "to_port": 53
              },
              {
                "cidr_blocks": [],
                "description": "Node to node CoreDNS",
                "from_port": 53,
                "ipv6_cidr_blocks": [],
                "prefix_list_ids": [],
                "protocol": "udp",
                "security_groups": [],
                "self": true,
                "to_port": 53
              }
            ],
            "id": "sg-080b0e192e316a868",
            "ingress": [
              {
                "cidr_blocks": [],
                "description": "Cluster API to node groups",
                "from_port": 443,
                "ipv6_cidr_blocks": [],
                "prefix_list_ids": [],
                "protocol": "tcp",
                "security_groups": [
                  "sg-0c6f877ef7f923346"
                ],
                "self": false,
                "to_port": 443
              },
              {
                "cidr_blocks": [],
                "description": "Cluster API to node kubelets",
                "from_port": 10250,
                "ipv6_cidr_blocks": [],
                "prefix_list_ids": [],
                "protocol": "tcp",
                "security_groups": [
                  "sg-0c6f877ef7f923346"
                ],
                "self": false,
                "to_port": 10250
              },
              {
                "cidr_blocks": [],
                "description": "Node to node CoreDNS",
                "from_port": 53,
                "ipv6_cidr_blocks": [],
                "prefix_list_ids": [],
                "protocol": "tcp",
                "security_groups": [],
                "self": true,
                "to_port": 53
              },
              {
                "cidr_blocks": [],
                "description": "Node to node CoreDNS",
                "from_port": 53,
                "ipv6_cidr_blocks": [],
                "prefix_list_ids": [],
                "protocol": "udp",
                "security_groups": [],
                "self": true,
                "to_port": 53
              }
            ],
            "name": "eks-blueprints-no-cilium-node-20230110083649797400000002",
            "name_prefix": "eks-blueprints-no-cilium-node-",
            "owner_id": "535479350247",
            "revoke_rules_on_delete": false,
            "tags": {
              "Blueprint": "eks-blueprints-no-cilium",
              "GithubRepo": "github.com/badal-deep-shared/terraform-aws-eks-blueprints",
              "Name": "eks-blueprints-no-cilium-node",
              "kubernetes.io/cluster/eks-blueprints-no-cilium": "owned"
            },
            "tags_all": {
              "Blueprint": "eks-blueprints-no-cilium",
              "GithubRepo": "github.com/badal-deep-shared/terraform-aws-eks-blueprints",
              "Name": "eks-blueprints-no-cilium-node",
              "kubernetes.io/cluster/eks-blueprints-no-cilium": "owned"
            },
            "timeouts": null,
            "vpc_id": "vpc-00e8a5494e255e7e6"
          },
          "sensitive_attributes": [],
          "private": "eyJlMmJmYjczMC1lY2FhLTExZTYtOGY4OC0zNDM2M2JjN2M0YzAiOnsiY3JlYXRlIjo2MDAwMDAwMDAwMDAsImRlbGV0ZSI6OTAwMDAwMDAwMDAwfSwic2NoZW1hX3ZlcnNpb24iOiIxIn0=",
          "create_before_destroy": true
        }
      ]
    },
    {
      "module": "module.eks_blueprints.module.aws_eks",
      "mode": "managed",
      "type": "aws_security_group_rule",
      "name": "cluster",
      "provider": "provider[\"registry.terraform.io/hashicorp/aws\"]",
      "instances": [
        {
          "index_key": "egress_nodes_443",
          "schema_version": 2,
          "attributes": {
            "cidr_blocks": null,
            "description": "Cluster API to node groups",
            "from_port": 443,
            "id": "sgrule-3320348841",
            "ipv6_cidr_blocks": null,
            "prefix_list_ids": [],
            "protocol": "tcp",
            "security_group_id": "sg-0c6f877ef7f923346",
            "security_group_rule_id": "sgr-0ac6bd5a1dc7810c3",
            "self": false,
            "source_security_group_id": "sg-080b0e192e316a868",
            "timeouts": null,
            "to_port": 443,
            "type": "egress"
          },
          "sensitive_attributes": [],
          "private": "eyJlMmJmYjczMC1lY2FhLTExZTYtOGY4OC0zNDM2M2JjN2M0YzAiOnsiY3JlYXRlIjozMDAwMDAwMDAwMDB9LCJzY2hlbWFfdmVyc2lvbiI6IjIifQ==",
          "dependencies": [
            "module.eks_blueprints.module.aws_eks.aws_security_group.cluster",
            "module.eks_blueprints.module.aws_eks.aws_security_group.node"
          ],
          "create_before_destroy": true
        },
        {
          "index_key": "egress_nodes_kubelet",
          "schema_version": 2,
          "attributes": {
            "cidr_blocks": null,
            "description": "Cluster API to node kubelets",
            "from_port": 10250,
            "id": "sgrule-3467866022",
            "ipv6_cidr_blocks": null,
            "prefix_list_ids": [],
            "protocol": "tcp",
            "security_group_id": "sg-0c6f877ef7f923346",
            "security_group_rule_id": "sgr-0a186e77e732468ea",
            "self": false,
            "source_security_group_id": "sg-080b0e192e316a868",
            "timeouts": null,
            "to_port": 10250,
            "type": "egress"
          },
          "sensitive_attributes": [],
          "private": "eyJlMmJmYjczMC1lY2FhLTExZTYtOGY4OC0zNDM2M2JjN2M0YzAiOnsiY3JlYXRlIjozMDAwMDAwMDAwMDB9LCJzY2hlbWFfdmVyc2lvbiI6IjIifQ==",
          "dependencies": [
            "module.eks_blueprints.module.aws_eks.aws_security_group.cluster",
            "module.eks_blueprints.module.aws_eks.aws_security_group.node"
          ],
          "create_before_destroy": true
        },
        {
          "index_key": "ingress_nodes_443",
          "schema_version": 2,
          "attributes": {
            "cidr_blocks": null,
            "description": "Node groups to cluster API",
            "from_port": 443,
            "id": "sgrule-1395747617",
            "ipv6_cidr_blocks": null,
            "prefix_list_ids": [],
            "protocol": "tcp",
            "security_group_id": "sg-0c6f877ef7f923346",
            "security_group_rule_id": "sgr-0ac6bd5a1dc7810c3",
            "self": false,
            "source_security_group_id": "sg-080b0e192e316a868",
            "timeouts": null,
            "to_port": 443,
            "type": "ingress"
          },
          "sensitive_attributes": [],
          "private": "eyJlMmJmYjczMC1lY2FhLTExZTYtOGY4OC0zNDM2M2JjN2M0YzAiOnsiY3JlYXRlIjozMDAwMDAwMDAwMDB9LCJzY2hlbWFfdmVyc2lvbiI6IjIifQ==",
          "dependencies": [
            "module.eks_blueprints.module.aws_eks.aws_security_group.cluster",
            "module.eks_blueprints.module.aws_eks.aws_security_group.node"
          ],
          "create_before_destroy": true
        }
      ]
    },
    {
      "module": "module.eks_blueprints.module.aws_eks",
      "mode": "managed",
      "type": "aws_security_group_rule",
      "name": "node",
      "provider": "provider[\"registry.terraform.io/hashicorp/aws\"]",
      "instances": [
        {
          "index_key": "egress_cluster_443",
          "schema_version": 2,
          "attributes": {
            "cidr_blocks": null,
            "description": "Node groups to cluster API",
            "from_port": 443,
            "id": "sgrule-3602061984",
            "ipv6_cidr_blocks": null,
            "prefix_list_ids": [],
            "protocol": "tcp",
            "security_group_id": "sg-080b0e192e316a868",
            "security_group_rule_id": "sgr-0b5ef6448e5b55f77",
            "self": false,
            "source_security_group_id": "sg-0c6f877ef7f923346",
            "timeouts": null,
            "to_port": 443,
            "type": "egress"
          },
          "sensitive_attributes": [],
          "private": "eyJlMmJmYjczMC1lY2FhLTExZTYtOGY4OC0zNDM2M2JjN2M0YzAiOnsiY3JlYXRlIjozMDAwMDAwMDAwMDB9LCJzY2hlbWFfdmVyc2lvbiI6IjIifQ==",
          "dependencies": [
            "module.eks_blueprints.module.aws_eks.aws_security_group.cluster",
            "module.eks_blueprints.module.aws_eks.aws_security_group.node"
          ],
          "create_before_destroy": true
        },
        {
          "index_key": "egress_https",
          "schema_version": 2,
          "attributes": {
            "cidr_blocks": [
              "0.0.0.0/0"
            ],
            "description": "Egress all HTTPS to internet",
            "from_port": 443,
            "id": "sgrule-2526337636",
            "ipv6_cidr_blocks": null,
            "prefix_list_ids": [],
            "protocol": "tcp",
            "security_group_id": "sg-080b0e192e316a868",
            "security_group_rule_id": "sgr-0c1d1e37efcaf6174",
            "self": false,
            "source_security_group_id": null,
            "timeouts": null,
            "to_port": 443,
            "type": "egress"
          },
          "sensitive_attributes": [],
          "private": "eyJlMmJmYjczMC1lY2FhLTExZTYtOGY4OC0zNDM2M2JjN2M0YzAiOnsiY3JlYXRlIjozMDAwMDAwMDAwMDB9LCJzY2hlbWFfdmVyc2lvbiI6IjIifQ==",
          "dependencies": [
            "module.eks_blueprints.module.aws_eks.aws_security_group.cluster",
            "module.eks_blueprints.module.aws_eks.aws_security_group.node"
          ],
          "create_before_destroy": true
        },
        {
          "index_key": "egress_ntp_tcp",
          "schema_version": 2,
          "attributes": {
            "cidr_blocks": [
              "0.0.0.0/0"
            ],
            "description": "Egress NTP/TCP to internet",
            "from_port": 123,
            "id": "sgrule-1229645690",
            "ipv6_cidr_blocks": null,
            "prefix_list_ids": [],
            "protocol": "tcp",
            "security_group_id": "sg-080b0e192e316a868",
            "security_group_rule_id": "sgr-049581bed195967a3",
            "self": false,
            "source_security_group_id": null,
            "timeouts": null,
            "to_port": 123,
            "type": "egress"
          },
          "sensitive_attributes": [],
          "private": "eyJlMmJmYjczMC1lY2FhLTExZTYtOGY4OC0zNDM2M2JjN2M0YzAiOnsiY3JlYXRlIjozMDAwMDAwMDAwMDB9LCJzY2hlbWFfdmVyc2lvbiI6IjIifQ==",
          "dependencies": [
            "module.eks_blueprints.module.aws_eks.aws_security_group.cluster",
            "module.eks_blueprints.module.aws_eks.aws_security_group.node"
          ],
          "create_before_destroy": true
        },
        {
          "index_key": "egress_ntp_udp",
          "schema_version": 2,
          "attributes": {
            "cidr_blocks": [
              "0.0.0.0/0"
            ],
            "description": "Egress NTP/UDP to internet",
            "from_port": 123,
            "id": "sgrule-936690295",
            "ipv6_cidr_blocks": null,
            "prefix_list_ids": [],
            "protocol": "udp",
            "security_group_id": "sg-080b0e192e316a868",
            "security_group_rule_id": "sgr-0304afc5a615ec7dd",
            "self": false,
            "source_security_group_id": null,
            "timeouts": null,
            "to_port": 123,
            "type": "egress"
          },
          "sensitive_attributes": [],
          "private": "eyJlMmJmYjczMC1lY2FhLTExZTYtOGY4OC0zNDM2M2JjN2M0YzAiOnsiY3JlYXRlIjozMDAwMDAwMDAwMDB9LCJzY2hlbWFfdmVyc2lvbiI6IjIifQ==",
          "dependencies": [
            "module.eks_blueprints.module.aws_eks.aws_security_group.cluster",
            "module.eks_blueprints.module.aws_eks.aws_security_group.node"
          ],
          "create_before_destroy": true
        },
        {
          "index_key": "egress_self_coredns_tcp",
          "schema_version": 2,
          "attributes": {
            "cidr_blocks": null,
            "description": "Node to node CoreDNS",
            "from_port": 53,
            "id": "sgrule-275050221",
            "ipv6_cidr_blocks": null,
            "prefix_list_ids": [],
            "protocol": "tcp",
            "security_group_id": "sg-080b0e192e316a868",
            "security_group_rule_id": "sgr-09b12869d871d4c60",
            "self": true,
            "source_security_group_id": null,
            "timeouts": null,
            "to_port": 53,
            "type": "egress"
          },
          "sensitive_attributes": [],
          "private": "eyJlMmJmYjczMC1lY2FhLTExZTYtOGY4OC0zNDM2M2JjN2M0YzAiOnsiY3JlYXRlIjozMDAwMDAwMDAwMDB9LCJzY2hlbWFfdmVyc2lvbiI6IjIifQ==",
          "dependencies": [
            "module.eks_blueprints.module.aws_eks.aws_security_group.cluster",
            "module.eks_blueprints.module.aws_eks.aws_security_group.node"
          ],
          "create_before_destroy": true
        },
        {
          "index_key": "egress_self_coredns_udp",
          "schema_version": 2,
          "attributes": {
            "cidr_blocks": null,
            "description": "Node to node CoreDNS",
            "from_port": 53,
            "id": "sgrule-2651024523",
            "ipv6_cidr_blocks": null,
            "prefix_list_ids": [],
            "protocol": "udp",
            "security_group_id": "sg-080b0e192e316a868",
            "security_group_rule_id": "sgr-076e809ad0a2464a2",
            "self": true,
            "source_security_group_id": null,
            "timeouts": null,
            "to_port": 53,
            "type": "egress"
          },
          "sensitive_attributes": [],
          "private": "eyJlMmJmYjczMC1lY2FhLTExZTYtOGY4OC0zNDM2M2JjN2M0YzAiOnsiY3JlYXRlIjozMDAwMDAwMDAwMDB9LCJzY2hlbWFfdmVyc2lvbiI6IjIifQ==",
          "dependencies": [
            "module.eks_blueprints.module.aws_eks.aws_security_group.cluster",
            "module.eks_blueprints.module.aws_eks.aws_security_group.node"
          ],
          "create_before_destroy": true
        },
        {
          "index_key": "ingress_cluster_443",
          "schema_version": 2,
          "attributes": {
            "cidr_blocks": null,
            "description": "Cluster API to node groups",
            "from_port": 443,
            "id": "sgrule-3493300643",
            "ipv6_cidr_blocks": null,
            "prefix_list_ids": [],
            "protocol": "tcp",
            "security_group_id": "sg-080b0e192e316a868",
            "security_group_rule_id": "sgr-0462e3af65badd8e3",
            "self": false,
            "source_security_group_id": "sg-0c6f877ef7f923346",
            "timeouts": null,
            "to_port": 443,
            "type": "ingress"
          },
          "sensitive_attributes": [],
          "private": "eyJlMmJmYjczMC1lY2FhLTExZTYtOGY4OC0zNDM2M2JjN2M0YzAiOnsiY3JlYXRlIjozMDAwMDAwMDAwMDB9LCJzY2hlbWFfdmVyc2lvbiI6IjIifQ==",
          "dependencies": [
            "module.eks_blueprints.module.aws_eks.aws_security_group.cluster",
            "module.eks_blueprints.module.aws_eks.aws_security_group.node"
          ],
          "create_before_destroy": true
        },
        {
          "index_key": "ingress_cluster_kubelet",
          "schema_version": 2,
          "attributes": {
            "cidr_blocks": null,
            "description": "Cluster API to node kubelets",
            "from_port": 10250,
            "id": "sgrule-1009545751",
            "ipv6_cidr_blocks": null,
            "prefix_list_ids": [],
            "protocol": "tcp",
            "security_group_id": "sg-080b0e192e316a868",
            "security_group_rule_id": "sgr-036f8df553eedd2e8",
            "self": false,
            "source_security_group_id": "sg-0c6f877ef7f923346",
            "timeouts": null,
            "to_port": 10250,
            "type": "ingress"
          },
          "sensitive_attributes": [],
          "private": "eyJlMmJmYjczMC1lY2FhLTExZTYtOGY4OC0zNDM2M2JjN2M0YzAiOnsiY3JlYXRlIjozMDAwMDAwMDAwMDB9LCJzY2hlbWFfdmVyc2lvbiI6IjIifQ==",
          "dependencies": [
            "module.eks_blueprints.module.aws_eks.aws_security_group.cluster",
            "module.eks_blueprints.module.aws_eks.aws_security_group.node"
          ],
          "create_before_destroy": true
        },
        {
          "index_key": "ingress_self_coredns_tcp",
          "schema_version": 2,
          "attributes": {
            "cidr_blocks": null,
            "description": "Node to node CoreDNS",
            "from_port": 53,
            "id": "sgrule-576021190",
            "ipv6_cidr_blocks": null,
            "prefix_list_ids": [],
            "protocol": "tcp",
            "security_group_id": "sg-080b0e192e316a868",
            "security_group_rule_id": "sgr-03997d0e595efcf35",
            "self": true,
            "source_security_group_id": null,
            "timeouts": null,
            "to_port": 53,
            "type": "ingress"
          },
          "sensitive_attributes": [],
          "private": "eyJlMmJmYjczMC1lY2FhLTExZTYtOGY4OC0zNDM2M2JjN2M0YzAiOnsiY3JlYXRlIjozMDAwMDAwMDAwMDB9LCJzY2hlbWFfdmVyc2lvbiI6IjIifQ==",
          "dependencies": [
            "module.eks_blueprints.module.aws_eks.aws_security_group.cluster",
            "module.eks_blueprints.module.aws_eks.aws_security_group.node"
          ],
          "create_before_destroy": true
        },
        {
          "index_key": "ingress_self_coredns_udp",
          "schema_version": 2,
          "attributes": {
            "cidr_blocks": null,
            "description": "Node to node CoreDNS",
            "from_port": 53,
            "id": "sgrule-2248851753",
            "ipv6_cidr_blocks": null,
            "prefix_list_ids": [],
            "protocol": "udp",
            "security_group_id": "sg-080b0e192e316a868",
            "security_group_rule_id": "sgr-01471db1709b835b2",
            "self": true,
            "source_security_group_id": null,
            "timeouts": null,
            "to_port": 53,
            "type": "ingress"
          },
          "sensitive_attributes": [],
          "private": "eyJlMmJmYjczMC1lY2FhLTExZTYtOGY4OC0zNDM2M2JjN2M0YzAiOnsiY3JlYXRlIjozMDAwMDAwMDAwMDB9LCJzY2hlbWFfdmVyc2lvbiI6IjIifQ==",
          "dependencies": [
            "module.eks_blueprints.module.aws_eks.aws_security_group.cluster",
            "module.eks_blueprints.module.aws_eks.aws_security_group.node"
          ],
          "create_before_destroy": true
        }
      ]
    },
    {
      "module": "module.eks_blueprints.module.aws_eks.module.kms",
      "mode": "data",
      "type": "aws_caller_identity",
      "name": "current",
      "provider": "provider[\"registry.terraform.io/hashicorp/aws\"]",
      "instances": [
        {
          "schema_version": 0,
          "attributes": {
            "account_id": "535479350247",
            "arn": "arn:aws:sts::535479350247:assumed-role/AWSReservedSSO_AWSAdministratorAccess_9e93d8e0500e8de7/deepyan+tf-ct-aft@amazon.com",
            "id": "535479350247",
            "user_id": "AROAXZLIOOPTSIGI7NIOW:deepyan+tf-ct-aft@amazon.com"
          },
          "sensitive_attributes": []
        }
      ]
    },
    {
      "module": "module.eks_blueprints.module.aws_eks.module.kms",
      "mode": "data",
      "type": "aws_partition",
      "name": "current",
      "provider": "provider[\"registry.terraform.io/hashicorp/aws\"]",
      "instances": [
        {
          "schema_version": 0,
          "attributes": {
            "dns_suffix": "amazonaws.com",
            "id": "aws",
            "partition": "aws",
            "reverse_dns_prefix": "com.amazonaws"
          },
          "sensitive_attributes": []
        }
      ]
    },
    {
      "module": "module.eks_blueprints.module.aws_eks_managed_node_groups[\"mg_5\"]",
      "mode": "data",
      "type": "aws_iam_policy_document",
      "name": "managed_ng_assume_role_policy",
      "provider": "provider[\"registry.terraform.io/hashicorp/aws\"]",
      "instances": [
        {
          "schema_version": 0,
          "attributes": {
            "id": "3778018924",
            "json": "{\n  \"Version\": \"2012-10-17\",\n  \"Statement\": [\n    {\n      \"Sid\": \"EKSWorkerAssumeRole\",\n      \"Effect\": \"Allow\",\n      \"Action\": \"sts:AssumeRole\",\n      \"Principal\": {\n        \"Service\": \"ec2.amazonaws.com\"\n      }\n    }\n  ]\n}",
            "override_json": null,
            "override_policy_documents": null,
            "policy_id": null,
            "source_json": null,
            "source_policy_documents": null,
            "statement": [
              {
                "actions": [
                  "sts:AssumeRole"
                ],
                "condition": [],
                "effect": "Allow",
                "not_actions": [],
                "not_principals": [],
                "not_resources": [],
                "principals": [
                  {
                    "identifiers": [
                      "ec2.amazonaws.com"
                    ],
                    "type": "Service"
                  }
                ],
                "resources": [],
                "sid": "EKSWorkerAssumeRole"
              }
            ],
            "version": "2012-10-17"
          },
          "sensitive_attributes": []
        }
      ]
    },
    {
      "module": "module.eks_blueprints.module.aws_eks_managed_node_groups[\"mg_5\"]",
      "mode": "managed",
      "type": "aws_eks_node_group",
      "name": "managed_ng",
      "provider": "provider[\"registry.terraform.io/hashicorp/aws\"]",
      "instances": [
        {
          "schema_version": 0,
          "attributes": {
            "ami_type": "AL2_x86_64",
            "arn": "arn:aws:eks:ap-southeast-1:535479350247:nodegroup/eks-blueprints-no-cilium/managed-ondemand-20230110084708376800000009/aac2cd6e-50e4-9d9e-2c6b-307935afb689",
            "capacity_type": "ON_DEMAND",
            "cluster_name": "eks-blueprints-no-cilium",
            "disk_size": 50,
            "force_update_version": null,
            "id": "eks-blueprints-no-cilium:managed-ondemand-20230110084708376800000009",
            "instance_types": [
              "m5.xlarge"
            ],
            "labels": {},
            "launch_template": [],
            "node_group_name": "managed-ondemand-20230110084708376800000009",
            "node_group_name_prefix": "managed-ondemand-",
            "node_role_arn": "arn:aws:iam::535479350247:role/eks-blueprints-no-cilium-managed-ondemand",
            "release_version": "1.24.7-20230105",
            "remote_access": [],
            "resources": [
              {
                "autoscaling_groups": [
                  {
                    "name": "eks-managed-ondemand-20230110084708376800000009-aac2cd6e-50e4-9d9e-2c6b-307935afb689"
                  }
                ],
                "remote_access_security_group_id": ""
              }
            ],
            "scaling_config": [
              {
                "desired_size": 4,
                "max_size": 6,
                "min_size": 3
              }
            ],
            "status": "ACTIVE",
            "subnet_ids": [
              "subnet-0a421732677fa63d2",
              "subnet-0ee314ff01d715733"
            ],
            "tags": {
              "Blueprint": "eks-blueprints-no-cilium",
              "GithubRepo": "github.com/badal-deep-shared/terraform-aws-eks-blueprints",
              "Name": "eks-blueprints-no-cilium-managed-ondemand",
              "k8s.io/cluster-autoscaler/eks-blueprints-no-cilium": "owned",
              "k8s.io/cluster-autoscaler/enabled": "TRUE",
              "kubernetes.io/cluster/eks-blueprints-no-cilium": "owned",
              "managed-by": "terraform-aws-eks-blueprints"
            },
            "tags_all": {
              "Blueprint": "eks-blueprints-no-cilium",
              "GithubRepo": "github.com/badal-deep-shared/terraform-aws-eks-blueprints",
              "Name": "eks-blueprints-no-cilium-managed-ondemand",
              "k8s.io/cluster-autoscaler/eks-blueprints-no-cilium": "owned",
              "k8s.io/cluster-autoscaler/enabled": "TRUE",
              "kubernetes.io/cluster/eks-blueprints-no-cilium": "owned",
              "managed-by": "terraform-aws-eks-blueprints"
            },
            "taint": [],
            "timeouts": {
              "create": "30m",
              "delete": "30m",
              "update": "2h"
            },
            "update_config": [
              {
                "max_unavailable": 1,
                "max_unavailable_percentage": 0
              }
            ],
            "version": "1.24"
          },
          "sensitive_attributes": [],
          "private": "eyJlMmJmYjczMC1lY2FhLTExZTYtOGY4OC0zNDM2M2JjN2M0YzAiOnsiY3JlYXRlIjoxODAwMDAwMDAwMDAwLCJkZWxldGUiOjE4MDAwMDAwMDAwMDAsInVwZGF0ZSI6NzIwMDAwMDAwMDAwMH19",
          "dependencies": [
            "data.aws_caller_identity.current",
            "data.aws_eks_cluster_auth.this",
            "module.eks_blueprints.data.aws_caller_identity.current",
            "module.eks_blueprints.data.aws_iam_policy_document.eks_key",
            "module.eks_blueprints.data.aws_partition.current",
            "module.eks_blueprints.data.aws_region.current",
            "module.eks_blueprints.data.http.eks_cluster_readiness",
            "module.eks_blueprints.kubernetes_config_map.aws_auth",
            "module.eks_blueprints.module.aws_eks.aws_cloudwatch_log_group.this",
            "module.eks_blueprints.module.aws_eks.aws_eks_cluster.this",
            "module.eks_blueprints.module.aws_eks.aws_iam_role.this",
            "module.eks_blueprints.module.aws_eks.aws_iam_role_policy_attachment.this",
            "module.eks_blueprints.module.aws_eks.aws_security_group.cluster",
            "module.eks_blueprints.module.aws_eks.aws_security_group.node",
            "module.eks_blueprints.module.aws_eks.aws_security_group_rule.cluster",
            "module.eks_blueprints.module.aws_eks.aws_security_group_rule.node",
            "module.eks_blueprints.module.aws_eks.data.aws_iam_policy_document.assume_role_policy",
            "module.eks_blueprints.module.aws_eks.data.aws_partition.current",
            "module.eks_blueprints.module.aws_eks.module.kms.aws_kms_external_key.this",
            "module.eks_blueprints.module.aws_eks.module.kms.aws_kms_key.this",
            "module.eks_blueprints.module.aws_eks_managed_node_groups.aws_iam_instance_profile.managed_ng",
            "module.eks_blueprints.module.aws_eks_managed_node_groups.aws_iam_role.managed_ng",
            "module.eks_blueprints.module.aws_eks_managed_node_groups.aws_iam_role_policy_attachment.managed_ng",
            "module.eks_blueprints.module.aws_eks_managed_node_groups.aws_launch_template.managed_node_groups",
            "module.eks_blueprints.module.aws_eks_managed_node_groups.data.aws_iam_policy_document.managed_ng_assume_role_policy",
            "module.eks_blueprints.module.kms.aws_kms_key.this"
          ],
          "create_before_destroy": true
        }
      ]
    },
    {
      "module": "module.eks_blueprints.module.aws_eks_managed_node_groups[\"mg_5\"]",
      "mode": "managed",
      "type": "aws_iam_instance_profile",
      "name": "managed_ng",
      "provider": "provider[\"registry.terraform.io/hashicorp/aws\"]",
      "instances": [
        {
          "index_key": 0,
          "schema_version": 0,
          "attributes": {
            "arn": "arn:aws:iam::535479350247:instance-profile/eks-blueprints-no-cilium-managed-ondemand",
            "create_date": "2023-01-10T08:47:04Z",
            "id": "eks-blueprints-no-cilium-managed-ondemand",
            "name": "eks-blueprints-no-cilium-managed-ondemand",
            "name_prefix": null,
            "path": "/",
            "role": "eks-blueprints-no-cilium-managed-ondemand",
            "tags": {
              "Blueprint": "eks-blueprints-no-cilium",
              "GithubRepo": "github.com/badal-deep-shared/terraform-aws-eks-blueprints"
            },
            "tags_all": {
              "Blueprint": "eks-blueprints-no-cilium",
              "GithubRepo": "github.com/badal-deep-shared/terraform-aws-eks-blueprints"
            },
            "unique_id": "AIPAXZLIOOPT4VJW3QYTU"
          },
          "sensitive_attributes": [],
          "private": "bnVsbA==",
          "dependencies": [
            "data.aws_caller_identity.current",
            "data.aws_eks_cluster_auth.this",
            "module.eks_blueprints.data.aws_caller_identity.current",
            "module.eks_blueprints.data.aws_iam_policy_document.eks_key",
            "module.eks_blueprints.data.aws_partition.current",
            "module.eks_blueprints.data.aws_region.current",
            "module.eks_blueprints.data.http.eks_cluster_readiness",
            "module.eks_blueprints.kubernetes_config_map.aws_auth",
            "module.eks_blueprints.module.aws_eks.aws_cloudwatch_log_group.this",
            "module.eks_blueprints.module.aws_eks.aws_eks_cluster.this",
            "module.eks_blueprints.module.aws_eks.aws_iam_role.this",
            "module.eks_blueprints.module.aws_eks.aws_iam_role_policy_attachment.this",
            "module.eks_blueprints.module.aws_eks.aws_security_group.cluster",
            "module.eks_blueprints.module.aws_eks.aws_security_group.node",
            "module.eks_blueprints.module.aws_eks.aws_security_group_rule.cluster",
            "module.eks_blueprints.module.aws_eks.aws_security_group_rule.node",
            "module.eks_blueprints.module.aws_eks.data.aws_iam_policy_document.assume_role_policy",
            "module.eks_blueprints.module.aws_eks.data.aws_partition.current",
            "module.eks_blueprints.module.aws_eks.module.kms.aws_kms_external_key.this",
            "module.eks_blueprints.module.aws_eks.module.kms.aws_kms_key.this",
            "module.eks_blueprints.module.aws_eks_managed_node_groups.aws_iam_role.managed_ng",
            "module.eks_blueprints.module.aws_eks_managed_node_groups.data.aws_iam_policy_document.managed_ng_assume_role_policy",
            "module.eks_blueprints.module.kms.aws_kms_key.this"
          ],
          "create_before_destroy": true
        }
      ]
    },
    {
      "module": "module.eks_blueprints.module.aws_eks_managed_node_groups[\"mg_5\"]",
      "mode": "managed",
      "type": "aws_iam_role",
      "name": "managed_ng",
      "provider": "provider[\"registry.terraform.io/hashicorp/aws\"]",
      "instances": [
        {
          "index_key": 0,
          "schema_version": 0,
          "attributes": {
            "arn": "arn:aws:iam::535479350247:role/eks-blueprints-no-cilium-managed-ondemand",
            "assume_role_policy": "{\"Statement\":[{\"Action\":\"sts:AssumeRole\",\"Effect\":\"Allow\",\"Principal\":{\"Service\":\"ec2.amazonaws.com\"},\"Sid\":\"EKSWorkerAssumeRole\"}],\"Version\":\"2012-10-17\"}",
            "create_date": "2023-01-10T08:47:01Z",
            "description": "EKS Managed Node group IAM Role",
            "force_detach_policies": true,
            "id": "eks-blueprints-no-cilium-managed-ondemand",
            "inline_policy": [],
            "managed_policy_arns": [
              "arn:aws:iam::aws:policy/AmazonEC2ContainerRegistryReadOnly",
              "arn:aws:iam::aws:policy/AmazonEKSWorkerNodePolicy",
              "arn:aws:iam::aws:policy/AmazonEKS_CNI_Policy",
              "arn:aws:iam::aws:policy/AmazonSSMManagedInstanceCore"
            ],
            "max_session_duration": 3600,
            "name": "eks-blueprints-no-cilium-managed-ondemand",
            "name_prefix": "",
            "path": "/",
            "permissions_boundary": null,
            "tags": {
              "Blueprint": "eks-blueprints-no-cilium",
              "GithubRepo": "github.com/badal-deep-shared/terraform-aws-eks-blueprints"
            },
            "tags_all": {
              "Blueprint": "eks-blueprints-no-cilium",
              "GithubRepo": "github.com/badal-deep-shared/terraform-aws-eks-blueprints"
            },
            "unique_id": "AROAXZLIOOPT5DN66R7I5"
          },
          "sensitive_attributes": [],
          "private": "bnVsbA==",
          "dependencies": [
            "data.aws_caller_identity.current",
            "data.aws_eks_cluster_auth.this",
            "module.eks_blueprints.data.aws_caller_identity.current",
            "module.eks_blueprints.data.aws_iam_policy_document.eks_key",
            "module.eks_blueprints.data.aws_partition.current",
            "module.eks_blueprints.data.aws_region.current",
            "module.eks_blueprints.data.http.eks_cluster_readiness",
            "module.eks_blueprints.kubernetes_config_map.aws_auth",
            "module.eks_blueprints.module.aws_eks.aws_cloudwatch_log_group.this",
            "module.eks_blueprints.module.aws_eks.aws_eks_cluster.this",
            "module.eks_blueprints.module.aws_eks.aws_iam_role.this",
            "module.eks_blueprints.module.aws_eks.aws_iam_role_policy_attachment.this",
            "module.eks_blueprints.module.aws_eks.aws_security_group.cluster",
            "module.eks_blueprints.module.aws_eks.aws_security_group.node",
            "module.eks_blueprints.module.aws_eks.aws_security_group_rule.cluster",
            "module.eks_blueprints.module.aws_eks.aws_security_group_rule.node",
            "module.eks_blueprints.module.aws_eks.data.aws_iam_policy_document.assume_role_policy",
            "module.eks_blueprints.module.aws_eks.data.aws_partition.current",
            "module.eks_blueprints.module.aws_eks.module.kms.aws_kms_external_key.this",
            "module.eks_blueprints.module.aws_eks.module.kms.aws_kms_key.this",
            "module.eks_blueprints.module.aws_eks_managed_node_groups.data.aws_iam_policy_document.managed_ng_assume_role_policy",
            "module.eks_blueprints.module.kms.aws_kms_key.this"
          ],
          "create_before_destroy": true
        }
      ]
    },
    {
      "module": "module.eks_blueprints.module.aws_eks_managed_node_groups[\"mg_5\"]",
      "mode": "managed",
      "type": "aws_iam_role_policy_attachment",
      "name": "managed_ng",
      "provider": "provider[\"registry.terraform.io/hashicorp/aws\"]",
      "instances": [
        {
          "index_key": "arn:aws:iam::aws:policy/AmazonEC2ContainerRegistryReadOnly",
          "schema_version": 0,
          "attributes": {
            "id": "eks-blueprints-no-cilium-managed-ondemand-20230110084704365300000005",
            "policy_arn": "arn:aws:iam::aws:policy/AmazonEC2ContainerRegistryReadOnly",
            "role": "eks-blueprints-no-cilium-managed-ondemand"
          },
          "sensitive_attributes": [],
          "private": "bnVsbA==",
          "dependencies": [
            "data.aws_caller_identity.current",
            "data.aws_eks_cluster_auth.this",
            "module.eks_blueprints.data.aws_caller_identity.current",
            "module.eks_blueprints.data.aws_iam_policy_document.eks_key",
            "module.eks_blueprints.data.aws_partition.current",
            "module.eks_blueprints.data.aws_region.current",
            "module.eks_blueprints.data.http.eks_cluster_readiness",
            "module.eks_blueprints.kubernetes_config_map.aws_auth",
            "module.eks_blueprints.module.aws_eks.aws_cloudwatch_log_group.this",
            "module.eks_blueprints.module.aws_eks.aws_eks_cluster.this",
            "module.eks_blueprints.module.aws_eks.aws_iam_role.this",
            "module.eks_blueprints.module.aws_eks.aws_iam_role_policy_attachment.this",
            "module.eks_blueprints.module.aws_eks.aws_security_group.cluster",
            "module.eks_blueprints.module.aws_eks.aws_security_group.node",
            "module.eks_blueprints.module.aws_eks.aws_security_group_rule.cluster",
            "module.eks_blueprints.module.aws_eks.aws_security_group_rule.node",
            "module.eks_blueprints.module.aws_eks.data.aws_iam_policy_document.assume_role_policy",
            "module.eks_blueprints.module.aws_eks.data.aws_partition.current",
            "module.eks_blueprints.module.aws_eks.module.kms.aws_kms_external_key.this",
            "module.eks_blueprints.module.aws_eks.module.kms.aws_kms_key.this",
            "module.eks_blueprints.module.aws_eks_managed_node_groups.aws_iam_role.managed_ng",
            "module.eks_blueprints.module.aws_eks_managed_node_groups.data.aws_iam_policy_document.managed_ng_assume_role_policy",
            "module.eks_blueprints.module.kms.aws_kms_key.this"
          ],
          "create_before_destroy": true
        },
        {
          "index_key": "arn:aws:iam::aws:policy/AmazonEKSWorkerNodePolicy",
          "schema_version": 0,
          "attributes": {
            "id": "eks-blueprints-no-cilium-managed-ondemand-20230110084705657600000007",
            "policy_arn": "arn:aws:iam::aws:policy/AmazonEKSWorkerNodePolicy",
            "role": "eks-blueprints-no-cilium-managed-ondemand"
          },
          "sensitive_attributes": [],
          "private": "bnVsbA==",
          "dependencies": [
            "data.aws_caller_identity.current",
            "data.aws_eks_cluster_auth.this",
            "module.eks_blueprints.data.aws_caller_identity.current",
            "module.eks_blueprints.data.aws_iam_policy_document.eks_key",
            "module.eks_blueprints.data.aws_partition.current",
            "module.eks_blueprints.data.aws_region.current",
            "module.eks_blueprints.data.http.eks_cluster_readiness",
            "module.eks_blueprints.kubernetes_config_map.aws_auth",
            "module.eks_blueprints.module.aws_eks.aws_cloudwatch_log_group.this",
            "module.eks_blueprints.module.aws_eks.aws_eks_cluster.this",
            "module.eks_blueprints.module.aws_eks.aws_iam_role.this",
            "module.eks_blueprints.module.aws_eks.aws_iam_role_policy_attachment.this",
            "module.eks_blueprints.module.aws_eks.aws_security_group.cluster",
            "module.eks_blueprints.module.aws_eks.aws_security_group.node",
            "module.eks_blueprints.module.aws_eks.aws_security_group_rule.cluster",
            "module.eks_blueprints.module.aws_eks.aws_security_group_rule.node",
            "module.eks_blueprints.module.aws_eks.data.aws_iam_policy_document.assume_role_policy",
            "module.eks_blueprints.module.aws_eks.data.aws_partition.current",
            "module.eks_blueprints.module.aws_eks.module.kms.aws_kms_external_key.this",
            "module.eks_blueprints.module.aws_eks.module.kms.aws_kms_key.this",
            "module.eks_blueprints.module.aws_eks_managed_node_groups.aws_iam_role.managed_ng",
            "module.eks_blueprints.module.aws_eks_managed_node_groups.data.aws_iam_policy_document.managed_ng_assume_role_policy",
            "module.eks_blueprints.module.kms.aws_kms_key.this"
          ],
          "create_before_destroy": true
        },
        {
          "index_key": "arn:aws:iam::aws:policy/AmazonEKS_CNI_Policy",
          "schema_version": 0,
          "attributes": {
            "id": "eks-blueprints-no-cilium-managed-ondemand-20230110084705657600000006",
            "policy_arn": "arn:aws:iam::aws:policy/AmazonEKS_CNI_Policy",
            "role": "eks-blueprints-no-cilium-managed-ondemand"
          },
          "sensitive_attributes": [],
          "private": "bnVsbA==",
          "dependencies": [
            "data.aws_caller_identity.current",
            "data.aws_eks_cluster_auth.this",
            "module.eks_blueprints.data.aws_caller_identity.current",
            "module.eks_blueprints.data.aws_iam_policy_document.eks_key",
            "module.eks_blueprints.data.aws_partition.current",
            "module.eks_blueprints.data.aws_region.current",
            "module.eks_blueprints.data.http.eks_cluster_readiness",
            "module.eks_blueprints.kubernetes_config_map.aws_auth",
            "module.eks_blueprints.module.aws_eks.aws_cloudwatch_log_group.this",
            "module.eks_blueprints.module.aws_eks.aws_eks_cluster.this",
            "module.eks_blueprints.module.aws_eks.aws_iam_role.this",
            "module.eks_blueprints.module.aws_eks.aws_iam_role_policy_attachment.this",
            "module.eks_blueprints.module.aws_eks.aws_security_group.cluster",
            "module.eks_blueprints.module.aws_eks.aws_security_group.node",
            "module.eks_blueprints.module.aws_eks.aws_security_group_rule.cluster",
            "module.eks_blueprints.module.aws_eks.aws_security_group_rule.node",
            "module.eks_blueprints.module.aws_eks.data.aws_iam_policy_document.assume_role_policy",
            "module.eks_blueprints.module.aws_eks.data.aws_partition.current",
            "module.eks_blueprints.module.aws_eks.module.kms.aws_kms_external_key.this",
            "module.eks_blueprints.module.aws_eks.module.kms.aws_kms_key.this",
            "module.eks_blueprints.module.aws_eks_managed_node_groups.aws_iam_role.managed_ng",
            "module.eks_blueprints.module.aws_eks_managed_node_groups.data.aws_iam_policy_document.managed_ng_assume_role_policy",
            "module.eks_blueprints.module.kms.aws_kms_key.this"
          ],
          "create_before_destroy": true
        },
        {
          "index_key": "arn:aws:iam::aws:policy/AmazonSSMManagedInstanceCore",
          "schema_version": 0,
          "attributes": {
            "id": "eks-blueprints-no-cilium-managed-ondemand-20230110084705657600000008",
            "policy_arn": "arn:aws:iam::aws:policy/AmazonSSMManagedInstanceCore",
            "role": "eks-blueprints-no-cilium-managed-ondemand"
          },
          "sensitive_attributes": [],
          "private": "bnVsbA==",
          "dependencies": [
            "data.aws_caller_identity.current",
            "data.aws_eks_cluster_auth.this",
            "module.eks_blueprints.data.aws_caller_identity.current",
            "module.eks_blueprints.data.aws_iam_policy_document.eks_key",
            "module.eks_blueprints.data.aws_partition.current",
            "module.eks_blueprints.data.aws_region.current",
            "module.eks_blueprints.data.http.eks_cluster_readiness",
            "module.eks_blueprints.kubernetes_config_map.aws_auth",
            "module.eks_blueprints.module.aws_eks.aws_cloudwatch_log_group.this",
            "module.eks_blueprints.module.aws_eks.aws_eks_cluster.this",
            "module.eks_blueprints.module.aws_eks.aws_iam_role.this",
            "module.eks_blueprints.module.aws_eks.aws_iam_role_policy_attachment.this",
            "module.eks_blueprints.module.aws_eks.aws_security_group.cluster",
            "module.eks_blueprints.module.aws_eks.aws_security_group.node",
            "module.eks_blueprints.module.aws_eks.aws_security_group_rule.cluster",
            "module.eks_blueprints.module.aws_eks.aws_security_group_rule.node",
            "module.eks_blueprints.module.aws_eks.data.aws_iam_policy_document.assume_role_policy",
            "module.eks_blueprints.module.aws_eks.data.aws_partition.current",
            "module.eks_blueprints.module.aws_eks.module.kms.aws_kms_external_key.this",
            "module.eks_blueprints.module.aws_eks.module.kms.aws_kms_key.this",
            "module.eks_blueprints.module.aws_eks_managed_node_groups.aws_iam_role.managed_ng",
            "module.eks_blueprints.module.aws_eks_managed_node_groups.data.aws_iam_policy_document.managed_ng_assume_role_policy",
            "module.eks_blueprints.module.kms.aws_kms_key.this"
          ],
          "create_before_destroy": true
        }
      ]
    },
    {
      "module": "module.eks_blueprints.module.aws_eks_teams[0]",
      "mode": "data",
      "type": "aws_caller_identity",
      "name": "current",
      "provider": "provider[\"registry.terraform.io/hashicorp/aws\"]",
      "instances": [
        {
          "schema_version": 0,
          "attributes": {
            "account_id": "535479350247",
            "arn": "arn:aws:sts::535479350247:assumed-role/AWSReservedSSO_AWSAdministratorAccess_9e93d8e0500e8de7/deepyan+tf-ct-aft@amazon.com",
            "id": "535479350247",
            "user_id": "AROAXZLIOOPTSIGI7NIOW:deepyan+tf-ct-aft@amazon.com"
          },
          "sensitive_attributes": []
        }
      ]
    },
    {
      "module": "module.eks_blueprints.module.aws_eks_teams[0]",
      "mode": "data",
      "type": "aws_eks_cluster",
      "name": "eks_cluster",
      "provider": "provider[\"registry.terraform.io/hashicorp/aws\"]",
      "instances": [
        {
          "schema_version": 0,
          "attributes": {
            "arn": "arn:aws:eks:ap-southeast-1:535479350247:cluster/eks-blueprints-no-cilium",
            "certificate_authority": [
              {
                "data": "LS0tLS1CRUdJTiBDRVJUSUZJQ0FURS0tLS0tCk1JSUMvakNDQWVhZ0F3SUJBZ0lCQURBTkJna3Foa2lHOXcwQkFRc0ZBREFWTVJNd0VRWURWUVFERXdwcmRXSmwKY201bGRHVnpNQjRYRFRJek1ERXhNREE0TkRNd05sb1hEVE16TURFd056QTRORE13Tmxvd0ZURVRNQkVHQTFVRQpBeE1LYTNWaVpYSnVaWFJsY3pDQ0FTSXdEUVlKS29aSWh2Y05BUUVCQlFBRGdnRVBBRENDQVFvQ2dnRUJBTVV0CnBDeGdYRWFYRWhzUk40WnpZaDhSWE5ZVVk5czd0ajgyUHpPV3YxNWtsYy9UaW1EMEdmSGpQc3JsZVBNd29FZDIKMmVlOFQ2c1RxdlFHTllYMUJNRzlkSHEyZ1psamlJWVQ1NThRZllTTFl6aDdzR2p6UDVkcG9sQUJSYXJCeThNegphQy81VVNkdXhqQXVyN1hFK0ZVb2NWOGJiQkI4VE1ZakY1SjJQOHo3bUNybXJ2RmhYblA4ZjVUdzZVQ2VNTDZGCi96T1BYWGZLRjhMWDBYOWViVml0cVF5VXExUmxUUHA3Y1JZV2VhOU93bHpJcXlFSStJTUVxUVJtNWVzaHFZUEkKc2s3dzA4VExLa1RTMmZJa1grT1BZY21NRHVJUlhKVU5DT3JPMVlYSlhuZTdmMkxWYmFMR0hBM3NEVnprdTlZQgpMSVFrdlc3RzVRUDNoSEl2dE9FQ0F3RUFBYU5aTUZjd0RnWURWUjBQQVFIL0JBUURBZ0trTUE4R0ExVWRFd0VCCi93UUZNQU1CQWY4d0hRWURWUjBPQkJZRUZEcHFCNmRPZUFScSsyTXN4TCtIZlVaYU50Z3RNQlVHQTFVZEVRUU8KTUF5Q0NtdDFZbVZ5Ym1WMFpYTXdEUVlKS29aSWh2Y05BUUVMQlFBRGdnRUJBTG9xOWtvbWlyUUFWZlhGZzhkUApweEJKZkw3VTROZUk0cEpQSGVoeGhJUGV5aFdVSTIyRm1raDhQVllRbW9TWmp6cER1NjZhaC9mRDE5L3dhS3Z1CnVhTFBuM2ZwQUx0cTYwQXNZc08zVHZNRFJyUjM0MTZjRXhBSytjMXprdUVpK09TNzlkeDJMQ0tDLzV5aFR1Q1UKdFFxeThCajFwbUh1YUxhQXIrNTBpQmMwN1RJTmJ2QXVnNFNGNVFpUUVjWlBNa3gxc1c3aEpESXpHNXVGQ2ozVwpEeFJIRitKRjFndkZkU01TQVZNT3NYZWpVSldDYmVKNDN3MnBFYnFtWjNMOGY5bG51d3IyU0EwSFdScXNoWTM5Cm1Ed2JOYVF4M3FaRmFxeWRWYmpYTzYyUDRPR0pkQ2ZhYW5hbUxvL2EzYklobm8yZURzMWRFUmk5YVBqMUtVVGEKSVY0PQotLS0tLUVORCBDRVJUSUZJQ0FURS0tLS0tCg=="
              }
            ],
            "cluster_id": null,
            "created_at": "2023-01-10 08:37:27.985 +0000 UTC",
            "enabled_cluster_log_types": [
              "api",
              "audit",
              "authenticator",
              "controllerManager",
              "scheduler"
            ],
            "endpoint": "https://AC1F65F971A7276CF0573C9D0E78D565.gr7.ap-southeast-1.eks.amazonaws.com",
            "id": "eks-blueprints-no-cilium",
            "identity": [
              {
                "oidc": [
                  {
                    "issuer": "https://oidc.eks.ap-southeast-1.amazonaws.com/id/AC1F65F971A7276CF0573C9D0E78D565"
                  }
                ]
              }
            ],
            "kubernetes_network_config": [
              {
                "ip_family": "ipv4",
                "service_ipv4_cidr": "10.100.0.0/16",
                "service_ipv6_cidr": ""
              }
            ],
            "name": "eks-blueprints-no-cilium",
            "outpost_config": [],
            "platform_version": "eks.3",
            "role_arn": "arn:aws:iam::535479350247:role/eks-blueprints-no-cilium-cluster-role",
            "status": "ACTIVE",
            "tags": {
              "Blueprint": "eks-blueprints-no-cilium",
              "GithubRepo": "github.com/badal-deep-shared/terraform-aws-eks-blueprints"
            },
            "version": "1.24",
            "vpc_config": [
              {
                "cluster_security_group_id": "sg-0f147e771e226cec7",
                "endpoint_private_access": false,
                "endpoint_public_access": true,
                "public_access_cidrs": [
                  "0.0.0.0/0"
                ],
                "security_group_ids": [
                  "sg-0c6f877ef7f923346"
                ],
                "subnet_ids": [
                  "subnet-0a421732677fa63d2",
                  "subnet-0ee314ff01d715733"
                ],
                "vpc_id": "vpc-00e8a5494e255e7e6"
              }
            ]
          },
          "sensitive_attributes": []
        }
      ]
    },
    {
      "module": "module.eks_blueprints.module.aws_eks_teams[0]",
      "mode": "data",
      "type": "aws_iam_policy_document",
      "name": "platform_team_eks_access",
      "provider": "provider[\"registry.terraform.io/hashicorp/aws\"]",
      "instances": [
        {
          "index_key": 0,
          "schema_version": 0,
          "attributes": {
            "id": "3582172282",
            "json": "{\n  \"Version\": \"2012-10-17\",\n  \"Statement\": [\n    {\n      \"Sid\": \"AllowPlatformTeamEKSAccess\",\n      \"Effect\": \"Allow\",\n      \"Action\": [\n        \"ssm:GetParameter\",\n        \"eks:ListUpdates\",\n        \"eks:ListNodegroups\",\n        \"eks:ListFargateProfiles\",\n        \"eks:ListClusters\",\n        \"eks:DescribeNodegroup\",\n        \"eks:DescribeCluster\",\n        \"eks:AccessKubernetesApi\"\n      ],\n      \"Resource\": \"arn:aws:eks:ap-southeast-1:535479350247:cluster/eks-blueprints-no-cilium\"\n    },\n    {\n      \"Sid\": \"AllowListClusters\",\n      \"Effect\": \"Allow\",\n      \"Action\": \"eks:ListClusters\",\n      \"Resource\": \"*\"\n    }\n  ]\n}",
            "override_json": null,
            "override_policy_documents": null,
            "policy_id": null,
            "source_json": null,
            "source_policy_documents": null,
            "statement": [
              {
                "actions": [
                  "eks:AccessKubernetesApi",
                  "eks:DescribeCluster",
                  "eks:DescribeNodegroup",
                  "eks:ListClusters",
                  "eks:ListFargateProfiles",
                  "eks:ListNodegroups",
                  "eks:ListUpdates",
                  "ssm:GetParameter"
                ],
                "condition": [],
                "effect": "Allow",
                "not_actions": [],
                "not_principals": [],
                "not_resources": [],
                "principals": [],
                "resources": [
                  "arn:aws:eks:ap-southeast-1:535479350247:cluster/eks-blueprints-no-cilium"
                ],
                "sid": "AllowPlatformTeamEKSAccess"
              },
              {
                "actions": [
                  "eks:ListClusters"
                ],
                "condition": [],
                "effect": "Allow",
                "not_actions": [],
                "not_principals": [],
                "not_resources": [],
                "principals": [],
                "resources": [
                  "*"
                ],
                "sid": "AllowListClusters"
              }
            ],
            "version": "2012-10-17"
          },
          "sensitive_attributes": []
        }
      ]
    },
    {
      "module": "module.eks_blueprints.module.aws_eks_teams[0]",
      "mode": "data",
      "type": "aws_partition",
      "name": "current",
      "provider": "provider[\"registry.terraform.io/hashicorp/aws\"]",
      "instances": [
        {
          "schema_version": 0,
          "attributes": {
            "dns_suffix": "amazonaws.com",
            "id": "aws",
            "partition": "aws",
            "reverse_dns_prefix": "com.amazonaws"
          },
          "sensitive_attributes": []
        }
      ]
    },
    {
      "module": "module.eks_blueprints.module.aws_eks_teams[0]",
      "mode": "data",
      "type": "aws_region",
      "name": "current",
      "provider": "provider[\"registry.terraform.io/hashicorp/aws\"]",
      "instances": [
        {
          "schema_version": 0,
          "attributes": {
            "description": "Asia Pacific (Singapore)",
            "endpoint": "ec2.ap-southeast-1.amazonaws.com",
            "id": "ap-southeast-1",
            "name": "ap-southeast-1"
          },
          "sensitive_attributes": []
        }
      ]
    },
    {
      "module": "module.eks_blueprints.module.aws_eks_teams[0]",
      "mode": "managed",
      "type": "aws_iam_policy",
      "name": "platform_team_eks_access",
      "provider": "provider[\"registry.terraform.io/hashicorp/aws\"]",
      "instances": [
        {
          "index_key": 0,
          "schema_version": 0,
          "attributes": {
            "arn": "arn:aws:iam::535479350247:policy/eks-blueprints-no-cilium-PlatformTeamEKSAccess",
            "description": "Platform Team EKS Console Access",
            "id": "arn:aws:iam::535479350247:policy/eks-blueprints-no-cilium-PlatformTeamEKSAccess",
            "name": "eks-blueprints-no-cilium-PlatformTeamEKSAccess",
            "name_prefix": null,
            "path": "/",
            "policy": "{\"Statement\":[{\"Action\":[\"ssm:GetParameter\",\"eks:ListUpdates\",\"eks:ListNodegroups\",\"eks:ListFargateProfiles\",\"eks:ListClusters\",\"eks:DescribeNodegroup\",\"eks:DescribeCluster\",\"eks:AccessKubernetesApi\"],\"Effect\":\"Allow\",\"Resource\":\"arn:aws:eks:ap-southeast-1:535479350247:cluster/eks-blueprints-no-cilium\",\"Sid\":\"AllowPlatformTeamEKSAccess\"},{\"Action\":\"eks:ListClusters\",\"Effect\":\"Allow\",\"Resource\":\"*\",\"Sid\":\"AllowListClusters\"}],\"Version\":\"2012-10-17\"}",
            "policy_id": "ANPAXZLIOOPT2HL7WNI2I",
            "tags": {
              "Blueprint": "eks-blueprints-no-cilium",
              "GithubRepo": "github.com/badal-deep-shared/terraform-aws-eks-blueprints"
            },
            "tags_all": {
              "Blueprint": "eks-blueprints-no-cilium",
              "GithubRepo": "github.com/badal-deep-shared/terraform-aws-eks-blueprints"
            }
          },
          "sensitive_attributes": [],
          "private": "bnVsbA==",
          "dependencies": [
            "data.aws_caller_identity.current",
            "module.eks_blueprints.data.aws_iam_policy_document.eks_key",
            "module.eks_blueprints.data.http.eks_cluster_readiness",
            "module.eks_blueprints.module.aws_eks.aws_cloudwatch_log_group.this",
            "module.eks_blueprints.module.aws_eks.aws_eks_cluster.this",
            "module.eks_blueprints.module.aws_eks.aws_iam_role.this",
            "module.eks_blueprints.module.aws_eks.aws_iam_role_policy_attachment.this",
            "module.eks_blueprints.module.aws_eks.aws_security_group.cluster",
            "module.eks_blueprints.module.aws_eks.aws_security_group.node",
            "module.eks_blueprints.module.aws_eks.aws_security_group_rule.cluster",
            "module.eks_blueprints.module.aws_eks.aws_security_group_rule.node",
            "module.eks_blueprints.module.aws_eks.data.aws_iam_policy_document.assume_role_policy",
            "module.eks_blueprints.module.aws_eks.data.aws_partition.current",
            "module.eks_blueprints.module.aws_eks.module.kms.aws_kms_external_key.this",
            "module.eks_blueprints.module.aws_eks.module.kms.aws_kms_key.this",
            "module.eks_blueprints.module.aws_eks_teams.data.aws_iam_policy_document.platform_team_eks_access",
            "module.eks_blueprints.module.kms.aws_kms_key.this"
          ]
        }
      ]
    },
    {
      "module": "module.eks_blueprints.module.aws_eks_teams[0]",
      "mode": "managed",
      "type": "aws_iam_role",
      "name": "platform_team",
      "provider": "provider[\"registry.terraform.io/hashicorp/aws\"]",
      "instances": [
        {
          "index_key": "admin",
          "schema_version": 0,
          "attributes": {
            "arn": "arn:aws:iam::535479350247:role/eks-blueprints-no-cilium-admin-access",
            "assume_role_policy": "{\"Statement\":[{\"Action\":\"sts:AssumeRole\",\"Effect\":\"Allow\",\"Principal\":{\"AWS\":[\"arn:aws:sts::535479350247:assumed-role/AWSReservedSSO_AWSAdministratorAccess_9e93d8e0500e8de7/deepyan+tf-ct-aft@amazon.com\"]}}],\"Version\":\"2012-10-17\"}",
            "create_date": "2023-01-10T08:47:02Z",
            "description": "",
            "force_detach_policies": false,
            "id": "eks-blueprints-no-cilium-admin-access",
            "inline_policy": [],
            "managed_policy_arns": [
              "arn:aws:iam::535479350247:policy/eks-blueprints-no-cilium-PlatformTeamEKSAccess"
            ],
            "max_session_duration": 3600,
            "name": "eks-blueprints-no-cilium-admin-access",
            "name_prefix": "",
            "path": "/",
            "permissions_boundary": null,
            "tags": {
              "Blueprint": "eks-blueprints-no-cilium",
              "GithubRepo": "github.com/badal-deep-shared/terraform-aws-eks-blueprints"
            },
            "tags_all": {
              "Blueprint": "eks-blueprints-no-cilium",
              "GithubRepo": "github.com/badal-deep-shared/terraform-aws-eks-blueprints"
            },
            "unique_id": "AROAXZLIOOPTVGM4YN2BN"
          },
          "sensitive_attributes": [],
          "private": "bnVsbA==",
          "dependencies": [
            "data.aws_caller_identity.current",
            "module.eks_blueprints.data.aws_iam_policy_document.eks_key",
            "module.eks_blueprints.data.http.eks_cluster_readiness",
            "module.eks_blueprints.module.aws_eks.aws_cloudwatch_log_group.this",
            "module.eks_blueprints.module.aws_eks.aws_eks_cluster.this",
            "module.eks_blueprints.module.aws_eks.aws_iam_role.this",
            "module.eks_blueprints.module.aws_eks.aws_iam_role_policy_attachment.this",
            "module.eks_blueprints.module.aws_eks.aws_security_group.cluster",
            "module.eks_blueprints.module.aws_eks.aws_security_group.node",
            "module.eks_blueprints.module.aws_eks.aws_security_group_rule.cluster",
            "module.eks_blueprints.module.aws_eks.aws_security_group_rule.node",
            "module.eks_blueprints.module.aws_eks.data.aws_iam_policy_document.assume_role_policy",
            "module.eks_blueprints.module.aws_eks.data.aws_partition.current",
            "module.eks_blueprints.module.aws_eks.module.kms.aws_kms_external_key.this",
            "module.eks_blueprints.module.aws_eks.module.kms.aws_kms_key.this",
            "module.eks_blueprints.module.aws_eks_teams.aws_iam_policy.platform_team_eks_access",
            "module.eks_blueprints.module.aws_eks_teams.data.aws_iam_policy_document.platform_team_eks_access",
            "module.eks_blueprints.module.kms.aws_kms_key.this"
          ]
        }
      ]
    },
    {
      "module": "module.eks_blueprints.module.aws_eks_teams[0]",
      "mode": "managed",
      "type": "aws_iam_role",
      "name": "team_access",
      "provider": "provider[\"registry.terraform.io/hashicorp/aws\"]",
      "instances": [
        {
          "index_key": "team-riker",
          "schema_version": 0,
          "attributes": {
            "arn": "arn:aws:iam::535479350247:role/eks-blueprints-no-cilium-team-riker-access",
            "assume_role_policy": "{\"Statement\":[{\"Action\":\"sts:AssumeRole\",\"Effect\":\"Allow\",\"Principal\":{\"AWS\":[\"arn:aws:sts::535479350247:assumed-role/AWSReservedSSO_AWSAdministratorAccess_9e93d8e0500e8de7/deepyan+tf-ct-aft@amazon.com\",\"arn:aws:iam::800463389991:role/aws-reserved/sso.amazonaws.com/ap-southeast-1/AWSReservedSSO_AWSAdministratorAccess_e025828db5986b3b\"]}}],\"Version\":\"2012-10-17\"}",
            "create_date": "2023-01-10T08:47:00Z",
            "description": "",
            "force_detach_policies": false,
            "id": "eks-blueprints-no-cilium-team-riker-access",
            "inline_policy": [],
            "managed_policy_arns": [],
            "max_session_duration": 3600,
            "name": "eks-blueprints-no-cilium-team-riker-access",
            "name_prefix": "",
            "path": "/",
            "permissions_boundary": null,
            "tags": {
              "Blueprint": "eks-blueprints-no-cilium",
              "GithubRepo": "github.com/badal-deep-shared/terraform-aws-eks-blueprints"
            },
            "tags_all": {
              "Blueprint": "eks-blueprints-no-cilium",
              "GithubRepo": "github.com/badal-deep-shared/terraform-aws-eks-blueprints"
            },
            "unique_id": "AROAXZLIOOPTXZ4LQHAJK"
          },
          "sensitive_attributes": [],
          "private": "bnVsbA==",
          "dependencies": [
            "data.aws_caller_identity.current",
            "module.eks_blueprints.data.aws_iam_policy_document.eks_key",
            "module.eks_blueprints.data.http.eks_cluster_readiness",
            "module.eks_blueprints.module.aws_eks.aws_cloudwatch_log_group.this",
            "module.eks_blueprints.module.aws_eks.aws_eks_cluster.this",
            "module.eks_blueprints.module.aws_eks.aws_iam_role.this",
            "module.eks_blueprints.module.aws_eks.aws_iam_role_policy_attachment.this",
            "module.eks_blueprints.module.aws_eks.aws_security_group.cluster",
            "module.eks_blueprints.module.aws_eks.aws_security_group.node",
            "module.eks_blueprints.module.aws_eks.aws_security_group_rule.cluster",
            "module.eks_blueprints.module.aws_eks.aws_security_group_rule.node",
            "module.eks_blueprints.module.aws_eks.data.aws_iam_policy_document.assume_role_policy",
            "module.eks_blueprints.module.aws_eks.data.aws_partition.current",
            "module.eks_blueprints.module.aws_eks.module.kms.aws_kms_external_key.this",
            "module.eks_blueprints.module.aws_eks.module.kms.aws_kms_key.this",
            "module.eks_blueprints.module.kms.aws_kms_key.this"
          ]
        }
      ]
    },
    {
      "module": "module.eks_blueprints.module.aws_eks_teams[0]",
      "mode": "managed",
      "type": "aws_iam_role",
      "name": "team_sa_irsa",
      "provider": "provider[\"registry.terraform.io/hashicorp/aws\"]",
      "instances": [
        {
          "index_key": "team-riker",
          "schema_version": 0,
          "attributes": {
            "arn": "arn:aws:iam::535479350247:role/eks-blueprints-no-cilium-team-riker-sa-role",
            "assume_role_policy": "{\"Statement\":[{\"Action\":\"sts:AssumeRoleWithWebIdentity\",\"Condition\":{\"StringEquals\":{\"oidc.eks.ap-southeast-1.amazonaws.com/id/AC1F65F971A7276CF0573C9D0E78D565:aud\":\"sts.amazonaws.com\",\"oidc.eks.ap-southeast-1.amazonaws.com/id/AC1F65F971A7276CF0573C9D0E78D565:sub\":\"system:serviceaccount:team-riker:team-riker-sa\"}},\"Effect\":\"Allow\",\"Principal\":{\"Federated\":\"arn:aws:iam::535479350247:oidc-provider/oidc.eks.ap-southeast-1.amazonaws.com/id/AC1F65F971A7276CF0573C9D0E78D565\"}}],\"Version\":\"2012-10-17\"}",
            "create_date": "2023-01-10T08:47:00Z",
            "description": "",
            "force_detach_policies": false,
            "id": "eks-blueprints-no-cilium-team-riker-sa-role",
            "inline_policy": [],
            "managed_policy_arns": [],
            "max_session_duration": 3600,
            "name": "eks-blueprints-no-cilium-team-riker-sa-role",
            "name_prefix": "",
            "path": "/",
            "permissions_boundary": null,
            "tags": {
              "Blueprint": "eks-blueprints-no-cilium",
              "GithubRepo": "github.com/badal-deep-shared/terraform-aws-eks-blueprints"
            },
            "tags_all": {
              "Blueprint": "eks-blueprints-no-cilium",
              "GithubRepo": "github.com/badal-deep-shared/terraform-aws-eks-blueprints"
            },
            "unique_id": "AROAXZLIOOPT2WQUUEMAO"
          },
          "sensitive_attributes": [],
          "private": "bnVsbA==",
          "dependencies": [
            "data.aws_caller_identity.current",
            "module.eks_blueprints.data.aws_iam_policy_document.eks_key",
            "module.eks_blueprints.data.http.eks_cluster_readiness",
            "module.eks_blueprints.module.aws_eks.aws_cloudwatch_log_group.this",
            "module.eks_blueprints.module.aws_eks.aws_eks_cluster.this",
            "module.eks_blueprints.module.aws_eks.aws_iam_role.this",
            "module.eks_blueprints.module.aws_eks.aws_iam_role_policy_attachment.this",
            "module.eks_blueprints.module.aws_eks.aws_security_group.cluster",
            "module.eks_blueprints.module.aws_eks.aws_security_group.node",
            "module.eks_blueprints.module.aws_eks.aws_security_group_rule.cluster",
            "module.eks_blueprints.module.aws_eks.aws_security_group_rule.node",
            "module.eks_blueprints.module.aws_eks.data.aws_iam_policy_document.assume_role_policy",
            "module.eks_blueprints.module.aws_eks.data.aws_partition.current",
            "module.eks_blueprints.module.aws_eks.module.kms.aws_kms_external_key.this",
            "module.eks_blueprints.module.aws_eks.module.kms.aws_kms_key.this",
            "module.eks_blueprints.module.aws_eks_teams.data.aws_caller_identity.current",
            "module.eks_blueprints.module.aws_eks_teams.data.aws_eks_cluster.eks_cluster",
            "module.eks_blueprints.module.aws_eks_teams.data.aws_partition.current",
            "module.eks_blueprints.module.kms.aws_kms_key.this"
          ]
        }
      ]
    },
    {
      "module": "module.eks_blueprints.module.aws_eks_teams[0]",
      "mode": "managed",
      "type": "kubectl_manifest",
      "name": "team",
      "provider": "provider[\"registry.terraform.io/gavinbunney/kubectl\"]",
      "instances": [
        {
          "index_key": "kubernetes/team-riker/limit-range.yaml",
          "schema_version": 1,
          "attributes": {
            "api_version": "v1",
            "apply_only": false,
            "force_conflicts": false,
            "force_new": false,
            "id": "/api/v1/namespaces/team-riker/limitranges/resource-limits",
            "ignore_fields": null,
            "kind": "LimitRange",
            "live_manifest_incluster": "17692c9d4b460ad94a788e68ee119244ed61b20a360ca561aeed1fef8442908e",
            "live_uid": "db4617de-2a61-4b28-ae21-79412dbd1281",
            "name": "resource-limits",
            "namespace": "team-riker",
            "override_namespace": null,
            "sensitive_fields": null,
            "server_side_apply": false,
            "timeouts": null,
            "uid": "db4617de-2a61-4b28-ae21-79412dbd1281",
            "validate_schema": true,
            "wait": null,
            "wait_for_rollout": true,
            "yaml_body": "apiVersion: 'v1'\nkind: 'LimitRange'\nmetadata:\n  name: 'resource-limits'\n  namespace: team-riker\nspec:\n  limits:\n    - type: 'Container'\n      max:\n        cpu: '2'\n        memory: '1Gi'\n      min:\n        cpu: '50m'\n        memory: '4Mi'\n      default:\n        cpu: '300m'\n        memory: '200Mi'\n      defaultRequest:\n        cpu: '200m'\n        memory: '100Mi'\n      maxLimitRequestRatio:\n        cpu: '10'\n---\napiVersion: rbac.authorization.k8s.io/v1\nkind: Role\nmetadata:\n  labels:\n    app.kubernetes.io/component: application-controller\n    app.kubernetes.io/name: argocd-application-controller\n    app.kubernetes.io/part-of: argocd\n  name: argocd-application-controller\nrules:\n  - apiGroups:\n      - \"\"\n    resources:\n      - secrets\n      - configmaps\n    verbs:\n      - get\n      - list\n      - watch\n  - apiGroups:\n      - argoproj.io\n    resources:\n      - applications\n      - appprojects\n    verbs:\n      - create\n      - get\n      - list\n      - watch\n      - update\n      - patch\n      - delete\n  - apiGroups:\n      - \"\"\n    resources:\n      - events\n    verbs:\n      - create\n      - list\n---\napiVersion: rbac.authorization.k8s.io/v1\nkind: Role\nmetadata:\n  labels:\n    app.kubernetes.io/component: controller\n    app.kubernetes.io/name: argocd-applicationset-controller\n    app.kubernetes.io/part-of: argocd-applicationset\n  name: argocd-applicationset-controller\nrules:\n  - apiGroups:\n      - argoproj.io\n    resources:\n      - applications\n      - applicationsets\n      - applicationsets/finalizers\n    verbs:\n      - create\n      - delete\n      - get\n      - list\n      - patch\n      - update\n      - watch\n  - apiGroups:\n      - argoproj.io\n    resources:\n      - appprojects\n    verbs:\n      - get\n  - apiGroups:\n      - argoproj.io\n    resources:\n      - applicationsets/status\n    verbs:\n      - get\n      - patch\n      - update\n  - apiGroups:\n      - \"\"\n    resources:\n      - events\n    verbs:\n      - create\n      - get\n      - list\n      - patch\n      - watch\n  - apiGroups:\n      - \"\"\n    resources:\n      - secrets\n      - configmaps\n    verbs:\n      - get\n      - list\n      - watch\n  - apiGroups:\n      - apps\n      - extensions\n    resources:\n      - deployments\n    verbs:\n      - get\n      - list\n      - watch\n---\napiVersion: rbac.authorization.k8s.io/v1\nkind: Role\nmetadata:\n  labels:\n    app.kubernetes.io/component: dex-server\n    app.kubernetes.io/name: argocd-dex-server\n    app.kubernetes.io/part-of: argocd\n  name: argocd-dex-server\nrules:\n  - apiGroups:\n      - \"\"\n    resources:\n      - secrets\n      - configmaps\n    verbs:\n      - get\n      - list\n      - watch\n---\napiVersion: rbac.authorization.k8s.io/v1\nkind: Role\nmetadata:\n  name: argocd-notifications-controller\nrules:\n  - apiGroups:\n      - argoproj.io\n    resources:\n      - applications\n      - appprojects\n    verbs:\n      - get\n      - list\n      - watch\n      - update\n      - patch\n  - apiGroups:\n      - \"\"\n    resources:\n      - configmaps\n      - secrets\n    verbs:\n      - list\n      - watch\n  - apiGroups:\n      - \"\"\n    resourceNames:\n      - argocd-notifications-cm\n    resources:\n      - configmaps\n    verbs:\n      - get\n  - apiGroups:\n      - \"\"\n    resourceNames:\n      - argocd-notifications-secret\n    resources:\n      - secrets\n    verbs:\n      - get\n---\napiVersion: rbac.authorization.k8s.io/v1\nkind: Role\nmetadata:\n  labels:\n    app.kubernetes.io/component: server\n    app.kubernetes.io/name: argocd-server\n    app.kubernetes.io/part-of: argocd\n  name: argocd-server\nrules:\n  - apiGroups:\n      - \"\"\n    resources:\n      - secrets\n      - configmaps\n    verbs:\n      - create\n      - get\n      - list\n      - watch\n      - update\n      - patch\n      - delete\n  - apiGroups:\n      - argoproj.io\n    resources:\n      - applications\n      - appprojects\n      - applicationsets\n    verbs:\n      - create\n      - get\n      - list\n      - watch\n      - update\n      - delete\n      - patch\n  - apiGroups:\n      - \"\"\n    resources:\n      - events\n    verbs:\n      - create\n      - list\n---\napiVersion: rbac.authorization.k8s.io/v1\nkind: RoleBinding\nmetadata:\n  labels:\n    app.kubernetes.io/component: redis\n    app.kubernetes.io/name: argocd-redis\n    app.kubernetes.io/part-of: argocd\n  name: argocd-redis\nroleRef:\n  apiGroup: rbac.authorization.k8s.io\n  kind: Role\n  name: argocd-redis\nsubjects:\n  - kind: ServiceAccount\n    name: argocd-redis\n---\napiVersion: rbac.authorization.k8s.io/v1\nkind: RoleBinding\nmetadata:\n  labels:\n    app.kubernetes.io/component: controller\n    app.kubernetes.io/name: argocd-applicationset-controller\n    app.kubernetes.io/part-of: argocd-applicationset\n  name: argocd-applicationset-controller\nroleRef:\n  apiGroup: rbac.authorization.k8s.io\n  kind: Role\n  name: argocd-applicationset-controller\nsubjects:\n  - kind: ServiceAccount\n    name: argocd-applicationset-controller",
            "yaml_body_parsed": "apiVersion: v1\nkind: LimitRange\nmetadata:\n  name: resource-limits\n  namespace: team-riker\nspec:\n  limits:\n  - default:\n      cpu: 300m\n      memory: 200Mi\n    defaultRequest:\n      cpu: 200m\n      memory: 100Mi\n    max:\n      cpu: \"2\"\n      memory: 1Gi\n    maxLimitRequestRatio:\n      cpu: \"10\"\n    min:\n      cpu: 50m\n      memory: 4Mi\n    type: Container\n",
            "yaml_incluster": "17692c9d4b460ad94a788e68ee119244ed61b20a360ca561aeed1fef8442908e"
          },
          "sensitive_attributes": [],
          "private": "eyJlMmJmYjczMC1lY2FhLTExZTYtOGY4OC0zNDM2M2JjN2M0YzAiOnsiY3JlYXRlIjo2MDAwMDAwMDAwMDB9LCJzY2hlbWFfdmVyc2lvbiI6IjEifQ==",
          "dependencies": [
            "data.aws_caller_identity.current",
            "data.aws_eks_cluster_auth.this",
            "module.eks_blueprints.data.aws_iam_policy_document.eks_key",
            "module.eks_blueprints.data.http.eks_cluster_readiness",
            "module.eks_blueprints.module.aws_eks.aws_cloudwatch_log_group.this",
            "module.eks_blueprints.module.aws_eks.aws_eks_cluster.this",
            "module.eks_blueprints.module.aws_eks.aws_iam_role.this",
            "module.eks_blueprints.module.aws_eks.aws_iam_role_policy_attachment.this",
            "module.eks_blueprints.module.aws_eks.aws_security_group.cluster",
            "module.eks_blueprints.module.aws_eks.aws_security_group.node",
            "module.eks_blueprints.module.aws_eks.aws_security_group_rule.cluster",
            "module.eks_blueprints.module.aws_eks.aws_security_group_rule.node",
            "module.eks_blueprints.module.aws_eks.data.aws_iam_policy_document.assume_role_policy",
            "module.eks_blueprints.module.aws_eks.data.aws_partition.current",
            "module.eks_blueprints.module.aws_eks.module.kms.aws_kms_external_key.this",
            "module.eks_blueprints.module.aws_eks.module.kms.aws_kms_key.this",
            "module.eks_blueprints.module.aws_eks_teams.kubernetes_namespace.team",
            "module.eks_blueprints.module.kms.aws_kms_key.this"
          ]
        }
      ]
    },
    {
      "module": "module.eks_blueprints.module.aws_eks_teams[0]",
      "mode": "managed",
      "type": "kubernetes_cluster_role",
      "name": "team",
      "provider": "provider[\"registry.terraform.io/hashicorp/kubernetes\"]",
      "instances": [
        {
          "index_key": "team-riker",
          "schema_version": 0,
          "attributes": {
            "aggregation_rule": [],
            "id": "team-riker-team-cluster-role",
            "metadata": [
              {
                "annotations": {},
                "generation": 0,
                "labels": {},
                "name": "team-riker-team-cluster-role",
                "resource_version": "820",
                "uid": "6dc8c002-4313-4591-91d0-dc6a138b74ee"
              }
            ],
            "rule": [
              {
                "api_groups": [
                  ""
                ],
                "non_resource_urls": [],
                "resource_names": [],
                "resources": [
                  "namespaces",
                  "nodes"
                ],
                "verbs": [
                  "get",
                  "list",
                  "watch"
                ]
              }
            ]
          },
          "sensitive_attributes": [],
          "private": "bnVsbA==",
          "dependencies": [
            "data.aws_caller_identity.current",
            "data.aws_eks_cluster_auth.this",
            "module.eks_blueprints.data.aws_iam_policy_document.eks_key",
            "module.eks_blueprints.data.http.eks_cluster_readiness",
            "module.eks_blueprints.module.aws_eks.aws_cloudwatch_log_group.this",
            "module.eks_blueprints.module.aws_eks.aws_eks_cluster.this",
            "module.eks_blueprints.module.aws_eks.aws_iam_role.this",
            "module.eks_blueprints.module.aws_eks.aws_iam_role_policy_attachment.this",
            "module.eks_blueprints.module.aws_eks.aws_security_group.cluster",
            "module.eks_blueprints.module.aws_eks.aws_security_group.node",
            "module.eks_blueprints.module.aws_eks.aws_security_group_rule.cluster",
            "module.eks_blueprints.module.aws_eks.aws_security_group_rule.node",
            "module.eks_blueprints.module.aws_eks.data.aws_iam_policy_document.assume_role_policy",
            "module.eks_blueprints.module.aws_eks.data.aws_partition.current",
            "module.eks_blueprints.module.aws_eks.module.kms.aws_kms_external_key.this",
            "module.eks_blueprints.module.aws_eks.module.kms.aws_kms_key.this",
            "module.eks_blueprints.module.kms.aws_kms_key.this"
          ]
        }
      ]
    },
    {
      "module": "module.eks_blueprints.module.aws_eks_teams[0]",
      "mode": "managed",
      "type": "kubernetes_cluster_role_binding",
      "name": "team",
      "provider": "provider[\"registry.terraform.io/hashicorp/kubernetes\"]",
      "instances": [
        {
          "index_key": "team-riker",
          "schema_version": 0,
          "attributes": {
            "id": "team-riker-team-cluster-role-binding",
            "metadata": [
              {
                "annotations": {},
                "generation": 0,
                "labels": {},
                "name": "team-riker-team-cluster-role-binding",
                "resource_version": "821",
                "uid": "3d0d1a0c-8e58-4616-951a-d03f62565904"
              }
            ],
            "role_ref": [
              {
                "api_group": "rbac.authorization.k8s.io",
                "kind": "ClusterRole",
                "name": "team-riker-team-cluster-role"
              }
            ],
            "subject": [
              {
                "api_group": "rbac.authorization.k8s.io",
                "kind": "Group",
                "name": "team-riker-group",
                "namespace": "default"
              }
            ]
          },
          "sensitive_attributes": [],
          "private": "bnVsbA==",
          "dependencies": [
            "data.aws_caller_identity.current",
            "data.aws_eks_cluster_auth.this",
            "module.eks_blueprints.data.aws_iam_policy_document.eks_key",
            "module.eks_blueprints.data.http.eks_cluster_readiness",
            "module.eks_blueprints.module.aws_eks.aws_cloudwatch_log_group.this",
            "module.eks_blueprints.module.aws_eks.aws_eks_cluster.this",
            "module.eks_blueprints.module.aws_eks.aws_iam_role.this",
            "module.eks_blueprints.module.aws_eks.aws_iam_role_policy_attachment.this",
            "module.eks_blueprints.module.aws_eks.aws_security_group.cluster",
            "module.eks_blueprints.module.aws_eks.aws_security_group.node",
            "module.eks_blueprints.module.aws_eks.aws_security_group_rule.cluster",
            "module.eks_blueprints.module.aws_eks.aws_security_group_rule.node",
            "module.eks_blueprints.module.aws_eks.data.aws_iam_policy_document.assume_role_policy",
            "module.eks_blueprints.module.aws_eks.data.aws_partition.current",
            "module.eks_blueprints.module.aws_eks.module.kms.aws_kms_external_key.this",
            "module.eks_blueprints.module.aws_eks.module.kms.aws_kms_key.this",
            "module.eks_blueprints.module.kms.aws_kms_key.this"
          ]
        }
      ]
    },
    {
      "module": "module.eks_blueprints.module.aws_eks_teams[0]",
      "mode": "managed",
      "type": "kubernetes_namespace",
      "name": "team",
      "provider": "provider[\"registry.terraform.io/hashicorp/kubernetes\"]",
      "instances": [
        {
          "index_key": "team-riker",
          "schema_version": 0,
          "attributes": {
            "id": "team-riker",
            "metadata": [
              {
                "annotations": {},
                "generate_name": "",
                "generation": 0,
                "labels": {
                  "appName": "riker-team-app",
                  "billingCode": "example",
                  "branch": "example",
                  "domain": "example",
                  "environment": "dev",
                  "projectName": "project-riker",
                  "uuid": "example"
                },
                "name": "team-riker",
                "resource_version": "823",
                "uid": "706ef55f-7ff0-4c68-bddb-b3c17f346571"
              }
            ],
            "timeouts": null
          },
          "sensitive_attributes": [],
          "private": "eyJlMmJmYjczMC1lY2FhLTExZTYtOGY4OC0zNDM2M2JjN2M0YzAiOnsiZGVsZXRlIjozMDAwMDAwMDAwMDB9fQ==",
          "dependencies": [
            "data.aws_caller_identity.current",
            "data.aws_eks_cluster_auth.this",
            "module.eks_blueprints.data.aws_iam_policy_document.eks_key",
            "module.eks_blueprints.data.http.eks_cluster_readiness",
            "module.eks_blueprints.module.aws_eks.aws_cloudwatch_log_group.this",
            "module.eks_blueprints.module.aws_eks.aws_eks_cluster.this",
            "module.eks_blueprints.module.aws_eks.aws_iam_role.this",
            "module.eks_blueprints.module.aws_eks.aws_iam_role_policy_attachment.this",
            "module.eks_blueprints.module.aws_eks.aws_security_group.cluster",
            "module.eks_blueprints.module.aws_eks.aws_security_group.node",
            "module.eks_blueprints.module.aws_eks.aws_security_group_rule.cluster",
            "module.eks_blueprints.module.aws_eks.aws_security_group_rule.node",
            "module.eks_blueprints.module.aws_eks.data.aws_iam_policy_document.assume_role_policy",
            "module.eks_blueprints.module.aws_eks.data.aws_partition.current",
            "module.eks_blueprints.module.aws_eks.module.kms.aws_kms_external_key.this",
            "module.eks_blueprints.module.aws_eks.module.kms.aws_kms_key.this",
            "module.eks_blueprints.module.kms.aws_kms_key.this"
          ]
        }
      ]
    },
    {
      "module": "module.eks_blueprints.module.aws_eks_teams[0]",
      "mode": "managed",
      "type": "kubernetes_resource_quota",
      "name": "this",
      "provider": "provider[\"registry.terraform.io/hashicorp/kubernetes\"]",
      "instances": [
        {
          "index_key": "team-riker",
          "schema_version": 0,
          "attributes": {
            "id": "team-riker/quotas",
            "metadata": [
              {
                "annotations": {},
                "generate_name": "",
                "generation": 0,
                "labels": {},
                "name": "quotas",
                "namespace": "team-riker",
                "resource_version": "830",
                "uid": "f443cbeb-0e6a-4fc9-999b-afde8aa3ed38"
              }
            ],
            "spec": [
              {
                "hard": {
                  "limits.cpu": "20",
                  "limits.memory": "50Gi",
                  "pods": "50",
                  "requests.cpu": "10",
                  "requests.memory": "20Gi",
                  "secrets": "50",
                  "services": "50"
                },
                "scope_selector": [],
                "scopes": []
              }
            ],
            "timeouts": null
          },
          "sensitive_attributes": [],
          "private": "eyJlMmJmYjczMC1lY2FhLTExZTYtOGY4OC0zNDM2M2JjN2M0YzAiOnsiY3JlYXRlIjo2MDAwMDAwMDAwMCwidXBkYXRlIjo2MDAwMDAwMDAwMH19",
          "dependencies": [
            "data.aws_caller_identity.current",
            "data.aws_eks_cluster_auth.this",
            "module.eks_blueprints.data.aws_iam_policy_document.eks_key",
            "module.eks_blueprints.data.http.eks_cluster_readiness",
            "module.eks_blueprints.module.aws_eks.aws_cloudwatch_log_group.this",
            "module.eks_blueprints.module.aws_eks.aws_eks_cluster.this",
            "module.eks_blueprints.module.aws_eks.aws_iam_role.this",
            "module.eks_blueprints.module.aws_eks.aws_iam_role_policy_attachment.this",
            "module.eks_blueprints.module.aws_eks.aws_security_group.cluster",
            "module.eks_blueprints.module.aws_eks.aws_security_group.node",
            "module.eks_blueprints.module.aws_eks.aws_security_group_rule.cluster",
            "module.eks_blueprints.module.aws_eks.aws_security_group_rule.node",
            "module.eks_blueprints.module.aws_eks.data.aws_iam_policy_document.assume_role_policy",
            "module.eks_blueprints.module.aws_eks.data.aws_partition.current",
            "module.eks_blueprints.module.aws_eks.module.kms.aws_kms_external_key.this",
            "module.eks_blueprints.module.aws_eks.module.kms.aws_kms_key.this",
            "module.eks_blueprints.module.aws_eks_teams.kubernetes_namespace.team",
            "module.eks_blueprints.module.kms.aws_kms_key.this"
          ]
        }
      ]
    },
    {
      "module": "module.eks_blueprints.module.aws_eks_teams[0]",
      "mode": "managed",
      "type": "kubernetes_role",
      "name": "team",
      "provider": "provider[\"registry.terraform.io/hashicorp/kubernetes\"]",
      "instances": [
        {
          "index_key": "team-riker",
          "schema_version": 0,
          "attributes": {
            "id": "team-riker/team-riker-role",
            "metadata": [
              {
                "annotations": {},
                "generate_name": "",
                "generation": 0,
                "labels": {},
                "name": "team-riker-role",
                "namespace": "team-riker",
                "resource_version": "831",
                "uid": "72ac2d19-b32a-4ddb-b114-c25de60dfbbc"
              }
            ],
            "rule": [
              {
                "api_groups": [
                  "*"
                ],
                "resource_names": [],
                "resources": [
                  "configmaps",
                  "deployments",
                  "events",
                  "horizontalpodautoscalers",
                  "networkpolicies",
                  "pods",
                  "podtemplates",
                  "replicasets",
                  "rolebindings",
                  "roles",
                  "secrets",
                  "serviceaccounts",
                  "services",
                  "statefulsets"
                ],
                "verbs": [
                  "create",
                  "delete",
                  "get",
                  "list",
                  "patch",
                  "update",
                  "watch"
                ]
              },
              {
                "api_groups": [
                  "*"
                ],
                "resource_names": [],
                "resources": [
                  "resourcequotas"
                ],
                "verbs": [
                  "get",
                  "list",
                  "watch"
                ]
              },
              {
                "api_groups": [
                  "*"
                ],
                "resource_names": [],
                "resources": [
                  "clusterrolebindings",
                  "clusterroles",
                  "customresourcedefinitions"
                ],
                "verbs": [
                  "get"
                ]
              },
              {
                "api_groups": [
                  "argoproj.io"
                ],
                "resource_names": [],
                "resources": [
                  "*"
                ],
                "verbs": [
                  "create",
                  "delete",
                  "get",
                  "list",
                  "patch",
                  "update",
                  "watch"
                ]
              }
            ]
          },
          "sensitive_attributes": [],
          "private": "bnVsbA==",
          "dependencies": [
            "data.aws_caller_identity.current",
            "data.aws_eks_cluster_auth.this",
            "module.eks_blueprints.data.aws_iam_policy_document.eks_key",
            "module.eks_blueprints.data.http.eks_cluster_readiness",
            "module.eks_blueprints.module.aws_eks.aws_cloudwatch_log_group.this",
            "module.eks_blueprints.module.aws_eks.aws_eks_cluster.this",
            "module.eks_blueprints.module.aws_eks.aws_iam_role.this",
            "module.eks_blueprints.module.aws_eks.aws_iam_role_policy_attachment.this",
            "module.eks_blueprints.module.aws_eks.aws_security_group.cluster",
            "module.eks_blueprints.module.aws_eks.aws_security_group.node",
            "module.eks_blueprints.module.aws_eks.aws_security_group_rule.cluster",
            "module.eks_blueprints.module.aws_eks.aws_security_group_rule.node",
            "module.eks_blueprints.module.aws_eks.data.aws_iam_policy_document.assume_role_policy",
            "module.eks_blueprints.module.aws_eks.data.aws_partition.current",
            "module.eks_blueprints.module.aws_eks.module.kms.aws_kms_external_key.this",
            "module.eks_blueprints.module.aws_eks.module.kms.aws_kms_key.this",
            "module.eks_blueprints.module.aws_eks_teams.kubernetes_namespace.team",
            "module.eks_blueprints.module.kms.aws_kms_key.this"
          ]
        }
      ]
    },
    {
      "module": "module.eks_blueprints.module.aws_eks_teams[0]",
      "mode": "managed",
      "type": "kubernetes_role_binding",
      "name": "team",
      "provider": "provider[\"registry.terraform.io/hashicorp/kubernetes\"]",
      "instances": [
        {
          "index_key": "team-riker",
          "schema_version": 0,
          "attributes": {
            "id": "team-riker/team-riker-role-binding",
            "metadata": [
              {
                "annotations": {},
                "generation": 0,
                "labels": {},
                "name": "team-riker-role-binding",
                "namespace": "team-riker",
                "resource_version": "828",
                "uid": "e9155304-020a-4678-853d-5073b7a7b5d8"
              }
            ],
            "role_ref": [
              {
                "api_group": "rbac.authorization.k8s.io",
                "kind": "Role",
                "name": "team-riker-role"
              }
            ],
            "subject": [
              {
                "api_group": "rbac.authorization.k8s.io",
                "kind": "Group",
                "name": "team-riker-group",
                "namespace": "team-riker"
              }
            ]
          },
          "sensitive_attributes": [],
          "private": "bnVsbA==",
          "dependencies": [
            "data.aws_caller_identity.current",
            "data.aws_eks_cluster_auth.this",
            "module.eks_blueprints.data.aws_iam_policy_document.eks_key",
            "module.eks_blueprints.data.http.eks_cluster_readiness",
            "module.eks_blueprints.module.aws_eks.aws_cloudwatch_log_group.this",
            "module.eks_blueprints.module.aws_eks.aws_eks_cluster.this",
            "module.eks_blueprints.module.aws_eks.aws_iam_role.this",
            "module.eks_blueprints.module.aws_eks.aws_iam_role_policy_attachment.this",
            "module.eks_blueprints.module.aws_eks.aws_security_group.cluster",
            "module.eks_blueprints.module.aws_eks.aws_security_group.node",
            "module.eks_blueprints.module.aws_eks.aws_security_group_rule.cluster",
            "module.eks_blueprints.module.aws_eks.aws_security_group_rule.node",
            "module.eks_blueprints.module.aws_eks.data.aws_iam_policy_document.assume_role_policy",
            "module.eks_blueprints.module.aws_eks.data.aws_partition.current",
            "module.eks_blueprints.module.aws_eks.module.kms.aws_kms_external_key.this",
            "module.eks_blueprints.module.aws_eks.module.kms.aws_kms_key.this",
            "module.eks_blueprints.module.aws_eks_teams.kubernetes_namespace.team",
            "module.eks_blueprints.module.kms.aws_kms_key.this"
          ]
        }
      ]
    },
    {
      "module": "module.eks_blueprints.module.aws_eks_teams[0]",
      "mode": "managed",
      "type": "kubernetes_service_account",
      "name": "team",
      "provider": "provider[\"registry.terraform.io/hashicorp/kubernetes\"]",
      "instances": [
        {
          "index_key": "team-riker",
          "schema_version": 0,
          "attributes": {
            "automount_service_account_token": true,
            "default_secret_name": "",
            "id": "team-riker/team-riker-sa",
            "image_pull_secret": [],
            "metadata": [
              {
                "annotations": {
                  "eks.amazonaws.com/role-arn": "arn:aws:iam::535479350247:role/eks-blueprints-no-cilium-team-riker-sa-role"
                },
                "generate_name": "",
                "generation": 0,
                "labels": {},
                "name": "team-riker-sa",
                "namespace": "team-riker",
                "resource_version": "833",
                "uid": "95b743e6-0a38-45cb-be4f-b0aba54bc1aa"
              }
            ],
            "secret": [],
            "timeouts": null
          },
          "sensitive_attributes": [],
          "private": "eyJlMmJmYjczMC1lY2FhLTExZTYtOGY4OC0zNDM2M2JjN2M0YzAiOnsiY3JlYXRlIjozMDAwMDAwMDAwMH19",
          "dependencies": [
            "data.aws_caller_identity.current",
            "data.aws_eks_cluster_auth.this",
            "module.eks_blueprints.data.aws_iam_policy_document.eks_key",
            "module.eks_blueprints.data.http.eks_cluster_readiness",
            "module.eks_blueprints.module.aws_eks.aws_cloudwatch_log_group.this",
            "module.eks_blueprints.module.aws_eks.aws_eks_cluster.this",
            "module.eks_blueprints.module.aws_eks.aws_iam_role.this",
            "module.eks_blueprints.module.aws_eks.aws_iam_role_policy_attachment.this",
            "module.eks_blueprints.module.aws_eks.aws_security_group.cluster",
            "module.eks_blueprints.module.aws_eks.aws_security_group.node",
            "module.eks_blueprints.module.aws_eks.aws_security_group_rule.cluster",
            "module.eks_blueprints.module.aws_eks.aws_security_group_rule.node",
            "module.eks_blueprints.module.aws_eks.data.aws_iam_policy_document.assume_role_policy",
            "module.eks_blueprints.module.aws_eks.data.aws_partition.current",
            "module.eks_blueprints.module.aws_eks.module.kms.aws_kms_external_key.this",
            "module.eks_blueprints.module.aws_eks.module.kms.aws_kms_key.this",
            "module.eks_blueprints.module.aws_eks_teams.aws_iam_role.team_sa_irsa",
            "module.eks_blueprints.module.aws_eks_teams.data.aws_caller_identity.current",
            "module.eks_blueprints.module.aws_eks_teams.data.aws_eks_cluster.eks_cluster",
            "module.eks_blueprints.module.aws_eks_teams.data.aws_partition.current",
            "module.eks_blueprints.module.aws_eks_teams.kubernetes_namespace.team",
            "module.eks_blueprints.module.kms.aws_kms_key.this"
          ]
        }
      ]
    },
    {
      "module": "module.eks_blueprints.module.kms[0]",
      "mode": "managed",
      "type": "aws_kms_alias",
      "name": "this",
      "provider": "provider[\"registry.terraform.io/hashicorp/aws\"]",
      "instances": [
        {
          "schema_version": 0,
          "attributes": {
            "arn": "arn:aws:kms:ap-southeast-1:535479350247:alias/eks-blueprints-no-cilium",
            "id": "alias/eks-blueprints-no-cilium",
            "name": "alias/eks-blueprints-no-cilium",
            "name_prefix": "",
            "target_key_arn": "arn:aws:kms:ap-southeast-1:535479350247:key/d3a28b17-e1f7-4725-8814-f404676c54eb",
            "target_key_id": "d3a28b17-e1f7-4725-8814-f404676c54eb"
          },
          "sensitive_attributes": [],
          "private": "bnVsbA==",
          "dependencies": [
            "module.eks_blueprints.data.aws_iam_policy_document.eks_key",
            "module.eks_blueprints.module.kms.aws_kms_key.this"
          ]
        }
      ]
    },
    {
      "module": "module.eks_blueprints.module.kms[0]",
      "mode": "managed",
      "type": "aws_kms_key",
      "name": "this",
      "provider": "provider[\"registry.terraform.io/hashicorp/aws\"]",
      "instances": [
        {
          "schema_version": 0,
          "attributes": {
            "arn": "arn:aws:kms:ap-southeast-1:535479350247:key/d3a28b17-e1f7-4725-8814-f404676c54eb",
            "bypass_policy_lockout_safety_check": false,
            "custom_key_store_id": "",
            "customer_master_key_spec": "SYMMETRIC_DEFAULT",
            "deletion_window_in_days": 30,
            "description": "eks-blueprints-no-cilium EKS cluster secret encryption key",
            "enable_key_rotation": true,
            "id": "d3a28b17-e1f7-4725-8814-f404676c54eb",
            "is_enabled": true,
            "key_id": "d3a28b17-e1f7-4725-8814-f404676c54eb",
            "key_usage": "ENCRYPT_DECRYPT",
            "multi_region": false,
            "policy": "{\n  \"Version\": \"2012-10-17\",\n  \"Statement\": [\n    {\n      \"Sid\": \"Allow access for all principals in the account that are authorized\",\n      \"Effect\": \"Allow\",\n      \"Action\": [\n        \"kms:ReEncrypt*\",\n        \"kms:GenerateDataKey*\",\n        \"kms:Encrypt\",\n        \"kms:DescribeKey\",\n        \"kms:Decrypt\",\n        \"kms:CreateGrant\"\n      ],\n      \"Resource\": \"*\",\n      \"Principal\": {\n        \"AWS\": \"arn:aws:iam::535479350247:root\"\n      },\n      \"Condition\": {\n        \"StringEquals\": {\n          \"kms:CallerAccount\": \"535479350247\",\n          \"kms:ViaService\": \"eks.ap-southeast-1.amazonaws.com\"\n        }\n      }\n    },\n    {\n      \"Sid\": \"Allow direct access to key metadata to the account\",\n      \"Effect\": \"Allow\",\n      \"Action\": [\n        \"kms:RevokeGrant\",\n        \"kms:List*\",\n        \"kms:Get*\",\n        \"kms:Describe*\"\n      ],\n      \"Resource\": \"*\",\n      \"Principal\": {\n        \"AWS\": \"arn:aws:iam::535479350247:root\"\n      }\n    },\n    {\n      \"Sid\": \"Allow access for Key Administrators\",\n      \"Effect\": \"Allow\",\n      \"Action\": \"kms:*\",\n      \"Resource\": \"*\",\n      \"Principal\": {\n        \"AWS\": \"arn:aws:iam::535479350247:role/aws-reserved/sso.amazonaws.com/ap-southeast-1/AWSReservedSSO_AWSAdministratorAccess_9e93d8e0500e8de7\"\n      }\n    },\n    {\n      \"Sid\": \"Allow use of the key\",\n      \"Effect\": \"Allow\",\n      \"Action\": [\n        \"kms:ReEncrypt*\",\n        \"kms:GenerateDataKey*\",\n        \"kms:Encrypt\",\n        \"kms:DescribeKey\",\n        \"kms:Decrypt\"\n      ],\n      \"Resource\": \"*\",\n      \"Principal\": {\n        \"AWS\": \"arn:aws:iam::535479350247:role/eks-blueprints-no-cilium-cluster-role\"\n      }\n    },\n    {\n      \"Sid\": \"Allow attachment of persistent resources\",\n      \"Effect\": \"Allow\",\n      \"Action\": [\n        \"kms:RevokeGrant\",\n        \"kms:ListGrants\",\n        \"kms:CreateGrant\"\n      ],\n      \"Resource\": \"*\",\n      \"Principal\": {\n        \"AWS\": \"arn:aws:iam::535479350247:role/eks-blueprints-no-cilium-cluster-role\"\n      },\n      \"Condition\": {\n        \"Bool\": {\n          \"kms:GrantIsForAWSResource\": \"true\"\n        }\n      }\n    }\n  ]\n}",
            "tags": {
              "Blueprint": "eks-blueprints-no-cilium",
              "GithubRepo": "github.com/badal-deep-shared/terraform-aws-eks-blueprints"
            },
            "tags_all": {
              "Blueprint": "eks-blueprints-no-cilium",
              "GithubRepo": "github.com/badal-deep-shared/terraform-aws-eks-blueprints"
            }
          },
          "sensitive_attributes": [],
          "private": "bnVsbA==",
          "dependencies": [
            "module.eks_blueprints.data.aws_iam_policy_document.eks_key"
          ],
          "create_before_destroy": true
        }
      ]
    },
    {
      "module": "module.kubernetes_addons",
      "mode": "data",
      "type": "aws_caller_identity",
      "name": "current",
      "provider": "provider[\"registry.terraform.io/hashicorp/aws\"]",
      "instances": [
        {
          "schema_version": 0,
          "attributes": {
            "account_id": "535479350247",
            "arn": "arn:aws:sts::535479350247:assumed-role/AWSReservedSSO_AWSAdministratorAccess_9e93d8e0500e8de7/deepyan+tf-ct-aft@amazon.com",
            "id": "535479350247",
            "user_id": "AROAXZLIOOPTSIGI7NIOW:deepyan+tf-ct-aft@amazon.com"
          },
          "sensitive_attributes": []
        }
      ]
    },
    {
      "module": "module.kubernetes_addons",
      "mode": "data",
      "type": "aws_eks_cluster",
      "name": "eks_cluster",
      "provider": "provider[\"registry.terraform.io/hashicorp/aws\"]",
      "instances": [
        {
          "schema_version": 0,
          "attributes": {
            "arn": "arn:aws:eks:ap-southeast-1:535479350247:cluster/eks-blueprints-no-cilium",
            "certificate_authority": [
              {
                "data": "LS0tLS1CRUdJTiBDRVJUSUZJQ0FURS0tLS0tCk1JSUMvakNDQWVhZ0F3SUJBZ0lCQURBTkJna3Foa2lHOXcwQkFRc0ZBREFWTVJNd0VRWURWUVFERXdwcmRXSmwKY201bGRHVnpNQjRYRFRJek1ERXhNREE0TkRNd05sb1hEVE16TURFd056QTRORE13Tmxvd0ZURVRNQkVHQTFVRQpBeE1LYTNWaVpYSnVaWFJsY3pDQ0FTSXdEUVlKS29aSWh2Y05BUUVCQlFBRGdnRVBBRENDQVFvQ2dnRUJBTVV0CnBDeGdYRWFYRWhzUk40WnpZaDhSWE5ZVVk5czd0ajgyUHpPV3YxNWtsYy9UaW1EMEdmSGpQc3JsZVBNd29FZDIKMmVlOFQ2c1RxdlFHTllYMUJNRzlkSHEyZ1psamlJWVQ1NThRZllTTFl6aDdzR2p6UDVkcG9sQUJSYXJCeThNegphQy81VVNkdXhqQXVyN1hFK0ZVb2NWOGJiQkI4VE1ZakY1SjJQOHo3bUNybXJ2RmhYblA4ZjVUdzZVQ2VNTDZGCi96T1BYWGZLRjhMWDBYOWViVml0cVF5VXExUmxUUHA3Y1JZV2VhOU93bHpJcXlFSStJTUVxUVJtNWVzaHFZUEkKc2s3dzA4VExLa1RTMmZJa1grT1BZY21NRHVJUlhKVU5DT3JPMVlYSlhuZTdmMkxWYmFMR0hBM3NEVnprdTlZQgpMSVFrdlc3RzVRUDNoSEl2dE9FQ0F3RUFBYU5aTUZjd0RnWURWUjBQQVFIL0JBUURBZ0trTUE4R0ExVWRFd0VCCi93UUZNQU1CQWY4d0hRWURWUjBPQkJZRUZEcHFCNmRPZUFScSsyTXN4TCtIZlVaYU50Z3RNQlVHQTFVZEVRUU8KTUF5Q0NtdDFZbVZ5Ym1WMFpYTXdEUVlKS29aSWh2Y05BUUVMQlFBRGdnRUJBTG9xOWtvbWlyUUFWZlhGZzhkUApweEJKZkw3VTROZUk0cEpQSGVoeGhJUGV5aFdVSTIyRm1raDhQVllRbW9TWmp6cER1NjZhaC9mRDE5L3dhS3Z1CnVhTFBuM2ZwQUx0cTYwQXNZc08zVHZNRFJyUjM0MTZjRXhBSytjMXprdUVpK09TNzlkeDJMQ0tDLzV5aFR1Q1UKdFFxeThCajFwbUh1YUxhQXIrNTBpQmMwN1RJTmJ2QXVnNFNGNVFpUUVjWlBNa3gxc1c3aEpESXpHNXVGQ2ozVwpEeFJIRitKRjFndkZkU01TQVZNT3NYZWpVSldDYmVKNDN3MnBFYnFtWjNMOGY5bG51d3IyU0EwSFdScXNoWTM5Cm1Ed2JOYVF4M3FaRmFxeWRWYmpYTzYyUDRPR0pkQ2ZhYW5hbUxvL2EzYklobm8yZURzMWRFUmk5YVBqMUtVVGEKSVY0PQotLS0tLUVORCBDRVJUSUZJQ0FURS0tLS0tCg=="
              }
            ],
            "cluster_id": null,
            "created_at": "2023-01-10 08:37:27.985 +0000 UTC",
            "enabled_cluster_log_types": [
              "api",
              "audit",
              "authenticator",
              "controllerManager",
              "scheduler"
            ],
            "endpoint": "https://AC1F65F971A7276CF0573C9D0E78D565.gr7.ap-southeast-1.eks.amazonaws.com",
            "id": "eks-blueprints-no-cilium",
            "identity": [
              {
                "oidc": [
                  {
                    "issuer": "https://oidc.eks.ap-southeast-1.amazonaws.com/id/AC1F65F971A7276CF0573C9D0E78D565"
                  }
                ]
              }
            ],
            "kubernetes_network_config": [
              {
                "ip_family": "ipv4",
                "service_ipv4_cidr": "10.100.0.0/16",
                "service_ipv6_cidr": ""
              }
            ],
            "name": "eks-blueprints-no-cilium",
            "outpost_config": [],
            "platform_version": "eks.3",
            "role_arn": "arn:aws:iam::535479350247:role/eks-blueprints-no-cilium-cluster-role",
            "status": "ACTIVE",
            "tags": {
              "Blueprint": "eks-blueprints-no-cilium",
              "GithubRepo": "github.com/badal-deep-shared/terraform-aws-eks-blueprints"
            },
            "version": "1.24",
            "vpc_config": [
              {
                "cluster_security_group_id": "sg-0f147e771e226cec7",
                "endpoint_private_access": false,
                "endpoint_public_access": true,
                "public_access_cidrs": [
                  "0.0.0.0/0"
                ],
                "security_group_ids": [
                  "sg-0c6f877ef7f923346"
                ],
                "subnet_ids": [
                  "subnet-0a421732677fa63d2",
                  "subnet-0ee314ff01d715733"
                ],
                "vpc_id": "vpc-00e8a5494e255e7e6"
              }
            ]
          },
          "sensitive_attributes": []
        }
      ]
    },
    {
      "module": "module.kubernetes_addons",
      "mode": "data",
      "type": "aws_partition",
      "name": "current",
      "provider": "provider[\"registry.terraform.io/hashicorp/aws\"]",
      "instances": [
        {
          "schema_version": 0,
          "attributes": {
            "dns_suffix": "amazonaws.com",
            "id": "aws",
            "partition": "aws",
            "reverse_dns_prefix": "com.amazonaws"
          },
          "sensitive_attributes": []
        }
      ]
    },
    {
      "module": "module.kubernetes_addons",
      "mode": "data",
      "type": "aws_region",
      "name": "current",
      "provider": "provider[\"registry.terraform.io/hashicorp/aws\"]",
      "instances": [
        {
          "schema_version": 0,
          "attributes": {
            "description": "Asia Pacific (Singapore)",
            "endpoint": "ec2.ap-southeast-1.amazonaws.com",
            "id": "ap-southeast-1",
            "name": "ap-southeast-1"
          },
          "sensitive_attributes": []
        }
      ]
    },
    {
      "module": "module.kubernetes_addons",
      "mode": "managed",
      "type": "time_sleep",
      "name": "dataplane",
      "provider": "provider[\"registry.terraform.io/hashicorp/time\"]",
      "instances": [
        {
          "schema_version": 0,
          "attributes": {
            "create_duration": "10s",
            "destroy_duration": null,
            "id": "2023-01-10T08:52:13Z",
            "triggers": {
              "data_plane_wait_arn": "",
              "eks_cluster_id": "eks-blueprints-no-cilium"
            }
          },
          "sensitive_attributes": [],
          "dependencies": [
            "module.eks_blueprints.data.aws_iam_policy_document.eks_key",
            "module.eks_blueprints.module.aws_eks.aws_cloudwatch_log_group.this",
            "module.eks_blueprints.module.aws_eks.aws_eks_cluster.this",
            "module.eks_blueprints.module.aws_eks.aws_iam_role.this",
            "module.eks_blueprints.module.aws_eks.aws_iam_role_policy_attachment.this",
            "module.eks_blueprints.module.aws_eks.aws_security_group.cluster",
            "module.eks_blueprints.module.aws_eks.aws_security_group.node",
            "module.eks_blueprints.module.aws_eks.aws_security_group_rule.cluster",
            "module.eks_blueprints.module.aws_eks.aws_security_group_rule.node",
            "module.eks_blueprints.module.aws_eks.data.aws_iam_policy_document.assume_role_policy",
            "module.eks_blueprints.module.aws_eks.data.aws_partition.current",
            "module.eks_blueprints.module.aws_eks.module.kms.aws_kms_external_key.this",
            "module.eks_blueprints.module.aws_eks.module.kms.aws_kms_key.this",
            "module.eks_blueprints.module.kms.aws_kms_key.this"
          ]
        }
      ]
    },
    {
      "module": "module.kubernetes_addons.module.argocd[0]",
      "mode": "managed",
      "type": "helm_release",
      "name": "argocd_application",
      "provider": "provider[\"registry.terraform.io/hashicorp/helm\"]",
      "instances": [
        {
          "index_key": "addons",
          "schema_version": 0,
          "attributes": {
            "atomic": false,
            "chart": ".terraform/modules/kubernetes_addons/modules/kubernetes-addons/argocd/argocd-application/helm",
            "cleanup_on_fail": false,
            "create_namespace": false,
            "dependency_update": false,
            "description": null,
            "devel": null,
            "disable_crd_hooks": false,
            "disable_openapi_validation": false,
            "disable_webhooks": false,
            "force_update": false,
            "id": "addons",
            "keyring": null,
            "lint": false,
            "manifest": null,
            "max_history": 0,
            "metadata": [
              {
                "app_version": "0.1.0",
                "chart": "argo-application",
                "name": "addons",
                "namespace": "argocd",
                "revision": 1,
                "values": "{\"destination\":{\"server\":\"https://kubernetes.default.svc\"},\"ignoreDifferences\":[],\"name\":\"addons\",\"project\":\"default\",\"source\":{\"helm\":{\"releaseName\":\"addons\",\"values\":\"\\\"account\\\": \\\"535479350247\\\"\\n\\\"awsForFluentBit\\\":\\n  \\\"enable\\\": \\\"true\\\"\\n  \\\"logGroupName\\\": \\\"/eks-blueprints-no-cilium/worker-fluentbit-logs\\\"\\n  \\\"serviceAccountName\\\": \\\"aws-for-fluent-bit-sa\\\"\\n\\\"awsLoadBalancerController\\\":\\n  \\\"enable\\\": \\\"true\\\"\\n  \\\"serviceAccountName\\\": \\\"aws-load-balancer-controller-sa\\\"\\n\\\"clusterName\\\": \\\"eks-blueprints-no-cilium\\\"\\n\\\"karpenter\\\":\\n  \\\"awsDefaultInstanceProfile\\\": \\\"\\\"\\n  \\\"controllerClusterEndpoint\\\": \\\"https://AC1F65F971A7276CF0573C9D0E78D565.gr7.ap-southeast-1.eks.amazonaws.com\\\"\\n  \\\"enable\\\": \\\"true\\\"\\n  \\\"serviceAccountName\\\": \\\"karpenter\\\"\\n\\\"metricsServer\\\":\\n  \\\"enable\\\": \\\"true\\\"\\n\\\"prometheus\\\":\\n  \\\"ampWorkspaceUrl\\\": \\\"\\\"\\n  \\\"enable\\\": \\\"true\\\"\\n  \\\"roleArn\\\": \\\"arn:aws:iam::535479350247:role/eks-blueprints-no-cilium-amp-ingest-irsa\\\"\\n  \\\"serviceAccountName\\\": \\\"amp-ingest\\\"\\n\\\"region\\\": \\\"ap-southeast-1\\\"\\n\\\"repoUrl\\\": \\\"https://github.com/badal-deep-shared/eks-blueprints-add-ons-v2.git\\\"\\n\"},\"path\":\"chart\",\"repoUrl\":\"https://github.com/badal-deep-shared/eks-blueprints-add-ons-v2.git\",\"targetRevision\":\"HEAD\"}}",
                "version": "0.1.0"
              }
            ],
            "name": "addons",
            "namespace": "argocd",
            "pass_credentials": false,
            "postrender": [],
            "recreate_pods": false,
            "render_subchart_notes": true,
            "replace": false,
            "repository": null,
            "repository_ca_file": null,
            "repository_cert_file": null,
            "repository_key_file": null,
            "repository_password": null,
            "repository_username": null,
            "reset_values": false,
            "reuse_values": false,
            "set": [
              {
                "name": "destination.server",
                "type": "string",
                "value": "https://kubernetes.default.svc"
              },
              {
                "name": "name",
                "type": "string",
                "value": "addons"
              },
              {
                "name": "project",
                "type": "string",
                "value": "default"
              },
              {
                "name": "source.helm.releaseName",
                "type": "string",
                "value": "addons"
              },
              {
                "name": "source.helm.values",
                "type": "auto",
                "value": "\"account\": \"535479350247\"\n\"awsForFluentBit\":\n  \"enable\": \"true\"\n  \"logGroupName\": \"/eks-blueprints-no-cilium/worker-fluentbit-logs\"\n  \"serviceAccountName\": \"aws-for-fluent-bit-sa\"\n\"awsLoadBalancerController\":\n  \"enable\": \"true\"\n  \"serviceAccountName\": \"aws-load-balancer-controller-sa\"\n\"clusterName\": \"eks-blueprints-no-cilium\"\n\"karpenter\":\n  \"awsDefaultInstanceProfile\": \"\"\n  \"controllerClusterEndpoint\": \"https://AC1F65F971A7276CF0573C9D0E78D565.gr7.ap-southeast-1.eks.amazonaws.com\"\n  \"enable\": \"true\"\n  \"serviceAccountName\": \"karpenter\"\n\"metricsServer\":\n  \"enable\": \"true\"\n\"prometheus\":\n  \"ampWorkspaceUrl\": \"\"\n  \"enable\": \"true\"\n  \"roleArn\": \"arn:aws:iam::535479350247:role/eks-blueprints-no-cilium-amp-ingest-irsa\"\n  \"serviceAccountName\": \"amp-ingest\"\n\"region\": \"ap-southeast-1\"\n\"repoUrl\": \"https://github.com/badal-deep-shared/eks-blueprints-add-ons-v2.git\"\n"
              },
              {
                "name": "source.path",
                "type": "string",
                "value": "chart"
              },
              {
                "name": "source.repoUrl",
                "type": "string",
                "value": "https://github.com/badal-deep-shared/eks-blueprints-add-ons-v2.git"
              },
              {
                "name": "source.targetRevision",
                "type": "string",
                "value": "HEAD"
              }
            ],
            "set_sensitive": [],
            "skip_crds": false,
            "status": "deployed",
            "timeout": 300,
            "values": [
              "\"ignoreDifferences\": []\n"
            ],
            "verify": false,
            "version": "0.1.0",
            "wait": true,
            "wait_for_jobs": false
          },
          "sensitive_attributes": [],
          "private": "bnVsbA==",
          "dependencies": [
            "data.aws_eks_cluster_auth.this",
            "module.eks_blueprints.data.aws_iam_policy_document.eks_key",
            "module.eks_blueprints.module.aws_eks.aws_cloudwatch_log_group.this",
            "module.eks_blueprints.module.aws_eks.aws_eks_cluster.this",
            "module.eks_blueprints.module.aws_eks.aws_iam_role.this",
            "module.eks_blueprints.module.aws_eks.aws_iam_role_policy_attachment.this",
            "module.eks_blueprints.module.aws_eks.aws_security_group.cluster",
            "module.eks_blueprints.module.aws_eks.aws_security_group.node",
            "module.eks_blueprints.module.aws_eks.aws_security_group_rule.cluster",
            "module.eks_blueprints.module.aws_eks.aws_security_group_rule.node",
            "module.eks_blueprints.module.aws_eks.data.aws_iam_policy_document.assume_role_policy",
            "module.eks_blueprints.module.aws_eks.data.aws_partition.current",
            "module.eks_blueprints.module.aws_eks.module.kms.aws_kms_external_key.this",
            "module.eks_blueprints.module.aws_eks.module.kms.aws_kms_key.this",
            "module.eks_blueprints.module.kms.aws_kms_key.this",
            "module.kubernetes_addons.data.aws_caller_identity.current",
            "module.kubernetes_addons.data.aws_eks_cluster.eks_cluster",
            "module.kubernetes_addons.data.aws_partition.current",
            "module.kubernetes_addons.data.aws_region.current",
            "module.kubernetes_addons.module.argocd.kubernetes_namespace_v1.this",
            "module.kubernetes_addons.module.argocd.module.helm_addon.helm_release.addon",
            "module.kubernetes_addons.module.argocd.module.helm_addon.module.irsa.aws_iam_role.irsa",
            "module.kubernetes_addons.module.argocd.module.helm_addon.module.irsa.aws_iam_role_policy_attachment.irsa",
            "module.kubernetes_addons.module.argocd.module.helm_addon.module.irsa.kubernetes_namespace_v1.irsa",
            "module.kubernetes_addons.module.argocd.module.helm_addon.module.irsa.kubernetes_service_account_v1.irsa",
            "module.kubernetes_addons.module.ondat.kubernetes_secret.etcd",
            "module.kubernetes_addons.module.prometheus.aws_iam_policy.ingest",
            "module.kubernetes_addons.module.prometheus.data.aws_iam_policy_document.ingest",
            "module.kubernetes_addons.module.prometheus.kubernetes_namespace_v1.prometheus",
            "module.kubernetes_addons.module.prometheus.module.irsa_amp_ingest.aws_iam_role.irsa",
            "module.kubernetes_addons.time_sleep.dataplane"
          ]
        },
        {
          "index_key": "workloads",
          "schema_version": 0,
          "attributes": {
            "atomic": false,
            "chart": ".terraform/modules/kubernetes_addons/modules/kubernetes-addons/argocd/argocd-application/helm",
            "cleanup_on_fail": false,
            "create_namespace": false,
            "dependency_update": false,
            "description": null,
            "devel": null,
            "disable_crd_hooks": false,
            "disable_openapi_validation": false,
            "disable_webhooks": false,
            "force_update": false,
            "id": "workloads",
            "keyring": null,
            "lint": false,
            "manifest": null,
            "max_history": 0,
            "metadata": [
              {
                "app_version": "0.1.0",
                "chart": "argo-application",
                "name": "workloads",
                "namespace": "argocd",
                "revision": 1,
                "values": "{\"destination\":{\"server\":\"https://kubernetes.default.svc\"},\"ignoreDifferences\":[],\"name\":\"workloads\",\"project\":\"default\",\"source\":{\"helm\":{\"releaseName\":\"workloads\",\"values\":\"\\\"account\\\": \\\"535479350247\\\"\\n\\\"clusterName\\\": \\\"eks-blueprints-no-cilium\\\"\\n\\\"region\\\": \\\"ap-southeast-1\\\"\\n\\\"repoUrl\\\": \\\"https://github.com/badal-deep-shared/eks-blueprints-workloads.git\\\"\\n\"},\"path\":\"charts\",\"repoUrl\":\"https://github.com/badal-deep-shared/eks-blueprints-workloads.git\",\"targetRevision\":\"HEAD\"}}",
                "version": "0.1.0"
              }
            ],
            "name": "workloads",
            "namespace": "argocd",
            "pass_credentials": false,
            "postrender": [],
            "recreate_pods": false,
            "render_subchart_notes": true,
            "replace": false,
            "repository": null,
            "repository_ca_file": null,
            "repository_cert_file": null,
            "repository_key_file": null,
            "repository_password": null,
            "repository_username": null,
            "reset_values": false,
            "reuse_values": false,
            "set": [
              {
                "name": "destination.server",
                "type": "string",
                "value": "https://kubernetes.default.svc"
              },
              {
                "name": "name",
                "type": "string",
                "value": "workloads"
              },
              {
                "name": "project",
                "type": "string",
                "value": "default"
              },
              {
                "name": "source.helm.releaseName",
                "type": "string",
                "value": "workloads"
              },
              {
                "name": "source.helm.values",
                "type": "auto",
                "value": "\"account\": \"535479350247\"\n\"clusterName\": \"eks-blueprints-no-cilium\"\n\"region\": \"ap-southeast-1\"\n\"repoUrl\": \"https://github.com/badal-deep-shared/eks-blueprints-workloads.git\"\n"
              },
              {
                "name": "source.path",
                "type": "string",
                "value": "charts"
              },
              {
                "name": "source.repoUrl",
                "type": "string",
                "value": "https://github.com/badal-deep-shared/eks-blueprints-workloads.git"
              },
              {
                "name": "source.targetRevision",
                "type": "string",
                "value": "HEAD"
              }
            ],
            "set_sensitive": [],
            "skip_crds": false,
            "status": "deployed",
            "timeout": 300,
            "values": [
              "\"ignoreDifferences\": []\n"
            ],
            "verify": false,
            "version": "0.1.0",
            "wait": true,
            "wait_for_jobs": false
          },
          "sensitive_attributes": [],
          "private": "bnVsbA==",
          "dependencies": [
            "data.aws_eks_cluster_auth.this",
            "module.eks_blueprints.data.aws_iam_policy_document.eks_key",
            "module.eks_blueprints.module.aws_eks.aws_cloudwatch_log_group.this",
            "module.eks_blueprints.module.aws_eks.aws_eks_cluster.this",
            "module.eks_blueprints.module.aws_eks.aws_iam_role.this",
            "module.eks_blueprints.module.aws_eks.aws_iam_role_policy_attachment.this",
            "module.eks_blueprints.module.aws_eks.aws_security_group.cluster",
            "module.eks_blueprints.module.aws_eks.aws_security_group.node",
            "module.eks_blueprints.module.aws_eks.aws_security_group_rule.cluster",
            "module.eks_blueprints.module.aws_eks.aws_security_group_rule.node",
            "module.eks_blueprints.module.aws_eks.data.aws_iam_policy_document.assume_role_policy",
            "module.eks_blueprints.module.aws_eks.data.aws_partition.current",
            "module.eks_blueprints.module.aws_eks.module.kms.aws_kms_external_key.this",
            "module.eks_blueprints.module.aws_eks.module.kms.aws_kms_key.this",
            "module.eks_blueprints.module.kms.aws_kms_key.this",
            "module.kubernetes_addons.data.aws_caller_identity.current",
            "module.kubernetes_addons.data.aws_eks_cluster.eks_cluster",
            "module.kubernetes_addons.data.aws_partition.current",
            "module.kubernetes_addons.data.aws_region.current",
            "module.kubernetes_addons.module.argocd.kubernetes_namespace_v1.this",
            "module.kubernetes_addons.module.argocd.module.helm_addon.helm_release.addon",
            "module.kubernetes_addons.module.argocd.module.helm_addon.module.irsa.aws_iam_role.irsa",
            "module.kubernetes_addons.module.argocd.module.helm_addon.module.irsa.aws_iam_role_policy_attachment.irsa",
            "module.kubernetes_addons.module.argocd.module.helm_addon.module.irsa.kubernetes_namespace_v1.irsa",
            "module.kubernetes_addons.module.argocd.module.helm_addon.module.irsa.kubernetes_service_account_v1.irsa",
            "module.kubernetes_addons.module.ondat.kubernetes_secret.etcd",
            "module.kubernetes_addons.module.prometheus.aws_iam_policy.ingest",
            "module.kubernetes_addons.module.prometheus.data.aws_iam_policy_document.ingest",
            "module.kubernetes_addons.module.prometheus.kubernetes_namespace_v1.prometheus",
            "module.kubernetes_addons.module.prometheus.module.irsa_amp_ingest.aws_iam_role.irsa",
            "module.kubernetes_addons.time_sleep.dataplane"
          ]
        }
      ]
    },
    {
      "module": "module.kubernetes_addons.module.argocd[0]",
      "mode": "managed",
      "type": "kubernetes_namespace_v1",
      "name": "this",
      "provider": "provider[\"registry.terraform.io/hashicorp/kubernetes\"]",
      "instances": [
        {
          "index_key": 0,
          "schema_version": 0,
          "attributes": {
            "id": "argocd",
            "metadata": [
              {
                "annotations": null,
                "generate_name": "",
                "generation": 0,
                "labels": null,
                "name": "argocd",
                "resource_version": "1935",
                "uid": "a12baa3f-5023-404d-8f94-c3cad5266c59"
              }
            ],
            "timeouts": null
          },
          "sensitive_attributes": [],
          "private": "eyJlMmJmYjczMC1lY2FhLTExZTYtOGY4OC0zNDM2M2JjN2M0YzAiOnsiZGVsZXRlIjozMDAwMDAwMDAwMDB9fQ==",
          "dependencies": [
            "data.aws_eks_cluster_auth.this",
            "module.eks_blueprints.data.aws_iam_policy_document.eks_key",
            "module.eks_blueprints.module.aws_eks.aws_cloudwatch_log_group.this",
            "module.eks_blueprints.module.aws_eks.aws_eks_cluster.this",
            "module.eks_blueprints.module.aws_eks.aws_iam_role.this",
            "module.eks_blueprints.module.aws_eks.aws_iam_role_policy_attachment.this",
            "module.eks_blueprints.module.aws_eks.aws_security_group.cluster",
            "module.eks_blueprints.module.aws_eks.aws_security_group.node",
            "module.eks_blueprints.module.aws_eks.aws_security_group_rule.cluster",
            "module.eks_blueprints.module.aws_eks.aws_security_group_rule.node",
            "module.eks_blueprints.module.aws_eks.data.aws_iam_policy_document.assume_role_policy",
            "module.eks_blueprints.module.aws_eks.data.aws_partition.current",
            "module.eks_blueprints.module.aws_eks.module.kms.aws_kms_external_key.this",
            "module.eks_blueprints.module.aws_eks.module.kms.aws_kms_key.this",
            "module.eks_blueprints.module.kms.aws_kms_key.this"
          ]
        }
      ]
    },
    {
      "module": "module.kubernetes_addons.module.argocd[0].module.helm_addon",
      "mode": "managed",
      "type": "helm_release",
      "name": "addon",
      "provider": "provider[\"registry.terraform.io/hashicorp/helm\"]",
      "instances": [
        {
          "index_key": 0,
          "schema_version": 0,
          "attributes": {
            "atomic": false,
            "chart": "argo-cd",
            "cleanup_on_fail": false,
            "create_namespace": true,
            "dependency_update": false,
            "description": "The ArgoCD Helm Chart deployment configuration",
            "devel": null,
            "disable_crd_hooks": false,
            "disable_openapi_validation": false,
            "disable_webhooks": false,
            "force_update": false,
            "id": "argo-cd",
            "keyring": "",
            "lint": false,
            "manifest": null,
            "max_history": 0,
            "metadata": [
              {
                "app_version": "v2.5.2",
                "chart": "argo-cd",
                "name": "argo-cd",
                "namespace": "argocd",
                "revision": 1,
                "values": "{\"configs\":{\"cm\":{\"application.resourceTrackingMethod\":\"annotation+label\"}},\"controller\":{\"enableStatefulSet\":true},\"redis-ha\":{\"enabled\":true},\"repoServer\":{\"autoscaling\":{\"enabled\":true,\"minReplicas\":2}},\"server\":{\"autoscaling\":{\"enabled\":true,\"minReplicas\":2},\"service\":{\"type\":\"LoadBalancer\"}}}",
                "version": "5.13.8"
              }
            ],
            "name": "argo-cd",
            "namespace": "argocd",
            "pass_credentials": false,
            "postrender": [
              {
                "args": null,
                "binary_path": ""
              }
            ],
            "recreate_pods": false,
            "render_subchart_notes": true,
            "replace": false,
            "repository": "https://argoproj.github.io/argo-helm",
            "repository_ca_file": null,
            "repository_cert_file": "",
            "repository_key_file": "",
            "repository_password": "",
            "repository_username": "",
            "reset_values": false,
            "reuse_values": false,
            "set": [
              {
                "name": "server.service.type",
                "type": "",
                "value": "LoadBalancer"
              }
            ],
            "set_sensitive": [],
            "skip_crds": false,
            "status": "deployed",
            "timeout": 1200,
            "values": [
              "redis-ha:\n  enabled: true\n\ncontroller:\n  enableStatefulSet: true\n\nserver:\n  autoscaling:\n    enabled: true\n    minReplicas: 2\n\nrepoServer:\n  autoscaling:\n    enabled: true\n    minReplicas: 2\n\nconfigs:\n  cm:\n    #use annotation for tracking but keep labels for compatibility with other tools\n    application.resourceTrackingMethod: annotation+label\n"
            ],
            "verify": false,
            "version": "5.13.8",
            "wait": false,
            "wait_for_jobs": false
          },
          "sensitive_attributes": [],
          "private": "bnVsbA==",
          "dependencies": [
            "data.aws_eks_cluster_auth.this",
            "module.eks_blueprints.data.aws_iam_policy_document.eks_key",
            "module.eks_blueprints.module.aws_eks.aws_cloudwatch_log_group.this",
            "module.eks_blueprints.module.aws_eks.aws_eks_cluster.this",
            "module.eks_blueprints.module.aws_eks.aws_iam_role.this",
            "module.eks_blueprints.module.aws_eks.aws_iam_role_policy_attachment.this",
            "module.eks_blueprints.module.aws_eks.aws_security_group.cluster",
            "module.eks_blueprints.module.aws_eks.aws_security_group.node",
            "module.eks_blueprints.module.aws_eks.aws_security_group_rule.cluster",
            "module.eks_blueprints.module.aws_eks.aws_security_group_rule.node",
            "module.eks_blueprints.module.aws_eks.data.aws_iam_policy_document.assume_role_policy",
            "module.eks_blueprints.module.aws_eks.data.aws_partition.current",
            "module.eks_blueprints.module.aws_eks.module.kms.aws_kms_external_key.this",
            "module.eks_blueprints.module.aws_eks.module.kms.aws_kms_key.this",
            "module.eks_blueprints.module.kms.aws_kms_key.this",
            "module.kubernetes_addons.data.aws_caller_identity.current",
            "module.kubernetes_addons.data.aws_eks_cluster.eks_cluster",
            "module.kubernetes_addons.data.aws_partition.current",
            "module.kubernetes_addons.data.aws_region.current",
            "module.kubernetes_addons.module.argocd.kubernetes_namespace_v1.this",
            "module.kubernetes_addons.module.argocd.module.helm_addon.module.irsa.aws_iam_role.irsa",
            "module.kubernetes_addons.module.argocd.module.helm_addon.module.irsa.aws_iam_role_policy_attachment.irsa",
            "module.kubernetes_addons.module.argocd.module.helm_addon.module.irsa.kubernetes_namespace_v1.irsa",
            "module.kubernetes_addons.module.argocd.module.helm_addon.module.irsa.kubernetes_service_account_v1.irsa",
            "module.kubernetes_addons.time_sleep.dataplane"
          ]
        }
      ]
    },
    {
      "module": "module.kubernetes_addons.module.aws_ebs_csi_driver[0]",
      "mode": "data",
      "type": "aws_eks_addon_version",
      "name": "this",
      "provider": "provider[\"registry.terraform.io/hashicorp/aws\"]",
      "instances": [
        {
          "schema_version": 0,
          "attributes": {
            "addon_name": "aws-ebs-csi-driver",
            "id": "aws-ebs-csi-driver",
            "kubernetes_version": "1.24",
            "most_recent": false,
            "version": "v1.14.0-eksbuild.1"
          },
          "sensitive_attributes": []
        }
      ]
    },
    {
      "module": "module.kubernetes_addons.module.aws_ebs_csi_driver[0]",
      "mode": "data",
      "type": "aws_iam_policy_document",
      "name": "aws_ebs_csi_driver",
      "provider": "provider[\"registry.terraform.io/hashicorp/aws\"]",
      "instances": [
        {
          "index_key": 0,
          "schema_version": 0,
          "attributes": {
            "id": "1888929143",
            "json": "{\n  \"Version\": \"2012-10-17\",\n  \"Statement\": [\n    {\n      \"Sid\": \"\",\n      \"Effect\": \"Allow\",\n      \"Action\": [\n        \"ec2:ModifyVolume\",\n        \"ec2:DetachVolume\",\n        \"ec2:DescribeVolumesModifications\",\n        \"ec2:DescribeVolumes\",\n        \"ec2:DescribeTags\",\n        \"ec2:DescribeSnapshots\",\n        \"ec2:DescribeInstances\",\n        \"ec2:DescribeAvailabilityZones\",\n        \"ec2:CreateSnapshot\",\n        \"ec2:AttachVolume\"\n      ],\n      \"Resource\": \"*\"\n    },\n    {\n      \"Sid\": \"\",\n      \"Effect\": \"Allow\",\n      \"Action\": \"ec2:CreateTags\",\n      \"Resource\": [\n        \"arn:aws:ec2:*:*:volume/*\",\n        \"arn:aws:ec2:*:*:snapshot/*\"\n      ],\n      \"Condition\": {\n        \"StringEquals\": {\n          \"ec2:CreateAction\": [\n            \"CreateVolume\",\n            \"CreateSnapshot\"\n          ]\n        }\n      }\n    },\n    {\n      \"Sid\": \"\",\n      \"Effect\": \"Allow\",\n      \"Action\": \"ec2:DeleteTags\",\n      \"Resource\": [\n        \"arn:aws:ec2:*:*:volume/*\",\n        \"arn:aws:ec2:*:*:snapshot/*\"\n      ]\n    },\n    {\n      \"Sid\": \"\",\n      \"Effect\": \"Allow\",\n      \"Action\": \"ec2:CreateVolume\",\n      \"Resource\": \"*\",\n      \"Condition\": {\n        \"StringLike\": {\n          \"aws:RequestTag/ebs.csi.aws.com/cluster\": \"true\"\n        }\n      }\n    },\n    {\n      \"Sid\": \"\",\n      \"Effect\": \"Allow\",\n      \"Action\": \"ec2:CreateVolume\",\n      \"Resource\": \"*\",\n      \"Condition\": {\n        \"StringLike\": {\n          \"aws:RequestTag/CSIVolumeName\": \"*\"\n        }\n      }\n    },\n    {\n      \"Sid\": \"\",\n      \"Effect\": \"Allow\",\n      \"Action\": \"ec2:CreateVolume\",\n      \"Resource\": \"*\",\n      \"Condition\": {\n        \"StringLike\": {\n          \"aws:RequestTag/kubernetes.io/cluster/*\": \"owned\"\n        }\n      }\n    },\n    {\n      \"Sid\": \"\",\n      \"Effect\": \"Allow\",\n      \"Action\": \"ec2:DeleteVolume\",\n      \"Resource\": \"*\",\n      \"Condition\": {\n        \"StringLike\": {\n          \"ec2:ResourceTag/ebs.csi.aws.com/cluster\": \"true\"\n        }\n      }\n    },\n    {\n      \"Sid\": \"\",\n      \"Effect\": \"Allow\",\n      \"Action\": \"ec2:DeleteVolume\",\n      \"Resource\": \"*\",\n      \"Condition\": {\n        \"StringLike\": {\n          \"ec2:ResourceTag/CSIVolumeName\": \"*\"\n        }\n      }\n    },\n    {\n      \"Sid\": \"\",\n      \"Effect\": \"Allow\",\n      \"Action\": \"ec2:DeleteVolume\",\n      \"Resource\": \"*\",\n      \"Condition\": {\n        \"StringLike\": {\n          \"ec2:ResourceTag/kubernetes.io/cluster/*\": \"owned\"\n        }\n      }\n    },\n    {\n      \"Sid\": \"\",\n      \"Effect\": \"Allow\",\n      \"Action\": \"ec2:DeleteSnapshot\",\n      \"Resource\": \"*\",\n      \"Condition\": {\n        \"StringLike\": {\n          \"ec2:ResourceTag/CSIVolumeSnapshotName\": \"*\"\n        }\n      }\n    },\n    {\n      \"Sid\": \"\",\n      \"Effect\": \"Allow\",\n      \"Action\": \"ec2:DeleteSnapshot\",\n      \"Resource\": \"*\",\n      \"Condition\": {\n        \"StringLike\": {\n          \"ec2:ResourceTag/ebs.csi.aws.com/cluster\": \"true\"\n        }\n      }\n    }\n  ]\n}",
            "override_json": null,
            "override_policy_documents": null,
            "policy_id": null,
            "source_json": null,
            "source_policy_documents": null,
            "statement": [
              {
                "actions": [
                  "ec2:AttachVolume",
                  "ec2:CreateSnapshot",
                  "ec2:DescribeAvailabilityZones",
                  "ec2:DescribeInstances",
                  "ec2:DescribeSnapshots",
                  "ec2:DescribeTags",
                  "ec2:DescribeVolumes",
                  "ec2:DescribeVolumesModifications",
                  "ec2:DetachVolume",
                  "ec2:ModifyVolume"
                ],
                "condition": [],
                "effect": "Allow",
                "not_actions": [],
                "not_principals": [],
                "not_resources": [],
                "principals": [],
                "resources": [
                  "*"
                ],
                "sid": ""
              },
              {
                "actions": [
                  "ec2:CreateTags"
                ],
                "condition": [
                  {
                    "test": "StringEquals",
                    "values": [
                      "CreateVolume",
                      "CreateSnapshot"
                    ],
                    "variable": "ec2:CreateAction"
                  }
                ],
                "effect": "Allow",
                "not_actions": [],
                "not_principals": [],
                "not_resources": [],
                "principals": [],
                "resources": [
                  "arn:aws:ec2:*:*:snapshot/*",
                  "arn:aws:ec2:*:*:volume/*"
                ],
                "sid": ""
              },
              {
                "actions": [
                  "ec2:DeleteTags"
                ],
                "condition": [],
                "effect": "Allow",
                "not_actions": [],
                "not_principals": [],
                "not_resources": [],
                "principals": [],
                "resources": [
                  "arn:aws:ec2:*:*:snapshot/*",
                  "arn:aws:ec2:*:*:volume/*"
                ],
                "sid": ""
              },
              {
                "actions": [
                  "ec2:CreateVolume"
                ],
                "condition": [
                  {
                    "test": "StringLike",
                    "values": [
                      "true"
                    ],
                    "variable": "aws:RequestTag/ebs.csi.aws.com/cluster"
                  }
                ],
                "effect": "Allow",
                "not_actions": [],
                "not_principals": [],
                "not_resources": [],
                "principals": [],
                "resources": [
                  "*"
                ],
                "sid": ""
              },
              {
                "actions": [
                  "ec2:CreateVolume"
                ],
                "condition": [
                  {
                    "test": "StringLike",
                    "values": [
                      "*"
                    ],
                    "variable": "aws:RequestTag/CSIVolumeName"
                  }
                ],
                "effect": "Allow",
                "not_actions": [],
                "not_principals": [],
                "not_resources": [],
                "principals": [],
                "resources": [
                  "*"
                ],
                "sid": ""
              },
              {
                "actions": [
                  "ec2:CreateVolume"
                ],
                "condition": [
                  {
                    "test": "StringLike",
                    "values": [
                      "owned"
                    ],
                    "variable": "aws:RequestTag/kubernetes.io/cluster/*"
                  }
                ],
                "effect": "Allow",
                "not_actions": [],
                "not_principals": [],
                "not_resources": [],
                "principals": [],
                "resources": [
                  "*"
                ],
                "sid": ""
              },
              {
                "actions": [
                  "ec2:DeleteVolume"
                ],
                "condition": [
                  {
                    "test": "StringLike",
                    "values": [
                      "true"
                    ],
                    "variable": "ec2:ResourceTag/ebs.csi.aws.com/cluster"
                  }
                ],
                "effect": "Allow",
                "not_actions": [],
                "not_principals": [],
                "not_resources": [],
                "principals": [],
                "resources": [
                  "*"
                ],
                "sid": ""
              },
              {
                "actions": [
                  "ec2:DeleteVolume"
                ],
                "condition": [
                  {
                    "test": "StringLike",
                    "values": [
                      "*"
                    ],
                    "variable": "ec2:ResourceTag/CSIVolumeName"
                  }
                ],
                "effect": "Allow",
                "not_actions": [],
                "not_principals": [],
                "not_resources": [],
                "principals": [],
                "resources": [
                  "*"
                ],
                "sid": ""
              },
              {
                "actions": [
                  "ec2:DeleteVolume"
                ],
                "condition": [
                  {
                    "test": "StringLike",
                    "values": [
                      "owned"
                    ],
                    "variable": "ec2:ResourceTag/kubernetes.io/cluster/*"
                  }
                ],
                "effect": "Allow",
                "not_actions": [],
                "not_principals": [],
                "not_resources": [],
                "principals": [],
                "resources": [
                  "*"
                ],
                "sid": ""
              },
              {
                "actions": [
                  "ec2:DeleteSnapshot"
                ],
                "condition": [
                  {
                    "test": "StringLike",
                    "values": [
                      "*"
                    ],
                    "variable": "ec2:ResourceTag/CSIVolumeSnapshotName"
                  }
                ],
                "effect": "Allow",
                "not_actions": [],
                "not_principals": [],
                "not_resources": [],
                "principals": [],
                "resources": [
                  "*"
                ],
                "sid": ""
              },
              {
                "actions": [
                  "ec2:DeleteSnapshot"
                ],
                "condition": [
                  {
                    "test": "StringLike",
                    "values": [
                      "true"
                    ],
                    "variable": "ec2:ResourceTag/ebs.csi.aws.com/cluster"
                  }
                ],
                "effect": "Allow",
                "not_actions": [],
                "not_principals": [],
                "not_resources": [],
                "principals": [],
                "resources": [
                  "*"
                ],
                "sid": ""
              }
            ],
            "version": "2012-10-17"
          },
          "sensitive_attributes": []
        }
      ]
    },
    {
      "module": "module.kubernetes_addons.module.aws_ebs_csi_driver[0]",
      "mode": "managed",
      "type": "aws_eks_addon",
      "name": "aws_ebs_csi_driver",
      "provider": "provider[\"registry.terraform.io/hashicorp/aws\"]",
      "instances": [
        {
          "index_key": 0,
          "schema_version": 0,
          "attributes": {
            "addon_name": "aws-ebs-csi-driver",
            "addon_version": "v1.14.0-eksbuild.1",
            "arn": "arn:aws:eks:ap-southeast-1:535479350247:addon/eks-blueprints-no-cilium/aws-ebs-csi-driver/ecc2cd70-b62b-7add-5aaf-0554f79b44a7",
            "cluster_name": "eks-blueprints-no-cilium",
            "configuration_values": "",
            "created_at": "2023-01-10T08:52:23Z",
            "id": "eks-blueprints-no-cilium:aws-ebs-csi-driver",
            "modified_at": "2023-01-10T08:53:01Z",
            "preserve": true,
            "resolve_conflicts": "OVERWRITE",
            "service_account_role_arn": "arn:aws:iam::535479350247:role/eks-blueprints-no-cilium-ebs-csi-controller-sa-irsa",
            "tags": null,
            "tags_all": {},
            "timeouts": null
          },
          "sensitive_attributes": [],
          "private": "eyJlMmJmYjczMC1lY2FhLTExZTYtOGY4OC0zNDM2M2JjN2M0YzAiOnsiY3JlYXRlIjoxMjAwMDAwMDAwMDAwLCJkZWxldGUiOjI0MDAwMDAwMDAwMDAsInVwZGF0ZSI6MTIwMDAwMDAwMDAwMH19",
          "dependencies": [
            "module.eks_blueprints.data.aws_iam_policy_document.eks_key",
            "module.eks_blueprints.module.aws_eks.aws_cloudwatch_log_group.this",
            "module.eks_blueprints.module.aws_eks.aws_eks_cluster.this",
            "module.eks_blueprints.module.aws_eks.aws_iam_role.this",
            "module.eks_blueprints.module.aws_eks.aws_iam_role_policy_attachment.this",
            "module.eks_blueprints.module.aws_eks.aws_security_group.cluster",
            "module.eks_blueprints.module.aws_eks.aws_security_group.node",
            "module.eks_blueprints.module.aws_eks.aws_security_group_rule.cluster",
            "module.eks_blueprints.module.aws_eks.aws_security_group_rule.node",
            "module.eks_blueprints.module.aws_eks.data.aws_iam_policy_document.assume_role_policy",
            "module.eks_blueprints.module.aws_eks.data.aws_partition.current",
            "module.eks_blueprints.module.aws_eks.module.kms.aws_kms_external_key.this",
            "module.eks_blueprints.module.aws_eks.module.kms.aws_kms_key.this",
            "module.eks_blueprints.module.kms.aws_kms_key.this",
            "module.kubernetes_addons.data.aws_caller_identity.current",
            "module.kubernetes_addons.data.aws_eks_cluster.eks_cluster",
            "module.kubernetes_addons.data.aws_partition.current",
            "module.kubernetes_addons.data.aws_region.current",
            "module.kubernetes_addons.module.aws_ebs_csi_driver.aws_iam_policy.aws_ebs_csi_driver",
            "module.kubernetes_addons.module.aws_ebs_csi_driver.data.aws_eks_addon_version.this",
            "module.kubernetes_addons.module.aws_ebs_csi_driver.data.aws_iam_policy_document.aws_ebs_csi_driver",
            "module.kubernetes_addons.module.aws_ebs_csi_driver.module.irsa_addon.aws_iam_role.irsa",
            "module.kubernetes_addons.time_sleep.dataplane"
          ]
        }
      ]
    },
    {
      "module": "module.kubernetes_addons.module.aws_ebs_csi_driver[0]",
      "mode": "managed",
      "type": "aws_iam_policy",
      "name": "aws_ebs_csi_driver",
      "provider": "provider[\"registry.terraform.io/hashicorp/aws\"]",
      "instances": [
        {
          "index_key": 0,
          "schema_version": 0,
          "attributes": {
            "arn": "arn:aws:iam::535479350247:policy/eks-blueprints-no-cilium-aws-ebs-csi-driver-irsa",
            "description": "IAM Policy for AWS EBS CSI Driver",
            "id": "arn:aws:iam::535479350247:policy/eks-blueprints-no-cilium-aws-ebs-csi-driver-irsa",
            "name": "eks-blueprints-no-cilium-aws-ebs-csi-driver-irsa",
            "name_prefix": null,
            "path": "/",
            "policy": "{\"Statement\":[{\"Action\":[\"ec2:ModifyVolume\",\"ec2:DetachVolume\",\"ec2:DescribeVolumesModifications\",\"ec2:DescribeVolumes\",\"ec2:DescribeTags\",\"ec2:DescribeSnapshots\",\"ec2:DescribeInstances\",\"ec2:DescribeAvailabilityZones\",\"ec2:CreateSnapshot\",\"ec2:AttachVolume\"],\"Effect\":\"Allow\",\"Resource\":\"*\",\"Sid\":\"\"},{\"Action\":\"ec2:CreateTags\",\"Condition\":{\"StringEquals\":{\"ec2:CreateAction\":[\"CreateVolume\",\"CreateSnapshot\"]}},\"Effect\":\"Allow\",\"Resource\":[\"arn:aws:ec2:*:*:volume/*\",\"arn:aws:ec2:*:*:snapshot/*\"],\"Sid\":\"\"},{\"Action\":\"ec2:DeleteTags\",\"Effect\":\"Allow\",\"Resource\":[\"arn:aws:ec2:*:*:volume/*\",\"arn:aws:ec2:*:*:snapshot/*\"],\"Sid\":\"\"},{\"Action\":\"ec2:CreateVolume\",\"Condition\":{\"StringLike\":{\"aws:RequestTag/ebs.csi.aws.com/cluster\":\"true\"}},\"Effect\":\"Allow\",\"Resource\":\"*\",\"Sid\":\"\"},{\"Action\":\"ec2:CreateVolume\",\"Condition\":{\"StringLike\":{\"aws:RequestTag/CSIVolumeName\":\"*\"}},\"Effect\":\"Allow\",\"Resource\":\"*\",\"Sid\":\"\"},{\"Action\":\"ec2:CreateVolume\",\"Condition\":{\"StringLike\":{\"aws:RequestTag/kubernetes.io/cluster/*\":\"owned\"}},\"Effect\":\"Allow\",\"Resource\":\"*\",\"Sid\":\"\"},{\"Action\":\"ec2:DeleteVolume\",\"Condition\":{\"StringLike\":{\"ec2:ResourceTag/ebs.csi.aws.com/cluster\":\"true\"}},\"Effect\":\"Allow\",\"Resource\":\"*\",\"Sid\":\"\"},{\"Action\":\"ec2:DeleteVolume\",\"Condition\":{\"StringLike\":{\"ec2:ResourceTag/CSIVolumeName\":\"*\"}},\"Effect\":\"Allow\",\"Resource\":\"*\",\"Sid\":\"\"},{\"Action\":\"ec2:DeleteVolume\",\"Condition\":{\"StringLike\":{\"ec2:ResourceTag/kubernetes.io/cluster/*\":\"owned\"}},\"Effect\":\"Allow\",\"Resource\":\"*\",\"Sid\":\"\"},{\"Action\":\"ec2:DeleteSnapshot\",\"Condition\":{\"StringLike\":{\"ec2:ResourceTag/CSIVolumeSnapshotName\":\"*\"}},\"Effect\":\"Allow\",\"Resource\":\"*\",\"Sid\":\"\"},{\"Action\":\"ec2:DeleteSnapshot\",\"Condition\":{\"StringLike\":{\"ec2:ResourceTag/ebs.csi.aws.com/cluster\":\"true\"}},\"Effect\":\"Allow\",\"Resource\":\"*\",\"Sid\":\"\"}],\"Version\":\"2012-10-17\"}",
            "policy_id": "ANPAXZLIOOPTVJXF77GJT",
            "tags": null,
            "tags_all": {}
          },
          "sensitive_attributes": [],
          "private": "bnVsbA==",
          "dependencies": [
            "module.eks_blueprints.data.aws_iam_policy_document.eks_key",
            "module.eks_blueprints.module.aws_eks.aws_cloudwatch_log_group.this",
            "module.eks_blueprints.module.aws_eks.aws_eks_cluster.this",
            "module.eks_blueprints.module.aws_eks.aws_iam_role.this",
            "module.eks_blueprints.module.aws_eks.aws_iam_role_policy_attachment.this",
            "module.eks_blueprints.module.aws_eks.aws_security_group.cluster",
            "module.eks_blueprints.module.aws_eks.aws_security_group.node",
            "module.eks_blueprints.module.aws_eks.aws_security_group_rule.cluster",
            "module.eks_blueprints.module.aws_eks.aws_security_group_rule.node",
            "module.eks_blueprints.module.aws_eks.data.aws_iam_policy_document.assume_role_policy",
            "module.eks_blueprints.module.aws_eks.data.aws_partition.current",
            "module.eks_blueprints.module.aws_eks.module.kms.aws_kms_external_key.this",
            "module.eks_blueprints.module.aws_eks.module.kms.aws_kms_key.this",
            "module.eks_blueprints.module.kms.aws_kms_key.this",
            "module.kubernetes_addons.data.aws_caller_identity.current",
            "module.kubernetes_addons.data.aws_eks_cluster.eks_cluster",
            "module.kubernetes_addons.data.aws_partition.current",
            "module.kubernetes_addons.data.aws_region.current",
            "module.kubernetes_addons.module.aws_ebs_csi_driver.data.aws_iam_policy_document.aws_ebs_csi_driver",
            "module.kubernetes_addons.time_sleep.dataplane"
          ]
        }
      ]
    },
    {
      "module": "module.kubernetes_addons.module.aws_ebs_csi_driver[0].module.irsa_addon[0]",
      "mode": "managed",
      "type": "aws_iam_role",
      "name": "irsa",
      "provider": "provider[\"registry.terraform.io/hashicorp/aws\"]",
      "instances": [
        {
          "index_key": 0,
          "schema_version": 0,
          "attributes": {
            "arn": "arn:aws:iam::535479350247:role/eks-blueprints-no-cilium-ebs-csi-controller-sa-irsa",
            "assume_role_policy": "{\"Statement\":[{\"Action\":\"sts:AssumeRoleWithWebIdentity\",\"Condition\":{\"StringLike\":{\"oidc.eks.ap-southeast-1.amazonaws.com/id/AC1F65F971A7276CF0573C9D0E78D565:aud\":\"sts.amazonaws.com\",\"oidc.eks.ap-southeast-1.amazonaws.com/id/AC1F65F971A7276CF0573C9D0E78D565:sub\":\"system:serviceaccount:kube-system:ebs-csi-controller-sa\"}},\"Effect\":\"Allow\",\"Principal\":{\"Federated\":\"arn:aws:iam::535479350247:oidc-provider/oidc.eks.ap-southeast-1.amazonaws.com/id/AC1F65F971A7276CF0573C9D0E78D565\"}}],\"Version\":\"2012-10-17\"}",
            "create_date": "2023-01-10T08:52:19Z",
            "description": "AWS IAM Role for the Kubernetes service account ebs-csi-controller-sa.",
            "force_detach_policies": true,
            "id": "eks-blueprints-no-cilium-ebs-csi-controller-sa-irsa",
            "inline_policy": [],
            "managed_policy_arns": [],
            "max_session_duration": 3600,
            "name": "eks-blueprints-no-cilium-ebs-csi-controller-sa-irsa",
            "name_prefix": "",
            "path": "/",
            "permissions_boundary": "",
            "tags": null,
            "tags_all": {},
            "unique_id": "AROAXZLIOOPTUGTZ2F5BB"
          },
          "sensitive_attributes": [],
          "private": "bnVsbA==",
          "dependencies": [
            "module.eks_blueprints.data.aws_iam_policy_document.eks_key",
            "module.eks_blueprints.module.aws_eks.aws_cloudwatch_log_group.this",
            "module.eks_blueprints.module.aws_eks.aws_eks_cluster.this",
            "module.eks_blueprints.module.aws_eks.aws_iam_role.this",
            "module.eks_blueprints.module.aws_eks.aws_iam_role_policy_attachment.this",
            "module.eks_blueprints.module.aws_eks.aws_security_group.cluster",
            "module.eks_blueprints.module.aws_eks.aws_security_group.node",
            "module.eks_blueprints.module.aws_eks.aws_security_group_rule.cluster",
            "module.eks_blueprints.module.aws_eks.aws_security_group_rule.node",
            "module.eks_blueprints.module.aws_eks.data.aws_iam_policy_document.assume_role_policy",
            "module.eks_blueprints.module.aws_eks.data.aws_partition.current",
            "module.eks_blueprints.module.aws_eks.module.kms.aws_kms_external_key.this",
            "module.eks_blueprints.module.aws_eks.module.kms.aws_kms_key.this",
            "module.eks_blueprints.module.kms.aws_kms_key.this",
            "module.kubernetes_addons.data.aws_caller_identity.current",
            "module.kubernetes_addons.data.aws_eks_cluster.eks_cluster",
            "module.kubernetes_addons.data.aws_partition.current",
            "module.kubernetes_addons.data.aws_region.current",
            "module.kubernetes_addons.module.aws_ebs_csi_driver.aws_iam_policy.aws_ebs_csi_driver",
            "module.kubernetes_addons.module.aws_ebs_csi_driver.data.aws_iam_policy_document.aws_ebs_csi_driver",
            "module.kubernetes_addons.time_sleep.dataplane"
          ]
        }
      ]
    },
    {
      "module": "module.kubernetes_addons.module.aws_ebs_csi_driver[0].module.irsa_addon[0]",
      "mode": "managed",
      "type": "aws_iam_role_policy_attachment",
      "name": "irsa",
      "provider": "provider[\"registry.terraform.io/hashicorp/aws\"]",
      "instances": [
        {
          "index_key": 0,
          "schema_version": 0,
          "attributes": {
            "id": "eks-blueprints-no-cilium-ebs-csi-controller-sa-irsa-20230110085221729200000002",
            "policy_arn": "arn:aws:iam::535479350247:policy/eks-blueprints-no-cilium-aws-ebs-csi-driver-irsa",
            "role": "eks-blueprints-no-cilium-ebs-csi-controller-sa-irsa"
          },
          "sensitive_attributes": [],
          "private": "bnVsbA==",
          "dependencies": [
            "module.eks_blueprints.data.aws_iam_policy_document.eks_key",
            "module.eks_blueprints.module.aws_eks.aws_cloudwatch_log_group.this",
            "module.eks_blueprints.module.aws_eks.aws_eks_cluster.this",
            "module.eks_blueprints.module.aws_eks.aws_iam_role.this",
            "module.eks_blueprints.module.aws_eks.aws_iam_role_policy_attachment.this",
            "module.eks_blueprints.module.aws_eks.aws_security_group.cluster",
            "module.eks_blueprints.module.aws_eks.aws_security_group.node",
            "module.eks_blueprints.module.aws_eks.aws_security_group_rule.cluster",
            "module.eks_blueprints.module.aws_eks.aws_security_group_rule.node",
            "module.eks_blueprints.module.aws_eks.data.aws_iam_policy_document.assume_role_policy",
            "module.eks_blueprints.module.aws_eks.data.aws_partition.current",
            "module.eks_blueprints.module.aws_eks.module.kms.aws_kms_external_key.this",
            "module.eks_blueprints.module.aws_eks.module.kms.aws_kms_key.this",
            "module.eks_blueprints.module.kms.aws_kms_key.this",
            "module.kubernetes_addons.data.aws_caller_identity.current",
            "module.kubernetes_addons.data.aws_eks_cluster.eks_cluster",
            "module.kubernetes_addons.data.aws_partition.current",
            "module.kubernetes_addons.data.aws_region.current",
            "module.kubernetes_addons.module.aws_ebs_csi_driver.aws_iam_policy.aws_ebs_csi_driver",
            "module.kubernetes_addons.module.aws_ebs_csi_driver.data.aws_iam_policy_document.aws_ebs_csi_driver",
            "module.kubernetes_addons.module.aws_ebs_csi_driver.module.irsa_addon.aws_iam_role.irsa",
            "module.kubernetes_addons.time_sleep.dataplane"
          ]
        }
      ]
    },
    {
      "module": "module.kubernetes_addons.module.aws_for_fluent_bit[0]",
      "mode": "data",
      "type": "aws_iam_policy_document",
      "name": "irsa",
      "provider": "provider[\"registry.terraform.io/hashicorp/aws\"]",
      "instances": [
        {
          "schema_version": 0,
          "attributes": {
            "id": "301613505",
            "json": "{\n  \"Version\": \"2012-10-17\",\n  \"Statement\": [\n    {\n      \"Sid\": \"PutLogEvents\",\n      \"Effect\": \"Allow\",\n      \"Action\": \"logs:PutLogEvents\",\n      \"Resource\": \"arn:aws:logs:ap-southeast-1:535479350247:log-group:*:log-stream:*\"\n    },\n    {\n      \"Sid\": \"CreateCWLogs\",\n      \"Effect\": \"Allow\",\n      \"Action\": [\n        \"logs:DescribeLogStreams\",\n        \"logs:DescribeLogGroups\",\n        \"logs:CreateLogStream\",\n        \"logs:CreateLogGroup\"\n      ],\n      \"Resource\": \"arn:aws:logs:ap-southeast-1:535479350247:log-group:*\"\n    }\n  ]\n}",
            "override_json": null,
            "override_policy_documents": null,
            "policy_id": null,
            "source_json": null,
            "source_policy_documents": null,
            "statement": [
              {
                "actions": [
                  "logs:PutLogEvents"
                ],
                "condition": [],
                "effect": "Allow",
                "not_actions": [],
                "not_principals": [],
                "not_resources": [],
                "principals": [],
                "resources": [
                  "arn:aws:logs:ap-southeast-1:535479350247:log-group:*:log-stream:*"
                ],
                "sid": "PutLogEvents"
              },
              {
                "actions": [
                  "logs:CreateLogGroup",
                  "logs:CreateLogStream",
                  "logs:DescribeLogGroups",
                  "logs:DescribeLogStreams"
                ],
                "condition": [],
                "effect": "Allow",
                "not_actions": [],
                "not_principals": [],
                "not_resources": [],
                "principals": [],
                "resources": [
                  "arn:aws:logs:ap-southeast-1:535479350247:log-group:*"
                ],
                "sid": "CreateCWLogs"
              }
            ],
            "version": "2012-10-17"
          },
          "sensitive_attributes": []
        }
      ]
    },
    {
      "module": "module.kubernetes_addons.module.aws_for_fluent_bit[0]",
      "mode": "data",
      "type": "aws_iam_policy_document",
      "name": "kms",
      "provider": "provider[\"registry.terraform.io/hashicorp/aws\"]",
      "instances": [
        {
          "schema_version": 0,
          "attributes": {
            "id": "4048994029",
            "json": "{\n  \"Version\": \"2012-10-17\",\n  \"Statement\": [\n    {\n      \"Sid\": \"Enable IAM User Permissions\",\n      \"Effect\": \"Allow\",\n      \"Action\": \"kms:*\",\n      \"Resource\": \"*\",\n      \"Principal\": {\n        \"AWS\": [\n          \"arn:aws:iam::535479350247:root\",\n          \"arn:aws:iam::535479350247:role/aws-reserved/sso.amazonaws.com/ap-southeast-1/AWSReservedSSO_AWSAdministratorAccess_9e93d8e0500e8de7\"\n        ]\n      }\n    },\n    {\n      \"Sid\": \"Enable Encryption for LogGroup\",\n      \"Effect\": \"Allow\",\n      \"Action\": [\n        \"kms:ReEncrypt*\",\n        \"kms:GenerateDataKey*\",\n        \"kms:Encrypt*\",\n        \"kms:Describe*\",\n        \"kms:Decrypt*\"\n      ],\n      \"Resource\": \"*\",\n      \"Principal\": {\n        \"Service\": \"logs.ap-southeast-1.amazonaws.com\"\n      },\n      \"Condition\": {\n        \"ArnEquals\": {\n          \"kms:EncryptionContext:aws:logs:arn\": \"arn:aws:logs:ap-southeast-1:535479350247:log-group:/eks-blueprints-no-cilium/worker-fluentbit-logs\"\n        }\n      }\n    }\n  ]\n}",
            "override_json": null,
            "override_policy_documents": null,
            "policy_id": null,
            "source_json": null,
            "source_policy_documents": null,
            "statement": [
              {
                "actions": [
                  "kms:*"
                ],
                "condition": [],
                "effect": "Allow",
                "not_actions": [],
                "not_principals": [],
                "not_resources": [],
                "principals": [
                  {
                    "identifiers": [
                      "arn:aws:iam::535479350247:role/aws-reserved/sso.amazonaws.com/ap-southeast-1/AWSReservedSSO_AWSAdministratorAccess_9e93d8e0500e8de7",
                      "arn:aws:iam::535479350247:root"
                    ],
                    "type": "AWS"
                  }
                ],
                "resources": [
                  "*"
                ],
                "sid": "Enable IAM User Permissions"
              },
              {
                "actions": [
                  "kms:Decrypt*",
                  "kms:Describe*",
                  "kms:Encrypt*",
                  "kms:GenerateDataKey*",
                  "kms:ReEncrypt*"
                ],
                "condition": [
                  {
                    "test": "ArnEquals",
                    "values": [
                      "arn:aws:logs:ap-southeast-1:535479350247:log-group:/eks-blueprints-no-cilium/worker-fluentbit-logs"
                    ],
                    "variable": "kms:EncryptionContext:aws:logs:arn"
                  }
                ],
                "effect": "Allow",
                "not_actions": [],
                "not_principals": [],
                "not_resources": [],
                "principals": [
                  {
                    "identifiers": [
                      "logs.ap-southeast-1.amazonaws.com"
                    ],
                    "type": "Service"
                  }
                ],
                "resources": [
                  "*"
                ],
                "sid": "Enable Encryption for LogGroup"
              }
            ],
            "version": "2012-10-17"
          },
          "sensitive_attributes": []
        }
      ]
    },
    {
      "module": "module.kubernetes_addons.module.aws_for_fluent_bit[0]",
      "mode": "data",
      "type": "aws_iam_session_context",
      "name": "current",
      "provider": "provider[\"registry.terraform.io/hashicorp/aws\"]",
      "instances": [
        {
          "schema_version": 0,
          "attributes": {
            "arn": "arn:aws:sts::535479350247:assumed-role/AWSReservedSSO_AWSAdministratorAccess_9e93d8e0500e8de7/deepyan+tf-ct-aft@amazon.com",
            "id": "arn:aws:sts::535479350247:assumed-role/AWSReservedSSO_AWSAdministratorAccess_9e93d8e0500e8de7/deepyan+tf-ct-aft@amazon.com",
            "issuer_arn": "arn:aws:iam::535479350247:role/aws-reserved/sso.amazonaws.com/ap-southeast-1/AWSReservedSSO_AWSAdministratorAccess_9e93d8e0500e8de7",
            "issuer_id": "AROAXZLIOOPTSIGI7NIOW",
            "issuer_name": "AWSReservedSSO_AWSAdministratorAccess_9e93d8e0500e8de7",
            "session_name": "deepyan+tf-ct-aft@amazon.com"
          },
          "sensitive_attributes": []
        }
      ]
    },
    {
      "module": "module.kubernetes_addons.module.aws_for_fluent_bit[0]",
      "mode": "managed",
      "type": "aws_cloudwatch_log_group",
      "name": "aws_for_fluent_bit",
      "provider": "provider[\"registry.terraform.io/hashicorp/aws\"]",
      "instances": [
        {
          "index_key": 0,
          "schema_version": 0,
          "attributes": {
            "arn": "arn:aws:logs:ap-southeast-1:535479350247:log-group:/eks-blueprints-no-cilium/worker-fluentbit-logs",
            "id": "/eks-blueprints-no-cilium/worker-fluentbit-logs",
            "kms_key_id": "arn:aws:kms:ap-southeast-1:535479350247:key/57455fd6-4b6e-4d11-aeb3-9142990a8d78",
            "name": "/eks-blueprints-no-cilium/worker-fluentbit-logs",
            "name_prefix": "",
            "retention_in_days": 90,
            "skip_destroy": false,
            "tags": null,
            "tags_all": {}
          },
          "sensitive_attributes": [],
          "private": "bnVsbA==",
          "dependencies": [
            "module.eks_blueprints.data.aws_iam_policy_document.eks_key",
            "module.eks_blueprints.module.aws_eks.aws_cloudwatch_log_group.this",
            "module.eks_blueprints.module.aws_eks.aws_eks_cluster.this",
            "module.eks_blueprints.module.aws_eks.aws_iam_role.this",
            "module.eks_blueprints.module.aws_eks.aws_iam_role_policy_attachment.this",
            "module.eks_blueprints.module.aws_eks.aws_security_group.cluster",
            "module.eks_blueprints.module.aws_eks.aws_security_group.node",
            "module.eks_blueprints.module.aws_eks.aws_security_group_rule.cluster",
            "module.eks_blueprints.module.aws_eks.aws_security_group_rule.node",
            "module.eks_blueprints.module.aws_eks.data.aws_iam_policy_document.assume_role_policy",
            "module.eks_blueprints.module.aws_eks.data.aws_partition.current",
            "module.eks_blueprints.module.aws_eks.module.kms.aws_kms_external_key.this",
            "module.eks_blueprints.module.aws_eks.module.kms.aws_kms_key.this",
            "module.eks_blueprints.module.kms.aws_kms_key.this",
            "module.kubernetes_addons.data.aws_caller_identity.current",
            "module.kubernetes_addons.data.aws_eks_cluster.eks_cluster",
            "module.kubernetes_addons.data.aws_partition.current",
            "module.kubernetes_addons.data.aws_region.current",
            "module.kubernetes_addons.module.aws_for_fluent_bit.data.aws_iam_policy_document.kms",
            "module.kubernetes_addons.module.aws_for_fluent_bit.data.aws_iam_session_context.current",
            "module.kubernetes_addons.module.aws_for_fluent_bit.module.kms.aws_kms_key.this",
            "module.kubernetes_addons.time_sleep.dataplane"
          ]
        }
      ]
    },
    {
      "module": "module.kubernetes_addons.module.aws_for_fluent_bit[0]",
      "mode": "managed",
      "type": "aws_iam_policy",
      "name": "aws_for_fluent_bit",
      "provider": "provider[\"registry.terraform.io/hashicorp/aws\"]",
      "instances": [
        {
          "schema_version": 0,
          "attributes": {
            "arn": "arn:aws:iam::535479350247:policy/eks-blueprints-no-cilium-fluentbit",
            "description": "IAM Policy for AWS for FluentBit",
            "id": "arn:aws:iam::535479350247:policy/eks-blueprints-no-cilium-fluentbit",
            "name": "eks-blueprints-no-cilium-fluentbit",
            "name_prefix": null,
            "path": "/",
            "policy": "{\"Statement\":[{\"Action\":\"logs:PutLogEvents\",\"Effect\":\"Allow\",\"Resource\":\"arn:aws:logs:ap-southeast-1:535479350247:log-group:*:log-stream:*\",\"Sid\":\"PutLogEvents\"},{\"Action\":[\"logs:DescribeLogStreams\",\"logs:DescribeLogGroups\",\"logs:CreateLogStream\",\"logs:CreateLogGroup\"],\"Effect\":\"Allow\",\"Resource\":\"arn:aws:logs:ap-southeast-1:535479350247:log-group:*\",\"Sid\":\"CreateCWLogs\"}],\"Version\":\"2012-10-17\"}",
            "policy_id": "ANPAXZLIOOPT2ZWBGTUUT",
            "tags": null,
            "tags_all": {}
          },
          "sensitive_attributes": [],
          "private": "bnVsbA==",
          "dependencies": [
            "module.eks_blueprints.data.aws_iam_policy_document.eks_key",
            "module.eks_blueprints.module.aws_eks.aws_cloudwatch_log_group.this",
            "module.eks_blueprints.module.aws_eks.aws_eks_cluster.this",
            "module.eks_blueprints.module.aws_eks.aws_iam_role.this",
            "module.eks_blueprints.module.aws_eks.aws_iam_role_policy_attachment.this",
            "module.eks_blueprints.module.aws_eks.aws_security_group.cluster",
            "module.eks_blueprints.module.aws_eks.aws_security_group.node",
            "module.eks_blueprints.module.aws_eks.aws_security_group_rule.cluster",
            "module.eks_blueprints.module.aws_eks.aws_security_group_rule.node",
            "module.eks_blueprints.module.aws_eks.data.aws_iam_policy_document.assume_role_policy",
            "module.eks_blueprints.module.aws_eks.data.aws_partition.current",
            "module.eks_blueprints.module.aws_eks.module.kms.aws_kms_external_key.this",
            "module.eks_blueprints.module.aws_eks.module.kms.aws_kms_key.this",
            "module.eks_blueprints.module.kms.aws_kms_key.this",
            "module.kubernetes_addons.data.aws_caller_identity.current",
            "module.kubernetes_addons.data.aws_eks_cluster.eks_cluster",
            "module.kubernetes_addons.data.aws_partition.current",
            "module.kubernetes_addons.data.aws_region.current",
            "module.kubernetes_addons.module.aws_for_fluent_bit.data.aws_iam_policy_document.irsa",
            "module.kubernetes_addons.time_sleep.dataplane"
          ]
        }
      ]
    },
    {
      "module": "module.kubernetes_addons.module.aws_for_fluent_bit[0].module.helm_addon.module.irsa[0]",
      "mode": "managed",
      "type": "aws_iam_role",
      "name": "irsa",
      "provider": "provider[\"registry.terraform.io/hashicorp/aws\"]",
      "instances": [
        {
          "index_key": 0,
          "schema_version": 0,
          "attributes": {
            "arn": "arn:aws:iam::535479350247:role/eks-blueprints-no-cilium-aws-for-fluent-bit-sa-irsa",
            "assume_role_policy": "{\"Statement\":[{\"Action\":\"sts:AssumeRoleWithWebIdentity\",\"Condition\":{\"StringLike\":{\"oidc.eks.ap-southeast-1.amazonaws.com/id/AC1F65F971A7276CF0573C9D0E78D565:aud\":\"sts.amazonaws.com\",\"oidc.eks.ap-southeast-1.amazonaws.com/id/AC1F65F971A7276CF0573C9D0E78D565:sub\":\"system:serviceaccount:aws-for-fluent-bit:aws-for-fluent-bit-sa\"}},\"Effect\":\"Allow\",\"Principal\":{\"Federated\":\"arn:aws:iam::535479350247:oidc-provider/oidc.eks.ap-southeast-1.amazonaws.com/id/AC1F65F971A7276CF0573C9D0E78D565\"}}],\"Version\":\"2012-10-17\"}",
            "create_date": "2023-01-10T08:52:26Z",
            "description": "AWS IAM Role for the Kubernetes service account aws-for-fluent-bit-sa.",
            "force_detach_policies": true,
            "id": "eks-blueprints-no-cilium-aws-for-fluent-bit-sa-irsa",
            "inline_policy": [],
            "managed_policy_arns": [],
            "max_session_duration": 3600,
            "name": "eks-blueprints-no-cilium-aws-for-fluent-bit-sa-irsa",
            "name_prefix": "",
            "path": "/",
            "permissions_boundary": "",
            "tags": null,
            "tags_all": {},
            "unique_id": "AROAXZLIOOPT2CEU2Q57T"
          },
          "sensitive_attributes": [],
          "private": "bnVsbA==",
          "dependencies": [
            "module.eks_blueprints.data.aws_iam_policy_document.eks_key",
            "module.eks_blueprints.module.aws_eks.aws_cloudwatch_log_group.this",
            "module.eks_blueprints.module.aws_eks.aws_eks_cluster.this",
            "module.eks_blueprints.module.aws_eks.aws_iam_role.this",
            "module.eks_blueprints.module.aws_eks.aws_iam_role_policy_attachment.this",
            "module.eks_blueprints.module.aws_eks.aws_security_group.cluster",
            "module.eks_blueprints.module.aws_eks.aws_security_group.node",
            "module.eks_blueprints.module.aws_eks.aws_security_group_rule.cluster",
            "module.eks_blueprints.module.aws_eks.aws_security_group_rule.node",
            "module.eks_blueprints.module.aws_eks.data.aws_iam_policy_document.assume_role_policy",
            "module.eks_blueprints.module.aws_eks.data.aws_partition.current",
            "module.eks_blueprints.module.aws_eks.module.kms.aws_kms_external_key.this",
            "module.eks_blueprints.module.aws_eks.module.kms.aws_kms_key.this",
            "module.eks_blueprints.module.kms.aws_kms_key.this",
            "module.kubernetes_addons.data.aws_caller_identity.current",
            "module.kubernetes_addons.data.aws_eks_cluster.eks_cluster",
            "module.kubernetes_addons.data.aws_partition.current",
            "module.kubernetes_addons.data.aws_region.current",
            "module.kubernetes_addons.module.aws_for_fluent_bit.aws_iam_policy.aws_for_fluent_bit",
            "module.kubernetes_addons.module.aws_for_fluent_bit.data.aws_iam_policy_document.irsa",
            "module.kubernetes_addons.time_sleep.dataplane"
          ]
        }
      ]
    },
    {
      "module": "module.kubernetes_addons.module.aws_for_fluent_bit[0].module.helm_addon.module.irsa[0]",
      "mode": "managed",
      "type": "aws_iam_role_policy_attachment",
      "name": "irsa",
      "provider": "provider[\"registry.terraform.io/hashicorp/aws\"]",
      "instances": [
        {
          "index_key": 0,
          "schema_version": 0,
          "attributes": {
            "id": "eks-blueprints-no-cilium-aws-for-fluent-bit-sa-irsa-20230110085228427600000007",
            "policy_arn": "arn:aws:iam::535479350247:policy/eks-blueprints-no-cilium-fluentbit",
            "role": "eks-blueprints-no-cilium-aws-for-fluent-bit-sa-irsa"
          },
          "sensitive_attributes": [],
          "private": "bnVsbA==",
          "dependencies": [
            "module.eks_blueprints.data.aws_iam_policy_document.eks_key",
            "module.eks_blueprints.module.aws_eks.aws_cloudwatch_log_group.this",
            "module.eks_blueprints.module.aws_eks.aws_eks_cluster.this",
            "module.eks_blueprints.module.aws_eks.aws_iam_role.this",
            "module.eks_blueprints.module.aws_eks.aws_iam_role_policy_attachment.this",
            "module.eks_blueprints.module.aws_eks.aws_security_group.cluster",
            "module.eks_blueprints.module.aws_eks.aws_security_group.node",
            "module.eks_blueprints.module.aws_eks.aws_security_group_rule.cluster",
            "module.eks_blueprints.module.aws_eks.aws_security_group_rule.node",
            "module.eks_blueprints.module.aws_eks.data.aws_iam_policy_document.assume_role_policy",
            "module.eks_blueprints.module.aws_eks.data.aws_partition.current",
            "module.eks_blueprints.module.aws_eks.module.kms.aws_kms_external_key.this",
            "module.eks_blueprints.module.aws_eks.module.kms.aws_kms_key.this",
            "module.eks_blueprints.module.kms.aws_kms_key.this",
            "module.kubernetes_addons.data.aws_caller_identity.current",
            "module.kubernetes_addons.data.aws_eks_cluster.eks_cluster",
            "module.kubernetes_addons.data.aws_partition.current",
            "module.kubernetes_addons.data.aws_region.current",
            "module.kubernetes_addons.module.aws_for_fluent_bit.aws_iam_policy.aws_for_fluent_bit",
            "module.kubernetes_addons.module.aws_for_fluent_bit.data.aws_iam_policy_document.irsa",
            "module.kubernetes_addons.module.aws_for_fluent_bit.module.helm_addon.module.irsa.aws_iam_role.irsa",
            "module.kubernetes_addons.time_sleep.dataplane"
          ]
        }
      ]
    },
    {
      "module": "module.kubernetes_addons.module.aws_for_fluent_bit[0].module.helm_addon.module.irsa[0]",
      "mode": "managed",
      "type": "kubernetes_namespace_v1",
      "name": "irsa",
      "provider": "provider[\"registry.terraform.io/hashicorp/kubernetes\"]",
      "instances": [
        {
          "index_key": 0,
          "schema_version": 0,
          "attributes": {
            "id": "aws-for-fluent-bit",
            "metadata": [
              {
                "annotations": null,
                "generate_name": "",
                "generation": 0,
                "labels": null,
                "name": "aws-for-fluent-bit",
                "resource_version": "2077",
                "uid": "e0341856-a854-4b53-b146-bfbb296295b7"
              }
            ],
            "timeouts": {
              "delete": "15m"
            }
          },
          "sensitive_attributes": [],
          "private": "eyJlMmJmYjczMC1lY2FhLTExZTYtOGY4OC0zNDM2M2JjN2M0YzAiOnsiZGVsZXRlIjo5MDAwMDAwMDAwMDB9fQ==",
          "dependencies": [
            "data.aws_eks_cluster_auth.this",
            "module.eks_blueprints.data.aws_iam_policy_document.eks_key",
            "module.eks_blueprints.module.aws_eks.aws_cloudwatch_log_group.this",
            "module.eks_blueprints.module.aws_eks.aws_eks_cluster.this",
            "module.eks_blueprints.module.aws_eks.aws_iam_role.this",
            "module.eks_blueprints.module.aws_eks.aws_iam_role_policy_attachment.this",
            "module.eks_blueprints.module.aws_eks.aws_security_group.cluster",
            "module.eks_blueprints.module.aws_eks.aws_security_group.node",
            "module.eks_blueprints.module.aws_eks.aws_security_group_rule.cluster",
            "module.eks_blueprints.module.aws_eks.aws_security_group_rule.node",
            "module.eks_blueprints.module.aws_eks.data.aws_iam_policy_document.assume_role_policy",
            "module.eks_blueprints.module.aws_eks.data.aws_partition.current",
            "module.eks_blueprints.module.aws_eks.module.kms.aws_kms_external_key.this",
            "module.eks_blueprints.module.aws_eks.module.kms.aws_kms_key.this",
            "module.eks_blueprints.module.kms.aws_kms_key.this",
            "module.kubernetes_addons.data.aws_caller_identity.current",
            "module.kubernetes_addons.data.aws_eks_cluster.eks_cluster",
            "module.kubernetes_addons.data.aws_partition.current",
            "module.kubernetes_addons.data.aws_region.current",
            "module.kubernetes_addons.module.aws_for_fluent_bit.aws_iam_policy.aws_for_fluent_bit",
            "module.kubernetes_addons.module.aws_for_fluent_bit.data.aws_iam_policy_document.irsa",
            "module.kubernetes_addons.time_sleep.dataplane"
          ]
        }
      ]
    },
    {
      "module": "module.kubernetes_addons.module.aws_for_fluent_bit[0].module.helm_addon.module.irsa[0]",
      "mode": "managed",
      "type": "kubernetes_service_account_v1",
      "name": "irsa",
      "provider": "provider[\"registry.terraform.io/hashicorp/kubernetes\"]",
      "instances": [
        {
          "index_key": 0,
          "schema_version": 0,
          "attributes": {
            "automount_service_account_token": true,
            "default_secret_name": "",
            "id": "aws-for-fluent-bit/aws-for-fluent-bit-sa",
            "image_pull_secret": [],
            "metadata": [
              {
                "annotations": {
                  "eks.amazonaws.com/role-arn": "arn:aws:iam::535479350247:role/eks-blueprints-no-cilium-aws-for-fluent-bit-sa-irsa"
                },
                "generate_name": "",
                "generation": 0,
                "labels": null,
                "name": "aws-for-fluent-bit-sa",
                "namespace": "aws-for-fluent-bit",
                "resource_version": "2174",
                "uid": "9b3bda50-da20-4406-aa87-a1ac2a434344"
              }
            ],
            "secret": [],
            "timeouts": null
          },
          "sensitive_attributes": [],
          "private": "eyJlMmJmYjczMC1lY2FhLTExZTYtOGY4OC0zNDM2M2JjN2M0YzAiOnsiY3JlYXRlIjozMDAwMDAwMDAwMH19",
          "dependencies": [
            "data.aws_eks_cluster_auth.this",
            "module.eks_blueprints.data.aws_iam_policy_document.eks_key",
            "module.eks_blueprints.module.aws_eks.aws_cloudwatch_log_group.this",
            "module.eks_blueprints.module.aws_eks.aws_eks_cluster.this",
            "module.eks_blueprints.module.aws_eks.aws_iam_role.this",
            "module.eks_blueprints.module.aws_eks.aws_iam_role_policy_attachment.this",
            "module.eks_blueprints.module.aws_eks.aws_security_group.cluster",
            "module.eks_blueprints.module.aws_eks.aws_security_group.node",
            "module.eks_blueprints.module.aws_eks.aws_security_group_rule.cluster",
            "module.eks_blueprints.module.aws_eks.aws_security_group_rule.node",
            "module.eks_blueprints.module.aws_eks.data.aws_iam_policy_document.assume_role_policy",
            "module.eks_blueprints.module.aws_eks.data.aws_partition.current",
            "module.eks_blueprints.module.aws_eks.module.kms.aws_kms_external_key.this",
            "module.eks_blueprints.module.aws_eks.module.kms.aws_kms_key.this",
            "module.eks_blueprints.module.kms.aws_kms_key.this",
            "module.kubernetes_addons.data.aws_caller_identity.current",
            "module.kubernetes_addons.data.aws_eks_cluster.eks_cluster",
            "module.kubernetes_addons.data.aws_partition.current",
            "module.kubernetes_addons.data.aws_region.current",
            "module.kubernetes_addons.module.aws_for_fluent_bit.aws_iam_policy.aws_for_fluent_bit",
            "module.kubernetes_addons.module.aws_for_fluent_bit.data.aws_iam_policy_document.irsa",
            "module.kubernetes_addons.module.aws_for_fluent_bit.module.helm_addon.module.irsa.aws_iam_role.irsa",
            "module.kubernetes_addons.module.aws_for_fluent_bit.module.helm_addon.module.irsa.kubernetes_namespace_v1.irsa",
            "module.kubernetes_addons.time_sleep.dataplane"
          ]
        }
      ]
    },
    {
      "module": "module.kubernetes_addons.module.aws_for_fluent_bit[0].module.kms[0]",
      "mode": "managed",
      "type": "aws_kms_alias",
      "name": "this",
      "provider": "provider[\"registry.terraform.io/hashicorp/aws\"]",
      "instances": [
        {
          "schema_version": 0,
          "attributes": {
            "arn": "arn:aws:kms:ap-southeast-1:535479350247:alias/eks-blueprints-no-cilium-cw-fluent-bit",
            "id": "alias/eks-blueprints-no-cilium-cw-fluent-bit",
            "name": "alias/eks-blueprints-no-cilium-cw-fluent-bit",
            "name_prefix": "",
            "target_key_arn": "arn:aws:kms:ap-southeast-1:535479350247:key/57455fd6-4b6e-4d11-aeb3-9142990a8d78",
            "target_key_id": "57455fd6-4b6e-4d11-aeb3-9142990a8d78"
          },
          "sensitive_attributes": [],
          "private": "bnVsbA==",
          "dependencies": [
            "module.eks_blueprints.data.aws_iam_policy_document.eks_key",
            "module.eks_blueprints.module.aws_eks.aws_cloudwatch_log_group.this",
            "module.eks_blueprints.module.aws_eks.aws_eks_cluster.this",
            "module.eks_blueprints.module.aws_eks.aws_iam_role.this",
            "module.eks_blueprints.module.aws_eks.aws_iam_role_policy_attachment.this",
            "module.eks_blueprints.module.aws_eks.aws_security_group.cluster",
            "module.eks_blueprints.module.aws_eks.aws_security_group.node",
            "module.eks_blueprints.module.aws_eks.aws_security_group_rule.cluster",
            "module.eks_blueprints.module.aws_eks.aws_security_group_rule.node",
            "module.eks_blueprints.module.aws_eks.data.aws_iam_policy_document.assume_role_policy",
            "module.eks_blueprints.module.aws_eks.data.aws_partition.current",
            "module.eks_blueprints.module.aws_eks.module.kms.aws_kms_external_key.this",
            "module.eks_blueprints.module.aws_eks.module.kms.aws_kms_key.this",
            "module.eks_blueprints.module.kms.aws_kms_key.this",
            "module.kubernetes_addons.data.aws_caller_identity.current",
            "module.kubernetes_addons.data.aws_eks_cluster.eks_cluster",
            "module.kubernetes_addons.data.aws_partition.current",
            "module.kubernetes_addons.data.aws_region.current",
            "module.kubernetes_addons.module.aws_for_fluent_bit.data.aws_iam_policy_document.kms",
            "module.kubernetes_addons.module.aws_for_fluent_bit.data.aws_iam_session_context.current",
            "module.kubernetes_addons.module.aws_for_fluent_bit.module.kms.aws_kms_key.this",
            "module.kubernetes_addons.time_sleep.dataplane"
          ]
        }
      ]
    },
    {
      "module": "module.kubernetes_addons.module.aws_for_fluent_bit[0].module.kms[0]",
      "mode": "managed",
      "type": "aws_kms_key",
      "name": "this",
      "provider": "provider[\"registry.terraform.io/hashicorp/aws\"]",
      "instances": [
        {
          "schema_version": 0,
          "attributes": {
            "arn": "arn:aws:kms:ap-southeast-1:535479350247:key/57455fd6-4b6e-4d11-aeb3-9142990a8d78",
            "bypass_policy_lockout_safety_check": false,
            "custom_key_store_id": "",
            "customer_master_key_spec": "SYMMETRIC_DEFAULT",
            "deletion_window_in_days": 30,
            "description": "EKS Workers FluentBit CloudWatch Log group KMS Key",
            "enable_key_rotation": true,
            "id": "57455fd6-4b6e-4d11-aeb3-9142990a8d78",
            "is_enabled": true,
            "key_id": "57455fd6-4b6e-4d11-aeb3-9142990a8d78",
            "key_usage": "ENCRYPT_DECRYPT",
            "multi_region": false,
            "policy": "{\n  \"Version\": \"2012-10-17\",\n  \"Statement\": [\n    {\n      \"Sid\": \"Enable IAM User Permissions\",\n      \"Effect\": \"Allow\",\n      \"Action\": \"kms:*\",\n      \"Resource\": \"*\",\n      \"Principal\": {\n        \"AWS\": [\n          \"arn:aws:iam::535479350247:root\",\n          \"arn:aws:iam::535479350247:role/aws-reserved/sso.amazonaws.com/ap-southeast-1/AWSReservedSSO_AWSAdministratorAccess_9e93d8e0500e8de7\"\n        ]\n      }\n    },\n    {\n      \"Sid\": \"Enable Encryption for LogGroup\",\n      \"Effect\": \"Allow\",\n      \"Action\": [\n        \"kms:ReEncrypt*\",\n        \"kms:GenerateDataKey*\",\n        \"kms:Encrypt*\",\n        \"kms:Describe*\",\n        \"kms:Decrypt*\"\n      ],\n      \"Resource\": \"*\",\n      \"Principal\": {\n        \"Service\": \"logs.ap-southeast-1.amazonaws.com\"\n      },\n      \"Condition\": {\n        \"ArnEquals\": {\n          \"kms:EncryptionContext:aws:logs:arn\": \"arn:aws:logs:ap-southeast-1:535479350247:log-group:/eks-blueprints-no-cilium/worker-fluentbit-logs\"\n        }\n      }\n    }\n  ]\n}",
            "tags": null,
            "tags_all": {}
          },
          "sensitive_attributes": [],
          "private": "bnVsbA==",
          "dependencies": [
            "module.eks_blueprints.data.aws_iam_policy_document.eks_key",
            "module.eks_blueprints.module.aws_eks.aws_cloudwatch_log_group.this",
            "module.eks_blueprints.module.aws_eks.aws_eks_cluster.this",
            "module.eks_blueprints.module.aws_eks.aws_iam_role.this",
            "module.eks_blueprints.module.aws_eks.aws_iam_role_policy_attachment.this",
            "module.eks_blueprints.module.aws_eks.aws_security_group.cluster",
            "module.eks_blueprints.module.aws_eks.aws_security_group.node",
            "module.eks_blueprints.module.aws_eks.aws_security_group_rule.cluster",
            "module.eks_blueprints.module.aws_eks.aws_security_group_rule.node",
            "module.eks_blueprints.module.aws_eks.data.aws_iam_policy_document.assume_role_policy",
            "module.eks_blueprints.module.aws_eks.data.aws_partition.current",
            "module.eks_blueprints.module.aws_eks.module.kms.aws_kms_external_key.this",
            "module.eks_blueprints.module.aws_eks.module.kms.aws_kms_key.this",
            "module.eks_blueprints.module.kms.aws_kms_key.this",
            "module.kubernetes_addons.data.aws_caller_identity.current",
            "module.kubernetes_addons.data.aws_eks_cluster.eks_cluster",
            "module.kubernetes_addons.data.aws_partition.current",
            "module.kubernetes_addons.data.aws_region.current",
            "module.kubernetes_addons.module.aws_for_fluent_bit.data.aws_iam_policy_document.kms",
            "module.kubernetes_addons.module.aws_for_fluent_bit.data.aws_iam_session_context.current",
            "module.kubernetes_addons.time_sleep.dataplane"
          ]
        }
      ]
    },
    {
      "module": "module.kubernetes_addons.module.aws_load_balancer_controller[0]",
      "mode": "data",
      "type": "aws_iam_policy_document",
      "name": "aws_lb",
      "provider": "provider[\"registry.terraform.io/hashicorp/aws\"]",
      "instances": [
        {
          "schema_version": 0,
          "attributes": {
            "id": "2633998141",
            "json": "{\n  \"Version\": \"2012-10-17\",\n  \"Statement\": [\n    {\n      \"Sid\": \"\",\n      \"Effect\": \"Allow\",\n      \"Action\": \"iam:CreateServiceLinkedRole\",\n      \"Resource\": \"*\",\n      \"Condition\": {\n        \"StringEquals\": {\n          \"iam:AWSServiceName\": \"elasticloadbalancing.amazonaws.com\"\n        }\n      }\n    },\n    {\n      \"Sid\": \"\",\n      \"Effect\": \"Allow\",\n      \"Action\": [\n        \"elasticloadbalancing:DescribeTargetHealth\",\n        \"elasticloadbalancing:DescribeTargetGroups\",\n        \"elasticloadbalancing:DescribeTargetGroupAttributes\",\n        \"elasticloadbalancing:DescribeTags\",\n        \"elasticloadbalancing:DescribeSSLPolicies\",\n        \"elasticloadbalancing:DescribeRules\",\n        \"elasticloadbalancing:DescribeLoadBalancers\",\n        \"elasticloadbalancing:DescribeLoadBalancerAttributes\",\n        \"elasticloadbalancing:DescribeListeners\",\n        \"elasticloadbalancing:DescribeListenerCertificates\",\n        \"ec2:GetCoipPoolUsage\",\n        \"ec2:DescribeVpcs\",\n        \"ec2:DescribeVpcPeeringConnections\",\n        \"ec2:DescribeTags\",\n        \"ec2:DescribeSubnets\",\n        \"ec2:DescribeSecurityGroups\",\n        \"ec2:DescribeNetworkInterfaces\",\n        \"ec2:DescribeInternetGateways\",\n        \"ec2:DescribeInstances\",\n        \"ec2:DescribeCoipPools\",\n        \"ec2:DescribeAvailabilityZones\",\n        \"ec2:DescribeAddresses\",\n        \"ec2:DescribeAccountAttributes\"\n      ],\n      \"Resource\": \"*\"\n    },\n    {\n      \"Sid\": \"\",\n      \"Effect\": \"Allow\",\n      \"Action\": [\n        \"wafv2:GetWebACLForResource\",\n        \"wafv2:GetWebACL\",\n        \"wafv2:DisassociateWebACL\",\n        \"wafv2:AssociateWebACL\",\n        \"waf-regional:GetWebACLForResource\",\n        \"waf-regional:GetWebACL\",\n        \"waf-regional:DisassociateWebACL\",\n        \"waf-regional:AssociateWebACL\",\n        \"shield:GetSubscriptionState\",\n        \"shield:DescribeProtection\",\n        \"shield:DeleteProtection\",\n        \"shield:CreateProtection\",\n        \"iam:ListServerCertificates\",\n        \"iam:GetServerCertificate\",\n        \"cognito-idp:DescribeUserPoolClient\",\n        \"acm:ListCertificates\",\n        \"acm:DescribeCertificate\"\n      ],\n      \"Resource\": \"*\"\n    },\n    {\n      \"Sid\": \"\",\n      \"Effect\": \"Allow\",\n      \"Action\": [\n        \"ec2:RevokeSecurityGroupIngress\",\n        \"ec2:AuthorizeSecurityGroupIngress\"\n      ],\n      \"Resource\": \"*\"\n    },\n    {\n      \"Sid\": \"\",\n      \"Effect\": \"Allow\",\n      \"Action\": \"ec2:CreateSecurityGroup\",\n      \"Resource\": \"*\"\n    },\n    {\n      \"Sid\": \"\",\n      \"Effect\": \"Allow\",\n      \"Action\": \"ec2:CreateTags\",\n      \"Resource\": \"arn:aws:ec2:*:*:security-group/*\",\n      \"Condition\": {\n        \"Null\": {\n          \"aws:RequestTag/elbv2.k8s.aws/cluster\": \"false\"\n        },\n        \"StringEquals\": {\n          \"ec2:CreateAction\": \"CreateSecurityGroup\"\n        }\n      }\n    },\n    {\n      \"Sid\": \"\",\n      \"Effect\": \"Allow\",\n      \"Action\": [\n        \"ec2:DeleteTags\",\n        \"ec2:CreateTags\"\n      ],\n      \"Resource\": \"arn:aws:ec2:*:*:security-group/*\",\n      \"Condition\": {\n        \"Null\": {\n          \"aws:ResourceTag/ingress.k8s.aws/cluster\": \"false\"\n        }\n      }\n    },\n    {\n      \"Sid\": \"\",\n      \"Effect\": \"Allow\",\n      \"Action\": [\n        \"elasticloadbalancing:RemoveTags\",\n        \"elasticloadbalancing:DeleteTargetGroup\",\n        \"elasticloadbalancing:AddTags\"\n      ],\n      \"Resource\": [\n        \"arn:aws:elasticloadbalancing:*:*:targetgroup/*/*\",\n        \"arn:aws:elasticloadbalancing:*:*:loadbalancer/net/*/*\",\n        \"arn:aws:elasticloadbalancing:*:*:loadbalancer/app/*/*\"\n      ],\n      \"Condition\": {\n        \"Null\": {\n          \"aws:ResourceTag/ingress.k8s.aws/cluster\": \"false\"\n        }\n      }\n    },\n    {\n      \"Sid\": \"\",\n      \"Effect\": \"Allow\",\n      \"Action\": [\n        \"ec2:DeleteTags\",\n        \"ec2:CreateTags\"\n      ],\n      \"Resource\": \"arn:aws:ec2:*:*:security-group/*\",\n      \"Condition\": {\n        \"Null\": {\n          \"aws:RequestTag/elbv2.k8s.aws/cluster\": \"true\",\n          \"aws:ResourceTag/elbv2.k8s.aws/cluster\": \"false\"\n        }\n      }\n    },\n    {\n      \"Sid\": \"\",\n      \"Effect\": \"Allow\",\n      \"Action\": [\n        \"ec2:RevokeSecurityGroupIngress\",\n        \"ec2:DeleteSecurityGroup\",\n        \"ec2:AuthorizeSecurityGroupIngress\"\n      ],\n      \"Resource\": \"*\",\n      \"Condition\": {\n        \"Null\": {\n          \"aws:ResourceTag/elbv2.k8s.aws/cluster\": \"false\"\n        }\n      }\n    },\n    {\n      \"Sid\": \"\",\n      \"Effect\": \"Allow\",\n      \"Action\": [\n        \"elasticloadbalancing:CreateTargetGroup\",\n        \"elasticloadbalancing:CreateLoadBalancer\"\n      ],\n      \"Resource\": \"*\",\n      \"Condition\": {\n        \"Null\": {\n          \"aws:RequestTag/elbv2.k8s.aws/cluster\": \"false\"\n        }\n      }\n    },\n    {\n      \"Sid\": \"\",\n      \"Effect\": \"Allow\",\n      \"Action\": [\n        \"elasticloadbalancing:DeleteRule\",\n        \"elasticloadbalancing:DeleteListener\",\n        \"elasticloadbalancing:CreateRule\",\n        \"elasticloadbalancing:CreateListener\"\n      ],\n      \"Resource\": \"*\"\n    },\n    {\n      \"Sid\": \"\",\n      \"Effect\": \"Allow\",\n      \"Action\": [\n        \"elasticloadbalancing:RemoveTags\",\n        \"elasticloadbalancing:AddTags\"\n      ],\n      \"Resource\": [\n        \"arn:aws:elasticloadbalancing:*:*:targetgroup/*/*\",\n        \"arn:aws:elasticloadbalancing:*:*:loadbalancer/net/*/*\",\n        \"arn:aws:elasticloadbalancing:*:*:loadbalancer/app/*/*\"\n      ],\n      \"Condition\": {\n        \"Null\": {\n          \"aws:RequestTag/elbv2.k8s.aws/cluster\": \"true\",\n          \"aws:ResourceTag/elbv2.k8s.aws/cluster\": \"false\"\n        }\n      }\n    },\n    {\n      \"Sid\": \"\",\n      \"Effect\": \"Allow\",\n      \"Action\": [\n        \"elasticloadbalancing:RemoveTags\",\n        \"elasticloadbalancing:AddTags\"\n      ],\n      \"Resource\": [\n        \"arn:aws:elasticloadbalancing:*:*:listener/net/*/*/*\",\n        \"arn:aws:elasticloadbalancing:*:*:listener/app/*/*/*\",\n        \"arn:aws:elasticloadbalancing:*:*:listener-rule/net/*/*/*\",\n        \"arn:aws:elasticloadbalancing:*:*:listener-rule/app/*/*/*\"\n      ]\n    },\n    {\n      \"Sid\": \"\",\n      \"Effect\": \"Allow\",\n      \"Action\": [\n        \"elasticloadbalancing:SetSubnets\",\n        \"elasticloadbalancing:SetSecurityGroups\",\n        \"elasticloadbalancing:SetIpAddressType\",\n        \"elasticloadbalancing:ModifyTargetGroupAttributes\",\n        \"elasticloadbalancing:ModifyTargetGroup\",\n        \"elasticloadbalancing:ModifyLoadBalancerAttributes\",\n        \"elasticloadbalancing:DeleteTargetGroup\",\n        \"elasticloadbalancing:DeleteLoadBalancer\"\n      ],\n      \"Resource\": \"*\",\n      \"Condition\": {\n        \"Null\": {\n          \"aws:ResourceTag/elbv2.k8s.aws/cluster\": \"false\"\n        }\n      }\n    },\n    {\n      \"Sid\": \"\",\n      \"Effect\": \"Allow\",\n      \"Action\": [\n        \"elasticloadbalancing:RegisterTargets\",\n        \"elasticloadbalancing:DeregisterTargets\"\n      ],\n      \"Resource\": \"arn:aws:elasticloadbalancing:*:*:targetgroup/*/*\"\n    },\n    {\n      \"Sid\": \"\",\n      \"Effect\": \"Allow\",\n      \"Action\": [\n        \"elasticloadbalancing:SetWebAcl\",\n        \"elasticloadbalancing:RemoveListenerCertificates\",\n        \"elasticloadbalancing:ModifyRule\",\n        \"elasticloadbalancing:ModifyListener\",\n        \"elasticloadbalancing:AddListenerCertificates\"\n      ],\n      \"Resource\": \"*\"\n    }\n  ]\n}",
            "override_json": null,
            "override_policy_documents": null,
            "policy_id": null,
            "source_json": null,
            "source_policy_documents": null,
            "statement": [
              {
                "actions": [
                  "iam:CreateServiceLinkedRole"
                ],
                "condition": [
                  {
                    "test": "StringEquals",
                    "values": [
                      "elasticloadbalancing.amazonaws.com"
                    ],
                    "variable": "iam:AWSServiceName"
                  }
                ],
                "effect": "Allow",
                "not_actions": [],
                "not_principals": [],
                "not_resources": [],
                "principals": [],
                "resources": [
                  "*"
                ],
                "sid": ""
              },
              {
                "actions": [
                  "ec2:DescribeAccountAttributes",
                  "ec2:DescribeAddresses",
                  "ec2:DescribeAvailabilityZones",
                  "ec2:DescribeCoipPools",
                  "ec2:DescribeInstances",
                  "ec2:DescribeInternetGateways",
                  "ec2:DescribeNetworkInterfaces",
                  "ec2:DescribeSecurityGroups",
                  "ec2:DescribeSubnets",
                  "ec2:DescribeTags",
                  "ec2:DescribeVpcPeeringConnections",
                  "ec2:DescribeVpcs",
                  "ec2:GetCoipPoolUsage",
                  "elasticloadbalancing:DescribeListenerCertificates",
                  "elasticloadbalancing:DescribeListeners",
                  "elasticloadbalancing:DescribeLoadBalancerAttributes",
                  "elasticloadbalancing:DescribeLoadBalancers",
                  "elasticloadbalancing:DescribeRules",
                  "elasticloadbalancing:DescribeSSLPolicies",
                  "elasticloadbalancing:DescribeTags",
                  "elasticloadbalancing:DescribeTargetGroupAttributes",
                  "elasticloadbalancing:DescribeTargetGroups",
                  "elasticloadbalancing:DescribeTargetHealth"
                ],
                "condition": [],
                "effect": "Allow",
                "not_actions": [],
                "not_principals": [],
                "not_resources": [],
                "principals": [],
                "resources": [
                  "*"
                ],
                "sid": ""
              },
              {
                "actions": [
                  "acm:DescribeCertificate",
                  "acm:ListCertificates",
                  "cognito-idp:DescribeUserPoolClient",
                  "iam:GetServerCertificate",
                  "iam:ListServerCertificates",
                  "shield:CreateProtection",
                  "shield:DeleteProtection",
                  "shield:DescribeProtection",
                  "shield:GetSubscriptionState",
                  "waf-regional:AssociateWebACL",
                  "waf-regional:DisassociateWebACL",
                  "waf-regional:GetWebACL",
                  "waf-regional:GetWebACLForResource",
                  "wafv2:AssociateWebACL",
                  "wafv2:DisassociateWebACL",
                  "wafv2:GetWebACL",
                  "wafv2:GetWebACLForResource"
                ],
                "condition": [],
                "effect": "Allow",
                "not_actions": [],
                "not_principals": [],
                "not_resources": [],
                "principals": [],
                "resources": [
                  "*"
                ],
                "sid": ""
              },
              {
                "actions": [
                  "ec2:AuthorizeSecurityGroupIngress",
                  "ec2:RevokeSecurityGroupIngress"
                ],
                "condition": [],
                "effect": "Allow",
                "not_actions": [],
                "not_principals": [],
                "not_resources": [],
                "principals": [],
                "resources": [
                  "*"
                ],
                "sid": ""
              },
              {
                "actions": [
                  "ec2:CreateSecurityGroup"
                ],
                "condition": [],
                "effect": "Allow",
                "not_actions": [],
                "not_principals": [],
                "not_resources": [],
                "principals": [],
                "resources": [
                  "*"
                ],
                "sid": ""
              },
              {
                "actions": [
                  "ec2:CreateTags"
                ],
                "condition": [
                  {
                    "test": "Null",
                    "values": [
                      "false"
                    ],
                    "variable": "aws:RequestTag/elbv2.k8s.aws/cluster"
                  },
                  {
                    "test": "StringEquals",
                    "values": [
                      "CreateSecurityGroup"
                    ],
                    "variable": "ec2:CreateAction"
                  }
                ],
                "effect": "Allow",
                "not_actions": [],
                "not_principals": [],
                "not_resources": [],
                "principals": [],
                "resources": [
                  "arn:aws:ec2:*:*:security-group/*"
                ],
                "sid": ""
              },
              {
                "actions": [
                  "ec2:CreateTags",
                  "ec2:DeleteTags"
                ],
                "condition": [
                  {
                    "test": "Null",
                    "values": [
                      "false"
                    ],
                    "variable": "aws:ResourceTag/ingress.k8s.aws/cluster"
                  }
                ],
                "effect": "Allow",
                "not_actions": [],
                "not_principals": [],
                "not_resources": [],
                "principals": [],
                "resources": [
                  "arn:aws:ec2:*:*:security-group/*"
                ],
                "sid": ""
              },
              {
                "actions": [
                  "elasticloadbalancing:AddTags",
                  "elasticloadbalancing:DeleteTargetGroup",
                  "elasticloadbalancing:RemoveTags"
                ],
                "condition": [
                  {
                    "test": "Null",
                    "values": [
                      "false"
                    ],
                    "variable": "aws:ResourceTag/ingress.k8s.aws/cluster"
                  }
                ],
                "effect": "Allow",
                "not_actions": [],
                "not_principals": [],
                "not_resources": [],
                "principals": [],
                "resources": [
                  "arn:aws:elasticloadbalancing:*:*:loadbalancer/app/*/*",
                  "arn:aws:elasticloadbalancing:*:*:loadbalancer/net/*/*",
                  "arn:aws:elasticloadbalancing:*:*:targetgroup/*/*"
                ],
                "sid": ""
              },
              {
                "actions": [
                  "ec2:CreateTags",
                  "ec2:DeleteTags"
                ],
                "condition": [
                  {
                    "test": "Null",
                    "values": [
                      "false"
                    ],
                    "variable": "aws:ResourceTag/elbv2.k8s.aws/cluster"
                  },
                  {
                    "test": "Null",
                    "values": [
                      "true"
                    ],
                    "variable": "aws:RequestTag/elbv2.k8s.aws/cluster"
                  }
                ],
                "effect": "Allow",
                "not_actions": [],
                "not_principals": [],
                "not_resources": [],
                "principals": [],
                "resources": [
                  "arn:aws:ec2:*:*:security-group/*"
                ],
                "sid": ""
              },
              {
                "actions": [
                  "ec2:AuthorizeSecurityGroupIngress",
                  "ec2:DeleteSecurityGroup",
                  "ec2:RevokeSecurityGroupIngress"
                ],
                "condition": [
                  {
                    "test": "Null",
                    "values": [
                      "false"
                    ],
                    "variable": "aws:ResourceTag/elbv2.k8s.aws/cluster"
                  }
                ],
                "effect": "Allow",
                "not_actions": [],
                "not_principals": [],
                "not_resources": [],
                "principals": [],
                "resources": [
                  "*"
                ],
                "sid": ""
              },
              {
                "actions": [
                  "elasticloadbalancing:CreateLoadBalancer",
                  "elasticloadbalancing:CreateTargetGroup"
                ],
                "condition": [
                  {
                    "test": "Null",
                    "values": [
                      "false"
                    ],
                    "variable": "aws:RequestTag/elbv2.k8s.aws/cluster"
                  }
                ],
                "effect": "Allow",
                "not_actions": [],
                "not_principals": [],
                "not_resources": [],
                "principals": [],
                "resources": [
                  "*"
                ],
                "sid": ""
              },
              {
                "actions": [
                  "elasticloadbalancing:CreateListener",
                  "elasticloadbalancing:CreateRule",
                  "elasticloadbalancing:DeleteListener",
                  "elasticloadbalancing:DeleteRule"
                ],
                "condition": [],
                "effect": "Allow",
                "not_actions": [],
                "not_principals": [],
                "not_resources": [],
                "principals": [],
                "resources": [
                  "*"
                ],
                "sid": ""
              },
              {
                "actions": [
                  "elasticloadbalancing:AddTags",
                  "elasticloadbalancing:RemoveTags"
                ],
                "condition": [
                  {
                    "test": "Null",
                    "values": [
                      "false"
                    ],
                    "variable": "aws:ResourceTag/elbv2.k8s.aws/cluster"
                  },
                  {
                    "test": "Null",
                    "values": [
                      "true"
                    ],
                    "variable": "aws:RequestTag/elbv2.k8s.aws/cluster"
                  }
                ],
                "effect": "Allow",
                "not_actions": [],
                "not_principals": [],
                "not_resources": [],
                "principals": [],
                "resources": [
                  "arn:aws:elasticloadbalancing:*:*:loadbalancer/app/*/*",
                  "arn:aws:elasticloadbalancing:*:*:loadbalancer/net/*/*",
                  "arn:aws:elasticloadbalancing:*:*:targetgroup/*/*"
                ],
                "sid": ""
              },
              {
                "actions": [
                  "elasticloadbalancing:AddTags",
                  "elasticloadbalancing:RemoveTags"
                ],
                "condition": [],
                "effect": "Allow",
                "not_actions": [],
                "not_principals": [],
                "not_resources": [],
                "principals": [],
                "resources": [
                  "arn:aws:elasticloadbalancing:*:*:listener-rule/app/*/*/*",
                  "arn:aws:elasticloadbalancing:*:*:listener-rule/net/*/*/*",
                  "arn:aws:elasticloadbalancing:*:*:listener/app/*/*/*",
                  "arn:aws:elasticloadbalancing:*:*:listener/net/*/*/*"
                ],
                "sid": ""
              },
              {
                "actions": [
                  "elasticloadbalancing:DeleteLoadBalancer",
                  "elasticloadbalancing:DeleteTargetGroup",
                  "elasticloadbalancing:ModifyLoadBalancerAttributes",
                  "elasticloadbalancing:ModifyTargetGroup",
                  "elasticloadbalancing:ModifyTargetGroupAttributes",
                  "elasticloadbalancing:SetIpAddressType",
                  "elasticloadbalancing:SetSecurityGroups",
                  "elasticloadbalancing:SetSubnets"
                ],
                "condition": [
                  {
                    "test": "Null",
                    "values": [
                      "false"
                    ],
                    "variable": "aws:ResourceTag/elbv2.k8s.aws/cluster"
                  }
                ],
                "effect": "Allow",
                "not_actions": [],
                "not_principals": [],
                "not_resources": [],
                "principals": [],
                "resources": [
                  "*"
                ],
                "sid": ""
              },
              {
                "actions": [
                  "elasticloadbalancing:DeregisterTargets",
                  "elasticloadbalancing:RegisterTargets"
                ],
                "condition": [],
                "effect": "Allow",
                "not_actions": [],
                "not_principals": [],
                "not_resources": [],
                "principals": [],
                "resources": [
                  "arn:aws:elasticloadbalancing:*:*:targetgroup/*/*"
                ],
                "sid": ""
              },
              {
                "actions": [
                  "elasticloadbalancing:AddListenerCertificates",
                  "elasticloadbalancing:ModifyListener",
                  "elasticloadbalancing:ModifyRule",
                  "elasticloadbalancing:RemoveListenerCertificates",
                  "elasticloadbalancing:SetWebAcl"
                ],
                "condition": [],
                "effect": "Allow",
                "not_actions": [],
                "not_principals": [],
                "not_resources": [],
                "principals": [],
                "resources": [
                  "*"
                ],
                "sid": ""
              }
            ],
            "version": "2012-10-17"
          },
          "sensitive_attributes": []
        }
      ]
    },
    {
      "module": "module.kubernetes_addons.module.aws_load_balancer_controller[0]",
      "mode": "managed",
      "type": "aws_iam_policy",
      "name": "aws_load_balancer_controller",
      "provider": "provider[\"registry.terraform.io/hashicorp/aws\"]",
      "instances": [
        {
          "schema_version": 0,
          "attributes": {
            "arn": "arn:aws:iam::535479350247:policy/eks-blueprints-no-cilium-lb-irsa",
            "description": "Allows lb controller to manage ALB and NLB",
            "id": "arn:aws:iam::535479350247:policy/eks-blueprints-no-cilium-lb-irsa",
            "name": "eks-blueprints-no-cilium-lb-irsa",
            "name_prefix": null,
            "path": "/",
            "policy": "{\"Statement\":[{\"Action\":\"iam:CreateServiceLinkedRole\",\"Condition\":{\"StringEquals\":{\"iam:AWSServiceName\":\"elasticloadbalancing.amazonaws.com\"}},\"Effect\":\"Allow\",\"Resource\":\"*\",\"Sid\":\"\"},{\"Action\":[\"elasticloadbalancing:DescribeTargetHealth\",\"elasticloadbalancing:DescribeTargetGroups\",\"elasticloadbalancing:DescribeTargetGroupAttributes\",\"elasticloadbalancing:DescribeTags\",\"elasticloadbalancing:DescribeSSLPolicies\",\"elasticloadbalancing:DescribeRules\",\"elasticloadbalancing:DescribeLoadBalancers\",\"elasticloadbalancing:DescribeLoadBalancerAttributes\",\"elasticloadbalancing:DescribeListeners\",\"elasticloadbalancing:DescribeListenerCertificates\",\"ec2:GetCoipPoolUsage\",\"ec2:DescribeVpcs\",\"ec2:DescribeVpcPeeringConnections\",\"ec2:DescribeTags\",\"ec2:DescribeSubnets\",\"ec2:DescribeSecurityGroups\",\"ec2:DescribeNetworkInterfaces\",\"ec2:DescribeInternetGateways\",\"ec2:DescribeInstances\",\"ec2:DescribeCoipPools\",\"ec2:DescribeAvailabilityZones\",\"ec2:DescribeAddresses\",\"ec2:DescribeAccountAttributes\"],\"Effect\":\"Allow\",\"Resource\":\"*\",\"Sid\":\"\"},{\"Action\":[\"wafv2:GetWebACLForResource\",\"wafv2:GetWebACL\",\"wafv2:DisassociateWebACL\",\"wafv2:AssociateWebACL\",\"waf-regional:GetWebACLForResource\",\"waf-regional:GetWebACL\",\"waf-regional:DisassociateWebACL\",\"waf-regional:AssociateWebACL\",\"shield:GetSubscriptionState\",\"shield:DescribeProtection\",\"shield:DeleteProtection\",\"shield:CreateProtection\",\"iam:ListServerCertificates\",\"iam:GetServerCertificate\",\"cognito-idp:DescribeUserPoolClient\",\"acm:ListCertificates\",\"acm:DescribeCertificate\"],\"Effect\":\"Allow\",\"Resource\":\"*\",\"Sid\":\"\"},{\"Action\":[\"ec2:RevokeSecurityGroupIngress\",\"ec2:AuthorizeSecurityGroupIngress\"],\"Effect\":\"Allow\",\"Resource\":\"*\",\"Sid\":\"\"},{\"Action\":\"ec2:CreateSecurityGroup\",\"Effect\":\"Allow\",\"Resource\":\"*\",\"Sid\":\"\"},{\"Action\":\"ec2:CreateTags\",\"Condition\":{\"Null\":{\"aws:RequestTag/elbv2.k8s.aws/cluster\":\"false\"},\"StringEquals\":{\"ec2:CreateAction\":\"CreateSecurityGroup\"}},\"Effect\":\"Allow\",\"Resource\":\"arn:aws:ec2:*:*:security-group/*\",\"Sid\":\"\"},{\"Action\":[\"ec2:DeleteTags\",\"ec2:CreateTags\"],\"Condition\":{\"Null\":{\"aws:ResourceTag/ingress.k8s.aws/cluster\":\"false\"}},\"Effect\":\"Allow\",\"Resource\":\"arn:aws:ec2:*:*:security-group/*\",\"Sid\":\"\"},{\"Action\":[\"elasticloadbalancing:RemoveTags\",\"elasticloadbalancing:DeleteTargetGroup\",\"elasticloadbalancing:AddTags\"],\"Condition\":{\"Null\":{\"aws:ResourceTag/ingress.k8s.aws/cluster\":\"false\"}},\"Effect\":\"Allow\",\"Resource\":[\"arn:aws:elasticloadbalancing:*:*:targetgroup/*/*\",\"arn:aws:elasticloadbalancing:*:*:loadbalancer/net/*/*\",\"arn:aws:elasticloadbalancing:*:*:loadbalancer/app/*/*\"],\"Sid\":\"\"},{\"Action\":[\"ec2:DeleteTags\",\"ec2:CreateTags\"],\"Condition\":{\"Null\":{\"aws:RequestTag/elbv2.k8s.aws/cluster\":\"true\",\"aws:ResourceTag/elbv2.k8s.aws/cluster\":\"false\"}},\"Effect\":\"Allow\",\"Resource\":\"arn:aws:ec2:*:*:security-group/*\",\"Sid\":\"\"},{\"Action\":[\"ec2:RevokeSecurityGroupIngress\",\"ec2:DeleteSecurityGroup\",\"ec2:AuthorizeSecurityGroupIngress\"],\"Condition\":{\"Null\":{\"aws:ResourceTag/elbv2.k8s.aws/cluster\":\"false\"}},\"Effect\":\"Allow\",\"Resource\":\"*\",\"Sid\":\"\"},{\"Action\":[\"elasticloadbalancing:CreateTargetGroup\",\"elasticloadbalancing:CreateLoadBalancer\"],\"Condition\":{\"Null\":{\"aws:RequestTag/elbv2.k8s.aws/cluster\":\"false\"}},\"Effect\":\"Allow\",\"Resource\":\"*\",\"Sid\":\"\"},{\"Action\":[\"elasticloadbalancing:DeleteRule\",\"elasticloadbalancing:DeleteListener\",\"elasticloadbalancing:CreateRule\",\"elasticloadbalancing:CreateListener\"],\"Effect\":\"Allow\",\"Resource\":\"*\",\"Sid\":\"\"},{\"Action\":[\"elasticloadbalancing:RemoveTags\",\"elasticloadbalancing:AddTags\"],\"Condition\":{\"Null\":{\"aws:RequestTag/elbv2.k8s.aws/cluster\":\"true\",\"aws:ResourceTag/elbv2.k8s.aws/cluster\":\"false\"}},\"Effect\":\"Allow\",\"Resource\":[\"arn:aws:elasticloadbalancing:*:*:targetgroup/*/*\",\"arn:aws:elasticloadbalancing:*:*:loadbalancer/net/*/*\",\"arn:aws:elasticloadbalancing:*:*:loadbalancer/app/*/*\"],\"Sid\":\"\"},{\"Action\":[\"elasticloadbalancing:RemoveTags\",\"elasticloadbalancing:AddTags\"],\"Effect\":\"Allow\",\"Resource\":[\"arn:aws:elasticloadbalancing:*:*:listener/net/*/*/*\",\"arn:aws:elasticloadbalancing:*:*:listener/app/*/*/*\",\"arn:aws:elasticloadbalancing:*:*:listener-rule/net/*/*/*\",\"arn:aws:elasticloadbalancing:*:*:listener-rule/app/*/*/*\"],\"Sid\":\"\"},{\"Action\":[\"elasticloadbalancing:SetSubnets\",\"elasticloadbalancing:SetSecurityGroups\",\"elasticloadbalancing:SetIpAddressType\",\"elasticloadbalancing:ModifyTargetGroupAttributes\",\"elasticloadbalancing:ModifyTargetGroup\",\"elasticloadbalancing:ModifyLoadBalancerAttributes\",\"elasticloadbalancing:DeleteTargetGroup\",\"elasticloadbalancing:DeleteLoadBalancer\"],\"Condition\":{\"Null\":{\"aws:ResourceTag/elbv2.k8s.aws/cluster\":\"false\"}},\"Effect\":\"Allow\",\"Resource\":\"*\",\"Sid\":\"\"},{\"Action\":[\"elasticloadbalancing:RegisterTargets\",\"elasticloadbalancing:DeregisterTargets\"],\"Effect\":\"Allow\",\"Resource\":\"arn:aws:elasticloadbalancing:*:*:targetgroup/*/*\",\"Sid\":\"\"},{\"Action\":[\"elasticloadbalancing:SetWebAcl\",\"elasticloadbalancing:RemoveListenerCertificates\",\"elasticloadbalancing:ModifyRule\",\"elasticloadbalancing:ModifyListener\",\"elasticloadbalancing:AddListenerCertificates\"],\"Effect\":\"Allow\",\"Resource\":\"*\",\"Sid\":\"\"}],\"Version\":\"2012-10-17\"}",
            "policy_id": "ANPAXZLIOOPTU2DBI6NBT",
            "tags": null,
            "tags_all": {}
          },
          "sensitive_attributes": [],
          "private": "bnVsbA==",
          "dependencies": [
            "module.eks_blueprints.data.aws_iam_policy_document.eks_key",
            "module.eks_blueprints.module.aws_eks.aws_cloudwatch_log_group.this",
            "module.eks_blueprints.module.aws_eks.aws_eks_cluster.this",
            "module.eks_blueprints.module.aws_eks.aws_iam_role.this",
            "module.eks_blueprints.module.aws_eks.aws_iam_role_policy_attachment.this",
            "module.eks_blueprints.module.aws_eks.aws_security_group.cluster",
            "module.eks_blueprints.module.aws_eks.aws_security_group.node",
            "module.eks_blueprints.module.aws_eks.aws_security_group_rule.cluster",
            "module.eks_blueprints.module.aws_eks.aws_security_group_rule.node",
            "module.eks_blueprints.module.aws_eks.data.aws_iam_policy_document.assume_role_policy",
            "module.eks_blueprints.module.aws_eks.data.aws_partition.current",
            "module.eks_blueprints.module.aws_eks.module.kms.aws_kms_external_key.this",
            "module.eks_blueprints.module.aws_eks.module.kms.aws_kms_key.this",
            "module.eks_blueprints.module.kms.aws_kms_key.this",
            "module.kubernetes_addons.data.aws_caller_identity.current",
            "module.kubernetes_addons.data.aws_eks_cluster.eks_cluster",
            "module.kubernetes_addons.data.aws_partition.current",
            "module.kubernetes_addons.data.aws_region.current",
            "module.kubernetes_addons.module.aws_load_balancer_controller.data.aws_iam_policy_document.aws_lb",
            "module.kubernetes_addons.time_sleep.dataplane"
          ]
        }
      ]
    },
    {
      "module": "module.kubernetes_addons.module.aws_load_balancer_controller[0].module.helm_addon.module.irsa[0]",
      "mode": "managed",
      "type": "aws_iam_role",
      "name": "irsa",
      "provider": "provider[\"registry.terraform.io/hashicorp/aws\"]",
      "instances": [
        {
          "index_key": 0,
          "schema_version": 0,
          "attributes": {
            "arn": "arn:aws:iam::535479350247:role/eks-blueprints-no-cilium-aws-load-balancer-controller-sa-irsa",
            "assume_role_policy": "{\"Statement\":[{\"Action\":\"sts:AssumeRoleWithWebIdentity\",\"Condition\":{\"StringLike\":{\"oidc.eks.ap-southeast-1.amazonaws.com/id/AC1F65F971A7276CF0573C9D0E78D565:aud\":\"sts.amazonaws.com\",\"oidc.eks.ap-southeast-1.amazonaws.com/id/AC1F65F971A7276CF0573C9D0E78D565:sub\":\"system:serviceaccount:kube-system:aws-load-balancer-controller-sa\"}},\"Effect\":\"Allow\",\"Principal\":{\"Federated\":\"arn:aws:iam::535479350247:oidc-provider/oidc.eks.ap-southeast-1.amazonaws.com/id/AC1F65F971A7276CF0573C9D0E78D565\"}}],\"Version\":\"2012-10-17\"}",
            "create_date": "2023-01-10T08:52:27Z",
            "description": "AWS IAM Role for the Kubernetes service account aws-load-balancer-controller-sa.",
            "force_detach_policies": true,
            "id": "eks-blueprints-no-cilium-aws-load-balancer-controller-sa-irsa",
            "inline_policy": [],
            "managed_policy_arns": [],
            "max_session_duration": 3600,
            "name": "eks-blueprints-no-cilium-aws-load-balancer-controller-sa-irsa",
            "name_prefix": "",
            "path": "/",
            "permissions_boundary": "",
            "tags": null,
            "tags_all": {},
            "unique_id": "AROAXZLIOOPTQER65RCFM"
          },
          "sensitive_attributes": [],
          "private": "bnVsbA==",
          "dependencies": [
            "module.eks_blueprints.data.aws_iam_policy_document.eks_key",
            "module.eks_blueprints.module.aws_eks.aws_cloudwatch_log_group.this",
            "module.eks_blueprints.module.aws_eks.aws_eks_cluster.this",
            "module.eks_blueprints.module.aws_eks.aws_iam_role.this",
            "module.eks_blueprints.module.aws_eks.aws_iam_role_policy_attachment.this",
            "module.eks_blueprints.module.aws_eks.aws_security_group.cluster",
            "module.eks_blueprints.module.aws_eks.aws_security_group.node",
            "module.eks_blueprints.module.aws_eks.aws_security_group_rule.cluster",
            "module.eks_blueprints.module.aws_eks.aws_security_group_rule.node",
            "module.eks_blueprints.module.aws_eks.data.aws_iam_policy_document.assume_role_policy",
            "module.eks_blueprints.module.aws_eks.data.aws_partition.current",
            "module.eks_blueprints.module.aws_eks.module.kms.aws_kms_external_key.this",
            "module.eks_blueprints.module.aws_eks.module.kms.aws_kms_key.this",
            "module.eks_blueprints.module.kms.aws_kms_key.this",
            "module.kubernetes_addons.data.aws_caller_identity.current",
            "module.kubernetes_addons.data.aws_eks_cluster.eks_cluster",
            "module.kubernetes_addons.data.aws_partition.current",
            "module.kubernetes_addons.data.aws_region.current",
            "module.kubernetes_addons.module.aws_load_balancer_controller.aws_iam_policy.aws_load_balancer_controller",
            "module.kubernetes_addons.module.aws_load_balancer_controller.data.aws_iam_policy_document.aws_lb",
            "module.kubernetes_addons.time_sleep.dataplane"
          ]
        }
      ]
    },
    {
      "module": "module.kubernetes_addons.module.aws_load_balancer_controller[0].module.helm_addon.module.irsa[0]",
      "mode": "managed",
      "type": "aws_iam_role_policy_attachment",
      "name": "irsa",
      "provider": "provider[\"registry.terraform.io/hashicorp/aws\"]",
      "instances": [
        {
          "index_key": 0,
          "schema_version": 0,
          "attributes": {
            "id": "eks-blueprints-no-cilium-aws-load-balancer-controller-sa-irsa-20230110085230022400000008",
            "policy_arn": "arn:aws:iam::535479350247:policy/eks-blueprints-no-cilium-lb-irsa",
            "role": "eks-blueprints-no-cilium-aws-load-balancer-controller-sa-irsa"
          },
          "sensitive_attributes": [],
          "private": "bnVsbA==",
          "dependencies": [
            "module.eks_blueprints.data.aws_iam_policy_document.eks_key",
            "module.eks_blueprints.module.aws_eks.aws_cloudwatch_log_group.this",
            "module.eks_blueprints.module.aws_eks.aws_eks_cluster.this",
            "module.eks_blueprints.module.aws_eks.aws_iam_role.this",
            "module.eks_blueprints.module.aws_eks.aws_iam_role_policy_attachment.this",
            "module.eks_blueprints.module.aws_eks.aws_security_group.cluster",
            "module.eks_blueprints.module.aws_eks.aws_security_group.node",
            "module.eks_blueprints.module.aws_eks.aws_security_group_rule.cluster",
            "module.eks_blueprints.module.aws_eks.aws_security_group_rule.node",
            "module.eks_blueprints.module.aws_eks.data.aws_iam_policy_document.assume_role_policy",
            "module.eks_blueprints.module.aws_eks.data.aws_partition.current",
            "module.eks_blueprints.module.aws_eks.module.kms.aws_kms_external_key.this",
            "module.eks_blueprints.module.aws_eks.module.kms.aws_kms_key.this",
            "module.eks_blueprints.module.kms.aws_kms_key.this",
            "module.kubernetes_addons.data.aws_caller_identity.current",
            "module.kubernetes_addons.data.aws_eks_cluster.eks_cluster",
            "module.kubernetes_addons.data.aws_partition.current",
            "module.kubernetes_addons.data.aws_region.current",
            "module.kubernetes_addons.module.aws_load_balancer_controller.aws_iam_policy.aws_load_balancer_controller",
            "module.kubernetes_addons.module.aws_load_balancer_controller.data.aws_iam_policy_document.aws_lb",
            "module.kubernetes_addons.module.aws_load_balancer_controller.module.helm_addon.module.irsa.aws_iam_role.irsa",
            "module.kubernetes_addons.time_sleep.dataplane"
          ]
        }
      ]
    },
    {
      "module": "module.kubernetes_addons.module.aws_load_balancer_controller[0].module.helm_addon.module.irsa[0]",
      "mode": "managed",
      "type": "kubernetes_service_account_v1",
      "name": "irsa",
      "provider": "provider[\"registry.terraform.io/hashicorp/kubernetes\"]",
      "instances": [
        {
          "index_key": 0,
          "schema_version": 0,
          "attributes": {
            "automount_service_account_token": true,
            "default_secret_name": "",
            "id": "kube-system/aws-load-balancer-controller-sa",
            "image_pull_secret": [],
            "metadata": [
              {
                "annotations": {
                  "eks.amazonaws.com/role-arn": "arn:aws:iam::535479350247:role/eks-blueprints-no-cilium-aws-load-balancer-controller-sa-irsa"
                },
                "generate_name": "",
                "generation": 0,
                "labels": null,
                "name": "aws-load-balancer-controller-sa",
                "namespace": "kube-system",
                "resource_version": "2179",
                "uid": "4ac8996a-b1e1-4760-b7e2-5125d88e6d97"
              }
            ],
            "secret": [],
            "timeouts": null
          },
          "sensitive_attributes": [],
          "private": "eyJlMmJmYjczMC1lY2FhLTExZTYtOGY4OC0zNDM2M2JjN2M0YzAiOnsiY3JlYXRlIjozMDAwMDAwMDAwMH19",
          "dependencies": [
            "data.aws_eks_cluster_auth.this",
            "module.eks_blueprints.data.aws_iam_policy_document.eks_key",
            "module.eks_blueprints.module.aws_eks.aws_cloudwatch_log_group.this",
            "module.eks_blueprints.module.aws_eks.aws_eks_cluster.this",
            "module.eks_blueprints.module.aws_eks.aws_iam_role.this",
            "module.eks_blueprints.module.aws_eks.aws_iam_role_policy_attachment.this",
            "module.eks_blueprints.module.aws_eks.aws_security_group.cluster",
            "module.eks_blueprints.module.aws_eks.aws_security_group.node",
            "module.eks_blueprints.module.aws_eks.aws_security_group_rule.cluster",
            "module.eks_blueprints.module.aws_eks.aws_security_group_rule.node",
            "module.eks_blueprints.module.aws_eks.data.aws_iam_policy_document.assume_role_policy",
            "module.eks_blueprints.module.aws_eks.data.aws_partition.current",
            "module.eks_blueprints.module.aws_eks.module.kms.aws_kms_external_key.this",
            "module.eks_blueprints.module.aws_eks.module.kms.aws_kms_key.this",
            "module.eks_blueprints.module.kms.aws_kms_key.this",
            "module.kubernetes_addons.data.aws_caller_identity.current",
            "module.kubernetes_addons.data.aws_eks_cluster.eks_cluster",
            "module.kubernetes_addons.data.aws_partition.current",
            "module.kubernetes_addons.data.aws_region.current",
            "module.kubernetes_addons.module.aws_load_balancer_controller.aws_iam_policy.aws_load_balancer_controller",
            "module.kubernetes_addons.module.aws_load_balancer_controller.data.aws_iam_policy_document.aws_lb",
            "module.kubernetes_addons.module.aws_load_balancer_controller.module.helm_addon.module.irsa.aws_iam_role.irsa",
            "module.kubernetes_addons.module.aws_load_balancer_controller.module.helm_addon.module.irsa.kubernetes_namespace_v1.irsa",
            "module.kubernetes_addons.time_sleep.dataplane"
          ]
        }
      ]
    },
    {
      "module": "module.kubernetes_addons.module.karpenter[0]",
      "mode": "data",
      "type": "aws_iam_policy_document",
      "name": "karpenter",
      "provider": "provider[\"registry.terraform.io/hashicorp/aws\"]",
      "instances": [
        {
          "schema_version": 0,
          "attributes": {
            "id": "2697562476",
            "json": "{\n  \"Version\": \"2012-10-17\",\n  \"Statement\": [\n    {\n      \"Sid\": \"Karpenter\",\n      \"Effect\": \"Allow\",\n      \"Action\": [\n        \"ssm:GetParameter\",\n        \"pricing:GetProducts\",\n        \"iam:PassRole\",\n        \"ec2:RunInstances\",\n        \"ec2:DescribeSubnets\",\n        \"ec2:DescribeSpotPriceHistory\",\n        \"ec2:DescribeSecurityGroups\",\n        \"ec2:DescribeLaunchTemplates\",\n        \"ec2:DescribeInstances\",\n        \"ec2:DescribeInstanceTypes\",\n        \"ec2:DescribeInstanceTypeOfferings\",\n        \"ec2:DescribeImages\",\n        \"ec2:DescribeAvailabilityZones\",\n        \"ec2:DeleteLaunchTemplate\",\n        \"ec2:CreateTags\",\n        \"ec2:CreateLaunchTemplate\",\n        \"ec2:CreateFleet\"\n      ],\n      \"Resource\": \"*\"\n    },\n    {\n      \"Sid\": \"ConditionalEC2Termination\",\n      \"Effect\": \"Allow\",\n      \"Action\": \"ec2:TerminateInstances\",\n      \"Resource\": \"*\",\n      \"Condition\": {\n        \"StringLike\": {\n          \"ec2:ResourceTag/Name\": \"*karpenter*\"\n        }\n      }\n    }\n  ]\n}",
            "override_json": null,
            "override_policy_documents": null,
            "policy_id": null,
            "source_json": null,
            "source_policy_documents": null,
            "statement": [
              {
                "actions": [
                  "ec2:CreateFleet",
                  "ec2:CreateLaunchTemplate",
                  "ec2:CreateTags",
                  "ec2:DeleteLaunchTemplate",
                  "ec2:DescribeAvailabilityZones",
                  "ec2:DescribeImages",
                  "ec2:DescribeInstanceTypeOfferings",
                  "ec2:DescribeInstanceTypes",
                  "ec2:DescribeInstances",
                  "ec2:DescribeLaunchTemplates",
                  "ec2:DescribeSecurityGroups",
                  "ec2:DescribeSpotPriceHistory",
                  "ec2:DescribeSubnets",
                  "ec2:RunInstances",
                  "iam:PassRole",
                  "pricing:GetProducts",
                  "ssm:GetParameter"
                ],
                "condition": [],
                "effect": "Allow",
                "not_actions": [],
                "not_principals": [],
                "not_resources": [],
                "principals": [],
                "resources": [
                  "*"
                ],
                "sid": "Karpenter"
              },
              {
                "actions": [
                  "ec2:TerminateInstances"
                ],
                "condition": [
                  {
                    "test": "StringLike",
                    "values": [
                      "*karpenter*"
                    ],
                    "variable": "ec2:ResourceTag/Name"
                  }
                ],
                "effect": "Allow",
                "not_actions": [],
                "not_principals": [],
                "not_resources": [],
                "principals": [],
                "resources": [
                  "*"
                ],
                "sid": "ConditionalEC2Termination"
              }
            ],
            "version": "2012-10-17"
          },
          "sensitive_attributes": []
        }
      ]
    },
    {
      "module": "module.kubernetes_addons.module.karpenter[0]",
      "mode": "managed",
      "type": "aws_iam_policy",
      "name": "karpenter",
      "provider": "provider[\"registry.terraform.io/hashicorp/aws\"]",
      "instances": [
        {
          "schema_version": 0,
          "attributes": {
            "arn": "arn:aws:iam::535479350247:policy/eks-blueprints-no-cilium-karpenter",
            "description": "IAM Policy for Karpenter",
            "id": "arn:aws:iam::535479350247:policy/eks-blueprints-no-cilium-karpenter",
            "name": "eks-blueprints-no-cilium-karpenter",
            "name_prefix": null,
            "path": "/",
            "policy": "{\"Statement\":[{\"Action\":[\"ssm:GetParameter\",\"pricing:GetProducts\",\"iam:PassRole\",\"ec2:RunInstances\",\"ec2:DescribeSubnets\",\"ec2:DescribeSpotPriceHistory\",\"ec2:DescribeSecurityGroups\",\"ec2:DescribeLaunchTemplates\",\"ec2:DescribeInstances\",\"ec2:DescribeInstanceTypes\",\"ec2:DescribeInstanceTypeOfferings\",\"ec2:DescribeImages\",\"ec2:DescribeAvailabilityZones\",\"ec2:DeleteLaunchTemplate\",\"ec2:CreateTags\",\"ec2:CreateLaunchTemplate\",\"ec2:CreateFleet\"],\"Effect\":\"Allow\",\"Resource\":\"*\",\"Sid\":\"Karpenter\"},{\"Action\":\"ec2:TerminateInstances\",\"Condition\":{\"StringLike\":{\"ec2:ResourceTag/Name\":\"*karpenter*\"}},\"Effect\":\"Allow\",\"Resource\":\"*\",\"Sid\":\"ConditionalEC2Termination\"}],\"Version\":\"2012-10-17\"}",
            "policy_id": "ANPAXZLIOOPTUYQ5PYIZE",
            "tags": null,
            "tags_all": {}
          },
          "sensitive_attributes": [],
          "private": "bnVsbA==",
          "dependencies": [
            "module.eks_blueprints.data.aws_iam_policy_document.eks_key",
            "module.eks_blueprints.module.aws_eks.aws_cloudwatch_log_group.this",
            "module.eks_blueprints.module.aws_eks.aws_eks_cluster.this",
            "module.eks_blueprints.module.aws_eks.aws_iam_role.this",
            "module.eks_blueprints.module.aws_eks.aws_iam_role_policy_attachment.this",
            "module.eks_blueprints.module.aws_eks.aws_security_group.cluster",
            "module.eks_blueprints.module.aws_eks.aws_security_group.node",
            "module.eks_blueprints.module.aws_eks.aws_security_group_rule.cluster",
            "module.eks_blueprints.module.aws_eks.aws_security_group_rule.node",
            "module.eks_blueprints.module.aws_eks.data.aws_iam_policy_document.assume_role_policy",
            "module.eks_blueprints.module.aws_eks.data.aws_partition.current",
            "module.eks_blueprints.module.aws_eks.module.kms.aws_kms_external_key.this",
            "module.eks_blueprints.module.aws_eks.module.kms.aws_kms_key.this",
            "module.eks_blueprints.module.kms.aws_kms_key.this",
            "module.kubernetes_addons.data.aws_caller_identity.current",
            "module.kubernetes_addons.data.aws_eks_cluster.eks_cluster",
            "module.kubernetes_addons.data.aws_partition.current",
            "module.kubernetes_addons.data.aws_region.current",
            "module.kubernetes_addons.module.karpenter.data.aws_iam_policy_document.karpenter",
            "module.kubernetes_addons.time_sleep.dataplane"
          ]
        }
      ]
    },
    {
      "module": "module.kubernetes_addons.module.karpenter[0].module.helm_addon.module.irsa[0]",
      "mode": "managed",
      "type": "aws_iam_role",
      "name": "irsa",
      "provider": "provider[\"registry.terraform.io/hashicorp/aws\"]",
      "instances": [
        {
          "index_key": 0,
          "schema_version": 0,
          "attributes": {
            "arn": "arn:aws:iam::535479350247:role/eks-blueprints-no-cilium-karpenter-irsa",
            "assume_role_policy": "{\"Statement\":[{\"Action\":\"sts:AssumeRoleWithWebIdentity\",\"Condition\":{\"StringLike\":{\"oidc.eks.ap-southeast-1.amazonaws.com/id/AC1F65F971A7276CF0573C9D0E78D565:aud\":\"sts.amazonaws.com\",\"oidc.eks.ap-southeast-1.amazonaws.com/id/AC1F65F971A7276CF0573C9D0E78D565:sub\":\"system:serviceaccount:karpenter:karpenter\"}},\"Effect\":\"Allow\",\"Principal\":{\"Federated\":\"arn:aws:iam::535479350247:oidc-provider/oidc.eks.ap-southeast-1.amazonaws.com/id/AC1F65F971A7276CF0573C9D0E78D565\"}}],\"Version\":\"2012-10-17\"}",
            "create_date": "2023-01-10T08:52:22Z",
            "description": "AWS IAM Role for the Kubernetes service account karpenter.",
            "force_detach_policies": true,
            "id": "eks-blueprints-no-cilium-karpenter-irsa",
            "inline_policy": [],
            "managed_policy_arns": [],
            "max_session_duration": 3600,
            "name": "eks-blueprints-no-cilium-karpenter-irsa",
            "name_prefix": "",
            "path": "/",
            "permissions_boundary": "",
            "tags": null,
            "tags_all": {},
            "unique_id": "AROAXZLIOOPTX65WSNYV2"
          },
          "sensitive_attributes": [],
          "private": "bnVsbA==",
          "dependencies": [
            "module.eks_blueprints.data.aws_iam_policy_document.eks_key",
            "module.eks_blueprints.module.aws_eks.aws_cloudwatch_log_group.this",
            "module.eks_blueprints.module.aws_eks.aws_eks_cluster.this",
            "module.eks_blueprints.module.aws_eks.aws_iam_role.this",
            "module.eks_blueprints.module.aws_eks.aws_iam_role_policy_attachment.this",
            "module.eks_blueprints.module.aws_eks.aws_security_group.cluster",
            "module.eks_blueprints.module.aws_eks.aws_security_group.node",
            "module.eks_blueprints.module.aws_eks.aws_security_group_rule.cluster",
            "module.eks_blueprints.module.aws_eks.aws_security_group_rule.node",
            "module.eks_blueprints.module.aws_eks.data.aws_iam_policy_document.assume_role_policy",
            "module.eks_blueprints.module.aws_eks.data.aws_partition.current",
            "module.eks_blueprints.module.aws_eks.module.kms.aws_kms_external_key.this",
            "module.eks_blueprints.module.aws_eks.module.kms.aws_kms_key.this",
            "module.eks_blueprints.module.kms.aws_kms_key.this",
            "module.kubernetes_addons.data.aws_caller_identity.current",
            "module.kubernetes_addons.data.aws_eks_cluster.eks_cluster",
            "module.kubernetes_addons.data.aws_partition.current",
            "module.kubernetes_addons.data.aws_region.current",
            "module.kubernetes_addons.module.karpenter.aws_iam_policy.karpenter",
            "module.kubernetes_addons.module.karpenter.data.aws_iam_policy_document.karpenter",
            "module.kubernetes_addons.time_sleep.dataplane"
          ]
        }
      ]
    },
    {
      "module": "module.kubernetes_addons.module.karpenter[0].module.helm_addon.module.irsa[0]",
      "mode": "managed",
      "type": "aws_iam_role_policy_attachment",
      "name": "irsa",
      "provider": "provider[\"registry.terraform.io/hashicorp/aws\"]",
      "instances": [
        {
          "index_key": 0,
          "schema_version": 0,
          "attributes": {
            "id": "eks-blueprints-no-cilium-karpenter-irsa-20230110085226248000000006",
            "policy_arn": "arn:aws:iam::535479350247:policy/eks-blueprints-no-cilium-karpenter",
            "role": "eks-blueprints-no-cilium-karpenter-irsa"
          },
          "sensitive_attributes": [],
          "private": "bnVsbA==",
          "dependencies": [
            "module.eks_blueprints.data.aws_iam_policy_document.eks_key",
            "module.eks_blueprints.module.aws_eks.aws_cloudwatch_log_group.this",
            "module.eks_blueprints.module.aws_eks.aws_eks_cluster.this",
            "module.eks_blueprints.module.aws_eks.aws_iam_role.this",
            "module.eks_blueprints.module.aws_eks.aws_iam_role_policy_attachment.this",
            "module.eks_blueprints.module.aws_eks.aws_security_group.cluster",
            "module.eks_blueprints.module.aws_eks.aws_security_group.node",
            "module.eks_blueprints.module.aws_eks.aws_security_group_rule.cluster",
            "module.eks_blueprints.module.aws_eks.aws_security_group_rule.node",
            "module.eks_blueprints.module.aws_eks.data.aws_iam_policy_document.assume_role_policy",
            "module.eks_blueprints.module.aws_eks.data.aws_partition.current",
            "module.eks_blueprints.module.aws_eks.module.kms.aws_kms_external_key.this",
            "module.eks_blueprints.module.aws_eks.module.kms.aws_kms_key.this",
            "module.eks_blueprints.module.kms.aws_kms_key.this",
            "module.kubernetes_addons.data.aws_caller_identity.current",
            "module.kubernetes_addons.data.aws_eks_cluster.eks_cluster",
            "module.kubernetes_addons.data.aws_partition.current",
            "module.kubernetes_addons.data.aws_region.current",
            "module.kubernetes_addons.module.karpenter.aws_iam_policy.karpenter",
            "module.kubernetes_addons.module.karpenter.data.aws_iam_policy_document.karpenter",
            "module.kubernetes_addons.module.karpenter.module.helm_addon.module.irsa.aws_iam_role.irsa",
            "module.kubernetes_addons.time_sleep.dataplane"
          ]
        }
      ]
    },
    {
      "module": "module.kubernetes_addons.module.karpenter[0].module.helm_addon.module.irsa[0]",
      "mode": "managed",
      "type": "kubernetes_namespace_v1",
      "name": "irsa",
      "provider": "provider[\"registry.terraform.io/hashicorp/kubernetes\"]",
      "instances": [
        {
          "index_key": 0,
          "schema_version": 0,
          "attributes": {
            "id": "karpenter",
            "metadata": [
              {
                "annotations": null,
                "generate_name": "",
                "generation": 0,
                "labels": null,
                "name": "karpenter",
                "resource_version": "1989",
                "uid": "329d4eea-0dbe-47d0-847d-e352266f7873"
              }
            ],
            "timeouts": {
              "delete": "15m"
            }
          },
          "sensitive_attributes": [],
          "private": "eyJlMmJmYjczMC1lY2FhLTExZTYtOGY4OC0zNDM2M2JjN2M0YzAiOnsiZGVsZXRlIjo5MDAwMDAwMDAwMDB9fQ==",
          "dependencies": [
            "data.aws_eks_cluster_auth.this",
            "module.eks_blueprints.data.aws_iam_policy_document.eks_key",
            "module.eks_blueprints.module.aws_eks.aws_cloudwatch_log_group.this",
            "module.eks_blueprints.module.aws_eks.aws_eks_cluster.this",
            "module.eks_blueprints.module.aws_eks.aws_iam_role.this",
            "module.eks_blueprints.module.aws_eks.aws_iam_role_policy_attachment.this",
            "module.eks_blueprints.module.aws_eks.aws_security_group.cluster",
            "module.eks_blueprints.module.aws_eks.aws_security_group.node",
            "module.eks_blueprints.module.aws_eks.aws_security_group_rule.cluster",
            "module.eks_blueprints.module.aws_eks.aws_security_group_rule.node",
            "module.eks_blueprints.module.aws_eks.data.aws_iam_policy_document.assume_role_policy",
            "module.eks_blueprints.module.aws_eks.data.aws_partition.current",
            "module.eks_blueprints.module.aws_eks.module.kms.aws_kms_external_key.this",
            "module.eks_blueprints.module.aws_eks.module.kms.aws_kms_key.this",
            "module.eks_blueprints.module.kms.aws_kms_key.this",
            "module.kubernetes_addons.data.aws_caller_identity.current",
            "module.kubernetes_addons.data.aws_eks_cluster.eks_cluster",
            "module.kubernetes_addons.data.aws_partition.current",
            "module.kubernetes_addons.data.aws_region.current",
            "module.kubernetes_addons.module.karpenter.aws_iam_policy.karpenter",
            "module.kubernetes_addons.module.karpenter.data.aws_iam_policy_document.karpenter",
            "module.kubernetes_addons.time_sleep.dataplane"
          ]
        }
      ]
    },
    {
      "module": "module.kubernetes_addons.module.karpenter[0].module.helm_addon.module.irsa[0]",
      "mode": "managed",
      "type": "kubernetes_service_account_v1",
      "name": "irsa",
      "provider": "provider[\"registry.terraform.io/hashicorp/kubernetes\"]",
      "instances": [
        {
          "index_key": 0,
          "schema_version": 0,
          "attributes": {
            "automount_service_account_token": true,
            "default_secret_name": "",
            "id": "karpenter/karpenter",
            "image_pull_secret": [],
            "metadata": [
              {
                "annotations": {
                  "eks.amazonaws.com/role-arn": "arn:aws:iam::535479350247:role/eks-blueprints-no-cilium-karpenter-irsa"
                },
                "generate_name": "",
                "generation": 0,
                "labels": null,
                "name": "karpenter",
                "namespace": "karpenter",
                "resource_version": "2065",
                "uid": "e406bd37-c7b1-4115-9aa8-8b1535f4cf8a"
              }
            ],
            "secret": [],
            "timeouts": null
          },
          "sensitive_attributes": [],
          "private": "eyJlMmJmYjczMC1lY2FhLTExZTYtOGY4OC0zNDM2M2JjN2M0YzAiOnsiY3JlYXRlIjozMDAwMDAwMDAwMH19",
          "dependencies": [
            "data.aws_eks_cluster_auth.this",
            "module.eks_blueprints.data.aws_iam_policy_document.eks_key",
            "module.eks_blueprints.module.aws_eks.aws_cloudwatch_log_group.this",
            "module.eks_blueprints.module.aws_eks.aws_eks_cluster.this",
            "module.eks_blueprints.module.aws_eks.aws_iam_role.this",
            "module.eks_blueprints.module.aws_eks.aws_iam_role_policy_attachment.this",
            "module.eks_blueprints.module.aws_eks.aws_security_group.cluster",
            "module.eks_blueprints.module.aws_eks.aws_security_group.node",
            "module.eks_blueprints.module.aws_eks.aws_security_group_rule.cluster",
            "module.eks_blueprints.module.aws_eks.aws_security_group_rule.node",
            "module.eks_blueprints.module.aws_eks.data.aws_iam_policy_document.assume_role_policy",
            "module.eks_blueprints.module.aws_eks.data.aws_partition.current",
            "module.eks_blueprints.module.aws_eks.module.kms.aws_kms_external_key.this",
            "module.eks_blueprints.module.aws_eks.module.kms.aws_kms_key.this",
            "module.eks_blueprints.module.kms.aws_kms_key.this",
            "module.kubernetes_addons.data.aws_caller_identity.current",
            "module.kubernetes_addons.data.aws_eks_cluster.eks_cluster",
            "module.kubernetes_addons.data.aws_partition.current",
            "module.kubernetes_addons.data.aws_region.current",
            "module.kubernetes_addons.module.karpenter.aws_iam_policy.karpenter",
            "module.kubernetes_addons.module.karpenter.data.aws_iam_policy_document.karpenter",
            "module.kubernetes_addons.module.karpenter.module.helm_addon.module.irsa.aws_iam_role.irsa",
            "module.kubernetes_addons.module.karpenter.module.helm_addon.module.irsa.kubernetes_namespace_v1.irsa",
            "module.kubernetes_addons.time_sleep.dataplane"
          ]
        }
      ]
    },
    {
      "module": "module.kubernetes_addons.module.prometheus[0]",
      "mode": "data",
      "type": "aws_iam_policy_document",
      "name": "ingest",
      "provider": "provider[\"registry.terraform.io/hashicorp/aws\"]",
      "instances": [
        {
          "schema_version": 0,
          "attributes": {
            "id": "1804921153",
            "json": "{\n  \"Version\": \"2012-10-17\",\n  \"Statement\": [\n    {\n      \"Sid\": \"\",\n      \"Effect\": \"Allow\",\n      \"Action\": [\n        \"aps:RemoteWrite\",\n        \"aps:GetSeries\",\n        \"aps:GetMetricMetadata\",\n        \"aps:GetLabels\"\n      ],\n      \"Resource\": \"*\"\n    }\n  ]\n}",
            "override_json": null,
            "override_policy_documents": null,
            "policy_id": null,
            "source_json": null,
            "source_policy_documents": null,
            "statement": [
              {
                "actions": [
                  "aps:GetLabels",
                  "aps:GetMetricMetadata",
                  "aps:GetSeries",
                  "aps:RemoteWrite"
                ],
                "condition": [],
                "effect": "Allow",
                "not_actions": [],
                "not_principals": [],
                "not_resources": [],
                "principals": [],
                "resources": [
                  "*"
                ],
                "sid": ""
              }
            ],
            "version": "2012-10-17"
          },
          "sensitive_attributes": []
        }
      ]
    },
    {
      "module": "module.kubernetes_addons.module.prometheus[0]",
      "mode": "data",
      "type": "aws_iam_policy_document",
      "name": "query",
      "provider": "provider[\"registry.terraform.io/hashicorp/aws\"]",
      "instances": [
        {
          "schema_version": 0,
          "attributes": {
            "id": "3128596151",
            "json": "{\n  \"Version\": \"2012-10-17\",\n  \"Statement\": [\n    {\n      \"Sid\": \"\",\n      \"Effect\": \"Allow\",\n      \"Action\": [\n        \"aps:QueryMetrics\",\n        \"aps:GetSeries\",\n        \"aps:GetMetricMetadata\",\n        \"aps:GetLabels\"\n      ],\n      \"Resource\": \"*\"\n    }\n  ]\n}",
            "override_json": null,
            "override_policy_documents": null,
            "policy_id": null,
            "source_json": null,
            "source_policy_documents": null,
            "statement": [
              {
                "actions": [
                  "aps:GetLabels",
                  "aps:GetMetricMetadata",
                  "aps:GetSeries",
                  "aps:QueryMetrics"
                ],
                "condition": [],
                "effect": "Allow",
                "not_actions": [],
                "not_principals": [],
                "not_resources": [],
                "principals": [],
                "resources": [
                  "*"
                ],
                "sid": ""
              }
            ],
            "version": "2012-10-17"
          },
          "sensitive_attributes": []
        }
      ]
    },
    {
      "module": "module.kubernetes_addons.module.prometheus[0]",
      "mode": "managed",
      "type": "aws_iam_policy",
      "name": "ingest",
      "provider": "provider[\"registry.terraform.io/hashicorp/aws\"]",
      "instances": [
        {
          "index_key": 0,
          "schema_version": 0,
          "attributes": {
            "arn": "arn:aws:iam::535479350247:policy/amp-ingest-eks-blueprints-no-cilium",
            "description": "Set up the permission policy that grants ingest (remote write) permissions for AMP workspace",
            "id": "arn:aws:iam::535479350247:policy/amp-ingest-eks-blueprints-no-cilium",
            "name": "amp-ingest-eks-blueprints-no-cilium",
            "name_prefix": null,
            "path": "/",
            "policy": "{\"Statement\":[{\"Action\":[\"aps:RemoteWrite\",\"aps:GetSeries\",\"aps:GetMetricMetadata\",\"aps:GetLabels\"],\"Effect\":\"Allow\",\"Resource\":\"*\",\"Sid\":\"\"}],\"Version\":\"2012-10-17\"}",
            "policy_id": "ANPAXZLIOOPTRJ7TFTGVY",
            "tags": null,
            "tags_all": {}
          },
          "sensitive_attributes": [],
          "private": "bnVsbA==",
          "dependencies": [
            "module.eks_blueprints.data.aws_iam_policy_document.eks_key",
            "module.eks_blueprints.module.aws_eks.aws_cloudwatch_log_group.this",
            "module.eks_blueprints.module.aws_eks.aws_eks_cluster.this",
            "module.eks_blueprints.module.aws_eks.aws_iam_role.this",
            "module.eks_blueprints.module.aws_eks.aws_iam_role_policy_attachment.this",
            "module.eks_blueprints.module.aws_eks.aws_security_group.cluster",
            "module.eks_blueprints.module.aws_eks.aws_security_group.node",
            "module.eks_blueprints.module.aws_eks.aws_security_group_rule.cluster",
            "module.eks_blueprints.module.aws_eks.aws_security_group_rule.node",
            "module.eks_blueprints.module.aws_eks.data.aws_iam_policy_document.assume_role_policy",
            "module.eks_blueprints.module.aws_eks.data.aws_partition.current",
            "module.eks_blueprints.module.aws_eks.module.kms.aws_kms_external_key.this",
            "module.eks_blueprints.module.aws_eks.module.kms.aws_kms_key.this",
            "module.eks_blueprints.module.kms.aws_kms_key.this",
            "module.kubernetes_addons.data.aws_caller_identity.current",
            "module.kubernetes_addons.data.aws_eks_cluster.eks_cluster",
            "module.kubernetes_addons.data.aws_partition.current",
            "module.kubernetes_addons.data.aws_region.current",
            "module.kubernetes_addons.module.prometheus.data.aws_iam_policy_document.ingest",
            "module.kubernetes_addons.time_sleep.dataplane"
          ]
        }
      ]
    },
    {
      "module": "module.kubernetes_addons.module.prometheus[0]",
      "mode": "managed",
      "type": "aws_iam_policy",
      "name": "query",
      "provider": "provider[\"registry.terraform.io/hashicorp/aws\"]",
      "instances": [
        {
          "index_key": 0,
          "schema_version": 0,
          "attributes": {
            "arn": "arn:aws:iam::535479350247:policy/amp-query-eks-blueprints-no-cilium",
            "description": "Set up the permission policy that grants query permissions for AMP workspace",
            "id": "arn:aws:iam::535479350247:policy/amp-query-eks-blueprints-no-cilium",
            "name": "amp-query-eks-blueprints-no-cilium",
            "name_prefix": null,
            "path": "/",
            "policy": "{\"Statement\":[{\"Action\":[\"aps:QueryMetrics\",\"aps:GetSeries\",\"aps:GetMetricMetadata\",\"aps:GetLabels\"],\"Effect\":\"Allow\",\"Resource\":\"*\",\"Sid\":\"\"}],\"Version\":\"2012-10-17\"}",
            "policy_id": "ANPAXZLIOOPTTCESUVOPX",
            "tags": null,
            "tags_all": {}
          },
          "sensitive_attributes": [],
          "private": "bnVsbA==",
          "dependencies": [
            "module.eks_blueprints.data.aws_iam_policy_document.eks_key",
            "module.eks_blueprints.module.aws_eks.aws_cloudwatch_log_group.this",
            "module.eks_blueprints.module.aws_eks.aws_eks_cluster.this",
            "module.eks_blueprints.module.aws_eks.aws_iam_role.this",
            "module.eks_blueprints.module.aws_eks.aws_iam_role_policy_attachment.this",
            "module.eks_blueprints.module.aws_eks.aws_security_group.cluster",
            "module.eks_blueprints.module.aws_eks.aws_security_group.node",
            "module.eks_blueprints.module.aws_eks.aws_security_group_rule.cluster",
            "module.eks_blueprints.module.aws_eks.aws_security_group_rule.node",
            "module.eks_blueprints.module.aws_eks.data.aws_iam_policy_document.assume_role_policy",
            "module.eks_blueprints.module.aws_eks.data.aws_partition.current",
            "module.eks_blueprints.module.aws_eks.module.kms.aws_kms_external_key.this",
            "module.eks_blueprints.module.aws_eks.module.kms.aws_kms_key.this",
            "module.eks_blueprints.module.kms.aws_kms_key.this",
            "module.kubernetes_addons.data.aws_caller_identity.current",
            "module.kubernetes_addons.data.aws_eks_cluster.eks_cluster",
            "module.kubernetes_addons.data.aws_partition.current",
            "module.kubernetes_addons.data.aws_region.current",
            "module.kubernetes_addons.module.prometheus.data.aws_iam_policy_document.query",
            "module.kubernetes_addons.time_sleep.dataplane"
          ]
        }
      ]
    },
    {
      "module": "module.kubernetes_addons.module.prometheus[0]",
      "mode": "managed",
      "type": "kubernetes_namespace_v1",
      "name": "prometheus",
      "provider": "provider[\"registry.terraform.io/hashicorp/kubernetes\"]",
      "instances": [
        {
          "index_key": 0,
          "schema_version": 0,
          "attributes": {
            "id": "prometheus",
            "metadata": [
              {
                "annotations": null,
                "generate_name": "",
                "generation": 0,
                "labels": null,
                "name": "prometheus",
                "resource_version": "1936",
                "uid": "e74153fa-7fab-4604-b24c-038f5ea056b0"
              }
            ],
            "timeouts": null
          },
          "sensitive_attributes": [],
          "private": "eyJlMmJmYjczMC1lY2FhLTExZTYtOGY4OC0zNDM2M2JjN2M0YzAiOnsiZGVsZXRlIjozMDAwMDAwMDAwMDB9fQ==",
          "dependencies": [
            "data.aws_eks_cluster_auth.this",
            "module.eks_blueprints.data.aws_iam_policy_document.eks_key",
            "module.eks_blueprints.module.aws_eks.aws_cloudwatch_log_group.this",
            "module.eks_blueprints.module.aws_eks.aws_eks_cluster.this",
            "module.eks_blueprints.module.aws_eks.aws_iam_role.this",
            "module.eks_blueprints.module.aws_eks.aws_iam_role_policy_attachment.this",
            "module.eks_blueprints.module.aws_eks.aws_security_group.cluster",
            "module.eks_blueprints.module.aws_eks.aws_security_group.node",
            "module.eks_blueprints.module.aws_eks.aws_security_group_rule.cluster",
            "module.eks_blueprints.module.aws_eks.aws_security_group_rule.node",
            "module.eks_blueprints.module.aws_eks.data.aws_iam_policy_document.assume_role_policy",
            "module.eks_blueprints.module.aws_eks.data.aws_partition.current",
            "module.eks_blueprints.module.aws_eks.module.kms.aws_kms_external_key.this",
            "module.eks_blueprints.module.aws_eks.module.kms.aws_kms_key.this",
            "module.eks_blueprints.module.kms.aws_kms_key.this"
          ]
        }
      ]
    },
    {
      "module": "module.kubernetes_addons.module.prometheus[0].module.irsa_amp_ingest[0]",
      "mode": "managed",
      "type": "aws_iam_role",
      "name": "irsa",
      "provider": "provider[\"registry.terraform.io/hashicorp/aws\"]",
      "instances": [
        {
          "index_key": 0,
          "schema_version": 0,
          "attributes": {
            "arn": "arn:aws:iam::535479350247:role/eks-blueprints-no-cilium-amp-ingest-irsa",
            "assume_role_policy": "{\"Statement\":[{\"Action\":\"sts:AssumeRoleWithWebIdentity\",\"Condition\":{\"StringLike\":{\"oidc.eks.ap-southeast-1.amazonaws.com/id/AC1F65F971A7276CF0573C9D0E78D565:aud\":\"sts.amazonaws.com\",\"oidc.eks.ap-southeast-1.amazonaws.com/id/AC1F65F971A7276CF0573C9D0E78D565:sub\":\"system:serviceaccount:prometheus:amp-ingest\"}},\"Effect\":\"Allow\",\"Principal\":{\"Federated\":\"arn:aws:iam::535479350247:oidc-provider/oidc.eks.ap-southeast-1.amazonaws.com/id/AC1F65F971A7276CF0573C9D0E78D565\"}}],\"Version\":\"2012-10-17\"}",
            "create_date": "2023-01-10T08:52:20Z",
            "description": "AWS IAM Role for the Kubernetes service account amp-ingest.",
            "force_detach_policies": true,
            "id": "eks-blueprints-no-cilium-amp-ingest-irsa",
            "inline_policy": [],
            "managed_policy_arns": [],
            "max_session_duration": 3600,
            "name": "eks-blueprints-no-cilium-amp-ingest-irsa",
            "name_prefix": "",
            "path": "/",
            "permissions_boundary": "",
            "tags": null,
            "tags_all": {},
            "unique_id": "AROAXZLIOOPTWDSMV67OU"
          },
          "sensitive_attributes": [],
          "private": "bnVsbA==",
          "dependencies": [
            "data.aws_eks_cluster_auth.this",
            "module.eks_blueprints.data.aws_iam_policy_document.eks_key",
            "module.eks_blueprints.module.aws_eks.aws_cloudwatch_log_group.this",
            "module.eks_blueprints.module.aws_eks.aws_eks_cluster.this",
            "module.eks_blueprints.module.aws_eks.aws_iam_role.this",
            "module.eks_blueprints.module.aws_eks.aws_iam_role_policy_attachment.this",
            "module.eks_blueprints.module.aws_eks.aws_security_group.cluster",
            "module.eks_blueprints.module.aws_eks.aws_security_group.node",
            "module.eks_blueprints.module.aws_eks.aws_security_group_rule.cluster",
            "module.eks_blueprints.module.aws_eks.aws_security_group_rule.node",
            "module.eks_blueprints.module.aws_eks.data.aws_iam_policy_document.assume_role_policy",
            "module.eks_blueprints.module.aws_eks.data.aws_partition.current",
            "module.eks_blueprints.module.aws_eks.module.kms.aws_kms_external_key.this",
            "module.eks_blueprints.module.aws_eks.module.kms.aws_kms_key.this",
            "module.eks_blueprints.module.kms.aws_kms_key.this",
            "module.kubernetes_addons.data.aws_caller_identity.current",
            "module.kubernetes_addons.data.aws_eks_cluster.eks_cluster",
            "module.kubernetes_addons.data.aws_partition.current",
            "module.kubernetes_addons.data.aws_region.current",
            "module.kubernetes_addons.module.prometheus.aws_iam_policy.ingest",
            "module.kubernetes_addons.module.prometheus.data.aws_iam_policy_document.ingest",
            "module.kubernetes_addons.module.prometheus.kubernetes_namespace_v1.prometheus",
            "module.kubernetes_addons.time_sleep.dataplane"
          ]
        }
      ]
    },
    {
      "module": "module.kubernetes_addons.module.prometheus[0].module.irsa_amp_ingest[0]",
      "mode": "managed",
      "type": "aws_iam_role_policy_attachment",
      "name": "irsa",
      "provider": "provider[\"registry.terraform.io/hashicorp/aws\"]",
      "instances": [
        {
          "index_key": 0,
          "schema_version": 0,
          "attributes": {
            "id": "eks-blueprints-no-cilium-amp-ingest-irsa-20230110085224118600000005",
            "policy_arn": "arn:aws:iam::535479350247:policy/amp-ingest-eks-blueprints-no-cilium",
            "role": "eks-blueprints-no-cilium-amp-ingest-irsa"
          },
          "sensitive_attributes": [],
          "private": "bnVsbA==",
          "dependencies": [
            "data.aws_eks_cluster_auth.this",
            "module.eks_blueprints.data.aws_iam_policy_document.eks_key",
            "module.eks_blueprints.module.aws_eks.aws_cloudwatch_log_group.this",
            "module.eks_blueprints.module.aws_eks.aws_eks_cluster.this",
            "module.eks_blueprints.module.aws_eks.aws_iam_role.this",
            "module.eks_blueprints.module.aws_eks.aws_iam_role_policy_attachment.this",
            "module.eks_blueprints.module.aws_eks.aws_security_group.cluster",
            "module.eks_blueprints.module.aws_eks.aws_security_group.node",
            "module.eks_blueprints.module.aws_eks.aws_security_group_rule.cluster",
            "module.eks_blueprints.module.aws_eks.aws_security_group_rule.node",
            "module.eks_blueprints.module.aws_eks.data.aws_iam_policy_document.assume_role_policy",
            "module.eks_blueprints.module.aws_eks.data.aws_partition.current",
            "module.eks_blueprints.module.aws_eks.module.kms.aws_kms_external_key.this",
            "module.eks_blueprints.module.aws_eks.module.kms.aws_kms_key.this",
            "module.eks_blueprints.module.kms.aws_kms_key.this",
            "module.kubernetes_addons.data.aws_caller_identity.current",
            "module.kubernetes_addons.data.aws_eks_cluster.eks_cluster",
            "module.kubernetes_addons.data.aws_partition.current",
            "module.kubernetes_addons.data.aws_region.current",
            "module.kubernetes_addons.module.prometheus.aws_iam_policy.ingest",
            "module.kubernetes_addons.module.prometheus.data.aws_iam_policy_document.ingest",
            "module.kubernetes_addons.module.prometheus.kubernetes_namespace_v1.prometheus",
            "module.kubernetes_addons.module.prometheus.module.irsa_amp_ingest.aws_iam_role.irsa",
            "module.kubernetes_addons.time_sleep.dataplane"
          ]
        }
      ]
    },
    {
      "module": "module.kubernetes_addons.module.prometheus[0].module.irsa_amp_ingest[0]",
      "mode": "managed",
      "type": "kubernetes_service_account_v1",
      "name": "irsa",
      "provider": "provider[\"registry.terraform.io/hashicorp/kubernetes\"]",
      "instances": [
        {
          "index_key": 0,
          "schema_version": 0,
          "attributes": {
            "automount_service_account_token": true,
            "default_secret_name": "",
            "id": "prometheus/amp-ingest",
            "image_pull_secret": [],
            "metadata": [
              {
                "annotations": {
                  "eks.amazonaws.com/role-arn": "arn:aws:iam::535479350247:role/eks-blueprints-no-cilium-amp-ingest-irsa"
                },
                "generate_name": "",
                "generation": 0,
                "labels": null,
                "name": "amp-ingest",
                "namespace": "prometheus",
                "resource_version": "2019",
                "uid": "e06732a6-8ec0-4a5b-b822-1982509867e1"
              }
            ],
            "secret": [],
            "timeouts": null
          },
          "sensitive_attributes": [],
          "private": "eyJlMmJmYjczMC1lY2FhLTExZTYtOGY4OC0zNDM2M2JjN2M0YzAiOnsiY3JlYXRlIjozMDAwMDAwMDAwMH19",
          "dependencies": [
            "data.aws_eks_cluster_auth.this",
            "module.eks_blueprints.data.aws_iam_policy_document.eks_key",
            "module.eks_blueprints.module.aws_eks.aws_cloudwatch_log_group.this",
            "module.eks_blueprints.module.aws_eks.aws_eks_cluster.this",
            "module.eks_blueprints.module.aws_eks.aws_iam_role.this",
            "module.eks_blueprints.module.aws_eks.aws_iam_role_policy_attachment.this",
            "module.eks_blueprints.module.aws_eks.aws_security_group.cluster",
            "module.eks_blueprints.module.aws_eks.aws_security_group.node",
            "module.eks_blueprints.module.aws_eks.aws_security_group_rule.cluster",
            "module.eks_blueprints.module.aws_eks.aws_security_group_rule.node",
            "module.eks_blueprints.module.aws_eks.data.aws_iam_policy_document.assume_role_policy",
            "module.eks_blueprints.module.aws_eks.data.aws_partition.current",
            "module.eks_blueprints.module.aws_eks.module.kms.aws_kms_external_key.this",
            "module.eks_blueprints.module.aws_eks.module.kms.aws_kms_key.this",
            "module.eks_blueprints.module.kms.aws_kms_key.this",
            "module.kubernetes_addons.data.aws_caller_identity.current",
            "module.kubernetes_addons.data.aws_eks_cluster.eks_cluster",
            "module.kubernetes_addons.data.aws_partition.current",
            "module.kubernetes_addons.data.aws_region.current",
            "module.kubernetes_addons.module.prometheus.aws_iam_policy.ingest",
            "module.kubernetes_addons.module.prometheus.data.aws_iam_policy_document.ingest",
            "module.kubernetes_addons.module.prometheus.kubernetes_namespace_v1.prometheus",
            "module.kubernetes_addons.module.prometheus.module.irsa_amp_ingest.aws_iam_role.irsa",
            "module.kubernetes_addons.module.prometheus.module.irsa_amp_ingest.kubernetes_namespace_v1.irsa",
            "module.kubernetes_addons.time_sleep.dataplane"
          ]
        }
      ]
    },
    {
      "module": "module.kubernetes_addons.module.prometheus[0].module.irsa_amp_query[0]",
      "mode": "managed",
      "type": "aws_iam_role",
      "name": "irsa",
      "provider": "provider[\"registry.terraform.io/hashicorp/aws\"]",
      "instances": [
        {
          "index_key": 0,
          "schema_version": 0,
          "attributes": {
            "arn": "arn:aws:iam::535479350247:role/eks-blueprints-no-cilium-amp-query-irsa",
            "assume_role_policy": "{\"Statement\":[{\"Action\":\"sts:AssumeRoleWithWebIdentity\",\"Condition\":{\"StringLike\":{\"oidc.eks.ap-southeast-1.amazonaws.com/id/AC1F65F971A7276CF0573C9D0E78D565:aud\":\"sts.amazonaws.com\",\"oidc.eks.ap-southeast-1.amazonaws.com/id/AC1F65F971A7276CF0573C9D0E78D565:sub\":\"system:serviceaccount:prometheus:amp-query\"}},\"Effect\":\"Allow\",\"Principal\":{\"Federated\":\"arn:aws:iam::535479350247:oidc-provider/oidc.eks.ap-southeast-1.amazonaws.com/id/AC1F65F971A7276CF0573C9D0E78D565\"}}],\"Version\":\"2012-10-17\"}",
            "create_date": "2023-01-10T08:52:19Z",
            "description": "AWS IAM Role for the Kubernetes service account amp-query.",
            "force_detach_policies": true,
            "id": "eks-blueprints-no-cilium-amp-query-irsa",
            "inline_policy": [],
            "managed_policy_arns": [],
            "max_session_duration": 3600,
            "name": "eks-blueprints-no-cilium-amp-query-irsa",
            "name_prefix": "",
            "path": "/",
            "permissions_boundary": "",
            "tags": null,
            "tags_all": {},
            "unique_id": "AROAXZLIOOPT6QQM4XI45"
          },
          "sensitive_attributes": [],
          "private": "bnVsbA==",
          "dependencies": [
            "data.aws_eks_cluster_auth.this",
            "module.eks_blueprints.data.aws_iam_policy_document.eks_key",
            "module.eks_blueprints.module.aws_eks.aws_cloudwatch_log_group.this",
            "module.eks_blueprints.module.aws_eks.aws_eks_cluster.this",
            "module.eks_blueprints.module.aws_eks.aws_iam_role.this",
            "module.eks_blueprints.module.aws_eks.aws_iam_role_policy_attachment.this",
            "module.eks_blueprints.module.aws_eks.aws_security_group.cluster",
            "module.eks_blueprints.module.aws_eks.aws_security_group.node",
            "module.eks_blueprints.module.aws_eks.aws_security_group_rule.cluster",
            "module.eks_blueprints.module.aws_eks.aws_security_group_rule.node",
            "module.eks_blueprints.module.aws_eks.data.aws_iam_policy_document.assume_role_policy",
            "module.eks_blueprints.module.aws_eks.data.aws_partition.current",
            "module.eks_blueprints.module.aws_eks.module.kms.aws_kms_external_key.this",
            "module.eks_blueprints.module.aws_eks.module.kms.aws_kms_key.this",
            "module.eks_blueprints.module.kms.aws_kms_key.this",
            "module.kubernetes_addons.data.aws_caller_identity.current",
            "module.kubernetes_addons.data.aws_eks_cluster.eks_cluster",
            "module.kubernetes_addons.data.aws_partition.current",
            "module.kubernetes_addons.data.aws_region.current",
            "module.kubernetes_addons.module.prometheus.aws_iam_policy.query",
            "module.kubernetes_addons.module.prometheus.data.aws_iam_policy_document.query",
            "module.kubernetes_addons.module.prometheus.kubernetes_namespace_v1.prometheus",
            "module.kubernetes_addons.time_sleep.dataplane"
          ]
        }
      ]
    },
    {
      "module": "module.kubernetes_addons.module.prometheus[0].module.irsa_amp_query[0]",
      "mode": "managed",
      "type": "aws_iam_role_policy_attachment",
      "name": "irsa",
      "provider": "provider[\"registry.terraform.io/hashicorp/aws\"]",
      "instances": [
        {
          "index_key": 0,
          "schema_version": 0,
          "attributes": {
            "id": "eks-blueprints-no-cilium-amp-query-irsa-20230110085222130200000003",
            "policy_arn": "arn:aws:iam::535479350247:policy/amp-query-eks-blueprints-no-cilium",
            "role": "eks-blueprints-no-cilium-amp-query-irsa"
          },
          "sensitive_attributes": [],
          "private": "bnVsbA==",
          "dependencies": [
            "data.aws_eks_cluster_auth.this",
            "module.eks_blueprints.data.aws_iam_policy_document.eks_key",
            "module.eks_blueprints.module.aws_eks.aws_cloudwatch_log_group.this",
            "module.eks_blueprints.module.aws_eks.aws_eks_cluster.this",
            "module.eks_blueprints.module.aws_eks.aws_iam_role.this",
            "module.eks_blueprints.module.aws_eks.aws_iam_role_policy_attachment.this",
            "module.eks_blueprints.module.aws_eks.aws_security_group.cluster",
            "module.eks_blueprints.module.aws_eks.aws_security_group.node",
            "module.eks_blueprints.module.aws_eks.aws_security_group_rule.cluster",
            "module.eks_blueprints.module.aws_eks.aws_security_group_rule.node",
            "module.eks_blueprints.module.aws_eks.data.aws_iam_policy_document.assume_role_policy",
            "module.eks_blueprints.module.aws_eks.data.aws_partition.current",
            "module.eks_blueprints.module.aws_eks.module.kms.aws_kms_external_key.this",
            "module.eks_blueprints.module.aws_eks.module.kms.aws_kms_key.this",
            "module.eks_blueprints.module.kms.aws_kms_key.this",
            "module.kubernetes_addons.data.aws_caller_identity.current",
            "module.kubernetes_addons.data.aws_eks_cluster.eks_cluster",
            "module.kubernetes_addons.data.aws_partition.current",
            "module.kubernetes_addons.data.aws_region.current",
            "module.kubernetes_addons.module.prometheus.aws_iam_policy.query",
            "module.kubernetes_addons.module.prometheus.data.aws_iam_policy_document.query",
            "module.kubernetes_addons.module.prometheus.kubernetes_namespace_v1.prometheus",
            "module.kubernetes_addons.module.prometheus.module.irsa_amp_query.aws_iam_role.irsa",
            "module.kubernetes_addons.time_sleep.dataplane"
          ]
        }
      ]
    },
    {
      "module": "module.kubernetes_addons.module.prometheus[0].module.irsa_amp_query[0]",
      "mode": "managed",
      "type": "kubernetes_service_account_v1",
      "name": "irsa",
      "provider": "provider[\"registry.terraform.io/hashicorp/kubernetes\"]",
      "instances": [
        {
          "index_key": 0,
          "schema_version": 0,
          "attributes": {
            "automount_service_account_token": true,
            "default_secret_name": "",
            "id": "prometheus/amp-query",
            "image_pull_secret": [],
            "metadata": [
              {
                "annotations": {
                  "eks.amazonaws.com/role-arn": "arn:aws:iam::535479350247:role/eks-blueprints-no-cilium-amp-query-irsa"
                },
                "generate_name": "",
                "generation": 0,
                "labels": null,
                "name": "amp-query",
                "namespace": "prometheus",
                "resource_version": "1995",
                "uid": "a319e005-8bc4-42c3-a03a-fc69316d2b53"
              }
            ],
            "secret": [],
            "timeouts": null
          },
          "sensitive_attributes": [],
          "private": "eyJlMmJmYjczMC1lY2FhLTExZTYtOGY4OC0zNDM2M2JjN2M0YzAiOnsiY3JlYXRlIjozMDAwMDAwMDAwMH19",
          "dependencies": [
            "data.aws_eks_cluster_auth.this",
            "module.eks_blueprints.data.aws_iam_policy_document.eks_key",
            "module.eks_blueprints.module.aws_eks.aws_cloudwatch_log_group.this",
            "module.eks_blueprints.module.aws_eks.aws_eks_cluster.this",
            "module.eks_blueprints.module.aws_eks.aws_iam_role.this",
            "module.eks_blueprints.module.aws_eks.aws_iam_role_policy_attachment.this",
            "module.eks_blueprints.module.aws_eks.aws_security_group.cluster",
            "module.eks_blueprints.module.aws_eks.aws_security_group.node",
            "module.eks_blueprints.module.aws_eks.aws_security_group_rule.cluster",
            "module.eks_blueprints.module.aws_eks.aws_security_group_rule.node",
            "module.eks_blueprints.module.aws_eks.data.aws_iam_policy_document.assume_role_policy",
            "module.eks_blueprints.module.aws_eks.data.aws_partition.current",
            "module.eks_blueprints.module.aws_eks.module.kms.aws_kms_external_key.this",
            "module.eks_blueprints.module.aws_eks.module.kms.aws_kms_key.this",
            "module.eks_blueprints.module.kms.aws_kms_key.this",
            "module.kubernetes_addons.data.aws_caller_identity.current",
            "module.kubernetes_addons.data.aws_eks_cluster.eks_cluster",
            "module.kubernetes_addons.data.aws_partition.current",
            "module.kubernetes_addons.data.aws_region.current",
            "module.kubernetes_addons.module.prometheus.aws_iam_policy.query",
            "module.kubernetes_addons.module.prometheus.data.aws_iam_policy_document.query",
            "module.kubernetes_addons.module.prometheus.kubernetes_namespace_v1.prometheus",
            "module.kubernetes_addons.module.prometheus.module.irsa_amp_query.aws_iam_role.irsa",
            "module.kubernetes_addons.module.prometheus.module.irsa_amp_query.kubernetes_namespace_v1.irsa",
            "module.kubernetes_addons.time_sleep.dataplane"
          ]
        }
      ]
    },
    {
      "module": "module.managed_prometheus",
      "mode": "managed",
      "type": "aws_prometheus_alert_manager_definition",
      "name": "this",
      "provider": "provider[\"registry.terraform.io/hashicorp/aws\"]",
      "instances": [
        {
          "index_key": 0,
          "schema_version": 0,
          "attributes": {
            "definition": "alertmanager_config: |\n  route:\n    receiver: 'default'\n  receivers:\n    - name: 'default'\n",
            "id": "ws-71cb4f7f-d5b3-41cf-ada2-92b597dcedbc",
            "workspace_id": "ws-71cb4f7f-d5b3-41cf-ada2-92b597dcedbc"
          },
          "sensitive_attributes": [],
          "private": "bnVsbA==",
          "dependencies": [
            "module.managed_prometheus.aws_prometheus_workspace.this"
          ]
        }
      ]
    },
    {
      "module": "module.managed_prometheus",
      "mode": "managed",
      "type": "aws_prometheus_workspace",
      "name": "this",
      "provider": "provider[\"registry.terraform.io/hashicorp/aws\"]",
      "instances": [
        {
          "index_key": 0,
          "schema_version": 0,
          "attributes": {
            "alias": "eks-blueprints-no-cilium-prom",
            "arn": "arn:aws:aps:ap-southeast-1:535479350247:workspace/ws-71cb4f7f-d5b3-41cf-ada2-92b597dcedbc",
            "id": "ws-71cb4f7f-d5b3-41cf-ada2-92b597dcedbc",
            "logging_configuration": [],
            "prometheus_endpoint": "https://aps-workspaces.ap-southeast-1.amazonaws.com/workspaces/ws-71cb4f7f-d5b3-41cf-ada2-92b597dcedbc/",
            "tags": {
              "Blueprint": "eks-blueprints-no-cilium",
              "GithubRepo": "github.com/badal-deep-shared/terraform-aws-eks-blueprints"
            },
            "tags_all": {
              "Blueprint": "eks-blueprints-no-cilium",
              "GithubRepo": "github.com/badal-deep-shared/terraform-aws-eks-blueprints"
            }
          },
          "sensitive_attributes": [],
          "private": "bnVsbA=="
        }
      ]
    }
  ],
  "check_results": []
}
